=== RUN   TestIdempotence
TestIdempotence 2025-08-19T14:55:10+02:00 retry.go:91: terraform [init -upgrade=true]
TestIdempotence 2025-08-19T14:55:10+02:00 command.go:100: Running command terraform with args [init -upgrade=true]
TestIdempotence 2025-08-19T14:55:11+02:00 command.go:185: [0m[1mInitializing the backend...[0m
TestIdempotence 2025-08-19T14:55:11+02:00 command.go:185: [0m[1mUpgrading modules...[0m
TestIdempotence 2025-08-19T14:55:11+02:00 command.go:185: - app_alb in ../../modules/alb
TestIdempotence 2025-08-19T14:55:11+02:00 command.go:185: - app_nlb in ../../modules/nlb
TestIdempotence 2025-08-19T14:55:11+02:00 command.go:185: - gwlb in ../../modules/gwlb
TestIdempotence 2025-08-19T14:55:11+02:00 command.go:185: - gwlbe_endpoint in ../../modules/gwlb_endpoint_set
TestIdempotence 2025-08-19T14:55:11+02:00 command.go:185: - natgw_set in ../../modules/nat_gateway_set
TestIdempotence 2025-08-19T14:55:11+02:00 command.go:185: - public_alb in ../../modules/alb
TestIdempotence 2025-08-19T14:55:11+02:00 command.go:185: - public_nlb in ../../modules/nlb
TestIdempotence 2025-08-19T14:55:11+02:00 command.go:185: - subnet_sets in ../../modules/subnet_set
TestIdempotence 2025-08-19T14:55:11+02:00 command.go:185: - transit_gateway in ../../modules/transit_gateway
TestIdempotence 2025-08-19T14:55:11+02:00 command.go:185: - transit_gateway_attachment in ../../modules/transit_gateway_attachment
TestIdempotence 2025-08-19T14:55:11+02:00 command.go:185: - vmseries in ../../modules/vmseries
TestIdempotence 2025-08-19T14:55:11+02:00 command.go:185: - vpc in ../../modules/vpc
TestIdempotence 2025-08-19T14:55:11+02:00 command.go:185: - vpc_routes in ../../modules/vpc_route
TestIdempotence 2025-08-19T14:55:11+02:00 command.go:185: [0m[1mInitializing provider plugins...[0m
TestIdempotence 2025-08-19T14:55:11+02:00 command.go:185: - Finding hashicorp/aws versions matching "~> 5.17"...
TestIdempotence 2025-08-19T14:55:11+02:00 command.go:185: - Finding hashicorp/local versions matching "~> 2.4.0"...
TestIdempotence 2025-08-19T14:55:11+02:00 command.go:185: - Finding hashicorp/time versions matching "0.11.1"...
TestIdempotence 2025-08-19T14:55:12+02:00 command.go:185: - Using previously-installed hashicorp/aws v5.100.0
TestIdempotence 2025-08-19T14:55:12+02:00 command.go:185: - Using previously-installed hashicorp/local v2.4.1
TestIdempotence 2025-08-19T14:55:12+02:00 command.go:185: - Using previously-installed hashicorp/time v0.11.1
TestIdempotence 2025-08-19T14:55:12+02:00 command.go:185: 
TestIdempotence 2025-08-19T14:55:12+02:00 command.go:185: [0m[1m[32mTerraform has been successfully initialized![0m[32m[0m
TestIdempotence 2025-08-19T14:55:12+02:00 command.go:185: [0m[32m
TestIdempotence 2025-08-19T14:55:12+02:00 command.go:185: You may now begin working with Terraform. Try running "terraform plan" to see
TestIdempotence 2025-08-19T14:55:12+02:00 command.go:185: any changes that are required for your infrastructure. All Terraform commands
TestIdempotence 2025-08-19T14:55:12+02:00 command.go:185: should now work.
TestIdempotence 2025-08-19T14:55:12+02:00 command.go:185: 
TestIdempotence 2025-08-19T14:55:12+02:00 command.go:185: If you ever set or change modules or backend configuration for Terraform,
TestIdempotence 2025-08-19T14:55:12+02:00 command.go:185: rerun this command to reinitialize your working directory. If you forget, other
TestIdempotence 2025-08-19T14:55:12+02:00 command.go:185: commands will detect it and remind you to do so if necessary.[0m
TestIdempotence 2025-08-19T14:55:12+02:00 retry.go:91: terraform [apply -input=false -auto-approve -var-file example.tfvars -var name_prefix=tt-4ff3- -var ssh_key_name=test-ssh-key -lock=true]
TestIdempotence 2025-08-19T14:55:12+02:00 command.go:100: Running command terraform with args [apply -input=false -auto-approve -var-file example.tfvars -var name_prefix=tt-4ff3- -var ssh_key_name=test-ssh-key -lock=true]
TestIdempotence 2025-08-19T14:55:14+02:00 command.go:185: [0m[1mmodule.public_alb["vmseries"].data.aws_partition.this: Reading...[0m[0m
TestIdempotence 2025-08-19T14:55:14+02:00 command.go:185: [0m[1mmodule.gwlb["security_gwlb"].data.aws_partition.this: Reading...[0m[0m
TestIdempotence 2025-08-19T14:55:14+02:00 command.go:185: [0m[1mdata.aws_caller_identity.this: Reading...[0m[0m
TestIdempotence 2025-08-19T14:55:14+02:00 command.go:185: [0m[1mmodule.app_nlb["app1-nlb"].data.aws_elb_service_account.this: Reading...[0m[0m
TestIdempotence 2025-08-19T14:55:14+02:00 command.go:185: [0m[1mmodule.public_alb["vmseries"].data.aws_elb_service_account.this: Reading...[0m[0m
TestIdempotence 2025-08-19T14:55:14+02:00 command.go:185: [0m[1mmodule.app_nlb["app1-nlb"].data.aws_partition.this: Reading...[0m[0m
TestIdempotence 2025-08-19T14:55:14+02:00 command.go:185: [0m[1mmodule.app_nlb["app2-nlb"].data.aws_partition.this: Reading...[0m[0m
TestIdempotence 2025-08-19T14:55:14+02:00 command.go:185: [0m[1mmodule.app_nlb["app2-nlb"].data.aws_elb_service_account.this: Reading...[0m[0m
TestIdempotence 2025-08-19T14:55:14+02:00 command.go:185: [0m[1mmodule.app_nlb["app1-nlb"].data.aws_elb_service_account.this: Read complete after 0s [id=156460612806][0m
TestIdempotence 2025-08-19T14:55:14+02:00 command.go:185: [0m[1mmodule.app_nlb["app1-nlb"].data.aws_partition.this: Read complete after 0s [id=aws][0m
TestIdempotence 2025-08-19T14:55:14+02:00 command.go:185: [0m[1mmodule.gwlb["security_gwlb"].data.aws_partition.this: Read complete after 0s [id=aws][0m
TestIdempotence 2025-08-19T14:55:14+02:00 command.go:185: [0m[1mmodule.app_nlb["app2-nlb"].data.aws_partition.this: Read complete after 0s [id=aws][0m
TestIdempotence 2025-08-19T14:55:14+02:00 command.go:185: [0m[1mmodule.app_nlb["app2-nlb"].data.aws_elb_service_account.this: Read complete after 0s [id=156460612806][0m
TestIdempotence 2025-08-19T14:55:14+02:00 command.go:185: [0m[1mmodule.public_alb["vmseries"].data.aws_elb_service_account.this: Read complete after 0s [id=156460612806][0m
TestIdempotence 2025-08-19T14:55:14+02:00 command.go:185: [0m[1mmodule.public_alb["vmseries"].data.aws_partition.this: Read complete after 0s [id=aws][0m
TestIdempotence 2025-08-19T14:55:14+02:00 command.go:185: [0m[1mmodule.gwlb["security_gwlb"].data.aws_caller_identity.current: Reading...[0m[0m
TestIdempotence 2025-08-19T14:55:14+02:00 command.go:185: [0m[1mmodule.app_alb["app2-alb"].data.aws_elb_service_account.this: Reading...[0m[0m
TestIdempotence 2025-08-19T14:55:14+02:00 command.go:185: [0m[1mmodule.vmseries["vmseries-02"].data.aws_ami.this[0]: Reading...[0m[0m
TestIdempotence 2025-08-19T14:55:14+02:00 command.go:185: [0m[1mmodule.app_alb["app2-alb"].data.aws_elb_service_account.this: Read complete after 0s [id=156460612806][0m
TestIdempotence 2025-08-19T14:55:14+02:00 command.go:185: [0m[1mmodule.app_alb["app1-alb"].data.aws_elb_service_account.this: Reading...[0m[0m
TestIdempotence 2025-08-19T14:55:14+02:00 command.go:185: [0m[1mmodule.vmseries["vmseries-01"].data.aws_ami.this[0]: Reading...[0m[0m
TestIdempotence 2025-08-19T14:55:14+02:00 command.go:185: [0m[1mdata.aws_partition.this: Reading...[0m[0m
TestIdempotence 2025-08-19T14:55:14+02:00 command.go:185: [0m[1mmodule.app_alb["app1-alb"].data.aws_elb_service_account.this: Read complete after 0s [id=156460612806][0m
TestIdempotence 2025-08-19T14:55:14+02:00 command.go:185: [0m[1mdata.aws_partition.this: Read complete after 0s [id=aws][0m
TestIdempotence 2025-08-19T14:55:14+02:00 command.go:185: [0m[1mmodule.app_alb["app1-alb"].data.aws_partition.this: Reading...[0m[0m
TestIdempotence 2025-08-19T14:55:14+02:00 command.go:185: [0m[1mdata.aws_ebs_default_kms_key.current: Reading...[0m[0m
TestIdempotence 2025-08-19T14:55:14+02:00 command.go:185: [0m[1mmodule.app_alb["app2-alb"].data.aws_partition.this: Reading...[0m[0m
TestIdempotence 2025-08-19T14:55:14+02:00 command.go:185: [0m[1mmodule.app_alb["app1-alb"].data.aws_partition.this: Read complete after 0s [id=aws][0m
TestIdempotence 2025-08-19T14:55:14+02:00 command.go:185: [0m[1mmodule.public_nlb["vmseries"].data.aws_elb_service_account.this: Reading...[0m[0m
TestIdempotence 2025-08-19T14:55:14+02:00 command.go:185: [0m[1mmodule.vmseries["vmseries-01"].data.aws_kms_alias.current_arn[0]: Reading...[0m[0m
TestIdempotence 2025-08-19T14:55:14+02:00 command.go:185: [0m[1mmodule.vmseries["vmseries-02"].data.aws_kms_alias.current_arn[0]: Reading...[0m[0m
TestIdempotence 2025-08-19T14:55:14+02:00 command.go:185: [0m[1mmodule.app_alb["app2-alb"].data.aws_partition.this: Read complete after 0s [id=aws][0m
TestIdempotence 2025-08-19T14:55:14+02:00 command.go:185: [0m[1mmodule.public_nlb["vmseries"].data.aws_elb_service_account.this: Read complete after 0s [id=156460612806][0m
TestIdempotence 2025-08-19T14:55:14+02:00 command.go:185: [0m[1mmodule.public_nlb["vmseries"].data.aws_partition.this: Reading...[0m[0m
TestIdempotence 2025-08-19T14:55:14+02:00 command.go:185: [0m[1mdata.aws_ami.this: Reading...[0m[0m
TestIdempotence 2025-08-19T14:55:14+02:00 command.go:185: [0m[1mmodule.public_nlb["vmseries"].data.aws_partition.this: Read complete after 0s [id=aws][0m
TestIdempotence 2025-08-19T14:55:14+02:00 command.go:185: [0m[1mdata.aws_caller_identity.this: Read complete after 0s [id=751512424814][0m
TestIdempotence 2025-08-19T14:55:14+02:00 command.go:185: [0m[1mmodule.gwlb["security_gwlb"].data.aws_caller_identity.current: Read complete after 0s [id=751512424814][0m
TestIdempotence 2025-08-19T14:55:15+02:00 command.go:185: [0m[1mdata.aws_ebs_default_kms_key.current: Read complete after 0s [id=eu-west-1][0m
TestIdempotence 2025-08-19T14:55:15+02:00 command.go:185: [0m[1mdata.aws_kms_key.current: Reading...[0m[0m
TestIdempotence 2025-08-19T14:55:15+02:00 command.go:185: [0m[1mmodule.vmseries["vmseries-01"].data.aws_kms_alias.current_arn[0]: Read complete after 0s [id=arn:aws:kms:eu-west-1:751512424814:alias/aws/ebs][0m
TestIdempotence 2025-08-19T14:55:15+02:00 command.go:185: [0m[1mmodule.vmseries["vmseries-02"].data.aws_kms_alias.current_arn[0]: Read complete after 0s [id=arn:aws:kms:eu-west-1:751512424814:alias/aws/ebs][0m
TestIdempotence 2025-08-19T14:55:15+02:00 command.go:185: [0m[1mdata.aws_kms_key.current: Read complete after 0s [id=c5f4fae7-65ef-4850-9a17-14ff219e109c][0m
TestIdempotence 2025-08-19T14:55:15+02:00 command.go:185: [0m[1mdata.aws_ami.this: Read complete after 0s [id=ami-07cb1aa266ef8b45d][0m
TestIdempotence 2025-08-19T14:55:15+02:00 command.go:185: [0m[1mmodule.vmseries["vmseries-02"].data.aws_ami.this[0]: Read complete after 0s [id=ami-063cb1655f972b9ea][0m
TestIdempotence 2025-08-19T14:55:15+02:00 command.go:185: [0m[1mmodule.vmseries["vmseries-01"].data.aws_ami.this[0]: Read complete after 1s [id=ami-063cb1655f972b9ea][0m
TestIdempotence 2025-08-19T14:55:15+02:00 command.go:185: 
TestIdempotence 2025-08-19T14:55:15+02:00 command.go:185: Terraform used the selected providers to generate the following execution
TestIdempotence 2025-08-19T14:55:15+02:00 command.go:185: plan. Resource actions are indicated with the following symbols:
TestIdempotence 2025-08-19T14:55:15+02:00 command.go:185:   [32m+[0m create[0m
TestIdempotence 2025-08-19T14:55:15+02:00 command.go:185: 
TestIdempotence 2025-08-19T14:55:15+02:00 command.go:185: Terraform will perform the following actions:
TestIdempotence 2025-08-19T14:55:15+02:00 command.go:185: 
TestIdempotence 2025-08-19T14:55:15+02:00 command.go:185: [1m  # aws_ec2_transit_gateway_route.from_spokes_to_security["security"][0m will be created
TestIdempotence 2025-08-19T14:55:15+02:00 command.go:185: [0m  [32m+[0m[0m resource "aws_ec2_transit_gateway_route" "from_spokes_to_security" {
TestIdempotence 2025-08-19T14:55:15+02:00 command.go:185:       [32m+[0m[0m blackhole                      = false
TestIdempotence 2025-08-19T14:55:15+02:00 command.go:185:       [32m+[0m[0m destination_cidr_block         = "0.0.0.0/0"
TestIdempotence 2025-08-19T14:55:15+02:00 command.go:185:       [32m+[0m[0m id                             = (known after apply)
TestIdempotence 2025-08-19T14:55:15+02:00 command.go:185:       [32m+[0m[0m transit_gateway_attachment_id  = (known after apply)
TestIdempotence 2025-08-19T14:55:15+02:00 command.go:185:       [32m+[0m[0m transit_gateway_route_table_id = (known after apply)
TestIdempotence 2025-08-19T14:55:15+02:00 command.go:185:     }
TestIdempotence 2025-08-19T14:55:15+02:00 command.go:185: 
TestIdempotence 2025-08-19T14:55:15+02:00 command.go:185: [1m  # aws_iam_instance_profile.spoke_vm_iam_instance_profile[0m will be created
TestIdempotence 2025-08-19T14:55:15+02:00 command.go:185: [0m  [32m+[0m[0m resource "aws_iam_instance_profile" "spoke_vm_iam_instance_profile" {
TestIdempotence 2025-08-19T14:55:15+02:00 command.go:185:       [32m+[0m[0m arn         = (known after apply)
TestIdempotence 2025-08-19T14:55:15+02:00 command.go:185:       [32m+[0m[0m create_date = (known after apply)
TestIdempotence 2025-08-19T14:55:15+02:00 command.go:185:       [32m+[0m[0m id          = (known after apply)
TestIdempotence 2025-08-19T14:55:15+02:00 command.go:185:       [32m+[0m[0m name        = "tt-4ff3-spoke_vm_instance_profile"
TestIdempotence 2025-08-19T14:55:15+02:00 command.go:185:       [32m+[0m[0m name_prefix = (known after apply)
TestIdempotence 2025-08-19T14:55:15+02:00 command.go:185:       [32m+[0m[0m path        = "/"
TestIdempotence 2025-08-19T14:55:15+02:00 command.go:185:       [32m+[0m[0m role        = "tt-4ff3-spoke_vm"
TestIdempotence 2025-08-19T14:55:15+02:00 command.go:185:       [32m+[0m[0m tags_all    = (known after apply)
TestIdempotence 2025-08-19T14:55:15+02:00 command.go:185:       [32m+[0m[0m unique_id   = (known after apply)
TestIdempotence 2025-08-19T14:55:15+02:00 command.go:185:     }
TestIdempotence 2025-08-19T14:55:15+02:00 command.go:185: 
TestIdempotence 2025-08-19T14:55:15+02:00 command.go:185: [1m  # aws_iam_instance_profile.vm_series_iam_instance_profile[0m will be created
TestIdempotence 2025-08-19T14:55:15+02:00 command.go:185: [0m  [32m+[0m[0m resource "aws_iam_instance_profile" "vm_series_iam_instance_profile" {
TestIdempotence 2025-08-19T14:55:15+02:00 command.go:185:       [32m+[0m[0m arn         = (known after apply)
TestIdempotence 2025-08-19T14:55:15+02:00 command.go:185:       [32m+[0m[0m create_date = (known after apply)
TestIdempotence 2025-08-19T14:55:15+02:00 command.go:185:       [32m+[0m[0m id          = (known after apply)
TestIdempotence 2025-08-19T14:55:15+02:00 command.go:185:       [32m+[0m[0m name        = "tt-4ff3-vmseries_instance_profile"
TestIdempotence 2025-08-19T14:55:15+02:00 command.go:185:       [32m+[0m[0m name_prefix = (known after apply)
TestIdempotence 2025-08-19T14:55:15+02:00 command.go:185:       [32m+[0m[0m path        = "/"
TestIdempotence 2025-08-19T14:55:15+02:00 command.go:185:       [32m+[0m[0m role        = "tt-4ff3-vmseries"
TestIdempotence 2025-08-19T14:55:15+02:00 command.go:185:       [32m+[0m[0m tags_all    = (known after apply)
TestIdempotence 2025-08-19T14:55:15+02:00 command.go:185:       [32m+[0m[0m unique_id   = (known after apply)
TestIdempotence 2025-08-19T14:55:15+02:00 command.go:185:     }
TestIdempotence 2025-08-19T14:55:15+02:00 command.go:185: 
TestIdempotence 2025-08-19T14:55:15+02:00 command.go:185: [1m  # aws_iam_role.spoke_vm_ec2_iam_role[0m will be created
TestIdempotence 2025-08-19T14:55:15+02:00 command.go:185: [0m  [32m+[0m[0m resource "aws_iam_role" "spoke_vm_ec2_iam_role" {
TestIdempotence 2025-08-19T14:55:15+02:00 command.go:185:       [32m+[0m[0m arn                   = (known after apply)
TestIdempotence 2025-08-19T14:55:15+02:00 command.go:185:       [32m+[0m[0m assume_role_policy    = jsonencode(
TestIdempotence 2025-08-19T14:55:15+02:00 command.go:185:             {
TestIdempotence 2025-08-19T14:55:15+02:00 command.go:185:               [32m+[0m[0m Statement = [
TestIdempotence 2025-08-19T14:55:15+02:00 command.go:185:                   [32m+[0m[0m {
TestIdempotence 2025-08-19T14:55:15+02:00 command.go:185:                       [32m+[0m[0m Action    = "sts:AssumeRole"
TestIdempotence 2025-08-19T14:55:15+02:00 command.go:185:                       [32m+[0m[0m Effect    = "Allow"
TestIdempotence 2025-08-19T14:55:15+02:00 command.go:185:                       [32m+[0m[0m Principal = {
TestIdempotence 2025-08-19T14:55:15+02:00 command.go:185:                           [32m+[0m[0m Service = "ec2.amazonaws.com"
TestIdempotence 2025-08-19T14:55:15+02:00 command.go:185:                         }
TestIdempotence 2025-08-19T14:55:15+02:00 command.go:185:                     },
TestIdempotence 2025-08-19T14:55:15+02:00 command.go:185:                 ]
TestIdempotence 2025-08-19T14:55:15+02:00 command.go:185:               [32m+[0m[0m Version   = "2012-10-17"
TestIdempotence 2025-08-19T14:55:15+02:00 command.go:185:             }
TestIdempotence 2025-08-19T14:55:15+02:00 command.go:185:         )
TestIdempotence 2025-08-19T14:55:15+02:00 command.go:185:       [32m+[0m[0m create_date           = (known after apply)
TestIdempotence 2025-08-19T14:55:15+02:00 command.go:185:       [32m+[0m[0m force_detach_policies = false
TestIdempotence 2025-08-19T14:55:15+02:00 command.go:185:       [32m+[0m[0m id                    = (known after apply)
TestIdempotence 2025-08-19T14:55:15+02:00 command.go:185:       [32m+[0m[0m managed_policy_arns   = (known after apply)
TestIdempotence 2025-08-19T14:55:15+02:00 command.go:185:       [32m+[0m[0m max_session_duration  = 3600
TestIdempotence 2025-08-19T14:55:15+02:00 command.go:185:       [32m+[0m[0m name                  = "tt-4ff3-spoke_vm"
TestIdempotence 2025-08-19T14:55:15+02:00 command.go:185:       [32m+[0m[0m name_prefix           = (known after apply)
TestIdempotence 2025-08-19T14:55:15+02:00 command.go:185:       [32m+[0m[0m path                  = "/"
TestIdempotence 2025-08-19T14:55:15+02:00 command.go:185:       [32m+[0m[0m tags_all              = (known after apply)
TestIdempotence 2025-08-19T14:55:15+02:00 command.go:185:       [32m+[0m[0m unique_id             = (known after apply)
TestIdempotence 2025-08-19T14:55:15+02:00 command.go:185: 
TestIdempotence 2025-08-19T14:55:15+02:00 command.go:185:       [32m+[0m[0m inline_policy (known after apply)
TestIdempotence 2025-08-19T14:55:15+02:00 command.go:185:     }
TestIdempotence 2025-08-19T14:55:15+02:00 command.go:185: 
TestIdempotence 2025-08-19T14:55:15+02:00 command.go:185: [1m  # aws_iam_role.vm_series_ec2_iam_role[0m will be created
TestIdempotence 2025-08-19T14:55:15+02:00 command.go:185: [0m  [32m+[0m[0m resource "aws_iam_role" "vm_series_ec2_iam_role" {
TestIdempotence 2025-08-19T14:55:15+02:00 command.go:185:       [32m+[0m[0m arn                   = (known after apply)
TestIdempotence 2025-08-19T14:55:15+02:00 command.go:185:       [32m+[0m[0m assume_role_policy    = jsonencode(
TestIdempotence 2025-08-19T14:55:15+02:00 command.go:185:             {
TestIdempotence 2025-08-19T14:55:15+02:00 command.go:185:               [32m+[0m[0m Statement = [
TestIdempotence 2025-08-19T14:55:15+02:00 command.go:185:                   [32m+[0m[0m {
TestIdempotence 2025-08-19T14:55:15+02:00 command.go:185:                       [32m+[0m[0m Action    = "sts:AssumeRole"
TestIdempotence 2025-08-19T14:55:15+02:00 command.go:185:                       [32m+[0m[0m Effect    = "Allow"
TestIdempotence 2025-08-19T14:55:15+02:00 command.go:185:                       [32m+[0m[0m Principal = {
TestIdempotence 2025-08-19T14:55:15+02:00 command.go:185:                           [32m+[0m[0m Service = "ec2.amazonaws.com"
TestIdempotence 2025-08-19T14:55:15+02:00 command.go:185:                         }
TestIdempotence 2025-08-19T14:55:15+02:00 command.go:185:                     },
TestIdempotence 2025-08-19T14:55:15+02:00 command.go:185:                 ]
TestIdempotence 2025-08-19T14:55:15+02:00 command.go:185:               [32m+[0m[0m Version   = "2012-10-17"
TestIdempotence 2025-08-19T14:55:15+02:00 command.go:185:             }
TestIdempotence 2025-08-19T14:55:15+02:00 command.go:185:         )
TestIdempotence 2025-08-19T14:55:15+02:00 command.go:185:       [32m+[0m[0m create_date           = (known after apply)
TestIdempotence 2025-08-19T14:55:15+02:00 command.go:185:       [32m+[0m[0m force_detach_policies = false
TestIdempotence 2025-08-19T14:55:15+02:00 command.go:185:       [32m+[0m[0m id                    = (known after apply)
TestIdempotence 2025-08-19T14:55:15+02:00 command.go:185:       [32m+[0m[0m managed_policy_arns   = (known after apply)
TestIdempotence 2025-08-19T14:55:15+02:00 command.go:185:       [32m+[0m[0m max_session_duration  = 3600
TestIdempotence 2025-08-19T14:55:15+02:00 command.go:185:       [32m+[0m[0m name                  = "tt-4ff3-vmseries"
TestIdempotence 2025-08-19T14:55:15+02:00 command.go:185:       [32m+[0m[0m name_prefix           = (known after apply)
TestIdempotence 2025-08-19T14:55:15+02:00 command.go:185:       [32m+[0m[0m path                  = "/"
TestIdempotence 2025-08-19T14:55:15+02:00 command.go:185:       [32m+[0m[0m tags_all              = (known after apply)
TestIdempotence 2025-08-19T14:55:15+02:00 command.go:185:       [32m+[0m[0m unique_id             = (known after apply)
TestIdempotence 2025-08-19T14:55:15+02:00 command.go:185: 
TestIdempotence 2025-08-19T14:55:15+02:00 command.go:185:       [32m+[0m[0m inline_policy (known after apply)
TestIdempotence 2025-08-19T14:55:15+02:00 command.go:185:     }
TestIdempotence 2025-08-19T14:55:15+02:00 command.go:185: 
TestIdempotence 2025-08-19T14:55:15+02:00 command.go:185: [1m  # aws_iam_role_policy.vm_series_ec2_iam_policy[0m will be created
TestIdempotence 2025-08-19T14:55:15+02:00 command.go:185: [0m  [32m+[0m[0m resource "aws_iam_role_policy" "vm_series_ec2_iam_policy" {
TestIdempotence 2025-08-19T14:55:15+02:00 command.go:185:       [32m+[0m[0m id          = (known after apply)
TestIdempotence 2025-08-19T14:55:15+02:00 command.go:185:       [32m+[0m[0m name        = (known after apply)
TestIdempotence 2025-08-19T14:55:15+02:00 command.go:185:       [32m+[0m[0m name_prefix = (known after apply)
TestIdempotence 2025-08-19T14:55:15+02:00 command.go:185:       [32m+[0m[0m policy      = jsonencode(
TestIdempotence 2025-08-19T14:55:15+02:00 command.go:185:             {
TestIdempotence 2025-08-19T14:55:15+02:00 command.go:185:               [32m+[0m[0m Statement = [
TestIdempotence 2025-08-19T14:55:15+02:00 command.go:185:                   [32m+[0m[0m {
TestIdempotence 2025-08-19T14:55:15+02:00 command.go:185:                       [32m+[0m[0m Action   = [
TestIdempotence 2025-08-19T14:55:15+02:00 command.go:185:                           [32m+[0m[0m "cloudwatch:PutMetricData",
TestIdempotence 2025-08-19T14:55:15+02:00 command.go:185:                           [32m+[0m[0m "cloudwatch:GetMetricData",
TestIdempotence 2025-08-19T14:55:15+02:00 command.go:185:                           [32m+[0m[0m "cloudwatch:ListMetrics",
TestIdempotence 2025-08-19T14:55:15+02:00 command.go:185:                         ]
TestIdempotence 2025-08-19T14:55:15+02:00 command.go:185:                       [32m+[0m[0m Effect   = "Allow"
TestIdempotence 2025-08-19T14:55:15+02:00 command.go:185:                       [32m+[0m[0m Resource = [
TestIdempotence 2025-08-19T14:55:15+02:00 command.go:185:                           [32m+[0m[0m "*",
TestIdempotence 2025-08-19T14:55:15+02:00 command.go:185:                         ]
TestIdempotence 2025-08-19T14:55:15+02:00 command.go:185:                     },
TestIdempotence 2025-08-19T14:55:15+02:00 command.go:185:                   [32m+[0m[0m {
TestIdempotence 2025-08-19T14:55:15+02:00 command.go:185:                       [32m+[0m[0m Action   = [
TestIdempotence 2025-08-19T14:55:15+02:00 command.go:185:                           [32m+[0m[0m "cloudwatch:PutMetricAlarm",
TestIdempotence 2025-08-19T14:55:15+02:00 command.go:185:                           [32m+[0m[0m "cloudwatch:DescribeAlarms",
TestIdempotence 2025-08-19T14:55:15+02:00 command.go:185:                         ]
TestIdempotence 2025-08-19T14:55:15+02:00 command.go:185:                       [32m+[0m[0m Effect   = "Allow"
TestIdempotence 2025-08-19T14:55:15+02:00 command.go:185:                       [32m+[0m[0m Resource = [
TestIdempotence 2025-08-19T14:55:15+02:00 command.go:185:                           [32m+[0m[0m "arn:aws:cloudwatch:eu-west-1:751512424814:alarm:*",
TestIdempotence 2025-08-19T14:55:15+02:00 command.go:185:                         ]
TestIdempotence 2025-08-19T14:55:15+02:00 command.go:185:                     },
TestIdempotence 2025-08-19T14:55:15+02:00 command.go:185:                 ]
TestIdempotence 2025-08-19T14:55:15+02:00 command.go:185:               [32m+[0m[0m Version   = "2012-10-17"
TestIdempotence 2025-08-19T14:55:15+02:00 command.go:185:             }
TestIdempotence 2025-08-19T14:55:15+02:00 command.go:185:         )
TestIdempotence 2025-08-19T14:55:15+02:00 command.go:185:       [32m+[0m[0m role        = (known after apply)
TestIdempotence 2025-08-19T14:55:15+02:00 command.go:185:     }
TestIdempotence 2025-08-19T14:55:15+02:00 command.go:185: 
TestIdempotence 2025-08-19T14:55:15+02:00 command.go:185: [1m  # aws_iam_role_policy_attachment.spoke_vm_iam_instance_policy[0m will be created
TestIdempotence 2025-08-19T14:55:15+02:00 command.go:185: [0m  [32m+[0m[0m resource "aws_iam_role_policy_attachment" "spoke_vm_iam_instance_policy" {
TestIdempotence 2025-08-19T14:55:15+02:00 command.go:185:       [32m+[0m[0m id         = (known after apply)
TestIdempotence 2025-08-19T14:55:15+02:00 command.go:185:       [32m+[0m[0m policy_arn = "arn:aws:iam::aws:policy/AmazonSSMManagedInstanceCore"
TestIdempotence 2025-08-19T14:55:15+02:00 command.go:185:       [32m+[0m[0m role       = "tt-4ff3-spoke_vm"
TestIdempotence 2025-08-19T14:55:15+02:00 command.go:185:     }
TestIdempotence 2025-08-19T14:55:15+02:00 command.go:185: 
TestIdempotence 2025-08-19T14:55:15+02:00 command.go:185: [1m  # aws_instance.spoke_vms["app1_vm01"][0m will be created
TestIdempotence 2025-08-19T14:55:15+02:00 command.go:185: [0m  [32m+[0m[0m resource "aws_instance" "spoke_vms" {
TestIdempotence 2025-08-19T14:55:15+02:00 command.go:185:       [32m+[0m[0m ami                                  = "ami-07cb1aa266ef8b45d"
TestIdempotence 2025-08-19T14:55:15+02:00 command.go:185:       [32m+[0m[0m arn                                  = (known after apply)
TestIdempotence 2025-08-19T14:55:15+02:00 command.go:185:       [32m+[0m[0m associate_public_ip_address          = (known after apply)
TestIdempotence 2025-08-19T14:55:15+02:00 command.go:185:       [32m+[0m[0m availability_zone                    = (known after apply)
TestIdempotence 2025-08-19T14:55:15+02:00 command.go:185:       [32m+[0m[0m cpu_core_count                       = (known after apply)
TestIdempotence 2025-08-19T14:55:15+02:00 command.go:185:       [32m+[0m[0m cpu_threads_per_core                 = (known after apply)
TestIdempotence 2025-08-19T14:55:15+02:00 command.go:185:       [32m+[0m[0m disable_api_stop                     = (known after apply)
TestIdempotence 2025-08-19T14:55:15+02:00 command.go:185:       [32m+[0m[0m disable_api_termination              = (known after apply)
TestIdempotence 2025-08-19T14:55:15+02:00 command.go:185:       [32m+[0m[0m ebs_optimized                        = (known after apply)
TestIdempotence 2025-08-19T14:55:15+02:00 command.go:185:       [32m+[0m[0m enable_primary_ipv6                  = (known after apply)
TestIdempotence 2025-08-19T14:55:15+02:00 command.go:185:       [32m+[0m[0m get_password_data                    = false
TestIdempotence 2025-08-19T14:55:15+02:00 command.go:185:       [32m+[0m[0m host_id                              = (known after apply)
TestIdempotence 2025-08-19T14:55:15+02:00 command.go:185:       [32m+[0m[0m host_resource_group_arn              = (known after apply)
TestIdempotence 2025-08-19T14:55:15+02:00 command.go:185:       [32m+[0m[0m iam_instance_profile                 = "tt-4ff3-spoke_vm_instance_profile"
TestIdempotence 2025-08-19T14:55:15+02:00 command.go:185:       [32m+[0m[0m id                                   = (known after apply)
TestIdempotence 2025-08-19T14:55:15+02:00 command.go:185:       [32m+[0m[0m instance_initiated_shutdown_behavior = (known after apply)
TestIdempotence 2025-08-19T14:55:15+02:00 command.go:185:       [32m+[0m[0m instance_lifecycle                   = (known after apply)
TestIdempotence 2025-08-19T14:55:15+02:00 command.go:185:       [32m+[0m[0m instance_state                       = (known after apply)
TestIdempotence 2025-08-19T14:55:15+02:00 command.go:185:       [32m+[0m[0m instance_type                        = "t2.micro"
TestIdempotence 2025-08-19T14:55:15+02:00 command.go:185:       [32m+[0m[0m ipv6_address_count                   = (known after apply)
TestIdempotence 2025-08-19T14:55:15+02:00 command.go:185:       [32m+[0m[0m ipv6_addresses                       = (known after apply)
TestIdempotence 2025-08-19T14:55:15+02:00 command.go:185:       [32m+[0m[0m key_name                             = "test-ssh-key"
TestIdempotence 2025-08-19T14:55:15+02:00 command.go:185:       [32m+[0m[0m monitoring                           = (known after apply)
TestIdempotence 2025-08-19T14:55:15+02:00 command.go:185:       [32m+[0m[0m outpost_arn                          = (known after apply)
TestIdempotence 2025-08-19T14:55:15+02:00 command.go:185:       [32m+[0m[0m password_data                        = (known after apply)
TestIdempotence 2025-08-19T14:55:15+02:00 command.go:185:       [32m+[0m[0m placement_group                      = (known after apply)
TestIdempotence 2025-08-19T14:55:15+02:00 command.go:185:       [32m+[0m[0m placement_partition_number           = (known after apply)
TestIdempotence 2025-08-19T14:55:15+02:00 command.go:185:       [32m+[0m[0m primary_network_interface_id         = (known after apply)
TestIdempotence 2025-08-19T14:55:15+02:00 command.go:185:       [32m+[0m[0m private_dns                          = (known after apply)
TestIdempotence 2025-08-19T14:55:15+02:00 command.go:185:       [32m+[0m[0m private_ip                           = (known after apply)
TestIdempotence 2025-08-19T14:55:15+02:00 command.go:185:       [32m+[0m[0m public_dns                           = (known after apply)
TestIdempotence 2025-08-19T14:55:15+02:00 command.go:185:       [32m+[0m[0m public_ip                            = (known after apply)
TestIdempotence 2025-08-19T14:55:15+02:00 command.go:185:       [32m+[0m[0m secondary_private_ips                = (known after apply)
TestIdempotence 2025-08-19T14:55:15+02:00 command.go:185:       [32m+[0m[0m security_groups                      = (known after apply)
TestIdempotence 2025-08-19T14:55:15+02:00 command.go:185:       [32m+[0m[0m source_dest_check                    = true
TestIdempotence 2025-08-19T14:55:15+02:00 command.go:185:       [32m+[0m[0m spot_instance_request_id             = (known after apply)
TestIdempotence 2025-08-19T14:55:15+02:00 command.go:185:       [32m+[0m[0m subnet_id                            = (known after apply)
TestIdempotence 2025-08-19T14:55:15+02:00 command.go:185:       [32m+[0m[0m tags                                 = {
TestIdempotence 2025-08-19T14:55:15+02:00 command.go:185:           [32m+[0m[0m "Application" = "Palo Alto Networks VM-Series NGFW"
TestIdempotence 2025-08-19T14:55:15+02:00 command.go:185:           [32m+[0m[0m "ManagedBy"   = "terraform"
TestIdempotence 2025-08-19T14:55:15+02:00 command.go:185:           [32m+[0m[0m "Name"        = "tt-4ff3-app1_vm01"
TestIdempotence 2025-08-19T14:55:15+02:00 command.go:185:           [32m+[0m[0m "Owner"       = "PS Team"
TestIdempotence 2025-08-19T14:55:15+02:00 command.go:185:         }
TestIdempotence 2025-08-19T14:55:15+02:00 command.go:185:       [32m+[0m[0m tags_all                             = {
TestIdempotence 2025-08-19T14:55:15+02:00 command.go:185:           [32m+[0m[0m "Application" = "Palo Alto Networks VM-Series NGFW"
TestIdempotence 2025-08-19T14:55:15+02:00 command.go:185:           [32m+[0m[0m "ManagedBy"   = "terraform"
TestIdempotence 2025-08-19T14:55:15+02:00 command.go:185:           [32m+[0m[0m "Name"        = "tt-4ff3-app1_vm01"
TestIdempotence 2025-08-19T14:55:15+02:00 command.go:185:           [32m+[0m[0m "Owner"       = "PS Team"
TestIdempotence 2025-08-19T14:55:15+02:00 command.go:185:         }
TestIdempotence 2025-08-19T14:55:15+02:00 command.go:185:       [32m+[0m[0m tenancy                              = (known after apply)
TestIdempotence 2025-08-19T14:55:15+02:00 command.go:185:       [32m+[0m[0m user_data                            = "904d36fef59f724926ae41f384fbc8a2bf155ceb"
TestIdempotence 2025-08-19T14:55:15+02:00 command.go:185:       [32m+[0m[0m user_data_base64                     = (known after apply)
TestIdempotence 2025-08-19T14:55:15+02:00 command.go:185:       [32m+[0m[0m user_data_replace_on_change          = false
TestIdempotence 2025-08-19T14:55:15+02:00 command.go:185:       [32m+[0m[0m vpc_security_group_ids               = (known after apply)
TestIdempotence 2025-08-19T14:55:15+02:00 command.go:185: 
TestIdempotence 2025-08-19T14:55:15+02:00 command.go:185:       [32m+[0m[0m capacity_reservation_specification (known after apply)
TestIdempotence 2025-08-19T14:55:15+02:00 command.go:185: 
TestIdempotence 2025-08-19T14:55:15+02:00 command.go:185:       [32m+[0m[0m cpu_options (known after apply)
TestIdempotence 2025-08-19T14:55:15+02:00 command.go:185: 
TestIdempotence 2025-08-19T14:55:15+02:00 command.go:185:       [32m+[0m[0m ebs_block_device (known after apply)
TestIdempotence 2025-08-19T14:55:15+02:00 command.go:185: 
TestIdempotence 2025-08-19T14:55:15+02:00 command.go:185:       [32m+[0m[0m enclave_options (known after apply)
TestIdempotence 2025-08-19T14:55:15+02:00 command.go:185: 
TestIdempotence 2025-08-19T14:55:15+02:00 command.go:185:       [32m+[0m[0m ephemeral_block_device (known after apply)
TestIdempotence 2025-08-19T14:55:15+02:00 command.go:185: 
TestIdempotence 2025-08-19T14:55:15+02:00 command.go:185:       [32m+[0m[0m instance_market_options (known after apply)
TestIdempotence 2025-08-19T14:55:15+02:00 command.go:185: 
TestIdempotence 2025-08-19T14:55:15+02:00 command.go:185:       [32m+[0m[0m maintenance_options (known after apply)
TestIdempotence 2025-08-19T14:55:15+02:00 command.go:185: 
TestIdempotence 2025-08-19T14:55:15+02:00 command.go:185:       [32m+[0m[0m metadata_options {
TestIdempotence 2025-08-19T14:55:15+02:00 command.go:185:           [32m+[0m[0m http_endpoint               = "enabled"
TestIdempotence 2025-08-19T14:55:15+02:00 command.go:185:           [32m+[0m[0m http_protocol_ipv6          = "disabled"
TestIdempotence 2025-08-19T14:55:15+02:00 command.go:185:           [32m+[0m[0m http_put_response_hop_limit = (known after apply)
TestIdempotence 2025-08-19T14:55:15+02:00 command.go:185:           [32m+[0m[0m http_tokens                 = "required"
TestIdempotence 2025-08-19T14:55:15+02:00 command.go:185:           [32m+[0m[0m instance_metadata_tags      = (known after apply)
TestIdempotence 2025-08-19T14:55:15+02:00 command.go:185:         }
TestIdempotence 2025-08-19T14:55:15+02:00 command.go:185: 
TestIdempotence 2025-08-19T14:55:15+02:00 command.go:185:       [32m+[0m[0m network_interface (known after apply)
TestIdempotence 2025-08-19T14:55:15+02:00 command.go:185: 
TestIdempotence 2025-08-19T14:55:15+02:00 command.go:185:       [32m+[0m[0m private_dns_name_options (known after apply)
TestIdempotence 2025-08-19T14:55:15+02:00 command.go:185: 
TestIdempotence 2025-08-19T14:55:15+02:00 command.go:185:       [32m+[0m[0m root_block_device {
TestIdempotence 2025-08-19T14:55:15+02:00 command.go:185:           [32m+[0m[0m delete_on_termination = true
TestIdempotence 2025-08-19T14:55:15+02:00 command.go:185:           [32m+[0m[0m device_name           = (known after apply)
TestIdempotence 2025-08-19T14:55:15+02:00 command.go:185:           [32m+[0m[0m encrypted             = true
TestIdempotence 2025-08-19T14:55:15+02:00 command.go:185:           [32m+[0m[0m iops                  = (known after apply)
TestIdempotence 2025-08-19T14:55:15+02:00 command.go:185:           [32m+[0m[0m kms_key_id            = "arn:aws:kms:eu-west-1:751512424814:key/c5f4fae7-65ef-4850-9a17-14ff219e109c"
TestIdempotence 2025-08-19T14:55:15+02:00 command.go:185:           [32m+[0m[0m tags_all              = (known after apply)
TestIdempotence 2025-08-19T14:55:15+02:00 command.go:185:           [32m+[0m[0m throughput            = (known after apply)
TestIdempotence 2025-08-19T14:55:15+02:00 command.go:185:           [32m+[0m[0m volume_id             = (known after apply)
TestIdempotence 2025-08-19T14:55:15+02:00 command.go:185:           [32m+[0m[0m volume_size           = (known after apply)
TestIdempotence 2025-08-19T14:55:15+02:00 command.go:185:           [32m+[0m[0m volume_type           = (known after apply)
TestIdempotence 2025-08-19T14:55:15+02:00 command.go:185:         }
TestIdempotence 2025-08-19T14:55:15+02:00 command.go:185:     }
TestIdempotence 2025-08-19T14:55:15+02:00 command.go:185: 
TestIdempotence 2025-08-19T14:55:15+02:00 command.go:185: [1m  # aws_instance.spoke_vms["app1_vm02"][0m will be created
TestIdempotence 2025-08-19T14:55:15+02:00 command.go:185: [0m  [32m+[0m[0m resource "aws_instance" "spoke_vms" {
TestIdempotence 2025-08-19T14:55:15+02:00 command.go:185:       [32m+[0m[0m ami                                  = "ami-07cb1aa266ef8b45d"
TestIdempotence 2025-08-19T14:55:15+02:00 command.go:185:       [32m+[0m[0m arn                                  = (known after apply)
TestIdempotence 2025-08-19T14:55:15+02:00 command.go:185:       [32m+[0m[0m associate_public_ip_address          = (known after apply)
TestIdempotence 2025-08-19T14:55:15+02:00 command.go:185:       [32m+[0m[0m availability_zone                    = (known after apply)
TestIdempotence 2025-08-19T14:55:15+02:00 command.go:185:       [32m+[0m[0m cpu_core_count                       = (known after apply)
TestIdempotence 2025-08-19T14:55:15+02:00 command.go:185:       [32m+[0m[0m cpu_threads_per_core                 = (known after apply)
TestIdempotence 2025-08-19T14:55:15+02:00 command.go:185:       [32m+[0m[0m disable_api_stop                     = (known after apply)
TestIdempotence 2025-08-19T14:55:15+02:00 command.go:185:       [32m+[0m[0m disable_api_termination              = (known after apply)
TestIdempotence 2025-08-19T14:55:15+02:00 command.go:185:       [32m+[0m[0m ebs_optimized                        = (known after apply)
TestIdempotence 2025-08-19T14:55:15+02:00 command.go:185:       [32m+[0m[0m enable_primary_ipv6                  = (known after apply)
TestIdempotence 2025-08-19T14:55:15+02:00 command.go:185:       [32m+[0m[0m get_password_data                    = false
TestIdempotence 2025-08-19T14:55:15+02:00 command.go:185:       [32m+[0m[0m host_id                              = (known after apply)
TestIdempotence 2025-08-19T14:55:15+02:00 command.go:185:       [32m+[0m[0m host_resource_group_arn              = (known after apply)
TestIdempotence 2025-08-19T14:55:15+02:00 command.go:185:       [32m+[0m[0m iam_instance_profile                 = "tt-4ff3-spoke_vm_instance_profile"
TestIdempotence 2025-08-19T14:55:15+02:00 command.go:185:       [32m+[0m[0m id                                   = (known after apply)
TestIdempotence 2025-08-19T14:55:15+02:00 command.go:185:       [32m+[0m[0m instance_initiated_shutdown_behavior = (known after apply)
TestIdempotence 2025-08-19T14:55:15+02:00 command.go:185:       [32m+[0m[0m instance_lifecycle                   = (known after apply)
TestIdempotence 2025-08-19T14:55:15+02:00 command.go:185:       [32m+[0m[0m instance_state                       = (known after apply)
TestIdempotence 2025-08-19T14:55:15+02:00 command.go:185:       [32m+[0m[0m instance_type                        = "t2.micro"
TestIdempotence 2025-08-19T14:55:15+02:00 command.go:185:       [32m+[0m[0m ipv6_address_count                   = (known after apply)
TestIdempotence 2025-08-19T14:55:15+02:00 command.go:185:       [32m+[0m[0m ipv6_addresses                       = (known after apply)
TestIdempotence 2025-08-19T14:55:15+02:00 command.go:185:       [32m+[0m[0m key_name                             = "test-ssh-key"
TestIdempotence 2025-08-19T14:55:15+02:00 command.go:185:       [32m+[0m[0m monitoring                           = (known after apply)
TestIdempotence 2025-08-19T14:55:15+02:00 command.go:185:       [32m+[0m[0m outpost_arn                          = (known after apply)
TestIdempotence 2025-08-19T14:55:15+02:00 command.go:185:       [32m+[0m[0m password_data                        = (known after apply)
TestIdempotence 2025-08-19T14:55:15+02:00 command.go:185:       [32m+[0m[0m placement_group                      = (known after apply)
TestIdempotence 2025-08-19T14:55:15+02:00 command.go:185:       [32m+[0m[0m placement_partition_number           = (known after apply)
TestIdempotence 2025-08-19T14:55:15+02:00 command.go:185:       [32m+[0m[0m primary_network_interface_id         = (known after apply)
TestIdempotence 2025-08-19T14:55:15+02:00 command.go:185:       [32m+[0m[0m private_dns                          = (known after apply)
TestIdempotence 2025-08-19T14:55:15+02:00 command.go:185:       [32m+[0m[0m private_ip                           = (known after apply)
TestIdempotence 2025-08-19T14:55:15+02:00 command.go:185:       [32m+[0m[0m public_dns                           = (known after apply)
TestIdempotence 2025-08-19T14:55:15+02:00 command.go:185:       [32m+[0m[0m public_ip                            = (known after apply)
TestIdempotence 2025-08-19T14:55:15+02:00 command.go:185:       [32m+[0m[0m secondary_private_ips                = (known after apply)
TestIdempotence 2025-08-19T14:55:15+02:00 command.go:185:       [32m+[0m[0m security_groups                      = (known after apply)
TestIdempotence 2025-08-19T14:55:15+02:00 command.go:185:       [32m+[0m[0m source_dest_check                    = true
TestIdempotence 2025-08-19T14:55:15+02:00 command.go:185:       [32m+[0m[0m spot_instance_request_id             = (known after apply)
TestIdempotence 2025-08-19T14:55:15+02:00 command.go:185:       [32m+[0m[0m subnet_id                            = (known after apply)
TestIdempotence 2025-08-19T14:55:15+02:00 command.go:185:       [32m+[0m[0m tags                                 = {
TestIdempotence 2025-08-19T14:55:15+02:00 command.go:185:           [32m+[0m[0m "Application" = "Palo Alto Networks VM-Series NGFW"
TestIdempotence 2025-08-19T14:55:15+02:00 command.go:185:           [32m+[0m[0m "ManagedBy"   = "terraform"
TestIdempotence 2025-08-19T14:55:15+02:00 command.go:185:           [32m+[0m[0m "Name"        = "tt-4ff3-app1_vm02"
TestIdempotence 2025-08-19T14:55:15+02:00 command.go:185:           [32m+[0m[0m "Owner"       = "PS Team"
TestIdempotence 2025-08-19T14:55:15+02:00 command.go:185:         }
TestIdempotence 2025-08-19T14:55:15+02:00 command.go:185:       [32m+[0m[0m tags_all                             = {
TestIdempotence 2025-08-19T14:55:15+02:00 command.go:185:           [32m+[0m[0m "Application" = "Palo Alto Networks VM-Series NGFW"
TestIdempotence 2025-08-19T14:55:15+02:00 command.go:185:           [32m+[0m[0m "ManagedBy"   = "terraform"
TestIdempotence 2025-08-19T14:55:15+02:00 command.go:185:           [32m+[0m[0m "Name"        = "tt-4ff3-app1_vm02"
TestIdempotence 2025-08-19T14:55:15+02:00 command.go:185:           [32m+[0m[0m "Owner"       = "PS Team"
TestIdempotence 2025-08-19T14:55:15+02:00 command.go:185:         }
TestIdempotence 2025-08-19T14:55:15+02:00 command.go:185:       [32m+[0m[0m tenancy                              = (known after apply)
TestIdempotence 2025-08-19T14:55:15+02:00 command.go:185:       [32m+[0m[0m user_data                            = "904d36fef59f724926ae41f384fbc8a2bf155ceb"
TestIdempotence 2025-08-19T14:55:15+02:00 command.go:185:       [32m+[0m[0m user_data_base64                     = (known after apply)
TestIdempotence 2025-08-19T14:55:15+02:00 command.go:185:       [32m+[0m[0m user_data_replace_on_change          = false
TestIdempotence 2025-08-19T14:55:15+02:00 command.go:185:       [32m+[0m[0m vpc_security_group_ids               = (known after apply)
TestIdempotence 2025-08-19T14:55:15+02:00 command.go:185: 
TestIdempotence 2025-08-19T14:55:15+02:00 command.go:185:       [32m+[0m[0m capacity_reservation_specification (known after apply)
TestIdempotence 2025-08-19T14:55:15+02:00 command.go:185: 
TestIdempotence 2025-08-19T14:55:15+02:00 command.go:185:       [32m+[0m[0m cpu_options (known after apply)
TestIdempotence 2025-08-19T14:55:15+02:00 command.go:185: 
TestIdempotence 2025-08-19T14:55:15+02:00 command.go:185:       [32m+[0m[0m ebs_block_device (known after apply)
TestIdempotence 2025-08-19T14:55:15+02:00 command.go:185: 
TestIdempotence 2025-08-19T14:55:15+02:00 command.go:185:       [32m+[0m[0m enclave_options (known after apply)
TestIdempotence 2025-08-19T14:55:15+02:00 command.go:185: 
TestIdempotence 2025-08-19T14:55:15+02:00 command.go:185:       [32m+[0m[0m ephemeral_block_device (known after apply)
TestIdempotence 2025-08-19T14:55:15+02:00 command.go:185: 
TestIdempotence 2025-08-19T14:55:15+02:00 command.go:185:       [32m+[0m[0m instance_market_options (known after apply)
TestIdempotence 2025-08-19T14:55:15+02:00 command.go:185: 
TestIdempotence 2025-08-19T14:55:15+02:00 command.go:185:       [32m+[0m[0m maintenance_options (known after apply)
TestIdempotence 2025-08-19T14:55:15+02:00 command.go:185: 
TestIdempotence 2025-08-19T14:55:15+02:00 command.go:185:       [32m+[0m[0m metadata_options {
TestIdempotence 2025-08-19T14:55:15+02:00 command.go:185:           [32m+[0m[0m http_endpoint               = "enabled"
TestIdempotence 2025-08-19T14:55:15+02:00 command.go:185:           [32m+[0m[0m http_protocol_ipv6          = "disabled"
TestIdempotence 2025-08-19T14:55:15+02:00 command.go:185:           [32m+[0m[0m http_put_response_hop_limit = (known after apply)
TestIdempotence 2025-08-19T14:55:15+02:00 command.go:185:           [32m+[0m[0m http_tokens                 = "required"
TestIdempotence 2025-08-19T14:55:15+02:00 command.go:185:           [32m+[0m[0m instance_metadata_tags      = (known after apply)
TestIdempotence 2025-08-19T14:55:15+02:00 command.go:185:         }
TestIdempotence 2025-08-19T14:55:15+02:00 command.go:185: 
TestIdempotence 2025-08-19T14:55:15+02:00 command.go:185:       [32m+[0m[0m network_interface (known after apply)
TestIdempotence 2025-08-19T14:55:15+02:00 command.go:185: 
TestIdempotence 2025-08-19T14:55:15+02:00 command.go:185:       [32m+[0m[0m private_dns_name_options (known after apply)
TestIdempotence 2025-08-19T14:55:15+02:00 command.go:185: 
TestIdempotence 2025-08-19T14:55:15+02:00 command.go:185:       [32m+[0m[0m root_block_device {
TestIdempotence 2025-08-19T14:55:15+02:00 command.go:185:           [32m+[0m[0m delete_on_termination = true
TestIdempotence 2025-08-19T14:55:15+02:00 command.go:185:           [32m+[0m[0m device_name           = (known after apply)
TestIdempotence 2025-08-19T14:55:15+02:00 command.go:185:           [32m+[0m[0m encrypted             = true
TestIdempotence 2025-08-19T14:55:15+02:00 command.go:185:           [32m+[0m[0m iops                  = (known after apply)
TestIdempotence 2025-08-19T14:55:15+02:00 command.go:185:           [32m+[0m[0m kms_key_id            = "arn:aws:kms:eu-west-1:751512424814:key/c5f4fae7-65ef-4850-9a17-14ff219e109c"
TestIdempotence 2025-08-19T14:55:15+02:00 command.go:185:           [32m+[0m[0m tags_all              = (known after apply)
TestIdempotence 2025-08-19T14:55:15+02:00 command.go:185:           [32m+[0m[0m throughput            = (known after apply)
TestIdempotence 2025-08-19T14:55:15+02:00 command.go:185:           [32m+[0m[0m volume_id             = (known after apply)
TestIdempotence 2025-08-19T14:55:15+02:00 command.go:185:           [32m+[0m[0m volume_size           = (known after apply)
TestIdempotence 2025-08-19T14:55:15+02:00 command.go:185:           [32m+[0m[0m volume_type           = (known after apply)
TestIdempotence 2025-08-19T14:55:15+02:00 command.go:185:         }
TestIdempotence 2025-08-19T14:55:15+02:00 command.go:185:     }
TestIdempotence 2025-08-19T14:55:15+02:00 command.go:185: 
TestIdempotence 2025-08-19T14:55:15+02:00 command.go:185: [1m  # aws_instance.spoke_vms["app2_vm01"][0m will be created
TestIdempotence 2025-08-19T14:55:15+02:00 command.go:185: [0m  [32m+[0m[0m resource "aws_instance" "spoke_vms" {
TestIdempotence 2025-08-19T14:55:15+02:00 command.go:185:       [32m+[0m[0m ami                                  = "ami-07cb1aa266ef8b45d"
TestIdempotence 2025-08-19T14:55:15+02:00 command.go:185:       [32m+[0m[0m arn                                  = (known after apply)
TestIdempotence 2025-08-19T14:55:15+02:00 command.go:185:       [32m+[0m[0m associate_public_ip_address          = (known after apply)
TestIdempotence 2025-08-19T14:55:15+02:00 command.go:185:       [32m+[0m[0m availability_zone                    = (known after apply)
TestIdempotence 2025-08-19T14:55:15+02:00 command.go:185:       [32m+[0m[0m cpu_core_count                       = (known after apply)
TestIdempotence 2025-08-19T14:55:15+02:00 command.go:185:       [32m+[0m[0m cpu_threads_per_core                 = (known after apply)
TestIdempotence 2025-08-19T14:55:15+02:00 command.go:185:       [32m+[0m[0m disable_api_stop                     = (known after apply)
TestIdempotence 2025-08-19T14:55:15+02:00 command.go:185:       [32m+[0m[0m disable_api_termination              = (known after apply)
TestIdempotence 2025-08-19T14:55:15+02:00 command.go:185:       [32m+[0m[0m ebs_optimized                        = (known after apply)
TestIdempotence 2025-08-19T14:55:15+02:00 command.go:185:       [32m+[0m[0m enable_primary_ipv6                  = (known after apply)
TestIdempotence 2025-08-19T14:55:15+02:00 command.go:185:       [32m+[0m[0m get_password_data                    = false
TestIdempotence 2025-08-19T14:55:15+02:00 command.go:185:       [32m+[0m[0m host_id                              = (known after apply)
TestIdempotence 2025-08-19T14:55:15+02:00 command.go:185:       [32m+[0m[0m host_resource_group_arn              = (known after apply)
TestIdempotence 2025-08-19T14:55:15+02:00 command.go:185:       [32m+[0m[0m iam_instance_profile                 = "tt-4ff3-spoke_vm_instance_profile"
TestIdempotence 2025-08-19T14:55:15+02:00 command.go:185:       [32m+[0m[0m id                                   = (known after apply)
TestIdempotence 2025-08-19T14:55:15+02:00 command.go:185:       [32m+[0m[0m instance_initiated_shutdown_behavior = (known after apply)
TestIdempotence 2025-08-19T14:55:15+02:00 command.go:185:       [32m+[0m[0m instance_lifecycle                   = (known after apply)
TestIdempotence 2025-08-19T14:55:15+02:00 command.go:185:       [32m+[0m[0m instance_state                       = (known after apply)
TestIdempotence 2025-08-19T14:55:15+02:00 command.go:185:       [32m+[0m[0m instance_type                        = "t2.micro"
TestIdempotence 2025-08-19T14:55:15+02:00 command.go:185:       [32m+[0m[0m ipv6_address_count                   = (known after apply)
TestIdempotence 2025-08-19T14:55:15+02:00 command.go:185:       [32m+[0m[0m ipv6_addresses                       = (known after apply)
TestIdempotence 2025-08-19T14:55:15+02:00 command.go:185:       [32m+[0m[0m key_name                             = "test-ssh-key"
TestIdempotence 2025-08-19T14:55:15+02:00 command.go:185:       [32m+[0m[0m monitoring                           = (known after apply)
TestIdempotence 2025-08-19T14:55:15+02:00 command.go:185:       [32m+[0m[0m outpost_arn                          = (known after apply)
TestIdempotence 2025-08-19T14:55:15+02:00 command.go:185:       [32m+[0m[0m password_data                        = (known after apply)
TestIdempotence 2025-08-19T14:55:15+02:00 command.go:185:       [32m+[0m[0m placement_group                      = (known after apply)
TestIdempotence 2025-08-19T14:55:15+02:00 command.go:185:       [32m+[0m[0m placement_partition_number           = (known after apply)
TestIdempotence 2025-08-19T14:55:15+02:00 command.go:185:       [32m+[0m[0m primary_network_interface_id         = (known after apply)
TestIdempotence 2025-08-19T14:55:15+02:00 command.go:185:       [32m+[0m[0m private_dns                          = (known after apply)
TestIdempotence 2025-08-19T14:55:15+02:00 command.go:185:       [32m+[0m[0m private_ip                           = (known after apply)
TestIdempotence 2025-08-19T14:55:15+02:00 command.go:185:       [32m+[0m[0m public_dns                           = (known after apply)
TestIdempotence 2025-08-19T14:55:15+02:00 command.go:185:       [32m+[0m[0m public_ip                            = (known after apply)
TestIdempotence 2025-08-19T14:55:15+02:00 command.go:185:       [32m+[0m[0m secondary_private_ips                = (known after apply)
TestIdempotence 2025-08-19T14:55:15+02:00 command.go:185:       [32m+[0m[0m security_groups                      = (known after apply)
TestIdempotence 2025-08-19T14:55:15+02:00 command.go:185:       [32m+[0m[0m source_dest_check                    = true
TestIdempotence 2025-08-19T14:55:15+02:00 command.go:185:       [32m+[0m[0m spot_instance_request_id             = (known after apply)
TestIdempotence 2025-08-19T14:55:15+02:00 command.go:185:       [32m+[0m[0m subnet_id                            = (known after apply)
TestIdempotence 2025-08-19T14:55:15+02:00 command.go:185:       [32m+[0m[0m tags                                 = {
TestIdempotence 2025-08-19T14:55:15+02:00 command.go:185:           [32m+[0m[0m "Application" = "Palo Alto Networks VM-Series NGFW"
TestIdempotence 2025-08-19T14:55:15+02:00 command.go:185:           [32m+[0m[0m "ManagedBy"   = "terraform"
TestIdempotence 2025-08-19T14:55:15+02:00 command.go:185:           [32m+[0m[0m "Name"        = "tt-4ff3-app2_vm01"
TestIdempotence 2025-08-19T14:55:15+02:00 command.go:185:           [32m+[0m[0m "Owner"       = "PS Team"
TestIdempotence 2025-08-19T14:55:15+02:00 command.go:185:         }
TestIdempotence 2025-08-19T14:55:15+02:00 command.go:185:       [32m+[0m[0m tags_all                             = {
TestIdempotence 2025-08-19T14:55:15+02:00 command.go:185:           [32m+[0m[0m "Application" = "Palo Alto Networks VM-Series NGFW"
TestIdempotence 2025-08-19T14:55:15+02:00 command.go:185:           [32m+[0m[0m "ManagedBy"   = "terraform"
TestIdempotence 2025-08-19T14:55:15+02:00 command.go:185:           [32m+[0m[0m "Name"        = "tt-4ff3-app2_vm01"
TestIdempotence 2025-08-19T14:55:15+02:00 command.go:185:           [32m+[0m[0m "Owner"       = "PS Team"
TestIdempotence 2025-08-19T14:55:15+02:00 command.go:185:         }
TestIdempotence 2025-08-19T14:55:15+02:00 command.go:185:       [32m+[0m[0m tenancy                              = (known after apply)
TestIdempotence 2025-08-19T14:55:15+02:00 command.go:185:       [32m+[0m[0m user_data                            = "904d36fef59f724926ae41f384fbc8a2bf155ceb"
TestIdempotence 2025-08-19T14:55:15+02:00 command.go:185:       [32m+[0m[0m user_data_base64                     = (known after apply)
TestIdempotence 2025-08-19T14:55:15+02:00 command.go:185:       [32m+[0m[0m user_data_replace_on_change          = false
TestIdempotence 2025-08-19T14:55:15+02:00 command.go:185:       [32m+[0m[0m vpc_security_group_ids               = (known after apply)
TestIdempotence 2025-08-19T14:55:15+02:00 command.go:185: 
TestIdempotence 2025-08-19T14:55:15+02:00 command.go:185:       [32m+[0m[0m capacity_reservation_specification (known after apply)
TestIdempotence 2025-08-19T14:55:15+02:00 command.go:185: 
TestIdempotence 2025-08-19T14:55:15+02:00 command.go:185:       [32m+[0m[0m cpu_options (known after apply)
TestIdempotence 2025-08-19T14:55:15+02:00 command.go:185: 
TestIdempotence 2025-08-19T14:55:15+02:00 command.go:185:       [32m+[0m[0m ebs_block_device (known after apply)
TestIdempotence 2025-08-19T14:55:15+02:00 command.go:185: 
TestIdempotence 2025-08-19T14:55:15+02:00 command.go:185:       [32m+[0m[0m enclave_options (known after apply)
TestIdempotence 2025-08-19T14:55:15+02:00 command.go:185: 
TestIdempotence 2025-08-19T14:55:15+02:00 command.go:185:       [32m+[0m[0m ephemeral_block_device (known after apply)
TestIdempotence 2025-08-19T14:55:15+02:00 command.go:185: 
TestIdempotence 2025-08-19T14:55:15+02:00 command.go:185:       [32m+[0m[0m instance_market_options (known after apply)
TestIdempotence 2025-08-19T14:55:15+02:00 command.go:185: 
TestIdempotence 2025-08-19T14:55:15+02:00 command.go:185:       [32m+[0m[0m maintenance_options (known after apply)
TestIdempotence 2025-08-19T14:55:15+02:00 command.go:185: 
TestIdempotence 2025-08-19T14:55:15+02:00 command.go:185:       [32m+[0m[0m metadata_options {
TestIdempotence 2025-08-19T14:55:15+02:00 command.go:185:           [32m+[0m[0m http_endpoint               = "enabled"
TestIdempotence 2025-08-19T14:55:15+02:00 command.go:185:           [32m+[0m[0m http_protocol_ipv6          = "disabled"
TestIdempotence 2025-08-19T14:55:15+02:00 command.go:185:           [32m+[0m[0m http_put_response_hop_limit = (known after apply)
TestIdempotence 2025-08-19T14:55:15+02:00 command.go:185:           [32m+[0m[0m http_tokens                 = "required"
TestIdempotence 2025-08-19T14:55:15+02:00 command.go:185:           [32m+[0m[0m instance_metadata_tags      = (known after apply)
TestIdempotence 2025-08-19T14:55:15+02:00 command.go:185:         }
TestIdempotence 2025-08-19T14:55:15+02:00 command.go:185: 
TestIdempotence 2025-08-19T14:55:15+02:00 command.go:185:       [32m+[0m[0m network_interface (known after apply)
TestIdempotence 2025-08-19T14:55:15+02:00 command.go:185: 
TestIdempotence 2025-08-19T14:55:15+02:00 command.go:185:       [32m+[0m[0m private_dns_name_options (known after apply)
TestIdempotence 2025-08-19T14:55:15+02:00 command.go:185: 
TestIdempotence 2025-08-19T14:55:15+02:00 command.go:185:       [32m+[0m[0m root_block_device {
TestIdempotence 2025-08-19T14:55:15+02:00 command.go:185:           [32m+[0m[0m delete_on_termination = true
TestIdempotence 2025-08-19T14:55:15+02:00 command.go:185:           [32m+[0m[0m device_name           = (known after apply)
TestIdempotence 2025-08-19T14:55:15+02:00 command.go:185:           [32m+[0m[0m encrypted             = true
TestIdempotence 2025-08-19T14:55:15+02:00 command.go:185:           [32m+[0m[0m iops                  = (known after apply)
TestIdempotence 2025-08-19T14:55:15+02:00 command.go:185:           [32m+[0m[0m kms_key_id            = "arn:aws:kms:eu-west-1:751512424814:key/c5f4fae7-65ef-4850-9a17-14ff219e109c"
TestIdempotence 2025-08-19T14:55:15+02:00 command.go:185:           [32m+[0m[0m tags_all              = (known after apply)
TestIdempotence 2025-08-19T14:55:15+02:00 command.go:185:           [32m+[0m[0m throughput            = (known after apply)
TestIdempotence 2025-08-19T14:55:15+02:00 command.go:185:           [32m+[0m[0m volume_id             = (known after apply)
TestIdempotence 2025-08-19T14:55:15+02:00 command.go:185:           [32m+[0m[0m volume_size           = (known after apply)
TestIdempotence 2025-08-19T14:55:15+02:00 command.go:185:           [32m+[0m[0m volume_type           = (known after apply)
TestIdempotence 2025-08-19T14:55:15+02:00 command.go:185:         }
TestIdempotence 2025-08-19T14:55:15+02:00 command.go:185:     }
TestIdempotence 2025-08-19T14:55:15+02:00 command.go:185: 
TestIdempotence 2025-08-19T14:55:15+02:00 command.go:185: [1m  # aws_instance.spoke_vms["app2_vm02"][0m will be created
TestIdempotence 2025-08-19T14:55:15+02:00 command.go:185: [0m  [32m+[0m[0m resource "aws_instance" "spoke_vms" {
TestIdempotence 2025-08-19T14:55:15+02:00 command.go:185:       [32m+[0m[0m ami                                  = "ami-07cb1aa266ef8b45d"
TestIdempotence 2025-08-19T14:55:15+02:00 command.go:185:       [32m+[0m[0m arn                                  = (known after apply)
TestIdempotence 2025-08-19T14:55:15+02:00 command.go:185:       [32m+[0m[0m associate_public_ip_address          = (known after apply)
TestIdempotence 2025-08-19T14:55:15+02:00 command.go:185:       [32m+[0m[0m availability_zone                    = (known after apply)
TestIdempotence 2025-08-19T14:55:15+02:00 command.go:185:       [32m+[0m[0m cpu_core_count                       = (known after apply)
TestIdempotence 2025-08-19T14:55:15+02:00 command.go:185:       [32m+[0m[0m cpu_threads_per_core                 = (known after apply)
TestIdempotence 2025-08-19T14:55:15+02:00 command.go:185:       [32m+[0m[0m disable_api_stop                     = (known after apply)
TestIdempotence 2025-08-19T14:55:15+02:00 command.go:185:       [32m+[0m[0m disable_api_termination              = (known after apply)
TestIdempotence 2025-08-19T14:55:15+02:00 command.go:185:       [32m+[0m[0m ebs_optimized                        = (known after apply)
TestIdempotence 2025-08-19T14:55:15+02:00 command.go:185:       [32m+[0m[0m enable_primary_ipv6                  = (known after apply)
TestIdempotence 2025-08-19T14:55:15+02:00 command.go:185:       [32m+[0m[0m get_password_data                    = false
TestIdempotence 2025-08-19T14:55:15+02:00 command.go:185:       [32m+[0m[0m host_id                              = (known after apply)
TestIdempotence 2025-08-19T14:55:15+02:00 command.go:185:       [32m+[0m[0m host_resource_group_arn              = (known after apply)
TestIdempotence 2025-08-19T14:55:15+02:00 command.go:185:       [32m+[0m[0m iam_instance_profile                 = "tt-4ff3-spoke_vm_instance_profile"
TestIdempotence 2025-08-19T14:55:15+02:00 command.go:185:       [32m+[0m[0m id                                   = (known after apply)
TestIdempotence 2025-08-19T14:55:15+02:00 command.go:185:       [32m+[0m[0m instance_initiated_shutdown_behavior = (known after apply)
TestIdempotence 2025-08-19T14:55:15+02:00 command.go:185:       [32m+[0m[0m instance_lifecycle                   = (known after apply)
TestIdempotence 2025-08-19T14:55:15+02:00 command.go:185:       [32m+[0m[0m instance_state                       = (known after apply)
TestIdempotence 2025-08-19T14:55:15+02:00 command.go:185:       [32m+[0m[0m instance_type                        = "t2.micro"
TestIdempotence 2025-08-19T14:55:15+02:00 command.go:185:       [32m+[0m[0m ipv6_address_count                   = (known after apply)
TestIdempotence 2025-08-19T14:55:15+02:00 command.go:185:       [32m+[0m[0m ipv6_addresses                       = (known after apply)
TestIdempotence 2025-08-19T14:55:15+02:00 command.go:185:       [32m+[0m[0m key_name                             = "test-ssh-key"
TestIdempotence 2025-08-19T14:55:15+02:00 command.go:185:       [32m+[0m[0m monitoring                           = (known after apply)
TestIdempotence 2025-08-19T14:55:15+02:00 command.go:185:       [32m+[0m[0m outpost_arn                          = (known after apply)
TestIdempotence 2025-08-19T14:55:15+02:00 command.go:185:       [32m+[0m[0m password_data                        = (known after apply)
TestIdempotence 2025-08-19T14:55:15+02:00 command.go:185:       [32m+[0m[0m placement_group                      = (known after apply)
TestIdempotence 2025-08-19T14:55:15+02:00 command.go:185:       [32m+[0m[0m placement_partition_number           = (known after apply)
TestIdempotence 2025-08-19T14:55:15+02:00 command.go:185:       [32m+[0m[0m primary_network_interface_id         = (known after apply)
TestIdempotence 2025-08-19T14:55:15+02:00 command.go:185:       [32m+[0m[0m private_dns                          = (known after apply)
TestIdempotence 2025-08-19T14:55:15+02:00 command.go:185:       [32m+[0m[0m private_ip                           = (known after apply)
TestIdempotence 2025-08-19T14:55:15+02:00 command.go:185:       [32m+[0m[0m public_dns                           = (known after apply)
TestIdempotence 2025-08-19T14:55:15+02:00 command.go:185:       [32m+[0m[0m public_ip                            = (known after apply)
TestIdempotence 2025-08-19T14:55:15+02:00 command.go:185:       [32m+[0m[0m secondary_private_ips                = (known after apply)
TestIdempotence 2025-08-19T14:55:15+02:00 command.go:185:       [32m+[0m[0m security_groups                      = (known after apply)
TestIdempotence 2025-08-19T14:55:15+02:00 command.go:185:       [32m+[0m[0m source_dest_check                    = true
TestIdempotence 2025-08-19T14:55:15+02:00 command.go:185:       [32m+[0m[0m spot_instance_request_id             = (known after apply)
TestIdempotence 2025-08-19T14:55:15+02:00 command.go:185:       [32m+[0m[0m subnet_id                            = (known after apply)
TestIdempotence 2025-08-19T14:55:15+02:00 command.go:185:       [32m+[0m[0m tags                                 = {
TestIdempotence 2025-08-19T14:55:15+02:00 command.go:185:           [32m+[0m[0m "Application" = "Palo Alto Networks VM-Series NGFW"
TestIdempotence 2025-08-19T14:55:15+02:00 command.go:185:           [32m+[0m[0m "ManagedBy"   = "terraform"
TestIdempotence 2025-08-19T14:55:15+02:00 command.go:185:           [32m+[0m[0m "Name"        = "tt-4ff3-app2_vm02"
TestIdempotence 2025-08-19T14:55:15+02:00 command.go:185:           [32m+[0m[0m "Owner"       = "PS Team"
TestIdempotence 2025-08-19T14:55:15+02:00 command.go:185:         }
TestIdempotence 2025-08-19T14:55:15+02:00 command.go:185:       [32m+[0m[0m tags_all                             = {
TestIdempotence 2025-08-19T14:55:15+02:00 command.go:185:           [32m+[0m[0m "Application" = "Palo Alto Networks VM-Series NGFW"
TestIdempotence 2025-08-19T14:55:15+02:00 command.go:185:           [32m+[0m[0m "ManagedBy"   = "terraform"
TestIdempotence 2025-08-19T14:55:15+02:00 command.go:185:           [32m+[0m[0m "Name"        = "tt-4ff3-app2_vm02"
TestIdempotence 2025-08-19T14:55:15+02:00 command.go:185:           [32m+[0m[0m "Owner"       = "PS Team"
TestIdempotence 2025-08-19T14:55:15+02:00 command.go:185:         }
TestIdempotence 2025-08-19T14:55:15+02:00 command.go:185:       [32m+[0m[0m tenancy                              = (known after apply)
TestIdempotence 2025-08-19T14:55:15+02:00 command.go:185:       [32m+[0m[0m user_data                            = "904d36fef59f724926ae41f384fbc8a2bf155ceb"
TestIdempotence 2025-08-19T14:55:15+02:00 command.go:185:       [32m+[0m[0m user_data_base64                     = (known after apply)
TestIdempotence 2025-08-19T14:55:15+02:00 command.go:185:       [32m+[0m[0m user_data_replace_on_change          = false
TestIdempotence 2025-08-19T14:55:15+02:00 command.go:185:       [32m+[0m[0m vpc_security_group_ids               = (known after apply)
TestIdempotence 2025-08-19T14:55:15+02:00 command.go:185: 
TestIdempotence 2025-08-19T14:55:15+02:00 command.go:185:       [32m+[0m[0m capacity_reservation_specification (known after apply)
TestIdempotence 2025-08-19T14:55:15+02:00 command.go:185: 
TestIdempotence 2025-08-19T14:55:15+02:00 command.go:185:       [32m+[0m[0m cpu_options (known after apply)
TestIdempotence 2025-08-19T14:55:15+02:00 command.go:185: 
TestIdempotence 2025-08-19T14:55:15+02:00 command.go:185:       [32m+[0m[0m ebs_block_device (known after apply)
TestIdempotence 2025-08-19T14:55:15+02:00 command.go:185: 
TestIdempotence 2025-08-19T14:55:15+02:00 command.go:185:       [32m+[0m[0m enclave_options (known after apply)
TestIdempotence 2025-08-19T14:55:15+02:00 command.go:185: 
TestIdempotence 2025-08-19T14:55:15+02:00 command.go:185:       [32m+[0m[0m ephemeral_block_device (known after apply)
TestIdempotence 2025-08-19T14:55:15+02:00 command.go:185: 
TestIdempotence 2025-08-19T14:55:15+02:00 command.go:185:       [32m+[0m[0m instance_market_options (known after apply)
TestIdempotence 2025-08-19T14:55:15+02:00 command.go:185: 
TestIdempotence 2025-08-19T14:55:15+02:00 command.go:185:       [32m+[0m[0m maintenance_options (known after apply)
TestIdempotence 2025-08-19T14:55:15+02:00 command.go:185: 
TestIdempotence 2025-08-19T14:55:15+02:00 command.go:185:       [32m+[0m[0m metadata_options {
TestIdempotence 2025-08-19T14:55:15+02:00 command.go:185:           [32m+[0m[0m http_endpoint               = "enabled"
TestIdempotence 2025-08-19T14:55:15+02:00 command.go:185:           [32m+[0m[0m http_protocol_ipv6          = "disabled"
TestIdempotence 2025-08-19T14:55:15+02:00 command.go:185:           [32m+[0m[0m http_put_response_hop_limit = (known after apply)
TestIdempotence 2025-08-19T14:55:15+02:00 command.go:185:           [32m+[0m[0m http_tokens                 = "required"
TestIdempotence 2025-08-19T14:55:15+02:00 command.go:185:           [32m+[0m[0m instance_metadata_tags      = (known after apply)
TestIdempotence 2025-08-19T14:55:15+02:00 command.go:185:         }
TestIdempotence 2025-08-19T14:55:15+02:00 command.go:185: 
TestIdempotence 2025-08-19T14:55:15+02:00 command.go:185:       [32m+[0m[0m network_interface (known after apply)
TestIdempotence 2025-08-19T14:55:15+02:00 command.go:185: 
TestIdempotence 2025-08-19T14:55:15+02:00 command.go:185:       [32m+[0m[0m private_dns_name_options (known after apply)
TestIdempotence 2025-08-19T14:55:15+02:00 command.go:185: 
TestIdempotence 2025-08-19T14:55:15+02:00 command.go:185:       [32m+[0m[0m root_block_device {
TestIdempotence 2025-08-19T14:55:15+02:00 command.go:185:           [32m+[0m[0m delete_on_termination = true
TestIdempotence 2025-08-19T14:55:15+02:00 command.go:185:           [32m+[0m[0m device_name           = (known after apply)
TestIdempotence 2025-08-19T14:55:15+02:00 command.go:185:           [32m+[0m[0m encrypted             = true
TestIdempotence 2025-08-19T14:55:15+02:00 command.go:185:           [32m+[0m[0m iops                  = (known after apply)
TestIdempotence 2025-08-19T14:55:15+02:00 command.go:185:           [32m+[0m[0m kms_key_id            = "arn:aws:kms:eu-west-1:751512424814:key/c5f4fae7-65ef-4850-9a17-14ff219e109c"
TestIdempotence 2025-08-19T14:55:15+02:00 command.go:185:           [32m+[0m[0m tags_all              = (known after apply)
TestIdempotence 2025-08-19T14:55:15+02:00 command.go:185:           [32m+[0m[0m throughput            = (known after apply)
TestIdempotence 2025-08-19T14:55:15+02:00 command.go:185:           [32m+[0m[0m volume_id             = (known after apply)
TestIdempotence 2025-08-19T14:55:15+02:00 command.go:185:           [32m+[0m[0m volume_size           = (known after apply)
TestIdempotence 2025-08-19T14:55:15+02:00 command.go:185:           [32m+[0m[0m volume_type           = (known after apply)
TestIdempotence 2025-08-19T14:55:15+02:00 command.go:185:         }
TestIdempotence 2025-08-19T14:55:15+02:00 command.go:185:     }
TestIdempotence 2025-08-19T14:55:15+02:00 command.go:185: 
TestIdempotence 2025-08-19T14:55:15+02:00 command.go:185: [1m  # aws_lb_target_group_attachment.this["vmseries-01"][0m will be created
TestIdempotence 2025-08-19T14:55:15+02:00 command.go:185: [0m  [32m+[0m[0m resource "aws_lb_target_group_attachment" "this" {
TestIdempotence 2025-08-19T14:55:15+02:00 command.go:185:       [32m+[0m[0m id               = (known after apply)
TestIdempotence 2025-08-19T14:55:15+02:00 command.go:185:       [32m+[0m[0m target_group_arn = (known after apply)
TestIdempotence 2025-08-19T14:55:15+02:00 command.go:185:       [32m+[0m[0m target_id        = (known after apply)
TestIdempotence 2025-08-19T14:55:15+02:00 command.go:185:     }
TestIdempotence 2025-08-19T14:55:15+02:00 command.go:185: 
TestIdempotence 2025-08-19T14:55:15+02:00 command.go:185: [1m  # aws_lb_target_group_attachment.this["vmseries-02"][0m will be created
TestIdempotence 2025-08-19T14:55:15+02:00 command.go:185: [0m  [32m+[0m[0m resource "aws_lb_target_group_attachment" "this" {
TestIdempotence 2025-08-19T14:55:15+02:00 command.go:185:       [32m+[0m[0m id               = (known after apply)
TestIdempotence 2025-08-19T14:55:15+02:00 command.go:185:       [32m+[0m[0m target_group_arn = (known after apply)
TestIdempotence 2025-08-19T14:55:15+02:00 command.go:185:       [32m+[0m[0m target_id        = (known after apply)
TestIdempotence 2025-08-19T14:55:15+02:00 command.go:185:     }
TestIdempotence 2025-08-19T14:55:15+02:00 command.go:185: 
TestIdempotence 2025-08-19T14:55:15+02:00 command.go:185: [1m  # module.app_alb["app1-alb"].aws_lb.this[0m will be created
TestIdempotence 2025-08-19T14:55:15+02:00 command.go:185: [0m  [32m+[0m[0m resource "aws_lb" "this" {
TestIdempotence 2025-08-19T14:55:15+02:00 command.go:185:       [32m+[0m[0m arn                                                          = (known after apply)
TestIdempotence 2025-08-19T14:55:15+02:00 command.go:185:       [32m+[0m[0m arn_suffix                                                   = (known after apply)
TestIdempotence 2025-08-19T14:55:15+02:00 command.go:185:       [32m+[0m[0m client_keep_alive                                            = 3600
TestIdempotence 2025-08-19T14:55:15+02:00 command.go:185:       [32m+[0m[0m desync_mitigation_mode                                       = "defensive"
TestIdempotence 2025-08-19T14:55:15+02:00 command.go:185:       [32m+[0m[0m dns_name                                                     = (known after apply)
TestIdempotence 2025-08-19T14:55:15+02:00 command.go:185:       [32m+[0m[0m drop_invalid_header_fields                                   = true
TestIdempotence 2025-08-19T14:55:15+02:00 command.go:185:       [32m+[0m[0m enable_deletion_protection                                   = false
TestIdempotence 2025-08-19T14:55:15+02:00 command.go:185:       [32m+[0m[0m enable_http2                                                 = true
TestIdempotence 2025-08-19T14:55:15+02:00 command.go:185:       [32m+[0m[0m enable_tls_version_and_cipher_suite_headers                  = false
TestIdempotence 2025-08-19T14:55:15+02:00 command.go:185:       [32m+[0m[0m enable_waf_fail_open                                         = false
TestIdempotence 2025-08-19T14:55:15+02:00 command.go:185:       [32m+[0m[0m enable_xff_client_port                                       = false
TestIdempotence 2025-08-19T14:55:15+02:00 command.go:185:       [32m+[0m[0m enable_zonal_shift                                           = false
TestIdempotence 2025-08-19T14:55:15+02:00 command.go:185:       [32m+[0m[0m enforce_security_group_inbound_rules_on_private_link_traffic = (known after apply)
TestIdempotence 2025-08-19T14:55:15+02:00 command.go:185:       [32m+[0m[0m id                                                           = (known after apply)
TestIdempotence 2025-08-19T14:55:15+02:00 command.go:185:       [32m+[0m[0m idle_timeout                                                 = 30
TestIdempotence 2025-08-19T14:55:15+02:00 command.go:185:       [32m+[0m[0m internal                                                     = false
TestIdempotence 2025-08-19T14:55:15+02:00 command.go:185:       [32m+[0m[0m ip_address_type                                              = (known after apply)
TestIdempotence 2025-08-19T14:55:15+02:00 command.go:185:       [32m+[0m[0m load_balancer_type                                           = "application"
TestIdempotence 2025-08-19T14:55:15+02:00 command.go:185:       [32m+[0m[0m name                                                         = "tt-4ff3-app1-alb"
TestIdempotence 2025-08-19T14:55:15+02:00 command.go:185:       [32m+[0m[0m name_prefix                                                  = (known after apply)
TestIdempotence 2025-08-19T14:55:15+02:00 command.go:185:       [32m+[0m[0m preserve_host_header                                         = false
TestIdempotence 2025-08-19T14:55:15+02:00 command.go:185:       [32m+[0m[0m security_groups                                              = (known after apply)
TestIdempotence 2025-08-19T14:55:15+02:00 command.go:185:       [32m+[0m[0m subnets                                                      = (known after apply)
TestIdempotence 2025-08-19T14:55:15+02:00 command.go:185:       [32m+[0m[0m tags                                                         = {
TestIdempotence 2025-08-19T14:55:15+02:00 command.go:185:           [32m+[0m[0m "Application" = "Palo Alto Networks VM-Series NGFW"
TestIdempotence 2025-08-19T14:55:15+02:00 command.go:185:           [32m+[0m[0m "ManagedBy"   = "terraform"
TestIdempotence 2025-08-19T14:55:15+02:00 command.go:185:           [32m+[0m[0m "Owner"       = "PS Team"
TestIdempotence 2025-08-19T14:55:15+02:00 command.go:185:         }
TestIdempotence 2025-08-19T14:55:15+02:00 command.go:185:       [32m+[0m[0m tags_all                                                     = {
TestIdempotence 2025-08-19T14:55:15+02:00 command.go:185:           [32m+[0m[0m "Application" = "Palo Alto Networks VM-Series NGFW"
TestIdempotence 2025-08-19T14:55:15+02:00 command.go:185:           [32m+[0m[0m "ManagedBy"   = "terraform"
TestIdempotence 2025-08-19T14:55:15+02:00 command.go:185:           [32m+[0m[0m "Owner"       = "PS Team"
TestIdempotence 2025-08-19T14:55:15+02:00 command.go:185:         }
TestIdempotence 2025-08-19T14:55:15+02:00 command.go:185:       [32m+[0m[0m vpc_id                                                       = (known after apply)
TestIdempotence 2025-08-19T14:55:15+02:00 command.go:185:       [32m+[0m[0m xff_header_processing_mode                                   = "append"
TestIdempotence 2025-08-19T14:55:15+02:00 command.go:185:       [32m+[0m[0m zone_id                                                      = (known after apply)
TestIdempotence 2025-08-19T14:55:15+02:00 command.go:185: 
TestIdempotence 2025-08-19T14:55:15+02:00 command.go:185:       [32m+[0m[0m subnet_mapping (known after apply)
TestIdempotence 2025-08-19T14:55:15+02:00 command.go:185:     }
TestIdempotence 2025-08-19T14:55:15+02:00 command.go:185: 
TestIdempotence 2025-08-19T14:55:15+02:00 command.go:185: [1m  # module.app_alb["app1-alb"].aws_lb_listener.this["app1"][0m will be created
TestIdempotence 2025-08-19T14:55:15+02:00 command.go:185: [0m  [32m+[0m[0m resource "aws_lb_listener" "this" {
TestIdempotence 2025-08-19T14:55:15+02:00 command.go:185:       [32m+[0m[0m arn                                                                   = (known after apply)
TestIdempotence 2025-08-19T14:55:15+02:00 command.go:185:       [32m+[0m[0m id                                                                    = (known after apply)
TestIdempotence 2025-08-19T14:55:15+02:00 command.go:185:       [32m+[0m[0m load_balancer_arn                                                     = (known after apply)
TestIdempotence 2025-08-19T14:55:15+02:00 command.go:185:       [32m+[0m[0m port                                                                  = 80
TestIdempotence 2025-08-19T14:55:15+02:00 command.go:185:       [32m+[0m[0m protocol                                                              = "HTTP"
TestIdempotence 2025-08-19T14:55:15+02:00 command.go:185:       [32m+[0m[0m routing_http_request_x_amzn_mtls_clientcert_header_name               = (known after apply)
TestIdempotence 2025-08-19T14:55:15+02:00 command.go:185:       [32m+[0m[0m routing_http_request_x_amzn_mtls_clientcert_issuer_header_name        = (known after apply)
TestIdempotence 2025-08-19T14:55:15+02:00 command.go:185:       [32m+[0m[0m routing_http_request_x_amzn_mtls_clientcert_leaf_header_name          = (known after apply)
TestIdempotence 2025-08-19T14:55:15+02:00 command.go:185:       [32m+[0m[0m routing_http_request_x_amzn_mtls_clientcert_serial_number_header_name = (known after apply)
TestIdempotence 2025-08-19T14:55:15+02:00 command.go:185:       [32m+[0m[0m routing_http_request_x_amzn_mtls_clientcert_subject_header_name       = (known after apply)
TestIdempotence 2025-08-19T14:55:15+02:00 command.go:185:       [32m+[0m[0m routing_http_request_x_amzn_mtls_clientcert_validity_header_name      = (known after apply)
TestIdempotence 2025-08-19T14:55:15+02:00 command.go:185:       [32m+[0m[0m routing_http_request_x_amzn_tls_cipher_suite_header_name              = (known after apply)
TestIdempotence 2025-08-19T14:55:15+02:00 command.go:185:       [32m+[0m[0m routing_http_request_x_amzn_tls_version_header_name                   = (known after apply)
TestIdempotence 2025-08-19T14:55:15+02:00 command.go:185:       [32m+[0m[0m routing_http_response_access_control_allow_credentials_header_value   = (known after apply)
TestIdempotence 2025-08-19T14:55:15+02:00 command.go:185:       [32m+[0m[0m routing_http_response_access_control_allow_headers_header_value       = (known after apply)
TestIdempotence 2025-08-19T14:55:15+02:00 command.go:185:       [32m+[0m[0m routing_http_response_access_control_allow_methods_header_value       = (known after apply)
TestIdempotence 2025-08-19T14:55:15+02:00 command.go:185:       [32m+[0m[0m routing_http_response_access_control_allow_origin_header_value        = (known after apply)
TestIdempotence 2025-08-19T14:55:15+02:00 command.go:185:       [32m+[0m[0m routing_http_response_access_control_expose_headers_header_value      = (known after apply)
TestIdempotence 2025-08-19T14:55:15+02:00 command.go:185:       [32m+[0m[0m routing_http_response_access_control_max_age_header_value             = (known after apply)
TestIdempotence 2025-08-19T14:55:15+02:00 command.go:185:       [32m+[0m[0m routing_http_response_content_security_policy_header_value            = (known after apply)
TestIdempotence 2025-08-19T14:55:15+02:00 command.go:185:       [32m+[0m[0m routing_http_response_server_enabled                                  = (known after apply)
TestIdempotence 2025-08-19T14:55:15+02:00 command.go:185:       [32m+[0m[0m routing_http_response_strict_transport_security_header_value          = (known after apply)
TestIdempotence 2025-08-19T14:55:15+02:00 command.go:185:       [32m+[0m[0m routing_http_response_x_content_type_options_header_value             = (known after apply)
TestIdempotence 2025-08-19T14:55:15+02:00 command.go:185:       [32m+[0m[0m routing_http_response_x_frame_options_header_value                    = (known after apply)
TestIdempotence 2025-08-19T14:55:15+02:00 command.go:185:       [32m+[0m[0m ssl_policy                                                            = (known after apply)
TestIdempotence 2025-08-19T14:55:15+02:00 command.go:185:       [32m+[0m[0m tags                                                                  = {
TestIdempotence 2025-08-19T14:55:15+02:00 command.go:185:           [32m+[0m[0m "Application" = "Palo Alto Networks VM-Series NGFW"
TestIdempotence 2025-08-19T14:55:15+02:00 command.go:185:           [32m+[0m[0m "ManagedBy"   = "terraform"
TestIdempotence 2025-08-19T14:55:15+02:00 command.go:185:           [32m+[0m[0m "Owner"       = "PS Team"
TestIdempotence 2025-08-19T14:55:15+02:00 command.go:185:           [32m+[0m[0m "name"        = "app1"
TestIdempotence 2025-08-19T14:55:15+02:00 command.go:185:         }
TestIdempotence 2025-08-19T14:55:15+02:00 command.go:185:       [32m+[0m[0m tags_all                                                              = {
TestIdempotence 2025-08-19T14:55:15+02:00 command.go:185:           [32m+[0m[0m "Application" = "Palo Alto Networks VM-Series NGFW"
TestIdempotence 2025-08-19T14:55:15+02:00 command.go:185:           [32m+[0m[0m "ManagedBy"   = "terraform"
TestIdempotence 2025-08-19T14:55:15+02:00 command.go:185:           [32m+[0m[0m "Owner"       = "PS Team"
TestIdempotence 2025-08-19T14:55:15+02:00 command.go:185:           [32m+[0m[0m "name"        = "app1"
TestIdempotence 2025-08-19T14:55:15+02:00 command.go:185:         }
TestIdempotence 2025-08-19T14:55:15+02:00 command.go:185:       [32m+[0m[0m tcp_idle_timeout_seconds                                              = (known after apply)
TestIdempotence 2025-08-19T14:55:15+02:00 command.go:185: 
TestIdempotence 2025-08-19T14:55:15+02:00 command.go:185:       [32m+[0m[0m default_action {
TestIdempotence 2025-08-19T14:55:15+02:00 command.go:185:           [32m+[0m[0m order = (known after apply)
TestIdempotence 2025-08-19T14:55:15+02:00 command.go:185:           [32m+[0m[0m type  = "fixed-response"
TestIdempotence 2025-08-19T14:55:15+02:00 command.go:185: 
TestIdempotence 2025-08-19T14:55:15+02:00 command.go:185:           [32m+[0m[0m fixed_response {
TestIdempotence 2025-08-19T14:55:15+02:00 command.go:185:               [32m+[0m[0m content_type = "text/plain"
TestIdempotence 2025-08-19T14:55:15+02:00 command.go:185:               [32m+[0m[0m status_code  = "503"
TestIdempotence 2025-08-19T14:55:15+02:00 command.go:185:             }
TestIdempotence 2025-08-19T14:55:15+02:00 command.go:185:         }
TestIdempotence 2025-08-19T14:55:15+02:00 command.go:185: 
TestIdempotence 2025-08-19T14:55:15+02:00 command.go:185:       [32m+[0m[0m mutual_authentication (known after apply)
TestIdempotence 2025-08-19T14:55:15+02:00 command.go:185:     }
TestIdempotence 2025-08-19T14:55:15+02:00 command.go:185: 
TestIdempotence 2025-08-19T14:55:15+02:00 command.go:185: [1m  # module.app_alb["app1-alb"].aws_lb_listener_rule.this["app1-1"][0m will be created
TestIdempotence 2025-08-19T14:55:15+02:00 command.go:185: [0m  [32m+[0m[0m resource "aws_lb_listener_rule" "this" {
TestIdempotence 2025-08-19T14:55:15+02:00 command.go:185:       [32m+[0m[0m arn          = (known after apply)
TestIdempotence 2025-08-19T14:55:15+02:00 command.go:185:       [32m+[0m[0m id           = (known after apply)
TestIdempotence 2025-08-19T14:55:15+02:00 command.go:185:       [32m+[0m[0m listener_arn = (known after apply)
TestIdempotence 2025-08-19T14:55:15+02:00 command.go:185:       [32m+[0m[0m priority     = 1
TestIdempotence 2025-08-19T14:55:15+02:00 command.go:185:       [32m+[0m[0m tags_all     = (known after apply)
TestIdempotence 2025-08-19T14:55:15+02:00 command.go:185: 
TestIdempotence 2025-08-19T14:55:15+02:00 command.go:185:       [32m+[0m[0m action {
TestIdempotence 2025-08-19T14:55:15+02:00 command.go:185:           [32m+[0m[0m order            = (known after apply)
TestIdempotence 2025-08-19T14:55:15+02:00 command.go:185:           [32m+[0m[0m target_group_arn = (known after apply)
TestIdempotence 2025-08-19T14:55:15+02:00 command.go:185:           [32m+[0m[0m type             = "forward"
TestIdempotence 2025-08-19T14:55:15+02:00 command.go:185:         }
TestIdempotence 2025-08-19T14:55:15+02:00 command.go:185: 
TestIdempotence 2025-08-19T14:55:15+02:00 command.go:185:       [32m+[0m[0m condition {
TestIdempotence 2025-08-19T14:55:15+02:00 command.go:185:           [32m+[0m[0m path_pattern {
TestIdempotence 2025-08-19T14:55:15+02:00 command.go:185:               [32m+[0m[0m values = [
TestIdempotence 2025-08-19T14:55:15+02:00 command.go:185:                   [32m+[0m[0m "/",
TestIdempotence 2025-08-19T14:55:15+02:00 command.go:185:                 ]
TestIdempotence 2025-08-19T14:55:15+02:00 command.go:185:             }
TestIdempotence 2025-08-19T14:55:15+02:00 command.go:185:         }
TestIdempotence 2025-08-19T14:55:15+02:00 command.go:185:     }
TestIdempotence 2025-08-19T14:55:15+02:00 command.go:185: 
TestIdempotence 2025-08-19T14:55:15+02:00 command.go:185: [1m  # module.app_alb["app1-alb"].aws_lb_target_group.this["app1-80"][0m will be created
TestIdempotence 2025-08-19T14:55:15+02:00 command.go:185: [0m  [32m+[0m[0m resource "aws_lb_target_group" "this" {
TestIdempotence 2025-08-19T14:55:15+02:00 command.go:185:       [32m+[0m[0m arn                                = (known after apply)
TestIdempotence 2025-08-19T14:55:15+02:00 command.go:185:       [32m+[0m[0m arn_suffix                         = (known after apply)
TestIdempotence 2025-08-19T14:55:15+02:00 command.go:185:       [32m+[0m[0m connection_termination             = (known after apply)
TestIdempotence 2025-08-19T14:55:15+02:00 command.go:185:       [32m+[0m[0m deregistration_delay               = "300"
TestIdempotence 2025-08-19T14:55:15+02:00 command.go:185:       [32m+[0m[0m id                                 = (known after apply)
TestIdempotence 2025-08-19T14:55:15+02:00 command.go:185:       [32m+[0m[0m ip_address_type                    = (known after apply)
TestIdempotence 2025-08-19T14:55:15+02:00 command.go:185:       [32m+[0m[0m lambda_multi_value_headers_enabled = false
TestIdempotence 2025-08-19T14:55:15+02:00 command.go:185:       [32m+[0m[0m load_balancer_arns                 = (known after apply)
TestIdempotence 2025-08-19T14:55:15+02:00 command.go:185:       [32m+[0m[0m load_balancing_algorithm_type      = "round_robin"
TestIdempotence 2025-08-19T14:55:15+02:00 command.go:185:       [32m+[0m[0m load_balancing_anomaly_mitigation  = (known after apply)
TestIdempotence 2025-08-19T14:55:15+02:00 command.go:185:       [32m+[0m[0m load_balancing_cross_zone_enabled  = (known after apply)
TestIdempotence 2025-08-19T14:55:15+02:00 command.go:185:       [32m+[0m[0m name                               = "tt-4ff3-app1-alb-app1-80"
TestIdempotence 2025-08-19T14:55:15+02:00 command.go:185:       [32m+[0m[0m name_prefix                        = (known after apply)
TestIdempotence 2025-08-19T14:55:15+02:00 command.go:185:       [32m+[0m[0m port                               = 80
TestIdempotence 2025-08-19T14:55:15+02:00 command.go:185:       [32m+[0m[0m preserve_client_ip                 = (known after apply)
TestIdempotence 2025-08-19T14:55:15+02:00 command.go:185:       [32m+[0m[0m protocol                           = "HTTP"
TestIdempotence 2025-08-19T14:55:15+02:00 command.go:185:       [32m+[0m[0m protocol_version                   = (known after apply)
TestIdempotence 2025-08-19T14:55:15+02:00 command.go:185:       [32m+[0m[0m proxy_protocol_v2                  = false
TestIdempotence 2025-08-19T14:55:15+02:00 command.go:185:       [32m+[0m[0m slow_start                         = 0
TestIdempotence 2025-08-19T14:55:15+02:00 command.go:185:       [32m+[0m[0m tags                               = {
TestIdempotence 2025-08-19T14:55:15+02:00 command.go:185:           [32m+[0m[0m "Application" = "Palo Alto Networks VM-Series NGFW"
TestIdempotence 2025-08-19T14:55:15+02:00 command.go:185:           [32m+[0m[0m "ManagedBy"   = "terraform"
TestIdempotence 2025-08-19T14:55:15+02:00 command.go:185:           [32m+[0m[0m "Owner"       = "PS Team"
TestIdempotence 2025-08-19T14:55:15+02:00 command.go:185:         }
TestIdempotence 2025-08-19T14:55:15+02:00 command.go:185:       [32m+[0m[0m tags_all                           = {
TestIdempotence 2025-08-19T14:55:15+02:00 command.go:185:           [32m+[0m[0m "Application" = "Palo Alto Networks VM-Series NGFW"
TestIdempotence 2025-08-19T14:55:15+02:00 command.go:185:           [32m+[0m[0m "ManagedBy"   = "terraform"
TestIdempotence 2025-08-19T14:55:15+02:00 command.go:185:           [32m+[0m[0m "Owner"       = "PS Team"
TestIdempotence 2025-08-19T14:55:15+02:00 command.go:185:         }
TestIdempotence 2025-08-19T14:55:15+02:00 command.go:185:       [32m+[0m[0m target_type                        = "ip"
TestIdempotence 2025-08-19T14:55:15+02:00 command.go:185:       [32m+[0m[0m vpc_id                             = (known after apply)
TestIdempotence 2025-08-19T14:55:15+02:00 command.go:185: 
TestIdempotence 2025-08-19T14:55:15+02:00 command.go:185:       [32m+[0m[0m health_check {
TestIdempotence 2025-08-19T14:55:15+02:00 command.go:185:           [32m+[0m[0m enabled             = true
TestIdempotence 2025-08-19T14:55:15+02:00 command.go:185:           [32m+[0m[0m healthy_threshold   = 3
TestIdempotence 2025-08-19T14:55:15+02:00 command.go:185:           [32m+[0m[0m interval            = 10
TestIdempotence 2025-08-19T14:55:15+02:00 command.go:185:           [32m+[0m[0m matcher             = "200"
TestIdempotence 2025-08-19T14:55:15+02:00 command.go:185:           [32m+[0m[0m path                = "/"
TestIdempotence 2025-08-19T14:55:15+02:00 command.go:185:           [32m+[0m[0m port                = "80"
TestIdempotence 2025-08-19T14:55:15+02:00 command.go:185:           [32m+[0m[0m protocol            = "HTTP"
TestIdempotence 2025-08-19T14:55:15+02:00 command.go:185:           [32m+[0m[0m timeout             = (known after apply)
TestIdempotence 2025-08-19T14:55:15+02:00 command.go:185:           [32m+[0m[0m unhealthy_threshold = 3
TestIdempotence 2025-08-19T14:55:15+02:00 command.go:185:         }
TestIdempotence 2025-08-19T14:55:15+02:00 command.go:185: 
TestIdempotence 2025-08-19T14:55:15+02:00 command.go:185:       [32m+[0m[0m stickiness (known after apply)
TestIdempotence 2025-08-19T14:55:15+02:00 command.go:185: 
TestIdempotence 2025-08-19T14:55:15+02:00 command.go:185:       [32m+[0m[0m target_failover (known after apply)
TestIdempotence 2025-08-19T14:55:15+02:00 command.go:185: 
TestIdempotence 2025-08-19T14:55:15+02:00 command.go:185:       [32m+[0m[0m target_group_health (known after apply)
TestIdempotence 2025-08-19T14:55:15+02:00 command.go:185: 
TestIdempotence 2025-08-19T14:55:15+02:00 command.go:185:       [32m+[0m[0m target_health_state (known after apply)
TestIdempotence 2025-08-19T14:55:15+02:00 command.go:185:     }
TestIdempotence 2025-08-19T14:55:15+02:00 command.go:185: 
TestIdempotence 2025-08-19T14:55:15+02:00 command.go:185: [1m  # module.app_alb["app1-alb"].aws_lb_target_group_attachment.this["app1-80-app1_vm01"][0m will be created
TestIdempotence 2025-08-19T14:55:15+02:00 command.go:185: [0m  [32m+[0m[0m resource "aws_lb_target_group_attachment" "this" {
TestIdempotence 2025-08-19T14:55:15+02:00 command.go:185:       [32m+[0m[0m id               = (known after apply)
TestIdempotence 2025-08-19T14:55:15+02:00 command.go:185:       [32m+[0m[0m port             = 80
TestIdempotence 2025-08-19T14:55:15+02:00 command.go:185:       [32m+[0m[0m target_group_arn = (known after apply)
TestIdempotence 2025-08-19T14:55:15+02:00 command.go:185:       [32m+[0m[0m target_id        = (known after apply)
TestIdempotence 2025-08-19T14:55:15+02:00 command.go:185:     }
TestIdempotence 2025-08-19T14:55:15+02:00 command.go:185: 
TestIdempotence 2025-08-19T14:55:15+02:00 command.go:185: [1m  # module.app_alb["app1-alb"].aws_lb_target_group_attachment.this["app1-80-app1_vm02"][0m will be created
TestIdempotence 2025-08-19T14:55:15+02:00 command.go:185: [0m  [32m+[0m[0m resource "aws_lb_target_group_attachment" "this" {
TestIdempotence 2025-08-19T14:55:15+02:00 command.go:185:       [32m+[0m[0m id               = (known after apply)
TestIdempotence 2025-08-19T14:55:15+02:00 command.go:185:       [32m+[0m[0m port             = 80
TestIdempotence 2025-08-19T14:55:15+02:00 command.go:185:       [32m+[0m[0m target_group_arn = (known after apply)
TestIdempotence 2025-08-19T14:55:15+02:00 command.go:185:       [32m+[0m[0m target_id        = (known after apply)
TestIdempotence 2025-08-19T14:55:15+02:00 command.go:185:     }
TestIdempotence 2025-08-19T14:55:15+02:00 command.go:185: 
TestIdempotence 2025-08-19T14:55:15+02:00 command.go:185: [1m  # module.app_alb["app2-alb"].aws_lb.this[0m will be created
TestIdempotence 2025-08-19T14:55:15+02:00 command.go:185: [0m  [32m+[0m[0m resource "aws_lb" "this" {
TestIdempotence 2025-08-19T14:55:15+02:00 command.go:185:       [32m+[0m[0m arn                                                          = (known after apply)
TestIdempotence 2025-08-19T14:55:15+02:00 command.go:185:       [32m+[0m[0m arn_suffix                                                   = (known after apply)
TestIdempotence 2025-08-19T14:55:15+02:00 command.go:185:       [32m+[0m[0m client_keep_alive                                            = 3600
TestIdempotence 2025-08-19T14:55:15+02:00 command.go:185:       [32m+[0m[0m desync_mitigation_mode                                       = "defensive"
TestIdempotence 2025-08-19T14:55:15+02:00 command.go:185:       [32m+[0m[0m dns_name                                                     = (known after apply)
TestIdempotence 2025-08-19T14:55:15+02:00 command.go:185:       [32m+[0m[0m drop_invalid_header_fields                                   = true
TestIdempotence 2025-08-19T14:55:15+02:00 command.go:185:       [32m+[0m[0m enable_deletion_protection                                   = false
TestIdempotence 2025-08-19T14:55:15+02:00 command.go:185:       [32m+[0m[0m enable_http2                                                 = true
TestIdempotence 2025-08-19T14:55:15+02:00 command.go:185:       [32m+[0m[0m enable_tls_version_and_cipher_suite_headers                  = false
TestIdempotence 2025-08-19T14:55:15+02:00 command.go:185:       [32m+[0m[0m enable_waf_fail_open                                         = false
TestIdempotence 2025-08-19T14:55:15+02:00 command.go:185:       [32m+[0m[0m enable_xff_client_port                                       = false
TestIdempotence 2025-08-19T14:55:15+02:00 command.go:185:       [32m+[0m[0m enable_zonal_shift                                           = false
TestIdempotence 2025-08-19T14:55:15+02:00 command.go:185:       [32m+[0m[0m enforce_security_group_inbound_rules_on_private_link_traffic = (known after apply)
TestIdempotence 2025-08-19T14:55:15+02:00 command.go:185:       [32m+[0m[0m id                                                           = (known after apply)
TestIdempotence 2025-08-19T14:55:15+02:00 command.go:185:       [32m+[0m[0m idle_timeout                                                 = 30
TestIdempotence 2025-08-19T14:55:15+02:00 command.go:185:       [32m+[0m[0m internal                                                     = false
TestIdempotence 2025-08-19T14:55:15+02:00 command.go:185:       [32m+[0m[0m ip_address_type                                              = (known after apply)
TestIdempotence 2025-08-19T14:55:15+02:00 command.go:185:       [32m+[0m[0m load_balancer_type                                           = "application"
TestIdempotence 2025-08-19T14:55:15+02:00 command.go:185:       [32m+[0m[0m name                                                         = "tt-4ff3-app2-alb"
TestIdempotence 2025-08-19T14:55:15+02:00 command.go:185:       [32m+[0m[0m name_prefix                                                  = (known after apply)
TestIdempotence 2025-08-19T14:55:15+02:00 command.go:185:       [32m+[0m[0m preserve_host_header                                         = false
TestIdempotence 2025-08-19T14:55:15+02:00 command.go:185:       [32m+[0m[0m security_groups                                              = (known after apply)
TestIdempotence 2025-08-19T14:55:15+02:00 command.go:185:       [32m+[0m[0m subnets                                                      = (known after apply)
TestIdempotence 2025-08-19T14:55:15+02:00 command.go:185:       [32m+[0m[0m tags                                                         = {
TestIdempotence 2025-08-19T14:55:15+02:00 command.go:185:           [32m+[0m[0m "Application" = "Palo Alto Networks VM-Series NGFW"
TestIdempotence 2025-08-19T14:55:15+02:00 command.go:185:           [32m+[0m[0m "ManagedBy"   = "terraform"
TestIdempotence 2025-08-19T14:55:15+02:00 command.go:185:           [32m+[0m[0m "Owner"       = "PS Team"
TestIdempotence 2025-08-19T14:55:15+02:00 command.go:185:         }
TestIdempotence 2025-08-19T14:55:15+02:00 command.go:185:       [32m+[0m[0m tags_all                                                     = {
TestIdempotence 2025-08-19T14:55:15+02:00 command.go:185:           [32m+[0m[0m "Application" = "Palo Alto Networks VM-Series NGFW"
TestIdempotence 2025-08-19T14:55:15+02:00 command.go:185:           [32m+[0m[0m "ManagedBy"   = "terraform"
TestIdempotence 2025-08-19T14:55:15+02:00 command.go:185:           [32m+[0m[0m "Owner"       = "PS Team"
TestIdempotence 2025-08-19T14:55:15+02:00 command.go:185:         }
TestIdempotence 2025-08-19T14:55:15+02:00 command.go:185:       [32m+[0m[0m vpc_id                                                       = (known after apply)
TestIdempotence 2025-08-19T14:55:15+02:00 command.go:185:       [32m+[0m[0m xff_header_processing_mode                                   = "append"
TestIdempotence 2025-08-19T14:55:15+02:00 command.go:185:       [32m+[0m[0m zone_id                                                      = (known after apply)
TestIdempotence 2025-08-19T14:55:15+02:00 command.go:185: 
TestIdempotence 2025-08-19T14:55:15+02:00 command.go:185:       [32m+[0m[0m subnet_mapping (known after apply)
TestIdempotence 2025-08-19T14:55:15+02:00 command.go:185:     }
TestIdempotence 2025-08-19T14:55:15+02:00 command.go:185: 
TestIdempotence 2025-08-19T14:55:15+02:00 command.go:185: [1m  # module.app_alb["app2-alb"].aws_lb_listener.this["app2"][0m will be created
TestIdempotence 2025-08-19T14:55:15+02:00 command.go:185: [0m  [32m+[0m[0m resource "aws_lb_listener" "this" {
TestIdempotence 2025-08-19T14:55:15+02:00 command.go:185:       [32m+[0m[0m arn                                                                   = (known after apply)
TestIdempotence 2025-08-19T14:55:15+02:00 command.go:185:       [32m+[0m[0m id                                                                    = (known after apply)
TestIdempotence 2025-08-19T14:55:15+02:00 command.go:185:       [32m+[0m[0m load_balancer_arn                                                     = (known after apply)
TestIdempotence 2025-08-19T14:55:15+02:00 command.go:185:       [32m+[0m[0m port                                                                  = 80
TestIdempotence 2025-08-19T14:55:15+02:00 command.go:185:       [32m+[0m[0m protocol                                                              = "HTTP"
TestIdempotence 2025-08-19T14:55:15+02:00 command.go:185:       [32m+[0m[0m routing_http_request_x_amzn_mtls_clientcert_header_name               = (known after apply)
TestIdempotence 2025-08-19T14:55:15+02:00 command.go:185:       [32m+[0m[0m routing_http_request_x_amzn_mtls_clientcert_issuer_header_name        = (known after apply)
TestIdempotence 2025-08-19T14:55:15+02:00 command.go:185:       [32m+[0m[0m routing_http_request_x_amzn_mtls_clientcert_leaf_header_name          = (known after apply)
TestIdempotence 2025-08-19T14:55:15+02:00 command.go:185:       [32m+[0m[0m routing_http_request_x_amzn_mtls_clientcert_serial_number_header_name = (known after apply)
TestIdempotence 2025-08-19T14:55:15+02:00 command.go:185:       [32m+[0m[0m routing_http_request_x_amzn_mtls_clientcert_subject_header_name       = (known after apply)
TestIdempotence 2025-08-19T14:55:15+02:00 command.go:185:       [32m+[0m[0m routing_http_request_x_amzn_mtls_clientcert_validity_header_name      = (known after apply)
TestIdempotence 2025-08-19T14:55:15+02:00 command.go:185:       [32m+[0m[0m routing_http_request_x_amzn_tls_cipher_suite_header_name              = (known after apply)
TestIdempotence 2025-08-19T14:55:15+02:00 command.go:185:       [32m+[0m[0m routing_http_request_x_amzn_tls_version_header_name                   = (known after apply)
TestIdempotence 2025-08-19T14:55:15+02:00 command.go:185:       [32m+[0m[0m routing_http_response_access_control_allow_credentials_header_value   = (known after apply)
TestIdempotence 2025-08-19T14:55:15+02:00 command.go:185:       [32m+[0m[0m routing_http_response_access_control_allow_headers_header_value       = (known after apply)
TestIdempotence 2025-08-19T14:55:15+02:00 command.go:185:       [32m+[0m[0m routing_http_response_access_control_allow_methods_header_value       = (known after apply)
TestIdempotence 2025-08-19T14:55:15+02:00 command.go:185:       [32m+[0m[0m routing_http_response_access_control_allow_origin_header_value        = (known after apply)
TestIdempotence 2025-08-19T14:55:15+02:00 command.go:185:       [32m+[0m[0m routing_http_response_access_control_expose_headers_header_value      = (known after apply)
TestIdempotence 2025-08-19T14:55:15+02:00 command.go:185:       [32m+[0m[0m routing_http_response_access_control_max_age_header_value             = (known after apply)
TestIdempotence 2025-08-19T14:55:15+02:00 command.go:185:       [32m+[0m[0m routing_http_response_content_security_policy_header_value            = (known after apply)
TestIdempotence 2025-08-19T14:55:15+02:00 command.go:185:       [32m+[0m[0m routing_http_response_server_enabled                                  = (known after apply)
TestIdempotence 2025-08-19T14:55:15+02:00 command.go:185:       [32m+[0m[0m routing_http_response_strict_transport_security_header_value          = (known after apply)
TestIdempotence 2025-08-19T14:55:15+02:00 command.go:185:       [32m+[0m[0m routing_http_response_x_content_type_options_header_value             = (known after apply)
TestIdempotence 2025-08-19T14:55:15+02:00 command.go:185:       [32m+[0m[0m routing_http_response_x_frame_options_header_value                    = (known after apply)
TestIdempotence 2025-08-19T14:55:15+02:00 command.go:185:       [32m+[0m[0m ssl_policy                                                            = (known after apply)
TestIdempotence 2025-08-19T14:55:15+02:00 command.go:185:       [32m+[0m[0m tags                                                                  = {
TestIdempotence 2025-08-19T14:55:15+02:00 command.go:185:           [32m+[0m[0m "Application" = "Palo Alto Networks VM-Series NGFW"
TestIdempotence 2025-08-19T14:55:15+02:00 command.go:185:           [32m+[0m[0m "ManagedBy"   = "terraform"
TestIdempotence 2025-08-19T14:55:15+02:00 command.go:185:           [32m+[0m[0m "Owner"       = "PS Team"
TestIdempotence 2025-08-19T14:55:15+02:00 command.go:185:           [32m+[0m[0m "name"        = "app2"
TestIdempotence 2025-08-19T14:55:15+02:00 command.go:185:         }
TestIdempotence 2025-08-19T14:55:15+02:00 command.go:185:       [32m+[0m[0m tags_all                                                              = {
TestIdempotence 2025-08-19T14:55:15+02:00 command.go:185:           [32m+[0m[0m "Application" = "Palo Alto Networks VM-Series NGFW"
TestIdempotence 2025-08-19T14:55:15+02:00 command.go:185:           [32m+[0m[0m "ManagedBy"   = "terraform"
TestIdempotence 2025-08-19T14:55:15+02:00 command.go:185:           [32m+[0m[0m "Owner"       = "PS Team"
TestIdempotence 2025-08-19T14:55:15+02:00 command.go:185:           [32m+[0m[0m "name"        = "app2"
TestIdempotence 2025-08-19T14:55:15+02:00 command.go:185:         }
TestIdempotence 2025-08-19T14:55:15+02:00 command.go:185:       [32m+[0m[0m tcp_idle_timeout_seconds                                              = (known after apply)
TestIdempotence 2025-08-19T14:55:15+02:00 command.go:185: 
TestIdempotence 2025-08-19T14:55:15+02:00 command.go:185:       [32m+[0m[0m default_action {
TestIdempotence 2025-08-19T14:55:15+02:00 command.go:185:           [32m+[0m[0m order = (known after apply)
TestIdempotence 2025-08-19T14:55:15+02:00 command.go:185:           [32m+[0m[0m type  = "fixed-response"
TestIdempotence 2025-08-19T14:55:15+02:00 command.go:185: 
TestIdempotence 2025-08-19T14:55:15+02:00 command.go:185:           [32m+[0m[0m fixed_response {
TestIdempotence 2025-08-19T14:55:15+02:00 command.go:185:               [32m+[0m[0m content_type = "text/plain"
TestIdempotence 2025-08-19T14:55:15+02:00 command.go:185:               [32m+[0m[0m status_code  = "503"
TestIdempotence 2025-08-19T14:55:15+02:00 command.go:185:             }
TestIdempotence 2025-08-19T14:55:15+02:00 command.go:185:         }
TestIdempotence 2025-08-19T14:55:15+02:00 command.go:185: 
TestIdempotence 2025-08-19T14:55:15+02:00 command.go:185:       [32m+[0m[0m mutual_authentication (known after apply)
TestIdempotence 2025-08-19T14:55:15+02:00 command.go:185:     }
TestIdempotence 2025-08-19T14:55:15+02:00 command.go:185: 
TestIdempotence 2025-08-19T14:55:15+02:00 command.go:185: [1m  # module.app_alb["app2-alb"].aws_lb_listener_rule.this["app2-1"][0m will be created
TestIdempotence 2025-08-19T14:55:15+02:00 command.go:185: [0m  [32m+[0m[0m resource "aws_lb_listener_rule" "this" {
TestIdempotence 2025-08-19T14:55:15+02:00 command.go:185:       [32m+[0m[0m arn          = (known after apply)
TestIdempotence 2025-08-19T14:55:15+02:00 command.go:185:       [32m+[0m[0m id           = (known after apply)
TestIdempotence 2025-08-19T14:55:15+02:00 command.go:185:       [32m+[0m[0m listener_arn = (known after apply)
TestIdempotence 2025-08-19T14:55:15+02:00 command.go:185:       [32m+[0m[0m priority     = 1
TestIdempotence 2025-08-19T14:55:15+02:00 command.go:185:       [32m+[0m[0m tags_all     = (known after apply)
TestIdempotence 2025-08-19T14:55:15+02:00 command.go:185: 
TestIdempotence 2025-08-19T14:55:15+02:00 command.go:185:       [32m+[0m[0m action {
TestIdempotence 2025-08-19T14:55:15+02:00 command.go:185:           [32m+[0m[0m order            = (known after apply)
TestIdempotence 2025-08-19T14:55:15+02:00 command.go:185:           [32m+[0m[0m target_group_arn = (known after apply)
TestIdempotence 2025-08-19T14:55:15+02:00 command.go:185:           [32m+[0m[0m type             = "forward"
TestIdempotence 2025-08-19T14:55:15+02:00 command.go:185:         }
TestIdempotence 2025-08-19T14:55:15+02:00 command.go:185: 
TestIdempotence 2025-08-19T14:55:15+02:00 command.go:185:       [32m+[0m[0m condition {
TestIdempotence 2025-08-19T14:55:15+02:00 command.go:185:           [32m+[0m[0m path_pattern {
TestIdempotence 2025-08-19T14:55:15+02:00 command.go:185:               [32m+[0m[0m values = [
TestIdempotence 2025-08-19T14:55:15+02:00 command.go:185:                   [32m+[0m[0m "/",
TestIdempotence 2025-08-19T14:55:15+02:00 command.go:185:                 ]
TestIdempotence 2025-08-19T14:55:15+02:00 command.go:185:             }
TestIdempotence 2025-08-19T14:55:15+02:00 command.go:185:         }
TestIdempotence 2025-08-19T14:55:15+02:00 command.go:185:     }
TestIdempotence 2025-08-19T14:55:15+02:00 command.go:185: 
TestIdempotence 2025-08-19T14:55:15+02:00 command.go:185: [1m  # module.app_alb["app2-alb"].aws_lb_target_group.this["app2-80"][0m will be created
TestIdempotence 2025-08-19T14:55:15+02:00 command.go:185: [0m  [32m+[0m[0m resource "aws_lb_target_group" "this" {
TestIdempotence 2025-08-19T14:55:15+02:00 command.go:185:       [32m+[0m[0m arn                                = (known after apply)
TestIdempotence 2025-08-19T14:55:15+02:00 command.go:185:       [32m+[0m[0m arn_suffix                         = (known after apply)
TestIdempotence 2025-08-19T14:55:15+02:00 command.go:185:       [32m+[0m[0m connection_termination             = (known after apply)
TestIdempotence 2025-08-19T14:55:15+02:00 command.go:185:       [32m+[0m[0m deregistration_delay               = "300"
TestIdempotence 2025-08-19T14:55:15+02:00 command.go:185:       [32m+[0m[0m id                                 = (known after apply)
TestIdempotence 2025-08-19T14:55:15+02:00 command.go:185:       [32m+[0m[0m ip_address_type                    = (known after apply)
TestIdempotence 2025-08-19T14:55:15+02:00 command.go:185:       [32m+[0m[0m lambda_multi_value_headers_enabled = false
TestIdempotence 2025-08-19T14:55:15+02:00 command.go:185:       [32m+[0m[0m load_balancer_arns                 = (known after apply)
TestIdempotence 2025-08-19T14:55:15+02:00 command.go:185:       [32m+[0m[0m load_balancing_algorithm_type      = "round_robin"
TestIdempotence 2025-08-19T14:55:15+02:00 command.go:185:       [32m+[0m[0m load_balancing_anomaly_mitigation  = (known after apply)
TestIdempotence 2025-08-19T14:55:15+02:00 command.go:185:       [32m+[0m[0m load_balancing_cross_zone_enabled  = (known after apply)
TestIdempotence 2025-08-19T14:55:15+02:00 command.go:185:       [32m+[0m[0m name                               = "tt-4ff3-app2-alb-app2-80"
TestIdempotence 2025-08-19T14:55:15+02:00 command.go:185:       [32m+[0m[0m name_prefix                        = (known after apply)
TestIdempotence 2025-08-19T14:55:15+02:00 command.go:185:       [32m+[0m[0m port                               = 80
TestIdempotence 2025-08-19T14:55:15+02:00 command.go:185:       [32m+[0m[0m preserve_client_ip                 = (known after apply)
TestIdempotence 2025-08-19T14:55:15+02:00 command.go:185:       [32m+[0m[0m protocol                           = "HTTP"
TestIdempotence 2025-08-19T14:55:15+02:00 command.go:185:       [32m+[0m[0m protocol_version                   = (known after apply)
TestIdempotence 2025-08-19T14:55:15+02:00 command.go:185:       [32m+[0m[0m proxy_protocol_v2                  = false
TestIdempotence 2025-08-19T14:55:15+02:00 command.go:185:       [32m+[0m[0m slow_start                         = 0
TestIdempotence 2025-08-19T14:55:15+02:00 command.go:185:       [32m+[0m[0m tags                               = {
TestIdempotence 2025-08-19T14:55:15+02:00 command.go:185:           [32m+[0m[0m "Application" = "Palo Alto Networks VM-Series NGFW"
TestIdempotence 2025-08-19T14:55:15+02:00 command.go:185:           [32m+[0m[0m "ManagedBy"   = "terraform"
TestIdempotence 2025-08-19T14:55:15+02:00 command.go:185:           [32m+[0m[0m "Owner"       = "PS Team"
TestIdempotence 2025-08-19T14:55:15+02:00 command.go:185:         }
TestIdempotence 2025-08-19T14:55:15+02:00 command.go:185:       [32m+[0m[0m tags_all                           = {
TestIdempotence 2025-08-19T14:55:15+02:00 command.go:185:           [32m+[0m[0m "Application" = "Palo Alto Networks VM-Series NGFW"
TestIdempotence 2025-08-19T14:55:15+02:00 command.go:185:           [32m+[0m[0m "ManagedBy"   = "terraform"
TestIdempotence 2025-08-19T14:55:15+02:00 command.go:185:           [32m+[0m[0m "Owner"       = "PS Team"
TestIdempotence 2025-08-19T14:55:15+02:00 command.go:185:         }
TestIdempotence 2025-08-19T14:55:15+02:00 command.go:185:       [32m+[0m[0m target_type                        = "ip"
TestIdempotence 2025-08-19T14:55:15+02:00 command.go:185:       [32m+[0m[0m vpc_id                             = (known after apply)
TestIdempotence 2025-08-19T14:55:15+02:00 command.go:185: 
TestIdempotence 2025-08-19T14:55:15+02:00 command.go:185:       [32m+[0m[0m health_check {
TestIdempotence 2025-08-19T14:55:15+02:00 command.go:185:           [32m+[0m[0m enabled             = true
TestIdempotence 2025-08-19T14:55:15+02:00 command.go:185:           [32m+[0m[0m healthy_threshold   = 3
TestIdempotence 2025-08-19T14:55:15+02:00 command.go:185:           [32m+[0m[0m interval            = 10
TestIdempotence 2025-08-19T14:55:15+02:00 command.go:185:           [32m+[0m[0m matcher             = "200"
TestIdempotence 2025-08-19T14:55:15+02:00 command.go:185:           [32m+[0m[0m path                = "/"
TestIdempotence 2025-08-19T14:55:15+02:00 command.go:185:           [32m+[0m[0m port                = "80"
TestIdempotence 2025-08-19T14:55:15+02:00 command.go:185:           [32m+[0m[0m protocol            = "HTTP"
TestIdempotence 2025-08-19T14:55:15+02:00 command.go:185:           [32m+[0m[0m timeout             = (known after apply)
TestIdempotence 2025-08-19T14:55:15+02:00 command.go:185:           [32m+[0m[0m unhealthy_threshold = 3
TestIdempotence 2025-08-19T14:55:15+02:00 command.go:185:         }
TestIdempotence 2025-08-19T14:55:15+02:00 command.go:185: 
TestIdempotence 2025-08-19T14:55:15+02:00 command.go:185:       [32m+[0m[0m stickiness (known after apply)
TestIdempotence 2025-08-19T14:55:15+02:00 command.go:185: 
TestIdempotence 2025-08-19T14:55:15+02:00 command.go:185:       [32m+[0m[0m target_failover (known after apply)
TestIdempotence 2025-08-19T14:55:15+02:00 command.go:185: 
TestIdempotence 2025-08-19T14:55:15+02:00 command.go:185:       [32m+[0m[0m target_group_health (known after apply)
TestIdempotence 2025-08-19T14:55:15+02:00 command.go:185: 
TestIdempotence 2025-08-19T14:55:15+02:00 command.go:185:       [32m+[0m[0m target_health_state (known after apply)
TestIdempotence 2025-08-19T14:55:15+02:00 command.go:185:     }
TestIdempotence 2025-08-19T14:55:15+02:00 command.go:185: 
TestIdempotence 2025-08-19T14:55:15+02:00 command.go:185: [1m  # module.app_alb["app2-alb"].aws_lb_target_group_attachment.this["app2-80-app2_vm01"][0m will be created
TestIdempotence 2025-08-19T14:55:15+02:00 command.go:185: [0m  [32m+[0m[0m resource "aws_lb_target_group_attachment" "this" {
TestIdempotence 2025-08-19T14:55:15+02:00 command.go:185:       [32m+[0m[0m id               = (known after apply)
TestIdempotence 2025-08-19T14:55:15+02:00 command.go:185:       [32m+[0m[0m port             = 80
TestIdempotence 2025-08-19T14:55:15+02:00 command.go:185:       [32m+[0m[0m target_group_arn = (known after apply)
TestIdempotence 2025-08-19T14:55:15+02:00 command.go:185:       [32m+[0m[0m target_id        = (known after apply)
TestIdempotence 2025-08-19T14:55:15+02:00 command.go:185:     }
TestIdempotence 2025-08-19T14:55:15+02:00 command.go:185: 
TestIdempotence 2025-08-19T14:55:15+02:00 command.go:185: [1m  # module.app_alb["app2-alb"].aws_lb_target_group_attachment.this["app2-80-app2_vm02"][0m will be created
TestIdempotence 2025-08-19T14:55:15+02:00 command.go:185: [0m  [32m+[0m[0m resource "aws_lb_target_group_attachment" "this" {
TestIdempotence 2025-08-19T14:55:15+02:00 command.go:185:       [32m+[0m[0m id               = (known after apply)
TestIdempotence 2025-08-19T14:55:15+02:00 command.go:185:       [32m+[0m[0m port             = 80
TestIdempotence 2025-08-19T14:55:15+02:00 command.go:185:       [32m+[0m[0m target_group_arn = (known after apply)
TestIdempotence 2025-08-19T14:55:15+02:00 command.go:185:       [32m+[0m[0m target_id        = (known after apply)
TestIdempotence 2025-08-19T14:55:15+02:00 command.go:185:     }
TestIdempotence 2025-08-19T14:55:15+02:00 command.go:185: 
TestIdempotence 2025-08-19T14:55:15+02:00 command.go:185: [1m  # module.app_nlb["app1-nlb"].aws_lb.this[0m will be created
TestIdempotence 2025-08-19T14:55:15+02:00 command.go:185: [0m  [32m+[0m[0m resource "aws_lb" "this" {
TestIdempotence 2025-08-19T14:55:15+02:00 command.go:185:       [32m+[0m[0m arn                                                          = (known after apply)
TestIdempotence 2025-08-19T14:55:15+02:00 command.go:185:       [32m+[0m[0m arn_suffix                                                   = (known after apply)
TestIdempotence 2025-08-19T14:55:15+02:00 command.go:185:       [32m+[0m[0m dns_name                                                     = (known after apply)
TestIdempotence 2025-08-19T14:55:15+02:00 command.go:185:       [32m+[0m[0m dns_record_client_routing_policy                             = "any_availability_zone"
TestIdempotence 2025-08-19T14:55:15+02:00 command.go:185:       [32m+[0m[0m enable_cross_zone_load_balancing                             = true
TestIdempotence 2025-08-19T14:55:15+02:00 command.go:185:       [32m+[0m[0m enable_deletion_protection                                   = false
TestIdempotence 2025-08-19T14:55:15+02:00 command.go:185:       [32m+[0m[0m enable_zonal_shift                                           = false
TestIdempotence 2025-08-19T14:55:15+02:00 command.go:185:       [32m+[0m[0m enforce_security_group_inbound_rules_on_private_link_traffic = (known after apply)
TestIdempotence 2025-08-19T14:55:15+02:00 command.go:185:       [32m+[0m[0m id                                                           = (known after apply)
TestIdempotence 2025-08-19T14:55:15+02:00 command.go:185:       [32m+[0m[0m internal                                                     = false
TestIdempotence 2025-08-19T14:55:15+02:00 command.go:185:       [32m+[0m[0m ip_address_type                                              = (known after apply)
TestIdempotence 2025-08-19T14:55:15+02:00 command.go:185:       [32m+[0m[0m load_balancer_type                                           = "network"
TestIdempotence 2025-08-19T14:55:15+02:00 command.go:185:       [32m+[0m[0m name                                                         = "tt-4ff3-app1-nlb"
TestIdempotence 2025-08-19T14:55:15+02:00 command.go:185:       [32m+[0m[0m name_prefix                                                  = (known after apply)
TestIdempotence 2025-08-19T14:55:15+02:00 command.go:185:       [32m+[0m[0m security_groups                                              = (known after apply)
TestIdempotence 2025-08-19T14:55:15+02:00 command.go:185:       [32m+[0m[0m subnets                                                      = (known after apply)
TestIdempotence 2025-08-19T14:55:15+02:00 command.go:185:       [32m+[0m[0m tags                                                         = {
TestIdempotence 2025-08-19T14:55:15+02:00 command.go:185:           [32m+[0m[0m "Application" = "Palo Alto Networks VM-Series NGFW"
TestIdempotence 2025-08-19T14:55:15+02:00 command.go:185:           [32m+[0m[0m "ManagedBy"   = "terraform"
TestIdempotence 2025-08-19T14:55:15+02:00 command.go:185:           [32m+[0m[0m "Owner"       = "PS Team"
TestIdempotence 2025-08-19T14:55:15+02:00 command.go:185:         }
TestIdempotence 2025-08-19T14:55:15+02:00 command.go:185:       [32m+[0m[0m tags_all                                                     = {
TestIdempotence 2025-08-19T14:55:15+02:00 command.go:185:           [32m+[0m[0m "Application" = "Palo Alto Networks VM-Series NGFW"
TestIdempotence 2025-08-19T14:55:15+02:00 command.go:185:           [32m+[0m[0m "ManagedBy"   = "terraform"
TestIdempotence 2025-08-19T14:55:15+02:00 command.go:185:           [32m+[0m[0m "Owner"       = "PS Team"
TestIdempotence 2025-08-19T14:55:15+02:00 command.go:185:         }
TestIdempotence 2025-08-19T14:55:15+02:00 command.go:185:       [32m+[0m[0m vpc_id                                                       = (known after apply)
TestIdempotence 2025-08-19T14:55:15+02:00 command.go:185:       [32m+[0m[0m zone_id                                                      = (known after apply)
TestIdempotence 2025-08-19T14:55:15+02:00 command.go:185: 
TestIdempotence 2025-08-19T14:55:15+02:00 command.go:185:       [32m+[0m[0m subnet_mapping (known after apply)
TestIdempotence 2025-08-19T14:55:15+02:00 command.go:185:     }
TestIdempotence 2025-08-19T14:55:15+02:00 command.go:185: 
TestIdempotence 2025-08-19T14:55:15+02:00 command.go:185: [1m  # module.app_nlb["app1-nlb"].aws_lb_listener.this["SSH"][0m will be created
TestIdempotence 2025-08-19T14:55:15+02:00 command.go:185: [0m  [32m+[0m[0m resource "aws_lb_listener" "this" {
TestIdempotence 2025-08-19T14:55:15+02:00 command.go:185:       [32m+[0m[0m arn                                                                   = (known after apply)
TestIdempotence 2025-08-19T14:55:15+02:00 command.go:185:       [32m+[0m[0m id                                                                    = (known after apply)
TestIdempotence 2025-08-19T14:55:15+02:00 command.go:185:       [32m+[0m[0m load_balancer_arn                                                     = (known after apply)
TestIdempotence 2025-08-19T14:55:15+02:00 command.go:185:       [32m+[0m[0m port                                                                  = 22
TestIdempotence 2025-08-19T14:55:15+02:00 command.go:185:       [32m+[0m[0m protocol                                                              = "TCP"
TestIdempotence 2025-08-19T14:55:15+02:00 command.go:185:       [32m+[0m[0m routing_http_request_x_amzn_mtls_clientcert_header_name               = (known after apply)
TestIdempotence 2025-08-19T14:55:15+02:00 command.go:185:       [32m+[0m[0m routing_http_request_x_amzn_mtls_clientcert_issuer_header_name        = (known after apply)
TestIdempotence 2025-08-19T14:55:15+02:00 command.go:185:       [32m+[0m[0m routing_http_request_x_amzn_mtls_clientcert_leaf_header_name          = (known after apply)
TestIdempotence 2025-08-19T14:55:15+02:00 command.go:185:       [32m+[0m[0m routing_http_request_x_amzn_mtls_clientcert_serial_number_header_name = (known after apply)
TestIdempotence 2025-08-19T14:55:15+02:00 command.go:185:       [32m+[0m[0m routing_http_request_x_amzn_mtls_clientcert_subject_header_name       = (known after apply)
TestIdempotence 2025-08-19T14:55:15+02:00 command.go:185:       [32m+[0m[0m routing_http_request_x_amzn_mtls_clientcert_validity_header_name      = (known after apply)
TestIdempotence 2025-08-19T14:55:15+02:00 command.go:185:       [32m+[0m[0m routing_http_request_x_amzn_tls_cipher_suite_header_name              = (known after apply)
TestIdempotence 2025-08-19T14:55:15+02:00 command.go:185:       [32m+[0m[0m routing_http_request_x_amzn_tls_version_header_name                   = (known after apply)
TestIdempotence 2025-08-19T14:55:15+02:00 command.go:185:       [32m+[0m[0m routing_http_response_access_control_allow_credentials_header_value   = (known after apply)
TestIdempotence 2025-08-19T14:55:15+02:00 command.go:185:       [32m+[0m[0m routing_http_response_access_control_allow_headers_header_value       = (known after apply)
TestIdempotence 2025-08-19T14:55:15+02:00 command.go:185:       [32m+[0m[0m routing_http_response_access_control_allow_methods_header_value       = (known after apply)
TestIdempotence 2025-08-19T14:55:15+02:00 command.go:185:       [32m+[0m[0m routing_http_response_access_control_allow_origin_header_value        = (known after apply)
TestIdempotence 2025-08-19T14:55:15+02:00 command.go:185:       [32m+[0m[0m routing_http_response_access_control_expose_headers_header_value      = (known after apply)
TestIdempotence 2025-08-19T14:55:15+02:00 command.go:185:       [32m+[0m[0m routing_http_response_access_control_max_age_header_value             = (known after apply)
TestIdempotence 2025-08-19T14:55:15+02:00 command.go:185:       [32m+[0m[0m routing_http_response_content_security_policy_header_value            = (known after apply)
TestIdempotence 2025-08-19T14:55:15+02:00 command.go:185:       [32m+[0m[0m routing_http_response_server_enabled                                  = (known after apply)
TestIdempotence 2025-08-19T14:55:15+02:00 command.go:185:       [32m+[0m[0m routing_http_response_strict_transport_security_header_value          = (known after apply)
TestIdempotence 2025-08-19T14:55:15+02:00 command.go:185:       [32m+[0m[0m routing_http_response_x_content_type_options_header_value             = (known after apply)
TestIdempotence 2025-08-19T14:55:15+02:00 command.go:185:       [32m+[0m[0m routing_http_response_x_frame_options_header_value                    = (known after apply)
TestIdempotence 2025-08-19T14:55:15+02:00 command.go:185:       [32m+[0m[0m ssl_policy                                                            = (known after apply)
TestIdempotence 2025-08-19T14:55:15+02:00 command.go:185:       [32m+[0m[0m tags                                                                  = {
TestIdempotence 2025-08-19T14:55:15+02:00 command.go:185:           [32m+[0m[0m "Application" = "Palo Alto Networks VM-Series NGFW"
TestIdempotence 2025-08-19T14:55:15+02:00 command.go:185:           [32m+[0m[0m "ManagedBy"   = "terraform"
TestIdempotence 2025-08-19T14:55:15+02:00 command.go:185:           [32m+[0m[0m "Owner"       = "PS Team"
TestIdempotence 2025-08-19T14:55:15+02:00 command.go:185:         }
TestIdempotence 2025-08-19T14:55:15+02:00 command.go:185:       [32m+[0m[0m tags_all                                                              = {
TestIdempotence 2025-08-19T14:55:15+02:00 command.go:185:           [32m+[0m[0m "Application" = "Palo Alto Networks VM-Series NGFW"
TestIdempotence 2025-08-19T14:55:15+02:00 command.go:185:           [32m+[0m[0m "ManagedBy"   = "terraform"
TestIdempotence 2025-08-19T14:55:15+02:00 command.go:185:           [32m+[0m[0m "Owner"       = "PS Team"
TestIdempotence 2025-08-19T14:55:15+02:00 command.go:185:         }
TestIdempotence 2025-08-19T14:55:15+02:00 command.go:185:       [32m+[0m[0m tcp_idle_timeout_seconds                                              = (known after apply)
TestIdempotence 2025-08-19T14:55:15+02:00 command.go:185: 
TestIdempotence 2025-08-19T14:55:15+02:00 command.go:185:       [32m+[0m[0m default_action {
TestIdempotence 2025-08-19T14:55:15+02:00 command.go:185:           [32m+[0m[0m order            = (known after apply)
TestIdempotence 2025-08-19T14:55:15+02:00 command.go:185:           [32m+[0m[0m target_group_arn = (known after apply)
TestIdempotence 2025-08-19T14:55:15+02:00 command.go:185:           [32m+[0m[0m type             = "forward"
TestIdempotence 2025-08-19T14:55:15+02:00 command.go:185:         }
TestIdempotence 2025-08-19T14:55:15+02:00 command.go:185: 
TestIdempotence 2025-08-19T14:55:15+02:00 command.go:185:       [32m+[0m[0m mutual_authentication (known after apply)
TestIdempotence 2025-08-19T14:55:15+02:00 command.go:185:     }
TestIdempotence 2025-08-19T14:55:15+02:00 command.go:185: 
TestIdempotence 2025-08-19T14:55:15+02:00 command.go:185: [1m  # module.app_nlb["app1-nlb"].aws_lb_target_group.this["SSH"][0m will be created
TestIdempotence 2025-08-19T14:55:15+02:00 command.go:185: [0m  [32m+[0m[0m resource "aws_lb_target_group" "this" {
TestIdempotence 2025-08-19T14:55:15+02:00 command.go:185:       [32m+[0m[0m arn                                = (known after apply)
TestIdempotence 2025-08-19T14:55:15+02:00 command.go:185:       [32m+[0m[0m arn_suffix                         = (known after apply)
TestIdempotence 2025-08-19T14:55:15+02:00 command.go:185:       [32m+[0m[0m connection_termination             = (known after apply)
TestIdempotence 2025-08-19T14:55:15+02:00 command.go:185:       [32m+[0m[0m deregistration_delay               = "300"
TestIdempotence 2025-08-19T14:55:15+02:00 command.go:185:       [32m+[0m[0m id                                 = (known after apply)
TestIdempotence 2025-08-19T14:55:15+02:00 command.go:185:       [32m+[0m[0m ip_address_type                    = (known after apply)
TestIdempotence 2025-08-19T14:55:15+02:00 command.go:185:       [32m+[0m[0m lambda_multi_value_headers_enabled = false
TestIdempotence 2025-08-19T14:55:15+02:00 command.go:185:       [32m+[0m[0m load_balancer_arns                 = (known after apply)
TestIdempotence 2025-08-19T14:55:15+02:00 command.go:185:       [32m+[0m[0m load_balancing_algorithm_type      = (known after apply)
TestIdempotence 2025-08-19T14:55:15+02:00 command.go:185:       [32m+[0m[0m load_balancing_anomaly_mitigation  = (known after apply)
TestIdempotence 2025-08-19T14:55:15+02:00 command.go:185:       [32m+[0m[0m load_balancing_cross_zone_enabled  = (known after apply)
TestIdempotence 2025-08-19T14:55:15+02:00 command.go:185:       [32m+[0m[0m name                               = "tt-4ff3-app1-nlb-SSH"
TestIdempotence 2025-08-19T14:55:15+02:00 command.go:185:       [32m+[0m[0m name_prefix                        = (known after apply)
TestIdempotence 2025-08-19T14:55:15+02:00 command.go:185:       [32m+[0m[0m port                               = 22
TestIdempotence 2025-08-19T14:55:15+02:00 command.go:185:       [32m+[0m[0m preserve_client_ip                 = (known after apply)
TestIdempotence 2025-08-19T14:55:15+02:00 command.go:185:       [32m+[0m[0m protocol                           = "TCP"
TestIdempotence 2025-08-19T14:55:15+02:00 command.go:185:       [32m+[0m[0m protocol_version                   = (known after apply)
TestIdempotence 2025-08-19T14:55:15+02:00 command.go:185:       [32m+[0m[0m proxy_protocol_v2                  = false
TestIdempotence 2025-08-19T14:55:15+02:00 command.go:185:       [32m+[0m[0m slow_start                         = 0
TestIdempotence 2025-08-19T14:55:15+02:00 command.go:185:       [32m+[0m[0m tags                               = {
TestIdempotence 2025-08-19T14:55:15+02:00 command.go:185:           [32m+[0m[0m "Application" = "Palo Alto Networks VM-Series NGFW"
TestIdempotence 2025-08-19T14:55:15+02:00 command.go:185:           [32m+[0m[0m "ManagedBy"   = "terraform"
TestIdempotence 2025-08-19T14:55:15+02:00 command.go:185:           [32m+[0m[0m "Owner"       = "PS Team"
TestIdempotence 2025-08-19T14:55:15+02:00 command.go:185:         }
TestIdempotence 2025-08-19T14:55:15+02:00 command.go:185:       [32m+[0m[0m tags_all                           = {
TestIdempotence 2025-08-19T14:55:15+02:00 command.go:185:           [32m+[0m[0m "Application" = "Palo Alto Networks VM-Series NGFW"
TestIdempotence 2025-08-19T14:55:15+02:00 command.go:185:           [32m+[0m[0m "ManagedBy"   = "terraform"
TestIdempotence 2025-08-19T14:55:15+02:00 command.go:185:           [32m+[0m[0m "Owner"       = "PS Team"
TestIdempotence 2025-08-19T14:55:15+02:00 command.go:185:         }
TestIdempotence 2025-08-19T14:55:15+02:00 command.go:185:       [32m+[0m[0m target_type                        = "instance"
TestIdempotence 2025-08-19T14:55:15+02:00 command.go:185:       [32m+[0m[0m vpc_id                             = (known after apply)
TestIdempotence 2025-08-19T14:55:15+02:00 command.go:185: 
TestIdempotence 2025-08-19T14:55:15+02:00 command.go:185:       [32m+[0m[0m health_check {
TestIdempotence 2025-08-19T14:55:15+02:00 command.go:185:           [32m+[0m[0m enabled             = true
TestIdempotence 2025-08-19T14:55:15+02:00 command.go:185:           [32m+[0m[0m healthy_threshold   = 3
TestIdempotence 2025-08-19T14:55:15+02:00 command.go:185:           [32m+[0m[0m interval            = 30
TestIdempotence 2025-08-19T14:55:15+02:00 command.go:185:           [32m+[0m[0m matcher             = (known after apply)
TestIdempotence 2025-08-19T14:55:15+02:00 command.go:185:           [32m+[0m[0m path                = (known after apply)
TestIdempotence 2025-08-19T14:55:15+02:00 command.go:185:           [32m+[0m[0m port                = "traffic-port"
TestIdempotence 2025-08-19T14:55:15+02:00 command.go:185:           [32m+[0m[0m protocol            = "TCP"
TestIdempotence 2025-08-19T14:55:15+02:00 command.go:185:           [32m+[0m[0m timeout             = (known after apply)
TestIdempotence 2025-08-19T14:55:15+02:00 command.go:185:           [32m+[0m[0m unhealthy_threshold = 3
TestIdempotence 2025-08-19T14:55:15+02:00 command.go:185:         }
TestIdempotence 2025-08-19T14:55:15+02:00 command.go:185: 
TestIdempotence 2025-08-19T14:55:15+02:00 command.go:185:       [32m+[0m[0m stickiness {
TestIdempotence 2025-08-19T14:55:15+02:00 command.go:185:           [32m+[0m[0m enabled = true
TestIdempotence 2025-08-19T14:55:15+02:00 command.go:185:           [32m+[0m[0m type    = "source_ip"
TestIdempotence 2025-08-19T14:55:15+02:00 command.go:185:         }
TestIdempotence 2025-08-19T14:55:15+02:00 command.go:185: 
TestIdempotence 2025-08-19T14:55:15+02:00 command.go:185:       [32m+[0m[0m target_failover (known after apply)
TestIdempotence 2025-08-19T14:55:15+02:00 command.go:185: 
TestIdempotence 2025-08-19T14:55:15+02:00 command.go:185:       [32m+[0m[0m target_group_health (known after apply)
TestIdempotence 2025-08-19T14:55:15+02:00 command.go:185: 
TestIdempotence 2025-08-19T14:55:15+02:00 command.go:185:       [32m+[0m[0m target_health_state (known after apply)
TestIdempotence 2025-08-19T14:55:15+02:00 command.go:185:     }
TestIdempotence 2025-08-19T14:55:15+02:00 command.go:185: 
TestIdempotence 2025-08-19T14:55:15+02:00 command.go:185: [1m  # module.app_nlb["app1-nlb"].aws_lb_target_group_attachment.this["SSH-app1_vm01"][0m will be created
TestIdempotence 2025-08-19T14:55:15+02:00 command.go:185: [0m  [32m+[0m[0m resource "aws_lb_target_group_attachment" "this" {
TestIdempotence 2025-08-19T14:55:15+02:00 command.go:185:       [32m+[0m[0m id               = (known after apply)
TestIdempotence 2025-08-19T14:55:15+02:00 command.go:185:       [32m+[0m[0m port             = 22
TestIdempotence 2025-08-19T14:55:15+02:00 command.go:185:       [32m+[0m[0m target_group_arn = (known after apply)
TestIdempotence 2025-08-19T14:55:15+02:00 command.go:185:       [32m+[0m[0m target_id        = (known after apply)
TestIdempotence 2025-08-19T14:55:15+02:00 command.go:185:     }
TestIdempotence 2025-08-19T14:55:15+02:00 command.go:185: 
TestIdempotence 2025-08-19T14:55:15+02:00 command.go:185: [1m  # module.app_nlb["app1-nlb"].aws_lb_target_group_attachment.this["SSH-app1_vm02"][0m will be created
TestIdempotence 2025-08-19T14:55:15+02:00 command.go:185: [0m  [32m+[0m[0m resource "aws_lb_target_group_attachment" "this" {
TestIdempotence 2025-08-19T14:55:15+02:00 command.go:185:       [32m+[0m[0m id               = (known after apply)
TestIdempotence 2025-08-19T14:55:15+02:00 command.go:185:       [32m+[0m[0m port             = 22
TestIdempotence 2025-08-19T14:55:15+02:00 command.go:185:       [32m+[0m[0m target_group_arn = (known after apply)
TestIdempotence 2025-08-19T14:55:15+02:00 command.go:185:       [32m+[0m[0m target_id        = (known after apply)
TestIdempotence 2025-08-19T14:55:15+02:00 command.go:185:     }
TestIdempotence 2025-08-19T14:55:15+02:00 command.go:185: 
TestIdempotence 2025-08-19T14:55:15+02:00 command.go:185: [1m  # module.app_nlb["app2-nlb"].aws_lb.this[0m will be created
TestIdempotence 2025-08-19T14:55:15+02:00 command.go:185: [0m  [32m+[0m[0m resource "aws_lb" "this" {
TestIdempotence 2025-08-19T14:55:15+02:00 command.go:185:       [32m+[0m[0m arn                                                          = (known after apply)
TestIdempotence 2025-08-19T14:55:15+02:00 command.go:185:       [32m+[0m[0m arn_suffix                                                   = (known after apply)
TestIdempotence 2025-08-19T14:55:15+02:00 command.go:185:       [32m+[0m[0m dns_name                                                     = (known after apply)
TestIdempotence 2025-08-19T14:55:15+02:00 command.go:185:       [32m+[0m[0m dns_record_client_routing_policy                             = "any_availability_zone"
TestIdempotence 2025-08-19T14:55:15+02:00 command.go:185:       [32m+[0m[0m enable_cross_zone_load_balancing                             = true
TestIdempotence 2025-08-19T14:55:15+02:00 command.go:185:       [32m+[0m[0m enable_deletion_protection                                   = false
TestIdempotence 2025-08-19T14:55:15+02:00 command.go:185:       [32m+[0m[0m enable_zonal_shift                                           = false
TestIdempotence 2025-08-19T14:55:15+02:00 command.go:185:       [32m+[0m[0m enforce_security_group_inbound_rules_on_private_link_traffic = (known after apply)
TestIdempotence 2025-08-19T14:55:15+02:00 command.go:185:       [32m+[0m[0m id                                                           = (known after apply)
TestIdempotence 2025-08-19T14:55:15+02:00 command.go:185:       [32m+[0m[0m internal                                                     = false
TestIdempotence 2025-08-19T14:55:15+02:00 command.go:185:       [32m+[0m[0m ip_address_type                                              = (known after apply)
TestIdempotence 2025-08-19T14:55:15+02:00 command.go:185:       [32m+[0m[0m load_balancer_type                                           = "network"
TestIdempotence 2025-08-19T14:55:15+02:00 command.go:185:       [32m+[0m[0m name                                                         = "tt-4ff3-app2-nlb"
TestIdempotence 2025-08-19T14:55:15+02:00 command.go:185:       [32m+[0m[0m name_prefix                                                  = (known after apply)
TestIdempotence 2025-08-19T14:55:15+02:00 command.go:185:       [32m+[0m[0m security_groups                                              = (known after apply)
TestIdempotence 2025-08-19T14:55:15+02:00 command.go:185:       [32m+[0m[0m subnets                                                      = (known after apply)
TestIdempotence 2025-08-19T14:55:15+02:00 command.go:185:       [32m+[0m[0m tags                                                         = {
TestIdempotence 2025-08-19T14:55:15+02:00 command.go:185:           [32m+[0m[0m "Application" = "Palo Alto Networks VM-Series NGFW"
TestIdempotence 2025-08-19T14:55:15+02:00 command.go:185:           [32m+[0m[0m "ManagedBy"   = "terraform"
TestIdempotence 2025-08-19T14:55:15+02:00 command.go:185:           [32m+[0m[0m "Owner"       = "PS Team"
TestIdempotence 2025-08-19T14:55:15+02:00 command.go:185:         }
TestIdempotence 2025-08-19T14:55:15+02:00 command.go:185:       [32m+[0m[0m tags_all                                                     = {
TestIdempotence 2025-08-19T14:55:15+02:00 command.go:185:           [32m+[0m[0m "Application" = "Palo Alto Networks VM-Series NGFW"
TestIdempotence 2025-08-19T14:55:15+02:00 command.go:185:           [32m+[0m[0m "ManagedBy"   = "terraform"
TestIdempotence 2025-08-19T14:55:15+02:00 command.go:185:           [32m+[0m[0m "Owner"       = "PS Team"
TestIdempotence 2025-08-19T14:55:15+02:00 command.go:185:         }
TestIdempotence 2025-08-19T14:55:15+02:00 command.go:185:       [32m+[0m[0m vpc_id                                                       = (known after apply)
TestIdempotence 2025-08-19T14:55:15+02:00 command.go:185:       [32m+[0m[0m zone_id                                                      = (known after apply)
TestIdempotence 2025-08-19T14:55:15+02:00 command.go:185: 
TestIdempotence 2025-08-19T14:55:15+02:00 command.go:185:       [32m+[0m[0m subnet_mapping (known after apply)
TestIdempotence 2025-08-19T14:55:15+02:00 command.go:185:     }
TestIdempotence 2025-08-19T14:55:15+02:00 command.go:185: 
TestIdempotence 2025-08-19T14:55:15+02:00 command.go:185: [1m  # module.app_nlb["app2-nlb"].aws_lb_listener.this["SSH"][0m will be created
TestIdempotence 2025-08-19T14:55:15+02:00 command.go:185: [0m  [32m+[0m[0m resource "aws_lb_listener" "this" {
TestIdempotence 2025-08-19T14:55:15+02:00 command.go:185:       [32m+[0m[0m arn                                                                   = (known after apply)
TestIdempotence 2025-08-19T14:55:15+02:00 command.go:185:       [32m+[0m[0m id                                                                    = (known after apply)
TestIdempotence 2025-08-19T14:55:15+02:00 command.go:185:       [32m+[0m[0m load_balancer_arn                                                     = (known after apply)
TestIdempotence 2025-08-19T14:55:15+02:00 command.go:185:       [32m+[0m[0m port                                                                  = 22
TestIdempotence 2025-08-19T14:55:15+02:00 command.go:185:       [32m+[0m[0m protocol                                                              = "TCP"
TestIdempotence 2025-08-19T14:55:15+02:00 command.go:185:       [32m+[0m[0m routing_http_request_x_amzn_mtls_clientcert_header_name               = (known after apply)
TestIdempotence 2025-08-19T14:55:15+02:00 command.go:185:       [32m+[0m[0m routing_http_request_x_amzn_mtls_clientcert_issuer_header_name        = (known after apply)
TestIdempotence 2025-08-19T14:55:15+02:00 command.go:185:       [32m+[0m[0m routing_http_request_x_amzn_mtls_clientcert_leaf_header_name          = (known after apply)
TestIdempotence 2025-08-19T14:55:15+02:00 command.go:185:       [32m+[0m[0m routing_http_request_x_amzn_mtls_clientcert_serial_number_header_name = (known after apply)
TestIdempotence 2025-08-19T14:55:15+02:00 command.go:185:       [32m+[0m[0m routing_http_request_x_amzn_mtls_clientcert_subject_header_name       = (known after apply)
TestIdempotence 2025-08-19T14:55:15+02:00 command.go:185:       [32m+[0m[0m routing_http_request_x_amzn_mtls_clientcert_validity_header_name      = (known after apply)
TestIdempotence 2025-08-19T14:55:15+02:00 command.go:185:       [32m+[0m[0m routing_http_request_x_amzn_tls_cipher_suite_header_name              = (known after apply)
TestIdempotence 2025-08-19T14:55:15+02:00 command.go:185:       [32m+[0m[0m routing_http_request_x_amzn_tls_version_header_name                   = (known after apply)
TestIdempotence 2025-08-19T14:55:15+02:00 command.go:185:       [32m+[0m[0m routing_http_response_access_control_allow_credentials_header_value   = (known after apply)
TestIdempotence 2025-08-19T14:55:15+02:00 command.go:185:       [32m+[0m[0m routing_http_response_access_control_allow_headers_header_value       = (known after apply)
TestIdempotence 2025-08-19T14:55:15+02:00 command.go:185:       [32m+[0m[0m routing_http_response_access_control_allow_methods_header_value       = (known after apply)
TestIdempotence 2025-08-19T14:55:15+02:00 command.go:185:       [32m+[0m[0m routing_http_response_access_control_allow_origin_header_value        = (known after apply)
TestIdempotence 2025-08-19T14:55:15+02:00 command.go:185:       [32m+[0m[0m routing_http_response_access_control_expose_headers_header_value      = (known after apply)
TestIdempotence 2025-08-19T14:55:15+02:00 command.go:185:       [32m+[0m[0m routing_http_response_access_control_max_age_header_value             = (known after apply)
TestIdempotence 2025-08-19T14:55:15+02:00 command.go:185:       [32m+[0m[0m routing_http_response_content_security_policy_header_value            = (known after apply)
TestIdempotence 2025-08-19T14:55:15+02:00 command.go:185:       [32m+[0m[0m routing_http_response_server_enabled                                  = (known after apply)
TestIdempotence 2025-08-19T14:55:15+02:00 command.go:185:       [32m+[0m[0m routing_http_response_strict_transport_security_header_value          = (known after apply)
TestIdempotence 2025-08-19T14:55:15+02:00 command.go:185:       [32m+[0m[0m routing_http_response_x_content_type_options_header_value             = (known after apply)
TestIdempotence 2025-08-19T14:55:15+02:00 command.go:185:       [32m+[0m[0m routing_http_response_x_frame_options_header_value                    = (known after apply)
TestIdempotence 2025-08-19T14:55:15+02:00 command.go:185:       [32m+[0m[0m ssl_policy                                                            = (known after apply)
TestIdempotence 2025-08-19T14:55:15+02:00 command.go:185:       [32m+[0m[0m tags                                                                  = {
TestIdempotence 2025-08-19T14:55:15+02:00 command.go:185:           [32m+[0m[0m "Application" = "Palo Alto Networks VM-Series NGFW"
TestIdempotence 2025-08-19T14:55:15+02:00 command.go:185:           [32m+[0m[0m "ManagedBy"   = "terraform"
TestIdempotence 2025-08-19T14:55:15+02:00 command.go:185:           [32m+[0m[0m "Owner"       = "PS Team"
TestIdempotence 2025-08-19T14:55:15+02:00 command.go:185:         }
TestIdempotence 2025-08-19T14:55:15+02:00 command.go:185:       [32m+[0m[0m tags_all                                                              = {
TestIdempotence 2025-08-19T14:55:15+02:00 command.go:185:           [32m+[0m[0m "Application" = "Palo Alto Networks VM-Series NGFW"
TestIdempotence 2025-08-19T14:55:15+02:00 command.go:185:           [32m+[0m[0m "ManagedBy"   = "terraform"
TestIdempotence 2025-08-19T14:55:15+02:00 command.go:185:           [32m+[0m[0m "Owner"       = "PS Team"
TestIdempotence 2025-08-19T14:55:15+02:00 command.go:185:         }
TestIdempotence 2025-08-19T14:55:15+02:00 command.go:185:       [32m+[0m[0m tcp_idle_timeout_seconds                                              = (known after apply)
TestIdempotence 2025-08-19T14:55:15+02:00 command.go:185: 
TestIdempotence 2025-08-19T14:55:15+02:00 command.go:185:       [32m+[0m[0m default_action {
TestIdempotence 2025-08-19T14:55:15+02:00 command.go:185:           [32m+[0m[0m order            = (known after apply)
TestIdempotence 2025-08-19T14:55:15+02:00 command.go:185:           [32m+[0m[0m target_group_arn = (known after apply)
TestIdempotence 2025-08-19T14:55:15+02:00 command.go:185:           [32m+[0m[0m type             = "forward"
TestIdempotence 2025-08-19T14:55:15+02:00 command.go:185:         }
TestIdempotence 2025-08-19T14:55:15+02:00 command.go:185: 
TestIdempotence 2025-08-19T14:55:15+02:00 command.go:185:       [32m+[0m[0m mutual_authentication (known after apply)
TestIdempotence 2025-08-19T14:55:15+02:00 command.go:185:     }
TestIdempotence 2025-08-19T14:55:15+02:00 command.go:185: 
TestIdempotence 2025-08-19T14:55:15+02:00 command.go:185: [1m  # module.app_nlb["app2-nlb"].aws_lb_target_group.this["SSH"][0m will be created
TestIdempotence 2025-08-19T14:55:15+02:00 command.go:185: [0m  [32m+[0m[0m resource "aws_lb_target_group" "this" {
TestIdempotence 2025-08-19T14:55:15+02:00 command.go:185:       [32m+[0m[0m arn                                = (known after apply)
TestIdempotence 2025-08-19T14:55:15+02:00 command.go:185:       [32m+[0m[0m arn_suffix                         = (known after apply)
TestIdempotence 2025-08-19T14:55:15+02:00 command.go:185:       [32m+[0m[0m connection_termination             = (known after apply)
TestIdempotence 2025-08-19T14:55:15+02:00 command.go:185:       [32m+[0m[0m deregistration_delay               = "300"
TestIdempotence 2025-08-19T14:55:15+02:00 command.go:185:       [32m+[0m[0m id                                 = (known after apply)
TestIdempotence 2025-08-19T14:55:15+02:00 command.go:185:       [32m+[0m[0m ip_address_type                    = (known after apply)
TestIdempotence 2025-08-19T14:55:15+02:00 command.go:185:       [32m+[0m[0m lambda_multi_value_headers_enabled = false
TestIdempotence 2025-08-19T14:55:15+02:00 command.go:185:       [32m+[0m[0m load_balancer_arns                 = (known after apply)
TestIdempotence 2025-08-19T14:55:15+02:00 command.go:185:       [32m+[0m[0m load_balancing_algorithm_type      = (known after apply)
TestIdempotence 2025-08-19T14:55:15+02:00 command.go:185:       [32m+[0m[0m load_balancing_anomaly_mitigation  = (known after apply)
TestIdempotence 2025-08-19T14:55:15+02:00 command.go:185:       [32m+[0m[0m load_balancing_cross_zone_enabled  = (known after apply)
TestIdempotence 2025-08-19T14:55:15+02:00 command.go:185:       [32m+[0m[0m name                               = "tt-4ff3-app2-nlb-SSH"
TestIdempotence 2025-08-19T14:55:15+02:00 command.go:185:       [32m+[0m[0m name_prefix                        = (known after apply)
TestIdempotence 2025-08-19T14:55:15+02:00 command.go:185:       [32m+[0m[0m port                               = 22
TestIdempotence 2025-08-19T14:55:15+02:00 command.go:185:       [32m+[0m[0m preserve_client_ip                 = (known after apply)
TestIdempotence 2025-08-19T14:55:15+02:00 command.go:185:       [32m+[0m[0m protocol                           = "TCP"
TestIdempotence 2025-08-19T14:55:15+02:00 command.go:185:       [32m+[0m[0m protocol_version                   = (known after apply)
TestIdempotence 2025-08-19T14:55:15+02:00 command.go:185:       [32m+[0m[0m proxy_protocol_v2                  = false
TestIdempotence 2025-08-19T14:55:15+02:00 command.go:185:       [32m+[0m[0m slow_start                         = 0
TestIdempotence 2025-08-19T14:55:15+02:00 command.go:185:       [32m+[0m[0m tags                               = {
TestIdempotence 2025-08-19T14:55:15+02:00 command.go:185:           [32m+[0m[0m "Application" = "Palo Alto Networks VM-Series NGFW"
TestIdempotence 2025-08-19T14:55:15+02:00 command.go:185:           [32m+[0m[0m "ManagedBy"   = "terraform"
TestIdempotence 2025-08-19T14:55:15+02:00 command.go:185:           [32m+[0m[0m "Owner"       = "PS Team"
TestIdempotence 2025-08-19T14:55:15+02:00 command.go:185:         }
TestIdempotence 2025-08-19T14:55:15+02:00 command.go:185:       [32m+[0m[0m tags_all                           = {
TestIdempotence 2025-08-19T14:55:15+02:00 command.go:185:           [32m+[0m[0m "Application" = "Palo Alto Networks VM-Series NGFW"
TestIdempotence 2025-08-19T14:55:15+02:00 command.go:185:           [32m+[0m[0m "ManagedBy"   = "terraform"
TestIdempotence 2025-08-19T14:55:15+02:00 command.go:185:           [32m+[0m[0m "Owner"       = "PS Team"
TestIdempotence 2025-08-19T14:55:15+02:00 command.go:185:         }
TestIdempotence 2025-08-19T14:55:15+02:00 command.go:185:       [32m+[0m[0m target_type                        = "instance"
TestIdempotence 2025-08-19T14:55:15+02:00 command.go:185:       [32m+[0m[0m vpc_id                             = (known after apply)
TestIdempotence 2025-08-19T14:55:15+02:00 command.go:185: 
TestIdempotence 2025-08-19T14:55:15+02:00 command.go:185:       [32m+[0m[0m health_check {
TestIdempotence 2025-08-19T14:55:15+02:00 command.go:185:           [32m+[0m[0m enabled             = true
TestIdempotence 2025-08-19T14:55:15+02:00 command.go:185:           [32m+[0m[0m healthy_threshold   = 3
TestIdempotence 2025-08-19T14:55:15+02:00 command.go:185:           [32m+[0m[0m interval            = 30
TestIdempotence 2025-08-19T14:55:15+02:00 command.go:185:           [32m+[0m[0m matcher             = (known after apply)
TestIdempotence 2025-08-19T14:55:15+02:00 command.go:185:           [32m+[0m[0m path                = (known after apply)
TestIdempotence 2025-08-19T14:55:15+02:00 command.go:185:           [32m+[0m[0m port                = "traffic-port"
TestIdempotence 2025-08-19T14:55:15+02:00 command.go:185:           [32m+[0m[0m protocol            = "TCP"
TestIdempotence 2025-08-19T14:55:15+02:00 command.go:185:           [32m+[0m[0m timeout             = (known after apply)
TestIdempotence 2025-08-19T14:55:15+02:00 command.go:185:           [32m+[0m[0m unhealthy_threshold = 3
TestIdempotence 2025-08-19T14:55:15+02:00 command.go:185:         }
TestIdempotence 2025-08-19T14:55:15+02:00 command.go:185: 
TestIdempotence 2025-08-19T14:55:15+02:00 command.go:185:       [32m+[0m[0m stickiness {
TestIdempotence 2025-08-19T14:55:15+02:00 command.go:185:           [32m+[0m[0m enabled = true
TestIdempotence 2025-08-19T14:55:15+02:00 command.go:185:           [32m+[0m[0m type    = "source_ip"
TestIdempotence 2025-08-19T14:55:15+02:00 command.go:185:         }
TestIdempotence 2025-08-19T14:55:15+02:00 command.go:185: 
TestIdempotence 2025-08-19T14:55:15+02:00 command.go:185:       [32m+[0m[0m target_failover (known after apply)
TestIdempotence 2025-08-19T14:55:15+02:00 command.go:185: 
TestIdempotence 2025-08-19T14:55:15+02:00 command.go:185:       [32m+[0m[0m target_group_health (known after apply)
TestIdempotence 2025-08-19T14:55:15+02:00 command.go:185: 
TestIdempotence 2025-08-19T14:55:15+02:00 command.go:185:       [32m+[0m[0m target_health_state (known after apply)
TestIdempotence 2025-08-19T14:55:15+02:00 command.go:185:     }
TestIdempotence 2025-08-19T14:55:15+02:00 command.go:185: 
TestIdempotence 2025-08-19T14:55:15+02:00 command.go:185: [1m  # module.app_nlb["app2-nlb"].aws_lb_target_group_attachment.this["SSH-app2_vm01"][0m will be created
TestIdempotence 2025-08-19T14:55:15+02:00 command.go:185: [0m  [32m+[0m[0m resource "aws_lb_target_group_attachment" "this" {
TestIdempotence 2025-08-19T14:55:15+02:00 command.go:185:       [32m+[0m[0m id               = (known after apply)
TestIdempotence 2025-08-19T14:55:15+02:00 command.go:185:       [32m+[0m[0m port             = 22
TestIdempotence 2025-08-19T14:55:15+02:00 command.go:185:       [32m+[0m[0m target_group_arn = (known after apply)
TestIdempotence 2025-08-19T14:55:15+02:00 command.go:185:       [32m+[0m[0m target_id        = (known after apply)
TestIdempotence 2025-08-19T14:55:15+02:00 command.go:185:     }
TestIdempotence 2025-08-19T14:55:15+02:00 command.go:185: 
TestIdempotence 2025-08-19T14:55:15+02:00 command.go:185: [1m  # module.app_nlb["app2-nlb"].aws_lb_target_group_attachment.this["SSH-app2_vm02"][0m will be created
TestIdempotence 2025-08-19T14:55:15+02:00 command.go:185: [0m  [32m+[0m[0m resource "aws_lb_target_group_attachment" "this" {
TestIdempotence 2025-08-19T14:55:15+02:00 command.go:185:       [32m+[0m[0m id               = (known after apply)
TestIdempotence 2025-08-19T14:55:15+02:00 command.go:185:       [32m+[0m[0m port             = 22
TestIdempotence 2025-08-19T14:55:15+02:00 command.go:185:       [32m+[0m[0m target_group_arn = (known after apply)
TestIdempotence 2025-08-19T14:55:15+02:00 command.go:185:       [32m+[0m[0m target_id        = (known after apply)
TestIdempotence 2025-08-19T14:55:15+02:00 command.go:185:     }
TestIdempotence 2025-08-19T14:55:15+02:00 command.go:185: 
TestIdempotence 2025-08-19T14:55:15+02:00 command.go:185: [1m  # module.gwlb["security_gwlb"].aws_lb.this[0m will be created
TestIdempotence 2025-08-19T14:55:15+02:00 command.go:185: [0m  [32m+[0m[0m resource "aws_lb" "this" {
TestIdempotence 2025-08-19T14:55:15+02:00 command.go:185:       [32m+[0m[0m arn                                                          = (known after apply)
TestIdempotence 2025-08-19T14:55:15+02:00 command.go:185:       [32m+[0m[0m arn_suffix                                                   = (known after apply)
TestIdempotence 2025-08-19T14:55:15+02:00 command.go:185:       [32m+[0m[0m dns_name                                                     = (known after apply)
TestIdempotence 2025-08-19T14:55:15+02:00 command.go:185:       [32m+[0m[0m enable_cross_zone_load_balancing                             = true
TestIdempotence 2025-08-19T14:55:15+02:00 command.go:185:       [32m+[0m[0m enable_deletion_protection                                   = false
TestIdempotence 2025-08-19T14:55:15+02:00 command.go:185:       [32m+[0m[0m enforce_security_group_inbound_rules_on_private_link_traffic = (known after apply)
TestIdempotence 2025-08-19T14:55:15+02:00 command.go:185:       [32m+[0m[0m id                                                           = (known after apply)
TestIdempotence 2025-08-19T14:55:15+02:00 command.go:185:       [32m+[0m[0m internal                                                     = (known after apply)
TestIdempotence 2025-08-19T14:55:15+02:00 command.go:185:       [32m+[0m[0m ip_address_type                                              = (known after apply)
TestIdempotence 2025-08-19T14:55:15+02:00 command.go:185:       [32m+[0m[0m load_balancer_type                                           = "gateway"
TestIdempotence 2025-08-19T14:55:15+02:00 command.go:185:       [32m+[0m[0m name                                                         = "tt-4ff3-security-gwlb"
TestIdempotence 2025-08-19T14:55:15+02:00 command.go:185:       [32m+[0m[0m name_prefix                                                  = (known after apply)
TestIdempotence 2025-08-19T14:55:15+02:00 command.go:185:       [32m+[0m[0m security_groups                                              = (known after apply)
TestIdempotence 2025-08-19T14:55:15+02:00 command.go:185:       [32m+[0m[0m subnets                                                      = (known after apply)
TestIdempotence 2025-08-19T14:55:15+02:00 command.go:185:       [32m+[0m[0m tags                                                         = {
TestIdempotence 2025-08-19T14:55:15+02:00 command.go:185:           [32m+[0m[0m "Application" = "Palo Alto Networks VM-Series NGFW"
TestIdempotence 2025-08-19T14:55:15+02:00 command.go:185:           [32m+[0m[0m "ManagedBy"   = "terraform"
TestIdempotence 2025-08-19T14:55:15+02:00 command.go:185:           [32m+[0m[0m "Name"        = "tt-4ff3-security-gwlb"
TestIdempotence 2025-08-19T14:55:15+02:00 command.go:185:           [32m+[0m[0m "Owner"       = "PS Team"
TestIdempotence 2025-08-19T14:55:15+02:00 command.go:185:         }
TestIdempotence 2025-08-19T14:55:15+02:00 command.go:185:       [32m+[0m[0m tags_all                                                     = {
TestIdempotence 2025-08-19T14:55:15+02:00 command.go:185:           [32m+[0m[0m "Application" = "Palo Alto Networks VM-Series NGFW"
TestIdempotence 2025-08-19T14:55:15+02:00 command.go:185:           [32m+[0m[0m "ManagedBy"   = "terraform"
TestIdempotence 2025-08-19T14:55:15+02:00 command.go:185:           [32m+[0m[0m "Name"        = "tt-4ff3-security-gwlb"
TestIdempotence 2025-08-19T14:55:15+02:00 command.go:185:           [32m+[0m[0m "Owner"       = "PS Team"
TestIdempotence 2025-08-19T14:55:15+02:00 command.go:185:         }
TestIdempotence 2025-08-19T14:55:15+02:00 command.go:185:       [32m+[0m[0m vpc_id                                                       = (known after apply)
TestIdempotence 2025-08-19T14:55:15+02:00 command.go:185:       [32m+[0m[0m zone_id                                                      = (known after apply)
TestIdempotence 2025-08-19T14:55:15+02:00 command.go:185: 
TestIdempotence 2025-08-19T14:55:15+02:00 command.go:185:       [32m+[0m[0m subnet_mapping (known after apply)
TestIdempotence 2025-08-19T14:55:15+02:00 command.go:185:     }
TestIdempotence 2025-08-19T14:55:15+02:00 command.go:185: 
TestIdempotence 2025-08-19T14:55:15+02:00 command.go:185: [1m  # module.gwlb["security_gwlb"].aws_lb_listener.this[0m will be created
TestIdempotence 2025-08-19T14:55:15+02:00 command.go:185: [0m  [32m+[0m[0m resource "aws_lb_listener" "this" {
TestIdempotence 2025-08-19T14:55:15+02:00 command.go:185:       [32m+[0m[0m arn                                                                   = (known after apply)
TestIdempotence 2025-08-19T14:55:15+02:00 command.go:185:       [32m+[0m[0m id                                                                    = (known after apply)
TestIdempotence 2025-08-19T14:55:15+02:00 command.go:185:       [32m+[0m[0m load_balancer_arn                                                     = (known after apply)
TestIdempotence 2025-08-19T14:55:15+02:00 command.go:185:       [32m+[0m[0m protocol                                                              = (known after apply)
TestIdempotence 2025-08-19T14:55:15+02:00 command.go:185:       [32m+[0m[0m routing_http_request_x_amzn_mtls_clientcert_header_name               = (known after apply)
TestIdempotence 2025-08-19T14:55:15+02:00 command.go:185:       [32m+[0m[0m routing_http_request_x_amzn_mtls_clientcert_issuer_header_name        = (known after apply)
TestIdempotence 2025-08-19T14:55:15+02:00 command.go:185:       [32m+[0m[0m routing_http_request_x_amzn_mtls_clientcert_leaf_header_name          = (known after apply)
TestIdempotence 2025-08-19T14:55:15+02:00 command.go:185:       [32m+[0m[0m routing_http_request_x_amzn_mtls_clientcert_serial_number_header_name = (known after apply)
TestIdempotence 2025-08-19T14:55:15+02:00 command.go:185:       [32m+[0m[0m routing_http_request_x_amzn_mtls_clientcert_subject_header_name       = (known after apply)
TestIdempotence 2025-08-19T14:55:15+02:00 command.go:185:       [32m+[0m[0m routing_http_request_x_amzn_mtls_clientcert_validity_header_name      = (known after apply)
TestIdempotence 2025-08-19T14:55:15+02:00 command.go:185:       [32m+[0m[0m routing_http_request_x_amzn_tls_cipher_suite_header_name              = (known after apply)
TestIdempotence 2025-08-19T14:55:15+02:00 command.go:185:       [32m+[0m[0m routing_http_request_x_amzn_tls_version_header_name                   = (known after apply)
TestIdempotence 2025-08-19T14:55:15+02:00 command.go:185:       [32m+[0m[0m routing_http_response_access_control_allow_credentials_header_value   = (known after apply)
TestIdempotence 2025-08-19T14:55:15+02:00 command.go:185:       [32m+[0m[0m routing_http_response_access_control_allow_headers_header_value       = (known after apply)
TestIdempotence 2025-08-19T14:55:15+02:00 command.go:185:       [32m+[0m[0m routing_http_response_access_control_allow_methods_header_value       = (known after apply)
TestIdempotence 2025-08-19T14:55:15+02:00 command.go:185:       [32m+[0m[0m routing_http_response_access_control_allow_origin_header_value        = (known after apply)
TestIdempotence 2025-08-19T14:55:15+02:00 command.go:185:       [32m+[0m[0m routing_http_response_access_control_expose_headers_header_value      = (known after apply)
TestIdempotence 2025-08-19T14:55:15+02:00 command.go:185:       [32m+[0m[0m routing_http_response_access_control_max_age_header_value             = (known after apply)
TestIdempotence 2025-08-19T14:55:15+02:00 command.go:185:       [32m+[0m[0m routing_http_response_content_security_policy_header_value            = (known after apply)
TestIdempotence 2025-08-19T14:55:15+02:00 command.go:185:       [32m+[0m[0m routing_http_response_server_enabled                                  = (known after apply)
TestIdempotence 2025-08-19T14:55:15+02:00 command.go:185:       [32m+[0m[0m routing_http_response_strict_transport_security_header_value          = (known after apply)
TestIdempotence 2025-08-19T14:55:15+02:00 command.go:185:       [32m+[0m[0m routing_http_response_x_content_type_options_header_value             = (known after apply)
TestIdempotence 2025-08-19T14:55:15+02:00 command.go:185:       [32m+[0m[0m routing_http_response_x_frame_options_header_value                    = (known after apply)
TestIdempotence 2025-08-19T14:55:15+02:00 command.go:185:       [32m+[0m[0m ssl_policy                                                            = (known after apply)
TestIdempotence 2025-08-19T14:55:15+02:00 command.go:185:       [32m+[0m[0m tags_all                                                              = (known after apply)
TestIdempotence 2025-08-19T14:55:15+02:00 command.go:185:       [32m+[0m[0m tcp_idle_timeout_seconds                                              = (known after apply)
TestIdempotence 2025-08-19T14:55:15+02:00 command.go:185: 
TestIdempotence 2025-08-19T14:55:15+02:00 command.go:185:       [32m+[0m[0m default_action {
TestIdempotence 2025-08-19T14:55:15+02:00 command.go:185:           [32m+[0m[0m order            = (known after apply)
TestIdempotence 2025-08-19T14:55:15+02:00 command.go:185:           [32m+[0m[0m target_group_arn = (known after apply)
TestIdempotence 2025-08-19T14:55:15+02:00 command.go:185:           [32m+[0m[0m type             = "forward"
TestIdempotence 2025-08-19T14:55:15+02:00 command.go:185:         }
TestIdempotence 2025-08-19T14:55:15+02:00 command.go:185: 
TestIdempotence 2025-08-19T14:55:15+02:00 command.go:185:       [32m+[0m[0m mutual_authentication (known after apply)
TestIdempotence 2025-08-19T14:55:15+02:00 command.go:185:     }
TestIdempotence 2025-08-19T14:55:15+02:00 command.go:185: 
TestIdempotence 2025-08-19T14:55:15+02:00 command.go:185: [1m  # module.gwlb["security_gwlb"].aws_lb_target_group.this[0m will be created
TestIdempotence 2025-08-19T14:55:15+02:00 command.go:185: [0m  [32m+[0m[0m resource "aws_lb_target_group" "this" {
TestIdempotence 2025-08-19T14:55:15+02:00 command.go:185:       [32m+[0m[0m arn                                = (known after apply)
TestIdempotence 2025-08-19T14:55:15+02:00 command.go:185:       [32m+[0m[0m arn_suffix                         = (known after apply)
TestIdempotence 2025-08-19T14:55:15+02:00 command.go:185:       [32m+[0m[0m connection_termination             = (known after apply)
TestIdempotence 2025-08-19T14:55:15+02:00 command.go:185:       [32m+[0m[0m deregistration_delay               = "300"
TestIdempotence 2025-08-19T14:55:15+02:00 command.go:185:       [32m+[0m[0m id                                 = (known after apply)
TestIdempotence 2025-08-19T14:55:15+02:00 command.go:185:       [32m+[0m[0m ip_address_type                    = (known after apply)
TestIdempotence 2025-08-19T14:55:15+02:00 command.go:185:       [32m+[0m[0m lambda_multi_value_headers_enabled = false
TestIdempotence 2025-08-19T14:55:15+02:00 command.go:185:       [32m+[0m[0m load_balancer_arns                 = (known after apply)
TestIdempotence 2025-08-19T14:55:15+02:00 command.go:185:       [32m+[0m[0m load_balancing_algorithm_type      = (known after apply)
TestIdempotence 2025-08-19T14:55:15+02:00 command.go:185:       [32m+[0m[0m load_balancing_anomaly_mitigation  = (known after apply)
TestIdempotence 2025-08-19T14:55:15+02:00 command.go:185:       [32m+[0m[0m load_balancing_cross_zone_enabled  = (known after apply)
TestIdempotence 2025-08-19T14:55:15+02:00 command.go:185:       [32m+[0m[0m name                               = "tt-4ff3-security-gwlb"
TestIdempotence 2025-08-19T14:55:15+02:00 command.go:185:       [32m+[0m[0m name_prefix                        = (known after apply)
TestIdempotence 2025-08-19T14:55:15+02:00 command.go:185:       [32m+[0m[0m port                               = 6081
TestIdempotence 2025-08-19T14:55:15+02:00 command.go:185:       [32m+[0m[0m preserve_client_ip                 = (known after apply)
TestIdempotence 2025-08-19T14:55:15+02:00 command.go:185:       [32m+[0m[0m protocol                           = "GENEVE"
TestIdempotence 2025-08-19T14:55:15+02:00 command.go:185:       [32m+[0m[0m protocol_version                   = (known after apply)
TestIdempotence 2025-08-19T14:55:15+02:00 command.go:185:       [32m+[0m[0m proxy_protocol_v2                  = false
TestIdempotence 2025-08-19T14:55:15+02:00 command.go:185:       [32m+[0m[0m slow_start                         = 0
TestIdempotence 2025-08-19T14:55:15+02:00 command.go:185:       [32m+[0m[0m tags_all                           = (known after apply)
TestIdempotence 2025-08-19T14:55:15+02:00 command.go:185:       [32m+[0m[0m target_type                        = "instance"
TestIdempotence 2025-08-19T14:55:15+02:00 command.go:185:       [32m+[0m[0m vpc_id                             = (known after apply)
TestIdempotence 2025-08-19T14:55:15+02:00 command.go:185: 
TestIdempotence 2025-08-19T14:55:15+02:00 command.go:185:       [32m+[0m[0m health_check {
TestIdempotence 2025-08-19T14:55:15+02:00 command.go:185:           [32m+[0m[0m enabled             = true
TestIdempotence 2025-08-19T14:55:15+02:00 command.go:185:           [32m+[0m[0m healthy_threshold   = 3
TestIdempotence 2025-08-19T14:55:15+02:00 command.go:185:           [32m+[0m[0m interval            = 5
TestIdempotence 2025-08-19T14:55:15+02:00 command.go:185:           [32m+[0m[0m matcher             = (known after apply)
TestIdempotence 2025-08-19T14:55:15+02:00 command.go:185:           [32m+[0m[0m path                = (known after apply)
TestIdempotence 2025-08-19T14:55:15+02:00 command.go:185:           [32m+[0m[0m port                = "80"
TestIdempotence 2025-08-19T14:55:15+02:00 command.go:185:           [32m+[0m[0m protocol            = "HTTP"
TestIdempotence 2025-08-19T14:55:15+02:00 command.go:185:           [32m+[0m[0m timeout             = (known after apply)
TestIdempotence 2025-08-19T14:55:15+02:00 command.go:185:           [32m+[0m[0m unhealthy_threshold = 3
TestIdempotence 2025-08-19T14:55:15+02:00 command.go:185:         }
TestIdempotence 2025-08-19T14:55:15+02:00 command.go:185: 
TestIdempotence 2025-08-19T14:55:15+02:00 command.go:185:       [32m+[0m[0m stickiness {
TestIdempotence 2025-08-19T14:55:15+02:00 command.go:185:           [32m+[0m[0m enabled = false
TestIdempotence 2025-08-19T14:55:15+02:00 command.go:185:           [32m+[0m[0m type    = "source_ip_dest_ip_proto"
TestIdempotence 2025-08-19T14:55:15+02:00 command.go:185:         }
TestIdempotence 2025-08-19T14:55:15+02:00 command.go:185: 
TestIdempotence 2025-08-19T14:55:15+02:00 command.go:185:       [32m+[0m[0m target_failover {
TestIdempotence 2025-08-19T14:55:15+02:00 command.go:185:           [32m+[0m[0m on_deregistration = "no_rebalance"
TestIdempotence 2025-08-19T14:55:15+02:00 command.go:185:           [32m+[0m[0m on_unhealthy      = "no_rebalance"
TestIdempotence 2025-08-19T14:55:15+02:00 command.go:185:         }
TestIdempotence 2025-08-19T14:55:15+02:00 command.go:185: 
TestIdempotence 2025-08-19T14:55:15+02:00 command.go:185:       [32m+[0m[0m target_group_health (known after apply)
TestIdempotence 2025-08-19T14:55:15+02:00 command.go:185: 
TestIdempotence 2025-08-19T14:55:15+02:00 command.go:185:       [32m+[0m[0m target_health_state (known after apply)
TestIdempotence 2025-08-19T14:55:15+02:00 command.go:185:     }
TestIdempotence 2025-08-19T14:55:15+02:00 command.go:185: 
TestIdempotence 2025-08-19T14:55:15+02:00 command.go:185: [1m  # module.gwlb["security_gwlb"].aws_vpc_endpoint_service.this[0m will be created
TestIdempotence 2025-08-19T14:55:15+02:00 command.go:185: [0m  [32m+[0m[0m resource "aws_vpc_endpoint_service" "this" {
TestIdempotence 2025-08-19T14:55:15+02:00 command.go:185:       [32m+[0m[0m acceptance_required            = false
TestIdempotence 2025-08-19T14:55:15+02:00 command.go:185:       [32m+[0m[0m allowed_principals             = (known after apply)
TestIdempotence 2025-08-19T14:55:15+02:00 command.go:185:       [32m+[0m[0m arn                            = (known after apply)
TestIdempotence 2025-08-19T14:55:15+02:00 command.go:185:       [32m+[0m[0m availability_zones             = (known after apply)
TestIdempotence 2025-08-19T14:55:15+02:00 command.go:185:       [32m+[0m[0m base_endpoint_dns_names        = (known after apply)
TestIdempotence 2025-08-19T14:55:15+02:00 command.go:185:       [32m+[0m[0m gateway_load_balancer_arns     = (known after apply)
TestIdempotence 2025-08-19T14:55:15+02:00 command.go:185:       [32m+[0m[0m id                             = (known after apply)
TestIdempotence 2025-08-19T14:55:15+02:00 command.go:185:       [32m+[0m[0m manages_vpc_endpoints          = (known after apply)
TestIdempotence 2025-08-19T14:55:15+02:00 command.go:185:       [32m+[0m[0m private_dns_name               = (known after apply)
TestIdempotence 2025-08-19T14:55:15+02:00 command.go:185:       [32m+[0m[0m private_dns_name_configuration = (known after apply)
TestIdempotence 2025-08-19T14:55:15+02:00 command.go:185:       [32m+[0m[0m service_name                   = (known after apply)
TestIdempotence 2025-08-19T14:55:15+02:00 command.go:185:       [32m+[0m[0m service_type                   = (known after apply)
TestIdempotence 2025-08-19T14:55:15+02:00 command.go:185:       [32m+[0m[0m state                          = (known after apply)
TestIdempotence 2025-08-19T14:55:15+02:00 command.go:185:       [32m+[0m[0m supported_ip_address_types     = (known after apply)
TestIdempotence 2025-08-19T14:55:15+02:00 command.go:185:       [32m+[0m[0m supported_regions              = (known after apply)
TestIdempotence 2025-08-19T14:55:15+02:00 command.go:185:       [32m+[0m[0m tags                           = {
TestIdempotence 2025-08-19T14:55:15+02:00 command.go:185:           [32m+[0m[0m "Application" = "Palo Alto Networks VM-Series NGFW"
TestIdempotence 2025-08-19T14:55:15+02:00 command.go:185:           [32m+[0m[0m "ManagedBy"   = "terraform"
TestIdempotence 2025-08-19T14:55:15+02:00 command.go:185:           [32m+[0m[0m "Name"        = "tt-4ff3-security-gwlb"
TestIdempotence 2025-08-19T14:55:15+02:00 command.go:185:           [32m+[0m[0m "Owner"       = "PS Team"
TestIdempotence 2025-08-19T14:55:15+02:00 command.go:185:         }
TestIdempotence 2025-08-19T14:55:15+02:00 command.go:185:       [32m+[0m[0m tags_all                       = {
TestIdempotence 2025-08-19T14:55:15+02:00 command.go:185:           [32m+[0m[0m "Application" = "Palo Alto Networks VM-Series NGFW"
TestIdempotence 2025-08-19T14:55:15+02:00 command.go:185:           [32m+[0m[0m "ManagedBy"   = "terraform"
TestIdempotence 2025-08-19T14:55:15+02:00 command.go:185:           [32m+[0m[0m "Name"        = "tt-4ff3-security-gwlb"
TestIdempotence 2025-08-19T14:55:15+02:00 command.go:185:           [32m+[0m[0m "Owner"       = "PS Team"
TestIdempotence 2025-08-19T14:55:15+02:00 command.go:185:         }
TestIdempotence 2025-08-19T14:55:15+02:00 command.go:185:     }
TestIdempotence 2025-08-19T14:55:15+02:00 command.go:185: 
TestIdempotence 2025-08-19T14:55:15+02:00 command.go:185: [1m  # module.gwlb["security_gwlb"].aws_vpc_endpoint_service_allowed_principal.this["arn:aws:iam::751512424814:root"][0m will be created
TestIdempotence 2025-08-19T14:55:15+02:00 command.go:185: [0m  [32m+[0m[0m resource "aws_vpc_endpoint_service_allowed_principal" "this" {
TestIdempotence 2025-08-19T14:55:15+02:00 command.go:185:       [32m+[0m[0m id                      = (known after apply)
TestIdempotence 2025-08-19T14:55:15+02:00 command.go:185:       [32m+[0m[0m principal_arn           = "arn:aws:iam::751512424814:root"
TestIdempotence 2025-08-19T14:55:15+02:00 command.go:185:       [32m+[0m[0m vpc_endpoint_service_id = (known after apply)
TestIdempotence 2025-08-19T14:55:15+02:00 command.go:185:     }
TestIdempotence 2025-08-19T14:55:15+02:00 command.go:185: 
TestIdempotence 2025-08-19T14:55:15+02:00 command.go:185: [1m  # module.gwlbe_endpoint["security_gwlb_eastwest"].aws_vpc_endpoint.this["eu-west-1a"][0m will be created
TestIdempotence 2025-08-19T14:55:15+02:00 command.go:185: [0m  [32m+[0m[0m resource "aws_vpc_endpoint" "this" {
TestIdempotence 2025-08-19T14:55:15+02:00 command.go:185:       [32m+[0m[0m arn                   = (known after apply)
TestIdempotence 2025-08-19T14:55:15+02:00 command.go:185:       [32m+[0m[0m cidr_blocks           = (known after apply)
TestIdempotence 2025-08-19T14:55:15+02:00 command.go:185:       [32m+[0m[0m dns_entry             = (known after apply)
TestIdempotence 2025-08-19T14:55:15+02:00 command.go:185:       [32m+[0m[0m id                    = (known after apply)
TestIdempotence 2025-08-19T14:55:15+02:00 command.go:185:       [32m+[0m[0m ip_address_type       = (known after apply)
TestIdempotence 2025-08-19T14:55:15+02:00 command.go:185:       [32m+[0m[0m network_interface_ids = (known after apply)
TestIdempotence 2025-08-19T14:55:15+02:00 command.go:185:       [32m+[0m[0m owner_id              = (known after apply)
TestIdempotence 2025-08-19T14:55:15+02:00 command.go:185:       [32m+[0m[0m policy                = (known after apply)
TestIdempotence 2025-08-19T14:55:15+02:00 command.go:185:       [32m+[0m[0m prefix_list_id        = (known after apply)
TestIdempotence 2025-08-19T14:55:15+02:00 command.go:185:       [32m+[0m[0m private_dns_enabled   = (known after apply)
TestIdempotence 2025-08-19T14:55:15+02:00 command.go:185:       [32m+[0m[0m requester_managed     = (known after apply)
TestIdempotence 2025-08-19T14:55:15+02:00 command.go:185:       [32m+[0m[0m route_table_ids       = (known after apply)
TestIdempotence 2025-08-19T14:55:15+02:00 command.go:185:       [32m+[0m[0m security_group_ids    = (known after apply)
TestIdempotence 2025-08-19T14:55:15+02:00 command.go:185:       [32m+[0m[0m service_name          = (known after apply)
TestIdempotence 2025-08-19T14:55:15+02:00 command.go:185:       [32m+[0m[0m service_region        = (known after apply)
TestIdempotence 2025-08-19T14:55:15+02:00 command.go:185:       [32m+[0m[0m state                 = (known after apply)
TestIdempotence 2025-08-19T14:55:15+02:00 command.go:185:       [32m+[0m[0m subnet_ids            = (known after apply)
TestIdempotence 2025-08-19T14:55:15+02:00 command.go:185:       [32m+[0m[0m tags                  = {
TestIdempotence 2025-08-19T14:55:15+02:00 command.go:185:           [32m+[0m[0m "Application" = "Palo Alto Networks VM-Series NGFW"
TestIdempotence 2025-08-19T14:55:15+02:00 command.go:185:           [32m+[0m[0m "ManagedBy"   = "terraform"
TestIdempotence 2025-08-19T14:55:15+02:00 command.go:185:           [32m+[0m[0m "Name"        = "tt-4ff3-eastwest-gwlb-endpointa"
TestIdempotence 2025-08-19T14:55:15+02:00 command.go:185:           [32m+[0m[0m "Owner"       = "PS Team"
TestIdempotence 2025-08-19T14:55:15+02:00 command.go:185:         }
TestIdempotence 2025-08-19T14:55:15+02:00 command.go:185:       [32m+[0m[0m tags_all              = {
TestIdempotence 2025-08-19T14:55:15+02:00 command.go:185:           [32m+[0m[0m "Application" = "Palo Alto Networks VM-Series NGFW"
TestIdempotence 2025-08-19T14:55:15+02:00 command.go:185:           [32m+[0m[0m "ManagedBy"   = "terraform"
TestIdempotence 2025-08-19T14:55:15+02:00 command.go:185:           [32m+[0m[0m "Name"        = "tt-4ff3-eastwest-gwlb-endpointa"
TestIdempotence 2025-08-19T14:55:15+02:00 command.go:185:           [32m+[0m[0m "Owner"       = "PS Team"
TestIdempotence 2025-08-19T14:55:15+02:00 command.go:185:         }
TestIdempotence 2025-08-19T14:55:15+02:00 command.go:185:       [32m+[0m[0m vpc_endpoint_type     = "GatewayLoadBalancer"
TestIdempotence 2025-08-19T14:55:15+02:00 command.go:185:       [32m+[0m[0m vpc_id                = (known after apply)
TestIdempotence 2025-08-19T14:55:15+02:00 command.go:185: 
TestIdempotence 2025-08-19T14:55:15+02:00 command.go:185:       [32m+[0m[0m dns_options (known after apply)
TestIdempotence 2025-08-19T14:55:15+02:00 command.go:185: 
TestIdempotence 2025-08-19T14:55:15+02:00 command.go:185:       [32m+[0m[0m subnet_configuration (known after apply)
TestIdempotence 2025-08-19T14:55:15+02:00 command.go:185:     }
TestIdempotence 2025-08-19T14:55:15+02:00 command.go:185: 
TestIdempotence 2025-08-19T14:55:15+02:00 command.go:185: [1m  # module.gwlbe_endpoint["security_gwlb_eastwest"].aws_vpc_endpoint.this["eu-west-1b"][0m will be created
TestIdempotence 2025-08-19T14:55:15+02:00 command.go:185: [0m  [32m+[0m[0m resource "aws_vpc_endpoint" "this" {
TestIdempotence 2025-08-19T14:55:15+02:00 command.go:185:       [32m+[0m[0m arn                   = (known after apply)
TestIdempotence 2025-08-19T14:55:15+02:00 command.go:185:       [32m+[0m[0m cidr_blocks           = (known after apply)
TestIdempotence 2025-08-19T14:55:15+02:00 command.go:185:       [32m+[0m[0m dns_entry             = (known after apply)
TestIdempotence 2025-08-19T14:55:15+02:00 command.go:185:       [32m+[0m[0m id                    = (known after apply)
TestIdempotence 2025-08-19T14:55:15+02:00 command.go:185:       [32m+[0m[0m ip_address_type       = (known after apply)
TestIdempotence 2025-08-19T14:55:15+02:00 command.go:185:       [32m+[0m[0m network_interface_ids = (known after apply)
TestIdempotence 2025-08-19T14:55:15+02:00 command.go:185:       [32m+[0m[0m owner_id              = (known after apply)
TestIdempotence 2025-08-19T14:55:15+02:00 command.go:185:       [32m+[0m[0m policy                = (known after apply)
TestIdempotence 2025-08-19T14:55:15+02:00 command.go:185:       [32m+[0m[0m prefix_list_id        = (known after apply)
TestIdempotence 2025-08-19T14:55:15+02:00 command.go:185:       [32m+[0m[0m private_dns_enabled   = (known after apply)
TestIdempotence 2025-08-19T14:55:15+02:00 command.go:185:       [32m+[0m[0m requester_managed     = (known after apply)
TestIdempotence 2025-08-19T14:55:15+02:00 command.go:185:       [32m+[0m[0m route_table_ids       = (known after apply)
TestIdempotence 2025-08-19T14:55:15+02:00 command.go:185:       [32m+[0m[0m security_group_ids    = (known after apply)
TestIdempotence 2025-08-19T14:55:15+02:00 command.go:185:       [32m+[0m[0m service_name          = (known after apply)
TestIdempotence 2025-08-19T14:55:15+02:00 command.go:185:       [32m+[0m[0m service_region        = (known after apply)
TestIdempotence 2025-08-19T14:55:15+02:00 command.go:185:       [32m+[0m[0m state                 = (known after apply)
TestIdempotence 2025-08-19T14:55:15+02:00 command.go:185:       [32m+[0m[0m subnet_ids            = (known after apply)
TestIdempotence 2025-08-19T14:55:15+02:00 command.go:185:       [32m+[0m[0m tags                  = {
TestIdempotence 2025-08-19T14:55:15+02:00 command.go:185:           [32m+[0m[0m "Application" = "Palo Alto Networks VM-Series NGFW"
TestIdempotence 2025-08-19T14:55:15+02:00 command.go:185:           [32m+[0m[0m "ManagedBy"   = "terraform"
TestIdempotence 2025-08-19T14:55:15+02:00 command.go:185:           [32m+[0m[0m "Name"        = "tt-4ff3-eastwest-gwlb-endpointb"
TestIdempotence 2025-08-19T14:55:15+02:00 command.go:185:           [32m+[0m[0m "Owner"       = "PS Team"
TestIdempotence 2025-08-19T14:55:15+02:00 command.go:185:         }
TestIdempotence 2025-08-19T14:55:15+02:00 command.go:185:       [32m+[0m[0m tags_all              = {
TestIdempotence 2025-08-19T14:55:15+02:00 command.go:185:           [32m+[0m[0m "Application" = "Palo Alto Networks VM-Series NGFW"
TestIdempotence 2025-08-19T14:55:15+02:00 command.go:185:           [32m+[0m[0m "ManagedBy"   = "terraform"
TestIdempotence 2025-08-19T14:55:15+02:00 command.go:185:           [32m+[0m[0m "Name"        = "tt-4ff3-eastwest-gwlb-endpointb"
TestIdempotence 2025-08-19T14:55:15+02:00 command.go:185:           [32m+[0m[0m "Owner"       = "PS Team"
TestIdempotence 2025-08-19T14:55:15+02:00 command.go:185:         }
TestIdempotence 2025-08-19T14:55:15+02:00 command.go:185:       [32m+[0m[0m vpc_endpoint_type     = "GatewayLoadBalancer"
TestIdempotence 2025-08-19T14:55:15+02:00 command.go:185:       [32m+[0m[0m vpc_id                = (known after apply)
TestIdempotence 2025-08-19T14:55:15+02:00 command.go:185: 
TestIdempotence 2025-08-19T14:55:15+02:00 command.go:185:       [32m+[0m[0m dns_options (known after apply)
TestIdempotence 2025-08-19T14:55:15+02:00 command.go:185: 
TestIdempotence 2025-08-19T14:55:15+02:00 command.go:185:       [32m+[0m[0m subnet_configuration (known after apply)
TestIdempotence 2025-08-19T14:55:15+02:00 command.go:185:     }
TestIdempotence 2025-08-19T14:55:15+02:00 command.go:185: 
TestIdempotence 2025-08-19T14:55:15+02:00 command.go:185: [1m  # module.gwlbe_endpoint["security_gwlb_outbound"].aws_vpc_endpoint.this["eu-west-1a"][0m will be created
TestIdempotence 2025-08-19T14:55:15+02:00 command.go:185: [0m  [32m+[0m[0m resource "aws_vpc_endpoint" "this" {
TestIdempotence 2025-08-19T14:55:15+02:00 command.go:185:       [32m+[0m[0m arn                   = (known after apply)
TestIdempotence 2025-08-19T14:55:15+02:00 command.go:185:       [32m+[0m[0m cidr_blocks           = (known after apply)
TestIdempotence 2025-08-19T14:55:15+02:00 command.go:185:       [32m+[0m[0m dns_entry             = (known after apply)
TestIdempotence 2025-08-19T14:55:15+02:00 command.go:185:       [32m+[0m[0m id                    = (known after apply)
TestIdempotence 2025-08-19T14:55:15+02:00 command.go:185:       [32m+[0m[0m ip_address_type       = (known after apply)
TestIdempotence 2025-08-19T14:55:15+02:00 command.go:185:       [32m+[0m[0m network_interface_ids = (known after apply)
TestIdempotence 2025-08-19T14:55:15+02:00 command.go:185:       [32m+[0m[0m owner_id              = (known after apply)
TestIdempotence 2025-08-19T14:55:15+02:00 command.go:185:       [32m+[0m[0m policy                = (known after apply)
TestIdempotence 2025-08-19T14:55:15+02:00 command.go:185:       [32m+[0m[0m prefix_list_id        = (known after apply)
TestIdempotence 2025-08-19T14:55:15+02:00 command.go:185:       [32m+[0m[0m private_dns_enabled   = (known after apply)
TestIdempotence 2025-08-19T14:55:15+02:00 command.go:185:       [32m+[0m[0m requester_managed     = (known after apply)
TestIdempotence 2025-08-19T14:55:15+02:00 command.go:185:       [32m+[0m[0m route_table_ids       = (known after apply)
TestIdempotence 2025-08-19T14:55:15+02:00 command.go:185:       [32m+[0m[0m security_group_ids    = (known after apply)
TestIdempotence 2025-08-19T14:55:15+02:00 command.go:185:       [32m+[0m[0m service_name          = (known after apply)
TestIdempotence 2025-08-19T14:55:15+02:00 command.go:185:       [32m+[0m[0m service_region        = (known after apply)
TestIdempotence 2025-08-19T14:55:15+02:00 command.go:185:       [32m+[0m[0m state                 = (known after apply)
TestIdempotence 2025-08-19T14:55:15+02:00 command.go:185:       [32m+[0m[0m subnet_ids            = (known after apply)
TestIdempotence 2025-08-19T14:55:15+02:00 command.go:185:       [32m+[0m[0m tags                  = {
TestIdempotence 2025-08-19T14:55:15+02:00 command.go:185:           [32m+[0m[0m "Application" = "Palo Alto Networks VM-Series NGFW"
TestIdempotence 2025-08-19T14:55:15+02:00 command.go:185:           [32m+[0m[0m "ManagedBy"   = "terraform"
TestIdempotence 2025-08-19T14:55:15+02:00 command.go:185:           [32m+[0m[0m "Name"        = "tt-4ff3-outbound-gwlb-endpointa"
TestIdempotence 2025-08-19T14:55:15+02:00 command.go:185:           [32m+[0m[0m "Owner"       = "PS Team"
TestIdempotence 2025-08-19T14:55:15+02:00 command.go:185:         }
TestIdempotence 2025-08-19T14:55:15+02:00 command.go:185:       [32m+[0m[0m tags_all              = {
TestIdempotence 2025-08-19T14:55:15+02:00 command.go:185:           [32m+[0m[0m "Application" = "Palo Alto Networks VM-Series NGFW"
TestIdempotence 2025-08-19T14:55:15+02:00 command.go:185:           [32m+[0m[0m "ManagedBy"   = "terraform"
TestIdempotence 2025-08-19T14:55:15+02:00 command.go:185:           [32m+[0m[0m "Name"        = "tt-4ff3-outbound-gwlb-endpointa"
TestIdempotence 2025-08-19T14:55:15+02:00 command.go:185:           [32m+[0m[0m "Owner"       = "PS Team"
TestIdempotence 2025-08-19T14:55:15+02:00 command.go:185:         }
TestIdempotence 2025-08-19T14:55:15+02:00 command.go:185:       [32m+[0m[0m vpc_endpoint_type     = "GatewayLoadBalancer"
TestIdempotence 2025-08-19T14:55:15+02:00 command.go:185:       [32m+[0m[0m vpc_id                = (known after apply)
TestIdempotence 2025-08-19T14:55:15+02:00 command.go:185: 
TestIdempotence 2025-08-19T14:55:15+02:00 command.go:185:       [32m+[0m[0m dns_options (known after apply)
TestIdempotence 2025-08-19T14:55:15+02:00 command.go:185: 
TestIdempotence 2025-08-19T14:55:15+02:00 command.go:185:       [32m+[0m[0m subnet_configuration (known after apply)
TestIdempotence 2025-08-19T14:55:15+02:00 command.go:185:     }
TestIdempotence 2025-08-19T14:55:15+02:00 command.go:185: 
TestIdempotence 2025-08-19T14:55:15+02:00 command.go:185: [1m  # module.gwlbe_endpoint["security_gwlb_outbound"].aws_vpc_endpoint.this["eu-west-1b"][0m will be created
TestIdempotence 2025-08-19T14:55:15+02:00 command.go:185: [0m  [32m+[0m[0m resource "aws_vpc_endpoint" "this" {
TestIdempotence 2025-08-19T14:55:15+02:00 command.go:185:       [32m+[0m[0m arn                   = (known after apply)
TestIdempotence 2025-08-19T14:55:15+02:00 command.go:185:       [32m+[0m[0m cidr_blocks           = (known after apply)
TestIdempotence 2025-08-19T14:55:15+02:00 command.go:185:       [32m+[0m[0m dns_entry             = (known after apply)
TestIdempotence 2025-08-19T14:55:15+02:00 command.go:185:       [32m+[0m[0m id                    = (known after apply)
TestIdempotence 2025-08-19T14:55:15+02:00 command.go:185:       [32m+[0m[0m ip_address_type       = (known after apply)
TestIdempotence 2025-08-19T14:55:15+02:00 command.go:185:       [32m+[0m[0m network_interface_ids = (known after apply)
TestIdempotence 2025-08-19T14:55:15+02:00 command.go:185:       [32m+[0m[0m owner_id              = (known after apply)
TestIdempotence 2025-08-19T14:55:15+02:00 command.go:185:       [32m+[0m[0m policy                = (known after apply)
TestIdempotence 2025-08-19T14:55:15+02:00 command.go:185:       [32m+[0m[0m prefix_list_id        = (known after apply)
TestIdempotence 2025-08-19T14:55:15+02:00 command.go:185:       [32m+[0m[0m private_dns_enabled   = (known after apply)
TestIdempotence 2025-08-19T14:55:15+02:00 command.go:185:       [32m+[0m[0m requester_managed     = (known after apply)
TestIdempotence 2025-08-19T14:55:15+02:00 command.go:185:       [32m+[0m[0m route_table_ids       = (known after apply)
TestIdempotence 2025-08-19T14:55:15+02:00 command.go:185:       [32m+[0m[0m security_group_ids    = (known after apply)
TestIdempotence 2025-08-19T14:55:15+02:00 command.go:185:       [32m+[0m[0m service_name          = (known after apply)
TestIdempotence 2025-08-19T14:55:15+02:00 command.go:185:       [32m+[0m[0m service_region        = (known after apply)
TestIdempotence 2025-08-19T14:55:15+02:00 command.go:185:       [32m+[0m[0m state                 = (known after apply)
TestIdempotence 2025-08-19T14:55:15+02:00 command.go:185:       [32m+[0m[0m subnet_ids            = (known after apply)
TestIdempotence 2025-08-19T14:55:15+02:00 command.go:185:       [32m+[0m[0m tags                  = {
TestIdempotence 2025-08-19T14:55:15+02:00 command.go:185:           [32m+[0m[0m "Application" = "Palo Alto Networks VM-Series NGFW"
TestIdempotence 2025-08-19T14:55:15+02:00 command.go:185:           [32m+[0m[0m "ManagedBy"   = "terraform"
TestIdempotence 2025-08-19T14:55:15+02:00 command.go:185:           [32m+[0m[0m "Name"        = "tt-4ff3-outbound-gwlb-endpointb"
TestIdempotence 2025-08-19T14:55:15+02:00 command.go:185:           [32m+[0m[0m "Owner"       = "PS Team"
TestIdempotence 2025-08-19T14:55:15+02:00 command.go:185:         }
TestIdempotence 2025-08-19T14:55:15+02:00 command.go:185:       [32m+[0m[0m tags_all              = {
TestIdempotence 2025-08-19T14:55:15+02:00 command.go:185:           [32m+[0m[0m "Application" = "Palo Alto Networks VM-Series NGFW"
TestIdempotence 2025-08-19T14:55:15+02:00 command.go:185:           [32m+[0m[0m "ManagedBy"   = "terraform"
TestIdempotence 2025-08-19T14:55:15+02:00 command.go:185:           [32m+[0m[0m "Name"        = "tt-4ff3-outbound-gwlb-endpointb"
TestIdempotence 2025-08-19T14:55:15+02:00 command.go:185:           [32m+[0m[0m "Owner"       = "PS Team"
TestIdempotence 2025-08-19T14:55:15+02:00 command.go:185:         }
TestIdempotence 2025-08-19T14:55:15+02:00 command.go:185:       [32m+[0m[0m vpc_endpoint_type     = "GatewayLoadBalancer"
TestIdempotence 2025-08-19T14:55:15+02:00 command.go:185:       [32m+[0m[0m vpc_id                = (known after apply)
TestIdempotence 2025-08-19T14:55:15+02:00 command.go:185: 
TestIdempotence 2025-08-19T14:55:15+02:00 command.go:185:       [32m+[0m[0m dns_options (known after apply)
TestIdempotence 2025-08-19T14:55:15+02:00 command.go:185: 
TestIdempotence 2025-08-19T14:55:15+02:00 command.go:185:       [32m+[0m[0m subnet_configuration (known after apply)
TestIdempotence 2025-08-19T14:55:15+02:00 command.go:185:     }
TestIdempotence 2025-08-19T14:55:15+02:00 command.go:185: 
TestIdempotence 2025-08-19T14:55:15+02:00 command.go:185: [1m  # module.public_alb["vmseries"].aws_lb.this[0m will be created
TestIdempotence 2025-08-19T14:55:15+02:00 command.go:185: [0m  [32m+[0m[0m resource "aws_lb" "this" {
TestIdempotence 2025-08-19T14:55:15+02:00 command.go:185:       [32m+[0m[0m arn                                                          = (known after apply)
TestIdempotence 2025-08-19T14:55:15+02:00 command.go:185:       [32m+[0m[0m arn_suffix                                                   = (known after apply)
TestIdempotence 2025-08-19T14:55:15+02:00 command.go:185:       [32m+[0m[0m client_keep_alive                                            = 3600
TestIdempotence 2025-08-19T14:55:15+02:00 command.go:185:       [32m+[0m[0m desync_mitigation_mode                                       = "defensive"
TestIdempotence 2025-08-19T14:55:15+02:00 command.go:185:       [32m+[0m[0m dns_name                                                     = (known after apply)
TestIdempotence 2025-08-19T14:55:15+02:00 command.go:185:       [32m+[0m[0m drop_invalid_header_fields                                   = true
TestIdempotence 2025-08-19T14:55:15+02:00 command.go:185:       [32m+[0m[0m enable_deletion_protection                                   = false
TestIdempotence 2025-08-19T14:55:15+02:00 command.go:185:       [32m+[0m[0m enable_http2                                                 = true
TestIdempotence 2025-08-19T14:55:15+02:00 command.go:185:       [32m+[0m[0m enable_tls_version_and_cipher_suite_headers                  = false
TestIdempotence 2025-08-19T14:55:15+02:00 command.go:185:       [32m+[0m[0m enable_waf_fail_open                                         = false
TestIdempotence 2025-08-19T14:55:15+02:00 command.go:185:       [32m+[0m[0m enable_xff_client_port                                       = false
TestIdempotence 2025-08-19T14:55:15+02:00 command.go:185:       [32m+[0m[0m enable_zonal_shift                                           = false
TestIdempotence 2025-08-19T14:55:15+02:00 command.go:185:       [32m+[0m[0m enforce_security_group_inbound_rules_on_private_link_traffic = (known after apply)
TestIdempotence 2025-08-19T14:55:15+02:00 command.go:185:       [32m+[0m[0m id                                                           = (known after apply)
TestIdempotence 2025-08-19T14:55:15+02:00 command.go:185:       [32m+[0m[0m idle_timeout                                                 = 30
TestIdempotence 2025-08-19T14:55:15+02:00 command.go:185:       [32m+[0m[0m internal                                                     = false
TestIdempotence 2025-08-19T14:55:15+02:00 command.go:185:       [32m+[0m[0m ip_address_type                                              = (known after apply)
TestIdempotence 2025-08-19T14:55:15+02:00 command.go:185:       [32m+[0m[0m load_balancer_type                                           = "application"
TestIdempotence 2025-08-19T14:55:15+02:00 command.go:185:       [32m+[0m[0m name                                                         = "tt-4ff3-public-alb"
TestIdempotence 2025-08-19T14:55:15+02:00 command.go:185:       [32m+[0m[0m name_prefix                                                  = (known after apply)
TestIdempotence 2025-08-19T14:55:15+02:00 command.go:185:       [32m+[0m[0m preserve_host_header                                         = false
TestIdempotence 2025-08-19T14:55:15+02:00 command.go:185:       [32m+[0m[0m security_groups                                              = (known after apply)
TestIdempotence 2025-08-19T14:55:15+02:00 command.go:185:       [32m+[0m[0m subnets                                                      = (known after apply)
TestIdempotence 2025-08-19T14:55:15+02:00 command.go:185:       [32m+[0m[0m tags                                                         = {
TestIdempotence 2025-08-19T14:55:15+02:00 command.go:185:           [32m+[0m[0m "Application" = "Palo Alto Networks VM-Series NGFW"
TestIdempotence 2025-08-19T14:55:15+02:00 command.go:185:           [32m+[0m[0m "ManagedBy"   = "terraform"
TestIdempotence 2025-08-19T14:55:15+02:00 command.go:185:           [32m+[0m[0m "Owner"       = "PS Team"
TestIdempotence 2025-08-19T14:55:15+02:00 command.go:185:         }
TestIdempotence 2025-08-19T14:55:15+02:00 command.go:185:       [32m+[0m[0m tags_all                                                     = {
TestIdempotence 2025-08-19T14:55:15+02:00 command.go:185:           [32m+[0m[0m "Application" = "Palo Alto Networks VM-Series NGFW"
TestIdempotence 2025-08-19T14:55:15+02:00 command.go:185:           [32m+[0m[0m "ManagedBy"   = "terraform"
TestIdempotence 2025-08-19T14:55:15+02:00 command.go:185:           [32m+[0m[0m "Owner"       = "PS Team"
TestIdempotence 2025-08-19T14:55:15+02:00 command.go:185:         }
TestIdempotence 2025-08-19T14:55:15+02:00 command.go:185:       [32m+[0m[0m vpc_id                                                       = (known after apply)
TestIdempotence 2025-08-19T14:55:15+02:00 command.go:185:       [32m+[0m[0m xff_header_processing_mode                                   = "append"
TestIdempotence 2025-08-19T14:55:15+02:00 command.go:185:       [32m+[0m[0m zone_id                                                      = (known after apply)
TestIdempotence 2025-08-19T14:55:15+02:00 command.go:185: 
TestIdempotence 2025-08-19T14:55:15+02:00 command.go:185:       [32m+[0m[0m subnet_mapping (known after apply)
TestIdempotence 2025-08-19T14:55:15+02:00 command.go:185:     }
TestIdempotence 2025-08-19T14:55:15+02:00 command.go:185: 
TestIdempotence 2025-08-19T14:55:15+02:00 command.go:185: [1m  # module.public_alb["vmseries"].aws_lb_listener.this["app1"][0m will be created
TestIdempotence 2025-08-19T14:55:15+02:00 command.go:185: [0m  [32m+[0m[0m resource "aws_lb_listener" "this" {
TestIdempotence 2025-08-19T14:55:15+02:00 command.go:185:       [32m+[0m[0m arn                                                                   = (known after apply)
TestIdempotence 2025-08-19T14:55:15+02:00 command.go:185:       [32m+[0m[0m id                                                                    = (known after apply)
TestIdempotence 2025-08-19T14:55:15+02:00 command.go:185:       [32m+[0m[0m load_balancer_arn                                                     = (known after apply)
TestIdempotence 2025-08-19T14:55:15+02:00 command.go:185:       [32m+[0m[0m port                                                                  = 8081
TestIdempotence 2025-08-19T14:55:15+02:00 command.go:185:       [32m+[0m[0m protocol                                                              = "HTTP"
TestIdempotence 2025-08-19T14:55:15+02:00 command.go:185:       [32m+[0m[0m routing_http_request_x_amzn_mtls_clientcert_header_name               = (known after apply)
TestIdempotence 2025-08-19T14:55:15+02:00 command.go:185:       [32m+[0m[0m routing_http_request_x_amzn_mtls_clientcert_issuer_header_name        = (known after apply)
TestIdempotence 2025-08-19T14:55:15+02:00 command.go:185:       [32m+[0m[0m routing_http_request_x_amzn_mtls_clientcert_leaf_header_name          = (known after apply)
TestIdempotence 2025-08-19T14:55:15+02:00 command.go:185:       [32m+[0m[0m routing_http_request_x_amzn_mtls_clientcert_serial_number_header_name = (known after apply)
TestIdempotence 2025-08-19T14:55:15+02:00 command.go:185:       [32m+[0m[0m routing_http_request_x_amzn_mtls_clientcert_subject_header_name       = (known after apply)
TestIdempotence 2025-08-19T14:55:15+02:00 command.go:185:       [32m+[0m[0m routing_http_request_x_amzn_mtls_clientcert_validity_header_name      = (known after apply)
TestIdempotence 2025-08-19T14:55:15+02:00 command.go:185:       [32m+[0m[0m routing_http_request_x_amzn_tls_cipher_suite_header_name              = (known after apply)
TestIdempotence 2025-08-19T14:55:15+02:00 command.go:185:       [32m+[0m[0m routing_http_request_x_amzn_tls_version_header_name                   = (known after apply)
TestIdempotence 2025-08-19T14:55:15+02:00 command.go:185:       [32m+[0m[0m routing_http_response_access_control_allow_credentials_header_value   = (known after apply)
TestIdempotence 2025-08-19T14:55:15+02:00 command.go:185:       [32m+[0m[0m routing_http_response_access_control_allow_headers_header_value       = (known after apply)
TestIdempotence 2025-08-19T14:55:15+02:00 command.go:185:       [32m+[0m[0m routing_http_response_access_control_allow_methods_header_value       = (known after apply)
TestIdempotence 2025-08-19T14:55:15+02:00 command.go:185:       [32m+[0m[0m routing_http_response_access_control_allow_origin_header_value        = (known after apply)
TestIdempotence 2025-08-19T14:55:15+02:00 command.go:185:       [32m+[0m[0m routing_http_response_access_control_expose_headers_header_value      = (known after apply)
TestIdempotence 2025-08-19T14:55:15+02:00 command.go:185:       [32m+[0m[0m routing_http_response_access_control_max_age_header_value             = (known after apply)
TestIdempotence 2025-08-19T14:55:15+02:00 command.go:185:       [32m+[0m[0m routing_http_response_content_security_policy_header_value            = (known after apply)
TestIdempotence 2025-08-19T14:55:15+02:00 command.go:185:       [32m+[0m[0m routing_http_response_server_enabled                                  = (known after apply)
TestIdempotence 2025-08-19T14:55:15+02:00 command.go:185:       [32m+[0m[0m routing_http_response_strict_transport_security_header_value          = (known after apply)
TestIdempotence 2025-08-19T14:55:15+02:00 command.go:185:       [32m+[0m[0m routing_http_response_x_content_type_options_header_value             = (known after apply)
TestIdempotence 2025-08-19T14:55:15+02:00 command.go:185:       [32m+[0m[0m routing_http_response_x_frame_options_header_value                    = (known after apply)
TestIdempotence 2025-08-19T14:55:15+02:00 command.go:185:       [32m+[0m[0m ssl_policy                                                            = (known after apply)
TestIdempotence 2025-08-19T14:55:15+02:00 command.go:185:       [32m+[0m[0m tags                                                                  = {
TestIdempotence 2025-08-19T14:55:15+02:00 command.go:185:           [32m+[0m[0m "Application" = "Palo Alto Networks VM-Series NGFW"
TestIdempotence 2025-08-19T14:55:15+02:00 command.go:185:           [32m+[0m[0m "ManagedBy"   = "terraform"
TestIdempotence 2025-08-19T14:55:15+02:00 command.go:185:           [32m+[0m[0m "Owner"       = "PS Team"
TestIdempotence 2025-08-19T14:55:15+02:00 command.go:185:           [32m+[0m[0m "name"        = "app1"
TestIdempotence 2025-08-19T14:55:15+02:00 command.go:185:         }
TestIdempotence 2025-08-19T14:55:15+02:00 command.go:185:       [32m+[0m[0m tags_all                                                              = {
TestIdempotence 2025-08-19T14:55:15+02:00 command.go:185:           [32m+[0m[0m "Application" = "Palo Alto Networks VM-Series NGFW"
TestIdempotence 2025-08-19T14:55:15+02:00 command.go:185:           [32m+[0m[0m "ManagedBy"   = "terraform"
TestIdempotence 2025-08-19T14:55:15+02:00 command.go:185:           [32m+[0m[0m "Owner"       = "PS Team"
TestIdempotence 2025-08-19T14:55:15+02:00 command.go:185:           [32m+[0m[0m "name"        = "app1"
TestIdempotence 2025-08-19T14:55:15+02:00 command.go:185:         }
TestIdempotence 2025-08-19T14:55:15+02:00 command.go:185:       [32m+[0m[0m tcp_idle_timeout_seconds                                              = (known after apply)
TestIdempotence 2025-08-19T14:55:15+02:00 command.go:185: 
TestIdempotence 2025-08-19T14:55:15+02:00 command.go:185:       [32m+[0m[0m default_action {
TestIdempotence 2025-08-19T14:55:15+02:00 command.go:185:           [32m+[0m[0m order = (known after apply)
TestIdempotence 2025-08-19T14:55:15+02:00 command.go:185:           [32m+[0m[0m type  = "fixed-response"
TestIdempotence 2025-08-19T14:55:15+02:00 command.go:185: 
TestIdempotence 2025-08-19T14:55:15+02:00 command.go:185:           [32m+[0m[0m fixed_response {
TestIdempotence 2025-08-19T14:55:15+02:00 command.go:185:               [32m+[0m[0m content_type = "text/plain"
TestIdempotence 2025-08-19T14:55:15+02:00 command.go:185:               [32m+[0m[0m status_code  = "503"
TestIdempotence 2025-08-19T14:55:15+02:00 command.go:185:             }
TestIdempotence 2025-08-19T14:55:15+02:00 command.go:185:         }
TestIdempotence 2025-08-19T14:55:15+02:00 command.go:185: 
TestIdempotence 2025-08-19T14:55:15+02:00 command.go:185:       [32m+[0m[0m mutual_authentication (known after apply)
TestIdempotence 2025-08-19T14:55:15+02:00 command.go:185:     }
TestIdempotence 2025-08-19T14:55:15+02:00 command.go:185: 
TestIdempotence 2025-08-19T14:55:15+02:00 command.go:185: [1m  # module.public_alb["vmseries"].aws_lb_listener.this["app2"][0m will be created
TestIdempotence 2025-08-19T14:55:15+02:00 command.go:185: [0m  [32m+[0m[0m resource "aws_lb_listener" "this" {
TestIdempotence 2025-08-19T14:55:15+02:00 command.go:185:       [32m+[0m[0m arn                                                                   = (known after apply)
TestIdempotence 2025-08-19T14:55:15+02:00 command.go:185:       [32m+[0m[0m id                                                                    = (known after apply)
TestIdempotence 2025-08-19T14:55:15+02:00 command.go:185:       [32m+[0m[0m load_balancer_arn                                                     = (known after apply)
TestIdempotence 2025-08-19T14:55:15+02:00 command.go:185:       [32m+[0m[0m port                                                                  = 8082
TestIdempotence 2025-08-19T14:55:15+02:00 command.go:185:       [32m+[0m[0m protocol                                                              = "HTTP"
TestIdempotence 2025-08-19T14:55:15+02:00 command.go:185:       [32m+[0m[0m routing_http_request_x_amzn_mtls_clientcert_header_name               = (known after apply)
TestIdempotence 2025-08-19T14:55:15+02:00 command.go:185:       [32m+[0m[0m routing_http_request_x_amzn_mtls_clientcert_issuer_header_name        = (known after apply)
TestIdempotence 2025-08-19T14:55:15+02:00 command.go:185:       [32m+[0m[0m routing_http_request_x_amzn_mtls_clientcert_leaf_header_name          = (known after apply)
TestIdempotence 2025-08-19T14:55:15+02:00 command.go:185:       [32m+[0m[0m routing_http_request_x_amzn_mtls_clientcert_serial_number_header_name = (known after apply)
TestIdempotence 2025-08-19T14:55:15+02:00 command.go:185:       [32m+[0m[0m routing_http_request_x_amzn_mtls_clientcert_subject_header_name       = (known after apply)
TestIdempotence 2025-08-19T14:55:15+02:00 command.go:185:       [32m+[0m[0m routing_http_request_x_amzn_mtls_clientcert_validity_header_name      = (known after apply)
TestIdempotence 2025-08-19T14:55:15+02:00 command.go:185:       [32m+[0m[0m routing_http_request_x_amzn_tls_cipher_suite_header_name              = (known after apply)
TestIdempotence 2025-08-19T14:55:15+02:00 command.go:185:       [32m+[0m[0m routing_http_request_x_amzn_tls_version_header_name                   = (known after apply)
TestIdempotence 2025-08-19T14:55:15+02:00 command.go:185:       [32m+[0m[0m routing_http_response_access_control_allow_credentials_header_value   = (known after apply)
TestIdempotence 2025-08-19T14:55:15+02:00 command.go:185:       [32m+[0m[0m routing_http_response_access_control_allow_headers_header_value       = (known after apply)
TestIdempotence 2025-08-19T14:55:15+02:00 command.go:185:       [32m+[0m[0m routing_http_response_access_control_allow_methods_header_value       = (known after apply)
TestIdempotence 2025-08-19T14:55:15+02:00 command.go:185:       [32m+[0m[0m routing_http_response_access_control_allow_origin_header_value        = (known after apply)
TestIdempotence 2025-08-19T14:55:15+02:00 command.go:185:       [32m+[0m[0m routing_http_response_access_control_expose_headers_header_value      = (known after apply)
TestIdempotence 2025-08-19T14:55:15+02:00 command.go:185:       [32m+[0m[0m routing_http_response_access_control_max_age_header_value             = (known after apply)
TestIdempotence 2025-08-19T14:55:15+02:00 command.go:185:       [32m+[0m[0m routing_http_response_content_security_policy_header_value            = (known after apply)
TestIdempotence 2025-08-19T14:55:15+02:00 command.go:185:       [32m+[0m[0m routing_http_response_server_enabled                                  = (known after apply)
TestIdempotence 2025-08-19T14:55:15+02:00 command.go:185:       [32m+[0m[0m routing_http_response_strict_transport_security_header_value          = (known after apply)
TestIdempotence 2025-08-19T14:55:15+02:00 command.go:185:       [32m+[0m[0m routing_http_response_x_content_type_options_header_value             = (known after apply)
TestIdempotence 2025-08-19T14:55:15+02:00 command.go:185:       [32m+[0m[0m routing_http_response_x_frame_options_header_value                    = (known after apply)
TestIdempotence 2025-08-19T14:55:15+02:00 command.go:185:       [32m+[0m[0m ssl_policy                                                            = (known after apply)
TestIdempotence 2025-08-19T14:55:15+02:00 command.go:185:       [32m+[0m[0m tags                                                                  = {
TestIdempotence 2025-08-19T14:55:15+02:00 command.go:185:           [32m+[0m[0m "Application" = "Palo Alto Networks VM-Series NGFW"
TestIdempotence 2025-08-19T14:55:15+02:00 command.go:185:           [32m+[0m[0m "ManagedBy"   = "terraform"
TestIdempotence 2025-08-19T14:55:15+02:00 command.go:185:           [32m+[0m[0m "Owner"       = "PS Team"
TestIdempotence 2025-08-19T14:55:15+02:00 command.go:185:           [32m+[0m[0m "name"        = "app2"
TestIdempotence 2025-08-19T14:55:15+02:00 command.go:185:         }
TestIdempotence 2025-08-19T14:55:15+02:00 command.go:185:       [32m+[0m[0m tags_all                                                              = {
TestIdempotence 2025-08-19T14:55:15+02:00 command.go:185:           [32m+[0m[0m "Application" = "Palo Alto Networks VM-Series NGFW"
TestIdempotence 2025-08-19T14:55:15+02:00 command.go:185:           [32m+[0m[0m "ManagedBy"   = "terraform"
TestIdempotence 2025-08-19T14:55:15+02:00 command.go:185:           [32m+[0m[0m "Owner"       = "PS Team"
TestIdempotence 2025-08-19T14:55:15+02:00 command.go:185:           [32m+[0m[0m "name"        = "app2"
TestIdempotence 2025-08-19T14:55:15+02:00 command.go:185:         }
TestIdempotence 2025-08-19T14:55:15+02:00 command.go:185:       [32m+[0m[0m tcp_idle_timeout_seconds                                              = (known after apply)
TestIdempotence 2025-08-19T14:55:15+02:00 command.go:185: 
TestIdempotence 2025-08-19T14:55:15+02:00 command.go:185:       [32m+[0m[0m default_action {
TestIdempotence 2025-08-19T14:55:15+02:00 command.go:185:           [32m+[0m[0m order = (known after apply)
TestIdempotence 2025-08-19T14:55:15+02:00 command.go:185:           [32m+[0m[0m type  = "fixed-response"
TestIdempotence 2025-08-19T14:55:15+02:00 command.go:185: 
TestIdempotence 2025-08-19T14:55:15+02:00 command.go:185:           [32m+[0m[0m fixed_response {
TestIdempotence 2025-08-19T14:55:15+02:00 command.go:185:               [32m+[0m[0m content_type = "text/plain"
TestIdempotence 2025-08-19T14:55:15+02:00 command.go:185:               [32m+[0m[0m status_code  = "503"
TestIdempotence 2025-08-19T14:55:15+02:00 command.go:185:             }
TestIdempotence 2025-08-19T14:55:15+02:00 command.go:185:         }
TestIdempotence 2025-08-19T14:55:15+02:00 command.go:185: 
TestIdempotence 2025-08-19T14:55:15+02:00 command.go:185:       [32m+[0m[0m mutual_authentication (known after apply)
TestIdempotence 2025-08-19T14:55:15+02:00 command.go:185:     }
TestIdempotence 2025-08-19T14:55:15+02:00 command.go:185: 
TestIdempotence 2025-08-19T14:55:15+02:00 command.go:185: [1m  # module.public_alb["vmseries"].aws_lb_listener_rule.this["app1-1"][0m will be created
TestIdempotence 2025-08-19T14:55:15+02:00 command.go:185: [0m  [32m+[0m[0m resource "aws_lb_listener_rule" "this" {
TestIdempotence 2025-08-19T14:55:15+02:00 command.go:185:       [32m+[0m[0m arn          = (known after apply)
TestIdempotence 2025-08-19T14:55:15+02:00 command.go:185:       [32m+[0m[0m id           = (known after apply)
TestIdempotence 2025-08-19T14:55:15+02:00 command.go:185:       [32m+[0m[0m listener_arn = (known after apply)
TestIdempotence 2025-08-19T14:55:15+02:00 command.go:185:       [32m+[0m[0m priority     = 1
TestIdempotence 2025-08-19T14:55:15+02:00 command.go:185:       [32m+[0m[0m tags_all     = (known after apply)
TestIdempotence 2025-08-19T14:55:15+02:00 command.go:185: 
TestIdempotence 2025-08-19T14:55:15+02:00 command.go:185:       [32m+[0m[0m action {
TestIdempotence 2025-08-19T14:55:15+02:00 command.go:185:           [32m+[0m[0m order            = (known after apply)
TestIdempotence 2025-08-19T14:55:15+02:00 command.go:185:           [32m+[0m[0m target_group_arn = (known after apply)
TestIdempotence 2025-08-19T14:55:15+02:00 command.go:185:           [32m+[0m[0m type             = "forward"
TestIdempotence 2025-08-19T14:55:15+02:00 command.go:185:         }
TestIdempotence 2025-08-19T14:55:15+02:00 command.go:185: 
TestIdempotence 2025-08-19T14:55:15+02:00 command.go:185:       [32m+[0m[0m condition {
TestIdempotence 2025-08-19T14:55:15+02:00 command.go:185:           [32m+[0m[0m path_pattern {
TestIdempotence 2025-08-19T14:55:15+02:00 command.go:185:               [32m+[0m[0m values = [
TestIdempotence 2025-08-19T14:55:15+02:00 command.go:185:                   [32m+[0m[0m "/",
TestIdempotence 2025-08-19T14:55:15+02:00 command.go:185:                 ]
TestIdempotence 2025-08-19T14:55:15+02:00 command.go:185:             }
TestIdempotence 2025-08-19T14:55:15+02:00 command.go:185:         }
TestIdempotence 2025-08-19T14:55:15+02:00 command.go:185:     }
TestIdempotence 2025-08-19T14:55:15+02:00 command.go:185: 
TestIdempotence 2025-08-19T14:55:15+02:00 command.go:185: [1m  # module.public_alb["vmseries"].aws_lb_listener_rule.this["app2-1"][0m will be created
TestIdempotence 2025-08-19T14:55:15+02:00 command.go:185: [0m  [32m+[0m[0m resource "aws_lb_listener_rule" "this" {
TestIdempotence 2025-08-19T14:55:15+02:00 command.go:185:       [32m+[0m[0m arn          = (known after apply)
TestIdempotence 2025-08-19T14:55:15+02:00 command.go:185:       [32m+[0m[0m id           = (known after apply)
TestIdempotence 2025-08-19T14:55:15+02:00 command.go:185:       [32m+[0m[0m listener_arn = (known after apply)
TestIdempotence 2025-08-19T14:55:15+02:00 command.go:185:       [32m+[0m[0m priority     = 1
TestIdempotence 2025-08-19T14:55:15+02:00 command.go:185:       [32m+[0m[0m tags_all     = (known after apply)
TestIdempotence 2025-08-19T14:55:15+02:00 command.go:185: 
TestIdempotence 2025-08-19T14:55:15+02:00 command.go:185:       [32m+[0m[0m action {
TestIdempotence 2025-08-19T14:55:15+02:00 command.go:185:           [32m+[0m[0m order            = (known after apply)
TestIdempotence 2025-08-19T14:55:15+02:00 command.go:185:           [32m+[0m[0m target_group_arn = (known after apply)
TestIdempotence 2025-08-19T14:55:15+02:00 command.go:185:           [32m+[0m[0m type             = "forward"
TestIdempotence 2025-08-19T14:55:15+02:00 command.go:185:         }
TestIdempotence 2025-08-19T14:55:15+02:00 command.go:185: 
TestIdempotence 2025-08-19T14:55:15+02:00 command.go:185:       [32m+[0m[0m condition {
TestIdempotence 2025-08-19T14:55:15+02:00 command.go:185:           [32m+[0m[0m path_pattern {
TestIdempotence 2025-08-19T14:55:15+02:00 command.go:185:               [32m+[0m[0m values = [
TestIdempotence 2025-08-19T14:55:15+02:00 command.go:185:                   [32m+[0m[0m "/",
TestIdempotence 2025-08-19T14:55:15+02:00 command.go:185:                 ]
TestIdempotence 2025-08-19T14:55:15+02:00 command.go:185:             }
TestIdempotence 2025-08-19T14:55:15+02:00 command.go:185:         }
TestIdempotence 2025-08-19T14:55:15+02:00 command.go:185:     }
TestIdempotence 2025-08-19T14:55:15+02:00 command.go:185: 
TestIdempotence 2025-08-19T14:55:15+02:00 command.go:185: [1m  # module.public_alb["vmseries"].aws_lb_target_group.this["app1-8081"][0m will be created
TestIdempotence 2025-08-19T14:55:15+02:00 command.go:185: [0m  [32m+[0m[0m resource "aws_lb_target_group" "this" {
TestIdempotence 2025-08-19T14:55:15+02:00 command.go:185:       [32m+[0m[0m arn                                = (known after apply)
TestIdempotence 2025-08-19T14:55:15+02:00 command.go:185:       [32m+[0m[0m arn_suffix                         = (known after apply)
TestIdempotence 2025-08-19T14:55:15+02:00 command.go:185:       [32m+[0m[0m connection_termination             = (known after apply)
TestIdempotence 2025-08-19T14:55:15+02:00 command.go:185:       [32m+[0m[0m deregistration_delay               = "300"
TestIdempotence 2025-08-19T14:55:15+02:00 command.go:185:       [32m+[0m[0m id                                 = (known after apply)
TestIdempotence 2025-08-19T14:55:15+02:00 command.go:185:       [32m+[0m[0m ip_address_type                    = (known after apply)
TestIdempotence 2025-08-19T14:55:15+02:00 command.go:185:       [32m+[0m[0m lambda_multi_value_headers_enabled = false
TestIdempotence 2025-08-19T14:55:15+02:00 command.go:185:       [32m+[0m[0m load_balancer_arns                 = (known after apply)
TestIdempotence 2025-08-19T14:55:15+02:00 command.go:185:       [32m+[0m[0m load_balancing_algorithm_type      = "round_robin"
TestIdempotence 2025-08-19T14:55:15+02:00 command.go:185:       [32m+[0m[0m load_balancing_anomaly_mitigation  = (known after apply)
TestIdempotence 2025-08-19T14:55:15+02:00 command.go:185:       [32m+[0m[0m load_balancing_cross_zone_enabled  = (known after apply)
TestIdempotence 2025-08-19T14:55:15+02:00 command.go:185:       [32m+[0m[0m name                               = "tt-4ff3-public-alb-app1-8081"
TestIdempotence 2025-08-19T14:55:15+02:00 command.go:185:       [32m+[0m[0m name_prefix                        = (known after apply)
TestIdempotence 2025-08-19T14:55:15+02:00 command.go:185:       [32m+[0m[0m port                               = 8081
TestIdempotence 2025-08-19T14:55:15+02:00 command.go:185:       [32m+[0m[0m preserve_client_ip                 = (known after apply)
TestIdempotence 2025-08-19T14:55:15+02:00 command.go:185:       [32m+[0m[0m protocol                           = "HTTP"
TestIdempotence 2025-08-19T14:55:15+02:00 command.go:185:       [32m+[0m[0m protocol_version                   = (known after apply)
TestIdempotence 2025-08-19T14:55:15+02:00 command.go:185:       [32m+[0m[0m proxy_protocol_v2                  = false
TestIdempotence 2025-08-19T14:55:15+02:00 command.go:185:       [32m+[0m[0m slow_start                         = 0
TestIdempotence 2025-08-19T14:55:15+02:00 command.go:185:       [32m+[0m[0m tags                               = {
TestIdempotence 2025-08-19T14:55:15+02:00 command.go:185:           [32m+[0m[0m "Application" = "Palo Alto Networks VM-Series NGFW"
TestIdempotence 2025-08-19T14:55:15+02:00 command.go:185:           [32m+[0m[0m "ManagedBy"   = "terraform"
TestIdempotence 2025-08-19T14:55:15+02:00 command.go:185:           [32m+[0m[0m "Owner"       = "PS Team"
TestIdempotence 2025-08-19T14:55:15+02:00 command.go:185:         }
TestIdempotence 2025-08-19T14:55:15+02:00 command.go:185:       [32m+[0m[0m tags_all                           = {
TestIdempotence 2025-08-19T14:55:15+02:00 command.go:185:           [32m+[0m[0m "Application" = "Palo Alto Networks VM-Series NGFW"
TestIdempotence 2025-08-19T14:55:15+02:00 command.go:185:           [32m+[0m[0m "ManagedBy"   = "terraform"
TestIdempotence 2025-08-19T14:55:15+02:00 command.go:185:           [32m+[0m[0m "Owner"       = "PS Team"
TestIdempotence 2025-08-19T14:55:15+02:00 command.go:185:         }
TestIdempotence 2025-08-19T14:55:15+02:00 command.go:185:       [32m+[0m[0m target_type                        = "ip"
TestIdempotence 2025-08-19T14:55:15+02:00 command.go:185:       [32m+[0m[0m vpc_id                             = (known after apply)
TestIdempotence 2025-08-19T14:55:15+02:00 command.go:185: 
TestIdempotence 2025-08-19T14:55:15+02:00 command.go:185:       [32m+[0m[0m health_check {
TestIdempotence 2025-08-19T14:55:15+02:00 command.go:185:           [32m+[0m[0m enabled             = true
TestIdempotence 2025-08-19T14:55:15+02:00 command.go:185:           [32m+[0m[0m healthy_threshold   = 3
TestIdempotence 2025-08-19T14:55:15+02:00 command.go:185:           [32m+[0m[0m interval            = 10
TestIdempotence 2025-08-19T14:55:15+02:00 command.go:185:           [32m+[0m[0m matcher             = "200"
TestIdempotence 2025-08-19T14:55:15+02:00 command.go:185:           [32m+[0m[0m path                = "/"
TestIdempotence 2025-08-19T14:55:15+02:00 command.go:185:           [32m+[0m[0m port                = "8081"
TestIdempotence 2025-08-19T14:55:15+02:00 command.go:185:           [32m+[0m[0m protocol            = "HTTP"
TestIdempotence 2025-08-19T14:55:15+02:00 command.go:185:           [32m+[0m[0m timeout             = (known after apply)
TestIdempotence 2025-08-19T14:55:15+02:00 command.go:185:           [32m+[0m[0m unhealthy_threshold = 3
TestIdempotence 2025-08-19T14:55:15+02:00 command.go:185:         }
TestIdempotence 2025-08-19T14:55:15+02:00 command.go:185: 
TestIdempotence 2025-08-19T14:55:15+02:00 command.go:185:       [32m+[0m[0m stickiness (known after apply)
TestIdempotence 2025-08-19T14:55:15+02:00 command.go:185: 
TestIdempotence 2025-08-19T14:55:15+02:00 command.go:185:       [32m+[0m[0m target_failover (known after apply)
TestIdempotence 2025-08-19T14:55:15+02:00 command.go:185: 
TestIdempotence 2025-08-19T14:55:15+02:00 command.go:185:       [32m+[0m[0m target_group_health (known after apply)
TestIdempotence 2025-08-19T14:55:15+02:00 command.go:185: 
TestIdempotence 2025-08-19T14:55:15+02:00 command.go:185:       [32m+[0m[0m target_health_state (known after apply)
TestIdempotence 2025-08-19T14:55:15+02:00 command.go:185:     }
TestIdempotence 2025-08-19T14:55:15+02:00 command.go:185: 
TestIdempotence 2025-08-19T14:55:15+02:00 command.go:185: [1m  # module.public_alb["vmseries"].aws_lb_target_group.this["app2-8082"][0m will be created
TestIdempotence 2025-08-19T14:55:15+02:00 command.go:185: [0m  [32m+[0m[0m resource "aws_lb_target_group" "this" {
TestIdempotence 2025-08-19T14:55:15+02:00 command.go:185:       [32m+[0m[0m arn                                = (known after apply)
TestIdempotence 2025-08-19T14:55:15+02:00 command.go:185:       [32m+[0m[0m arn_suffix                         = (known after apply)
TestIdempotence 2025-08-19T14:55:15+02:00 command.go:185:       [32m+[0m[0m connection_termination             = (known after apply)
TestIdempotence 2025-08-19T14:55:15+02:00 command.go:185:       [32m+[0m[0m deregistration_delay               = "300"
TestIdempotence 2025-08-19T14:55:15+02:00 command.go:185:       [32m+[0m[0m id                                 = (known after apply)
TestIdempotence 2025-08-19T14:55:15+02:00 command.go:185:       [32m+[0m[0m ip_address_type                    = (known after apply)
TestIdempotence 2025-08-19T14:55:15+02:00 command.go:185:       [32m+[0m[0m lambda_multi_value_headers_enabled = false
TestIdempotence 2025-08-19T14:55:15+02:00 command.go:185:       [32m+[0m[0m load_balancer_arns                 = (known after apply)
TestIdempotence 2025-08-19T14:55:15+02:00 command.go:185:       [32m+[0m[0m load_balancing_algorithm_type      = "round_robin"
TestIdempotence 2025-08-19T14:55:15+02:00 command.go:185:       [32m+[0m[0m load_balancing_anomaly_mitigation  = (known after apply)
TestIdempotence 2025-08-19T14:55:15+02:00 command.go:185:       [32m+[0m[0m load_balancing_cross_zone_enabled  = (known after apply)
TestIdempotence 2025-08-19T14:55:15+02:00 command.go:185:       [32m+[0m[0m name                               = "tt-4ff3-public-alb-app2-8082"
TestIdempotence 2025-08-19T14:55:15+02:00 command.go:185:       [32m+[0m[0m name_prefix                        = (known after apply)
TestIdempotence 2025-08-19T14:55:15+02:00 command.go:185:       [32m+[0m[0m port                               = 8082
TestIdempotence 2025-08-19T14:55:15+02:00 command.go:185:       [32m+[0m[0m preserve_client_ip                 = (known after apply)
TestIdempotence 2025-08-19T14:55:15+02:00 command.go:185:       [32m+[0m[0m protocol                           = "HTTP"
TestIdempotence 2025-08-19T14:55:15+02:00 command.go:185:       [32m+[0m[0m protocol_version                   = (known after apply)
TestIdempotence 2025-08-19T14:55:15+02:00 command.go:185:       [32m+[0m[0m proxy_protocol_v2                  = false
TestIdempotence 2025-08-19T14:55:15+02:00 command.go:185:       [32m+[0m[0m slow_start                         = 0
TestIdempotence 2025-08-19T14:55:15+02:00 command.go:185:       [32m+[0m[0m tags                               = {
TestIdempotence 2025-08-19T14:55:15+02:00 command.go:185:           [32m+[0m[0m "Application" = "Palo Alto Networks VM-Series NGFW"
TestIdempotence 2025-08-19T14:55:15+02:00 command.go:185:           [32m+[0m[0m "ManagedBy"   = "terraform"
TestIdempotence 2025-08-19T14:55:15+02:00 command.go:185:           [32m+[0m[0m "Owner"       = "PS Team"
TestIdempotence 2025-08-19T14:55:15+02:00 command.go:185:         }
TestIdempotence 2025-08-19T14:55:15+02:00 command.go:185:       [32m+[0m[0m tags_all                           = {
TestIdempotence 2025-08-19T14:55:15+02:00 command.go:185:           [32m+[0m[0m "Application" = "Palo Alto Networks VM-Series NGFW"
TestIdempotence 2025-08-19T14:55:15+02:00 command.go:185:           [32m+[0m[0m "ManagedBy"   = "terraform"
TestIdempotence 2025-08-19T14:55:15+02:00 command.go:185:           [32m+[0m[0m "Owner"       = "PS Team"
TestIdempotence 2025-08-19T14:55:15+02:00 command.go:185:         }
TestIdempotence 2025-08-19T14:55:15+02:00 command.go:185:       [32m+[0m[0m target_type                        = "ip"
TestIdempotence 2025-08-19T14:55:15+02:00 command.go:185:       [32m+[0m[0m vpc_id                             = (known after apply)
TestIdempotence 2025-08-19T14:55:15+02:00 command.go:185: 
TestIdempotence 2025-08-19T14:55:15+02:00 command.go:185:       [32m+[0m[0m health_check {
TestIdempotence 2025-08-19T14:55:15+02:00 command.go:185:           [32m+[0m[0m enabled             = true
TestIdempotence 2025-08-19T14:55:15+02:00 command.go:185:           [32m+[0m[0m healthy_threshold   = 3
TestIdempotence 2025-08-19T14:55:15+02:00 command.go:185:           [32m+[0m[0m interval            = 10
TestIdempotence 2025-08-19T14:55:15+02:00 command.go:185:           [32m+[0m[0m matcher             = "200"
TestIdempotence 2025-08-19T14:55:15+02:00 command.go:185:           [32m+[0m[0m path                = "/"
TestIdempotence 2025-08-19T14:55:15+02:00 command.go:185:           [32m+[0m[0m port                = "8082"
TestIdempotence 2025-08-19T14:55:15+02:00 command.go:185:           [32m+[0m[0m protocol            = "HTTP"
TestIdempotence 2025-08-19T14:55:15+02:00 command.go:185:           [32m+[0m[0m timeout             = (known after apply)
TestIdempotence 2025-08-19T14:55:15+02:00 command.go:185:           [32m+[0m[0m unhealthy_threshold = 3
TestIdempotence 2025-08-19T14:55:15+02:00 command.go:185:         }
TestIdempotence 2025-08-19T14:55:15+02:00 command.go:185: 
TestIdempotence 2025-08-19T14:55:15+02:00 command.go:185:       [32m+[0m[0m stickiness (known after apply)
TestIdempotence 2025-08-19T14:55:15+02:00 command.go:185: 
TestIdempotence 2025-08-19T14:55:15+02:00 command.go:185:       [32m+[0m[0m target_failover (known after apply)
TestIdempotence 2025-08-19T14:55:15+02:00 command.go:185: 
TestIdempotence 2025-08-19T14:55:15+02:00 command.go:185:       [32m+[0m[0m target_group_health (known after apply)
TestIdempotence 2025-08-19T14:55:15+02:00 command.go:185: 
TestIdempotence 2025-08-19T14:55:15+02:00 command.go:185:       [32m+[0m[0m target_health_state (known after apply)
TestIdempotence 2025-08-19T14:55:15+02:00 command.go:185:     }
TestIdempotence 2025-08-19T14:55:15+02:00 command.go:185: 
TestIdempotence 2025-08-19T14:55:15+02:00 command.go:185: [1m  # module.public_alb["vmseries"].aws_lb_target_group_attachment.this["app1-8081-vmseries-01"][0m will be created
TestIdempotence 2025-08-19T14:55:15+02:00 command.go:185: [0m  [32m+[0m[0m resource "aws_lb_target_group_attachment" "this" {
TestIdempotence 2025-08-19T14:55:15+02:00 command.go:185:       [32m+[0m[0m id               = (known after apply)
TestIdempotence 2025-08-19T14:55:15+02:00 command.go:185:       [32m+[0m[0m port             = 8081
TestIdempotence 2025-08-19T14:55:15+02:00 command.go:185:       [32m+[0m[0m target_group_arn = (known after apply)
TestIdempotence 2025-08-19T14:55:15+02:00 command.go:185:       [32m+[0m[0m target_id        = (known after apply)
TestIdempotence 2025-08-19T14:55:15+02:00 command.go:185:     }
TestIdempotence 2025-08-19T14:55:15+02:00 command.go:185: 
TestIdempotence 2025-08-19T14:55:15+02:00 command.go:185: [1m  # module.public_alb["vmseries"].aws_lb_target_group_attachment.this["app1-8081-vmseries-02"][0m will be created
TestIdempotence 2025-08-19T14:55:15+02:00 command.go:185: [0m  [32m+[0m[0m resource "aws_lb_target_group_attachment" "this" {
TestIdempotence 2025-08-19T14:55:15+02:00 command.go:185:       [32m+[0m[0m id               = (known after apply)
TestIdempotence 2025-08-19T14:55:15+02:00 command.go:185:       [32m+[0m[0m port             = 8081
TestIdempotence 2025-08-19T14:55:15+02:00 command.go:185:       [32m+[0m[0m target_group_arn = (known after apply)
TestIdempotence 2025-08-19T14:55:15+02:00 command.go:185:       [32m+[0m[0m target_id        = (known after apply)
TestIdempotence 2025-08-19T14:55:15+02:00 command.go:185:     }
TestIdempotence 2025-08-19T14:55:15+02:00 command.go:185: 
TestIdempotence 2025-08-19T14:55:15+02:00 command.go:185: [1m  # module.public_alb["vmseries"].aws_lb_target_group_attachment.this["app2-8082-vmseries-01"][0m will be created
TestIdempotence 2025-08-19T14:55:15+02:00 command.go:185: [0m  [32m+[0m[0m resource "aws_lb_target_group_attachment" "this" {
TestIdempotence 2025-08-19T14:55:15+02:00 command.go:185:       [32m+[0m[0m id               = (known after apply)
TestIdempotence 2025-08-19T14:55:15+02:00 command.go:185:       [32m+[0m[0m port             = 8082
TestIdempotence 2025-08-19T14:55:15+02:00 command.go:185:       [32m+[0m[0m target_group_arn = (known after apply)
TestIdempotence 2025-08-19T14:55:15+02:00 command.go:185:       [32m+[0m[0m target_id        = (known after apply)
TestIdempotence 2025-08-19T14:55:15+02:00 command.go:185:     }
TestIdempotence 2025-08-19T14:55:15+02:00 command.go:185: 
TestIdempotence 2025-08-19T14:55:15+02:00 command.go:185: [1m  # module.public_alb["vmseries"].aws_lb_target_group_attachment.this["app2-8082-vmseries-02"][0m will be created
TestIdempotence 2025-08-19T14:55:15+02:00 command.go:185: [0m  [32m+[0m[0m resource "aws_lb_target_group_attachment" "this" {
TestIdempotence 2025-08-19T14:55:15+02:00 command.go:185:       [32m+[0m[0m id               = (known after apply)
TestIdempotence 2025-08-19T14:55:15+02:00 command.go:185:       [32m+[0m[0m port             = 8082
TestIdempotence 2025-08-19T14:55:15+02:00 command.go:185:       [32m+[0m[0m target_group_arn = (known after apply)
TestIdempotence 2025-08-19T14:55:15+02:00 command.go:185:       [32m+[0m[0m target_id        = (known after apply)
TestIdempotence 2025-08-19T14:55:15+02:00 command.go:185:     }
TestIdempotence 2025-08-19T14:55:15+02:00 command.go:185: 
TestIdempotence 2025-08-19T14:55:15+02:00 command.go:185: [1m  # module.public_nlb["vmseries"].aws_lb.this[0m will be created
TestIdempotence 2025-08-19T14:55:15+02:00 command.go:185: [0m  [32m+[0m[0m resource "aws_lb" "this" {
TestIdempotence 2025-08-19T14:55:15+02:00 command.go:185:       [32m+[0m[0m arn                                                          = (known after apply)
TestIdempotence 2025-08-19T14:55:15+02:00 command.go:185:       [32m+[0m[0m arn_suffix                                                   = (known after apply)
TestIdempotence 2025-08-19T14:55:15+02:00 command.go:185:       [32m+[0m[0m dns_name                                                     = (known after apply)
TestIdempotence 2025-08-19T14:55:15+02:00 command.go:185:       [32m+[0m[0m dns_record_client_routing_policy                             = "any_availability_zone"
TestIdempotence 2025-08-19T14:55:15+02:00 command.go:185:       [32m+[0m[0m enable_cross_zone_load_balancing                             = true
TestIdempotence 2025-08-19T14:55:15+02:00 command.go:185:       [32m+[0m[0m enable_deletion_protection                                   = false
TestIdempotence 2025-08-19T14:55:15+02:00 command.go:185:       [32m+[0m[0m enable_zonal_shift                                           = false
TestIdempotence 2025-08-19T14:55:15+02:00 command.go:185:       [32m+[0m[0m enforce_security_group_inbound_rules_on_private_link_traffic = (known after apply)
TestIdempotence 2025-08-19T14:55:15+02:00 command.go:185:       [32m+[0m[0m id                                                           = (known after apply)
TestIdempotence 2025-08-19T14:55:15+02:00 command.go:185:       [32m+[0m[0m internal                                                     = false
TestIdempotence 2025-08-19T14:55:15+02:00 command.go:185:       [32m+[0m[0m ip_address_type                                              = (known after apply)
TestIdempotence 2025-08-19T14:55:15+02:00 command.go:185:       [32m+[0m[0m load_balancer_type                                           = "network"
TestIdempotence 2025-08-19T14:55:15+02:00 command.go:185:       [32m+[0m[0m name                                                         = "tt-4ff3-public-nlb"
TestIdempotence 2025-08-19T14:55:15+02:00 command.go:185:       [32m+[0m[0m name_prefix                                                  = (known after apply)
TestIdempotence 2025-08-19T14:55:15+02:00 command.go:185:       [32m+[0m[0m security_groups                                              = (known after apply)
TestIdempotence 2025-08-19T14:55:15+02:00 command.go:185:       [32m+[0m[0m subnets                                                      = (known after apply)
TestIdempotence 2025-08-19T14:55:15+02:00 command.go:185:       [32m+[0m[0m tags                                                         = {
TestIdempotence 2025-08-19T14:55:15+02:00 command.go:185:           [32m+[0m[0m "Application" = "Palo Alto Networks VM-Series NGFW"
TestIdempotence 2025-08-19T14:55:15+02:00 command.go:185:           [32m+[0m[0m "ManagedBy"   = "terraform"
TestIdempotence 2025-08-19T14:55:15+02:00 command.go:185:           [32m+[0m[0m "Owner"       = "PS Team"
TestIdempotence 2025-08-19T14:55:15+02:00 command.go:185:         }
TestIdempotence 2025-08-19T14:55:15+02:00 command.go:185:       [32m+[0m[0m tags_all                                                     = {
TestIdempotence 2025-08-19T14:55:15+02:00 command.go:185:           [32m+[0m[0m "Application" = "Palo Alto Networks VM-Series NGFW"
TestIdempotence 2025-08-19T14:55:15+02:00 command.go:185:           [32m+[0m[0m "ManagedBy"   = "terraform"
TestIdempotence 2025-08-19T14:55:15+02:00 command.go:185:           [32m+[0m[0m "Owner"       = "PS Team"
TestIdempotence 2025-08-19T14:55:15+02:00 command.go:185:         }
TestIdempotence 2025-08-19T14:55:15+02:00 command.go:185:       [32m+[0m[0m vpc_id                                                       = (known after apply)
TestIdempotence 2025-08-19T14:55:15+02:00 command.go:185:       [32m+[0m[0m zone_id                                                      = (known after apply)
TestIdempotence 2025-08-19T14:55:15+02:00 command.go:185: 
TestIdempotence 2025-08-19T14:55:15+02:00 command.go:185:       [32m+[0m[0m subnet_mapping (known after apply)
TestIdempotence 2025-08-19T14:55:15+02:00 command.go:185:     }
TestIdempotence 2025-08-19T14:55:15+02:00 command.go:185: 
TestIdempotence 2025-08-19T14:55:15+02:00 command.go:185: [1m  # module.public_nlb["vmseries"].aws_lb_listener.this["ssh1"][0m will be created
TestIdempotence 2025-08-19T14:55:15+02:00 command.go:185: [0m  [32m+[0m[0m resource "aws_lb_listener" "this" {
TestIdempotence 2025-08-19T14:55:15+02:00 command.go:185:       [32m+[0m[0m arn                                                                   = (known after apply)
TestIdempotence 2025-08-19T14:55:15+02:00 command.go:185:       [32m+[0m[0m id                                                                    = (known after apply)
TestIdempotence 2025-08-19T14:55:15+02:00 command.go:185:       [32m+[0m[0m load_balancer_arn                                                     = (known after apply)
TestIdempotence 2025-08-19T14:55:15+02:00 command.go:185:       [32m+[0m[0m port                                                                  = 2021
TestIdempotence 2025-08-19T14:55:15+02:00 command.go:185:       [32m+[0m[0m protocol                                                              = "TCP"
TestIdempotence 2025-08-19T14:55:15+02:00 command.go:185:       [32m+[0m[0m routing_http_request_x_amzn_mtls_clientcert_header_name               = (known after apply)
TestIdempotence 2025-08-19T14:55:15+02:00 command.go:185:       [32m+[0m[0m routing_http_request_x_amzn_mtls_clientcert_issuer_header_name        = (known after apply)
TestIdempotence 2025-08-19T14:55:15+02:00 command.go:185:       [32m+[0m[0m routing_http_request_x_amzn_mtls_clientcert_leaf_header_name          = (known after apply)
TestIdempotence 2025-08-19T14:55:15+02:00 command.go:185:       [32m+[0m[0m routing_http_request_x_amzn_mtls_clientcert_serial_number_header_name = (known after apply)
TestIdempotence 2025-08-19T14:55:15+02:00 command.go:185:       [32m+[0m[0m routing_http_request_x_amzn_mtls_clientcert_subject_header_name       = (known after apply)
TestIdempotence 2025-08-19T14:55:15+02:00 command.go:185:       [32m+[0m[0m routing_http_request_x_amzn_mtls_clientcert_validity_header_name      = (known after apply)
TestIdempotence 2025-08-19T14:55:15+02:00 command.go:185:       [32m+[0m[0m routing_http_request_x_amzn_tls_cipher_suite_header_name              = (known after apply)
TestIdempotence 2025-08-19T14:55:15+02:00 command.go:185:       [32m+[0m[0m routing_http_request_x_amzn_tls_version_header_name                   = (known after apply)
TestIdempotence 2025-08-19T14:55:15+02:00 command.go:185:       [32m+[0m[0m routing_http_response_access_control_allow_credentials_header_value   = (known after apply)
TestIdempotence 2025-08-19T14:55:15+02:00 command.go:185:       [32m+[0m[0m routing_http_response_access_control_allow_headers_header_value       = (known after apply)
TestIdempotence 2025-08-19T14:55:15+02:00 command.go:185:       [32m+[0m[0m routing_http_response_access_control_allow_methods_header_value       = (known after apply)
TestIdempotence 2025-08-19T14:55:15+02:00 command.go:185:       [32m+[0m[0m routing_http_response_access_control_allow_origin_header_value        = (known after apply)
TestIdempotence 2025-08-19T14:55:15+02:00 command.go:185:       [32m+[0m[0m routing_http_response_access_control_expose_headers_header_value      = (known after apply)
TestIdempotence 2025-08-19T14:55:15+02:00 command.go:185:       [32m+[0m[0m routing_http_response_access_control_max_age_header_value             = (known after apply)
TestIdempotence 2025-08-19T14:55:15+02:00 command.go:185:       [32m+[0m[0m routing_http_response_content_security_policy_header_value            = (known after apply)
TestIdempotence 2025-08-19T14:55:15+02:00 command.go:185:       [32m+[0m[0m routing_http_response_server_enabled                                  = (known after apply)
TestIdempotence 2025-08-19T14:55:15+02:00 command.go:185:       [32m+[0m[0m routing_http_response_strict_transport_security_header_value          = (known after apply)
TestIdempotence 2025-08-19T14:55:15+02:00 command.go:185:       [32m+[0m[0m routing_http_response_x_content_type_options_header_value             = (known after apply)
TestIdempotence 2025-08-19T14:55:15+02:00 command.go:185:       [32m+[0m[0m routing_http_response_x_frame_options_header_value                    = (known after apply)
TestIdempotence 2025-08-19T14:55:15+02:00 command.go:185:       [32m+[0m[0m ssl_policy                                                            = (known after apply)
TestIdempotence 2025-08-19T14:55:15+02:00 command.go:185:       [32m+[0m[0m tags                                                                  = {
TestIdempotence 2025-08-19T14:55:15+02:00 command.go:185:           [32m+[0m[0m "Application" = "Palo Alto Networks VM-Series NGFW"
TestIdempotence 2025-08-19T14:55:15+02:00 command.go:185:           [32m+[0m[0m "ManagedBy"   = "terraform"
TestIdempotence 2025-08-19T14:55:15+02:00 command.go:185:           [32m+[0m[0m "Owner"       = "PS Team"
TestIdempotence 2025-08-19T14:55:15+02:00 command.go:185:         }
TestIdempotence 2025-08-19T14:55:15+02:00 command.go:185:       [32m+[0m[0m tags_all                                                              = {
TestIdempotence 2025-08-19T14:55:15+02:00 command.go:185:           [32m+[0m[0m "Application" = "Palo Alto Networks VM-Series NGFW"
TestIdempotence 2025-08-19T14:55:15+02:00 command.go:185:           [32m+[0m[0m "ManagedBy"   = "terraform"
TestIdempotence 2025-08-19T14:55:15+02:00 command.go:185:           [32m+[0m[0m "Owner"       = "PS Team"
TestIdempotence 2025-08-19T14:55:15+02:00 command.go:185:         }
TestIdempotence 2025-08-19T14:55:15+02:00 command.go:185:       [32m+[0m[0m tcp_idle_timeout_seconds                                              = (known after apply)
TestIdempotence 2025-08-19T14:55:15+02:00 command.go:185: 
TestIdempotence 2025-08-19T14:55:15+02:00 command.go:185:       [32m+[0m[0m default_action {
TestIdempotence 2025-08-19T14:55:15+02:00 command.go:185:           [32m+[0m[0m order            = (known after apply)
TestIdempotence 2025-08-19T14:55:15+02:00 command.go:185:           [32m+[0m[0m target_group_arn = (known after apply)
TestIdempotence 2025-08-19T14:55:15+02:00 command.go:185:           [32m+[0m[0m type             = "forward"
TestIdempotence 2025-08-19T14:55:15+02:00 command.go:185:         }
TestIdempotence 2025-08-19T14:55:15+02:00 command.go:185: 
TestIdempotence 2025-08-19T14:55:15+02:00 command.go:185:       [32m+[0m[0m mutual_authentication (known after apply)
TestIdempotence 2025-08-19T14:55:15+02:00 command.go:185:     }
TestIdempotence 2025-08-19T14:55:15+02:00 command.go:185: 
TestIdempotence 2025-08-19T14:55:15+02:00 command.go:185: [1m  # module.public_nlb["vmseries"].aws_lb_listener.this["ssh2"][0m will be created
TestIdempotence 2025-08-19T14:55:15+02:00 command.go:185: [0m  [32m+[0m[0m resource "aws_lb_listener" "this" {
TestIdempotence 2025-08-19T14:55:15+02:00 command.go:185:       [32m+[0m[0m arn                                                                   = (known after apply)
TestIdempotence 2025-08-19T14:55:15+02:00 command.go:185:       [32m+[0m[0m id                                                                    = (known after apply)
TestIdempotence 2025-08-19T14:55:15+02:00 command.go:185:       [32m+[0m[0m load_balancer_arn                                                     = (known after apply)
TestIdempotence 2025-08-19T14:55:15+02:00 command.go:185:       [32m+[0m[0m port                                                                  = 2022
TestIdempotence 2025-08-19T14:55:15+02:00 command.go:185:       [32m+[0m[0m protocol                                                              = "TCP"
TestIdempotence 2025-08-19T14:55:15+02:00 command.go:185:       [32m+[0m[0m routing_http_request_x_amzn_mtls_clientcert_header_name               = (known after apply)
TestIdempotence 2025-08-19T14:55:15+02:00 command.go:185:       [32m+[0m[0m routing_http_request_x_amzn_mtls_clientcert_issuer_header_name        = (known after apply)
TestIdempotence 2025-08-19T14:55:15+02:00 command.go:185:       [32m+[0m[0m routing_http_request_x_amzn_mtls_clientcert_leaf_header_name          = (known after apply)
TestIdempotence 2025-08-19T14:55:15+02:00 command.go:185:       [32m+[0m[0m routing_http_request_x_amzn_mtls_clientcert_serial_number_header_name = (known after apply)
TestIdempotence 2025-08-19T14:55:15+02:00 command.go:185:       [32m+[0m[0m routing_http_request_x_amzn_mtls_clientcert_subject_header_name       = (known after apply)
TestIdempotence 2025-08-19T14:55:15+02:00 command.go:185:       [32m+[0m[0m routing_http_request_x_amzn_mtls_clientcert_validity_header_name      = (known after apply)
TestIdempotence 2025-08-19T14:55:15+02:00 command.go:185:       [32m+[0m[0m routing_http_request_x_amzn_tls_cipher_suite_header_name              = (known after apply)
TestIdempotence 2025-08-19T14:55:15+02:00 command.go:185:       [32m+[0m[0m routing_http_request_x_amzn_tls_version_header_name                   = (known after apply)
TestIdempotence 2025-08-19T14:55:15+02:00 command.go:185:       [32m+[0m[0m routing_http_response_access_control_allow_credentials_header_value   = (known after apply)
TestIdempotence 2025-08-19T14:55:15+02:00 command.go:185:       [32m+[0m[0m routing_http_response_access_control_allow_headers_header_value       = (known after apply)
TestIdempotence 2025-08-19T14:55:15+02:00 command.go:185:       [32m+[0m[0m routing_http_response_access_control_allow_methods_header_value       = (known after apply)
TestIdempotence 2025-08-19T14:55:15+02:00 command.go:185:       [32m+[0m[0m routing_http_response_access_control_allow_origin_header_value        = (known after apply)
TestIdempotence 2025-08-19T14:55:15+02:00 command.go:185:       [32m+[0m[0m routing_http_response_access_control_expose_headers_header_value      = (known after apply)
TestIdempotence 2025-08-19T14:55:15+02:00 command.go:185:       [32m+[0m[0m routing_http_response_access_control_max_age_header_value             = (known after apply)
TestIdempotence 2025-08-19T14:55:15+02:00 command.go:185:       [32m+[0m[0m routing_http_response_content_security_policy_header_value            = (known after apply)
TestIdempotence 2025-08-19T14:55:15+02:00 command.go:185:       [32m+[0m[0m routing_http_response_server_enabled                                  = (known after apply)
TestIdempotence 2025-08-19T14:55:15+02:00 command.go:185:       [32m+[0m[0m routing_http_response_strict_transport_security_header_value          = (known after apply)
TestIdempotence 2025-08-19T14:55:15+02:00 command.go:185:       [32m+[0m[0m routing_http_response_x_content_type_options_header_value             = (known after apply)
TestIdempotence 2025-08-19T14:55:15+02:00 command.go:185:       [32m+[0m[0m routing_http_response_x_frame_options_header_value                    = (known after apply)
TestIdempotence 2025-08-19T14:55:15+02:00 command.go:185:       [32m+[0m[0m ssl_policy                                                            = (known after apply)
TestIdempotence 2025-08-19T14:55:15+02:00 command.go:185:       [32m+[0m[0m tags                                                                  = {
TestIdempotence 2025-08-19T14:55:15+02:00 command.go:185:           [32m+[0m[0m "Application" = "Palo Alto Networks VM-Series NGFW"
TestIdempotence 2025-08-19T14:55:15+02:00 command.go:185:           [32m+[0m[0m "ManagedBy"   = "terraform"
TestIdempotence 2025-08-19T14:55:15+02:00 command.go:185:           [32m+[0m[0m "Owner"       = "PS Team"
TestIdempotence 2025-08-19T14:55:15+02:00 command.go:185:         }
TestIdempotence 2025-08-19T14:55:15+02:00 command.go:185:       [32m+[0m[0m tags_all                                                              = {
TestIdempotence 2025-08-19T14:55:15+02:00 command.go:185:           [32m+[0m[0m "Application" = "Palo Alto Networks VM-Series NGFW"
TestIdempotence 2025-08-19T14:55:15+02:00 command.go:185:           [32m+[0m[0m "ManagedBy"   = "terraform"
TestIdempotence 2025-08-19T14:55:15+02:00 command.go:185:           [32m+[0m[0m "Owner"       = "PS Team"
TestIdempotence 2025-08-19T14:55:15+02:00 command.go:185:         }
TestIdempotence 2025-08-19T14:55:15+02:00 command.go:185:       [32m+[0m[0m tcp_idle_timeout_seconds                                              = (known after apply)
TestIdempotence 2025-08-19T14:55:15+02:00 command.go:185: 
TestIdempotence 2025-08-19T14:55:15+02:00 command.go:185:       [32m+[0m[0m default_action {
TestIdempotence 2025-08-19T14:55:15+02:00 command.go:185:           [32m+[0m[0m order            = (known after apply)
TestIdempotence 2025-08-19T14:55:15+02:00 command.go:185:           [32m+[0m[0m target_group_arn = (known after apply)
TestIdempotence 2025-08-19T14:55:15+02:00 command.go:185:           [32m+[0m[0m type             = "forward"
TestIdempotence 2025-08-19T14:55:15+02:00 command.go:185:         }
TestIdempotence 2025-08-19T14:55:15+02:00 command.go:185: 
TestIdempotence 2025-08-19T14:55:15+02:00 command.go:185:       [32m+[0m[0m mutual_authentication (known after apply)
TestIdempotence 2025-08-19T14:55:15+02:00 command.go:185:     }
TestIdempotence 2025-08-19T14:55:15+02:00 command.go:185: 
TestIdempotence 2025-08-19T14:55:15+02:00 command.go:185: [1m  # module.public_nlb["vmseries"].aws_lb_target_group.this["ssh1"][0m will be created
TestIdempotence 2025-08-19T14:55:15+02:00 command.go:185: [0m  [32m+[0m[0m resource "aws_lb_target_group" "this" {
TestIdempotence 2025-08-19T14:55:15+02:00 command.go:185:       [32m+[0m[0m arn                                = (known after apply)
TestIdempotence 2025-08-19T14:55:15+02:00 command.go:185:       [32m+[0m[0m arn_suffix                         = (known after apply)
TestIdempotence 2025-08-19T14:55:15+02:00 command.go:185:       [32m+[0m[0m connection_termination             = (known after apply)
TestIdempotence 2025-08-19T14:55:15+02:00 command.go:185:       [32m+[0m[0m deregistration_delay               = "300"
TestIdempotence 2025-08-19T14:55:15+02:00 command.go:185:       [32m+[0m[0m id                                 = (known after apply)
TestIdempotence 2025-08-19T14:55:15+02:00 command.go:185:       [32m+[0m[0m ip_address_type                    = (known after apply)
TestIdempotence 2025-08-19T14:55:15+02:00 command.go:185:       [32m+[0m[0m lambda_multi_value_headers_enabled = false
TestIdempotence 2025-08-19T14:55:15+02:00 command.go:185:       [32m+[0m[0m load_balancer_arns                 = (known after apply)
TestIdempotence 2025-08-19T14:55:15+02:00 command.go:185:       [32m+[0m[0m load_balancing_algorithm_type      = (known after apply)
TestIdempotence 2025-08-19T14:55:15+02:00 command.go:185:       [32m+[0m[0m load_balancing_anomaly_mitigation  = (known after apply)
TestIdempotence 2025-08-19T14:55:15+02:00 command.go:185:       [32m+[0m[0m load_balancing_cross_zone_enabled  = (known after apply)
TestIdempotence 2025-08-19T14:55:15+02:00 command.go:185:       [32m+[0m[0m name                               = "tt-4ff3-public-nlb-ssh1"
TestIdempotence 2025-08-19T14:55:15+02:00 command.go:185:       [32m+[0m[0m name_prefix                        = (known after apply)
TestIdempotence 2025-08-19T14:55:15+02:00 command.go:185:       [32m+[0m[0m port                               = 2021
TestIdempotence 2025-08-19T14:55:15+02:00 command.go:185:       [32m+[0m[0m preserve_client_ip                 = "true"
TestIdempotence 2025-08-19T14:55:15+02:00 command.go:185:       [32m+[0m[0m protocol                           = "TCP"
TestIdempotence 2025-08-19T14:55:15+02:00 command.go:185:       [32m+[0m[0m protocol_version                   = (known after apply)
TestIdempotence 2025-08-19T14:55:15+02:00 command.go:185:       [32m+[0m[0m proxy_protocol_v2                  = false
TestIdempotence 2025-08-19T14:55:15+02:00 command.go:185:       [32m+[0m[0m slow_start                         = 0
TestIdempotence 2025-08-19T14:55:15+02:00 command.go:185:       [32m+[0m[0m tags                               = {
TestIdempotence 2025-08-19T14:55:15+02:00 command.go:185:           [32m+[0m[0m "Application" = "Palo Alto Networks VM-Series NGFW"
TestIdempotence 2025-08-19T14:55:15+02:00 command.go:185:           [32m+[0m[0m "ManagedBy"   = "terraform"
TestIdempotence 2025-08-19T14:55:15+02:00 command.go:185:           [32m+[0m[0m "Owner"       = "PS Team"
TestIdempotence 2025-08-19T14:55:15+02:00 command.go:185:         }
TestIdempotence 2025-08-19T14:55:15+02:00 command.go:185:       [32m+[0m[0m tags_all                           = {
TestIdempotence 2025-08-19T14:55:15+02:00 command.go:185:           [32m+[0m[0m "Application" = "Palo Alto Networks VM-Series NGFW"
TestIdempotence 2025-08-19T14:55:15+02:00 command.go:185:           [32m+[0m[0m "ManagedBy"   = "terraform"
TestIdempotence 2025-08-19T14:55:15+02:00 command.go:185:           [32m+[0m[0m "Owner"       = "PS Team"
TestIdempotence 2025-08-19T14:55:15+02:00 command.go:185:         }
TestIdempotence 2025-08-19T14:55:15+02:00 command.go:185:       [32m+[0m[0m target_type                        = "ip"
TestIdempotence 2025-08-19T14:55:15+02:00 command.go:185:       [32m+[0m[0m vpc_id                             = (known after apply)
TestIdempotence 2025-08-19T14:55:15+02:00 command.go:185: 
TestIdempotence 2025-08-19T14:55:15+02:00 command.go:185:       [32m+[0m[0m health_check {
TestIdempotence 2025-08-19T14:55:15+02:00 command.go:185:           [32m+[0m[0m enabled             = true
TestIdempotence 2025-08-19T14:55:15+02:00 command.go:185:           [32m+[0m[0m healthy_threshold   = 3
TestIdempotence 2025-08-19T14:55:15+02:00 command.go:185:           [32m+[0m[0m interval            = 30
TestIdempotence 2025-08-19T14:55:15+02:00 command.go:185:           [32m+[0m[0m matcher             = (known after apply)
TestIdempotence 2025-08-19T14:55:15+02:00 command.go:185:           [32m+[0m[0m path                = (known after apply)
TestIdempotence 2025-08-19T14:55:15+02:00 command.go:185:           [32m+[0m[0m port                = "traffic-port"
TestIdempotence 2025-08-19T14:55:15+02:00 command.go:185:           [32m+[0m[0m protocol            = "TCP"
TestIdempotence 2025-08-19T14:55:15+02:00 command.go:185:           [32m+[0m[0m timeout             = (known after apply)
TestIdempotence 2025-08-19T14:55:15+02:00 command.go:185:           [32m+[0m[0m unhealthy_threshold = 3
TestIdempotence 2025-08-19T14:55:15+02:00 command.go:185:         }
TestIdempotence 2025-08-19T14:55:15+02:00 command.go:185: 
TestIdempotence 2025-08-19T14:55:15+02:00 command.go:185:       [32m+[0m[0m stickiness {
TestIdempotence 2025-08-19T14:55:15+02:00 command.go:185:           [32m+[0m[0m enabled = true
TestIdempotence 2025-08-19T14:55:15+02:00 command.go:185:           [32m+[0m[0m type    = "source_ip"
TestIdempotence 2025-08-19T14:55:15+02:00 command.go:185:         }
TestIdempotence 2025-08-19T14:55:15+02:00 command.go:185: 
TestIdempotence 2025-08-19T14:55:15+02:00 command.go:185:       [32m+[0m[0m target_failover (known after apply)
TestIdempotence 2025-08-19T14:55:15+02:00 command.go:185: 
TestIdempotence 2025-08-19T14:55:15+02:00 command.go:185:       [32m+[0m[0m target_group_health (known after apply)
TestIdempotence 2025-08-19T14:55:15+02:00 command.go:185: 
TestIdempotence 2025-08-19T14:55:15+02:00 command.go:185:       [32m+[0m[0m target_health_state (known after apply)
TestIdempotence 2025-08-19T14:55:15+02:00 command.go:185:     }
TestIdempotence 2025-08-19T14:55:15+02:00 command.go:185: 
TestIdempotence 2025-08-19T14:55:15+02:00 command.go:185: [1m  # module.public_nlb["vmseries"].aws_lb_target_group.this["ssh2"][0m will be created
TestIdempotence 2025-08-19T14:55:15+02:00 command.go:185: [0m  [32m+[0m[0m resource "aws_lb_target_group" "this" {
TestIdempotence 2025-08-19T14:55:15+02:00 command.go:185:       [32m+[0m[0m arn                                = (known after apply)
TestIdempotence 2025-08-19T14:55:15+02:00 command.go:185:       [32m+[0m[0m arn_suffix                         = (known after apply)
TestIdempotence 2025-08-19T14:55:15+02:00 command.go:185:       [32m+[0m[0m connection_termination             = (known after apply)
TestIdempotence 2025-08-19T14:55:15+02:00 command.go:185:       [32m+[0m[0m deregistration_delay               = "300"
TestIdempotence 2025-08-19T14:55:15+02:00 command.go:185:       [32m+[0m[0m id                                 = (known after apply)
TestIdempotence 2025-08-19T14:55:15+02:00 command.go:185:       [32m+[0m[0m ip_address_type                    = (known after apply)
TestIdempotence 2025-08-19T14:55:15+02:00 command.go:185:       [32m+[0m[0m lambda_multi_value_headers_enabled = false
TestIdempotence 2025-08-19T14:55:15+02:00 command.go:185:       [32m+[0m[0m load_balancer_arns                 = (known after apply)
TestIdempotence 2025-08-19T14:55:15+02:00 command.go:185:       [32m+[0m[0m load_balancing_algorithm_type      = (known after apply)
TestIdempotence 2025-08-19T14:55:15+02:00 command.go:185:       [32m+[0m[0m load_balancing_anomaly_mitigation  = (known after apply)
TestIdempotence 2025-08-19T14:55:15+02:00 command.go:185:       [32m+[0m[0m load_balancing_cross_zone_enabled  = (known after apply)
TestIdempotence 2025-08-19T14:55:15+02:00 command.go:185:       [32m+[0m[0m name                               = "tt-4ff3-public-nlb-ssh2"
TestIdempotence 2025-08-19T14:55:15+02:00 command.go:185:       [32m+[0m[0m name_prefix                        = (known after apply)
TestIdempotence 2025-08-19T14:55:15+02:00 command.go:185:       [32m+[0m[0m port                               = 2022
TestIdempotence 2025-08-19T14:55:15+02:00 command.go:185:       [32m+[0m[0m preserve_client_ip                 = "true"
TestIdempotence 2025-08-19T14:55:15+02:00 command.go:185:       [32m+[0m[0m protocol                           = "TCP"
TestIdempotence 2025-08-19T14:55:15+02:00 command.go:185:       [32m+[0m[0m protocol_version                   = (known after apply)
TestIdempotence 2025-08-19T14:55:15+02:00 command.go:185:       [32m+[0m[0m proxy_protocol_v2                  = false
TestIdempotence 2025-08-19T14:55:15+02:00 command.go:185:       [32m+[0m[0m slow_start                         = 0
TestIdempotence 2025-08-19T14:55:15+02:00 command.go:185:       [32m+[0m[0m tags                               = {
TestIdempotence 2025-08-19T14:55:15+02:00 command.go:185:           [32m+[0m[0m "Application" = "Palo Alto Networks VM-Series NGFW"
TestIdempotence 2025-08-19T14:55:15+02:00 command.go:185:           [32m+[0m[0m "ManagedBy"   = "terraform"
TestIdempotence 2025-08-19T14:55:15+02:00 command.go:185:           [32m+[0m[0m "Owner"       = "PS Team"
TestIdempotence 2025-08-19T14:55:15+02:00 command.go:185:         }
TestIdempotence 2025-08-19T14:55:15+02:00 command.go:185:       [32m+[0m[0m tags_all                           = {
TestIdempotence 2025-08-19T14:55:15+02:00 command.go:185:           [32m+[0m[0m "Application" = "Palo Alto Networks VM-Series NGFW"
TestIdempotence 2025-08-19T14:55:15+02:00 command.go:185:           [32m+[0m[0m "ManagedBy"   = "terraform"
TestIdempotence 2025-08-19T14:55:15+02:00 command.go:185:           [32m+[0m[0m "Owner"       = "PS Team"
TestIdempotence 2025-08-19T14:55:15+02:00 command.go:185:         }
TestIdempotence 2025-08-19T14:55:15+02:00 command.go:185:       [32m+[0m[0m target_type                        = "ip"
TestIdempotence 2025-08-19T14:55:15+02:00 command.go:185:       [32m+[0m[0m vpc_id                             = (known after apply)
TestIdempotence 2025-08-19T14:55:15+02:00 command.go:185: 
TestIdempotence 2025-08-19T14:55:15+02:00 command.go:185:       [32m+[0m[0m health_check {
TestIdempotence 2025-08-19T14:55:15+02:00 command.go:185:           [32m+[0m[0m enabled             = true
TestIdempotence 2025-08-19T14:55:15+02:00 command.go:185:           [32m+[0m[0m healthy_threshold   = 3
TestIdempotence 2025-08-19T14:55:15+02:00 command.go:185:           [32m+[0m[0m interval            = 30
TestIdempotence 2025-08-19T14:55:15+02:00 command.go:185:           [32m+[0m[0m matcher             = (known after apply)
TestIdempotence 2025-08-19T14:55:15+02:00 command.go:185:           [32m+[0m[0m path                = (known after apply)
TestIdempotence 2025-08-19T14:55:15+02:00 command.go:185:           [32m+[0m[0m port                = "traffic-port"
TestIdempotence 2025-08-19T14:55:15+02:00 command.go:185:           [32m+[0m[0m protocol            = "TCP"
TestIdempotence 2025-08-19T14:55:15+02:00 command.go:185:           [32m+[0m[0m timeout             = (known after apply)
TestIdempotence 2025-08-19T14:55:15+02:00 command.go:185:           [32m+[0m[0m unhealthy_threshold = 3
TestIdempotence 2025-08-19T14:55:15+02:00 command.go:185:         }
TestIdempotence 2025-08-19T14:55:15+02:00 command.go:185: 
TestIdempotence 2025-08-19T14:55:15+02:00 command.go:185:       [32m+[0m[0m stickiness {
TestIdempotence 2025-08-19T14:55:15+02:00 command.go:185:           [32m+[0m[0m enabled = true
TestIdempotence 2025-08-19T14:55:15+02:00 command.go:185:           [32m+[0m[0m type    = "source_ip"
TestIdempotence 2025-08-19T14:55:15+02:00 command.go:185:         }
TestIdempotence 2025-08-19T14:55:15+02:00 command.go:185: 
TestIdempotence 2025-08-19T14:55:15+02:00 command.go:185:       [32m+[0m[0m target_failover (known after apply)
TestIdempotence 2025-08-19T14:55:15+02:00 command.go:185: 
TestIdempotence 2025-08-19T14:55:15+02:00 command.go:185:       [32m+[0m[0m target_group_health (known after apply)
TestIdempotence 2025-08-19T14:55:15+02:00 command.go:185: 
TestIdempotence 2025-08-19T14:55:15+02:00 command.go:185:       [32m+[0m[0m target_health_state (known after apply)
TestIdempotence 2025-08-19T14:55:15+02:00 command.go:185:     }
TestIdempotence 2025-08-19T14:55:15+02:00 command.go:185: 
TestIdempotence 2025-08-19T14:55:15+02:00 command.go:185: [1m  # module.public_nlb["vmseries"].aws_lb_target_group_attachment.this["ssh1-vmseries-01"][0m will be created
TestIdempotence 2025-08-19T14:55:15+02:00 command.go:185: [0m  [32m+[0m[0m resource "aws_lb_target_group_attachment" "this" {
TestIdempotence 2025-08-19T14:55:15+02:00 command.go:185:       [32m+[0m[0m id               = (known after apply)
TestIdempotence 2025-08-19T14:55:15+02:00 command.go:185:       [32m+[0m[0m port             = 2021
TestIdempotence 2025-08-19T14:55:15+02:00 command.go:185:       [32m+[0m[0m target_group_arn = (known after apply)
TestIdempotence 2025-08-19T14:55:15+02:00 command.go:185:       [32m+[0m[0m target_id        = (known after apply)
TestIdempotence 2025-08-19T14:55:15+02:00 command.go:185:     }
TestIdempotence 2025-08-19T14:55:15+02:00 command.go:185: 
TestIdempotence 2025-08-19T14:55:15+02:00 command.go:185: [1m  # module.public_nlb["vmseries"].aws_lb_target_group_attachment.this["ssh1-vmseries-02"][0m will be created
TestIdempotence 2025-08-19T14:55:15+02:00 command.go:185: [0m  [32m+[0m[0m resource "aws_lb_target_group_attachment" "this" {
TestIdempotence 2025-08-19T14:55:15+02:00 command.go:185:       [32m+[0m[0m id               = (known after apply)
TestIdempotence 2025-08-19T14:55:15+02:00 command.go:185:       [32m+[0m[0m port             = 2021
TestIdempotence 2025-08-19T14:55:15+02:00 command.go:185:       [32m+[0m[0m target_group_arn = (known after apply)
TestIdempotence 2025-08-19T14:55:15+02:00 command.go:185:       [32m+[0m[0m target_id        = (known after apply)
TestIdempotence 2025-08-19T14:55:15+02:00 command.go:185:     }
TestIdempotence 2025-08-19T14:55:15+02:00 command.go:185: 
TestIdempotence 2025-08-19T14:55:15+02:00 command.go:185: [1m  # module.public_nlb["vmseries"].aws_lb_target_group_attachment.this["ssh2-vmseries-01"][0m will be created
TestIdempotence 2025-08-19T14:55:15+02:00 command.go:185: [0m  [32m+[0m[0m resource "aws_lb_target_group_attachment" "this" {
TestIdempotence 2025-08-19T14:55:15+02:00 command.go:185:       [32m+[0m[0m id               = (known after apply)
TestIdempotence 2025-08-19T14:55:15+02:00 command.go:185:       [32m+[0m[0m port             = 2022
TestIdempotence 2025-08-19T14:55:15+02:00 command.go:185:       [32m+[0m[0m target_group_arn = (known after apply)
TestIdempotence 2025-08-19T14:55:15+02:00 command.go:185:       [32m+[0m[0m target_id        = (known after apply)
TestIdempotence 2025-08-19T14:55:15+02:00 command.go:185:     }
TestIdempotence 2025-08-19T14:55:15+02:00 command.go:185: 
TestIdempotence 2025-08-19T14:55:15+02:00 command.go:185: [1m  # module.public_nlb["vmseries"].aws_lb_target_group_attachment.this["ssh2-vmseries-02"][0m will be created
TestIdempotence 2025-08-19T14:55:15+02:00 command.go:185: [0m  [32m+[0m[0m resource "aws_lb_target_group_attachment" "this" {
TestIdempotence 2025-08-19T14:55:15+02:00 command.go:185:       [32m+[0m[0m id               = (known after apply)
TestIdempotence 2025-08-19T14:55:15+02:00 command.go:185:       [32m+[0m[0m port             = 2022
TestIdempotence 2025-08-19T14:55:15+02:00 command.go:185:       [32m+[0m[0m target_group_arn = (known after apply)
TestIdempotence 2025-08-19T14:55:15+02:00 command.go:185:       [32m+[0m[0m target_id        = (known after apply)
TestIdempotence 2025-08-19T14:55:15+02:00 command.go:185:     }
TestIdempotence 2025-08-19T14:55:15+02:00 command.go:185: 
TestIdempotence 2025-08-19T14:55:15+02:00 command.go:185: [1m  # module.subnet_sets["app1_vpc-app1_lb"].aws_route_table.this["eu-west-1a"][0m will be created
TestIdempotence 2025-08-19T14:55:15+02:00 command.go:185: [0m  [32m+[0m[0m resource "aws_route_table" "this" {
TestIdempotence 2025-08-19T14:55:15+02:00 command.go:185:       [32m+[0m[0m arn              = (known after apply)
TestIdempotence 2025-08-19T14:55:15+02:00 command.go:185:       [32m+[0m[0m id               = (known after apply)
TestIdempotence 2025-08-19T14:55:15+02:00 command.go:185:       [32m+[0m[0m owner_id         = (known after apply)
TestIdempotence 2025-08-19T14:55:15+02:00 command.go:185:       [32m+[0m[0m propagating_vgws = (known after apply)
TestIdempotence 2025-08-19T14:55:15+02:00 command.go:185:       [32m+[0m[0m route            = (known after apply)
TestIdempotence 2025-08-19T14:55:15+02:00 command.go:185:       [32m+[0m[0m tags             = {
TestIdempotence 2025-08-19T14:55:15+02:00 command.go:185:           [32m+[0m[0m "Application" = "Palo Alto Networks VM-Series NGFW"
TestIdempotence 2025-08-19T14:55:15+02:00 command.go:185:           [32m+[0m[0m "ManagedBy"   = "terraform"
TestIdempotence 2025-08-19T14:55:15+02:00 command.go:185:           [32m+[0m[0m "Name"        = "app1_lba"
TestIdempotence 2025-08-19T14:55:15+02:00 command.go:185:           [32m+[0m[0m "Owner"       = "PS Team"
TestIdempotence 2025-08-19T14:55:15+02:00 command.go:185:         }
TestIdempotence 2025-08-19T14:55:15+02:00 command.go:185:       [32m+[0m[0m tags_all         = {
TestIdempotence 2025-08-19T14:55:15+02:00 command.go:185:           [32m+[0m[0m "Application" = "Palo Alto Networks VM-Series NGFW"
TestIdempotence 2025-08-19T14:55:15+02:00 command.go:185:           [32m+[0m[0m "ManagedBy"   = "terraform"
TestIdempotence 2025-08-19T14:55:15+02:00 command.go:185:           [32m+[0m[0m "Name"        = "app1_lba"
TestIdempotence 2025-08-19T14:55:15+02:00 command.go:185:           [32m+[0m[0m "Owner"       = "PS Team"
TestIdempotence 2025-08-19T14:55:15+02:00 command.go:185:         }
TestIdempotence 2025-08-19T14:55:15+02:00 command.go:185:       [32m+[0m[0m vpc_id           = (known after apply)
TestIdempotence 2025-08-19T14:55:15+02:00 command.go:185:     }
TestIdempotence 2025-08-19T14:55:15+02:00 command.go:185: 
TestIdempotence 2025-08-19T14:55:15+02:00 command.go:185: [1m  # module.subnet_sets["app1_vpc-app1_lb"].aws_route_table.this["eu-west-1b"][0m will be created
TestIdempotence 2025-08-19T14:55:15+02:00 command.go:185: [0m  [32m+[0m[0m resource "aws_route_table" "this" {
TestIdempotence 2025-08-19T14:55:15+02:00 command.go:185:       [32m+[0m[0m arn              = (known after apply)
TestIdempotence 2025-08-19T14:55:15+02:00 command.go:185:       [32m+[0m[0m id               = (known after apply)
TestIdempotence 2025-08-19T14:55:15+02:00 command.go:185:       [32m+[0m[0m owner_id         = (known after apply)
TestIdempotence 2025-08-19T14:55:15+02:00 command.go:185:       [32m+[0m[0m propagating_vgws = (known after apply)
TestIdempotence 2025-08-19T14:55:15+02:00 command.go:185:       [32m+[0m[0m route            = (known after apply)
TestIdempotence 2025-08-19T14:55:15+02:00 command.go:185:       [32m+[0m[0m tags             = {
TestIdempotence 2025-08-19T14:55:15+02:00 command.go:185:           [32m+[0m[0m "Application" = "Palo Alto Networks VM-Series NGFW"
TestIdempotence 2025-08-19T14:55:15+02:00 command.go:185:           [32m+[0m[0m "ManagedBy"   = "terraform"
TestIdempotence 2025-08-19T14:55:15+02:00 command.go:185:           [32m+[0m[0m "Name"        = "app1_lbb"
TestIdempotence 2025-08-19T14:55:15+02:00 command.go:185:           [32m+[0m[0m "Owner"       = "PS Team"
TestIdempotence 2025-08-19T14:55:15+02:00 command.go:185:         }
TestIdempotence 2025-08-19T14:55:15+02:00 command.go:185:       [32m+[0m[0m tags_all         = {
TestIdempotence 2025-08-19T14:55:15+02:00 command.go:185:           [32m+[0m[0m "Application" = "Palo Alto Networks VM-Series NGFW"
TestIdempotence 2025-08-19T14:55:15+02:00 command.go:185:           [32m+[0m[0m "ManagedBy"   = "terraform"
TestIdempotence 2025-08-19T14:55:15+02:00 command.go:185:           [32m+[0m[0m "Name"        = "app1_lbb"
TestIdempotence 2025-08-19T14:55:15+02:00 command.go:185:           [32m+[0m[0m "Owner"       = "PS Team"
TestIdempotence 2025-08-19T14:55:15+02:00 command.go:185:         }
TestIdempotence 2025-08-19T14:55:15+02:00 command.go:185:       [32m+[0m[0m vpc_id           = (known after apply)
TestIdempotence 2025-08-19T14:55:15+02:00 command.go:185:     }
TestIdempotence 2025-08-19T14:55:15+02:00 command.go:185: 
TestIdempotence 2025-08-19T14:55:15+02:00 command.go:185: [1m  # module.subnet_sets["app1_vpc-app1_lb"].aws_route_table_association.this["eu-west-1a"][0m will be created
TestIdempotence 2025-08-19T14:55:15+02:00 command.go:185: [0m  [32m+[0m[0m resource "aws_route_table_association" "this" {
TestIdempotence 2025-08-19T14:55:15+02:00 command.go:185:       [32m+[0m[0m id             = (known after apply)
TestIdempotence 2025-08-19T14:55:15+02:00 command.go:185:       [32m+[0m[0m route_table_id = (known after apply)
TestIdempotence 2025-08-19T14:55:15+02:00 command.go:185:       [32m+[0m[0m subnet_id      = (known after apply)
TestIdempotence 2025-08-19T14:55:15+02:00 command.go:185:     }
TestIdempotence 2025-08-19T14:55:15+02:00 command.go:185: 
TestIdempotence 2025-08-19T14:55:15+02:00 command.go:185: [1m  # module.subnet_sets["app1_vpc-app1_lb"].aws_route_table_association.this["eu-west-1b"][0m will be created
TestIdempotence 2025-08-19T14:55:15+02:00 command.go:185: [0m  [32m+[0m[0m resource "aws_route_table_association" "this" {
TestIdempotence 2025-08-19T14:55:15+02:00 command.go:185:       [32m+[0m[0m id             = (known after apply)
TestIdempotence 2025-08-19T14:55:15+02:00 command.go:185:       [32m+[0m[0m route_table_id = (known after apply)
TestIdempotence 2025-08-19T14:55:15+02:00 command.go:185:       [32m+[0m[0m subnet_id      = (known after apply)
TestIdempotence 2025-08-19T14:55:15+02:00 command.go:185:     }
TestIdempotence 2025-08-19T14:55:15+02:00 command.go:185: 
TestIdempotence 2025-08-19T14:55:15+02:00 command.go:185: [1m  # module.subnet_sets["app1_vpc-app1_lb"].aws_subnet.this["eu-west-1a"][0m will be created
TestIdempotence 2025-08-19T14:55:15+02:00 command.go:185: [0m  [32m+[0m[0m resource "aws_subnet" "this" {
TestIdempotence 2025-08-19T14:55:15+02:00 command.go:185:       [32m+[0m[0m arn                                            = (known after apply)
TestIdempotence 2025-08-19T14:55:15+02:00 command.go:185:       [32m+[0m[0m assign_ipv6_address_on_creation                = false
TestIdempotence 2025-08-19T14:55:15+02:00 command.go:185:       [32m+[0m[0m availability_zone                              = "eu-west-1a"
TestIdempotence 2025-08-19T14:55:15+02:00 command.go:185:       [32m+[0m[0m availability_zone_id                           = (known after apply)
TestIdempotence 2025-08-19T14:55:15+02:00 command.go:185:       [32m+[0m[0m cidr_block                                     = "10.104.2.0/24"
TestIdempotence 2025-08-19T14:55:15+02:00 command.go:185:       [32m+[0m[0m enable_dns64                                   = false
TestIdempotence 2025-08-19T14:55:15+02:00 command.go:185:       [32m+[0m[0m enable_resource_name_dns_a_record_on_launch    = false
TestIdempotence 2025-08-19T14:55:15+02:00 command.go:185:       [32m+[0m[0m enable_resource_name_dns_aaaa_record_on_launch = false
TestIdempotence 2025-08-19T14:55:15+02:00 command.go:185:       [32m+[0m[0m id                                             = (known after apply)
TestIdempotence 2025-08-19T14:55:15+02:00 command.go:185:       [32m+[0m[0m ipv6_cidr_block_association_id                 = (known after apply)
TestIdempotence 2025-08-19T14:55:15+02:00 command.go:185:       [32m+[0m[0m ipv6_native                                    = false
TestIdempotence 2025-08-19T14:55:15+02:00 command.go:185:       [32m+[0m[0m map_public_ip_on_launch                        = false
TestIdempotence 2025-08-19T14:55:15+02:00 command.go:185:       [32m+[0m[0m owner_id                                       = (known after apply)
TestIdempotence 2025-08-19T14:55:15+02:00 command.go:185:       [32m+[0m[0m private_dns_hostname_type_on_launch            = (known after apply)
TestIdempotence 2025-08-19T14:55:15+02:00 command.go:185:       [32m+[0m[0m tags                                           = {
TestIdempotence 2025-08-19T14:55:15+02:00 command.go:185:           [32m+[0m[0m "Application" = "Palo Alto Networks VM-Series NGFW"
TestIdempotence 2025-08-19T14:55:15+02:00 command.go:185:           [32m+[0m[0m "ManagedBy"   = "terraform"
TestIdempotence 2025-08-19T14:55:15+02:00 command.go:185:           [32m+[0m[0m "Name"        = "app1_lba"
TestIdempotence 2025-08-19T14:55:15+02:00 command.go:185:           [32m+[0m[0m "Owner"       = "PS Team"
TestIdempotence 2025-08-19T14:55:15+02:00 command.go:185:         }
TestIdempotence 2025-08-19T14:55:15+02:00 command.go:185:       [32m+[0m[0m tags_all                                       = {
TestIdempotence 2025-08-19T14:55:15+02:00 command.go:185:           [32m+[0m[0m "Application" = "Palo Alto Networks VM-Series NGFW"
TestIdempotence 2025-08-19T14:55:15+02:00 command.go:185:           [32m+[0m[0m "ManagedBy"   = "terraform"
TestIdempotence 2025-08-19T14:55:15+02:00 command.go:185:           [32m+[0m[0m "Name"        = "app1_lba"
TestIdempotence 2025-08-19T14:55:15+02:00 command.go:185:           [32m+[0m[0m "Owner"       = "PS Team"
TestIdempotence 2025-08-19T14:55:15+02:00 command.go:185:         }
TestIdempotence 2025-08-19T14:55:15+02:00 command.go:185:       [32m+[0m[0m vpc_id                                         = (known after apply)
TestIdempotence 2025-08-19T14:55:15+02:00 command.go:185:     }
TestIdempotence 2025-08-19T14:55:15+02:00 command.go:185: 
TestIdempotence 2025-08-19T14:55:15+02:00 command.go:185: [1m  # module.subnet_sets["app1_vpc-app1_lb"].aws_subnet.this["eu-west-1b"][0m will be created
TestIdempotence 2025-08-19T14:55:15+02:00 command.go:185: [0m  [32m+[0m[0m resource "aws_subnet" "this" {
TestIdempotence 2025-08-19T14:55:15+02:00 command.go:185:       [32m+[0m[0m arn                                            = (known after apply)
TestIdempotence 2025-08-19T14:55:15+02:00 command.go:185:       [32m+[0m[0m assign_ipv6_address_on_creation                = false
TestIdempotence 2025-08-19T14:55:15+02:00 command.go:185:       [32m+[0m[0m availability_zone                              = "eu-west-1b"
TestIdempotence 2025-08-19T14:55:15+02:00 command.go:185:       [32m+[0m[0m availability_zone_id                           = (known after apply)
TestIdempotence 2025-08-19T14:55:15+02:00 command.go:185:       [32m+[0m[0m cidr_block                                     = "10.104.130.0/24"
TestIdempotence 2025-08-19T14:55:15+02:00 command.go:185:       [32m+[0m[0m enable_dns64                                   = false
TestIdempotence 2025-08-19T14:55:15+02:00 command.go:185:       [32m+[0m[0m enable_resource_name_dns_a_record_on_launch    = false
TestIdempotence 2025-08-19T14:55:15+02:00 command.go:185:       [32m+[0m[0m enable_resource_name_dns_aaaa_record_on_launch = false
TestIdempotence 2025-08-19T14:55:15+02:00 command.go:185:       [32m+[0m[0m id                                             = (known after apply)
TestIdempotence 2025-08-19T14:55:15+02:00 command.go:185:       [32m+[0m[0m ipv6_cidr_block_association_id                 = (known after apply)
TestIdempotence 2025-08-19T14:55:15+02:00 command.go:185:       [32m+[0m[0m ipv6_native                                    = false
TestIdempotence 2025-08-19T14:55:15+02:00 command.go:185:       [32m+[0m[0m map_public_ip_on_launch                        = false
TestIdempotence 2025-08-19T14:55:15+02:00 command.go:185:       [32m+[0m[0m owner_id                                       = (known after apply)
TestIdempotence 2025-08-19T14:55:15+02:00 command.go:185:       [32m+[0m[0m private_dns_hostname_type_on_launch            = (known after apply)
TestIdempotence 2025-08-19T14:55:15+02:00 command.go:185:       [32m+[0m[0m tags                                           = {
TestIdempotence 2025-08-19T14:55:15+02:00 command.go:185:           [32m+[0m[0m "Application" = "Palo Alto Networks VM-Series NGFW"
TestIdempotence 2025-08-19T14:55:15+02:00 command.go:185:           [32m+[0m[0m "ManagedBy"   = "terraform"
TestIdempotence 2025-08-19T14:55:15+02:00 command.go:185:           [32m+[0m[0m "Name"        = "app1_lbb"
TestIdempotence 2025-08-19T14:55:15+02:00 command.go:185:           [32m+[0m[0m "Owner"       = "PS Team"
TestIdempotence 2025-08-19T14:55:15+02:00 command.go:185:         }
TestIdempotence 2025-08-19T14:55:15+02:00 command.go:185:       [32m+[0m[0m tags_all                                       = {
TestIdempotence 2025-08-19T14:55:15+02:00 command.go:185:           [32m+[0m[0m "Application" = "Palo Alto Networks VM-Series NGFW"
TestIdempotence 2025-08-19T14:55:15+02:00 command.go:185:           [32m+[0m[0m "ManagedBy"   = "terraform"
TestIdempotence 2025-08-19T14:55:15+02:00 command.go:185:           [32m+[0m[0m "Name"        = "app1_lbb"
TestIdempotence 2025-08-19T14:55:15+02:00 command.go:185:           [32m+[0m[0m "Owner"       = "PS Team"
TestIdempotence 2025-08-19T14:55:15+02:00 command.go:185:         }
TestIdempotence 2025-08-19T14:55:15+02:00 command.go:185:       [32m+[0m[0m vpc_id                                         = (known after apply)
TestIdempotence 2025-08-19T14:55:15+02:00 command.go:185:     }
TestIdempotence 2025-08-19T14:55:15+02:00 command.go:185: 
TestIdempotence 2025-08-19T14:55:15+02:00 command.go:185: [1m  # module.subnet_sets["app1_vpc-app1_vm"].aws_route_table.this["eu-west-1a"][0m will be created
TestIdempotence 2025-08-19T14:55:15+02:00 command.go:185: [0m  [32m+[0m[0m resource "aws_route_table" "this" {
TestIdempotence 2025-08-19T14:55:15+02:00 command.go:185:       [32m+[0m[0m arn              = (known after apply)
TestIdempotence 2025-08-19T14:55:15+02:00 command.go:185:       [32m+[0m[0m id               = (known after apply)
TestIdempotence 2025-08-19T14:55:15+02:00 command.go:185:       [32m+[0m[0m owner_id         = (known after apply)
TestIdempotence 2025-08-19T14:55:15+02:00 command.go:185:       [32m+[0m[0m propagating_vgws = (known after apply)
TestIdempotence 2025-08-19T14:55:15+02:00 command.go:185:       [32m+[0m[0m route            = (known after apply)
TestIdempotence 2025-08-19T14:55:15+02:00 command.go:185:       [32m+[0m[0m tags             = {
TestIdempotence 2025-08-19T14:55:15+02:00 command.go:185:           [32m+[0m[0m "Application" = "Palo Alto Networks VM-Series NGFW"
TestIdempotence 2025-08-19T14:55:15+02:00 command.go:185:           [32m+[0m[0m "ManagedBy"   = "terraform"
TestIdempotence 2025-08-19T14:55:15+02:00 command.go:185:           [32m+[0m[0m "Name"        = "app1_vma"
TestIdempotence 2025-08-19T14:55:15+02:00 command.go:185:           [32m+[0m[0m "Owner"       = "PS Team"
TestIdempotence 2025-08-19T14:55:15+02:00 command.go:185:         }
TestIdempotence 2025-08-19T14:55:15+02:00 command.go:185:       [32m+[0m[0m tags_all         = {
TestIdempotence 2025-08-19T14:55:15+02:00 command.go:185:           [32m+[0m[0m "Application" = "Palo Alto Networks VM-Series NGFW"
TestIdempotence 2025-08-19T14:55:15+02:00 command.go:185:           [32m+[0m[0m "ManagedBy"   = "terraform"
TestIdempotence 2025-08-19T14:55:15+02:00 command.go:185:           [32m+[0m[0m "Name"        = "app1_vma"
TestIdempotence 2025-08-19T14:55:15+02:00 command.go:185:           [32m+[0m[0m "Owner"       = "PS Team"
TestIdempotence 2025-08-19T14:55:15+02:00 command.go:185:         }
TestIdempotence 2025-08-19T14:55:15+02:00 command.go:185:       [32m+[0m[0m vpc_id           = (known after apply)
TestIdempotence 2025-08-19T14:55:15+02:00 command.go:185:     }
TestIdempotence 2025-08-19T14:55:15+02:00 command.go:185: 
TestIdempotence 2025-08-19T14:55:15+02:00 command.go:185: [1m  # module.subnet_sets["app1_vpc-app1_vm"].aws_route_table.this["eu-west-1b"][0m will be created
TestIdempotence 2025-08-19T14:55:15+02:00 command.go:185: [0m  [32m+[0m[0m resource "aws_route_table" "this" {
TestIdempotence 2025-08-19T14:55:15+02:00 command.go:185:       [32m+[0m[0m arn              = (known after apply)
TestIdempotence 2025-08-19T14:55:15+02:00 command.go:185:       [32m+[0m[0m id               = (known after apply)
TestIdempotence 2025-08-19T14:55:15+02:00 command.go:185:       [32m+[0m[0m owner_id         = (known after apply)
TestIdempotence 2025-08-19T14:55:15+02:00 command.go:185:       [32m+[0m[0m propagating_vgws = (known after apply)
TestIdempotence 2025-08-19T14:55:15+02:00 command.go:185:       [32m+[0m[0m route            = (known after apply)
TestIdempotence 2025-08-19T14:55:15+02:00 command.go:185:       [32m+[0m[0m tags             = {
TestIdempotence 2025-08-19T14:55:15+02:00 command.go:185:           [32m+[0m[0m "Application" = "Palo Alto Networks VM-Series NGFW"
TestIdempotence 2025-08-19T14:55:15+02:00 command.go:185:           [32m+[0m[0m "ManagedBy"   = "terraform"
TestIdempotence 2025-08-19T14:55:15+02:00 command.go:185:           [32m+[0m[0m "Name"        = "app1_vmb"
TestIdempotence 2025-08-19T14:55:15+02:00 command.go:185:           [32m+[0m[0m "Owner"       = "PS Team"
TestIdempotence 2025-08-19T14:55:15+02:00 command.go:185:         }
TestIdempotence 2025-08-19T14:55:15+02:00 command.go:185:       [32m+[0m[0m tags_all         = {
TestIdempotence 2025-08-19T14:55:15+02:00 command.go:185:           [32m+[0m[0m "Application" = "Palo Alto Networks VM-Series NGFW"
TestIdempotence 2025-08-19T14:55:15+02:00 command.go:185:           [32m+[0m[0m "ManagedBy"   = "terraform"
TestIdempotence 2025-08-19T14:55:15+02:00 command.go:185:           [32m+[0m[0m "Name"        = "app1_vmb"
TestIdempotence 2025-08-19T14:55:15+02:00 command.go:185:           [32m+[0m[0m "Owner"       = "PS Team"
TestIdempotence 2025-08-19T14:55:15+02:00 command.go:185:         }
TestIdempotence 2025-08-19T14:55:15+02:00 command.go:185:       [32m+[0m[0m vpc_id           = (known after apply)
TestIdempotence 2025-08-19T14:55:15+02:00 command.go:185:     }
TestIdempotence 2025-08-19T14:55:15+02:00 command.go:185: 
TestIdempotence 2025-08-19T14:55:15+02:00 command.go:185: [1m  # module.subnet_sets["app1_vpc-app1_vm"].aws_route_table_association.this["eu-west-1a"][0m will be created
TestIdempotence 2025-08-19T14:55:15+02:00 command.go:185: [0m  [32m+[0m[0m resource "aws_route_table_association" "this" {
TestIdempotence 2025-08-19T14:55:15+02:00 command.go:185:       [32m+[0m[0m id             = (known after apply)
TestIdempotence 2025-08-19T14:55:15+02:00 command.go:185:       [32m+[0m[0m route_table_id = (known after apply)
TestIdempotence 2025-08-19T14:55:15+02:00 command.go:185:       [32m+[0m[0m subnet_id      = (known after apply)
TestIdempotence 2025-08-19T14:55:15+02:00 command.go:185:     }
TestIdempotence 2025-08-19T14:55:15+02:00 command.go:185: 
TestIdempotence 2025-08-19T14:55:15+02:00 command.go:185: [1m  # module.subnet_sets["app1_vpc-app1_vm"].aws_route_table_association.this["eu-west-1b"][0m will be created
TestIdempotence 2025-08-19T14:55:15+02:00 command.go:185: [0m  [32m+[0m[0m resource "aws_route_table_association" "this" {
TestIdempotence 2025-08-19T14:55:15+02:00 command.go:185:       [32m+[0m[0m id             = (known after apply)
TestIdempotence 2025-08-19T14:55:15+02:00 command.go:185:       [32m+[0m[0m route_table_id = (known after apply)
TestIdempotence 2025-08-19T14:55:15+02:00 command.go:185:       [32m+[0m[0m subnet_id      = (known after apply)
TestIdempotence 2025-08-19T14:55:15+02:00 command.go:185:     }
TestIdempotence 2025-08-19T14:55:15+02:00 command.go:185: 
TestIdempotence 2025-08-19T14:55:15+02:00 command.go:185: [1m  # module.subnet_sets["app1_vpc-app1_vm"].aws_subnet.this["eu-west-1a"][0m will be created
TestIdempotence 2025-08-19T14:55:15+02:00 command.go:185: [0m  [32m+[0m[0m resource "aws_subnet" "this" {
TestIdempotence 2025-08-19T14:55:15+02:00 command.go:185:       [32m+[0m[0m arn                                            = (known after apply)
TestIdempotence 2025-08-19T14:55:15+02:00 command.go:185:       [32m+[0m[0m assign_ipv6_address_on_creation                = false
TestIdempotence 2025-08-19T14:55:15+02:00 command.go:185:       [32m+[0m[0m availability_zone                              = "eu-west-1a"
TestIdempotence 2025-08-19T14:55:15+02:00 command.go:185:       [32m+[0m[0m availability_zone_id                           = (known after apply)
TestIdempotence 2025-08-19T14:55:15+02:00 command.go:185:       [32m+[0m[0m cidr_block                                     = "10.104.0.0/24"
TestIdempotence 2025-08-19T14:55:15+02:00 command.go:185:       [32m+[0m[0m enable_dns64                                   = false
TestIdempotence 2025-08-19T14:55:15+02:00 command.go:185:       [32m+[0m[0m enable_resource_name_dns_a_record_on_launch    = false
TestIdempotence 2025-08-19T14:55:15+02:00 command.go:185:       [32m+[0m[0m enable_resource_name_dns_aaaa_record_on_launch = false
TestIdempotence 2025-08-19T14:55:15+02:00 command.go:185:       [32m+[0m[0m id                                             = (known after apply)
TestIdempotence 2025-08-19T14:55:15+02:00 command.go:185:       [32m+[0m[0m ipv6_cidr_block_association_id                 = (known after apply)
TestIdempotence 2025-08-19T14:55:15+02:00 command.go:185:       [32m+[0m[0m ipv6_native                                    = false
TestIdempotence 2025-08-19T14:55:15+02:00 command.go:185:       [32m+[0m[0m map_public_ip_on_launch                        = false
TestIdempotence 2025-08-19T14:55:15+02:00 command.go:185:       [32m+[0m[0m owner_id                                       = (known after apply)
TestIdempotence 2025-08-19T14:55:15+02:00 command.go:185:       [32m+[0m[0m private_dns_hostname_type_on_launch            = (known after apply)
TestIdempotence 2025-08-19T14:55:15+02:00 command.go:185:       [32m+[0m[0m tags                                           = {
TestIdempotence 2025-08-19T14:55:15+02:00 command.go:185:           [32m+[0m[0m "Application" = "Palo Alto Networks VM-Series NGFW"
TestIdempotence 2025-08-19T14:55:15+02:00 command.go:185:           [32m+[0m[0m "ManagedBy"   = "terraform"
TestIdempotence 2025-08-19T14:55:15+02:00 command.go:185:           [32m+[0m[0m "Name"        = "app1_vma"
TestIdempotence 2025-08-19T14:55:15+02:00 command.go:185:           [32m+[0m[0m "Owner"       = "PS Team"
TestIdempotence 2025-08-19T14:55:15+02:00 command.go:185:         }
TestIdempotence 2025-08-19T14:55:15+02:00 command.go:185:       [32m+[0m[0m tags_all                                       = {
TestIdempotence 2025-08-19T14:55:15+02:00 command.go:185:           [32m+[0m[0m "Application" = "Palo Alto Networks VM-Series NGFW"
TestIdempotence 2025-08-19T14:55:15+02:00 command.go:185:           [32m+[0m[0m "ManagedBy"   = "terraform"
TestIdempotence 2025-08-19T14:55:15+02:00 command.go:185:           [32m+[0m[0m "Name"        = "app1_vma"
TestIdempotence 2025-08-19T14:55:15+02:00 command.go:185:           [32m+[0m[0m "Owner"       = "PS Team"
TestIdempotence 2025-08-19T14:55:15+02:00 command.go:185:         }
TestIdempotence 2025-08-19T14:55:15+02:00 command.go:185:       [32m+[0m[0m vpc_id                                         = (known after apply)
TestIdempotence 2025-08-19T14:55:15+02:00 command.go:185:     }
TestIdempotence 2025-08-19T14:55:15+02:00 command.go:185: 
TestIdempotence 2025-08-19T14:55:15+02:00 command.go:185: [1m  # module.subnet_sets["app1_vpc-app1_vm"].aws_subnet.this["eu-west-1b"][0m will be created
TestIdempotence 2025-08-19T14:55:15+02:00 command.go:185: [0m  [32m+[0m[0m resource "aws_subnet" "this" {
TestIdempotence 2025-08-19T14:55:15+02:00 command.go:185:       [32m+[0m[0m arn                                            = (known after apply)
TestIdempotence 2025-08-19T14:55:15+02:00 command.go:185:       [32m+[0m[0m assign_ipv6_address_on_creation                = false
TestIdempotence 2025-08-19T14:55:15+02:00 command.go:185:       [32m+[0m[0m availability_zone                              = "eu-west-1b"
TestIdempotence 2025-08-19T14:55:15+02:00 command.go:185:       [32m+[0m[0m availability_zone_id                           = (known after apply)
TestIdempotence 2025-08-19T14:55:15+02:00 command.go:185:       [32m+[0m[0m cidr_block                                     = "10.104.128.0/24"
TestIdempotence 2025-08-19T14:55:15+02:00 command.go:185:       [32m+[0m[0m enable_dns64                                   = false
TestIdempotence 2025-08-19T14:55:15+02:00 command.go:185:       [32m+[0m[0m enable_resource_name_dns_a_record_on_launch    = false
TestIdempotence 2025-08-19T14:55:15+02:00 command.go:185:       [32m+[0m[0m enable_resource_name_dns_aaaa_record_on_launch = false
TestIdempotence 2025-08-19T14:55:15+02:00 command.go:185:       [32m+[0m[0m id                                             = (known after apply)
TestIdempotence 2025-08-19T14:55:15+02:00 command.go:185:       [32m+[0m[0m ipv6_cidr_block_association_id                 = (known after apply)
TestIdempotence 2025-08-19T14:55:15+02:00 command.go:185:       [32m+[0m[0m ipv6_native                                    = false
TestIdempotence 2025-08-19T14:55:15+02:00 command.go:185:       [32m+[0m[0m map_public_ip_on_launch                        = false
TestIdempotence 2025-08-19T14:55:15+02:00 command.go:185:       [32m+[0m[0m owner_id                                       = (known after apply)
TestIdempotence 2025-08-19T14:55:15+02:00 command.go:185:       [32m+[0m[0m private_dns_hostname_type_on_launch            = (known after apply)
TestIdempotence 2025-08-19T14:55:15+02:00 command.go:185:       [32m+[0m[0m tags                                           = {
TestIdempotence 2025-08-19T14:55:15+02:00 command.go:185:           [32m+[0m[0m "Application" = "Palo Alto Networks VM-Series NGFW"
TestIdempotence 2025-08-19T14:55:15+02:00 command.go:185:           [32m+[0m[0m "ManagedBy"   = "terraform"
TestIdempotence 2025-08-19T14:55:15+02:00 command.go:185:           [32m+[0m[0m "Name"        = "app1_vmb"
TestIdempotence 2025-08-19T14:55:15+02:00 command.go:185:           [32m+[0m[0m "Owner"       = "PS Team"
TestIdempotence 2025-08-19T14:55:15+02:00 command.go:185:         }
TestIdempotence 2025-08-19T14:55:15+02:00 command.go:185:       [32m+[0m[0m tags_all                                       = {
TestIdempotence 2025-08-19T14:55:15+02:00 command.go:185:           [32m+[0m[0m "Application" = "Palo Alto Networks VM-Series NGFW"
TestIdempotence 2025-08-19T14:55:15+02:00 command.go:185:           [32m+[0m[0m "ManagedBy"   = "terraform"
TestIdempotence 2025-08-19T14:55:15+02:00 command.go:185:           [32m+[0m[0m "Name"        = "app1_vmb"
TestIdempotence 2025-08-19T14:55:15+02:00 command.go:185:           [32m+[0m[0m "Owner"       = "PS Team"
TestIdempotence 2025-08-19T14:55:15+02:00 command.go:185:         }
TestIdempotence 2025-08-19T14:55:15+02:00 command.go:185:       [32m+[0m[0m vpc_id                                         = (known after apply)
TestIdempotence 2025-08-19T14:55:15+02:00 command.go:185:     }
TestIdempotence 2025-08-19T14:55:15+02:00 command.go:185: 
TestIdempotence 2025-08-19T14:55:15+02:00 command.go:185: [1m  # module.subnet_sets["app2_vpc-app2_lb"].aws_route_table.this["eu-west-1a"][0m will be created
TestIdempotence 2025-08-19T14:55:15+02:00 command.go:185: [0m  [32m+[0m[0m resource "aws_route_table" "this" {
TestIdempotence 2025-08-19T14:55:15+02:00 command.go:185:       [32m+[0m[0m arn              = (known after apply)
TestIdempotence 2025-08-19T14:55:15+02:00 command.go:185:       [32m+[0m[0m id               = (known after apply)
TestIdempotence 2025-08-19T14:55:15+02:00 command.go:185:       [32m+[0m[0m owner_id         = (known after apply)
TestIdempotence 2025-08-19T14:55:15+02:00 command.go:185:       [32m+[0m[0m propagating_vgws = (known after apply)
TestIdempotence 2025-08-19T14:55:15+02:00 command.go:185:       [32m+[0m[0m route            = (known after apply)
TestIdempotence 2025-08-19T14:55:15+02:00 command.go:185:       [32m+[0m[0m tags             = {
TestIdempotence 2025-08-19T14:55:15+02:00 command.go:185:           [32m+[0m[0m "Application" = "Palo Alto Networks VM-Series NGFW"
TestIdempotence 2025-08-19T14:55:15+02:00 command.go:185:           [32m+[0m[0m "ManagedBy"   = "terraform"
TestIdempotence 2025-08-19T14:55:15+02:00 command.go:185:           [32m+[0m[0m "Name"        = "app2_lba"
TestIdempotence 2025-08-19T14:55:15+02:00 command.go:185:           [32m+[0m[0m "Owner"       = "PS Team"
TestIdempotence 2025-08-19T14:55:15+02:00 command.go:185:         }
TestIdempotence 2025-08-19T14:55:15+02:00 command.go:185:       [32m+[0m[0m tags_all         = {
TestIdempotence 2025-08-19T14:55:15+02:00 command.go:185:           [32m+[0m[0m "Application" = "Palo Alto Networks VM-Series NGFW"
TestIdempotence 2025-08-19T14:55:15+02:00 command.go:185:           [32m+[0m[0m "ManagedBy"   = "terraform"
TestIdempotence 2025-08-19T14:55:15+02:00 command.go:185:           [32m+[0m[0m "Name"        = "app2_lba"
TestIdempotence 2025-08-19T14:55:15+02:00 command.go:185:           [32m+[0m[0m "Owner"       = "PS Team"
TestIdempotence 2025-08-19T14:55:15+02:00 command.go:185:         }
TestIdempotence 2025-08-19T14:55:15+02:00 command.go:185:       [32m+[0m[0m vpc_id           = (known after apply)
TestIdempotence 2025-08-19T14:55:15+02:00 command.go:185:     }
TestIdempotence 2025-08-19T14:55:15+02:00 command.go:185: 
TestIdempotence 2025-08-19T14:55:15+02:00 command.go:185: [1m  # module.subnet_sets["app2_vpc-app2_lb"].aws_route_table.this["eu-west-1b"][0m will be created
TestIdempotence 2025-08-19T14:55:15+02:00 command.go:185: [0m  [32m+[0m[0m resource "aws_route_table" "this" {
TestIdempotence 2025-08-19T14:55:15+02:00 command.go:185:       [32m+[0m[0m arn              = (known after apply)
TestIdempotence 2025-08-19T14:55:15+02:00 command.go:185:       [32m+[0m[0m id               = (known after apply)
TestIdempotence 2025-08-19T14:55:15+02:00 command.go:185:       [32m+[0m[0m owner_id         = (known after apply)
TestIdempotence 2025-08-19T14:55:15+02:00 command.go:185:       [32m+[0m[0m propagating_vgws = (known after apply)
TestIdempotence 2025-08-19T14:55:15+02:00 command.go:185:       [32m+[0m[0m route            = (known after apply)
TestIdempotence 2025-08-19T14:55:15+02:00 command.go:185:       [32m+[0m[0m tags             = {
TestIdempotence 2025-08-19T14:55:15+02:00 command.go:185:           [32m+[0m[0m "Application" = "Palo Alto Networks VM-Series NGFW"
TestIdempotence 2025-08-19T14:55:15+02:00 command.go:185:           [32m+[0m[0m "ManagedBy"   = "terraform"
TestIdempotence 2025-08-19T14:55:15+02:00 command.go:185:           [32m+[0m[0m "Name"        = "app2_lbb"
TestIdempotence 2025-08-19T14:55:15+02:00 command.go:185:           [32m+[0m[0m "Owner"       = "PS Team"
TestIdempotence 2025-08-19T14:55:15+02:00 command.go:185:         }
TestIdempotence 2025-08-19T14:55:15+02:00 command.go:185:       [32m+[0m[0m tags_all         = {
TestIdempotence 2025-08-19T14:55:15+02:00 command.go:185:           [32m+[0m[0m "Application" = "Palo Alto Networks VM-Series NGFW"
TestIdempotence 2025-08-19T14:55:15+02:00 command.go:185:           [32m+[0m[0m "ManagedBy"   = "terraform"
TestIdempotence 2025-08-19T14:55:15+02:00 command.go:185:           [32m+[0m[0m "Name"        = "app2_lbb"
TestIdempotence 2025-08-19T14:55:15+02:00 command.go:185:           [32m+[0m[0m "Owner"       = "PS Team"
TestIdempotence 2025-08-19T14:55:15+02:00 command.go:185:         }
TestIdempotence 2025-08-19T14:55:15+02:00 command.go:185:       [32m+[0m[0m vpc_id           = (known after apply)
TestIdempotence 2025-08-19T14:55:15+02:00 command.go:185:     }
TestIdempotence 2025-08-19T14:55:15+02:00 command.go:185: 
TestIdempotence 2025-08-19T14:55:15+02:00 command.go:185: [1m  # module.subnet_sets["app2_vpc-app2_lb"].aws_route_table_association.this["eu-west-1a"][0m will be created
TestIdempotence 2025-08-19T14:55:15+02:00 command.go:185: [0m  [32m+[0m[0m resource "aws_route_table_association" "this" {
TestIdempotence 2025-08-19T14:55:15+02:00 command.go:185:       [32m+[0m[0m id             = (known after apply)
TestIdempotence 2025-08-19T14:55:15+02:00 command.go:185:       [32m+[0m[0m route_table_id = (known after apply)
TestIdempotence 2025-08-19T14:55:15+02:00 command.go:185:       [32m+[0m[0m subnet_id      = (known after apply)
TestIdempotence 2025-08-19T14:55:15+02:00 command.go:185:     }
TestIdempotence 2025-08-19T14:55:15+02:00 command.go:185: 
TestIdempotence 2025-08-19T14:55:15+02:00 command.go:185: [1m  # module.subnet_sets["app2_vpc-app2_lb"].aws_route_table_association.this["eu-west-1b"][0m will be created
TestIdempotence 2025-08-19T14:55:15+02:00 command.go:185: [0m  [32m+[0m[0m resource "aws_route_table_association" "this" {
TestIdempotence 2025-08-19T14:55:15+02:00 command.go:185:       [32m+[0m[0m id             = (known after apply)
TestIdempotence 2025-08-19T14:55:15+02:00 command.go:185:       [32m+[0m[0m route_table_id = (known after apply)
TestIdempotence 2025-08-19T14:55:15+02:00 command.go:185:       [32m+[0m[0m subnet_id      = (known after apply)
TestIdempotence 2025-08-19T14:55:15+02:00 command.go:185:     }
TestIdempotence 2025-08-19T14:55:15+02:00 command.go:185: 
TestIdempotence 2025-08-19T14:55:15+02:00 command.go:185: [1m  # module.subnet_sets["app2_vpc-app2_lb"].aws_subnet.this["eu-west-1a"][0m will be created
TestIdempotence 2025-08-19T14:55:15+02:00 command.go:185: [0m  [32m+[0m[0m resource "aws_subnet" "this" {
TestIdempotence 2025-08-19T14:55:15+02:00 command.go:185:       [32m+[0m[0m arn                                            = (known after apply)
TestIdempotence 2025-08-19T14:55:15+02:00 command.go:185:       [32m+[0m[0m assign_ipv6_address_on_creation                = false
TestIdempotence 2025-08-19T14:55:15+02:00 command.go:185:       [32m+[0m[0m availability_zone                              = "eu-west-1a"
TestIdempotence 2025-08-19T14:55:15+02:00 command.go:185:       [32m+[0m[0m availability_zone_id                           = (known after apply)
TestIdempotence 2025-08-19T14:55:15+02:00 command.go:185:       [32m+[0m[0m cidr_block                                     = "10.105.2.0/24"
TestIdempotence 2025-08-19T14:55:15+02:00 command.go:185:       [32m+[0m[0m enable_dns64                                   = false
TestIdempotence 2025-08-19T14:55:15+02:00 command.go:185:       [32m+[0m[0m enable_resource_name_dns_a_record_on_launch    = false
TestIdempotence 2025-08-19T14:55:15+02:00 command.go:185:       [32m+[0m[0m enable_resource_name_dns_aaaa_record_on_launch = false
TestIdempotence 2025-08-19T14:55:15+02:00 command.go:185:       [32m+[0m[0m id                                             = (known after apply)
TestIdempotence 2025-08-19T14:55:15+02:00 command.go:185:       [32m+[0m[0m ipv6_cidr_block_association_id                 = (known after apply)
TestIdempotence 2025-08-19T14:55:15+02:00 command.go:185:       [32m+[0m[0m ipv6_native                                    = false
TestIdempotence 2025-08-19T14:55:15+02:00 command.go:185:       [32m+[0m[0m map_public_ip_on_launch                        = false
TestIdempotence 2025-08-19T14:55:15+02:00 command.go:185:       [32m+[0m[0m owner_id                                       = (known after apply)
TestIdempotence 2025-08-19T14:55:15+02:00 command.go:185:       [32m+[0m[0m private_dns_hostname_type_on_launch            = (known after apply)
TestIdempotence 2025-08-19T14:55:15+02:00 command.go:185:       [32m+[0m[0m tags                                           = {
TestIdempotence 2025-08-19T14:55:15+02:00 command.go:185:           [32m+[0m[0m "Application" = "Palo Alto Networks VM-Series NGFW"
TestIdempotence 2025-08-19T14:55:15+02:00 command.go:185:           [32m+[0m[0m "ManagedBy"   = "terraform"
TestIdempotence 2025-08-19T14:55:15+02:00 command.go:185:           [32m+[0m[0m "Name"        = "app2_lba"
TestIdempotence 2025-08-19T14:55:15+02:00 command.go:185:           [32m+[0m[0m "Owner"       = "PS Team"
TestIdempotence 2025-08-19T14:55:15+02:00 command.go:185:         }
TestIdempotence 2025-08-19T14:55:15+02:00 command.go:185:       [32m+[0m[0m tags_all                                       = {
TestIdempotence 2025-08-19T14:55:15+02:00 command.go:185:           [32m+[0m[0m "Application" = "Palo Alto Networks VM-Series NGFW"
TestIdempotence 2025-08-19T14:55:15+02:00 command.go:185:           [32m+[0m[0m "ManagedBy"   = "terraform"
TestIdempotence 2025-08-19T14:55:15+02:00 command.go:185:           [32m+[0m[0m "Name"        = "app2_lba"
TestIdempotence 2025-08-19T14:55:15+02:00 command.go:185:           [32m+[0m[0m "Owner"       = "PS Team"
TestIdempotence 2025-08-19T14:55:15+02:00 command.go:185:         }
TestIdempotence 2025-08-19T14:55:15+02:00 command.go:185:       [32m+[0m[0m vpc_id                                         = (known after apply)
TestIdempotence 2025-08-19T14:55:15+02:00 command.go:185:     }
TestIdempotence 2025-08-19T14:55:15+02:00 command.go:185: 
TestIdempotence 2025-08-19T14:55:15+02:00 command.go:185: [1m  # module.subnet_sets["app2_vpc-app2_lb"].aws_subnet.this["eu-west-1b"][0m will be created
TestIdempotence 2025-08-19T14:55:15+02:00 command.go:185: [0m  [32m+[0m[0m resource "aws_subnet" "this" {
TestIdempotence 2025-08-19T14:55:15+02:00 command.go:185:       [32m+[0m[0m arn                                            = (known after apply)
TestIdempotence 2025-08-19T14:55:15+02:00 command.go:185:       [32m+[0m[0m assign_ipv6_address_on_creation                = false
TestIdempotence 2025-08-19T14:55:15+02:00 command.go:185:       [32m+[0m[0m availability_zone                              = "eu-west-1b"
TestIdempotence 2025-08-19T14:55:15+02:00 command.go:185:       [32m+[0m[0m availability_zone_id                           = (known after apply)
TestIdempotence 2025-08-19T14:55:15+02:00 command.go:185:       [32m+[0m[0m cidr_block                                     = "10.105.130.0/24"
TestIdempotence 2025-08-19T14:55:15+02:00 command.go:185:       [32m+[0m[0m enable_dns64                                   = false
TestIdempotence 2025-08-19T14:55:15+02:00 command.go:185:       [32m+[0m[0m enable_resource_name_dns_a_record_on_launch    = false
TestIdempotence 2025-08-19T14:55:15+02:00 command.go:185:       [32m+[0m[0m enable_resource_name_dns_aaaa_record_on_launch = false
TestIdempotence 2025-08-19T14:55:15+02:00 command.go:185:       [32m+[0m[0m id                                             = (known after apply)
TestIdempotence 2025-08-19T14:55:15+02:00 command.go:185:       [32m+[0m[0m ipv6_cidr_block_association_id                 = (known after apply)
TestIdempotence 2025-08-19T14:55:15+02:00 command.go:185:       [32m+[0m[0m ipv6_native                                    = false
TestIdempotence 2025-08-19T14:55:15+02:00 command.go:185:       [32m+[0m[0m map_public_ip_on_launch                        = false
TestIdempotence 2025-08-19T14:55:15+02:00 command.go:185:       [32m+[0m[0m owner_id                                       = (known after apply)
TestIdempotence 2025-08-19T14:55:15+02:00 command.go:185:       [32m+[0m[0m private_dns_hostname_type_on_launch            = (known after apply)
TestIdempotence 2025-08-19T14:55:15+02:00 command.go:185:       [32m+[0m[0m tags                                           = {
TestIdempotence 2025-08-19T14:55:15+02:00 command.go:185:           [32m+[0m[0m "Application" = "Palo Alto Networks VM-Series NGFW"
TestIdempotence 2025-08-19T14:55:15+02:00 command.go:185:           [32m+[0m[0m "ManagedBy"   = "terraform"
TestIdempotence 2025-08-19T14:55:15+02:00 command.go:185:           [32m+[0m[0m "Name"        = "app2_lbb"
TestIdempotence 2025-08-19T14:55:15+02:00 command.go:185:           [32m+[0m[0m "Owner"       = "PS Team"
TestIdempotence 2025-08-19T14:55:15+02:00 command.go:185:         }
TestIdempotence 2025-08-19T14:55:15+02:00 command.go:185:       [32m+[0m[0m tags_all                                       = {
TestIdempotence 2025-08-19T14:55:15+02:00 command.go:185:           [32m+[0m[0m "Application" = "Palo Alto Networks VM-Series NGFW"
TestIdempotence 2025-08-19T14:55:15+02:00 command.go:185:           [32m+[0m[0m "ManagedBy"   = "terraform"
TestIdempotence 2025-08-19T14:55:15+02:00 command.go:185:           [32m+[0m[0m "Name"        = "app2_lbb"
TestIdempotence 2025-08-19T14:55:15+02:00 command.go:185:           [32m+[0m[0m "Owner"       = "PS Team"
TestIdempotence 2025-08-19T14:55:15+02:00 command.go:185:         }
TestIdempotence 2025-08-19T14:55:15+02:00 command.go:185:       [32m+[0m[0m vpc_id                                         = (known after apply)
TestIdempotence 2025-08-19T14:55:15+02:00 command.go:185:     }
TestIdempotence 2025-08-19T14:55:15+02:00 command.go:185: 
TestIdempotence 2025-08-19T14:55:15+02:00 command.go:185: [1m  # module.subnet_sets["app2_vpc-app2_vm"].aws_route_table.this["eu-west-1a"][0m will be created
TestIdempotence 2025-08-19T14:55:15+02:00 command.go:185: [0m  [32m+[0m[0m resource "aws_route_table" "this" {
TestIdempotence 2025-08-19T14:55:15+02:00 command.go:185:       [32m+[0m[0m arn              = (known after apply)
TestIdempotence 2025-08-19T14:55:15+02:00 command.go:185:       [32m+[0m[0m id               = (known after apply)
TestIdempotence 2025-08-19T14:55:15+02:00 command.go:185:       [32m+[0m[0m owner_id         = (known after apply)
TestIdempotence 2025-08-19T14:55:15+02:00 command.go:185:       [32m+[0m[0m propagating_vgws = (known after apply)
TestIdempotence 2025-08-19T14:55:15+02:00 command.go:185:       [32m+[0m[0m route            = (known after apply)
TestIdempotence 2025-08-19T14:55:15+02:00 command.go:185:       [32m+[0m[0m tags             = {
TestIdempotence 2025-08-19T14:55:15+02:00 command.go:185:           [32m+[0m[0m "Application" = "Palo Alto Networks VM-Series NGFW"
TestIdempotence 2025-08-19T14:55:15+02:00 command.go:185:           [32m+[0m[0m "ManagedBy"   = "terraform"
TestIdempotence 2025-08-19T14:55:15+02:00 command.go:185:           [32m+[0m[0m "Name"        = "app2_vma"
TestIdempotence 2025-08-19T14:55:15+02:00 command.go:185:           [32m+[0m[0m "Owner"       = "PS Team"
TestIdempotence 2025-08-19T14:55:15+02:00 command.go:185:         }
TestIdempotence 2025-08-19T14:55:15+02:00 command.go:185:       [32m+[0m[0m tags_all         = {
TestIdempotence 2025-08-19T14:55:15+02:00 command.go:185:           [32m+[0m[0m "Application" = "Palo Alto Networks VM-Series NGFW"
TestIdempotence 2025-08-19T14:55:15+02:00 command.go:185:           [32m+[0m[0m "ManagedBy"   = "terraform"
TestIdempotence 2025-08-19T14:55:15+02:00 command.go:185:           [32m+[0m[0m "Name"        = "app2_vma"
TestIdempotence 2025-08-19T14:55:15+02:00 command.go:185:           [32m+[0m[0m "Owner"       = "PS Team"
TestIdempotence 2025-08-19T14:55:15+02:00 command.go:185:         }
TestIdempotence 2025-08-19T14:55:15+02:00 command.go:185:       [32m+[0m[0m vpc_id           = (known after apply)
TestIdempotence 2025-08-19T14:55:15+02:00 command.go:185:     }
TestIdempotence 2025-08-19T14:55:15+02:00 command.go:185: 
TestIdempotence 2025-08-19T14:55:15+02:00 command.go:185: [1m  # module.subnet_sets["app2_vpc-app2_vm"].aws_route_table.this["eu-west-1b"][0m will be created
TestIdempotence 2025-08-19T14:55:15+02:00 command.go:185: [0m  [32m+[0m[0m resource "aws_route_table" "this" {
TestIdempotence 2025-08-19T14:55:15+02:00 command.go:185:       [32m+[0m[0m arn              = (known after apply)
TestIdempotence 2025-08-19T14:55:15+02:00 command.go:185:       [32m+[0m[0m id               = (known after apply)
TestIdempotence 2025-08-19T14:55:15+02:00 command.go:185:       [32m+[0m[0m owner_id         = (known after apply)
TestIdempotence 2025-08-19T14:55:15+02:00 command.go:185:       [32m+[0m[0m propagating_vgws = (known after apply)
TestIdempotence 2025-08-19T14:55:15+02:00 command.go:185:       [32m+[0m[0m route            = (known after apply)
TestIdempotence 2025-08-19T14:55:15+02:00 command.go:185:       [32m+[0m[0m tags             = {
TestIdempotence 2025-08-19T14:55:15+02:00 command.go:185:           [32m+[0m[0m "Application" = "Palo Alto Networks VM-Series NGFW"
TestIdempotence 2025-08-19T14:55:15+02:00 command.go:185:           [32m+[0m[0m "ManagedBy"   = "terraform"
TestIdempotence 2025-08-19T14:55:15+02:00 command.go:185:           [32m+[0m[0m "Name"        = "app2_vmb"
TestIdempotence 2025-08-19T14:55:15+02:00 command.go:185:           [32m+[0m[0m "Owner"       = "PS Team"
TestIdempotence 2025-08-19T14:55:15+02:00 command.go:185:         }
TestIdempotence 2025-08-19T14:55:15+02:00 command.go:185:       [32m+[0m[0m tags_all         = {
TestIdempotence 2025-08-19T14:55:15+02:00 command.go:185:           [32m+[0m[0m "Application" = "Palo Alto Networks VM-Series NGFW"
TestIdempotence 2025-08-19T14:55:15+02:00 command.go:185:           [32m+[0m[0m "ManagedBy"   = "terraform"
TestIdempotence 2025-08-19T14:55:15+02:00 command.go:185:           [32m+[0m[0m "Name"        = "app2_vmb"
TestIdempotence 2025-08-19T14:55:15+02:00 command.go:185:           [32m+[0m[0m "Owner"       = "PS Team"
TestIdempotence 2025-08-19T14:55:15+02:00 command.go:185:         }
TestIdempotence 2025-08-19T14:55:15+02:00 command.go:185:       [32m+[0m[0m vpc_id           = (known after apply)
TestIdempotence 2025-08-19T14:55:15+02:00 command.go:185:     }
TestIdempotence 2025-08-19T14:55:15+02:00 command.go:185: 
TestIdempotence 2025-08-19T14:55:15+02:00 command.go:185: [1m  # module.subnet_sets["app2_vpc-app2_vm"].aws_route_table_association.this["eu-west-1a"][0m will be created
TestIdempotence 2025-08-19T14:55:15+02:00 command.go:185: [0m  [32m+[0m[0m resource "aws_route_table_association" "this" {
TestIdempotence 2025-08-19T14:55:15+02:00 command.go:185:       [32m+[0m[0m id             = (known after apply)
TestIdempotence 2025-08-19T14:55:15+02:00 command.go:185:       [32m+[0m[0m route_table_id = (known after apply)
TestIdempotence 2025-08-19T14:55:15+02:00 command.go:185:       [32m+[0m[0m subnet_id      = (known after apply)
TestIdempotence 2025-08-19T14:55:15+02:00 command.go:185:     }
TestIdempotence 2025-08-19T14:55:15+02:00 command.go:185: 
TestIdempotence 2025-08-19T14:55:15+02:00 command.go:185: [1m  # module.subnet_sets["app2_vpc-app2_vm"].aws_route_table_association.this["eu-west-1b"][0m will be created
TestIdempotence 2025-08-19T14:55:15+02:00 command.go:185: [0m  [32m+[0m[0m resource "aws_route_table_association" "this" {
TestIdempotence 2025-08-19T14:55:15+02:00 command.go:185:       [32m+[0m[0m id             = (known after apply)
TestIdempotence 2025-08-19T14:55:15+02:00 command.go:185:       [32m+[0m[0m route_table_id = (known after apply)
TestIdempotence 2025-08-19T14:55:15+02:00 command.go:185:       [32m+[0m[0m subnet_id      = (known after apply)
TestIdempotence 2025-08-19T14:55:15+02:00 command.go:185:     }
TestIdempotence 2025-08-19T14:55:15+02:00 command.go:185: 
TestIdempotence 2025-08-19T14:55:15+02:00 command.go:185: [1m  # module.subnet_sets["app2_vpc-app2_vm"].aws_subnet.this["eu-west-1a"][0m will be created
TestIdempotence 2025-08-19T14:55:15+02:00 command.go:185: [0m  [32m+[0m[0m resource "aws_subnet" "this" {
TestIdempotence 2025-08-19T14:55:15+02:00 command.go:185:       [32m+[0m[0m arn                                            = (known after apply)
TestIdempotence 2025-08-19T14:55:15+02:00 command.go:185:       [32m+[0m[0m assign_ipv6_address_on_creation                = false
TestIdempotence 2025-08-19T14:55:15+02:00 command.go:185:       [32m+[0m[0m availability_zone                              = "eu-west-1a"
TestIdempotence 2025-08-19T14:55:15+02:00 command.go:185:       [32m+[0m[0m availability_zone_id                           = (known after apply)
TestIdempotence 2025-08-19T14:55:15+02:00 command.go:185:       [32m+[0m[0m cidr_block                                     = "10.105.0.0/24"
TestIdempotence 2025-08-19T14:55:15+02:00 command.go:185:       [32m+[0m[0m enable_dns64                                   = false
TestIdempotence 2025-08-19T14:55:15+02:00 command.go:185:       [32m+[0m[0m enable_resource_name_dns_a_record_on_launch    = false
TestIdempotence 2025-08-19T14:55:15+02:00 command.go:185:       [32m+[0m[0m enable_resource_name_dns_aaaa_record_on_launch = false
TestIdempotence 2025-08-19T14:55:15+02:00 command.go:185:       [32m+[0m[0m id                                             = (known after apply)
TestIdempotence 2025-08-19T14:55:15+02:00 command.go:185:       [32m+[0m[0m ipv6_cidr_block_association_id                 = (known after apply)
TestIdempotence 2025-08-19T14:55:15+02:00 command.go:185:       [32m+[0m[0m ipv6_native                                    = false
TestIdempotence 2025-08-19T14:55:15+02:00 command.go:185:       [32m+[0m[0m map_public_ip_on_launch                        = false
TestIdempotence 2025-08-19T14:55:15+02:00 command.go:185:       [32m+[0m[0m owner_id                                       = (known after apply)
TestIdempotence 2025-08-19T14:55:15+02:00 command.go:185:       [32m+[0m[0m private_dns_hostname_type_on_launch            = (known after apply)
TestIdempotence 2025-08-19T14:55:15+02:00 command.go:185:       [32m+[0m[0m tags                                           = {
TestIdempotence 2025-08-19T14:55:15+02:00 command.go:185:           [32m+[0m[0m "Application" = "Palo Alto Networks VM-Series NGFW"
TestIdempotence 2025-08-19T14:55:15+02:00 command.go:185:           [32m+[0m[0m "ManagedBy"   = "terraform"
TestIdempotence 2025-08-19T14:55:15+02:00 command.go:185:           [32m+[0m[0m "Name"        = "app2_vma"
TestIdempotence 2025-08-19T14:55:15+02:00 command.go:185:           [32m+[0m[0m "Owner"       = "PS Team"
TestIdempotence 2025-08-19T14:55:15+02:00 command.go:185:         }
TestIdempotence 2025-08-19T14:55:15+02:00 command.go:185:       [32m+[0m[0m tags_all                                       = {
TestIdempotence 2025-08-19T14:55:15+02:00 command.go:185:           [32m+[0m[0m "Application" = "Palo Alto Networks VM-Series NGFW"
TestIdempotence 2025-08-19T14:55:15+02:00 command.go:185:           [32m+[0m[0m "ManagedBy"   = "terraform"
TestIdempotence 2025-08-19T14:55:15+02:00 command.go:185:           [32m+[0m[0m "Name"        = "app2_vma"
TestIdempotence 2025-08-19T14:55:15+02:00 command.go:185:           [32m+[0m[0m "Owner"       = "PS Team"
TestIdempotence 2025-08-19T14:55:15+02:00 command.go:185:         }
TestIdempotence 2025-08-19T14:55:15+02:00 command.go:185:       [32m+[0m[0m vpc_id                                         = (known after apply)
TestIdempotence 2025-08-19T14:55:15+02:00 command.go:185:     }
TestIdempotence 2025-08-19T14:55:15+02:00 command.go:185: 
TestIdempotence 2025-08-19T14:55:15+02:00 command.go:185: [1m  # module.subnet_sets["app2_vpc-app2_vm"].aws_subnet.this["eu-west-1b"][0m will be created
TestIdempotence 2025-08-19T14:55:15+02:00 command.go:185: [0m  [32m+[0m[0m resource "aws_subnet" "this" {
TestIdempotence 2025-08-19T14:55:15+02:00 command.go:185:       [32m+[0m[0m arn                                            = (known after apply)
TestIdempotence 2025-08-19T14:55:15+02:00 command.go:185:       [32m+[0m[0m assign_ipv6_address_on_creation                = false
TestIdempotence 2025-08-19T14:55:15+02:00 command.go:185:       [32m+[0m[0m availability_zone                              = "eu-west-1b"
TestIdempotence 2025-08-19T14:55:15+02:00 command.go:185:       [32m+[0m[0m availability_zone_id                           = (known after apply)
TestIdempotence 2025-08-19T14:55:15+02:00 command.go:185:       [32m+[0m[0m cidr_block                                     = "10.105.128.0/24"
TestIdempotence 2025-08-19T14:55:15+02:00 command.go:185:       [32m+[0m[0m enable_dns64                                   = false
TestIdempotence 2025-08-19T14:55:15+02:00 command.go:185:       [32m+[0m[0m enable_resource_name_dns_a_record_on_launch    = false
TestIdempotence 2025-08-19T14:55:15+02:00 command.go:185:       [32m+[0m[0m enable_resource_name_dns_aaaa_record_on_launch = false
TestIdempotence 2025-08-19T14:55:15+02:00 command.go:185:       [32m+[0m[0m id                                             = (known after apply)
TestIdempotence 2025-08-19T14:55:15+02:00 command.go:185:       [32m+[0m[0m ipv6_cidr_block_association_id                 = (known after apply)
TestIdempotence 2025-08-19T14:55:15+02:00 command.go:185:       [32m+[0m[0m ipv6_native                                    = false
TestIdempotence 2025-08-19T14:55:15+02:00 command.go:185:       [32m+[0m[0m map_public_ip_on_launch                        = false
TestIdempotence 2025-08-19T14:55:15+02:00 command.go:185:       [32m+[0m[0m owner_id                                       = (known after apply)
TestIdempotence 2025-08-19T14:55:15+02:00 command.go:185:       [32m+[0m[0m private_dns_hostname_type_on_launch            = (known after apply)
TestIdempotence 2025-08-19T14:55:15+02:00 command.go:185:       [32m+[0m[0m tags                                           = {
TestIdempotence 2025-08-19T14:55:15+02:00 command.go:185:           [32m+[0m[0m "Application" = "Palo Alto Networks VM-Series NGFW"
TestIdempotence 2025-08-19T14:55:15+02:00 command.go:185:           [32m+[0m[0m "ManagedBy"   = "terraform"
TestIdempotence 2025-08-19T14:55:15+02:00 command.go:185:           [32m+[0m[0m "Name"        = "app2_vmb"
TestIdempotence 2025-08-19T14:55:15+02:00 command.go:185:           [32m+[0m[0m "Owner"       = "PS Team"
TestIdempotence 2025-08-19T14:55:15+02:00 command.go:185:         }
TestIdempotence 2025-08-19T14:55:15+02:00 command.go:185:       [32m+[0m[0m tags_all                                       = {
TestIdempotence 2025-08-19T14:55:15+02:00 command.go:185:           [32m+[0m[0m "Application" = "Palo Alto Networks VM-Series NGFW"
TestIdempotence 2025-08-19T14:55:15+02:00 command.go:185:           [32m+[0m[0m "ManagedBy"   = "terraform"
TestIdempotence 2025-08-19T14:55:15+02:00 command.go:185:           [32m+[0m[0m "Name"        = "app2_vmb"
TestIdempotence 2025-08-19T14:55:15+02:00 command.go:185:           [32m+[0m[0m "Owner"       = "PS Team"
TestIdempotence 2025-08-19T14:55:15+02:00 command.go:185:         }
TestIdempotence 2025-08-19T14:55:15+02:00 command.go:185:       [32m+[0m[0m vpc_id                                         = (known after apply)
TestIdempotence 2025-08-19T14:55:15+02:00 command.go:185:     }
TestIdempotence 2025-08-19T14:55:15+02:00 command.go:185: 
TestIdempotence 2025-08-19T14:55:15+02:00 command.go:185: [1m  # module.subnet_sets["security_vpc-alb"].aws_route_table.this["eu-west-1a"][0m will be created
TestIdempotence 2025-08-19T14:55:15+02:00 command.go:185: [0m  [32m+[0m[0m resource "aws_route_table" "this" {
TestIdempotence 2025-08-19T14:55:15+02:00 command.go:185:       [32m+[0m[0m arn              = (known after apply)
TestIdempotence 2025-08-19T14:55:15+02:00 command.go:185:       [32m+[0m[0m id               = (known after apply)
TestIdempotence 2025-08-19T14:55:15+02:00 command.go:185:       [32m+[0m[0m owner_id         = (known after apply)
TestIdempotence 2025-08-19T14:55:15+02:00 command.go:185:       [32m+[0m[0m propagating_vgws = (known after apply)
TestIdempotence 2025-08-19T14:55:15+02:00 command.go:185:       [32m+[0m[0m route            = (known after apply)
TestIdempotence 2025-08-19T14:55:15+02:00 command.go:185:       [32m+[0m[0m tags             = {
TestIdempotence 2025-08-19T14:55:15+02:00 command.go:185:           [32m+[0m[0m "Application" = "Palo Alto Networks VM-Series NGFW"
TestIdempotence 2025-08-19T14:55:15+02:00 command.go:185:           [32m+[0m[0m "ManagedBy"   = "terraform"
TestIdempotence 2025-08-19T14:55:15+02:00 command.go:185:           [32m+[0m[0m "Name"        = "alba"
TestIdempotence 2025-08-19T14:55:15+02:00 command.go:185:           [32m+[0m[0m "Owner"       = "PS Team"
TestIdempotence 2025-08-19T14:55:15+02:00 command.go:185:         }
TestIdempotence 2025-08-19T14:55:15+02:00 command.go:185:       [32m+[0m[0m tags_all         = {
TestIdempotence 2025-08-19T14:55:15+02:00 command.go:185:           [32m+[0m[0m "Application" = "Palo Alto Networks VM-Series NGFW"
TestIdempotence 2025-08-19T14:55:15+02:00 command.go:185:           [32m+[0m[0m "ManagedBy"   = "terraform"
TestIdempotence 2025-08-19T14:55:15+02:00 command.go:185:           [32m+[0m[0m "Name"        = "alba"
TestIdempotence 2025-08-19T14:55:15+02:00 command.go:185:           [32m+[0m[0m "Owner"       = "PS Team"
TestIdempotence 2025-08-19T14:55:15+02:00 command.go:185:         }
TestIdempotence 2025-08-19T14:55:15+02:00 command.go:185:       [32m+[0m[0m vpc_id           = (known after apply)
TestIdempotence 2025-08-19T14:55:15+02:00 command.go:185:     }
TestIdempotence 2025-08-19T14:55:15+02:00 command.go:185: 
TestIdempotence 2025-08-19T14:55:15+02:00 command.go:185: [1m  # module.subnet_sets["security_vpc-alb"].aws_route_table.this["eu-west-1b"][0m will be created
TestIdempotence 2025-08-19T14:55:15+02:00 command.go:185: [0m  [32m+[0m[0m resource "aws_route_table" "this" {
TestIdempotence 2025-08-19T14:55:15+02:00 command.go:185:       [32m+[0m[0m arn              = (known after apply)
TestIdempotence 2025-08-19T14:55:15+02:00 command.go:185:       [32m+[0m[0m id               = (known after apply)
TestIdempotence 2025-08-19T14:55:15+02:00 command.go:185:       [32m+[0m[0m owner_id         = (known after apply)
TestIdempotence 2025-08-19T14:55:15+02:00 command.go:185:       [32m+[0m[0m propagating_vgws = (known after apply)
TestIdempotence 2025-08-19T14:55:15+02:00 command.go:185:       [32m+[0m[0m route            = (known after apply)
TestIdempotence 2025-08-19T14:55:15+02:00 command.go:185:       [32m+[0m[0m tags             = {
TestIdempotence 2025-08-19T14:55:15+02:00 command.go:185:           [32m+[0m[0m "Application" = "Palo Alto Networks VM-Series NGFW"
TestIdempotence 2025-08-19T14:55:15+02:00 command.go:185:           [32m+[0m[0m "ManagedBy"   = "terraform"
TestIdempotence 2025-08-19T14:55:15+02:00 command.go:185:           [32m+[0m[0m "Name"        = "albb"
TestIdempotence 2025-08-19T14:55:15+02:00 command.go:185:           [32m+[0m[0m "Owner"       = "PS Team"
TestIdempotence 2025-08-19T14:55:15+02:00 command.go:185:         }
TestIdempotence 2025-08-19T14:55:15+02:00 command.go:185:       [32m+[0m[0m tags_all         = {
TestIdempotence 2025-08-19T14:55:15+02:00 command.go:185:           [32m+[0m[0m "Application" = "Palo Alto Networks VM-Series NGFW"
TestIdempotence 2025-08-19T14:55:15+02:00 command.go:185:           [32m+[0m[0m "ManagedBy"   = "terraform"
TestIdempotence 2025-08-19T14:55:15+02:00 command.go:185:           [32m+[0m[0m "Name"        = "albb"
TestIdempotence 2025-08-19T14:55:15+02:00 command.go:185:           [32m+[0m[0m "Owner"       = "PS Team"
TestIdempotence 2025-08-19T14:55:15+02:00 command.go:185:         }
TestIdempotence 2025-08-19T14:55:15+02:00 command.go:185:       [32m+[0m[0m vpc_id           = (known after apply)
TestIdempotence 2025-08-19T14:55:15+02:00 command.go:185:     }
TestIdempotence 2025-08-19T14:55:15+02:00 command.go:185: 
TestIdempotence 2025-08-19T14:55:15+02:00 command.go:185: [1m  # module.subnet_sets["security_vpc-alb"].aws_route_table_association.this["eu-west-1a"][0m will be created
TestIdempotence 2025-08-19T14:55:15+02:00 command.go:185: [0m  [32m+[0m[0m resource "aws_route_table_association" "this" {
TestIdempotence 2025-08-19T14:55:15+02:00 command.go:185:       [32m+[0m[0m id             = (known after apply)
TestIdempotence 2025-08-19T14:55:15+02:00 command.go:185:       [32m+[0m[0m route_table_id = (known after apply)
TestIdempotence 2025-08-19T14:55:15+02:00 command.go:185:       [32m+[0m[0m subnet_id      = (known after apply)
TestIdempotence 2025-08-19T14:55:15+02:00 command.go:185:     }
TestIdempotence 2025-08-19T14:55:15+02:00 command.go:185: 
TestIdempotence 2025-08-19T14:55:15+02:00 command.go:185: [1m  # module.subnet_sets["security_vpc-alb"].aws_route_table_association.this["eu-west-1b"][0m will be created
TestIdempotence 2025-08-19T14:55:15+02:00 command.go:185: [0m  [32m+[0m[0m resource "aws_route_table_association" "this" {
TestIdempotence 2025-08-19T14:55:15+02:00 command.go:185:       [32m+[0m[0m id             = (known after apply)
TestIdempotence 2025-08-19T14:55:15+02:00 command.go:185:       [32m+[0m[0m route_table_id = (known after apply)
TestIdempotence 2025-08-19T14:55:15+02:00 command.go:185:       [32m+[0m[0m subnet_id      = (known after apply)
TestIdempotence 2025-08-19T14:55:15+02:00 command.go:185:     }
TestIdempotence 2025-08-19T14:55:15+02:00 command.go:185: 
TestIdempotence 2025-08-19T14:55:15+02:00 command.go:185: [1m  # module.subnet_sets["security_vpc-alb"].aws_subnet.this["eu-west-1a"][0m will be created
TestIdempotence 2025-08-19T14:55:15+02:00 command.go:185: [0m  [32m+[0m[0m resource "aws_subnet" "this" {
TestIdempotence 2025-08-19T14:55:15+02:00 command.go:185:       [32m+[0m[0m arn                                            = (known after apply)
TestIdempotence 2025-08-19T14:55:15+02:00 command.go:185:       [32m+[0m[0m assign_ipv6_address_on_creation                = false
TestIdempotence 2025-08-19T14:55:15+02:00 command.go:185:       [32m+[0m[0m availability_zone                              = "eu-west-1a"
TestIdempotence 2025-08-19T14:55:15+02:00 command.go:185:       [32m+[0m[0m availability_zone_id                           = (known after apply)
TestIdempotence 2025-08-19T14:55:15+02:00 command.go:185:       [32m+[0m[0m cidr_block                                     = "10.100.6.0/24"
TestIdempotence 2025-08-19T14:55:15+02:00 command.go:185:       [32m+[0m[0m enable_dns64                                   = false
TestIdempotence 2025-08-19T14:55:15+02:00 command.go:185:       [32m+[0m[0m enable_resource_name_dns_a_record_on_launch    = false
TestIdempotence 2025-08-19T14:55:15+02:00 command.go:185:       [32m+[0m[0m enable_resource_name_dns_aaaa_record_on_launch = false
TestIdempotence 2025-08-19T14:55:15+02:00 command.go:185:       [32m+[0m[0m id                                             = (known after apply)
TestIdempotence 2025-08-19T14:55:15+02:00 command.go:185:       [32m+[0m[0m ipv6_cidr_block_association_id                 = (known after apply)
TestIdempotence 2025-08-19T14:55:15+02:00 command.go:185:       [32m+[0m[0m ipv6_native                                    = false
TestIdempotence 2025-08-19T14:55:15+02:00 command.go:185:       [32m+[0m[0m map_public_ip_on_launch                        = false
TestIdempotence 2025-08-19T14:55:15+02:00 command.go:185:       [32m+[0m[0m owner_id                                       = (known after apply)
TestIdempotence 2025-08-19T14:55:15+02:00 command.go:185:       [32m+[0m[0m private_dns_hostname_type_on_launch            = (known after apply)
TestIdempotence 2025-08-19T14:55:15+02:00 command.go:185:       [32m+[0m[0m tags                                           = {
TestIdempotence 2025-08-19T14:55:15+02:00 command.go:185:           [32m+[0m[0m "Application" = "Palo Alto Networks VM-Series NGFW"
TestIdempotence 2025-08-19T14:55:15+02:00 command.go:185:           [32m+[0m[0m "ManagedBy"   = "terraform"
TestIdempotence 2025-08-19T14:55:15+02:00 command.go:185:           [32m+[0m[0m "Name"        = "alba"
TestIdempotence 2025-08-19T14:55:15+02:00 command.go:185:           [32m+[0m[0m "Owner"       = "PS Team"
TestIdempotence 2025-08-19T14:55:15+02:00 command.go:185:         }
TestIdempotence 2025-08-19T14:55:15+02:00 command.go:185:       [32m+[0m[0m tags_all                                       = {
TestIdempotence 2025-08-19T14:55:15+02:00 command.go:185:           [32m+[0m[0m "Application" = "Palo Alto Networks VM-Series NGFW"
TestIdempotence 2025-08-19T14:55:15+02:00 command.go:185:           [32m+[0m[0m "ManagedBy"   = "terraform"
TestIdempotence 2025-08-19T14:55:15+02:00 command.go:185:           [32m+[0m[0m "Name"        = "alba"
TestIdempotence 2025-08-19T14:55:15+02:00 command.go:185:           [32m+[0m[0m "Owner"       = "PS Team"
TestIdempotence 2025-08-19T14:55:15+02:00 command.go:185:         }
TestIdempotence 2025-08-19T14:55:15+02:00 command.go:185:       [32m+[0m[0m vpc_id                                         = (known after apply)
TestIdempotence 2025-08-19T14:55:15+02:00 command.go:185:     }
TestIdempotence 2025-08-19T14:55:15+02:00 command.go:185: 
TestIdempotence 2025-08-19T14:55:15+02:00 command.go:185: [1m  # module.subnet_sets["security_vpc-alb"].aws_subnet.this["eu-west-1b"][0m will be created
TestIdempotence 2025-08-19T14:55:15+02:00 command.go:185: [0m  [32m+[0m[0m resource "aws_subnet" "this" {
TestIdempotence 2025-08-19T14:55:15+02:00 command.go:185:       [32m+[0m[0m arn                                            = (known after apply)
TestIdempotence 2025-08-19T14:55:15+02:00 command.go:185:       [32m+[0m[0m assign_ipv6_address_on_creation                = false
TestIdempotence 2025-08-19T14:55:15+02:00 command.go:185:       [32m+[0m[0m availability_zone                              = "eu-west-1b"
TestIdempotence 2025-08-19T14:55:15+02:00 command.go:185:       [32m+[0m[0m availability_zone_id                           = (known after apply)
TestIdempotence 2025-08-19T14:55:15+02:00 command.go:185:       [32m+[0m[0m cidr_block                                     = "10.100.70.0/24"
TestIdempotence 2025-08-19T14:55:15+02:00 command.go:185:       [32m+[0m[0m enable_dns64                                   = false
TestIdempotence 2025-08-19T14:55:15+02:00 command.go:185:       [32m+[0m[0m enable_resource_name_dns_a_record_on_launch    = false
TestIdempotence 2025-08-19T14:55:15+02:00 command.go:185:       [32m+[0m[0m enable_resource_name_dns_aaaa_record_on_launch = false
TestIdempotence 2025-08-19T14:55:15+02:00 command.go:185:       [32m+[0m[0m id                                             = (known after apply)
TestIdempotence 2025-08-19T14:55:15+02:00 command.go:185:       [32m+[0m[0m ipv6_cidr_block_association_id                 = (known after apply)
TestIdempotence 2025-08-19T14:55:15+02:00 command.go:185:       [32m+[0m[0m ipv6_native                                    = false
TestIdempotence 2025-08-19T14:55:15+02:00 command.go:185:       [32m+[0m[0m map_public_ip_on_launch                        = false
TestIdempotence 2025-08-19T14:55:15+02:00 command.go:185:       [32m+[0m[0m owner_id                                       = (known after apply)
TestIdempotence 2025-08-19T14:55:15+02:00 command.go:185:       [32m+[0m[0m private_dns_hostname_type_on_launch            = (known after apply)
TestIdempotence 2025-08-19T14:55:15+02:00 command.go:185:       [32m+[0m[0m tags                                           = {
TestIdempotence 2025-08-19T14:55:15+02:00 command.go:185:           [32m+[0m[0m "Application" = "Palo Alto Networks VM-Series NGFW"
TestIdempotence 2025-08-19T14:55:15+02:00 command.go:185:           [32m+[0m[0m "ManagedBy"   = "terraform"
TestIdempotence 2025-08-19T14:55:15+02:00 command.go:185:           [32m+[0m[0m "Name"        = "albb"
TestIdempotence 2025-08-19T14:55:15+02:00 command.go:185:           [32m+[0m[0m "Owner"       = "PS Team"
TestIdempotence 2025-08-19T14:55:15+02:00 command.go:185:         }
TestIdempotence 2025-08-19T14:55:15+02:00 command.go:185:       [32m+[0m[0m tags_all                                       = {
TestIdempotence 2025-08-19T14:55:15+02:00 command.go:185:           [32m+[0m[0m "Application" = "Palo Alto Networks VM-Series NGFW"
TestIdempotence 2025-08-19T14:55:15+02:00 command.go:185:           [32m+[0m[0m "ManagedBy"   = "terraform"
TestIdempotence 2025-08-19T14:55:15+02:00 command.go:185:           [32m+[0m[0m "Name"        = "albb"
TestIdempotence 2025-08-19T14:55:15+02:00 command.go:185:           [32m+[0m[0m "Owner"       = "PS Team"
TestIdempotence 2025-08-19T14:55:15+02:00 command.go:185:         }
TestIdempotence 2025-08-19T14:55:15+02:00 command.go:185:       [32m+[0m[0m vpc_id                                         = (known after apply)
TestIdempotence 2025-08-19T14:55:15+02:00 command.go:185:     }
TestIdempotence 2025-08-19T14:55:15+02:00 command.go:185: 
TestIdempotence 2025-08-19T14:55:15+02:00 command.go:185: [1m  # module.subnet_sets["security_vpc-gwlb"].aws_route_table.this["eu-west-1a"][0m will be created
TestIdempotence 2025-08-19T14:55:15+02:00 command.go:185: [0m  [32m+[0m[0m resource "aws_route_table" "this" {
TestIdempotence 2025-08-19T14:55:15+02:00 command.go:185:       [32m+[0m[0m arn              = (known after apply)
TestIdempotence 2025-08-19T14:55:15+02:00 command.go:185:       [32m+[0m[0m id               = (known after apply)
TestIdempotence 2025-08-19T14:55:15+02:00 command.go:185:       [32m+[0m[0m owner_id         = (known after apply)
TestIdempotence 2025-08-19T14:55:15+02:00 command.go:185:       [32m+[0m[0m propagating_vgws = (known after apply)
TestIdempotence 2025-08-19T14:55:15+02:00 command.go:185:       [32m+[0m[0m route            = (known after apply)
TestIdempotence 2025-08-19T14:55:15+02:00 command.go:185:       [32m+[0m[0m tags             = {
TestIdempotence 2025-08-19T14:55:15+02:00 command.go:185:           [32m+[0m[0m "Application" = "Palo Alto Networks VM-Series NGFW"
TestIdempotence 2025-08-19T14:55:15+02:00 command.go:185:           [32m+[0m[0m "ManagedBy"   = "terraform"
TestIdempotence 2025-08-19T14:55:15+02:00 command.go:185:           [32m+[0m[0m "Name"        = "gwlba"
TestIdempotence 2025-08-19T14:55:15+02:00 command.go:185:           [32m+[0m[0m "Owner"       = "PS Team"
TestIdempotence 2025-08-19T14:55:15+02:00 command.go:185:         }
TestIdempotence 2025-08-19T14:55:15+02:00 command.go:185:       [32m+[0m[0m tags_all         = {
TestIdempotence 2025-08-19T14:55:15+02:00 command.go:185:           [32m+[0m[0m "Application" = "Palo Alto Networks VM-Series NGFW"
TestIdempotence 2025-08-19T14:55:15+02:00 command.go:185:           [32m+[0m[0m "ManagedBy"   = "terraform"
TestIdempotence 2025-08-19T14:55:15+02:00 command.go:185:           [32m+[0m[0m "Name"        = "gwlba"
TestIdempotence 2025-08-19T14:55:15+02:00 command.go:185:           [32m+[0m[0m "Owner"       = "PS Team"
TestIdempotence 2025-08-19T14:55:15+02:00 command.go:185:         }
TestIdempotence 2025-08-19T14:55:15+02:00 command.go:185:       [32m+[0m[0m vpc_id           = (known after apply)
TestIdempotence 2025-08-19T14:55:15+02:00 command.go:185:     }
TestIdempotence 2025-08-19T14:55:15+02:00 command.go:185: 
TestIdempotence 2025-08-19T14:55:15+02:00 command.go:185: [1m  # module.subnet_sets["security_vpc-gwlb"].aws_route_table.this["eu-west-1b"][0m will be created
TestIdempotence 2025-08-19T14:55:15+02:00 command.go:185: [0m  [32m+[0m[0m resource "aws_route_table" "this" {
TestIdempotence 2025-08-19T14:55:15+02:00 command.go:185:       [32m+[0m[0m arn              = (known after apply)
TestIdempotence 2025-08-19T14:55:15+02:00 command.go:185:       [32m+[0m[0m id               = (known after apply)
TestIdempotence 2025-08-19T14:55:15+02:00 command.go:185:       [32m+[0m[0m owner_id         = (known after apply)
TestIdempotence 2025-08-19T14:55:15+02:00 command.go:185:       [32m+[0m[0m propagating_vgws = (known after apply)
TestIdempotence 2025-08-19T14:55:15+02:00 command.go:185:       [32m+[0m[0m route            = (known after apply)
TestIdempotence 2025-08-19T14:55:15+02:00 command.go:185:       [32m+[0m[0m tags             = {
TestIdempotence 2025-08-19T14:55:15+02:00 command.go:185:           [32m+[0m[0m "Application" = "Palo Alto Networks VM-Series NGFW"
TestIdempotence 2025-08-19T14:55:15+02:00 command.go:185:           [32m+[0m[0m "ManagedBy"   = "terraform"
TestIdempotence 2025-08-19T14:55:15+02:00 command.go:185:           [32m+[0m[0m "Name"        = "gwlbb"
TestIdempotence 2025-08-19T14:55:15+02:00 command.go:185:           [32m+[0m[0m "Owner"       = "PS Team"
TestIdempotence 2025-08-19T14:55:15+02:00 command.go:185:         }
TestIdempotence 2025-08-19T14:55:15+02:00 command.go:185:       [32m+[0m[0m tags_all         = {
TestIdempotence 2025-08-19T14:55:15+02:00 command.go:185:           [32m+[0m[0m "Application" = "Palo Alto Networks VM-Series NGFW"
TestIdempotence 2025-08-19T14:55:15+02:00 command.go:185:           [32m+[0m[0m "ManagedBy"   = "terraform"
TestIdempotence 2025-08-19T14:55:15+02:00 command.go:185:           [32m+[0m[0m "Name"        = "gwlbb"
TestIdempotence 2025-08-19T14:55:15+02:00 command.go:185:           [32m+[0m[0m "Owner"       = "PS Team"
TestIdempotence 2025-08-19T14:55:15+02:00 command.go:185:         }
TestIdempotence 2025-08-19T14:55:15+02:00 command.go:185:       [32m+[0m[0m vpc_id           = (known after apply)
TestIdempotence 2025-08-19T14:55:15+02:00 command.go:185:     }
TestIdempotence 2025-08-19T14:55:15+02:00 command.go:185: 
TestIdempotence 2025-08-19T14:55:15+02:00 command.go:185: [1m  # module.subnet_sets["security_vpc-gwlb"].aws_route_table_association.this["eu-west-1a"][0m will be created
TestIdempotence 2025-08-19T14:55:15+02:00 command.go:185: [0m  [32m+[0m[0m resource "aws_route_table_association" "this" {
TestIdempotence 2025-08-19T14:55:15+02:00 command.go:185:       [32m+[0m[0m id             = (known after apply)
TestIdempotence 2025-08-19T14:55:15+02:00 command.go:185:       [32m+[0m[0m route_table_id = (known after apply)
TestIdempotence 2025-08-19T14:55:15+02:00 command.go:185:       [32m+[0m[0m subnet_id      = (known after apply)
TestIdempotence 2025-08-19T14:55:15+02:00 command.go:185:     }
TestIdempotence 2025-08-19T14:55:15+02:00 command.go:185: 
TestIdempotence 2025-08-19T14:55:15+02:00 command.go:185: [1m  # module.subnet_sets["security_vpc-gwlb"].aws_route_table_association.this["eu-west-1b"][0m will be created
TestIdempotence 2025-08-19T14:55:15+02:00 command.go:185: [0m  [32m+[0m[0m resource "aws_route_table_association" "this" {
TestIdempotence 2025-08-19T14:55:15+02:00 command.go:185:       [32m+[0m[0m id             = (known after apply)
TestIdempotence 2025-08-19T14:55:15+02:00 command.go:185:       [32m+[0m[0m route_table_id = (known after apply)
TestIdempotence 2025-08-19T14:55:15+02:00 command.go:185:       [32m+[0m[0m subnet_id      = (known after apply)
TestIdempotence 2025-08-19T14:55:15+02:00 command.go:185:     }
TestIdempotence 2025-08-19T14:55:15+02:00 command.go:185: 
TestIdempotence 2025-08-19T14:55:15+02:00 command.go:185: [1m  # module.subnet_sets["security_vpc-gwlb"].aws_subnet.this["eu-west-1a"][0m will be created
TestIdempotence 2025-08-19T14:55:15+02:00 command.go:185: [0m  [32m+[0m[0m resource "aws_subnet" "this" {
TestIdempotence 2025-08-19T14:55:15+02:00 command.go:185:       [32m+[0m[0m arn                                            = (known after apply)
TestIdempotence 2025-08-19T14:55:15+02:00 command.go:185:       [32m+[0m[0m assign_ipv6_address_on_creation                = false
TestIdempotence 2025-08-19T14:55:15+02:00 command.go:185:       [32m+[0m[0m availability_zone                              = "eu-west-1a"
TestIdempotence 2025-08-19T14:55:15+02:00 command.go:185:       [32m+[0m[0m availability_zone_id                           = (known after apply)
TestIdempotence 2025-08-19T14:55:15+02:00 command.go:185:       [32m+[0m[0m cidr_block                                     = "10.100.5.0/24"
TestIdempotence 2025-08-19T14:55:15+02:00 command.go:185:       [32m+[0m[0m enable_dns64                                   = false
TestIdempotence 2025-08-19T14:55:15+02:00 command.go:185:       [32m+[0m[0m enable_resource_name_dns_a_record_on_launch    = false
TestIdempotence 2025-08-19T14:55:15+02:00 command.go:185:       [32m+[0m[0m enable_resource_name_dns_aaaa_record_on_launch = false
TestIdempotence 2025-08-19T14:55:15+02:00 command.go:185:       [32m+[0m[0m id                                             = (known after apply)
TestIdempotence 2025-08-19T14:55:15+02:00 command.go:185:       [32m+[0m[0m ipv6_cidr_block_association_id                 = (known after apply)
TestIdempotence 2025-08-19T14:55:15+02:00 command.go:185:       [32m+[0m[0m ipv6_native                                    = false
TestIdempotence 2025-08-19T14:55:15+02:00 command.go:185:       [32m+[0m[0m map_public_ip_on_launch                        = false
TestIdempotence 2025-08-19T14:55:15+02:00 command.go:185:       [32m+[0m[0m owner_id                                       = (known after apply)
TestIdempotence 2025-08-19T14:55:15+02:00 command.go:185:       [32m+[0m[0m private_dns_hostname_type_on_launch            = (known after apply)
TestIdempotence 2025-08-19T14:55:15+02:00 command.go:185:       [32m+[0m[0m tags                                           = {
TestIdempotence 2025-08-19T14:55:15+02:00 command.go:185:           [32m+[0m[0m "Application" = "Palo Alto Networks VM-Series NGFW"
TestIdempotence 2025-08-19T14:55:15+02:00 command.go:185:           [32m+[0m[0m "ManagedBy"   = "terraform"
TestIdempotence 2025-08-19T14:55:15+02:00 command.go:185:           [32m+[0m[0m "Name"        = "gwlba"
TestIdempotence 2025-08-19T14:55:15+02:00 command.go:185:           [32m+[0m[0m "Owner"       = "PS Team"
TestIdempotence 2025-08-19T14:55:15+02:00 command.go:185:         }
TestIdempotence 2025-08-19T14:55:15+02:00 command.go:185:       [32m+[0m[0m tags_all                                       = {
TestIdempotence 2025-08-19T14:55:15+02:00 command.go:185:           [32m+[0m[0m "Application" = "Palo Alto Networks VM-Series NGFW"
TestIdempotence 2025-08-19T14:55:15+02:00 command.go:185:           [32m+[0m[0m "ManagedBy"   = "terraform"
TestIdempotence 2025-08-19T14:55:15+02:00 command.go:185:           [32m+[0m[0m "Name"        = "gwlba"
TestIdempotence 2025-08-19T14:55:15+02:00 command.go:185:           [32m+[0m[0m "Owner"       = "PS Team"
TestIdempotence 2025-08-19T14:55:15+02:00 command.go:185:         }
TestIdempotence 2025-08-19T14:55:15+02:00 command.go:185:       [32m+[0m[0m vpc_id                                         = (known after apply)
TestIdempotence 2025-08-19T14:55:15+02:00 command.go:185:     }
TestIdempotence 2025-08-19T14:55:15+02:00 command.go:185: 
TestIdempotence 2025-08-19T14:55:15+02:00 command.go:185: [1m  # module.subnet_sets["security_vpc-gwlb"].aws_subnet.this["eu-west-1b"][0m will be created
TestIdempotence 2025-08-19T14:55:15+02:00 command.go:185: [0m  [32m+[0m[0m resource "aws_subnet" "this" {
TestIdempotence 2025-08-19T14:55:15+02:00 command.go:185:       [32m+[0m[0m arn                                            = (known after apply)
TestIdempotence 2025-08-19T14:55:15+02:00 command.go:185:       [32m+[0m[0m assign_ipv6_address_on_creation                = false
TestIdempotence 2025-08-19T14:55:15+02:00 command.go:185:       [32m+[0m[0m availability_zone                              = "eu-west-1b"
TestIdempotence 2025-08-19T14:55:15+02:00 command.go:185:       [32m+[0m[0m availability_zone_id                           = (known after apply)
TestIdempotence 2025-08-19T14:55:15+02:00 command.go:185:       [32m+[0m[0m cidr_block                                     = "10.100.69.0/24"
TestIdempotence 2025-08-19T14:55:15+02:00 command.go:185:       [32m+[0m[0m enable_dns64                                   = false
TestIdempotence 2025-08-19T14:55:15+02:00 command.go:185:       [32m+[0m[0m enable_resource_name_dns_a_record_on_launch    = false
TestIdempotence 2025-08-19T14:55:15+02:00 command.go:185:       [32m+[0m[0m enable_resource_name_dns_aaaa_record_on_launch = false
TestIdempotence 2025-08-19T14:55:15+02:00 command.go:185:       [32m+[0m[0m id                                             = (known after apply)
TestIdempotence 2025-08-19T14:55:15+02:00 command.go:185:       [32m+[0m[0m ipv6_cidr_block_association_id                 = (known after apply)
TestIdempotence 2025-08-19T14:55:15+02:00 command.go:185:       [32m+[0m[0m ipv6_native                                    = false
TestIdempotence 2025-08-19T14:55:15+02:00 command.go:185:       [32m+[0m[0m map_public_ip_on_launch                        = false
TestIdempotence 2025-08-19T14:55:15+02:00 command.go:185:       [32m+[0m[0m owner_id                                       = (known after apply)
TestIdempotence 2025-08-19T14:55:15+02:00 command.go:185:       [32m+[0m[0m private_dns_hostname_type_on_launch            = (known after apply)
TestIdempotence 2025-08-19T14:55:15+02:00 command.go:185:       [32m+[0m[0m tags                                           = {
TestIdempotence 2025-08-19T14:55:15+02:00 command.go:185:           [32m+[0m[0m "Application" = "Palo Alto Networks VM-Series NGFW"
TestIdempotence 2025-08-19T14:55:15+02:00 command.go:185:           [32m+[0m[0m "ManagedBy"   = "terraform"
TestIdempotence 2025-08-19T14:55:15+02:00 command.go:185:           [32m+[0m[0m "Name"        = "gwlbb"
TestIdempotence 2025-08-19T14:55:15+02:00 command.go:185:           [32m+[0m[0m "Owner"       = "PS Team"
TestIdempotence 2025-08-19T14:55:15+02:00 command.go:185:         }
TestIdempotence 2025-08-19T14:55:15+02:00 command.go:185:       [32m+[0m[0m tags_all                                       = {
TestIdempotence 2025-08-19T14:55:15+02:00 command.go:185:           [32m+[0m[0m "Application" = "Palo Alto Networks VM-Series NGFW"
TestIdempotence 2025-08-19T14:55:15+02:00 command.go:185:           [32m+[0m[0m "ManagedBy"   = "terraform"
TestIdempotence 2025-08-19T14:55:15+02:00 command.go:185:           [32m+[0m[0m "Name"        = "gwlbb"
TestIdempotence 2025-08-19T14:55:15+02:00 command.go:185:           [32m+[0m[0m "Owner"       = "PS Team"
TestIdempotence 2025-08-19T14:55:15+02:00 command.go:185:         }
TestIdempotence 2025-08-19T14:55:15+02:00 command.go:185:       [32m+[0m[0m vpc_id                                         = (known after apply)
TestIdempotence 2025-08-19T14:55:15+02:00 command.go:185:     }
TestIdempotence 2025-08-19T14:55:15+02:00 command.go:185: 
TestIdempotence 2025-08-19T14:55:15+02:00 command.go:185: [1m  # module.subnet_sets["security_vpc-gwlbe_eastwest"].aws_route_table.this["eu-west-1a"][0m will be created
TestIdempotence 2025-08-19T14:55:15+02:00 command.go:185: [0m  [32m+[0m[0m resource "aws_route_table" "this" {
TestIdempotence 2025-08-19T14:55:15+02:00 command.go:185:       [32m+[0m[0m arn              = (known after apply)
TestIdempotence 2025-08-19T14:55:15+02:00 command.go:185:       [32m+[0m[0m id               = (known after apply)
TestIdempotence 2025-08-19T14:55:15+02:00 command.go:185:       [32m+[0m[0m owner_id         = (known after apply)
TestIdempotence 2025-08-19T14:55:15+02:00 command.go:185:       [32m+[0m[0m propagating_vgws = (known after apply)
TestIdempotence 2025-08-19T14:55:15+02:00 command.go:185:       [32m+[0m[0m route            = (known after apply)
TestIdempotence 2025-08-19T14:55:15+02:00 command.go:185:       [32m+[0m[0m tags             = {
TestIdempotence 2025-08-19T14:55:15+02:00 command.go:185:           [32m+[0m[0m "Application" = "Palo Alto Networks VM-Series NGFW"
TestIdempotence 2025-08-19T14:55:15+02:00 command.go:185:           [32m+[0m[0m "ManagedBy"   = "terraform"
TestIdempotence 2025-08-19T14:55:15+02:00 command.go:185:           [32m+[0m[0m "Name"        = "gwlbe_eastwesta"
TestIdempotence 2025-08-19T14:55:15+02:00 command.go:185:           [32m+[0m[0m "Owner"       = "PS Team"
TestIdempotence 2025-08-19T14:55:15+02:00 command.go:185:         }
TestIdempotence 2025-08-19T14:55:15+02:00 command.go:185:       [32m+[0m[0m tags_all         = {
TestIdempotence 2025-08-19T14:55:15+02:00 command.go:185:           [32m+[0m[0m "Application" = "Palo Alto Networks VM-Series NGFW"
TestIdempotence 2025-08-19T14:55:15+02:00 command.go:185:           [32m+[0m[0m "ManagedBy"   = "terraform"
TestIdempotence 2025-08-19T14:55:15+02:00 command.go:185:           [32m+[0m[0m "Name"        = "gwlbe_eastwesta"
TestIdempotence 2025-08-19T14:55:15+02:00 command.go:185:           [32m+[0m[0m "Owner"       = "PS Team"
TestIdempotence 2025-08-19T14:55:15+02:00 command.go:185:         }
TestIdempotence 2025-08-19T14:55:15+02:00 command.go:185:       [32m+[0m[0m vpc_id           = (known after apply)
TestIdempotence 2025-08-19T14:55:15+02:00 command.go:185:     }
TestIdempotence 2025-08-19T14:55:15+02:00 command.go:185: 
TestIdempotence 2025-08-19T14:55:15+02:00 command.go:185: [1m  # module.subnet_sets["security_vpc-gwlbe_eastwest"].aws_route_table.this["eu-west-1b"][0m will be created
TestIdempotence 2025-08-19T14:55:15+02:00 command.go:185: [0m  [32m+[0m[0m resource "aws_route_table" "this" {
TestIdempotence 2025-08-19T14:55:15+02:00 command.go:185:       [32m+[0m[0m arn              = (known after apply)
TestIdempotence 2025-08-19T14:55:15+02:00 command.go:185:       [32m+[0m[0m id               = (known after apply)
TestIdempotence 2025-08-19T14:55:15+02:00 command.go:185:       [32m+[0m[0m owner_id         = (known after apply)
TestIdempotence 2025-08-19T14:55:15+02:00 command.go:185:       [32m+[0m[0m propagating_vgws = (known after apply)
TestIdempotence 2025-08-19T14:55:15+02:00 command.go:185:       [32m+[0m[0m route            = (known after apply)
TestIdempotence 2025-08-19T14:55:15+02:00 command.go:185:       [32m+[0m[0m tags             = {
TestIdempotence 2025-08-19T14:55:15+02:00 command.go:185:           [32m+[0m[0m "Application" = "Palo Alto Networks VM-Series NGFW"
TestIdempotence 2025-08-19T14:55:15+02:00 command.go:185:           [32m+[0m[0m "ManagedBy"   = "terraform"
TestIdempotence 2025-08-19T14:55:15+02:00 command.go:185:           [32m+[0m[0m "Name"        = "gwlbe_eastwestb"
TestIdempotence 2025-08-19T14:55:15+02:00 command.go:185:           [32m+[0m[0m "Owner"       = "PS Team"
TestIdempotence 2025-08-19T14:55:15+02:00 command.go:185:         }
TestIdempotence 2025-08-19T14:55:15+02:00 command.go:185:       [32m+[0m[0m tags_all         = {
TestIdempotence 2025-08-19T14:55:15+02:00 command.go:185:           [32m+[0m[0m "Application" = "Palo Alto Networks VM-Series NGFW"
TestIdempotence 2025-08-19T14:55:15+02:00 command.go:185:           [32m+[0m[0m "ManagedBy"   = "terraform"
TestIdempotence 2025-08-19T14:55:15+02:00 command.go:185:           [32m+[0m[0m "Name"        = "gwlbe_eastwestb"
TestIdempotence 2025-08-19T14:55:15+02:00 command.go:185:           [32m+[0m[0m "Owner"       = "PS Team"
TestIdempotence 2025-08-19T14:55:15+02:00 command.go:185:         }
TestIdempotence 2025-08-19T14:55:15+02:00 command.go:185:       [32m+[0m[0m vpc_id           = (known after apply)
TestIdempotence 2025-08-19T14:55:15+02:00 command.go:185:     }
TestIdempotence 2025-08-19T14:55:15+02:00 command.go:185: 
TestIdempotence 2025-08-19T14:55:15+02:00 command.go:185: [1m  # module.subnet_sets["security_vpc-gwlbe_eastwest"].aws_route_table_association.this["eu-west-1a"][0m will be created
TestIdempotence 2025-08-19T14:55:15+02:00 command.go:185: [0m  [32m+[0m[0m resource "aws_route_table_association" "this" {
TestIdempotence 2025-08-19T14:55:15+02:00 command.go:185:       [32m+[0m[0m id             = (known after apply)
TestIdempotence 2025-08-19T14:55:15+02:00 command.go:185:       [32m+[0m[0m route_table_id = (known after apply)
TestIdempotence 2025-08-19T14:55:15+02:00 command.go:185:       [32m+[0m[0m subnet_id      = (known after apply)
TestIdempotence 2025-08-19T14:55:15+02:00 command.go:185:     }
TestIdempotence 2025-08-19T14:55:15+02:00 command.go:185: 
TestIdempotence 2025-08-19T14:55:15+02:00 command.go:185: [1m  # module.subnet_sets["security_vpc-gwlbe_eastwest"].aws_route_table_association.this["eu-west-1b"][0m will be created
TestIdempotence 2025-08-19T14:55:15+02:00 command.go:185: [0m  [32m+[0m[0m resource "aws_route_table_association" "this" {
TestIdempotence 2025-08-19T14:55:15+02:00 command.go:185:       [32m+[0m[0m id             = (known after apply)
TestIdempotence 2025-08-19T14:55:15+02:00 command.go:185:       [32m+[0m[0m route_table_id = (known after apply)
TestIdempotence 2025-08-19T14:55:15+02:00 command.go:185:       [32m+[0m[0m subnet_id      = (known after apply)
TestIdempotence 2025-08-19T14:55:15+02:00 command.go:185:     }
TestIdempotence 2025-08-19T14:55:15+02:00 command.go:185: 
TestIdempotence 2025-08-19T14:55:15+02:00 command.go:185: [1m  # module.subnet_sets["security_vpc-gwlbe_eastwest"].aws_subnet.this["eu-west-1a"][0m will be created
TestIdempotence 2025-08-19T14:55:15+02:00 command.go:185: [0m  [32m+[0m[0m resource "aws_subnet" "this" {
TestIdempotence 2025-08-19T14:55:15+02:00 command.go:185:       [32m+[0m[0m arn                                            = (known after apply)
TestIdempotence 2025-08-19T14:55:15+02:00 command.go:185:       [32m+[0m[0m assign_ipv6_address_on_creation                = false
TestIdempotence 2025-08-19T14:55:15+02:00 command.go:185:       [32m+[0m[0m availability_zone                              = "eu-west-1a"
TestIdempotence 2025-08-19T14:55:15+02:00 command.go:185:       [32m+[0m[0m availability_zone_id                           = (known after apply)
TestIdempotence 2025-08-19T14:55:15+02:00 command.go:185:       [32m+[0m[0m cidr_block                                     = "10.100.10.0/24"
TestIdempotence 2025-08-19T14:55:15+02:00 command.go:185:       [32m+[0m[0m enable_dns64                                   = false
TestIdempotence 2025-08-19T14:55:15+02:00 command.go:185:       [32m+[0m[0m enable_resource_name_dns_a_record_on_launch    = false
TestIdempotence 2025-08-19T14:55:15+02:00 command.go:185:       [32m+[0m[0m enable_resource_name_dns_aaaa_record_on_launch = false
TestIdempotence 2025-08-19T14:55:15+02:00 command.go:185:       [32m+[0m[0m id                                             = (known after apply)
TestIdempotence 2025-08-19T14:55:15+02:00 command.go:185:       [32m+[0m[0m ipv6_cidr_block_association_id                 = (known after apply)
TestIdempotence 2025-08-19T14:55:15+02:00 command.go:185:       [32m+[0m[0m ipv6_native                                    = false
TestIdempotence 2025-08-19T14:55:15+02:00 command.go:185:       [32m+[0m[0m map_public_ip_on_launch                        = false
TestIdempotence 2025-08-19T14:55:15+02:00 command.go:185:       [32m+[0m[0m owner_id                                       = (known after apply)
TestIdempotence 2025-08-19T14:55:15+02:00 command.go:185:       [32m+[0m[0m private_dns_hostname_type_on_launch            = (known after apply)
TestIdempotence 2025-08-19T14:55:15+02:00 command.go:185:       [32m+[0m[0m tags                                           = {
TestIdempotence 2025-08-19T14:55:15+02:00 command.go:185:           [32m+[0m[0m "Application" = "Palo Alto Networks VM-Series NGFW"
TestIdempotence 2025-08-19T14:55:15+02:00 command.go:185:           [32m+[0m[0m "ManagedBy"   = "terraform"
TestIdempotence 2025-08-19T14:55:15+02:00 command.go:185:           [32m+[0m[0m "Name"        = "gwlbe_eastwesta"
TestIdempotence 2025-08-19T14:55:15+02:00 command.go:185:           [32m+[0m[0m "Owner"       = "PS Team"
TestIdempotence 2025-08-19T14:55:15+02:00 command.go:185:         }
TestIdempotence 2025-08-19T14:55:15+02:00 command.go:185:       [32m+[0m[0m tags_all                                       = {
TestIdempotence 2025-08-19T14:55:15+02:00 command.go:185:           [32m+[0m[0m "Application" = "Palo Alto Networks VM-Series NGFW"
TestIdempotence 2025-08-19T14:55:15+02:00 command.go:185:           [32m+[0m[0m "ManagedBy"   = "terraform"
TestIdempotence 2025-08-19T14:55:15+02:00 command.go:185:           [32m+[0m[0m "Name"        = "gwlbe_eastwesta"
TestIdempotence 2025-08-19T14:55:15+02:00 command.go:185:           [32m+[0m[0m "Owner"       = "PS Team"
TestIdempotence 2025-08-19T14:55:15+02:00 command.go:185:         }
TestIdempotence 2025-08-19T14:55:15+02:00 command.go:185:       [32m+[0m[0m vpc_id                                         = (known after apply)
TestIdempotence 2025-08-19T14:55:15+02:00 command.go:185:     }
TestIdempotence 2025-08-19T14:55:15+02:00 command.go:185: 
TestIdempotence 2025-08-19T14:55:15+02:00 command.go:185: [1m  # module.subnet_sets["security_vpc-gwlbe_eastwest"].aws_subnet.this["eu-west-1b"][0m will be created
TestIdempotence 2025-08-19T14:55:15+02:00 command.go:185: [0m  [32m+[0m[0m resource "aws_subnet" "this" {
TestIdempotence 2025-08-19T14:55:15+02:00 command.go:185:       [32m+[0m[0m arn                                            = (known after apply)
TestIdempotence 2025-08-19T14:55:15+02:00 command.go:185:       [32m+[0m[0m assign_ipv6_address_on_creation                = false
TestIdempotence 2025-08-19T14:55:15+02:00 command.go:185:       [32m+[0m[0m availability_zone                              = "eu-west-1b"
TestIdempotence 2025-08-19T14:55:15+02:00 command.go:185:       [32m+[0m[0m availability_zone_id                           = (known after apply)
TestIdempotence 2025-08-19T14:55:15+02:00 command.go:185:       [32m+[0m[0m cidr_block                                     = "10.100.74.0/24"
TestIdempotence 2025-08-19T14:55:15+02:00 command.go:185:       [32m+[0m[0m enable_dns64                                   = false
TestIdempotence 2025-08-19T14:55:15+02:00 command.go:185:       [32m+[0m[0m enable_resource_name_dns_a_record_on_launch    = false
TestIdempotence 2025-08-19T14:55:15+02:00 command.go:185:       [32m+[0m[0m enable_resource_name_dns_aaaa_record_on_launch = false
TestIdempotence 2025-08-19T14:55:15+02:00 command.go:185:       [32m+[0m[0m id                                             = (known after apply)
TestIdempotence 2025-08-19T14:55:15+02:00 command.go:185:       [32m+[0m[0m ipv6_cidr_block_association_id                 = (known after apply)
TestIdempotence 2025-08-19T14:55:15+02:00 command.go:185:       [32m+[0m[0m ipv6_native                                    = false
TestIdempotence 2025-08-19T14:55:15+02:00 command.go:185:       [32m+[0m[0m map_public_ip_on_launch                        = false
TestIdempotence 2025-08-19T14:55:15+02:00 command.go:185:       [32m+[0m[0m owner_id                                       = (known after apply)
TestIdempotence 2025-08-19T14:55:15+02:00 command.go:185:       [32m+[0m[0m private_dns_hostname_type_on_launch            = (known after apply)
TestIdempotence 2025-08-19T14:55:15+02:00 command.go:185:       [32m+[0m[0m tags                                           = {
TestIdempotence 2025-08-19T14:55:15+02:00 command.go:185:           [32m+[0m[0m "Application" = "Palo Alto Networks VM-Series NGFW"
TestIdempotence 2025-08-19T14:55:15+02:00 command.go:185:           [32m+[0m[0m "ManagedBy"   = "terraform"
TestIdempotence 2025-08-19T14:55:15+02:00 command.go:185:           [32m+[0m[0m "Name"        = "gwlbe_eastwestb"
TestIdempotence 2025-08-19T14:55:15+02:00 command.go:185:           [32m+[0m[0m "Owner"       = "PS Team"
TestIdempotence 2025-08-19T14:55:15+02:00 command.go:185:         }
TestIdempotence 2025-08-19T14:55:15+02:00 command.go:185:       [32m+[0m[0m tags_all                                       = {
TestIdempotence 2025-08-19T14:55:15+02:00 command.go:185:           [32m+[0m[0m "Application" = "Palo Alto Networks VM-Series NGFW"
TestIdempotence 2025-08-19T14:55:15+02:00 command.go:185:           [32m+[0m[0m "ManagedBy"   = "terraform"
TestIdempotence 2025-08-19T14:55:15+02:00 command.go:185:           [32m+[0m[0m "Name"        = "gwlbe_eastwestb"
TestIdempotence 2025-08-19T14:55:15+02:00 command.go:185:           [32m+[0m[0m "Owner"       = "PS Team"
TestIdempotence 2025-08-19T14:55:15+02:00 command.go:185:         }
TestIdempotence 2025-08-19T14:55:15+02:00 command.go:185:       [32m+[0m[0m vpc_id                                         = (known after apply)
TestIdempotence 2025-08-19T14:55:15+02:00 command.go:185:     }
TestIdempotence 2025-08-19T14:55:15+02:00 command.go:185: 
TestIdempotence 2025-08-19T14:55:15+02:00 command.go:185: [1m  # module.subnet_sets["security_vpc-gwlbe_outbound"].aws_route_table.this["eu-west-1a"][0m will be created
TestIdempotence 2025-08-19T14:55:15+02:00 command.go:185: [0m  [32m+[0m[0m resource "aws_route_table" "this" {
TestIdempotence 2025-08-19T14:55:15+02:00 command.go:185:       [32m+[0m[0m arn              = (known after apply)
TestIdempotence 2025-08-19T14:55:15+02:00 command.go:185:       [32m+[0m[0m id               = (known after apply)
TestIdempotence 2025-08-19T14:55:15+02:00 command.go:185:       [32m+[0m[0m owner_id         = (known after apply)
TestIdempotence 2025-08-19T14:55:15+02:00 command.go:185:       [32m+[0m[0m propagating_vgws = (known after apply)
TestIdempotence 2025-08-19T14:55:15+02:00 command.go:185:       [32m+[0m[0m route            = (known after apply)
TestIdempotence 2025-08-19T14:55:15+02:00 command.go:185:       [32m+[0m[0m tags             = {
TestIdempotence 2025-08-19T14:55:15+02:00 command.go:185:           [32m+[0m[0m "Application" = "Palo Alto Networks VM-Series NGFW"
TestIdempotence 2025-08-19T14:55:15+02:00 command.go:185:           [32m+[0m[0m "ManagedBy"   = "terraform"
TestIdempotence 2025-08-19T14:55:15+02:00 command.go:185:           [32m+[0m[0m "Name"        = "gwlbe_outbounda"
TestIdempotence 2025-08-19T14:55:15+02:00 command.go:185:           [32m+[0m[0m "Owner"       = "PS Team"
TestIdempotence 2025-08-19T14:55:15+02:00 command.go:185:         }
TestIdempotence 2025-08-19T14:55:15+02:00 command.go:185:       [32m+[0m[0m tags_all         = {
TestIdempotence 2025-08-19T14:55:15+02:00 command.go:185:           [32m+[0m[0m "Application" = "Palo Alto Networks VM-Series NGFW"
TestIdempotence 2025-08-19T14:55:15+02:00 command.go:185:           [32m+[0m[0m "ManagedBy"   = "terraform"
TestIdempotence 2025-08-19T14:55:15+02:00 command.go:185:           [32m+[0m[0m "Name"        = "gwlbe_outbounda"
TestIdempotence 2025-08-19T14:55:15+02:00 command.go:185:           [32m+[0m[0m "Owner"       = "PS Team"
TestIdempotence 2025-08-19T14:55:15+02:00 command.go:185:         }
TestIdempotence 2025-08-19T14:55:15+02:00 command.go:185:       [32m+[0m[0m vpc_id           = (known after apply)
TestIdempotence 2025-08-19T14:55:15+02:00 command.go:185:     }
TestIdempotence 2025-08-19T14:55:15+02:00 command.go:185: 
TestIdempotence 2025-08-19T14:55:15+02:00 command.go:185: [1m  # module.subnet_sets["security_vpc-gwlbe_outbound"].aws_route_table.this["eu-west-1b"][0m will be created
TestIdempotence 2025-08-19T14:55:15+02:00 command.go:185: [0m  [32m+[0m[0m resource "aws_route_table" "this" {
TestIdempotence 2025-08-19T14:55:15+02:00 command.go:185:       [32m+[0m[0m arn              = (known after apply)
TestIdempotence 2025-08-19T14:55:15+02:00 command.go:185:       [32m+[0m[0m id               = (known after apply)
TestIdempotence 2025-08-19T14:55:15+02:00 command.go:185:       [32m+[0m[0m owner_id         = (known after apply)
TestIdempotence 2025-08-19T14:55:15+02:00 command.go:185:       [32m+[0m[0m propagating_vgws = (known after apply)
TestIdempotence 2025-08-19T14:55:15+02:00 command.go:185:       [32m+[0m[0m route            = (known after apply)
TestIdempotence 2025-08-19T14:55:15+02:00 command.go:185:       [32m+[0m[0m tags             = {
TestIdempotence 2025-08-19T14:55:15+02:00 command.go:185:           [32m+[0m[0m "Application" = "Palo Alto Networks VM-Series NGFW"
TestIdempotence 2025-08-19T14:55:15+02:00 command.go:185:           [32m+[0m[0m "ManagedBy"   = "terraform"
TestIdempotence 2025-08-19T14:55:15+02:00 command.go:185:           [32m+[0m[0m "Name"        = "gwlbe_outboundb"
TestIdempotence 2025-08-19T14:55:15+02:00 command.go:185:           [32m+[0m[0m "Owner"       = "PS Team"
TestIdempotence 2025-08-19T14:55:15+02:00 command.go:185:         }
TestIdempotence 2025-08-19T14:55:15+02:00 command.go:185:       [32m+[0m[0m tags_all         = {
TestIdempotence 2025-08-19T14:55:15+02:00 command.go:185:           [32m+[0m[0m "Application" = "Palo Alto Networks VM-Series NGFW"
TestIdempotence 2025-08-19T14:55:15+02:00 command.go:185:           [32m+[0m[0m "ManagedBy"   = "terraform"
TestIdempotence 2025-08-19T14:55:15+02:00 command.go:185:           [32m+[0m[0m "Name"        = "gwlbe_outboundb"
TestIdempotence 2025-08-19T14:55:15+02:00 command.go:185:           [32m+[0m[0m "Owner"       = "PS Team"
TestIdempotence 2025-08-19T14:55:15+02:00 command.go:185:         }
TestIdempotence 2025-08-19T14:55:15+02:00 command.go:185:       [32m+[0m[0m vpc_id           = (known after apply)
TestIdempotence 2025-08-19T14:55:15+02:00 command.go:185:     }
TestIdempotence 2025-08-19T14:55:15+02:00 command.go:185: 
TestIdempotence 2025-08-19T14:55:15+02:00 command.go:185: [1m  # module.subnet_sets["security_vpc-gwlbe_outbound"].aws_route_table_association.this["eu-west-1a"][0m will be created
TestIdempotence 2025-08-19T14:55:15+02:00 command.go:185: [0m  [32m+[0m[0m resource "aws_route_table_association" "this" {
TestIdempotence 2025-08-19T14:55:15+02:00 command.go:185:       [32m+[0m[0m id             = (known after apply)
TestIdempotence 2025-08-19T14:55:15+02:00 command.go:185:       [32m+[0m[0m route_table_id = (known after apply)
TestIdempotence 2025-08-19T14:55:15+02:00 command.go:185:       [32m+[0m[0m subnet_id      = (known after apply)
TestIdempotence 2025-08-19T14:55:15+02:00 command.go:185:     }
TestIdempotence 2025-08-19T14:55:15+02:00 command.go:185: 
TestIdempotence 2025-08-19T14:55:15+02:00 command.go:185: [1m  # module.subnet_sets["security_vpc-gwlbe_outbound"].aws_route_table_association.this["eu-west-1b"][0m will be created
TestIdempotence 2025-08-19T14:55:15+02:00 command.go:185: [0m  [32m+[0m[0m resource "aws_route_table_association" "this" {
TestIdempotence 2025-08-19T14:55:15+02:00 command.go:185:       [32m+[0m[0m id             = (known after apply)
TestIdempotence 2025-08-19T14:55:15+02:00 command.go:185:       [32m+[0m[0m route_table_id = (known after apply)
TestIdempotence 2025-08-19T14:55:15+02:00 command.go:185:       [32m+[0m[0m subnet_id      = (known after apply)
TestIdempotence 2025-08-19T14:55:15+02:00 command.go:185:     }
TestIdempotence 2025-08-19T14:55:15+02:00 command.go:185: 
TestIdempotence 2025-08-19T14:55:15+02:00 command.go:185: [1m  # module.subnet_sets["security_vpc-gwlbe_outbound"].aws_subnet.this["eu-west-1a"][0m will be created
TestIdempotence 2025-08-19T14:55:15+02:00 command.go:185: [0m  [32m+[0m[0m resource "aws_subnet" "this" {
TestIdempotence 2025-08-19T14:55:15+02:00 command.go:185:       [32m+[0m[0m arn                                            = (known after apply)
TestIdempotence 2025-08-19T14:55:15+02:00 command.go:185:       [32m+[0m[0m assign_ipv6_address_on_creation                = false
TestIdempotence 2025-08-19T14:55:15+02:00 command.go:185:       [32m+[0m[0m availability_zone                              = "eu-west-1a"
TestIdempotence 2025-08-19T14:55:15+02:00 command.go:185:       [32m+[0m[0m availability_zone_id                           = (known after apply)
TestIdempotence 2025-08-19T14:55:15+02:00 command.go:185:       [32m+[0m[0m cidr_block                                     = "10.100.4.0/24"
TestIdempotence 2025-08-19T14:55:15+02:00 command.go:185:       [32m+[0m[0m enable_dns64                                   = false
TestIdempotence 2025-08-19T14:55:15+02:00 command.go:185:       [32m+[0m[0m enable_resource_name_dns_a_record_on_launch    = false
TestIdempotence 2025-08-19T14:55:15+02:00 command.go:185:       [32m+[0m[0m enable_resource_name_dns_aaaa_record_on_launch = false
TestIdempotence 2025-08-19T14:55:15+02:00 command.go:185:       [32m+[0m[0m id                                             = (known after apply)
TestIdempotence 2025-08-19T14:55:15+02:00 command.go:185:       [32m+[0m[0m ipv6_cidr_block_association_id                 = (known after apply)
TestIdempotence 2025-08-19T14:55:15+02:00 command.go:185:       [32m+[0m[0m ipv6_native                                    = false
TestIdempotence 2025-08-19T14:55:15+02:00 command.go:185:       [32m+[0m[0m map_public_ip_on_launch                        = false
TestIdempotence 2025-08-19T14:55:15+02:00 command.go:185:       [32m+[0m[0m owner_id                                       = (known after apply)
TestIdempotence 2025-08-19T14:55:15+02:00 command.go:185:       [32m+[0m[0m private_dns_hostname_type_on_launch            = (known after apply)
TestIdempotence 2025-08-19T14:55:15+02:00 command.go:185:       [32m+[0m[0m tags                                           = {
TestIdempotence 2025-08-19T14:55:15+02:00 command.go:185:           [32m+[0m[0m "Application" = "Palo Alto Networks VM-Series NGFW"
TestIdempotence 2025-08-19T14:55:15+02:00 command.go:185:           [32m+[0m[0m "ManagedBy"   = "terraform"
TestIdempotence 2025-08-19T14:55:15+02:00 command.go:185:           [32m+[0m[0m "Name"        = "gwlbe_outbounda"
TestIdempotence 2025-08-19T14:55:15+02:00 command.go:185:           [32m+[0m[0m "Owner"       = "PS Team"
TestIdempotence 2025-08-19T14:55:15+02:00 command.go:185:         }
TestIdempotence 2025-08-19T14:55:15+02:00 command.go:185:       [32m+[0m[0m tags_all                                       = {
TestIdempotence 2025-08-19T14:55:15+02:00 command.go:185:           [32m+[0m[0m "Application" = "Palo Alto Networks VM-Series NGFW"
TestIdempotence 2025-08-19T14:55:15+02:00 command.go:185:           [32m+[0m[0m "ManagedBy"   = "terraform"
TestIdempotence 2025-08-19T14:55:15+02:00 command.go:185:           [32m+[0m[0m "Name"        = "gwlbe_outbounda"
TestIdempotence 2025-08-19T14:55:15+02:00 command.go:185:           [32m+[0m[0m "Owner"       = "PS Team"
TestIdempotence 2025-08-19T14:55:15+02:00 command.go:185:         }
TestIdempotence 2025-08-19T14:55:15+02:00 command.go:185:       [32m+[0m[0m vpc_id                                         = (known after apply)
TestIdempotence 2025-08-19T14:55:15+02:00 command.go:185:     }
TestIdempotence 2025-08-19T14:55:15+02:00 command.go:185: 
TestIdempotence 2025-08-19T14:55:15+02:00 command.go:185: [1m  # module.subnet_sets["security_vpc-gwlbe_outbound"].aws_subnet.this["eu-west-1b"][0m will be created
TestIdempotence 2025-08-19T14:55:15+02:00 command.go:185: [0m  [32m+[0m[0m resource "aws_subnet" "this" {
TestIdempotence 2025-08-19T14:55:15+02:00 command.go:185:       [32m+[0m[0m arn                                            = (known after apply)
TestIdempotence 2025-08-19T14:55:15+02:00 command.go:185:       [32m+[0m[0m assign_ipv6_address_on_creation                = false
TestIdempotence 2025-08-19T14:55:15+02:00 command.go:185:       [32m+[0m[0m availability_zone                              = "eu-west-1b"
TestIdempotence 2025-08-19T14:55:15+02:00 command.go:185:       [32m+[0m[0m availability_zone_id                           = (known after apply)
TestIdempotence 2025-08-19T14:55:15+02:00 command.go:185:       [32m+[0m[0m cidr_block                                     = "10.100.68.0/24"
TestIdempotence 2025-08-19T14:55:15+02:00 command.go:185:       [32m+[0m[0m enable_dns64                                   = false
TestIdempotence 2025-08-19T14:55:15+02:00 command.go:185:       [32m+[0m[0m enable_resource_name_dns_a_record_on_launch    = false
TestIdempotence 2025-08-19T14:55:15+02:00 command.go:185:       [32m+[0m[0m enable_resource_name_dns_aaaa_record_on_launch = false
TestIdempotence 2025-08-19T14:55:15+02:00 command.go:185:       [32m+[0m[0m id                                             = (known after apply)
TestIdempotence 2025-08-19T14:55:15+02:00 command.go:185:       [32m+[0m[0m ipv6_cidr_block_association_id                 = (known after apply)
TestIdempotence 2025-08-19T14:55:15+02:00 command.go:185:       [32m+[0m[0m ipv6_native                                    = false
TestIdempotence 2025-08-19T14:55:15+02:00 command.go:185:       [32m+[0m[0m map_public_ip_on_launch                        = false
TestIdempotence 2025-08-19T14:55:15+02:00 command.go:185:       [32m+[0m[0m owner_id                                       = (known after apply)
TestIdempotence 2025-08-19T14:55:15+02:00 command.go:185:       [32m+[0m[0m private_dns_hostname_type_on_launch            = (known after apply)
TestIdempotence 2025-08-19T14:55:15+02:00 command.go:185:       [32m+[0m[0m tags                                           = {
TestIdempotence 2025-08-19T14:55:15+02:00 command.go:185:           [32m+[0m[0m "Application" = "Palo Alto Networks VM-Series NGFW"
TestIdempotence 2025-08-19T14:55:15+02:00 command.go:185:           [32m+[0m[0m "ManagedBy"   = "terraform"
TestIdempotence 2025-08-19T14:55:15+02:00 command.go:185:           [32m+[0m[0m "Name"        = "gwlbe_outboundb"
TestIdempotence 2025-08-19T14:55:15+02:00 command.go:185:           [32m+[0m[0m "Owner"       = "PS Team"
TestIdempotence 2025-08-19T14:55:15+02:00 command.go:185:         }
TestIdempotence 2025-08-19T14:55:15+02:00 command.go:185:       [32m+[0m[0m tags_all                                       = {
TestIdempotence 2025-08-19T14:55:15+02:00 command.go:185:           [32m+[0m[0m "Application" = "Palo Alto Networks VM-Series NGFW"
TestIdempotence 2025-08-19T14:55:15+02:00 command.go:185:           [32m+[0m[0m "ManagedBy"   = "terraform"
TestIdempotence 2025-08-19T14:55:15+02:00 command.go:185:           [32m+[0m[0m "Name"        = "gwlbe_outboundb"
TestIdempotence 2025-08-19T14:55:15+02:00 command.go:185:           [32m+[0m[0m "Owner"       = "PS Team"
TestIdempotence 2025-08-19T14:55:15+02:00 command.go:185:         }
TestIdempotence 2025-08-19T14:55:15+02:00 command.go:185:       [32m+[0m[0m vpc_id                                         = (known after apply)
TestIdempotence 2025-08-19T14:55:15+02:00 command.go:185:     }
TestIdempotence 2025-08-19T14:55:15+02:00 command.go:185: 
TestIdempotence 2025-08-19T14:55:15+02:00 command.go:185: [1m  # module.subnet_sets["security_vpc-mgmt"].aws_route_table.this["eu-west-1a"][0m will be created
TestIdempotence 2025-08-19T14:55:15+02:00 command.go:185: [0m  [32m+[0m[0m resource "aws_route_table" "this" {
TestIdempotence 2025-08-19T14:55:15+02:00 command.go:185:       [32m+[0m[0m arn              = (known after apply)
TestIdempotence 2025-08-19T14:55:15+02:00 command.go:185:       [32m+[0m[0m id               = (known after apply)
TestIdempotence 2025-08-19T14:55:15+02:00 command.go:185:       [32m+[0m[0m owner_id         = (known after apply)
TestIdempotence 2025-08-19T14:55:15+02:00 command.go:185:       [32m+[0m[0m propagating_vgws = (known after apply)
TestIdempotence 2025-08-19T14:55:15+02:00 command.go:185:       [32m+[0m[0m route            = (known after apply)
TestIdempotence 2025-08-19T14:55:15+02:00 command.go:185:       [32m+[0m[0m tags             = {
TestIdempotence 2025-08-19T14:55:15+02:00 command.go:185:           [32m+[0m[0m "Application" = "Palo Alto Networks VM-Series NGFW"
TestIdempotence 2025-08-19T14:55:15+02:00 command.go:185:           [32m+[0m[0m "ManagedBy"   = "terraform"
TestIdempotence 2025-08-19T14:55:15+02:00 command.go:185:           [32m+[0m[0m "Name"        = "mgmta"
TestIdempotence 2025-08-19T14:55:15+02:00 command.go:185:           [32m+[0m[0m "Owner"       = "PS Team"
TestIdempotence 2025-08-19T14:55:15+02:00 command.go:185:         }
TestIdempotence 2025-08-19T14:55:15+02:00 command.go:185:       [32m+[0m[0m tags_all         = {
TestIdempotence 2025-08-19T14:55:15+02:00 command.go:185:           [32m+[0m[0m "Application" = "Palo Alto Networks VM-Series NGFW"
TestIdempotence 2025-08-19T14:55:15+02:00 command.go:185:           [32m+[0m[0m "ManagedBy"   = "terraform"
TestIdempotence 2025-08-19T14:55:15+02:00 command.go:185:           [32m+[0m[0m "Name"        = "mgmta"
TestIdempotence 2025-08-19T14:55:15+02:00 command.go:185:           [32m+[0m[0m "Owner"       = "PS Team"
TestIdempotence 2025-08-19T14:55:15+02:00 command.go:185:         }
TestIdempotence 2025-08-19T14:55:15+02:00 command.go:185:       [32m+[0m[0m vpc_id           = (known after apply)
TestIdempotence 2025-08-19T14:55:15+02:00 command.go:185:     }
TestIdempotence 2025-08-19T14:55:15+02:00 command.go:185: 
TestIdempotence 2025-08-19T14:55:15+02:00 command.go:185: [1m  # module.subnet_sets["security_vpc-mgmt"].aws_route_table.this["eu-west-1b"][0m will be created
TestIdempotence 2025-08-19T14:55:15+02:00 command.go:185: [0m  [32m+[0m[0m resource "aws_route_table" "this" {
TestIdempotence 2025-08-19T14:55:15+02:00 command.go:185:       [32m+[0m[0m arn              = (known after apply)
TestIdempotence 2025-08-19T14:55:15+02:00 command.go:185:       [32m+[0m[0m id               = (known after apply)
TestIdempotence 2025-08-19T14:55:15+02:00 command.go:185:       [32m+[0m[0m owner_id         = (known after apply)
TestIdempotence 2025-08-19T14:55:15+02:00 command.go:185:       [32m+[0m[0m propagating_vgws = (known after apply)
TestIdempotence 2025-08-19T14:55:15+02:00 command.go:185:       [32m+[0m[0m route            = (known after apply)
TestIdempotence 2025-08-19T14:55:15+02:00 command.go:185:       [32m+[0m[0m tags             = {
TestIdempotence 2025-08-19T14:55:15+02:00 command.go:185:           [32m+[0m[0m "Application" = "Palo Alto Networks VM-Series NGFW"
TestIdempotence 2025-08-19T14:55:15+02:00 command.go:185:           [32m+[0m[0m "ManagedBy"   = "terraform"
TestIdempotence 2025-08-19T14:55:15+02:00 command.go:185:           [32m+[0m[0m "Name"        = "mgmtb"
TestIdempotence 2025-08-19T14:55:15+02:00 command.go:185:           [32m+[0m[0m "Owner"       = "PS Team"
TestIdempotence 2025-08-19T14:55:15+02:00 command.go:185:         }
TestIdempotence 2025-08-19T14:55:15+02:00 command.go:185:       [32m+[0m[0m tags_all         = {
TestIdempotence 2025-08-19T14:55:15+02:00 command.go:185:           [32m+[0m[0m "Application" = "Palo Alto Networks VM-Series NGFW"
TestIdempotence 2025-08-19T14:55:15+02:00 command.go:185:           [32m+[0m[0m "ManagedBy"   = "terraform"
TestIdempotence 2025-08-19T14:55:15+02:00 command.go:185:           [32m+[0m[0m "Name"        = "mgmtb"
TestIdempotence 2025-08-19T14:55:15+02:00 command.go:185:           [32m+[0m[0m "Owner"       = "PS Team"
TestIdempotence 2025-08-19T14:55:15+02:00 command.go:185:         }
TestIdempotence 2025-08-19T14:55:15+02:00 command.go:185:       [32m+[0m[0m vpc_id           = (known after apply)
TestIdempotence 2025-08-19T14:55:15+02:00 command.go:185:     }
TestIdempotence 2025-08-19T14:55:15+02:00 command.go:185: 
TestIdempotence 2025-08-19T14:55:15+02:00 command.go:185: [1m  # module.subnet_sets["security_vpc-mgmt"].aws_route_table_association.this["eu-west-1a"][0m will be created
TestIdempotence 2025-08-19T14:55:15+02:00 command.go:185: [0m  [32m+[0m[0m resource "aws_route_table_association" "this" {
TestIdempotence 2025-08-19T14:55:15+02:00 command.go:185:       [32m+[0m[0m id             = (known after apply)
TestIdempotence 2025-08-19T14:55:15+02:00 command.go:185:       [32m+[0m[0m route_table_id = (known after apply)
TestIdempotence 2025-08-19T14:55:15+02:00 command.go:185:       [32m+[0m[0m subnet_id      = (known after apply)
TestIdempotence 2025-08-19T14:55:15+02:00 command.go:185:     }
TestIdempotence 2025-08-19T14:55:15+02:00 command.go:185: 
TestIdempotence 2025-08-19T14:55:15+02:00 command.go:185: [1m  # module.subnet_sets["security_vpc-mgmt"].aws_route_table_association.this["eu-west-1b"][0m will be created
TestIdempotence 2025-08-19T14:55:15+02:00 command.go:185: [0m  [32m+[0m[0m resource "aws_route_table_association" "this" {
TestIdempotence 2025-08-19T14:55:15+02:00 command.go:185:       [32m+[0m[0m id             = (known after apply)
TestIdempotence 2025-08-19T14:55:15+02:00 command.go:185:       [32m+[0m[0m route_table_id = (known after apply)
TestIdempotence 2025-08-19T14:55:15+02:00 command.go:185:       [32m+[0m[0m subnet_id      = (known after apply)
TestIdempotence 2025-08-19T14:55:15+02:00 command.go:185:     }
TestIdempotence 2025-08-19T14:55:15+02:00 command.go:185: 
TestIdempotence 2025-08-19T14:55:15+02:00 command.go:185: [1m  # module.subnet_sets["security_vpc-mgmt"].aws_subnet.this["eu-west-1a"][0m will be created
TestIdempotence 2025-08-19T14:55:15+02:00 command.go:185: [0m  [32m+[0m[0m resource "aws_subnet" "this" {
TestIdempotence 2025-08-19T14:55:15+02:00 command.go:185:       [32m+[0m[0m arn                                            = (known after apply)
TestIdempotence 2025-08-19T14:55:15+02:00 command.go:185:       [32m+[0m[0m assign_ipv6_address_on_creation                = false
TestIdempotence 2025-08-19T14:55:15+02:00 command.go:185:       [32m+[0m[0m availability_zone                              = "eu-west-1a"
TestIdempotence 2025-08-19T14:55:15+02:00 command.go:185:       [32m+[0m[0m availability_zone_id                           = (known after apply)
TestIdempotence 2025-08-19T14:55:15+02:00 command.go:185:       [32m+[0m[0m cidr_block                                     = "10.100.0.0/24"
TestIdempotence 2025-08-19T14:55:15+02:00 command.go:185:       [32m+[0m[0m enable_dns64                                   = false
TestIdempotence 2025-08-19T14:55:15+02:00 command.go:185:       [32m+[0m[0m enable_resource_name_dns_a_record_on_launch    = false
TestIdempotence 2025-08-19T14:55:15+02:00 command.go:185:       [32m+[0m[0m enable_resource_name_dns_aaaa_record_on_launch = false
TestIdempotence 2025-08-19T14:55:15+02:00 command.go:185:       [32m+[0m[0m id                                             = (known after apply)
TestIdempotence 2025-08-19T14:55:15+02:00 command.go:185:       [32m+[0m[0m ipv6_cidr_block_association_id                 = (known after apply)
TestIdempotence 2025-08-19T14:55:15+02:00 command.go:185:       [32m+[0m[0m ipv6_native                                    = false
TestIdempotence 2025-08-19T14:55:15+02:00 command.go:185:       [32m+[0m[0m map_public_ip_on_launch                        = false
TestIdempotence 2025-08-19T14:55:15+02:00 command.go:185:       [32m+[0m[0m owner_id                                       = (known after apply)
TestIdempotence 2025-08-19T14:55:15+02:00 command.go:185:       [32m+[0m[0m private_dns_hostname_type_on_launch            = (known after apply)
TestIdempotence 2025-08-19T14:55:15+02:00 command.go:185:       [32m+[0m[0m tags                                           = {
TestIdempotence 2025-08-19T14:55:15+02:00 command.go:185:           [32m+[0m[0m "Application" = "Palo Alto Networks VM-Series NGFW"
TestIdempotence 2025-08-19T14:55:15+02:00 command.go:185:           [32m+[0m[0m "ManagedBy"   = "terraform"
TestIdempotence 2025-08-19T14:55:15+02:00 command.go:185:           [32m+[0m[0m "Name"        = "mgmta"
TestIdempotence 2025-08-19T14:55:15+02:00 command.go:185:           [32m+[0m[0m "Owner"       = "PS Team"
TestIdempotence 2025-08-19T14:55:15+02:00 command.go:185:         }
TestIdempotence 2025-08-19T14:55:15+02:00 command.go:185:       [32m+[0m[0m tags_all                                       = {
TestIdempotence 2025-08-19T14:55:15+02:00 command.go:185:           [32m+[0m[0m "Application" = "Palo Alto Networks VM-Series NGFW"
TestIdempotence 2025-08-19T14:55:15+02:00 command.go:185:           [32m+[0m[0m "ManagedBy"   = "terraform"
TestIdempotence 2025-08-19T14:55:15+02:00 command.go:185:           [32m+[0m[0m "Name"        = "mgmta"
TestIdempotence 2025-08-19T14:55:15+02:00 command.go:185:           [32m+[0m[0m "Owner"       = "PS Team"
TestIdempotence 2025-08-19T14:55:15+02:00 command.go:185:         }
TestIdempotence 2025-08-19T14:55:15+02:00 command.go:185:       [32m+[0m[0m vpc_id                                         = (known after apply)
TestIdempotence 2025-08-19T14:55:15+02:00 command.go:185:     }
TestIdempotence 2025-08-19T14:55:15+02:00 command.go:185: 
TestIdempotence 2025-08-19T14:55:15+02:00 command.go:185: [1m  # module.subnet_sets["security_vpc-mgmt"].aws_subnet.this["eu-west-1b"][0m will be created
TestIdempotence 2025-08-19T14:55:15+02:00 command.go:185: [0m  [32m+[0m[0m resource "aws_subnet" "this" {
TestIdempotence 2025-08-19T14:55:15+02:00 command.go:185:       [32m+[0m[0m arn                                            = (known after apply)
TestIdempotence 2025-08-19T14:55:15+02:00 command.go:185:       [32m+[0m[0m assign_ipv6_address_on_creation                = false
TestIdempotence 2025-08-19T14:55:15+02:00 command.go:185:       [32m+[0m[0m availability_zone                              = "eu-west-1b"
TestIdempotence 2025-08-19T14:55:15+02:00 command.go:185:       [32m+[0m[0m availability_zone_id                           = (known after apply)
TestIdempotence 2025-08-19T14:55:15+02:00 command.go:185:       [32m+[0m[0m cidr_block                                     = "10.100.64.0/24"
TestIdempotence 2025-08-19T14:55:15+02:00 command.go:185:       [32m+[0m[0m enable_dns64                                   = false
TestIdempotence 2025-08-19T14:55:15+02:00 command.go:185:       [32m+[0m[0m enable_resource_name_dns_a_record_on_launch    = false
TestIdempotence 2025-08-19T14:55:15+02:00 command.go:185:       [32m+[0m[0m enable_resource_name_dns_aaaa_record_on_launch = false
TestIdempotence 2025-08-19T14:55:15+02:00 command.go:185:       [32m+[0m[0m id                                             = (known after apply)
TestIdempotence 2025-08-19T14:55:15+02:00 command.go:185:       [32m+[0m[0m ipv6_cidr_block_association_id                 = (known after apply)
TestIdempotence 2025-08-19T14:55:15+02:00 command.go:185:       [32m+[0m[0m ipv6_native                                    = false
TestIdempotence 2025-08-19T14:55:15+02:00 command.go:185:       [32m+[0m[0m map_public_ip_on_launch                        = false
TestIdempotence 2025-08-19T14:55:15+02:00 command.go:185:       [32m+[0m[0m owner_id                                       = (known after apply)
TestIdempotence 2025-08-19T14:55:15+02:00 command.go:185:       [32m+[0m[0m private_dns_hostname_type_on_launch            = (known after apply)
TestIdempotence 2025-08-19T14:55:15+02:00 command.go:185:       [32m+[0m[0m tags                                           = {
TestIdempotence 2025-08-19T14:55:15+02:00 command.go:185:           [32m+[0m[0m "Application" = "Palo Alto Networks VM-Series NGFW"
TestIdempotence 2025-08-19T14:55:15+02:00 command.go:185:           [32m+[0m[0m "ManagedBy"   = "terraform"
TestIdempotence 2025-08-19T14:55:15+02:00 command.go:185:           [32m+[0m[0m "Name"        = "mgmtb"
TestIdempotence 2025-08-19T14:55:15+02:00 command.go:185:           [32m+[0m[0m "Owner"       = "PS Team"
TestIdempotence 2025-08-19T14:55:15+02:00 command.go:185:         }
TestIdempotence 2025-08-19T14:55:15+02:00 command.go:185:       [32m+[0m[0m tags_all                                       = {
TestIdempotence 2025-08-19T14:55:15+02:00 command.go:185:           [32m+[0m[0m "Application" = "Palo Alto Networks VM-Series NGFW"
TestIdempotence 2025-08-19T14:55:15+02:00 command.go:185:           [32m+[0m[0m "ManagedBy"   = "terraform"
TestIdempotence 2025-08-19T14:55:15+02:00 command.go:185:           [32m+[0m[0m "Name"        = "mgmtb"
TestIdempotence 2025-08-19T14:55:15+02:00 command.go:185:           [32m+[0m[0m "Owner"       = "PS Team"
TestIdempotence 2025-08-19T14:55:15+02:00 command.go:185:         }
TestIdempotence 2025-08-19T14:55:15+02:00 command.go:185:       [32m+[0m[0m vpc_id                                         = (known after apply)
TestIdempotence 2025-08-19T14:55:15+02:00 command.go:185:     }
TestIdempotence 2025-08-19T14:55:15+02:00 command.go:185: 
TestIdempotence 2025-08-19T14:55:15+02:00 command.go:185: [1m  # module.subnet_sets["security_vpc-nlb"].aws_route_table.this["eu-west-1a"][0m will be created
TestIdempotence 2025-08-19T14:55:15+02:00 command.go:185: [0m  [32m+[0m[0m resource "aws_route_table" "this" {
TestIdempotence 2025-08-19T14:55:15+02:00 command.go:185:       [32m+[0m[0m arn              = (known after apply)
TestIdempotence 2025-08-19T14:55:15+02:00 command.go:185:       [32m+[0m[0m id               = (known after apply)
TestIdempotence 2025-08-19T14:55:15+02:00 command.go:185:       [32m+[0m[0m owner_id         = (known after apply)
TestIdempotence 2025-08-19T14:55:15+02:00 command.go:185:       [32m+[0m[0m propagating_vgws = (known after apply)
TestIdempotence 2025-08-19T14:55:15+02:00 command.go:185:       [32m+[0m[0m route            = (known after apply)
TestIdempotence 2025-08-19T14:55:15+02:00 command.go:185:       [32m+[0m[0m tags             = {
TestIdempotence 2025-08-19T14:55:15+02:00 command.go:185:           [32m+[0m[0m "Application" = "Palo Alto Networks VM-Series NGFW"
TestIdempotence 2025-08-19T14:55:15+02:00 command.go:185:           [32m+[0m[0m "ManagedBy"   = "terraform"
TestIdempotence 2025-08-19T14:55:15+02:00 command.go:185:           [32m+[0m[0m "Name"        = "nlba"
TestIdempotence 2025-08-19T14:55:15+02:00 command.go:185:           [32m+[0m[0m "Owner"       = "PS Team"
TestIdempotence 2025-08-19T14:55:15+02:00 command.go:185:         }
TestIdempotence 2025-08-19T14:55:15+02:00 command.go:185:       [32m+[0m[0m tags_all         = {
TestIdempotence 2025-08-19T14:55:15+02:00 command.go:185:           [32m+[0m[0m "Application" = "Palo Alto Networks VM-Series NGFW"
TestIdempotence 2025-08-19T14:55:15+02:00 command.go:185:           [32m+[0m[0m "ManagedBy"   = "terraform"
TestIdempotence 2025-08-19T14:55:15+02:00 command.go:185:           [32m+[0m[0m "Name"        = "nlba"
TestIdempotence 2025-08-19T14:55:15+02:00 command.go:185:           [32m+[0m[0m "Owner"       = "PS Team"
TestIdempotence 2025-08-19T14:55:15+02:00 command.go:185:         }
TestIdempotence 2025-08-19T14:55:15+02:00 command.go:185:       [32m+[0m[0m vpc_id           = (known after apply)
TestIdempotence 2025-08-19T14:55:15+02:00 command.go:185:     }
TestIdempotence 2025-08-19T14:55:15+02:00 command.go:185: 
TestIdempotence 2025-08-19T14:55:15+02:00 command.go:185: [1m  # module.subnet_sets["security_vpc-nlb"].aws_route_table.this["eu-west-1b"][0m will be created
TestIdempotence 2025-08-19T14:55:15+02:00 command.go:185: [0m  [32m+[0m[0m resource "aws_route_table" "this" {
TestIdempotence 2025-08-19T14:55:15+02:00 command.go:185:       [32m+[0m[0m arn              = (known after apply)
TestIdempotence 2025-08-19T14:55:15+02:00 command.go:185:       [32m+[0m[0m id               = (known after apply)
TestIdempotence 2025-08-19T14:55:15+02:00 command.go:185:       [32m+[0m[0m owner_id         = (known after apply)
TestIdempotence 2025-08-19T14:55:15+02:00 command.go:185:       [32m+[0m[0m propagating_vgws = (known after apply)
TestIdempotence 2025-08-19T14:55:15+02:00 command.go:185:       [32m+[0m[0m route            = (known after apply)
TestIdempotence 2025-08-19T14:55:15+02:00 command.go:185:       [32m+[0m[0m tags             = {
TestIdempotence 2025-08-19T14:55:15+02:00 command.go:185:           [32m+[0m[0m "Application" = "Palo Alto Networks VM-Series NGFW"
TestIdempotence 2025-08-19T14:55:15+02:00 command.go:185:           [32m+[0m[0m "ManagedBy"   = "terraform"
TestIdempotence 2025-08-19T14:55:15+02:00 command.go:185:           [32m+[0m[0m "Name"        = "nlbb"
TestIdempotence 2025-08-19T14:55:15+02:00 command.go:185:           [32m+[0m[0m "Owner"       = "PS Team"
TestIdempotence 2025-08-19T14:55:15+02:00 command.go:185:         }
TestIdempotence 2025-08-19T14:55:15+02:00 command.go:185:       [32m+[0m[0m tags_all         = {
TestIdempotence 2025-08-19T14:55:15+02:00 command.go:185:           [32m+[0m[0m "Application" = "Palo Alto Networks VM-Series NGFW"
TestIdempotence 2025-08-19T14:55:15+02:00 command.go:185:           [32m+[0m[0m "ManagedBy"   = "terraform"
TestIdempotence 2025-08-19T14:55:15+02:00 command.go:185:           [32m+[0m[0m "Name"        = "nlbb"
TestIdempotence 2025-08-19T14:55:15+02:00 command.go:185:           [32m+[0m[0m "Owner"       = "PS Team"
TestIdempotence 2025-08-19T14:55:15+02:00 command.go:185:         }
TestIdempotence 2025-08-19T14:55:15+02:00 command.go:185:       [32m+[0m[0m vpc_id           = (known after apply)
TestIdempotence 2025-08-19T14:55:15+02:00 command.go:185:     }
TestIdempotence 2025-08-19T14:55:15+02:00 command.go:185: 
TestIdempotence 2025-08-19T14:55:15+02:00 command.go:185: [1m  # module.subnet_sets["security_vpc-nlb"].aws_route_table_association.this["eu-west-1a"][0m will be created
TestIdempotence 2025-08-19T14:55:15+02:00 command.go:185: [0m  [32m+[0m[0m resource "aws_route_table_association" "this" {
TestIdempotence 2025-08-19T14:55:15+02:00 command.go:185:       [32m+[0m[0m id             = (known after apply)
TestIdempotence 2025-08-19T14:55:15+02:00 command.go:185:       [32m+[0m[0m route_table_id = (known after apply)
TestIdempotence 2025-08-19T14:55:15+02:00 command.go:185:       [32m+[0m[0m subnet_id      = (known after apply)
TestIdempotence 2025-08-19T14:55:15+02:00 command.go:185:     }
TestIdempotence 2025-08-19T14:55:15+02:00 command.go:185: 
TestIdempotence 2025-08-19T14:55:15+02:00 command.go:185: [1m  # module.subnet_sets["security_vpc-nlb"].aws_route_table_association.this["eu-west-1b"][0m will be created
TestIdempotence 2025-08-19T14:55:15+02:00 command.go:185: [0m  [32m+[0m[0m resource "aws_route_table_association" "this" {
TestIdempotence 2025-08-19T14:55:15+02:00 command.go:185:       [32m+[0m[0m id             = (known after apply)
TestIdempotence 2025-08-19T14:55:15+02:00 command.go:185:       [32m+[0m[0m route_table_id = (known after apply)
TestIdempotence 2025-08-19T14:55:15+02:00 command.go:185:       [32m+[0m[0m subnet_id      = (known after apply)
TestIdempotence 2025-08-19T14:55:15+02:00 command.go:185:     }
TestIdempotence 2025-08-19T14:55:15+02:00 command.go:185: 
TestIdempotence 2025-08-19T14:55:15+02:00 command.go:185: [1m  # module.subnet_sets["security_vpc-nlb"].aws_subnet.this["eu-west-1a"][0m will be created
TestIdempotence 2025-08-19T14:55:15+02:00 command.go:185: [0m  [32m+[0m[0m resource "aws_subnet" "this" {
TestIdempotence 2025-08-19T14:55:15+02:00 command.go:185:       [32m+[0m[0m arn                                            = (known after apply)
TestIdempotence 2025-08-19T14:55:15+02:00 command.go:185:       [32m+[0m[0m assign_ipv6_address_on_creation                = false
TestIdempotence 2025-08-19T14:55:15+02:00 command.go:185:       [32m+[0m[0m availability_zone                              = "eu-west-1a"
TestIdempotence 2025-08-19T14:55:15+02:00 command.go:185:       [32m+[0m[0m availability_zone_id                           = (known after apply)
TestIdempotence 2025-08-19T14:55:15+02:00 command.go:185:       [32m+[0m[0m cidr_block                                     = "10.100.7.0/24"
TestIdempotence 2025-08-19T14:55:15+02:00 command.go:185:       [32m+[0m[0m enable_dns64                                   = false
TestIdempotence 2025-08-19T14:55:15+02:00 command.go:185:       [32m+[0m[0m enable_resource_name_dns_a_record_on_launch    = false
TestIdempotence 2025-08-19T14:55:15+02:00 command.go:185:       [32m+[0m[0m enable_resource_name_dns_aaaa_record_on_launch = false
TestIdempotence 2025-08-19T14:55:15+02:00 command.go:185:       [32m+[0m[0m id                                             = (known after apply)
TestIdempotence 2025-08-19T14:55:15+02:00 command.go:185:       [32m+[0m[0m ipv6_cidr_block_association_id                 = (known after apply)
TestIdempotence 2025-08-19T14:55:15+02:00 command.go:185:       [32m+[0m[0m ipv6_native                                    = false
TestIdempotence 2025-08-19T14:55:15+02:00 command.go:185:       [32m+[0m[0m map_public_ip_on_launch                        = false
TestIdempotence 2025-08-19T14:55:15+02:00 command.go:185:       [32m+[0m[0m owner_id                                       = (known after apply)
TestIdempotence 2025-08-19T14:55:15+02:00 command.go:185:       [32m+[0m[0m private_dns_hostname_type_on_launch            = (known after apply)
TestIdempotence 2025-08-19T14:55:15+02:00 command.go:185:       [32m+[0m[0m tags                                           = {
TestIdempotence 2025-08-19T14:55:15+02:00 command.go:185:           [32m+[0m[0m "Application" = "Palo Alto Networks VM-Series NGFW"
TestIdempotence 2025-08-19T14:55:15+02:00 command.go:185:           [32m+[0m[0m "ManagedBy"   = "terraform"
TestIdempotence 2025-08-19T14:55:15+02:00 command.go:185:           [32m+[0m[0m "Name"        = "nlba"
TestIdempotence 2025-08-19T14:55:15+02:00 command.go:185:           [32m+[0m[0m "Owner"       = "PS Team"
TestIdempotence 2025-08-19T14:55:15+02:00 command.go:185:         }
TestIdempotence 2025-08-19T14:55:15+02:00 command.go:185:       [32m+[0m[0m tags_all                                       = {
TestIdempotence 2025-08-19T14:55:15+02:00 command.go:185:           [32m+[0m[0m "Application" = "Palo Alto Networks VM-Series NGFW"
TestIdempotence 2025-08-19T14:55:15+02:00 command.go:185:           [32m+[0m[0m "ManagedBy"   = "terraform"
TestIdempotence 2025-08-19T14:55:15+02:00 command.go:185:           [32m+[0m[0m "Name"        = "nlba"
TestIdempotence 2025-08-19T14:55:15+02:00 command.go:185:           [32m+[0m[0m "Owner"       = "PS Team"
TestIdempotence 2025-08-19T14:55:15+02:00 command.go:185:         }
TestIdempotence 2025-08-19T14:55:15+02:00 command.go:185:       [32m+[0m[0m vpc_id                                         = (known after apply)
TestIdempotence 2025-08-19T14:55:15+02:00 command.go:185:     }
TestIdempotence 2025-08-19T14:55:15+02:00 command.go:185: 
TestIdempotence 2025-08-19T14:55:15+02:00 command.go:185: [1m  # module.subnet_sets["security_vpc-nlb"].aws_subnet.this["eu-west-1b"][0m will be created
TestIdempotence 2025-08-19T14:55:15+02:00 command.go:185: [0m  [32m+[0m[0m resource "aws_subnet" "this" {
TestIdempotence 2025-08-19T14:55:15+02:00 command.go:185:       [32m+[0m[0m arn                                            = (known after apply)
TestIdempotence 2025-08-19T14:55:15+02:00 command.go:185:       [32m+[0m[0m assign_ipv6_address_on_creation                = false
TestIdempotence 2025-08-19T14:55:15+02:00 command.go:185:       [32m+[0m[0m availability_zone                              = "eu-west-1b"
TestIdempotence 2025-08-19T14:55:15+02:00 command.go:185:       [32m+[0m[0m availability_zone_id                           = (known after apply)
TestIdempotence 2025-08-19T14:55:15+02:00 command.go:185:       [32m+[0m[0m cidr_block                                     = "10.100.71.0/24"
TestIdempotence 2025-08-19T14:55:15+02:00 command.go:185:       [32m+[0m[0m enable_dns64                                   = false
TestIdempotence 2025-08-19T14:55:15+02:00 command.go:185:       [32m+[0m[0m enable_resource_name_dns_a_record_on_launch    = false
TestIdempotence 2025-08-19T14:55:15+02:00 command.go:185:       [32m+[0m[0m enable_resource_name_dns_aaaa_record_on_launch = false
TestIdempotence 2025-08-19T14:55:15+02:00 command.go:185:       [32m+[0m[0m id                                             = (known after apply)
TestIdempotence 2025-08-19T14:55:15+02:00 command.go:185:       [32m+[0m[0m ipv6_cidr_block_association_id                 = (known after apply)
TestIdempotence 2025-08-19T14:55:15+02:00 command.go:185:       [32m+[0m[0m ipv6_native                                    = false
TestIdempotence 2025-08-19T14:55:15+02:00 command.go:185:       [32m+[0m[0m map_public_ip_on_launch                        = false
TestIdempotence 2025-08-19T14:55:15+02:00 command.go:185:       [32m+[0m[0m owner_id                                       = (known after apply)
TestIdempotence 2025-08-19T14:55:15+02:00 command.go:185:       [32m+[0m[0m private_dns_hostname_type_on_launch            = (known after apply)
TestIdempotence 2025-08-19T14:55:15+02:00 command.go:185:       [32m+[0m[0m tags                                           = {
TestIdempotence 2025-08-19T14:55:15+02:00 command.go:185:           [32m+[0m[0m "Application" = "Palo Alto Networks VM-Series NGFW"
TestIdempotence 2025-08-19T14:55:15+02:00 command.go:185:           [32m+[0m[0m "ManagedBy"   = "terraform"
TestIdempotence 2025-08-19T14:55:15+02:00 command.go:185:           [32m+[0m[0m "Name"        = "nlbb"
TestIdempotence 2025-08-19T14:55:15+02:00 command.go:185:           [32m+[0m[0m "Owner"       = "PS Team"
TestIdempotence 2025-08-19T14:55:15+02:00 command.go:185:         }
TestIdempotence 2025-08-19T14:55:15+02:00 command.go:185:       [32m+[0m[0m tags_all                                       = {
TestIdempotence 2025-08-19T14:55:15+02:00 command.go:185:           [32m+[0m[0m "Application" = "Palo Alto Networks VM-Series NGFW"
TestIdempotence 2025-08-19T14:55:15+02:00 command.go:185:           [32m+[0m[0m "ManagedBy"   = "terraform"
TestIdempotence 2025-08-19T14:55:15+02:00 command.go:185:           [32m+[0m[0m "Name"        = "nlbb"
TestIdempotence 2025-08-19T14:55:15+02:00 command.go:185:           [32m+[0m[0m "Owner"       = "PS Team"
TestIdempotence 2025-08-19T14:55:15+02:00 command.go:185:         }
TestIdempotence 2025-08-19T14:55:15+02:00 command.go:185:       [32m+[0m[0m vpc_id                                         = (known after apply)
TestIdempotence 2025-08-19T14:55:15+02:00 command.go:185:     }
TestIdempotence 2025-08-19T14:55:15+02:00 command.go:185: 
TestIdempotence 2025-08-19T14:55:15+02:00 command.go:185: [1m  # module.subnet_sets["security_vpc-private"].aws_network_acl_association.main["eu-west-1a"][0m will be created
TestIdempotence 2025-08-19T14:55:15+02:00 command.go:185: [0m  [32m+[0m[0m resource "aws_network_acl_association" "main" {
TestIdempotence 2025-08-19T14:55:15+02:00 command.go:185:       [32m+[0m[0m id             = (known after apply)
TestIdempotence 2025-08-19T14:55:15+02:00 command.go:185:       [32m+[0m[0m network_acl_id = (known after apply)
TestIdempotence 2025-08-19T14:55:15+02:00 command.go:185:       [32m+[0m[0m subnet_id      = (known after apply)
TestIdempotence 2025-08-19T14:55:15+02:00 command.go:185:     }
TestIdempotence 2025-08-19T14:55:15+02:00 command.go:185: 
TestIdempotence 2025-08-19T14:55:15+02:00 command.go:185: [1m  # module.subnet_sets["security_vpc-private"].aws_network_acl_association.main["eu-west-1b"][0m will be created
TestIdempotence 2025-08-19T14:55:15+02:00 command.go:185: [0m  [32m+[0m[0m resource "aws_network_acl_association" "main" {
TestIdempotence 2025-08-19T14:55:15+02:00 command.go:185:       [32m+[0m[0m id             = (known after apply)
TestIdempotence 2025-08-19T14:55:15+02:00 command.go:185:       [32m+[0m[0m network_acl_id = (known after apply)
TestIdempotence 2025-08-19T14:55:15+02:00 command.go:185:       [32m+[0m[0m subnet_id      = (known after apply)
TestIdempotence 2025-08-19T14:55:15+02:00 command.go:185:     }
TestIdempotence 2025-08-19T14:55:15+02:00 command.go:185: 
TestIdempotence 2025-08-19T14:55:15+02:00 command.go:185: [1m  # module.subnet_sets["security_vpc-private"].aws_route_table.this["eu-west-1a"][0m will be created
TestIdempotence 2025-08-19T14:55:15+02:00 command.go:185: [0m  [32m+[0m[0m resource "aws_route_table" "this" {
TestIdempotence 2025-08-19T14:55:15+02:00 command.go:185:       [32m+[0m[0m arn              = (known after apply)
TestIdempotence 2025-08-19T14:55:15+02:00 command.go:185:       [32m+[0m[0m id               = (known after apply)
TestIdempotence 2025-08-19T14:55:15+02:00 command.go:185:       [32m+[0m[0m owner_id         = (known after apply)
TestIdempotence 2025-08-19T14:55:15+02:00 command.go:185:       [32m+[0m[0m propagating_vgws = (known after apply)
TestIdempotence 2025-08-19T14:55:15+02:00 command.go:185:       [32m+[0m[0m route            = (known after apply)
TestIdempotence 2025-08-19T14:55:15+02:00 command.go:185:       [32m+[0m[0m tags             = {
TestIdempotence 2025-08-19T14:55:15+02:00 command.go:185:           [32m+[0m[0m "Application" = "Palo Alto Networks VM-Series NGFW"
TestIdempotence 2025-08-19T14:55:15+02:00 command.go:185:           [32m+[0m[0m "ManagedBy"   = "terraform"
TestIdempotence 2025-08-19T14:55:15+02:00 command.go:185:           [32m+[0m[0m "Name"        = "privatea"
TestIdempotence 2025-08-19T14:55:15+02:00 command.go:185:           [32m+[0m[0m "Owner"       = "PS Team"
TestIdempotence 2025-08-19T14:55:15+02:00 command.go:185:         }
TestIdempotence 2025-08-19T14:55:15+02:00 command.go:185:       [32m+[0m[0m tags_all         = {
TestIdempotence 2025-08-19T14:55:15+02:00 command.go:185:           [32m+[0m[0m "Application" = "Palo Alto Networks VM-Series NGFW"
TestIdempotence 2025-08-19T14:55:15+02:00 command.go:185:           [32m+[0m[0m "ManagedBy"   = "terraform"
TestIdempotence 2025-08-19T14:55:15+02:00 command.go:185:           [32m+[0m[0m "Name"        = "privatea"
TestIdempotence 2025-08-19T14:55:15+02:00 command.go:185:           [32m+[0m[0m "Owner"       = "PS Team"
TestIdempotence 2025-08-19T14:55:15+02:00 command.go:185:         }
TestIdempotence 2025-08-19T14:55:15+02:00 command.go:185:       [32m+[0m[0m vpc_id           = (known after apply)
TestIdempotence 2025-08-19T14:55:15+02:00 command.go:185:     }
TestIdempotence 2025-08-19T14:55:15+02:00 command.go:185: 
TestIdempotence 2025-08-19T14:55:15+02:00 command.go:185: [1m  # module.subnet_sets["security_vpc-private"].aws_route_table.this["eu-west-1b"][0m will be created
TestIdempotence 2025-08-19T14:55:15+02:00 command.go:185: [0m  [32m+[0m[0m resource "aws_route_table" "this" {
TestIdempotence 2025-08-19T14:55:15+02:00 command.go:185:       [32m+[0m[0m arn              = (known after apply)
TestIdempotence 2025-08-19T14:55:15+02:00 command.go:185:       [32m+[0m[0m id               = (known after apply)
TestIdempotence 2025-08-19T14:55:15+02:00 command.go:185:       [32m+[0m[0m owner_id         = (known after apply)
TestIdempotence 2025-08-19T14:55:15+02:00 command.go:185:       [32m+[0m[0m propagating_vgws = (known after apply)
TestIdempotence 2025-08-19T14:55:15+02:00 command.go:185:       [32m+[0m[0m route            = (known after apply)
TestIdempotence 2025-08-19T14:55:15+02:00 command.go:185:       [32m+[0m[0m tags             = {
TestIdempotence 2025-08-19T14:55:15+02:00 command.go:185:           [32m+[0m[0m "Application" = "Palo Alto Networks VM-Series NGFW"
TestIdempotence 2025-08-19T14:55:15+02:00 command.go:185:           [32m+[0m[0m "ManagedBy"   = "terraform"
TestIdempotence 2025-08-19T14:55:15+02:00 command.go:185:           [32m+[0m[0m "Name"        = "privateb"
TestIdempotence 2025-08-19T14:55:15+02:00 command.go:185:           [32m+[0m[0m "Owner"       = "PS Team"
TestIdempotence 2025-08-19T14:55:15+02:00 command.go:185:         }
TestIdempotence 2025-08-19T14:55:15+02:00 command.go:185:       [32m+[0m[0m tags_all         = {
TestIdempotence 2025-08-19T14:55:15+02:00 command.go:185:           [32m+[0m[0m "Application" = "Palo Alto Networks VM-Series NGFW"
TestIdempotence 2025-08-19T14:55:15+02:00 command.go:185:           [32m+[0m[0m "ManagedBy"   = "terraform"
TestIdempotence 2025-08-19T14:55:15+02:00 command.go:185:           [32m+[0m[0m "Name"        = "privateb"
TestIdempotence 2025-08-19T14:55:15+02:00 command.go:185:           [32m+[0m[0m "Owner"       = "PS Team"
TestIdempotence 2025-08-19T14:55:15+02:00 command.go:185:         }
TestIdempotence 2025-08-19T14:55:15+02:00 command.go:185:       [32m+[0m[0m vpc_id           = (known after apply)
TestIdempotence 2025-08-19T14:55:15+02:00 command.go:185:     }
TestIdempotence 2025-08-19T14:55:15+02:00 command.go:185: 
TestIdempotence 2025-08-19T14:55:15+02:00 command.go:185: [1m  # module.subnet_sets["security_vpc-private"].aws_route_table_association.this["eu-west-1a"][0m will be created
TestIdempotence 2025-08-19T14:55:15+02:00 command.go:185: [0m  [32m+[0m[0m resource "aws_route_table_association" "this" {
TestIdempotence 2025-08-19T14:55:15+02:00 command.go:185:       [32m+[0m[0m id             = (known after apply)
TestIdempotence 2025-08-19T14:55:15+02:00 command.go:185:       [32m+[0m[0m route_table_id = (known after apply)
TestIdempotence 2025-08-19T14:55:15+02:00 command.go:185:       [32m+[0m[0m subnet_id      = (known after apply)
TestIdempotence 2025-08-19T14:55:15+02:00 command.go:185:     }
TestIdempotence 2025-08-19T14:55:15+02:00 command.go:185: 
TestIdempotence 2025-08-19T14:55:15+02:00 command.go:185: [1m  # module.subnet_sets["security_vpc-private"].aws_route_table_association.this["eu-west-1b"][0m will be created
TestIdempotence 2025-08-19T14:55:15+02:00 command.go:185: [0m  [32m+[0m[0m resource "aws_route_table_association" "this" {
TestIdempotence 2025-08-19T14:55:15+02:00 command.go:185:       [32m+[0m[0m id             = (known after apply)
TestIdempotence 2025-08-19T14:55:15+02:00 command.go:185:       [32m+[0m[0m route_table_id = (known after apply)
TestIdempotence 2025-08-19T14:55:15+02:00 command.go:185:       [32m+[0m[0m subnet_id      = (known after apply)
TestIdempotence 2025-08-19T14:55:15+02:00 command.go:185:     }
TestIdempotence 2025-08-19T14:55:15+02:00 command.go:185: 
TestIdempotence 2025-08-19T14:55:15+02:00 command.go:185: [1m  # module.subnet_sets["security_vpc-private"].aws_subnet.this["eu-west-1a"][0m will be created
TestIdempotence 2025-08-19T14:55:15+02:00 command.go:185: [0m  [32m+[0m[0m resource "aws_subnet" "this" {
TestIdempotence 2025-08-19T14:55:15+02:00 command.go:185:       [32m+[0m[0m arn                                            = (known after apply)
TestIdempotence 2025-08-19T14:55:15+02:00 command.go:185:       [32m+[0m[0m assign_ipv6_address_on_creation                = false
TestIdempotence 2025-08-19T14:55:15+02:00 command.go:185:       [32m+[0m[0m availability_zone                              = "eu-west-1a"
TestIdempotence 2025-08-19T14:55:15+02:00 command.go:185:       [32m+[0m[0m availability_zone_id                           = (known after apply)
TestIdempotence 2025-08-19T14:55:15+02:00 command.go:185:       [32m+[0m[0m cidr_block                                     = "10.100.1.0/24"
TestIdempotence 2025-08-19T14:55:15+02:00 command.go:185:       [32m+[0m[0m enable_dns64                                   = false
TestIdempotence 2025-08-19T14:55:15+02:00 command.go:185:       [32m+[0m[0m enable_resource_name_dns_a_record_on_launch    = false
TestIdempotence 2025-08-19T14:55:15+02:00 command.go:185:       [32m+[0m[0m enable_resource_name_dns_aaaa_record_on_launch = false
TestIdempotence 2025-08-19T14:55:15+02:00 command.go:185:       [32m+[0m[0m id                                             = (known after apply)
TestIdempotence 2025-08-19T14:55:15+02:00 command.go:185:       [32m+[0m[0m ipv6_cidr_block_association_id                 = (known after apply)
TestIdempotence 2025-08-19T14:55:15+02:00 command.go:185:       [32m+[0m[0m ipv6_native                                    = false
TestIdempotence 2025-08-19T14:55:15+02:00 command.go:185:       [32m+[0m[0m map_public_ip_on_launch                        = false
TestIdempotence 2025-08-19T14:55:15+02:00 command.go:185:       [32m+[0m[0m owner_id                                       = (known after apply)
TestIdempotence 2025-08-19T14:55:15+02:00 command.go:185:       [32m+[0m[0m private_dns_hostname_type_on_launch            = (known after apply)
TestIdempotence 2025-08-19T14:55:15+02:00 command.go:185:       [32m+[0m[0m tags                                           = {
TestIdempotence 2025-08-19T14:55:15+02:00 command.go:185:           [32m+[0m[0m "Application" = "Palo Alto Networks VM-Series NGFW"
TestIdempotence 2025-08-19T14:55:15+02:00 command.go:185:           [32m+[0m[0m "ManagedBy"   = "terraform"
TestIdempotence 2025-08-19T14:55:15+02:00 command.go:185:           [32m+[0m[0m "Name"        = "privatea"
TestIdempotence 2025-08-19T14:55:15+02:00 command.go:185:           [32m+[0m[0m "Owner"       = "PS Team"
TestIdempotence 2025-08-19T14:55:15+02:00 command.go:185:         }
TestIdempotence 2025-08-19T14:55:15+02:00 command.go:185:       [32m+[0m[0m tags_all                                       = {
TestIdempotence 2025-08-19T14:55:15+02:00 command.go:185:           [32m+[0m[0m "Application" = "Palo Alto Networks VM-Series NGFW"
TestIdempotence 2025-08-19T14:55:15+02:00 command.go:185:           [32m+[0m[0m "ManagedBy"   = "terraform"
TestIdempotence 2025-08-19T14:55:15+02:00 command.go:185:           [32m+[0m[0m "Name"        = "privatea"
TestIdempotence 2025-08-19T14:55:15+02:00 command.go:185:           [32m+[0m[0m "Owner"       = "PS Team"
TestIdempotence 2025-08-19T14:55:15+02:00 command.go:185:         }
TestIdempotence 2025-08-19T14:55:15+02:00 command.go:185:       [32m+[0m[0m vpc_id                                         = (known after apply)
TestIdempotence 2025-08-19T14:55:15+02:00 command.go:185:     }
TestIdempotence 2025-08-19T14:55:15+02:00 command.go:185: 
TestIdempotence 2025-08-19T14:55:15+02:00 command.go:185: [1m  # module.subnet_sets["security_vpc-private"].aws_subnet.this["eu-west-1b"][0m will be created
TestIdempotence 2025-08-19T14:55:15+02:00 command.go:185: [0m  [32m+[0m[0m resource "aws_subnet" "this" {
TestIdempotence 2025-08-19T14:55:15+02:00 command.go:185:       [32m+[0m[0m arn                                            = (known after apply)
TestIdempotence 2025-08-19T14:55:15+02:00 command.go:185:       [32m+[0m[0m assign_ipv6_address_on_creation                = false
TestIdempotence 2025-08-19T14:55:15+02:00 command.go:185:       [32m+[0m[0m availability_zone                              = "eu-west-1b"
TestIdempotence 2025-08-19T14:55:15+02:00 command.go:185:       [32m+[0m[0m availability_zone_id                           = (known after apply)
TestIdempotence 2025-08-19T14:55:15+02:00 command.go:185:       [32m+[0m[0m cidr_block                                     = "10.100.65.0/24"
TestIdempotence 2025-08-19T14:55:15+02:00 command.go:185:       [32m+[0m[0m enable_dns64                                   = false
TestIdempotence 2025-08-19T14:55:15+02:00 command.go:185:       [32m+[0m[0m enable_resource_name_dns_a_record_on_launch    = false
TestIdempotence 2025-08-19T14:55:15+02:00 command.go:185:       [32m+[0m[0m enable_resource_name_dns_aaaa_record_on_launch = false
TestIdempotence 2025-08-19T14:55:15+02:00 command.go:185:       [32m+[0m[0m id                                             = (known after apply)
TestIdempotence 2025-08-19T14:55:15+02:00 command.go:185:       [32m+[0m[0m ipv6_cidr_block_association_id                 = (known after apply)
TestIdempotence 2025-08-19T14:55:15+02:00 command.go:185:       [32m+[0m[0m ipv6_native                                    = false
TestIdempotence 2025-08-19T14:55:15+02:00 command.go:185:       [32m+[0m[0m map_public_ip_on_launch                        = false
TestIdempotence 2025-08-19T14:55:15+02:00 command.go:185:       [32m+[0m[0m owner_id                                       = (known after apply)
TestIdempotence 2025-08-19T14:55:15+02:00 command.go:185:       [32m+[0m[0m private_dns_hostname_type_on_launch            = (known after apply)
TestIdempotence 2025-08-19T14:55:15+02:00 command.go:185:       [32m+[0m[0m tags                                           = {
TestIdempotence 2025-08-19T14:55:15+02:00 command.go:185:           [32m+[0m[0m "Application" = "Palo Alto Networks VM-Series NGFW"
TestIdempotence 2025-08-19T14:55:15+02:00 command.go:185:           [32m+[0m[0m "ManagedBy"   = "terraform"
TestIdempotence 2025-08-19T14:55:15+02:00 command.go:185:           [32m+[0m[0m "Name"        = "privateb"
TestIdempotence 2025-08-19T14:55:15+02:00 command.go:185:           [32m+[0m[0m "Owner"       = "PS Team"
TestIdempotence 2025-08-19T14:55:15+02:00 command.go:185:         }
TestIdempotence 2025-08-19T14:55:15+02:00 command.go:185:       [32m+[0m[0m tags_all                                       = {
TestIdempotence 2025-08-19T14:55:15+02:00 command.go:185:           [32m+[0m[0m "Application" = "Palo Alto Networks VM-Series NGFW"
TestIdempotence 2025-08-19T14:55:15+02:00 command.go:185:           [32m+[0m[0m "ManagedBy"   = "terraform"
TestIdempotence 2025-08-19T14:55:15+02:00 command.go:185:           [32m+[0m[0m "Name"        = "privateb"
TestIdempotence 2025-08-19T14:55:15+02:00 command.go:185:           [32m+[0m[0m "Owner"       = "PS Team"
TestIdempotence 2025-08-19T14:55:15+02:00 command.go:185:         }
TestIdempotence 2025-08-19T14:55:15+02:00 command.go:185:       [32m+[0m[0m vpc_id                                         = (known after apply)
TestIdempotence 2025-08-19T14:55:15+02:00 command.go:185:     }
TestIdempotence 2025-08-19T14:55:15+02:00 command.go:185: 
TestIdempotence 2025-08-19T14:55:15+02:00 command.go:185: [1m  # module.subnet_sets["security_vpc-public"].aws_route_table.this["eu-west-1a"][0m will be created
TestIdempotence 2025-08-19T14:55:15+02:00 command.go:185: [0m  [32m+[0m[0m resource "aws_route_table" "this" {
TestIdempotence 2025-08-19T14:55:15+02:00 command.go:185:       [32m+[0m[0m arn              = (known after apply)
TestIdempotence 2025-08-19T14:55:15+02:00 command.go:185:       [32m+[0m[0m id               = (known after apply)
TestIdempotence 2025-08-19T14:55:15+02:00 command.go:185:       [32m+[0m[0m owner_id         = (known after apply)
TestIdempotence 2025-08-19T14:55:15+02:00 command.go:185:       [32m+[0m[0m propagating_vgws = (known after apply)
TestIdempotence 2025-08-19T14:55:15+02:00 command.go:185:       [32m+[0m[0m route            = (known after apply)
TestIdempotence 2025-08-19T14:55:15+02:00 command.go:185:       [32m+[0m[0m tags             = {
TestIdempotence 2025-08-19T14:55:15+02:00 command.go:185:           [32m+[0m[0m "Application" = "Palo Alto Networks VM-Series NGFW"
TestIdempotence 2025-08-19T14:55:15+02:00 command.go:185:           [32m+[0m[0m "ManagedBy"   = "terraform"
TestIdempotence 2025-08-19T14:55:15+02:00 command.go:185:           [32m+[0m[0m "Name"        = "publica"
TestIdempotence 2025-08-19T14:55:15+02:00 command.go:185:           [32m+[0m[0m "Owner"       = "PS Team"
TestIdempotence 2025-08-19T14:55:15+02:00 command.go:185:         }
TestIdempotence 2025-08-19T14:55:15+02:00 command.go:185:       [32m+[0m[0m tags_all         = {
TestIdempotence 2025-08-19T14:55:15+02:00 command.go:185:           [32m+[0m[0m "Application" = "Palo Alto Networks VM-Series NGFW"
TestIdempotence 2025-08-19T14:55:15+02:00 command.go:185:           [32m+[0m[0m "ManagedBy"   = "terraform"
TestIdempotence 2025-08-19T14:55:15+02:00 command.go:185:           [32m+[0m[0m "Name"        = "publica"
TestIdempotence 2025-08-19T14:55:15+02:00 command.go:185:           [32m+[0m[0m "Owner"       = "PS Team"
TestIdempotence 2025-08-19T14:55:15+02:00 command.go:185:         }
TestIdempotence 2025-08-19T14:55:15+02:00 command.go:185:       [32m+[0m[0m vpc_id           = (known after apply)
TestIdempotence 2025-08-19T14:55:15+02:00 command.go:185:     }
TestIdempotence 2025-08-19T14:55:15+02:00 command.go:185: 
TestIdempotence 2025-08-19T14:55:15+02:00 command.go:185: [1m  # module.subnet_sets["security_vpc-public"].aws_route_table.this["eu-west-1b"][0m will be created
TestIdempotence 2025-08-19T14:55:15+02:00 command.go:185: [0m  [32m+[0m[0m resource "aws_route_table" "this" {
TestIdempotence 2025-08-19T14:55:15+02:00 command.go:185:       [32m+[0m[0m arn              = (known after apply)
TestIdempotence 2025-08-19T14:55:15+02:00 command.go:185:       [32m+[0m[0m id               = (known after apply)
TestIdempotence 2025-08-19T14:55:15+02:00 command.go:185:       [32m+[0m[0m owner_id         = (known after apply)
TestIdempotence 2025-08-19T14:55:15+02:00 command.go:185:       [32m+[0m[0m propagating_vgws = (known after apply)
TestIdempotence 2025-08-19T14:55:15+02:00 command.go:185:       [32m+[0m[0m route            = (known after apply)
TestIdempotence 2025-08-19T14:55:15+02:00 command.go:185:       [32m+[0m[0m tags             = {
TestIdempotence 2025-08-19T14:55:15+02:00 command.go:185:           [32m+[0m[0m "Application" = "Palo Alto Networks VM-Series NGFW"
TestIdempotence 2025-08-19T14:55:15+02:00 command.go:185:           [32m+[0m[0m "ManagedBy"   = "terraform"
TestIdempotence 2025-08-19T14:55:15+02:00 command.go:185:           [32m+[0m[0m "Name"        = "publicb"
TestIdempotence 2025-08-19T14:55:15+02:00 command.go:185:           [32m+[0m[0m "Owner"       = "PS Team"
TestIdempotence 2025-08-19T14:55:15+02:00 command.go:185:         }
TestIdempotence 2025-08-19T14:55:15+02:00 command.go:185:       [32m+[0m[0m tags_all         = {
TestIdempotence 2025-08-19T14:55:15+02:00 command.go:185:           [32m+[0m[0m "Application" = "Palo Alto Networks VM-Series NGFW"
TestIdempotence 2025-08-19T14:55:15+02:00 command.go:185:           [32m+[0m[0m "ManagedBy"   = "terraform"
TestIdempotence 2025-08-19T14:55:15+02:00 command.go:185:           [32m+[0m[0m "Name"        = "publicb"
TestIdempotence 2025-08-19T14:55:15+02:00 command.go:185:           [32m+[0m[0m "Owner"       = "PS Team"
TestIdempotence 2025-08-19T14:55:15+02:00 command.go:185:         }
TestIdempotence 2025-08-19T14:55:15+02:00 command.go:185:       [32m+[0m[0m vpc_id           = (known after apply)
TestIdempotence 2025-08-19T14:55:15+02:00 command.go:185:     }
TestIdempotence 2025-08-19T14:55:15+02:00 command.go:185: 
TestIdempotence 2025-08-19T14:55:15+02:00 command.go:185: [1m  # module.subnet_sets["security_vpc-public"].aws_route_table_association.this["eu-west-1a"][0m will be created
TestIdempotence 2025-08-19T14:55:15+02:00 command.go:185: [0m  [32m+[0m[0m resource "aws_route_table_association" "this" {
TestIdempotence 2025-08-19T14:55:15+02:00 command.go:185:       [32m+[0m[0m id             = (known after apply)
TestIdempotence 2025-08-19T14:55:15+02:00 command.go:185:       [32m+[0m[0m route_table_id = (known after apply)
TestIdempotence 2025-08-19T14:55:15+02:00 command.go:185:       [32m+[0m[0m subnet_id      = (known after apply)
TestIdempotence 2025-08-19T14:55:15+02:00 command.go:185:     }
TestIdempotence 2025-08-19T14:55:15+02:00 command.go:185: 
TestIdempotence 2025-08-19T14:55:15+02:00 command.go:185: [1m  # module.subnet_sets["security_vpc-public"].aws_route_table_association.this["eu-west-1b"][0m will be created
TestIdempotence 2025-08-19T14:55:15+02:00 command.go:185: [0m  [32m+[0m[0m resource "aws_route_table_association" "this" {
TestIdempotence 2025-08-19T14:55:15+02:00 command.go:185:       [32m+[0m[0m id             = (known after apply)
TestIdempotence 2025-08-19T14:55:15+02:00 command.go:185:       [32m+[0m[0m route_table_id = (known after apply)
TestIdempotence 2025-08-19T14:55:15+02:00 command.go:185:       [32m+[0m[0m subnet_id      = (known after apply)
TestIdempotence 2025-08-19T14:55:15+02:00 command.go:185:     }
TestIdempotence 2025-08-19T14:55:15+02:00 command.go:185: 
TestIdempotence 2025-08-19T14:55:15+02:00 command.go:185: [1m  # module.subnet_sets["security_vpc-public"].aws_subnet.this["eu-west-1a"][0m will be created
TestIdempotence 2025-08-19T14:55:15+02:00 command.go:185: [0m  [32m+[0m[0m resource "aws_subnet" "this" {
TestIdempotence 2025-08-19T14:55:15+02:00 command.go:185:       [32m+[0m[0m arn                                            = (known after apply)
TestIdempotence 2025-08-19T14:55:15+02:00 command.go:185:       [32m+[0m[0m assign_ipv6_address_on_creation                = false
TestIdempotence 2025-08-19T14:55:15+02:00 command.go:185:       [32m+[0m[0m availability_zone                              = "eu-west-1a"
TestIdempotence 2025-08-19T14:55:15+02:00 command.go:185:       [32m+[0m[0m availability_zone_id                           = (known after apply)
TestIdempotence 2025-08-19T14:55:15+02:00 command.go:185:       [32m+[0m[0m cidr_block                                     = "10.100.2.0/24"
TestIdempotence 2025-08-19T14:55:15+02:00 command.go:185:       [32m+[0m[0m enable_dns64                                   = false
TestIdempotence 2025-08-19T14:55:15+02:00 command.go:185:       [32m+[0m[0m enable_resource_name_dns_a_record_on_launch    = false
TestIdempotence 2025-08-19T14:55:15+02:00 command.go:185:       [32m+[0m[0m enable_resource_name_dns_aaaa_record_on_launch = false
TestIdempotence 2025-08-19T14:55:15+02:00 command.go:185:       [32m+[0m[0m id                                             = (known after apply)
TestIdempotence 2025-08-19T14:55:15+02:00 command.go:185:       [32m+[0m[0m ipv6_cidr_block_association_id                 = (known after apply)
TestIdempotence 2025-08-19T14:55:15+02:00 command.go:185:       [32m+[0m[0m ipv6_native                                    = false
TestIdempotence 2025-08-19T14:55:15+02:00 command.go:185:       [32m+[0m[0m map_public_ip_on_launch                        = false
TestIdempotence 2025-08-19T14:55:15+02:00 command.go:185:       [32m+[0m[0m owner_id                                       = (known after apply)
TestIdempotence 2025-08-19T14:55:15+02:00 command.go:185:       [32m+[0m[0m private_dns_hostname_type_on_launch            = (known after apply)
TestIdempotence 2025-08-19T14:55:15+02:00 command.go:185:       [32m+[0m[0m tags                                           = {
TestIdempotence 2025-08-19T14:55:15+02:00 command.go:185:           [32m+[0m[0m "Application" = "Palo Alto Networks VM-Series NGFW"
TestIdempotence 2025-08-19T14:55:15+02:00 command.go:185:           [32m+[0m[0m "ManagedBy"   = "terraform"
TestIdempotence 2025-08-19T14:55:15+02:00 command.go:185:           [32m+[0m[0m "Name"        = "publica"
TestIdempotence 2025-08-19T14:55:15+02:00 command.go:185:           [32m+[0m[0m "Owner"       = "PS Team"
TestIdempotence 2025-08-19T14:55:15+02:00 command.go:185:         }
TestIdempotence 2025-08-19T14:55:15+02:00 command.go:185:       [32m+[0m[0m tags_all                                       = {
TestIdempotence 2025-08-19T14:55:15+02:00 command.go:185:           [32m+[0m[0m "Application" = "Palo Alto Networks VM-Series NGFW"
TestIdempotence 2025-08-19T14:55:15+02:00 command.go:185:           [32m+[0m[0m "ManagedBy"   = "terraform"
TestIdempotence 2025-08-19T14:55:15+02:00 command.go:185:           [32m+[0m[0m "Name"        = "publica"
TestIdempotence 2025-08-19T14:55:15+02:00 command.go:185:           [32m+[0m[0m "Owner"       = "PS Team"
TestIdempotence 2025-08-19T14:55:15+02:00 command.go:185:         }
TestIdempotence 2025-08-19T14:55:15+02:00 command.go:185:       [32m+[0m[0m vpc_id                                         = (known after apply)
TestIdempotence 2025-08-19T14:55:15+02:00 command.go:185:     }
TestIdempotence 2025-08-19T14:55:15+02:00 command.go:185: 
TestIdempotence 2025-08-19T14:55:15+02:00 command.go:185: [1m  # module.subnet_sets["security_vpc-public"].aws_subnet.this["eu-west-1b"][0m will be created
TestIdempotence 2025-08-19T14:55:15+02:00 command.go:185: [0m  [32m+[0m[0m resource "aws_subnet" "this" {
TestIdempotence 2025-08-19T14:55:15+02:00 command.go:185:       [32m+[0m[0m arn                                            = (known after apply)
TestIdempotence 2025-08-19T14:55:15+02:00 command.go:185:       [32m+[0m[0m assign_ipv6_address_on_creation                = false
TestIdempotence 2025-08-19T14:55:15+02:00 command.go:185:       [32m+[0m[0m availability_zone                              = "eu-west-1b"
TestIdempotence 2025-08-19T14:55:15+02:00 command.go:185:       [32m+[0m[0m availability_zone_id                           = (known after apply)
TestIdempotence 2025-08-19T14:55:15+02:00 command.go:185:       [32m+[0m[0m cidr_block                                     = "10.100.66.0/24"
TestIdempotence 2025-08-19T14:55:15+02:00 command.go:185:       [32m+[0m[0m enable_dns64                                   = false
TestIdempotence 2025-08-19T14:55:15+02:00 command.go:185:       [32m+[0m[0m enable_resource_name_dns_a_record_on_launch    = false
TestIdempotence 2025-08-19T14:55:15+02:00 command.go:185:       [32m+[0m[0m enable_resource_name_dns_aaaa_record_on_launch = false
TestIdempotence 2025-08-19T14:55:15+02:00 command.go:185:       [32m+[0m[0m id                                             = (known after apply)
TestIdempotence 2025-08-19T14:55:15+02:00 command.go:185:       [32m+[0m[0m ipv6_cidr_block_association_id                 = (known after apply)
TestIdempotence 2025-08-19T14:55:15+02:00 command.go:185:       [32m+[0m[0m ipv6_native                                    = false
TestIdempotence 2025-08-19T14:55:15+02:00 command.go:185:       [32m+[0m[0m map_public_ip_on_launch                        = false
TestIdempotence 2025-08-19T14:55:15+02:00 command.go:185:       [32m+[0m[0m owner_id                                       = (known after apply)
TestIdempotence 2025-08-19T14:55:15+02:00 command.go:185:       [32m+[0m[0m private_dns_hostname_type_on_launch            = (known after apply)
TestIdempotence 2025-08-19T14:55:15+02:00 command.go:185:       [32m+[0m[0m tags                                           = {
TestIdempotence 2025-08-19T14:55:15+02:00 command.go:185:           [32m+[0m[0m "Application" = "Palo Alto Networks VM-Series NGFW"
TestIdempotence 2025-08-19T14:55:15+02:00 command.go:185:           [32m+[0m[0m "ManagedBy"   = "terraform"
TestIdempotence 2025-08-19T14:55:15+02:00 command.go:185:           [32m+[0m[0m "Name"        = "publicb"
TestIdempotence 2025-08-19T14:55:15+02:00 command.go:185:           [32m+[0m[0m "Owner"       = "PS Team"
TestIdempotence 2025-08-19T14:55:15+02:00 command.go:185:         }
TestIdempotence 2025-08-19T14:55:15+02:00 command.go:185:       [32m+[0m[0m tags_all                                       = {
TestIdempotence 2025-08-19T14:55:15+02:00 command.go:185:           [32m+[0m[0m "Application" = "Palo Alto Networks VM-Series NGFW"
TestIdempotence 2025-08-19T14:55:15+02:00 command.go:185:           [32m+[0m[0m "ManagedBy"   = "terraform"
TestIdempotence 2025-08-19T14:55:15+02:00 command.go:185:           [32m+[0m[0m "Name"        = "publicb"
TestIdempotence 2025-08-19T14:55:15+02:00 command.go:185:           [32m+[0m[0m "Owner"       = "PS Team"
TestIdempotence 2025-08-19T14:55:15+02:00 command.go:185:         }
TestIdempotence 2025-08-19T14:55:15+02:00 command.go:185:       [32m+[0m[0m vpc_id                                         = (known after apply)
TestIdempotence 2025-08-19T14:55:15+02:00 command.go:185:     }
TestIdempotence 2025-08-19T14:55:15+02:00 command.go:185: 
TestIdempotence 2025-08-19T14:55:15+02:00 command.go:185: [1m  # module.subnet_sets["security_vpc-tgw_attach"].aws_route_table.this["eu-west-1a"][0m will be created
TestIdempotence 2025-08-19T14:55:15+02:00 command.go:185: [0m  [32m+[0m[0m resource "aws_route_table" "this" {
TestIdempotence 2025-08-19T14:55:15+02:00 command.go:185:       [32m+[0m[0m arn              = (known after apply)
TestIdempotence 2025-08-19T14:55:15+02:00 command.go:185:       [32m+[0m[0m id               = (known after apply)
TestIdempotence 2025-08-19T14:55:15+02:00 command.go:185:       [32m+[0m[0m owner_id         = (known after apply)
TestIdempotence 2025-08-19T14:55:15+02:00 command.go:185:       [32m+[0m[0m propagating_vgws = (known after apply)
TestIdempotence 2025-08-19T14:55:15+02:00 command.go:185:       [32m+[0m[0m route            = (known after apply)
TestIdempotence 2025-08-19T14:55:15+02:00 command.go:185:       [32m+[0m[0m tags             = {
TestIdempotence 2025-08-19T14:55:15+02:00 command.go:185:           [32m+[0m[0m "Application" = "Palo Alto Networks VM-Series NGFW"
TestIdempotence 2025-08-19T14:55:15+02:00 command.go:185:           [32m+[0m[0m "ManagedBy"   = "terraform"
TestIdempotence 2025-08-19T14:55:15+02:00 command.go:185:           [32m+[0m[0m "Name"        = "tgw_attacha"
TestIdempotence 2025-08-19T14:55:15+02:00 command.go:185:           [32m+[0m[0m "Owner"       = "PS Team"
TestIdempotence 2025-08-19T14:55:15+02:00 command.go:185:         }
TestIdempotence 2025-08-19T14:55:15+02:00 command.go:185:       [32m+[0m[0m tags_all         = {
TestIdempotence 2025-08-19T14:55:15+02:00 command.go:185:           [32m+[0m[0m "Application" = "Palo Alto Networks VM-Series NGFW"
TestIdempotence 2025-08-19T14:55:15+02:00 command.go:185:           [32m+[0m[0m "ManagedBy"   = "terraform"
TestIdempotence 2025-08-19T14:55:15+02:00 command.go:185:           [32m+[0m[0m "Name"        = "tgw_attacha"
TestIdempotence 2025-08-19T14:55:15+02:00 command.go:185:           [32m+[0m[0m "Owner"       = "PS Team"
TestIdempotence 2025-08-19T14:55:15+02:00 command.go:185:         }
TestIdempotence 2025-08-19T14:55:15+02:00 command.go:185:       [32m+[0m[0m vpc_id           = (known after apply)
TestIdempotence 2025-08-19T14:55:15+02:00 command.go:185:     }
TestIdempotence 2025-08-19T14:55:15+02:00 command.go:185: 
TestIdempotence 2025-08-19T14:55:15+02:00 command.go:185: [1m  # module.subnet_sets["security_vpc-tgw_attach"].aws_route_table.this["eu-west-1b"][0m will be created
TestIdempotence 2025-08-19T14:55:15+02:00 command.go:185: [0m  [32m+[0m[0m resource "aws_route_table" "this" {
TestIdempotence 2025-08-19T14:55:15+02:00 command.go:185:       [32m+[0m[0m arn              = (known after apply)
TestIdempotence 2025-08-19T14:55:15+02:00 command.go:185:       [32m+[0m[0m id               = (known after apply)
TestIdempotence 2025-08-19T14:55:15+02:00 command.go:185:       [32m+[0m[0m owner_id         = (known after apply)
TestIdempotence 2025-08-19T14:55:15+02:00 command.go:185:       [32m+[0m[0m propagating_vgws = (known after apply)
TestIdempotence 2025-08-19T14:55:15+02:00 command.go:185:       [32m+[0m[0m route            = (known after apply)
TestIdempotence 2025-08-19T14:55:15+02:00 command.go:185:       [32m+[0m[0m tags             = {
TestIdempotence 2025-08-19T14:55:15+02:00 command.go:185:           [32m+[0m[0m "Application" = "Palo Alto Networks VM-Series NGFW"
TestIdempotence 2025-08-19T14:55:15+02:00 command.go:185:           [32m+[0m[0m "ManagedBy"   = "terraform"
TestIdempotence 2025-08-19T14:55:15+02:00 command.go:185:           [32m+[0m[0m "Name"        = "tgw_attachb"
TestIdempotence 2025-08-19T14:55:15+02:00 command.go:185:           [32m+[0m[0m "Owner"       = "PS Team"
TestIdempotence 2025-08-19T14:55:15+02:00 command.go:185:         }
TestIdempotence 2025-08-19T14:55:15+02:00 command.go:185:       [32m+[0m[0m tags_all         = {
TestIdempotence 2025-08-19T14:55:15+02:00 command.go:185:           [32m+[0m[0m "Application" = "Palo Alto Networks VM-Series NGFW"
TestIdempotence 2025-08-19T14:55:15+02:00 command.go:185:           [32m+[0m[0m "ManagedBy"   = "terraform"
TestIdempotence 2025-08-19T14:55:15+02:00 command.go:185:           [32m+[0m[0m "Name"        = "tgw_attachb"
TestIdempotence 2025-08-19T14:55:15+02:00 command.go:185:           [32m+[0m[0m "Owner"       = "PS Team"
TestIdempotence 2025-08-19T14:55:15+02:00 command.go:185:         }
TestIdempotence 2025-08-19T14:55:15+02:00 command.go:185:       [32m+[0m[0m vpc_id           = (known after apply)
TestIdempotence 2025-08-19T14:55:15+02:00 command.go:185:     }
TestIdempotence 2025-08-19T14:55:15+02:00 command.go:185: 
TestIdempotence 2025-08-19T14:55:15+02:00 command.go:185: [1m  # module.subnet_sets["security_vpc-tgw_attach"].aws_route_table_association.this["eu-west-1a"][0m will be created
TestIdempotence 2025-08-19T14:55:15+02:00 command.go:185: [0m  [32m+[0m[0m resource "aws_route_table_association" "this" {
TestIdempotence 2025-08-19T14:55:15+02:00 command.go:185:       [32m+[0m[0m id             = (known after apply)
TestIdempotence 2025-08-19T14:55:15+02:00 command.go:185:       [32m+[0m[0m route_table_id = (known after apply)
TestIdempotence 2025-08-19T14:55:15+02:00 command.go:185:       [32m+[0m[0m subnet_id      = (known after apply)
TestIdempotence 2025-08-19T14:55:15+02:00 command.go:185:     }
TestIdempotence 2025-08-19T14:55:15+02:00 command.go:185: 
TestIdempotence 2025-08-19T14:55:15+02:00 command.go:185: [1m  # module.subnet_sets["security_vpc-tgw_attach"].aws_route_table_association.this["eu-west-1b"][0m will be created
TestIdempotence 2025-08-19T14:55:15+02:00 command.go:185: [0m  [32m+[0m[0m resource "aws_route_table_association" "this" {
TestIdempotence 2025-08-19T14:55:15+02:00 command.go:185:       [32m+[0m[0m id             = (known after apply)
TestIdempotence 2025-08-19T14:55:15+02:00 command.go:185:       [32m+[0m[0m route_table_id = (known after apply)
TestIdempotence 2025-08-19T14:55:15+02:00 command.go:185:       [32m+[0m[0m subnet_id      = (known after apply)
TestIdempotence 2025-08-19T14:55:15+02:00 command.go:185:     }
TestIdempotence 2025-08-19T14:55:15+02:00 command.go:185: 
TestIdempotence 2025-08-19T14:55:15+02:00 command.go:185: [1m  # module.subnet_sets["security_vpc-tgw_attach"].aws_subnet.this["eu-west-1a"][0m will be created
TestIdempotence 2025-08-19T14:55:15+02:00 command.go:185: [0m  [32m+[0m[0m resource "aws_subnet" "this" {
TestIdempotence 2025-08-19T14:55:15+02:00 command.go:185:       [32m+[0m[0m arn                                            = (known after apply)
TestIdempotence 2025-08-19T14:55:15+02:00 command.go:185:       [32m+[0m[0m assign_ipv6_address_on_creation                = false
TestIdempotence 2025-08-19T14:55:15+02:00 command.go:185:       [32m+[0m[0m availability_zone                              = "eu-west-1a"
TestIdempotence 2025-08-19T14:55:15+02:00 command.go:185:       [32m+[0m[0m availability_zone_id                           = (known after apply)
TestIdempotence 2025-08-19T14:55:15+02:00 command.go:185:       [32m+[0m[0m cidr_block                                     = "10.100.3.0/24"
TestIdempotence 2025-08-19T14:55:15+02:00 command.go:185:       [32m+[0m[0m enable_dns64                                   = false
TestIdempotence 2025-08-19T14:55:15+02:00 command.go:185:       [32m+[0m[0m enable_resource_name_dns_a_record_on_launch    = false
TestIdempotence 2025-08-19T14:55:15+02:00 command.go:185:       [32m+[0m[0m enable_resource_name_dns_aaaa_record_on_launch = false
TestIdempotence 2025-08-19T14:55:15+02:00 command.go:185:       [32m+[0m[0m id                                             = (known after apply)
TestIdempotence 2025-08-19T14:55:15+02:00 command.go:185:       [32m+[0m[0m ipv6_cidr_block_association_id                 = (known after apply)
TestIdempotence 2025-08-19T14:55:15+02:00 command.go:185:       [32m+[0m[0m ipv6_native                                    = false
TestIdempotence 2025-08-19T14:55:15+02:00 command.go:185:       [32m+[0m[0m map_public_ip_on_launch                        = false
TestIdempotence 2025-08-19T14:55:15+02:00 command.go:185:       [32m+[0m[0m owner_id                                       = (known after apply)
TestIdempotence 2025-08-19T14:55:15+02:00 command.go:185:       [32m+[0m[0m private_dns_hostname_type_on_launch            = (known after apply)
TestIdempotence 2025-08-19T14:55:15+02:00 command.go:185:       [32m+[0m[0m tags                                           = {
TestIdempotence 2025-08-19T14:55:15+02:00 command.go:185:           [32m+[0m[0m "Application" = "Palo Alto Networks VM-Series NGFW"
TestIdempotence 2025-08-19T14:55:15+02:00 command.go:185:           [32m+[0m[0m "ManagedBy"   = "terraform"
TestIdempotence 2025-08-19T14:55:15+02:00 command.go:185:           [32m+[0m[0m "Name"        = "tgw_attacha"
TestIdempotence 2025-08-19T14:55:15+02:00 command.go:185:           [32m+[0m[0m "Owner"       = "PS Team"
TestIdempotence 2025-08-19T14:55:15+02:00 command.go:185:         }
TestIdempotence 2025-08-19T14:55:15+02:00 command.go:185:       [32m+[0m[0m tags_all                                       = {
TestIdempotence 2025-08-19T14:55:15+02:00 command.go:185:           [32m+[0m[0m "Application" = "Palo Alto Networks VM-Series NGFW"
TestIdempotence 2025-08-19T14:55:15+02:00 command.go:185:           [32m+[0m[0m "ManagedBy"   = "terraform"
TestIdempotence 2025-08-19T14:55:15+02:00 command.go:185:           [32m+[0m[0m "Name"        = "tgw_attacha"
TestIdempotence 2025-08-19T14:55:15+02:00 command.go:185:           [32m+[0m[0m "Owner"       = "PS Team"
TestIdempotence 2025-08-19T14:55:15+02:00 command.go:185:         }
TestIdempotence 2025-08-19T14:55:15+02:00 command.go:185:       [32m+[0m[0m vpc_id                                         = (known after apply)
TestIdempotence 2025-08-19T14:55:15+02:00 command.go:185:     }
TestIdempotence 2025-08-19T14:55:15+02:00 command.go:185: 
TestIdempotence 2025-08-19T14:55:15+02:00 command.go:185: [1m  # module.subnet_sets["security_vpc-tgw_attach"].aws_subnet.this["eu-west-1b"][0m will be created
TestIdempotence 2025-08-19T14:55:15+02:00 command.go:185: [0m  [32m+[0m[0m resource "aws_subnet" "this" {
TestIdempotence 2025-08-19T14:55:15+02:00 command.go:185:       [32m+[0m[0m arn                                            = (known after apply)
TestIdempotence 2025-08-19T14:55:15+02:00 command.go:185:       [32m+[0m[0m assign_ipv6_address_on_creation                = false
TestIdempotence 2025-08-19T14:55:15+02:00 command.go:185:       [32m+[0m[0m availability_zone                              = "eu-west-1b"
TestIdempotence 2025-08-19T14:55:15+02:00 command.go:185:       [32m+[0m[0m availability_zone_id                           = (known after apply)
TestIdempotence 2025-08-19T14:55:15+02:00 command.go:185:       [32m+[0m[0m cidr_block                                     = "10.100.67.0/24"
TestIdempotence 2025-08-19T14:55:15+02:00 command.go:185:       [32m+[0m[0m enable_dns64                                   = false
TestIdempotence 2025-08-19T14:55:15+02:00 command.go:185:       [32m+[0m[0m enable_resource_name_dns_a_record_on_launch    = false
TestIdempotence 2025-08-19T14:55:15+02:00 command.go:185:       [32m+[0m[0m enable_resource_name_dns_aaaa_record_on_launch = false
TestIdempotence 2025-08-19T14:55:15+02:00 command.go:185:       [32m+[0m[0m id                                             = (known after apply)
TestIdempotence 2025-08-19T14:55:15+02:00 command.go:185:       [32m+[0m[0m ipv6_cidr_block_association_id                 = (known after apply)
TestIdempotence 2025-08-19T14:55:15+02:00 command.go:185:       [32m+[0m[0m ipv6_native                                    = false
TestIdempotence 2025-08-19T14:55:15+02:00 command.go:185:       [32m+[0m[0m map_public_ip_on_launch                        = false
TestIdempotence 2025-08-19T14:55:15+02:00 command.go:185:       [32m+[0m[0m owner_id                                       = (known after apply)
TestIdempotence 2025-08-19T14:55:15+02:00 command.go:185:       [32m+[0m[0m private_dns_hostname_type_on_launch            = (known after apply)
TestIdempotence 2025-08-19T14:55:15+02:00 command.go:185:       [32m+[0m[0m tags                                           = {
TestIdempotence 2025-08-19T14:55:15+02:00 command.go:185:           [32m+[0m[0m "Application" = "Palo Alto Networks VM-Series NGFW"
TestIdempotence 2025-08-19T14:55:15+02:00 command.go:185:           [32m+[0m[0m "ManagedBy"   = "terraform"
TestIdempotence 2025-08-19T14:55:15+02:00 command.go:185:           [32m+[0m[0m "Name"        = "tgw_attachb"
TestIdempotence 2025-08-19T14:55:15+02:00 command.go:185:           [32m+[0m[0m "Owner"       = "PS Team"
TestIdempotence 2025-08-19T14:55:15+02:00 command.go:185:         }
TestIdempotence 2025-08-19T14:55:15+02:00 command.go:185:       [32m+[0m[0m tags_all                                       = {
TestIdempotence 2025-08-19T14:55:15+02:00 command.go:185:           [32m+[0m[0m "Application" = "Palo Alto Networks VM-Series NGFW"
TestIdempotence 2025-08-19T14:55:15+02:00 command.go:185:           [32m+[0m[0m "ManagedBy"   = "terraform"
TestIdempotence 2025-08-19T14:55:15+02:00 command.go:185:           [32m+[0m[0m "Name"        = "tgw_attachb"
TestIdempotence 2025-08-19T14:55:15+02:00 command.go:185:           [32m+[0m[0m "Owner"       = "PS Team"
TestIdempotence 2025-08-19T14:55:15+02:00 command.go:185:         }
TestIdempotence 2025-08-19T14:55:15+02:00 command.go:185:       [32m+[0m[0m vpc_id                                         = (known after apply)
TestIdempotence 2025-08-19T14:55:15+02:00 command.go:185:     }
TestIdempotence 2025-08-19T14:55:15+02:00 command.go:185: 
TestIdempotence 2025-08-19T14:55:15+02:00 command.go:185: [1m  # module.transit_gateway["tgw"].aws_ec2_transit_gateway.this[0][0m will be created
TestIdempotence 2025-08-19T14:55:15+02:00 command.go:185: [0m  [32m+[0m[0m resource "aws_ec2_transit_gateway" "this" {
TestIdempotence 2025-08-19T14:55:15+02:00 command.go:185:       [32m+[0m[0m amazon_side_asn                    = 64512
TestIdempotence 2025-08-19T14:55:15+02:00 command.go:185:       [32m+[0m[0m arn                                = (known after apply)
TestIdempotence 2025-08-19T14:55:15+02:00 command.go:185:       [32m+[0m[0m association_default_route_table_id = (known after apply)
TestIdempotence 2025-08-19T14:55:15+02:00 command.go:185:       [32m+[0m[0m auto_accept_shared_attachments     = "disable"
TestIdempotence 2025-08-19T14:55:15+02:00 command.go:185:       [32m+[0m[0m default_route_table_association    = "disable"
TestIdempotence 2025-08-19T14:55:15+02:00 command.go:185:       [32m+[0m[0m default_route_table_propagation    = "disable"
TestIdempotence 2025-08-19T14:55:15+02:00 command.go:185:       [32m+[0m[0m dns_support                        = "enable"
TestIdempotence 2025-08-19T14:55:15+02:00 command.go:185:       [32m+[0m[0m id                                 = (known after apply)
TestIdempotence 2025-08-19T14:55:15+02:00 command.go:185:       [32m+[0m[0m multicast_support                  = "disable"
TestIdempotence 2025-08-19T14:55:15+02:00 command.go:185:       [32m+[0m[0m owner_id                           = (known after apply)
TestIdempotence 2025-08-19T14:55:15+02:00 command.go:185:       [32m+[0m[0m propagation_default_route_table_id = (known after apply)
TestIdempotence 2025-08-19T14:55:15+02:00 command.go:185:       [32m+[0m[0m security_group_referencing_support = "disable"
TestIdempotence 2025-08-19T14:55:15+02:00 command.go:185:       [32m+[0m[0m tags                               = {
TestIdempotence 2025-08-19T14:55:15+02:00 command.go:185:           [32m+[0m[0m "Name" = "tt-4ff3-tgw"
TestIdempotence 2025-08-19T14:55:15+02:00 command.go:185:         }
TestIdempotence 2025-08-19T14:55:15+02:00 command.go:185:       [32m+[0m[0m tags_all                           = {
TestIdempotence 2025-08-19T14:55:15+02:00 command.go:185:           [32m+[0m[0m "Name" = "tt-4ff3-tgw"
TestIdempotence 2025-08-19T14:55:15+02:00 command.go:185:         }
TestIdempotence 2025-08-19T14:55:15+02:00 command.go:185:       [32m+[0m[0m vpn_ecmp_support                   = "enable"
TestIdempotence 2025-08-19T14:55:15+02:00 command.go:185:     }
TestIdempotence 2025-08-19T14:55:15+02:00 command.go:185: 
TestIdempotence 2025-08-19T14:55:15+02:00 command.go:185: [1m  # module.transit_gateway["tgw"].aws_ec2_transit_gateway_route_table.this["from_security_vpc"][0m will be created
TestIdempotence 2025-08-19T14:55:15+02:00 command.go:185: [0m  [32m+[0m[0m resource "aws_ec2_transit_gateway_route_table" "this" {
TestIdempotence 2025-08-19T14:55:15+02:00 command.go:185:       [32m+[0m[0m arn                             = (known after apply)
TestIdempotence 2025-08-19T14:55:15+02:00 command.go:185:       [32m+[0m[0m default_association_route_table = (known after apply)
TestIdempotence 2025-08-19T14:55:15+02:00 command.go:185:       [32m+[0m[0m default_propagation_route_table = (known after apply)
TestIdempotence 2025-08-19T14:55:15+02:00 command.go:185:       [32m+[0m[0m id                              = (known after apply)
TestIdempotence 2025-08-19T14:55:15+02:00 command.go:185:       [32m+[0m[0m tags                            = {
TestIdempotence 2025-08-19T14:55:15+02:00 command.go:185:           [32m+[0m[0m "Name" = "from_security"
TestIdempotence 2025-08-19T14:55:15+02:00 command.go:185:         }
TestIdempotence 2025-08-19T14:55:15+02:00 command.go:185:       [32m+[0m[0m tags_all                        = {
TestIdempotence 2025-08-19T14:55:15+02:00 command.go:185:           [32m+[0m[0m "Name" = "from_security"
TestIdempotence 2025-08-19T14:55:15+02:00 command.go:185:         }
TestIdempotence 2025-08-19T14:55:15+02:00 command.go:185:       [32m+[0m[0m transit_gateway_id              = (known after apply)
TestIdempotence 2025-08-19T14:55:15+02:00 command.go:185:     }
TestIdempotence 2025-08-19T14:55:15+02:00 command.go:185: 
TestIdempotence 2025-08-19T14:55:15+02:00 command.go:185: [1m  # module.transit_gateway["tgw"].aws_ec2_transit_gateway_route_table.this["from_spoke_vpc"][0m will be created
TestIdempotence 2025-08-19T14:55:15+02:00 command.go:185: [0m  [32m+[0m[0m resource "aws_ec2_transit_gateway_route_table" "this" {
TestIdempotence 2025-08-19T14:55:15+02:00 command.go:185:       [32m+[0m[0m arn                             = (known after apply)
TestIdempotence 2025-08-19T14:55:15+02:00 command.go:185:       [32m+[0m[0m default_association_route_table = (known after apply)
TestIdempotence 2025-08-19T14:55:15+02:00 command.go:185:       [32m+[0m[0m default_propagation_route_table = (known after apply)
TestIdempotence 2025-08-19T14:55:15+02:00 command.go:185:       [32m+[0m[0m id                              = (known after apply)
TestIdempotence 2025-08-19T14:55:15+02:00 command.go:185:       [32m+[0m[0m tags                            = {
TestIdempotence 2025-08-19T14:55:15+02:00 command.go:185:           [32m+[0m[0m "Name" = "from_spokes"
TestIdempotence 2025-08-19T14:55:15+02:00 command.go:185:         }
TestIdempotence 2025-08-19T14:55:15+02:00 command.go:185:       [32m+[0m[0m tags_all                        = {
TestIdempotence 2025-08-19T14:55:15+02:00 command.go:185:           [32m+[0m[0m "Name" = "from_spokes"
TestIdempotence 2025-08-19T14:55:15+02:00 command.go:185:         }
TestIdempotence 2025-08-19T14:55:15+02:00 command.go:185:       [32m+[0m[0m transit_gateway_id              = (known after apply)
TestIdempotence 2025-08-19T14:55:15+02:00 command.go:185:     }
TestIdempotence 2025-08-19T14:55:15+02:00 command.go:185: 
TestIdempotence 2025-08-19T14:55:15+02:00 command.go:185: [1m  # module.transit_gateway_attachment["app1"].aws_ec2_transit_gateway_route_table_association.this[0][0m will be created
TestIdempotence 2025-08-19T14:55:15+02:00 command.go:185: [0m  [32m+[0m[0m resource "aws_ec2_transit_gateway_route_table_association" "this" {
TestIdempotence 2025-08-19T14:55:15+02:00 command.go:185:       [32m+[0m[0m id                             = (known after apply)
TestIdempotence 2025-08-19T14:55:15+02:00 command.go:185:       [32m+[0m[0m replace_existing_association   = false
TestIdempotence 2025-08-19T14:55:15+02:00 command.go:185:       [32m+[0m[0m resource_id                    = (known after apply)
TestIdempotence 2025-08-19T14:55:15+02:00 command.go:185:       [32m+[0m[0m resource_type                  = (known after apply)
TestIdempotence 2025-08-19T14:55:15+02:00 command.go:185:       [32m+[0m[0m transit_gateway_attachment_id  = (known after apply)
TestIdempotence 2025-08-19T14:55:15+02:00 command.go:185:       [32m+[0m[0m transit_gateway_route_table_id = (known after apply)
TestIdempotence 2025-08-19T14:55:15+02:00 command.go:185:     }
TestIdempotence 2025-08-19T14:55:15+02:00 command.go:185: 
TestIdempotence 2025-08-19T14:55:15+02:00 command.go:185: [1m  # module.transit_gateway_attachment["app1"].aws_ec2_transit_gateway_route_table_propagation.this["to1"][0m will be created
TestIdempotence 2025-08-19T14:55:15+02:00 command.go:185: [0m  [32m+[0m[0m resource "aws_ec2_transit_gateway_route_table_propagation" "this" {
TestIdempotence 2025-08-19T14:55:15+02:00 command.go:185:       [32m+[0m[0m id                             = (known after apply)
TestIdempotence 2025-08-19T14:55:15+02:00 command.go:185:       [32m+[0m[0m resource_id                    = (known after apply)
TestIdempotence 2025-08-19T14:55:15+02:00 command.go:185:       [32m+[0m[0m resource_type                  = (known after apply)
TestIdempotence 2025-08-19T14:55:15+02:00 command.go:185:       [32m+[0m[0m transit_gateway_attachment_id  = (known after apply)
TestIdempotence 2025-08-19T14:55:15+02:00 command.go:185:       [32m+[0m[0m transit_gateway_route_table_id = (known after apply)
TestIdempotence 2025-08-19T14:55:15+02:00 command.go:185:     }
TestIdempotence 2025-08-19T14:55:15+02:00 command.go:185: 
TestIdempotence 2025-08-19T14:55:15+02:00 command.go:185: [1m  # module.transit_gateway_attachment["app1"].aws_ec2_transit_gateway_vpc_attachment.this[0][0m will be created
TestIdempotence 2025-08-19T14:55:15+02:00 command.go:185: [0m  [32m+[0m[0m resource "aws_ec2_transit_gateway_vpc_attachment" "this" {
TestIdempotence 2025-08-19T14:55:15+02:00 command.go:185:       [32m+[0m[0m appliance_mode_support                          = "enable"
TestIdempotence 2025-08-19T14:55:15+02:00 command.go:185:       [32m+[0m[0m arn                                             = (known after apply)
TestIdempotence 2025-08-19T14:55:15+02:00 command.go:185:       [32m+[0m[0m dns_support                                     = "enable"
TestIdempotence 2025-08-19T14:55:15+02:00 command.go:185:       [32m+[0m[0m id                                              = (known after apply)
TestIdempotence 2025-08-19T14:55:15+02:00 command.go:185:       [32m+[0m[0m ipv6_support                                    = "disable"
TestIdempotence 2025-08-19T14:55:15+02:00 command.go:185:       [32m+[0m[0m security_group_referencing_support              = (known after apply)
TestIdempotence 2025-08-19T14:55:15+02:00 command.go:185:       [32m+[0m[0m subnet_ids                                      = (known after apply)
TestIdempotence 2025-08-19T14:55:15+02:00 command.go:185:       [32m+[0m[0m tags                                            = {
TestIdempotence 2025-08-19T14:55:15+02:00 command.go:185:           [32m+[0m[0m "Application" = "Palo Alto Networks VM-Series NGFW"
TestIdempotence 2025-08-19T14:55:15+02:00 command.go:185:           [32m+[0m[0m "ManagedBy"   = "terraform"
TestIdempotence 2025-08-19T14:55:15+02:00 command.go:185:           [32m+[0m[0m "Name"        = "tt-4ff3-app1-spoke-vpc"
TestIdempotence 2025-08-19T14:55:15+02:00 command.go:185:           [32m+[0m[0m "Owner"       = "PS Team"
TestIdempotence 2025-08-19T14:55:15+02:00 command.go:185:         }
TestIdempotence 2025-08-19T14:55:15+02:00 command.go:185:       [32m+[0m[0m tags_all                                        = {
TestIdempotence 2025-08-19T14:55:15+02:00 command.go:185:           [32m+[0m[0m "Application" = "Palo Alto Networks VM-Series NGFW"
TestIdempotence 2025-08-19T14:55:15+02:00 command.go:185:           [32m+[0m[0m "ManagedBy"   = "terraform"
TestIdempotence 2025-08-19T14:55:15+02:00 command.go:185:           [32m+[0m[0m "Name"        = "tt-4ff3-app1-spoke-vpc"
TestIdempotence 2025-08-19T14:55:15+02:00 command.go:185:           [32m+[0m[0m "Owner"       = "PS Team"
TestIdempotence 2025-08-19T14:55:15+02:00 command.go:185:         }
TestIdempotence 2025-08-19T14:55:15+02:00 command.go:185:       [32m+[0m[0m transit_gateway_default_route_table_association = false
TestIdempotence 2025-08-19T14:55:15+02:00 command.go:185:       [32m+[0m[0m transit_gateway_default_route_table_propagation = false
TestIdempotence 2025-08-19T14:55:15+02:00 command.go:185:       [32m+[0m[0m transit_gateway_id                              = (known after apply)
TestIdempotence 2025-08-19T14:55:15+02:00 command.go:185:       [32m+[0m[0m vpc_id                                          = (known after apply)
TestIdempotence 2025-08-19T14:55:15+02:00 command.go:185:       [32m+[0m[0m vpc_owner_id                                    = (known after apply)
TestIdempotence 2025-08-19T14:55:15+02:00 command.go:185:     }
TestIdempotence 2025-08-19T14:55:15+02:00 command.go:185: 
TestIdempotence 2025-08-19T14:55:15+02:00 command.go:185: [1m  # module.transit_gateway_attachment["app2"].aws_ec2_transit_gateway_route_table_association.this[0][0m will be created
TestIdempotence 2025-08-19T14:55:15+02:00 command.go:185: [0m  [32m+[0m[0m resource "aws_ec2_transit_gateway_route_table_association" "this" {
TestIdempotence 2025-08-19T14:55:15+02:00 command.go:185:       [32m+[0m[0m id                             = (known after apply)
TestIdempotence 2025-08-19T14:55:15+02:00 command.go:185:       [32m+[0m[0m replace_existing_association   = false
TestIdempotence 2025-08-19T14:55:15+02:00 command.go:185:       [32m+[0m[0m resource_id                    = (known after apply)
TestIdempotence 2025-08-19T14:55:15+02:00 command.go:185:       [32m+[0m[0m resource_type                  = (known after apply)
TestIdempotence 2025-08-19T14:55:15+02:00 command.go:185:       [32m+[0m[0m transit_gateway_attachment_id  = (known after apply)
TestIdempotence 2025-08-19T14:55:15+02:00 command.go:185:       [32m+[0m[0m transit_gateway_route_table_id = (known after apply)
TestIdempotence 2025-08-19T14:55:15+02:00 command.go:185:     }
TestIdempotence 2025-08-19T14:55:15+02:00 command.go:185: 
TestIdempotence 2025-08-19T14:55:15+02:00 command.go:185: [1m  # module.transit_gateway_attachment["app2"].aws_ec2_transit_gateway_route_table_propagation.this["to1"][0m will be created
TestIdempotence 2025-08-19T14:55:15+02:00 command.go:185: [0m  [32m+[0m[0m resource "aws_ec2_transit_gateway_route_table_propagation" "this" {
TestIdempotence 2025-08-19T14:55:15+02:00 command.go:185:       [32m+[0m[0m id                             = (known after apply)
TestIdempotence 2025-08-19T14:55:15+02:00 command.go:185:       [32m+[0m[0m resource_id                    = (known after apply)
TestIdempotence 2025-08-19T14:55:15+02:00 command.go:185:       [32m+[0m[0m resource_type                  = (known after apply)
TestIdempotence 2025-08-19T14:55:15+02:00 command.go:185:       [32m+[0m[0m transit_gateway_attachment_id  = (known after apply)
TestIdempotence 2025-08-19T14:55:15+02:00 command.go:185:       [32m+[0m[0m transit_gateway_route_table_id = (known after apply)
TestIdempotence 2025-08-19T14:55:15+02:00 command.go:185:     }
TestIdempotence 2025-08-19T14:55:15+02:00 command.go:185: 
TestIdempotence 2025-08-19T14:55:15+02:00 command.go:185: [1m  # module.transit_gateway_attachment["app2"].aws_ec2_transit_gateway_vpc_attachment.this[0][0m will be created
TestIdempotence 2025-08-19T14:55:15+02:00 command.go:185: [0m  [32m+[0m[0m resource "aws_ec2_transit_gateway_vpc_attachment" "this" {
TestIdempotence 2025-08-19T14:55:15+02:00 command.go:185:       [32m+[0m[0m appliance_mode_support                          = "enable"
TestIdempotence 2025-08-19T14:55:15+02:00 command.go:185:       [32m+[0m[0m arn                                             = (known after apply)
TestIdempotence 2025-08-19T14:55:15+02:00 command.go:185:       [32m+[0m[0m dns_support                                     = "enable"
TestIdempotence 2025-08-19T14:55:15+02:00 command.go:185:       [32m+[0m[0m id                                              = (known after apply)
TestIdempotence 2025-08-19T14:55:15+02:00 command.go:185:       [32m+[0m[0m ipv6_support                                    = "disable"
TestIdempotence 2025-08-19T14:55:15+02:00 command.go:185:       [32m+[0m[0m security_group_referencing_support              = (known after apply)
TestIdempotence 2025-08-19T14:55:15+02:00 command.go:185:       [32m+[0m[0m subnet_ids                                      = (known after apply)
TestIdempotence 2025-08-19T14:55:15+02:00 command.go:185:       [32m+[0m[0m tags                                            = {
TestIdempotence 2025-08-19T14:55:15+02:00 command.go:185:           [32m+[0m[0m "Application" = "Palo Alto Networks VM-Series NGFW"
TestIdempotence 2025-08-19T14:55:15+02:00 command.go:185:           [32m+[0m[0m "ManagedBy"   = "terraform"
TestIdempotence 2025-08-19T14:55:15+02:00 command.go:185:           [32m+[0m[0m "Name"        = "tt-4ff3-app2-spoke-vpc"
TestIdempotence 2025-08-19T14:55:15+02:00 command.go:185:           [32m+[0m[0m "Owner"       = "PS Team"
TestIdempotence 2025-08-19T14:55:15+02:00 command.go:185:         }
TestIdempotence 2025-08-19T14:55:15+02:00 command.go:185:       [32m+[0m[0m tags_all                                        = {
TestIdempotence 2025-08-19T14:55:15+02:00 command.go:185:           [32m+[0m[0m "Application" = "Palo Alto Networks VM-Series NGFW"
TestIdempotence 2025-08-19T14:55:15+02:00 command.go:185:           [32m+[0m[0m "ManagedBy"   = "terraform"
TestIdempotence 2025-08-19T14:55:15+02:00 command.go:185:           [32m+[0m[0m "Name"        = "tt-4ff3-app2-spoke-vpc"
TestIdempotence 2025-08-19T14:55:15+02:00 command.go:185:           [32m+[0m[0m "Owner"       = "PS Team"
TestIdempotence 2025-08-19T14:55:15+02:00 command.go:185:         }
TestIdempotence 2025-08-19T14:55:15+02:00 command.go:185:       [32m+[0m[0m transit_gateway_default_route_table_association = false
TestIdempotence 2025-08-19T14:55:15+02:00 command.go:185:       [32m+[0m[0m transit_gateway_default_route_table_propagation = false
TestIdempotence 2025-08-19T14:55:15+02:00 command.go:185:       [32m+[0m[0m transit_gateway_id                              = (known after apply)
TestIdempotence 2025-08-19T14:55:15+02:00 command.go:185:       [32m+[0m[0m vpc_id                                          = (known after apply)
TestIdempotence 2025-08-19T14:55:15+02:00 command.go:185:       [32m+[0m[0m vpc_owner_id                                    = (known after apply)
TestIdempotence 2025-08-19T14:55:15+02:00 command.go:185:     }
TestIdempotence 2025-08-19T14:55:15+02:00 command.go:185: 
TestIdempotence 2025-08-19T14:55:15+02:00 command.go:185: [1m  # module.transit_gateway_attachment["security"].aws_ec2_transit_gateway_route_table_association.this[0][0m will be created
TestIdempotence 2025-08-19T14:55:15+02:00 command.go:185: [0m  [32m+[0m[0m resource "aws_ec2_transit_gateway_route_table_association" "this" {
TestIdempotence 2025-08-19T14:55:15+02:00 command.go:185:       [32m+[0m[0m id                             = (known after apply)
TestIdempotence 2025-08-19T14:55:15+02:00 command.go:185:       [32m+[0m[0m replace_existing_association   = false
TestIdempotence 2025-08-19T14:55:15+02:00 command.go:185:       [32m+[0m[0m resource_id                    = (known after apply)
TestIdempotence 2025-08-19T14:55:15+02:00 command.go:185:       [32m+[0m[0m resource_type                  = (known after apply)
TestIdempotence 2025-08-19T14:55:15+02:00 command.go:185:       [32m+[0m[0m transit_gateway_attachment_id  = (known after apply)
TestIdempotence 2025-08-19T14:55:15+02:00 command.go:185:       [32m+[0m[0m transit_gateway_route_table_id = (known after apply)
TestIdempotence 2025-08-19T14:55:15+02:00 command.go:185:     }
TestIdempotence 2025-08-19T14:55:15+02:00 command.go:185: 
TestIdempotence 2025-08-19T14:55:15+02:00 command.go:185: [1m  # module.transit_gateway_attachment["security"].aws_ec2_transit_gateway_route_table_propagation.this["to1"][0m will be created
TestIdempotence 2025-08-19T14:55:15+02:00 command.go:185: [0m  [32m+[0m[0m resource "aws_ec2_transit_gateway_route_table_propagation" "this" {
TestIdempotence 2025-08-19T14:55:15+02:00 command.go:185:       [32m+[0m[0m id                             = (known after apply)
TestIdempotence 2025-08-19T14:55:15+02:00 command.go:185:       [32m+[0m[0m resource_id                    = (known after apply)
TestIdempotence 2025-08-19T14:55:15+02:00 command.go:185:       [32m+[0m[0m resource_type                  = (known after apply)
TestIdempotence 2025-08-19T14:55:15+02:00 command.go:185:       [32m+[0m[0m transit_gateway_attachment_id  = (known after apply)
TestIdempotence 2025-08-19T14:55:15+02:00 command.go:185:       [32m+[0m[0m transit_gateway_route_table_id = (known after apply)
TestIdempotence 2025-08-19T14:55:15+02:00 command.go:185:     }
TestIdempotence 2025-08-19T14:55:15+02:00 command.go:185: 
TestIdempotence 2025-08-19T14:55:15+02:00 command.go:185: [1m  # module.transit_gateway_attachment["security"].aws_ec2_transit_gateway_vpc_attachment.this[0][0m will be created
TestIdempotence 2025-08-19T14:55:15+02:00 command.go:185: [0m  [32m+[0m[0m resource "aws_ec2_transit_gateway_vpc_attachment" "this" {
TestIdempotence 2025-08-19T14:55:15+02:00 command.go:185:       [32m+[0m[0m appliance_mode_support                          = "enable"
TestIdempotence 2025-08-19T14:55:15+02:00 command.go:185:       [32m+[0m[0m arn                                             = (known after apply)
TestIdempotence 2025-08-19T14:55:15+02:00 command.go:185:       [32m+[0m[0m dns_support                                     = "enable"
TestIdempotence 2025-08-19T14:55:15+02:00 command.go:185:       [32m+[0m[0m id                                              = (known after apply)
TestIdempotence 2025-08-19T14:55:15+02:00 command.go:185:       [32m+[0m[0m ipv6_support                                    = "disable"
TestIdempotence 2025-08-19T14:55:15+02:00 command.go:185:       [32m+[0m[0m security_group_referencing_support              = (known after apply)
TestIdempotence 2025-08-19T14:55:15+02:00 command.go:185:       [32m+[0m[0m subnet_ids                                      = (known after apply)
TestIdempotence 2025-08-19T14:55:15+02:00 command.go:185:       [32m+[0m[0m tags                                            = {
TestIdempotence 2025-08-19T14:55:15+02:00 command.go:185:           [32m+[0m[0m "Application" = "Palo Alto Networks VM-Series NGFW"
TestIdempotence 2025-08-19T14:55:15+02:00 command.go:185:           [32m+[0m[0m "ManagedBy"   = "terraform"
TestIdempotence 2025-08-19T14:55:15+02:00 command.go:185:           [32m+[0m[0m "Name"        = "tt-4ff3-vmseries"
TestIdempotence 2025-08-19T14:55:15+02:00 command.go:185:           [32m+[0m[0m "Owner"       = "PS Team"
TestIdempotence 2025-08-19T14:55:15+02:00 command.go:185:         }
TestIdempotence 2025-08-19T14:55:15+02:00 command.go:185:       [32m+[0m[0m tags_all                                        = {
TestIdempotence 2025-08-19T14:55:15+02:00 command.go:185:           [32m+[0m[0m "Application" = "Palo Alto Networks VM-Series NGFW"
TestIdempotence 2025-08-19T14:55:15+02:00 command.go:185:           [32m+[0m[0m "ManagedBy"   = "terraform"
TestIdempotence 2025-08-19T14:55:15+02:00 command.go:185:           [32m+[0m[0m "Name"        = "tt-4ff3-vmseries"
TestIdempotence 2025-08-19T14:55:15+02:00 command.go:185:           [32m+[0m[0m "Owner"       = "PS Team"
TestIdempotence 2025-08-19T14:55:15+02:00 command.go:185:         }
TestIdempotence 2025-08-19T14:55:15+02:00 command.go:185:       [32m+[0m[0m transit_gateway_default_route_table_association = false
TestIdempotence 2025-08-19T14:55:15+02:00 command.go:185:       [32m+[0m[0m transit_gateway_default_route_table_propagation = false
TestIdempotence 2025-08-19T14:55:15+02:00 command.go:185:       [32m+[0m[0m transit_gateway_id                              = (known after apply)
TestIdempotence 2025-08-19T14:55:15+02:00 command.go:185:       [32m+[0m[0m vpc_id                                          = (known after apply)
TestIdempotence 2025-08-19T14:55:15+02:00 command.go:185:       [32m+[0m[0m vpc_owner_id                                    = (known after apply)
TestIdempotence 2025-08-19T14:55:15+02:00 command.go:185:     }
TestIdempotence 2025-08-19T14:55:15+02:00 command.go:185: 
TestIdempotence 2025-08-19T14:55:15+02:00 command.go:185: [1m  # module.vmseries["vmseries-01"].aws_eip.this["mgmt"][0m will be created
TestIdempotence 2025-08-19T14:55:15+02:00 command.go:185: [0m  [32m+[0m[0m resource "aws_eip" "this" {
TestIdempotence 2025-08-19T14:55:15+02:00 command.go:185:       [32m+[0m[0m allocation_id        = (known after apply)
TestIdempotence 2025-08-19T14:55:15+02:00 command.go:185:       [32m+[0m[0m arn                  = (known after apply)
TestIdempotence 2025-08-19T14:55:15+02:00 command.go:185:       [32m+[0m[0m association_id       = (known after apply)
TestIdempotence 2025-08-19T14:55:15+02:00 command.go:185:       [32m+[0m[0m carrier_ip           = (known after apply)
TestIdempotence 2025-08-19T14:55:15+02:00 command.go:185:       [32m+[0m[0m customer_owned_ip    = (known after apply)
TestIdempotence 2025-08-19T14:55:15+02:00 command.go:185:       [32m+[0m[0m domain               = "vpc"
TestIdempotence 2025-08-19T14:55:15+02:00 command.go:185:       [32m+[0m[0m id                   = (known after apply)
TestIdempotence 2025-08-19T14:55:15+02:00 command.go:185:       [32m+[0m[0m instance             = (known after apply)
TestIdempotence 2025-08-19T14:55:15+02:00 command.go:185:       [32m+[0m[0m ipam_pool_id         = (known after apply)
TestIdempotence 2025-08-19T14:55:15+02:00 command.go:185:       [32m+[0m[0m network_border_group = (known after apply)
TestIdempotence 2025-08-19T14:55:15+02:00 command.go:185:       [32m+[0m[0m network_interface    = (known after apply)
TestIdempotence 2025-08-19T14:55:15+02:00 command.go:185:       [32m+[0m[0m private_dns          = (known after apply)
TestIdempotence 2025-08-19T14:55:15+02:00 command.go:185:       [32m+[0m[0m private_ip           = (known after apply)
TestIdempotence 2025-08-19T14:55:15+02:00 command.go:185:       [32m+[0m[0m ptr_record           = (known after apply)
TestIdempotence 2025-08-19T14:55:15+02:00 command.go:185:       [32m+[0m[0m public_dns           = (known after apply)
TestIdempotence 2025-08-19T14:55:15+02:00 command.go:185:       [32m+[0m[0m public_ip            = (known after apply)
TestIdempotence 2025-08-19T14:55:15+02:00 command.go:185:       [32m+[0m[0m public_ipv4_pool     = (known after apply)
TestIdempotence 2025-08-19T14:55:15+02:00 command.go:185:       [32m+[0m[0m tags                 = {
TestIdempotence 2025-08-19T14:55:15+02:00 command.go:185:           [32m+[0m[0m "Application" = "Palo Alto Networks VM-Series NGFW"
TestIdempotence 2025-08-19T14:55:15+02:00 command.go:185:           [32m+[0m[0m "ManagedBy"   = "terraform"
TestIdempotence 2025-08-19T14:55:15+02:00 command.go:185:           [32m+[0m[0m "Name"        = "tt-4ff3-vmseries-01-mgmt"
TestIdempotence 2025-08-19T14:55:15+02:00 command.go:185:           [32m+[0m[0m "Owner"       = "PS Team"
TestIdempotence 2025-08-19T14:55:15+02:00 command.go:185:         }
TestIdempotence 2025-08-19T14:55:15+02:00 command.go:185:       [32m+[0m[0m tags_all             = {
TestIdempotence 2025-08-19T14:55:15+02:00 command.go:185:           [32m+[0m[0m "Application" = "Palo Alto Networks VM-Series NGFW"
TestIdempotence 2025-08-19T14:55:15+02:00 command.go:185:           [32m+[0m[0m "ManagedBy"   = "terraform"
TestIdempotence 2025-08-19T14:55:15+02:00 command.go:185:           [32m+[0m[0m "Name"        = "tt-4ff3-vmseries-01-mgmt"
TestIdempotence 2025-08-19T14:55:15+02:00 command.go:185:           [32m+[0m[0m "Owner"       = "PS Team"
TestIdempotence 2025-08-19T14:55:15+02:00 command.go:185:         }
TestIdempotence 2025-08-19T14:55:15+02:00 command.go:185:       [32m+[0m[0m vpc                  = (known after apply)
TestIdempotence 2025-08-19T14:55:15+02:00 command.go:185:     }
TestIdempotence 2025-08-19T14:55:15+02:00 command.go:185: 
TestIdempotence 2025-08-19T14:55:15+02:00 command.go:185: [1m  # module.vmseries["vmseries-01"].aws_eip.this["public"][0m will be created
TestIdempotence 2025-08-19T14:55:15+02:00 command.go:185: [0m  [32m+[0m[0m resource "aws_eip" "this" {
TestIdempotence 2025-08-19T14:55:15+02:00 command.go:185:       [32m+[0m[0m allocation_id        = (known after apply)
TestIdempotence 2025-08-19T14:55:15+02:00 command.go:185:       [32m+[0m[0m arn                  = (known after apply)
TestIdempotence 2025-08-19T14:55:15+02:00 command.go:185:       [32m+[0m[0m association_id       = (known after apply)
TestIdempotence 2025-08-19T14:55:15+02:00 command.go:185:       [32m+[0m[0m carrier_ip           = (known after apply)
TestIdempotence 2025-08-19T14:55:15+02:00 command.go:185:       [32m+[0m[0m customer_owned_ip    = (known after apply)
TestIdempotence 2025-08-19T14:55:15+02:00 command.go:185:       [32m+[0m[0m domain               = "vpc"
TestIdempotence 2025-08-19T14:55:15+02:00 command.go:185:       [32m+[0m[0m id                   = (known after apply)
TestIdempotence 2025-08-19T14:55:15+02:00 command.go:185:       [32m+[0m[0m instance             = (known after apply)
TestIdempotence 2025-08-19T14:55:15+02:00 command.go:185:       [32m+[0m[0m ipam_pool_id         = (known after apply)
TestIdempotence 2025-08-19T14:55:15+02:00 command.go:185:       [32m+[0m[0m network_border_group = (known after apply)
TestIdempotence 2025-08-19T14:55:15+02:00 command.go:185:       [32m+[0m[0m network_interface    = (known after apply)
TestIdempotence 2025-08-19T14:55:15+02:00 command.go:185:       [32m+[0m[0m private_dns          = (known after apply)
TestIdempotence 2025-08-19T14:55:15+02:00 command.go:185:       [32m+[0m[0m private_ip           = (known after apply)
TestIdempotence 2025-08-19T14:55:15+02:00 command.go:185:       [32m+[0m[0m ptr_record           = (known after apply)
TestIdempotence 2025-08-19T14:55:15+02:00 command.go:185:       [32m+[0m[0m public_dns           = (known after apply)
TestIdempotence 2025-08-19T14:55:15+02:00 command.go:185:       [32m+[0m[0m public_ip            = (known after apply)
TestIdempotence 2025-08-19T14:55:15+02:00 command.go:185:       [32m+[0m[0m public_ipv4_pool     = (known after apply)
TestIdempotence 2025-08-19T14:55:15+02:00 command.go:185:       [32m+[0m[0m tags                 = {
TestIdempotence 2025-08-19T14:55:15+02:00 command.go:185:           [32m+[0m[0m "Application" = "Palo Alto Networks VM-Series NGFW"
TestIdempotence 2025-08-19T14:55:15+02:00 command.go:185:           [32m+[0m[0m "ManagedBy"   = "terraform"
TestIdempotence 2025-08-19T14:55:15+02:00 command.go:185:           [32m+[0m[0m "Name"        = "tt-4ff3-vmseries-01-public"
TestIdempotence 2025-08-19T14:55:15+02:00 command.go:185:           [32m+[0m[0m "Owner"       = "PS Team"
TestIdempotence 2025-08-19T14:55:15+02:00 command.go:185:         }
TestIdempotence 2025-08-19T14:55:15+02:00 command.go:185:       [32m+[0m[0m tags_all             = {
TestIdempotence 2025-08-19T14:55:15+02:00 command.go:185:           [32m+[0m[0m "Application" = "Palo Alto Networks VM-Series NGFW"
TestIdempotence 2025-08-19T14:55:15+02:00 command.go:185:           [32m+[0m[0m "ManagedBy"   = "terraform"
TestIdempotence 2025-08-19T14:55:15+02:00 command.go:185:           [32m+[0m[0m "Name"        = "tt-4ff3-vmseries-01-public"
TestIdempotence 2025-08-19T14:55:15+02:00 command.go:185:           [32m+[0m[0m "Owner"       = "PS Team"
TestIdempotence 2025-08-19T14:55:15+02:00 command.go:185:         }
TestIdempotence 2025-08-19T14:55:15+02:00 command.go:185:       [32m+[0m[0m vpc                  = (known after apply)
TestIdempotence 2025-08-19T14:55:15+02:00 command.go:185:     }
TestIdempotence 2025-08-19T14:55:15+02:00 command.go:185: 
TestIdempotence 2025-08-19T14:55:15+02:00 command.go:185: [1m  # module.vmseries["vmseries-01"].aws_instance.this[0m will be created
TestIdempotence 2025-08-19T14:55:15+02:00 command.go:185: [0m  [32m+[0m[0m resource "aws_instance" "this" {
TestIdempotence 2025-08-19T14:55:15+02:00 command.go:185:       [32m+[0m[0m ami                                  = "ami-063cb1655f972b9ea"
TestIdempotence 2025-08-19T14:55:15+02:00 command.go:185:       [32m+[0m[0m arn                                  = (known after apply)
TestIdempotence 2025-08-19T14:55:15+02:00 command.go:185:       [32m+[0m[0m associate_public_ip_address          = (known after apply)
TestIdempotence 2025-08-19T14:55:15+02:00 command.go:185:       [32m+[0m[0m availability_zone                    = (known after apply)
TestIdempotence 2025-08-19T14:55:15+02:00 command.go:185:       [32m+[0m[0m cpu_core_count                       = (known after apply)
TestIdempotence 2025-08-19T14:55:15+02:00 command.go:185:       [32m+[0m[0m cpu_threads_per_core                 = (known after apply)
TestIdempotence 2025-08-19T14:55:15+02:00 command.go:185:       [32m+[0m[0m disable_api_stop                     = (known after apply)
TestIdempotence 2025-08-19T14:55:15+02:00 command.go:185:       [32m+[0m[0m disable_api_termination              = false
TestIdempotence 2025-08-19T14:55:15+02:00 command.go:185:       [32m+[0m[0m ebs_optimized                        = true
TestIdempotence 2025-08-19T14:55:15+02:00 command.go:185:       [32m+[0m[0m enable_primary_ipv6                  = (known after apply)
TestIdempotence 2025-08-19T14:55:15+02:00 command.go:185:       [32m+[0m[0m get_password_data                    = false
TestIdempotence 2025-08-19T14:55:15+02:00 command.go:185:       [32m+[0m[0m host_id                              = (known after apply)
TestIdempotence 2025-08-19T14:55:15+02:00 command.go:185:       [32m+[0m[0m host_resource_group_arn              = (known after apply)
TestIdempotence 2025-08-19T14:55:15+02:00 command.go:185:       [32m+[0m[0m iam_instance_profile                 = "tt-4ff3-vmseries_instance_profile"
TestIdempotence 2025-08-19T14:55:15+02:00 command.go:185:       [32m+[0m[0m id                                   = (known after apply)
TestIdempotence 2025-08-19T14:55:15+02:00 command.go:185:       [32m+[0m[0m instance_initiated_shutdown_behavior = "stop"
TestIdempotence 2025-08-19T14:55:15+02:00 command.go:185:       [32m+[0m[0m instance_lifecycle                   = (known after apply)
TestIdempotence 2025-08-19T14:55:15+02:00 command.go:185:       [32m+[0m[0m instance_state                       = (known after apply)
TestIdempotence 2025-08-19T14:55:15+02:00 command.go:185:       [32m+[0m[0m instance_type                        = "m5.xlarge"
TestIdempotence 2025-08-19T14:55:15+02:00 command.go:185:       [32m+[0m[0m ipv6_address_count                   = (known after apply)
TestIdempotence 2025-08-19T14:55:15+02:00 command.go:185:       [32m+[0m[0m ipv6_addresses                       = (known after apply)
TestIdempotence 2025-08-19T14:55:15+02:00 command.go:185:       [32m+[0m[0m key_name                             = "test-ssh-key"
TestIdempotence 2025-08-19T14:55:15+02:00 command.go:185:       [32m+[0m[0m monitoring                           = false
TestIdempotence 2025-08-19T14:55:15+02:00 command.go:185:       [32m+[0m[0m outpost_arn                          = (known after apply)
TestIdempotence 2025-08-19T14:55:15+02:00 command.go:185:       [32m+[0m[0m password_data                        = (known after apply)
TestIdempotence 2025-08-19T14:55:15+02:00 command.go:185:       [32m+[0m[0m placement_group                      = (known after apply)
TestIdempotence 2025-08-19T14:55:15+02:00 command.go:185:       [32m+[0m[0m placement_partition_number           = (known after apply)
TestIdempotence 2025-08-19T14:55:15+02:00 command.go:185:       [32m+[0m[0m primary_network_interface_id         = (known after apply)
TestIdempotence 2025-08-19T14:55:15+02:00 command.go:185:       [32m+[0m[0m private_dns                          = (known after apply)
TestIdempotence 2025-08-19T14:55:15+02:00 command.go:185:       [32m+[0m[0m private_ip                           = (known after apply)
TestIdempotence 2025-08-19T14:55:15+02:00 command.go:185:       [32m+[0m[0m public_dns                           = (known after apply)
TestIdempotence 2025-08-19T14:55:15+02:00 command.go:185:       [32m+[0m[0m public_ip                            = (known after apply)
TestIdempotence 2025-08-19T14:55:15+02:00 command.go:185:       [32m+[0m[0m secondary_private_ips                = (known after apply)
TestIdempotence 2025-08-19T14:55:15+02:00 command.go:185:       [32m+[0m[0m security_groups                      = (known after apply)
TestIdempotence 2025-08-19T14:55:15+02:00 command.go:185:       [32m+[0m[0m spot_instance_request_id             = (known after apply)
TestIdempotence 2025-08-19T14:55:15+02:00 command.go:185:       [32m+[0m[0m subnet_id                            = (known after apply)
TestIdempotence 2025-08-19T14:55:15+02:00 command.go:185:       [32m+[0m[0m tags                                 = {
TestIdempotence 2025-08-19T14:55:15+02:00 command.go:185:           [32m+[0m[0m "Application" = "Palo Alto Networks VM-Series NGFW"
TestIdempotence 2025-08-19T14:55:15+02:00 command.go:185:           [32m+[0m[0m "ManagedBy"   = "terraform"
TestIdempotence 2025-08-19T14:55:15+02:00 command.go:185:           [32m+[0m[0m "Name"        = "tt-4ff3-vmseries-01"
TestIdempotence 2025-08-19T14:55:15+02:00 command.go:185:           [32m+[0m[0m "Owner"       = "PS Team"
TestIdempotence 2025-08-19T14:55:15+02:00 command.go:185:         }
TestIdempotence 2025-08-19T14:55:15+02:00 command.go:185:       [32m+[0m[0m tags_all                             = {
TestIdempotence 2025-08-19T14:55:15+02:00 command.go:185:           [32m+[0m[0m "Application" = "Palo Alto Networks VM-Series NGFW"
TestIdempotence 2025-08-19T14:55:15+02:00 command.go:185:           [32m+[0m[0m "ManagedBy"   = "terraform"
TestIdempotence 2025-08-19T14:55:15+02:00 command.go:185:           [32m+[0m[0m "Name"        = "tt-4ff3-vmseries-01"
TestIdempotence 2025-08-19T14:55:15+02:00 command.go:185:           [32m+[0m[0m "Owner"       = "PS Team"
TestIdempotence 2025-08-19T14:55:15+02:00 command.go:185:         }
TestIdempotence 2025-08-19T14:55:15+02:00 command.go:185:       [32m+[0m[0m tenancy                              = (known after apply)
TestIdempotence 2025-08-19T14:55:15+02:00 command.go:185:       [32m+[0m[0m user_data                            = (known after apply)
TestIdempotence 2025-08-19T14:55:15+02:00 command.go:185:       [32m+[0m[0m user_data_base64                     = (known after apply)
TestIdempotence 2025-08-19T14:55:15+02:00 command.go:185:       [32m+[0m[0m user_data_replace_on_change          = false
TestIdempotence 2025-08-19T14:55:15+02:00 command.go:185:       [32m+[0m[0m volume_tags                          = {
TestIdempotence 2025-08-19T14:55:15+02:00 command.go:185:           [32m+[0m[0m "Application" = "Palo Alto Networks VM-Series NGFW"
TestIdempotence 2025-08-19T14:55:15+02:00 command.go:185:           [32m+[0m[0m "ManagedBy"   = "terraform"
TestIdempotence 2025-08-19T14:55:15+02:00 command.go:185:           [32m+[0m[0m "Name"        = "tt-4ff3-vmseries-01"
TestIdempotence 2025-08-19T14:55:15+02:00 command.go:185:           [32m+[0m[0m "Owner"       = "PS Team"
TestIdempotence 2025-08-19T14:55:15+02:00 command.go:185:         }
TestIdempotence 2025-08-19T14:55:15+02:00 command.go:185:       [32m+[0m[0m vpc_security_group_ids               = (known after apply)
TestIdempotence 2025-08-19T14:55:15+02:00 command.go:185: 
TestIdempotence 2025-08-19T14:55:15+02:00 command.go:185:       [32m+[0m[0m capacity_reservation_specification (known after apply)
TestIdempotence 2025-08-19T14:55:15+02:00 command.go:185: 
TestIdempotence 2025-08-19T14:55:15+02:00 command.go:185:       [32m+[0m[0m cpu_options (known after apply)
TestIdempotence 2025-08-19T14:55:15+02:00 command.go:185: 
TestIdempotence 2025-08-19T14:55:15+02:00 command.go:185:       [32m+[0m[0m ebs_block_device (known after apply)
TestIdempotence 2025-08-19T14:55:15+02:00 command.go:185: 
TestIdempotence 2025-08-19T14:55:15+02:00 command.go:185:       [32m+[0m[0m enclave_options (known after apply)
TestIdempotence 2025-08-19T14:55:15+02:00 command.go:185: 
TestIdempotence 2025-08-19T14:55:15+02:00 command.go:185:       [32m+[0m[0m ephemeral_block_device (known after apply)
TestIdempotence 2025-08-19T14:55:15+02:00 command.go:185: 
TestIdempotence 2025-08-19T14:55:15+02:00 command.go:185:       [32m+[0m[0m instance_market_options (known after apply)
TestIdempotence 2025-08-19T14:55:15+02:00 command.go:185: 
TestIdempotence 2025-08-19T14:55:15+02:00 command.go:185:       [32m+[0m[0m maintenance_options (known after apply)
TestIdempotence 2025-08-19T14:55:15+02:00 command.go:185: 
TestIdempotence 2025-08-19T14:55:15+02:00 command.go:185:       [32m+[0m[0m metadata_options (known after apply)
TestIdempotence 2025-08-19T14:55:15+02:00 command.go:185: 
TestIdempotence 2025-08-19T14:55:15+02:00 command.go:185:       [32m+[0m[0m network_interface {
TestIdempotence 2025-08-19T14:55:15+02:00 command.go:185:           [32m+[0m[0m delete_on_termination = false
TestIdempotence 2025-08-19T14:55:15+02:00 command.go:185:           [32m+[0m[0m device_index          = 0
TestIdempotence 2025-08-19T14:55:15+02:00 command.go:185:           [32m+[0m[0m network_card_index    = 0
TestIdempotence 2025-08-19T14:55:15+02:00 command.go:185:           [32m+[0m[0m network_interface_id  = (known after apply)
TestIdempotence 2025-08-19T14:55:15+02:00 command.go:185:         }
TestIdempotence 2025-08-19T14:55:15+02:00 command.go:185: 
TestIdempotence 2025-08-19T14:55:15+02:00 command.go:185:       [32m+[0m[0m private_dns_name_options (known after apply)
TestIdempotence 2025-08-19T14:55:15+02:00 command.go:185: 
TestIdempotence 2025-08-19T14:55:15+02:00 command.go:185:       [32m+[0m[0m root_block_device {
TestIdempotence 2025-08-19T14:55:15+02:00 command.go:185:           [32m+[0m[0m delete_on_termination = true
TestIdempotence 2025-08-19T14:55:15+02:00 command.go:185:           [32m+[0m[0m device_name           = (known after apply)
TestIdempotence 2025-08-19T14:55:15+02:00 command.go:185:           [32m+[0m[0m encrypted             = true
TestIdempotence 2025-08-19T14:55:15+02:00 command.go:185:           [32m+[0m[0m iops                  = (known after apply)
TestIdempotence 2025-08-19T14:55:15+02:00 command.go:185:           [32m+[0m[0m kms_key_id            = "arn:aws:kms:eu-west-1:751512424814:key/c5f4fae7-65ef-4850-9a17-14ff219e109c"
TestIdempotence 2025-08-19T14:55:15+02:00 command.go:185:           [32m+[0m[0m tags_all              = (known after apply)
TestIdempotence 2025-08-19T14:55:15+02:00 command.go:185:           [32m+[0m[0m throughput            = (known after apply)
TestIdempotence 2025-08-19T14:55:15+02:00 command.go:185:           [32m+[0m[0m volume_id             = (known after apply)
TestIdempotence 2025-08-19T14:55:15+02:00 command.go:185:           [32m+[0m[0m volume_size           = (known after apply)
TestIdempotence 2025-08-19T14:55:15+02:00 command.go:185:           [32m+[0m[0m volume_type           = (known after apply)
TestIdempotence 2025-08-19T14:55:15+02:00 command.go:185:         }
TestIdempotence 2025-08-19T14:55:15+02:00 command.go:185:     }
TestIdempotence 2025-08-19T14:55:15+02:00 command.go:185: 
TestIdempotence 2025-08-19T14:55:15+02:00 command.go:185: [1m  # module.vmseries["vmseries-01"].aws_network_interface.this["mgmt"][0m will be created
TestIdempotence 2025-08-19T14:55:15+02:00 command.go:185: [0m  [32m+[0m[0m resource "aws_network_interface" "this" {
TestIdempotence 2025-08-19T14:55:15+02:00 command.go:185:       [32m+[0m[0m arn                       = (known after apply)
TestIdempotence 2025-08-19T14:55:15+02:00 command.go:185:       [32m+[0m[0m enable_primary_ipv6       = (known after apply)
TestIdempotence 2025-08-19T14:55:15+02:00 command.go:185:       [32m+[0m[0m id                        = (known after apply)
TestIdempotence 2025-08-19T14:55:15+02:00 command.go:185:       [32m+[0m[0m interface_type            = (known after apply)
TestIdempotence 2025-08-19T14:55:15+02:00 command.go:185:       [32m+[0m[0m ipv4_prefix_count         = (known after apply)
TestIdempotence 2025-08-19T14:55:15+02:00 command.go:185:       [32m+[0m[0m ipv4_prefixes             = (known after apply)
TestIdempotence 2025-08-19T14:55:15+02:00 command.go:185:       [32m+[0m[0m ipv6_address_count        = (known after apply)
TestIdempotence 2025-08-19T14:55:15+02:00 command.go:185:       [32m+[0m[0m ipv6_address_list         = (known after apply)
TestIdempotence 2025-08-19T14:55:15+02:00 command.go:185:       [32m+[0m[0m ipv6_address_list_enabled = false
TestIdempotence 2025-08-19T14:55:15+02:00 command.go:185:       [32m+[0m[0m ipv6_addresses            = (known after apply)
TestIdempotence 2025-08-19T14:55:15+02:00 command.go:185:       [32m+[0m[0m ipv6_prefix_count         = (known after apply)
TestIdempotence 2025-08-19T14:55:15+02:00 command.go:185:       [32m+[0m[0m ipv6_prefixes             = (known after apply)
TestIdempotence 2025-08-19T14:55:15+02:00 command.go:185:       [32m+[0m[0m mac_address               = (known after apply)
TestIdempotence 2025-08-19T14:55:15+02:00 command.go:185:       [32m+[0m[0m outpost_arn               = (known after apply)
TestIdempotence 2025-08-19T14:55:15+02:00 command.go:185:       [32m+[0m[0m owner_id                  = (known after apply)
TestIdempotence 2025-08-19T14:55:15+02:00 command.go:185:       [32m+[0m[0m private_dns_name          = (known after apply)
TestIdempotence 2025-08-19T14:55:15+02:00 command.go:185:       [32m+[0m[0m private_ip                = (known after apply)
TestIdempotence 2025-08-19T14:55:15+02:00 command.go:185:       [32m+[0m[0m private_ip_list           = (known after apply)
TestIdempotence 2025-08-19T14:55:15+02:00 command.go:185:       [32m+[0m[0m private_ip_list_enabled   = false
TestIdempotence 2025-08-19T14:55:15+02:00 command.go:185:       [32m+[0m[0m private_ips               = (known after apply)
TestIdempotence 2025-08-19T14:55:15+02:00 command.go:185:       [32m+[0m[0m private_ips_count         = (known after apply)
TestIdempotence 2025-08-19T14:55:15+02:00 command.go:185:       [32m+[0m[0m security_groups           = (known after apply)
TestIdempotence 2025-08-19T14:55:15+02:00 command.go:185:       [32m+[0m[0m source_dest_check         = true
TestIdempotence 2025-08-19T14:55:15+02:00 command.go:185:       [32m+[0m[0m subnet_id                 = (known after apply)
TestIdempotence 2025-08-19T14:55:15+02:00 command.go:185:       [32m+[0m[0m tags                      = {
TestIdempotence 2025-08-19T14:55:15+02:00 command.go:185:           [32m+[0m[0m "Application" = "Palo Alto Networks VM-Series NGFW"
TestIdempotence 2025-08-19T14:55:15+02:00 command.go:185:           [32m+[0m[0m "ManagedBy"   = "terraform"
TestIdempotence 2025-08-19T14:55:15+02:00 command.go:185:           [32m+[0m[0m "Name"        = "tt-4ff3-vmseries-01-mgmt"
TestIdempotence 2025-08-19T14:55:15+02:00 command.go:185:           [32m+[0m[0m "Owner"       = "PS Team"
TestIdempotence 2025-08-19T14:55:15+02:00 command.go:185:         }
TestIdempotence 2025-08-19T14:55:15+02:00 command.go:185:       [32m+[0m[0m tags_all                  = {
TestIdempotence 2025-08-19T14:55:15+02:00 command.go:185:           [32m+[0m[0m "Application" = "Palo Alto Networks VM-Series NGFW"
TestIdempotence 2025-08-19T14:55:15+02:00 command.go:185:           [32m+[0m[0m "ManagedBy"   = "terraform"
TestIdempotence 2025-08-19T14:55:15+02:00 command.go:185:           [32m+[0m[0m "Name"        = "tt-4ff3-vmseries-01-mgmt"
TestIdempotence 2025-08-19T14:55:15+02:00 command.go:185:           [32m+[0m[0m "Owner"       = "PS Team"
TestIdempotence 2025-08-19T14:55:15+02:00 command.go:185:         }
TestIdempotence 2025-08-19T14:55:15+02:00 command.go:185: 
TestIdempotence 2025-08-19T14:55:15+02:00 command.go:185:       [32m+[0m[0m attachment (known after apply)
TestIdempotence 2025-08-19T14:55:15+02:00 command.go:185:     }
TestIdempotence 2025-08-19T14:55:15+02:00 command.go:185: 
TestIdempotence 2025-08-19T14:55:15+02:00 command.go:185: [1m  # module.vmseries["vmseries-01"].aws_network_interface.this["private"][0m will be created
TestIdempotence 2025-08-19T14:55:15+02:00 command.go:185: [0m  [32m+[0m[0m resource "aws_network_interface" "this" {
TestIdempotence 2025-08-19T14:55:15+02:00 command.go:185:       [32m+[0m[0m arn                       = (known after apply)
TestIdempotence 2025-08-19T14:55:15+02:00 command.go:185:       [32m+[0m[0m enable_primary_ipv6       = (known after apply)
TestIdempotence 2025-08-19T14:55:15+02:00 command.go:185:       [32m+[0m[0m id                        = (known after apply)
TestIdempotence 2025-08-19T14:55:15+02:00 command.go:185:       [32m+[0m[0m interface_type            = (known after apply)
TestIdempotence 2025-08-19T14:55:15+02:00 command.go:185:       [32m+[0m[0m ipv4_prefix_count         = (known after apply)
TestIdempotence 2025-08-19T14:55:15+02:00 command.go:185:       [32m+[0m[0m ipv4_prefixes             = (known after apply)
TestIdempotence 2025-08-19T14:55:15+02:00 command.go:185:       [32m+[0m[0m ipv6_address_count        = (known after apply)
TestIdempotence 2025-08-19T14:55:15+02:00 command.go:185:       [32m+[0m[0m ipv6_address_list         = (known after apply)
TestIdempotence 2025-08-19T14:55:15+02:00 command.go:185:       [32m+[0m[0m ipv6_address_list_enabled = false
TestIdempotence 2025-08-19T14:55:15+02:00 command.go:185:       [32m+[0m[0m ipv6_addresses            = (known after apply)
TestIdempotence 2025-08-19T14:55:15+02:00 command.go:185:       [32m+[0m[0m ipv6_prefix_count         = (known after apply)
TestIdempotence 2025-08-19T14:55:15+02:00 command.go:185:       [32m+[0m[0m ipv6_prefixes             = (known after apply)
TestIdempotence 2025-08-19T14:55:15+02:00 command.go:185:       [32m+[0m[0m mac_address               = (known after apply)
TestIdempotence 2025-08-19T14:55:15+02:00 command.go:185:       [32m+[0m[0m outpost_arn               = (known after apply)
TestIdempotence 2025-08-19T14:55:15+02:00 command.go:185:       [32m+[0m[0m owner_id                  = (known after apply)
TestIdempotence 2025-08-19T14:55:15+02:00 command.go:185:       [32m+[0m[0m private_dns_name          = (known after apply)
TestIdempotence 2025-08-19T14:55:15+02:00 command.go:185:       [32m+[0m[0m private_ip                = (known after apply)
TestIdempotence 2025-08-19T14:55:15+02:00 command.go:185:       [32m+[0m[0m private_ip_list           = (known after apply)
TestIdempotence 2025-08-19T14:55:15+02:00 command.go:185:       [32m+[0m[0m private_ip_list_enabled   = false
TestIdempotence 2025-08-19T14:55:15+02:00 command.go:185:       [32m+[0m[0m private_ips               = (known after apply)
TestIdempotence 2025-08-19T14:55:15+02:00 command.go:185:       [32m+[0m[0m private_ips_count         = (known after apply)
TestIdempotence 2025-08-19T14:55:15+02:00 command.go:185:       [32m+[0m[0m security_groups           = (known after apply)
TestIdempotence 2025-08-19T14:55:15+02:00 command.go:185:       [32m+[0m[0m source_dest_check         = false
TestIdempotence 2025-08-19T14:55:15+02:00 command.go:185:       [32m+[0m[0m subnet_id                 = (known after apply)
TestIdempotence 2025-08-19T14:55:15+02:00 command.go:185:       [32m+[0m[0m tags                      = {
TestIdempotence 2025-08-19T14:55:15+02:00 command.go:185:           [32m+[0m[0m "Application" = "Palo Alto Networks VM-Series NGFW"
TestIdempotence 2025-08-19T14:55:15+02:00 command.go:185:           [32m+[0m[0m "ManagedBy"   = "terraform"
TestIdempotence 2025-08-19T14:55:15+02:00 command.go:185:           [32m+[0m[0m "Name"        = "tt-4ff3-vmseries-01-private"
TestIdempotence 2025-08-19T14:55:15+02:00 command.go:185:           [32m+[0m[0m "Owner"       = "PS Team"
TestIdempotence 2025-08-19T14:55:15+02:00 command.go:185:         }
TestIdempotence 2025-08-19T14:55:15+02:00 command.go:185:       [32m+[0m[0m tags_all                  = {
TestIdempotence 2025-08-19T14:55:15+02:00 command.go:185:           [32m+[0m[0m "Application" = "Palo Alto Networks VM-Series NGFW"
TestIdempotence 2025-08-19T14:55:15+02:00 command.go:185:           [32m+[0m[0m "ManagedBy"   = "terraform"
TestIdempotence 2025-08-19T14:55:15+02:00 command.go:185:           [32m+[0m[0m "Name"        = "tt-4ff3-vmseries-01-private"
TestIdempotence 2025-08-19T14:55:15+02:00 command.go:185:           [32m+[0m[0m "Owner"       = "PS Team"
TestIdempotence 2025-08-19T14:55:15+02:00 command.go:185:         }
TestIdempotence 2025-08-19T14:55:15+02:00 command.go:185: 
TestIdempotence 2025-08-19T14:55:15+02:00 command.go:185:       [32m+[0m[0m attachment (known after apply)
TestIdempotence 2025-08-19T14:55:15+02:00 command.go:185:     }
TestIdempotence 2025-08-19T14:55:15+02:00 command.go:185: 
TestIdempotence 2025-08-19T14:55:15+02:00 command.go:185: [1m  # module.vmseries["vmseries-01"].aws_network_interface.this["public"][0m will be created
TestIdempotence 2025-08-19T14:55:15+02:00 command.go:185: [0m  [32m+[0m[0m resource "aws_network_interface" "this" {
TestIdempotence 2025-08-19T14:55:15+02:00 command.go:185:       [32m+[0m[0m arn                       = (known after apply)
TestIdempotence 2025-08-19T14:55:15+02:00 command.go:185:       [32m+[0m[0m enable_primary_ipv6       = (known after apply)
TestIdempotence 2025-08-19T14:55:15+02:00 command.go:185:       [32m+[0m[0m id                        = (known after apply)
TestIdempotence 2025-08-19T14:55:15+02:00 command.go:185:       [32m+[0m[0m interface_type            = (known after apply)
TestIdempotence 2025-08-19T14:55:15+02:00 command.go:185:       [32m+[0m[0m ipv4_prefix_count         = (known after apply)
TestIdempotence 2025-08-19T14:55:15+02:00 command.go:185:       [32m+[0m[0m ipv4_prefixes             = (known after apply)
TestIdempotence 2025-08-19T14:55:15+02:00 command.go:185:       [32m+[0m[0m ipv6_address_count        = (known after apply)
TestIdempotence 2025-08-19T14:55:15+02:00 command.go:185:       [32m+[0m[0m ipv6_address_list         = (known after apply)
TestIdempotence 2025-08-19T14:55:15+02:00 command.go:185:       [32m+[0m[0m ipv6_address_list_enabled = false
TestIdempotence 2025-08-19T14:55:15+02:00 command.go:185:       [32m+[0m[0m ipv6_addresses            = (known after apply)
TestIdempotence 2025-08-19T14:55:15+02:00 command.go:185:       [32m+[0m[0m ipv6_prefix_count         = (known after apply)
TestIdempotence 2025-08-19T14:55:15+02:00 command.go:185:       [32m+[0m[0m ipv6_prefixes             = (known after apply)
TestIdempotence 2025-08-19T14:55:15+02:00 command.go:185:       [32m+[0m[0m mac_address               = (known after apply)
TestIdempotence 2025-08-19T14:55:15+02:00 command.go:185:       [32m+[0m[0m outpost_arn               = (known after apply)
TestIdempotence 2025-08-19T14:55:15+02:00 command.go:185:       [32m+[0m[0m owner_id                  = (known after apply)
TestIdempotence 2025-08-19T14:55:15+02:00 command.go:185:       [32m+[0m[0m private_dns_name          = (known after apply)
TestIdempotence 2025-08-19T14:55:15+02:00 command.go:185:       [32m+[0m[0m private_ip                = (known after apply)
TestIdempotence 2025-08-19T14:55:15+02:00 command.go:185:       [32m+[0m[0m private_ip_list           = (known after apply)
TestIdempotence 2025-08-19T14:55:15+02:00 command.go:185:       [32m+[0m[0m private_ip_list_enabled   = false
TestIdempotence 2025-08-19T14:55:15+02:00 command.go:185:       [32m+[0m[0m private_ips               = (known after apply)
TestIdempotence 2025-08-19T14:55:15+02:00 command.go:185:       [32m+[0m[0m private_ips_count         = (known after apply)
TestIdempotence 2025-08-19T14:55:15+02:00 command.go:185:       [32m+[0m[0m security_groups           = (known after apply)
TestIdempotence 2025-08-19T14:55:15+02:00 command.go:185:       [32m+[0m[0m source_dest_check         = false
TestIdempotence 2025-08-19T14:55:15+02:00 command.go:185:       [32m+[0m[0m subnet_id                 = (known after apply)
TestIdempotence 2025-08-19T14:55:15+02:00 command.go:185:       [32m+[0m[0m tags                      = {
TestIdempotence 2025-08-19T14:55:15+02:00 command.go:185:           [32m+[0m[0m "Application" = "Palo Alto Networks VM-Series NGFW"
TestIdempotence 2025-08-19T14:55:15+02:00 command.go:185:           [32m+[0m[0m "ManagedBy"   = "terraform"
TestIdempotence 2025-08-19T14:55:15+02:00 command.go:185:           [32m+[0m[0m "Name"        = "tt-4ff3-vmseries-01-public"
TestIdempotence 2025-08-19T14:55:15+02:00 command.go:185:           [32m+[0m[0m "Owner"       = "PS Team"
TestIdempotence 2025-08-19T14:55:15+02:00 command.go:185:         }
TestIdempotence 2025-08-19T14:55:15+02:00 command.go:185:       [32m+[0m[0m tags_all                  = {
TestIdempotence 2025-08-19T14:55:15+02:00 command.go:185:           [32m+[0m[0m "Application" = "Palo Alto Networks VM-Series NGFW"
TestIdempotence 2025-08-19T14:55:15+02:00 command.go:185:           [32m+[0m[0m "ManagedBy"   = "terraform"
TestIdempotence 2025-08-19T14:55:15+02:00 command.go:185:           [32m+[0m[0m "Name"        = "tt-4ff3-vmseries-01-public"
TestIdempotence 2025-08-19T14:55:15+02:00 command.go:185:           [32m+[0m[0m "Owner"       = "PS Team"
TestIdempotence 2025-08-19T14:55:15+02:00 command.go:185:         }
TestIdempotence 2025-08-19T14:55:15+02:00 command.go:185: 
TestIdempotence 2025-08-19T14:55:15+02:00 command.go:185:       [32m+[0m[0m attachment (known after apply)
TestIdempotence 2025-08-19T14:55:15+02:00 command.go:185:     }
TestIdempotence 2025-08-19T14:55:15+02:00 command.go:185: 
TestIdempotence 2025-08-19T14:55:15+02:00 command.go:185: [1m  # module.vmseries["vmseries-01"].aws_network_interface_attachment.this["mgmt"][0m will be created
TestIdempotence 2025-08-19T14:55:15+02:00 command.go:185: [0m  [32m+[0m[0m resource "aws_network_interface_attachment" "this" {
TestIdempotence 2025-08-19T14:55:15+02:00 command.go:185:       [32m+[0m[0m attachment_id        = (known after apply)
TestIdempotence 2025-08-19T14:55:15+02:00 command.go:185:       [32m+[0m[0m device_index         = 1
TestIdempotence 2025-08-19T14:55:15+02:00 command.go:185:       [32m+[0m[0m id                   = (known after apply)
TestIdempotence 2025-08-19T14:55:15+02:00 command.go:185:       [32m+[0m[0m instance_id          = (known after apply)
TestIdempotence 2025-08-19T14:55:15+02:00 command.go:185:       [32m+[0m[0m network_interface_id = (known after apply)
TestIdempotence 2025-08-19T14:55:15+02:00 command.go:185:       [32m+[0m[0m status               = (known after apply)
TestIdempotence 2025-08-19T14:55:15+02:00 command.go:185:     }
TestIdempotence 2025-08-19T14:55:15+02:00 command.go:185: 
TestIdempotence 2025-08-19T14:55:15+02:00 command.go:185: [1m  # module.vmseries["vmseries-01"].aws_network_interface_attachment.this["public"][0m will be created
TestIdempotence 2025-08-19T14:55:15+02:00 command.go:185: [0m  [32m+[0m[0m resource "aws_network_interface_attachment" "this" {
TestIdempotence 2025-08-19T14:55:15+02:00 command.go:185:       [32m+[0m[0m attachment_id        = (known after apply)
TestIdempotence 2025-08-19T14:55:15+02:00 command.go:185:       [32m+[0m[0m device_index         = 2
TestIdempotence 2025-08-19T14:55:15+02:00 command.go:185:       [32m+[0m[0m id                   = (known after apply)
TestIdempotence 2025-08-19T14:55:15+02:00 command.go:185:       [32m+[0m[0m instance_id          = (known after apply)
TestIdempotence 2025-08-19T14:55:15+02:00 command.go:185:       [32m+[0m[0m network_interface_id = (known after apply)
TestIdempotence 2025-08-19T14:55:15+02:00 command.go:185:       [32m+[0m[0m status               = (known after apply)
TestIdempotence 2025-08-19T14:55:15+02:00 command.go:185:     }
TestIdempotence 2025-08-19T14:55:15+02:00 command.go:185: 
TestIdempotence 2025-08-19T14:55:15+02:00 command.go:185: [1m  # module.vmseries["vmseries-02"].aws_eip.this["mgmt"][0m will be created
TestIdempotence 2025-08-19T14:55:15+02:00 command.go:185: [0m  [32m+[0m[0m resource "aws_eip" "this" {
TestIdempotence 2025-08-19T14:55:15+02:00 command.go:185:       [32m+[0m[0m allocation_id        = (known after apply)
TestIdempotence 2025-08-19T14:55:15+02:00 command.go:185:       [32m+[0m[0m arn                  = (known after apply)
TestIdempotence 2025-08-19T14:55:15+02:00 command.go:185:       [32m+[0m[0m association_id       = (known after apply)
TestIdempotence 2025-08-19T14:55:15+02:00 command.go:185:       [32m+[0m[0m carrier_ip           = (known after apply)
TestIdempotence 2025-08-19T14:55:15+02:00 command.go:185:       [32m+[0m[0m customer_owned_ip    = (known after apply)
TestIdempotence 2025-08-19T14:55:15+02:00 command.go:185:       [32m+[0m[0m domain               = "vpc"
TestIdempotence 2025-08-19T14:55:15+02:00 command.go:185:       [32m+[0m[0m id                   = (known after apply)
TestIdempotence 2025-08-19T14:55:15+02:00 command.go:185:       [32m+[0m[0m instance             = (known after apply)
TestIdempotence 2025-08-19T14:55:15+02:00 command.go:185:       [32m+[0m[0m ipam_pool_id         = (known after apply)
TestIdempotence 2025-08-19T14:55:15+02:00 command.go:185:       [32m+[0m[0m network_border_group = (known after apply)
TestIdempotence 2025-08-19T14:55:15+02:00 command.go:185:       [32m+[0m[0m network_interface    = (known after apply)
TestIdempotence 2025-08-19T14:55:15+02:00 command.go:185:       [32m+[0m[0m private_dns          = (known after apply)
TestIdempotence 2025-08-19T14:55:15+02:00 command.go:185:       [32m+[0m[0m private_ip           = (known after apply)
TestIdempotence 2025-08-19T14:55:15+02:00 command.go:185:       [32m+[0m[0m ptr_record           = (known after apply)
TestIdempotence 2025-08-19T14:55:15+02:00 command.go:185:       [32m+[0m[0m public_dns           = (known after apply)
TestIdempotence 2025-08-19T14:55:15+02:00 command.go:185:       [32m+[0m[0m public_ip            = (known after apply)
TestIdempotence 2025-08-19T14:55:15+02:00 command.go:185:       [32m+[0m[0m public_ipv4_pool     = (known after apply)
TestIdempotence 2025-08-19T14:55:15+02:00 command.go:185:       [32m+[0m[0m tags                 = {
TestIdempotence 2025-08-19T14:55:15+02:00 command.go:185:           [32m+[0m[0m "Application" = "Palo Alto Networks VM-Series NGFW"
TestIdempotence 2025-08-19T14:55:15+02:00 command.go:185:           [32m+[0m[0m "ManagedBy"   = "terraform"
TestIdempotence 2025-08-19T14:55:15+02:00 command.go:185:           [32m+[0m[0m "Name"        = "tt-4ff3-vmseries-02-mgmt"
TestIdempotence 2025-08-19T14:55:15+02:00 command.go:185:           [32m+[0m[0m "Owner"       = "PS Team"
TestIdempotence 2025-08-19T14:55:15+02:00 command.go:185:         }
TestIdempotence 2025-08-19T14:55:15+02:00 command.go:185:       [32m+[0m[0m tags_all             = {
TestIdempotence 2025-08-19T14:55:15+02:00 command.go:185:           [32m+[0m[0m "Application" = "Palo Alto Networks VM-Series NGFW"
TestIdempotence 2025-08-19T14:55:15+02:00 command.go:185:           [32m+[0m[0m "ManagedBy"   = "terraform"
TestIdempotence 2025-08-19T14:55:15+02:00 command.go:185:           [32m+[0m[0m "Name"        = "tt-4ff3-vmseries-02-mgmt"
TestIdempotence 2025-08-19T14:55:15+02:00 command.go:185:           [32m+[0m[0m "Owner"       = "PS Team"
TestIdempotence 2025-08-19T14:55:15+02:00 command.go:185:         }
TestIdempotence 2025-08-19T14:55:15+02:00 command.go:185:       [32m+[0m[0m vpc                  = (known after apply)
TestIdempotence 2025-08-19T14:55:15+02:00 command.go:185:     }
TestIdempotence 2025-08-19T14:55:15+02:00 command.go:185: 
TestIdempotence 2025-08-19T14:55:15+02:00 command.go:185: [1m  # module.vmseries["vmseries-02"].aws_eip.this["public"][0m will be created
TestIdempotence 2025-08-19T14:55:15+02:00 command.go:185: [0m  [32m+[0m[0m resource "aws_eip" "this" {
TestIdempotence 2025-08-19T14:55:15+02:00 command.go:185:       [32m+[0m[0m allocation_id        = (known after apply)
TestIdempotence 2025-08-19T14:55:15+02:00 command.go:185:       [32m+[0m[0m arn                  = (known after apply)
TestIdempotence 2025-08-19T14:55:15+02:00 command.go:185:       [32m+[0m[0m association_id       = (known after apply)
TestIdempotence 2025-08-19T14:55:15+02:00 command.go:185:       [32m+[0m[0m carrier_ip           = (known after apply)
TestIdempotence 2025-08-19T14:55:15+02:00 command.go:185:       [32m+[0m[0m customer_owned_ip    = (known after apply)
TestIdempotence 2025-08-19T14:55:15+02:00 command.go:185:       [32m+[0m[0m domain               = "vpc"
TestIdempotence 2025-08-19T14:55:15+02:00 command.go:185:       [32m+[0m[0m id                   = (known after apply)
TestIdempotence 2025-08-19T14:55:15+02:00 command.go:185:       [32m+[0m[0m instance             = (known after apply)
TestIdempotence 2025-08-19T14:55:15+02:00 command.go:185:       [32m+[0m[0m ipam_pool_id         = (known after apply)
TestIdempotence 2025-08-19T14:55:15+02:00 command.go:185:       [32m+[0m[0m network_border_group = (known after apply)
TestIdempotence 2025-08-19T14:55:15+02:00 command.go:185:       [32m+[0m[0m network_interface    = (known after apply)
TestIdempotence 2025-08-19T14:55:15+02:00 command.go:185:       [32m+[0m[0m private_dns          = (known after apply)
TestIdempotence 2025-08-19T14:55:15+02:00 command.go:185:       [32m+[0m[0m private_ip           = (known after apply)
TestIdempotence 2025-08-19T14:55:15+02:00 command.go:185:       [32m+[0m[0m ptr_record           = (known after apply)
TestIdempotence 2025-08-19T14:55:15+02:00 command.go:185:       [32m+[0m[0m public_dns           = (known after apply)
TestIdempotence 2025-08-19T14:55:15+02:00 command.go:185:       [32m+[0m[0m public_ip            = (known after apply)
TestIdempotence 2025-08-19T14:55:15+02:00 command.go:185:       [32m+[0m[0m public_ipv4_pool     = (known after apply)
TestIdempotence 2025-08-19T14:55:15+02:00 command.go:185:       [32m+[0m[0m tags                 = {
TestIdempotence 2025-08-19T14:55:15+02:00 command.go:185:           [32m+[0m[0m "Application" = "Palo Alto Networks VM-Series NGFW"
TestIdempotence 2025-08-19T14:55:15+02:00 command.go:185:           [32m+[0m[0m "ManagedBy"   = "terraform"
TestIdempotence 2025-08-19T14:55:15+02:00 command.go:185:           [32m+[0m[0m "Name"        = "tt-4ff3-vmseries-02-public"
TestIdempotence 2025-08-19T14:55:15+02:00 command.go:185:           [32m+[0m[0m "Owner"       = "PS Team"
TestIdempotence 2025-08-19T14:55:15+02:00 command.go:185:         }
TestIdempotence 2025-08-19T14:55:15+02:00 command.go:185:       [32m+[0m[0m tags_all             = {
TestIdempotence 2025-08-19T14:55:15+02:00 command.go:185:           [32m+[0m[0m "Application" = "Palo Alto Networks VM-Series NGFW"
TestIdempotence 2025-08-19T14:55:15+02:00 command.go:185:           [32m+[0m[0m "ManagedBy"   = "terraform"
TestIdempotence 2025-08-19T14:55:15+02:00 command.go:185:           [32m+[0m[0m "Name"        = "tt-4ff3-vmseries-02-public"
TestIdempotence 2025-08-19T14:55:15+02:00 command.go:185:           [32m+[0m[0m "Owner"       = "PS Team"
TestIdempotence 2025-08-19T14:55:15+02:00 command.go:185:         }
TestIdempotence 2025-08-19T14:55:15+02:00 command.go:185:       [32m+[0m[0m vpc                  = (known after apply)
TestIdempotence 2025-08-19T14:55:15+02:00 command.go:185:     }
TestIdempotence 2025-08-19T14:55:15+02:00 command.go:185: 
TestIdempotence 2025-08-19T14:55:15+02:00 command.go:185: [1m  # module.vmseries["vmseries-02"].aws_instance.this[0m will be created
TestIdempotence 2025-08-19T14:55:15+02:00 command.go:185: [0m  [32m+[0m[0m resource "aws_instance" "this" {
TestIdempotence 2025-08-19T14:55:15+02:00 command.go:185:       [32m+[0m[0m ami                                  = "ami-063cb1655f972b9ea"
TestIdempotence 2025-08-19T14:55:15+02:00 command.go:185:       [32m+[0m[0m arn                                  = (known after apply)
TestIdempotence 2025-08-19T14:55:15+02:00 command.go:185:       [32m+[0m[0m associate_public_ip_address          = (known after apply)
TestIdempotence 2025-08-19T14:55:15+02:00 command.go:185:       [32m+[0m[0m availability_zone                    = (known after apply)
TestIdempotence 2025-08-19T14:55:15+02:00 command.go:185:       [32m+[0m[0m cpu_core_count                       = (known after apply)
TestIdempotence 2025-08-19T14:55:15+02:00 command.go:185:       [32m+[0m[0m cpu_threads_per_core                 = (known after apply)
TestIdempotence 2025-08-19T14:55:15+02:00 command.go:185:       [32m+[0m[0m disable_api_stop                     = (known after apply)
TestIdempotence 2025-08-19T14:55:15+02:00 command.go:185:       [32m+[0m[0m disable_api_termination              = false
TestIdempotence 2025-08-19T14:55:15+02:00 command.go:185:       [32m+[0m[0m ebs_optimized                        = true
TestIdempotence 2025-08-19T14:55:15+02:00 command.go:185:       [32m+[0m[0m enable_primary_ipv6                  = (known after apply)
TestIdempotence 2025-08-19T14:55:15+02:00 command.go:185:       [32m+[0m[0m get_password_data                    = false
TestIdempotence 2025-08-19T14:55:15+02:00 command.go:185:       [32m+[0m[0m host_id                              = (known after apply)
TestIdempotence 2025-08-19T14:55:15+02:00 command.go:185:       [32m+[0m[0m host_resource_group_arn              = (known after apply)
TestIdempotence 2025-08-19T14:55:15+02:00 command.go:185:       [32m+[0m[0m iam_instance_profile                 = "tt-4ff3-vmseries_instance_profile"
TestIdempotence 2025-08-19T14:55:15+02:00 command.go:185:       [32m+[0m[0m id                                   = (known after apply)
TestIdempotence 2025-08-19T14:55:15+02:00 command.go:185:       [32m+[0m[0m instance_initiated_shutdown_behavior = "stop"
TestIdempotence 2025-08-19T14:55:15+02:00 command.go:185:       [32m+[0m[0m instance_lifecycle                   = (known after apply)
TestIdempotence 2025-08-19T14:55:15+02:00 command.go:185:       [32m+[0m[0m instance_state                       = (known after apply)
TestIdempotence 2025-08-19T14:55:15+02:00 command.go:185:       [32m+[0m[0m instance_type                        = "m5.xlarge"
TestIdempotence 2025-08-19T14:55:15+02:00 command.go:185:       [32m+[0m[0m ipv6_address_count                   = (known after apply)
TestIdempotence 2025-08-19T14:55:15+02:00 command.go:185:       [32m+[0m[0m ipv6_addresses                       = (known after apply)
TestIdempotence 2025-08-19T14:55:15+02:00 command.go:185:       [32m+[0m[0m key_name                             = "test-ssh-key"
TestIdempotence 2025-08-19T14:55:15+02:00 command.go:185:       [32m+[0m[0m monitoring                           = false
TestIdempotence 2025-08-19T14:55:15+02:00 command.go:185:       [32m+[0m[0m outpost_arn                          = (known after apply)
TestIdempotence 2025-08-19T14:55:15+02:00 command.go:185:       [32m+[0m[0m password_data                        = (known after apply)
TestIdempotence 2025-08-19T14:55:15+02:00 command.go:185:       [32m+[0m[0m placement_group                      = (known after apply)
TestIdempotence 2025-08-19T14:55:15+02:00 command.go:185:       [32m+[0m[0m placement_partition_number           = (known after apply)
TestIdempotence 2025-08-19T14:55:15+02:00 command.go:185:       [32m+[0m[0m primary_network_interface_id         = (known after apply)
TestIdempotence 2025-08-19T14:55:15+02:00 command.go:185:       [32m+[0m[0m private_dns                          = (known after apply)
TestIdempotence 2025-08-19T14:55:15+02:00 command.go:185:       [32m+[0m[0m private_ip                           = (known after apply)
TestIdempotence 2025-08-19T14:55:15+02:00 command.go:185:       [32m+[0m[0m public_dns                           = (known after apply)
TestIdempotence 2025-08-19T14:55:15+02:00 command.go:185:       [32m+[0m[0m public_ip                            = (known after apply)
TestIdempotence 2025-08-19T14:55:15+02:00 command.go:185:       [32m+[0m[0m secondary_private_ips                = (known after apply)
TestIdempotence 2025-08-19T14:55:15+02:00 command.go:185:       [32m+[0m[0m security_groups                      = (known after apply)
TestIdempotence 2025-08-19T14:55:15+02:00 command.go:185:       [32m+[0m[0m spot_instance_request_id             = (known after apply)
TestIdempotence 2025-08-19T14:55:15+02:00 command.go:185:       [32m+[0m[0m subnet_id                            = (known after apply)
TestIdempotence 2025-08-19T14:55:15+02:00 command.go:185:       [32m+[0m[0m tags                                 = {
TestIdempotence 2025-08-19T14:55:15+02:00 command.go:185:           [32m+[0m[0m "Application" = "Palo Alto Networks VM-Series NGFW"
TestIdempotence 2025-08-19T14:55:15+02:00 command.go:185:           [32m+[0m[0m "ManagedBy"   = "terraform"
TestIdempotence 2025-08-19T14:55:15+02:00 command.go:185:           [32m+[0m[0m "Name"        = "tt-4ff3-vmseries-02"
TestIdempotence 2025-08-19T14:55:15+02:00 command.go:185:           [32m+[0m[0m "Owner"       = "PS Team"
TestIdempotence 2025-08-19T14:55:15+02:00 command.go:185:         }
TestIdempotence 2025-08-19T14:55:15+02:00 command.go:185:       [32m+[0m[0m tags_all                             = {
TestIdempotence 2025-08-19T14:55:15+02:00 command.go:185:           [32m+[0m[0m "Application" = "Palo Alto Networks VM-Series NGFW"
TestIdempotence 2025-08-19T14:55:15+02:00 command.go:185:           [32m+[0m[0m "ManagedBy"   = "terraform"
TestIdempotence 2025-08-19T14:55:15+02:00 command.go:185:           [32m+[0m[0m "Name"        = "tt-4ff3-vmseries-02"
TestIdempotence 2025-08-19T14:55:15+02:00 command.go:185:           [32m+[0m[0m "Owner"       = "PS Team"
TestIdempotence 2025-08-19T14:55:15+02:00 command.go:185:         }
TestIdempotence 2025-08-19T14:55:15+02:00 command.go:185:       [32m+[0m[0m tenancy                              = (known after apply)
TestIdempotence 2025-08-19T14:55:15+02:00 command.go:185:       [32m+[0m[0m user_data                            = (known after apply)
TestIdempotence 2025-08-19T14:55:15+02:00 command.go:185:       [32m+[0m[0m user_data_base64                     = (known after apply)
TestIdempotence 2025-08-19T14:55:15+02:00 command.go:185:       [32m+[0m[0m user_data_replace_on_change          = false
TestIdempotence 2025-08-19T14:55:15+02:00 command.go:185:       [32m+[0m[0m volume_tags                          = {
TestIdempotence 2025-08-19T14:55:15+02:00 command.go:185:           [32m+[0m[0m "Application" = "Palo Alto Networks VM-Series NGFW"
TestIdempotence 2025-08-19T14:55:15+02:00 command.go:185:           [32m+[0m[0m "ManagedBy"   = "terraform"
TestIdempotence 2025-08-19T14:55:15+02:00 command.go:185:           [32m+[0m[0m "Name"        = "tt-4ff3-vmseries-02"
TestIdempotence 2025-08-19T14:55:15+02:00 command.go:185:           [32m+[0m[0m "Owner"       = "PS Team"
TestIdempotence 2025-08-19T14:55:15+02:00 command.go:185:         }
TestIdempotence 2025-08-19T14:55:15+02:00 command.go:185:       [32m+[0m[0m vpc_security_group_ids               = (known after apply)
TestIdempotence 2025-08-19T14:55:15+02:00 command.go:185: 
TestIdempotence 2025-08-19T14:55:15+02:00 command.go:185:       [32m+[0m[0m capacity_reservation_specification (known after apply)
TestIdempotence 2025-08-19T14:55:15+02:00 command.go:185: 
TestIdempotence 2025-08-19T14:55:15+02:00 command.go:185:       [32m+[0m[0m cpu_options (known after apply)
TestIdempotence 2025-08-19T14:55:15+02:00 command.go:185: 
TestIdempotence 2025-08-19T14:55:15+02:00 command.go:185:       [32m+[0m[0m ebs_block_device (known after apply)
TestIdempotence 2025-08-19T14:55:15+02:00 command.go:185: 
TestIdempotence 2025-08-19T14:55:15+02:00 command.go:185:       [32m+[0m[0m enclave_options (known after apply)
TestIdempotence 2025-08-19T14:55:15+02:00 command.go:185: 
TestIdempotence 2025-08-19T14:55:15+02:00 command.go:185:       [32m+[0m[0m ephemeral_block_device (known after apply)
TestIdempotence 2025-08-19T14:55:15+02:00 command.go:185: 
TestIdempotence 2025-08-19T14:55:15+02:00 command.go:185:       [32m+[0m[0m instance_market_options (known after apply)
TestIdempotence 2025-08-19T14:55:15+02:00 command.go:185: 
TestIdempotence 2025-08-19T14:55:15+02:00 command.go:185:       [32m+[0m[0m maintenance_options (known after apply)
TestIdempotence 2025-08-19T14:55:15+02:00 command.go:185: 
TestIdempotence 2025-08-19T14:55:15+02:00 command.go:185:       [32m+[0m[0m metadata_options (known after apply)
TestIdempotence 2025-08-19T14:55:15+02:00 command.go:185: 
TestIdempotence 2025-08-19T14:55:15+02:00 command.go:185:       [32m+[0m[0m network_interface {
TestIdempotence 2025-08-19T14:55:15+02:00 command.go:185:           [32m+[0m[0m delete_on_termination = false
TestIdempotence 2025-08-19T14:55:15+02:00 command.go:185:           [32m+[0m[0m device_index          = 0
TestIdempotence 2025-08-19T14:55:15+02:00 command.go:185:           [32m+[0m[0m network_card_index    = 0
TestIdempotence 2025-08-19T14:55:15+02:00 command.go:185:           [32m+[0m[0m network_interface_id  = (known after apply)
TestIdempotence 2025-08-19T14:55:15+02:00 command.go:185:         }
TestIdempotence 2025-08-19T14:55:15+02:00 command.go:185: 
TestIdempotence 2025-08-19T14:55:15+02:00 command.go:185:       [32m+[0m[0m private_dns_name_options (known after apply)
TestIdempotence 2025-08-19T14:55:15+02:00 command.go:185: 
TestIdempotence 2025-08-19T14:55:15+02:00 command.go:185:       [32m+[0m[0m root_block_device {
TestIdempotence 2025-08-19T14:55:15+02:00 command.go:185:           [32m+[0m[0m delete_on_termination = true
TestIdempotence 2025-08-19T14:55:15+02:00 command.go:185:           [32m+[0m[0m device_name           = (known after apply)
TestIdempotence 2025-08-19T14:55:15+02:00 command.go:185:           [32m+[0m[0m encrypted             = true
TestIdempotence 2025-08-19T14:55:15+02:00 command.go:185:           [32m+[0m[0m iops                  = (known after apply)
TestIdempotence 2025-08-19T14:55:15+02:00 command.go:185:           [32m+[0m[0m kms_key_id            = "arn:aws:kms:eu-west-1:751512424814:key/c5f4fae7-65ef-4850-9a17-14ff219e109c"
TestIdempotence 2025-08-19T14:55:15+02:00 command.go:185:           [32m+[0m[0m tags_all              = (known after apply)
TestIdempotence 2025-08-19T14:55:15+02:00 command.go:185:           [32m+[0m[0m throughput            = (known after apply)
TestIdempotence 2025-08-19T14:55:15+02:00 command.go:185:           [32m+[0m[0m volume_id             = (known after apply)
TestIdempotence 2025-08-19T14:55:15+02:00 command.go:185:           [32m+[0m[0m volume_size           = (known after apply)
TestIdempotence 2025-08-19T14:55:15+02:00 command.go:185:           [32m+[0m[0m volume_type           = (known after apply)
TestIdempotence 2025-08-19T14:55:15+02:00 command.go:185:         }
TestIdempotence 2025-08-19T14:55:15+02:00 command.go:185:     }
TestIdempotence 2025-08-19T14:55:15+02:00 command.go:185: 
TestIdempotence 2025-08-19T14:55:15+02:00 command.go:185: [1m  # module.vmseries["vmseries-02"].aws_network_interface.this["mgmt"][0m will be created
TestIdempotence 2025-08-19T14:55:15+02:00 command.go:185: [0m  [32m+[0m[0m resource "aws_network_interface" "this" {
TestIdempotence 2025-08-19T14:55:15+02:00 command.go:185:       [32m+[0m[0m arn                       = (known after apply)
TestIdempotence 2025-08-19T14:55:15+02:00 command.go:185:       [32m+[0m[0m enable_primary_ipv6       = (known after apply)
TestIdempotence 2025-08-19T14:55:15+02:00 command.go:185:       [32m+[0m[0m id                        = (known after apply)
TestIdempotence 2025-08-19T14:55:15+02:00 command.go:185:       [32m+[0m[0m interface_type            = (known after apply)
TestIdempotence 2025-08-19T14:55:15+02:00 command.go:185:       [32m+[0m[0m ipv4_prefix_count         = (known after apply)
TestIdempotence 2025-08-19T14:55:15+02:00 command.go:185:       [32m+[0m[0m ipv4_prefixes             = (known after apply)
TestIdempotence 2025-08-19T14:55:15+02:00 command.go:185:       [32m+[0m[0m ipv6_address_count        = (known after apply)
TestIdempotence 2025-08-19T14:55:15+02:00 command.go:185:       [32m+[0m[0m ipv6_address_list         = (known after apply)
TestIdempotence 2025-08-19T14:55:15+02:00 command.go:185:       [32m+[0m[0m ipv6_address_list_enabled = false
TestIdempotence 2025-08-19T14:55:15+02:00 command.go:185:       [32m+[0m[0m ipv6_addresses            = (known after apply)
TestIdempotence 2025-08-19T14:55:15+02:00 command.go:185:       [32m+[0m[0m ipv6_prefix_count         = (known after apply)
TestIdempotence 2025-08-19T14:55:15+02:00 command.go:185:       [32m+[0m[0m ipv6_prefixes             = (known after apply)
TestIdempotence 2025-08-19T14:55:15+02:00 command.go:185:       [32m+[0m[0m mac_address               = (known after apply)
TestIdempotence 2025-08-19T14:55:15+02:00 command.go:185:       [32m+[0m[0m outpost_arn               = (known after apply)
TestIdempotence 2025-08-19T14:55:15+02:00 command.go:185:       [32m+[0m[0m owner_id                  = (known after apply)
TestIdempotence 2025-08-19T14:55:15+02:00 command.go:185:       [32m+[0m[0m private_dns_name          = (known after apply)
TestIdempotence 2025-08-19T14:55:15+02:00 command.go:185:       [32m+[0m[0m private_ip                = (known after apply)
TestIdempotence 2025-08-19T14:55:15+02:00 command.go:185:       [32m+[0m[0m private_ip_list           = (known after apply)
TestIdempotence 2025-08-19T14:55:15+02:00 command.go:185:       [32m+[0m[0m private_ip_list_enabled   = false
TestIdempotence 2025-08-19T14:55:15+02:00 command.go:185:       [32m+[0m[0m private_ips               = (known after apply)
TestIdempotence 2025-08-19T14:55:15+02:00 command.go:185:       [32m+[0m[0m private_ips_count         = (known after apply)
TestIdempotence 2025-08-19T14:55:15+02:00 command.go:185:       [32m+[0m[0m security_groups           = (known after apply)
TestIdempotence 2025-08-19T14:55:15+02:00 command.go:185:       [32m+[0m[0m source_dest_check         = true
TestIdempotence 2025-08-19T14:55:15+02:00 command.go:185:       [32m+[0m[0m subnet_id                 = (known after apply)
TestIdempotence 2025-08-19T14:55:15+02:00 command.go:185:       [32m+[0m[0m tags                      = {
TestIdempotence 2025-08-19T14:55:15+02:00 command.go:185:           [32m+[0m[0m "Application" = "Palo Alto Networks VM-Series NGFW"
TestIdempotence 2025-08-19T14:55:15+02:00 command.go:185:           [32m+[0m[0m "ManagedBy"   = "terraform"
TestIdempotence 2025-08-19T14:55:15+02:00 command.go:185:           [32m+[0m[0m "Name"        = "tt-4ff3-vmseries-02-mgmt"
TestIdempotence 2025-08-19T14:55:15+02:00 command.go:185:           [32m+[0m[0m "Owner"       = "PS Team"
TestIdempotence 2025-08-19T14:55:15+02:00 command.go:185:         }
TestIdempotence 2025-08-19T14:55:15+02:00 command.go:185:       [32m+[0m[0m tags_all                  = {
TestIdempotence 2025-08-19T14:55:15+02:00 command.go:185:           [32m+[0m[0m "Application" = "Palo Alto Networks VM-Series NGFW"
TestIdempotence 2025-08-19T14:55:15+02:00 command.go:185:           [32m+[0m[0m "ManagedBy"   = "terraform"
TestIdempotence 2025-08-19T14:55:15+02:00 command.go:185:           [32m+[0m[0m "Name"        = "tt-4ff3-vmseries-02-mgmt"
TestIdempotence 2025-08-19T14:55:15+02:00 command.go:185:           [32m+[0m[0m "Owner"       = "PS Team"
TestIdempotence 2025-08-19T14:55:15+02:00 command.go:185:         }
TestIdempotence 2025-08-19T14:55:15+02:00 command.go:185: 
TestIdempotence 2025-08-19T14:55:15+02:00 command.go:185:       [32m+[0m[0m attachment (known after apply)
TestIdempotence 2025-08-19T14:55:15+02:00 command.go:185:     }
TestIdempotence 2025-08-19T14:55:15+02:00 command.go:185: 
TestIdempotence 2025-08-19T14:55:15+02:00 command.go:185: [1m  # module.vmseries["vmseries-02"].aws_network_interface.this["private"][0m will be created
TestIdempotence 2025-08-19T14:55:15+02:00 command.go:185: [0m  [32m+[0m[0m resource "aws_network_interface" "this" {
TestIdempotence 2025-08-19T14:55:15+02:00 command.go:185:       [32m+[0m[0m arn                       = (known after apply)
TestIdempotence 2025-08-19T14:55:15+02:00 command.go:185:       [32m+[0m[0m enable_primary_ipv6       = (known after apply)
TestIdempotence 2025-08-19T14:55:15+02:00 command.go:185:       [32m+[0m[0m id                        = (known after apply)
TestIdempotence 2025-08-19T14:55:15+02:00 command.go:185:       [32m+[0m[0m interface_type            = (known after apply)
TestIdempotence 2025-08-19T14:55:15+02:00 command.go:185:       [32m+[0m[0m ipv4_prefix_count         = (known after apply)
TestIdempotence 2025-08-19T14:55:15+02:00 command.go:185:       [32m+[0m[0m ipv4_prefixes             = (known after apply)
TestIdempotence 2025-08-19T14:55:15+02:00 command.go:185:       [32m+[0m[0m ipv6_address_count        = (known after apply)
TestIdempotence 2025-08-19T14:55:15+02:00 command.go:185:       [32m+[0m[0m ipv6_address_list         = (known after apply)
TestIdempotence 2025-08-19T14:55:15+02:00 command.go:185:       [32m+[0m[0m ipv6_address_list_enabled = false
TestIdempotence 2025-08-19T14:55:15+02:00 command.go:185:       [32m+[0m[0m ipv6_addresses            = (known after apply)
TestIdempotence 2025-08-19T14:55:15+02:00 command.go:185:       [32m+[0m[0m ipv6_prefix_count         = (known after apply)
TestIdempotence 2025-08-19T14:55:15+02:00 command.go:185:       [32m+[0m[0m ipv6_prefixes             = (known after apply)
TestIdempotence 2025-08-19T14:55:15+02:00 command.go:185:       [32m+[0m[0m mac_address               = (known after apply)
TestIdempotence 2025-08-19T14:55:15+02:00 command.go:185:       [32m+[0m[0m outpost_arn               = (known after apply)
TestIdempotence 2025-08-19T14:55:15+02:00 command.go:185:       [32m+[0m[0m owner_id                  = (known after apply)
TestIdempotence 2025-08-19T14:55:15+02:00 command.go:185:       [32m+[0m[0m private_dns_name          = (known after apply)
TestIdempotence 2025-08-19T14:55:15+02:00 command.go:185:       [32m+[0m[0m private_ip                = (known after apply)
TestIdempotence 2025-08-19T14:55:15+02:00 command.go:185:       [32m+[0m[0m private_ip_list           = (known after apply)
TestIdempotence 2025-08-19T14:55:15+02:00 command.go:185:       [32m+[0m[0m private_ip_list_enabled   = false
TestIdempotence 2025-08-19T14:55:15+02:00 command.go:185:       [32m+[0m[0m private_ips               = (known after apply)
TestIdempotence 2025-08-19T14:55:15+02:00 command.go:185:       [32m+[0m[0m private_ips_count         = (known after apply)
TestIdempotence 2025-08-19T14:55:15+02:00 command.go:185:       [32m+[0m[0m security_groups           = (known after apply)
TestIdempotence 2025-08-19T14:55:15+02:00 command.go:185:       [32m+[0m[0m source_dest_check         = false
TestIdempotence 2025-08-19T14:55:15+02:00 command.go:185:       [32m+[0m[0m subnet_id                 = (known after apply)
TestIdempotence 2025-08-19T14:55:15+02:00 command.go:185:       [32m+[0m[0m tags                      = {
TestIdempotence 2025-08-19T14:55:15+02:00 command.go:185:           [32m+[0m[0m "Application" = "Palo Alto Networks VM-Series NGFW"
TestIdempotence 2025-08-19T14:55:15+02:00 command.go:185:           [32m+[0m[0m "ManagedBy"   = "terraform"
TestIdempotence 2025-08-19T14:55:15+02:00 command.go:185:           [32m+[0m[0m "Name"        = "tt-4ff3-vmseries-02-private"
TestIdempotence 2025-08-19T14:55:15+02:00 command.go:185:           [32m+[0m[0m "Owner"       = "PS Team"
TestIdempotence 2025-08-19T14:55:15+02:00 command.go:185:         }
TestIdempotence 2025-08-19T14:55:15+02:00 command.go:185:       [32m+[0m[0m tags_all                  = {
TestIdempotence 2025-08-19T14:55:15+02:00 command.go:185:           [32m+[0m[0m "Application" = "Palo Alto Networks VM-Series NGFW"
TestIdempotence 2025-08-19T14:55:15+02:00 command.go:185:           [32m+[0m[0m "ManagedBy"   = "terraform"
TestIdempotence 2025-08-19T14:55:15+02:00 command.go:185:           [32m+[0m[0m "Name"        = "tt-4ff3-vmseries-02-private"
TestIdempotence 2025-08-19T14:55:15+02:00 command.go:185:           [32m+[0m[0m "Owner"       = "PS Team"
TestIdempotence 2025-08-19T14:55:15+02:00 command.go:185:         }
TestIdempotence 2025-08-19T14:55:15+02:00 command.go:185: 
TestIdempotence 2025-08-19T14:55:15+02:00 command.go:185:       [32m+[0m[0m attachment (known after apply)
TestIdempotence 2025-08-19T14:55:15+02:00 command.go:185:     }
TestIdempotence 2025-08-19T14:55:15+02:00 command.go:185: 
TestIdempotence 2025-08-19T14:55:15+02:00 command.go:185: [1m  # module.vmseries["vmseries-02"].aws_network_interface.this["public"][0m will be created
TestIdempotence 2025-08-19T14:55:15+02:00 command.go:185: [0m  [32m+[0m[0m resource "aws_network_interface" "this" {
TestIdempotence 2025-08-19T14:55:15+02:00 command.go:185:       [32m+[0m[0m arn                       = (known after apply)
TestIdempotence 2025-08-19T14:55:15+02:00 command.go:185:       [32m+[0m[0m enable_primary_ipv6       = (known after apply)
TestIdempotence 2025-08-19T14:55:15+02:00 command.go:185:       [32m+[0m[0m id                        = (known after apply)
TestIdempotence 2025-08-19T14:55:15+02:00 command.go:185:       [32m+[0m[0m interface_type            = (known after apply)
TestIdempotence 2025-08-19T14:55:15+02:00 command.go:185:       [32m+[0m[0m ipv4_prefix_count         = (known after apply)
TestIdempotence 2025-08-19T14:55:15+02:00 command.go:185:       [32m+[0m[0m ipv4_prefixes             = (known after apply)
TestIdempotence 2025-08-19T14:55:15+02:00 command.go:185:       [32m+[0m[0m ipv6_address_count        = (known after apply)
TestIdempotence 2025-08-19T14:55:15+02:00 command.go:185:       [32m+[0m[0m ipv6_address_list         = (known after apply)
TestIdempotence 2025-08-19T14:55:15+02:00 command.go:185:       [32m+[0m[0m ipv6_address_list_enabled = false
TestIdempotence 2025-08-19T14:55:15+02:00 command.go:185:       [32m+[0m[0m ipv6_addresses            = (known after apply)
TestIdempotence 2025-08-19T14:55:15+02:00 command.go:185:       [32m+[0m[0m ipv6_prefix_count         = (known after apply)
TestIdempotence 2025-08-19T14:55:15+02:00 command.go:185:       [32m+[0m[0m ipv6_prefixes             = (known after apply)
TestIdempotence 2025-08-19T14:55:15+02:00 command.go:185:       [32m+[0m[0m mac_address               = (known after apply)
TestIdempotence 2025-08-19T14:55:15+02:00 command.go:185:       [32m+[0m[0m outpost_arn               = (known after apply)
TestIdempotence 2025-08-19T14:55:15+02:00 command.go:185:       [32m+[0m[0m owner_id                  = (known after apply)
TestIdempotence 2025-08-19T14:55:15+02:00 command.go:185:       [32m+[0m[0m private_dns_name          = (known after apply)
TestIdempotence 2025-08-19T14:55:15+02:00 command.go:185:       [32m+[0m[0m private_ip                = (known after apply)
TestIdempotence 2025-08-19T14:55:15+02:00 command.go:185:       [32m+[0m[0m private_ip_list           = (known after apply)
TestIdempotence 2025-08-19T14:55:15+02:00 command.go:185:       [32m+[0m[0m private_ip_list_enabled   = false
TestIdempotence 2025-08-19T14:55:15+02:00 command.go:185:       [32m+[0m[0m private_ips               = (known after apply)
TestIdempotence 2025-08-19T14:55:15+02:00 command.go:185:       [32m+[0m[0m private_ips_count         = (known after apply)
TestIdempotence 2025-08-19T14:55:15+02:00 command.go:185:       [32m+[0m[0m security_groups           = (known after apply)
TestIdempotence 2025-08-19T14:55:15+02:00 command.go:185:       [32m+[0m[0m source_dest_check         = false
TestIdempotence 2025-08-19T14:55:15+02:00 command.go:185:       [32m+[0m[0m subnet_id                 = (known after apply)
TestIdempotence 2025-08-19T14:55:15+02:00 command.go:185:       [32m+[0m[0m tags                      = {
TestIdempotence 2025-08-19T14:55:15+02:00 command.go:185:           [32m+[0m[0m "Application" = "Palo Alto Networks VM-Series NGFW"
TestIdempotence 2025-08-19T14:55:15+02:00 command.go:185:           [32m+[0m[0m "ManagedBy"   = "terraform"
TestIdempotence 2025-08-19T14:55:15+02:00 command.go:185:           [32m+[0m[0m "Name"        = "tt-4ff3-vmseries-02-public"
TestIdempotence 2025-08-19T14:55:15+02:00 command.go:185:           [32m+[0m[0m "Owner"       = "PS Team"
TestIdempotence 2025-08-19T14:55:15+02:00 command.go:185:         }
TestIdempotence 2025-08-19T14:55:15+02:00 command.go:185:       [32m+[0m[0m tags_all                  = {
TestIdempotence 2025-08-19T14:55:15+02:00 command.go:185:           [32m+[0m[0m "Application" = "Palo Alto Networks VM-Series NGFW"
TestIdempotence 2025-08-19T14:55:15+02:00 command.go:185:           [32m+[0m[0m "ManagedBy"   = "terraform"
TestIdempotence 2025-08-19T14:55:15+02:00 command.go:185:           [32m+[0m[0m "Name"        = "tt-4ff3-vmseries-02-public"
TestIdempotence 2025-08-19T14:55:15+02:00 command.go:185:           [32m+[0m[0m "Owner"       = "PS Team"
TestIdempotence 2025-08-19T14:55:15+02:00 command.go:185:         }
TestIdempotence 2025-08-19T14:55:15+02:00 command.go:185: 
TestIdempotence 2025-08-19T14:55:15+02:00 command.go:185:       [32m+[0m[0m attachment (known after apply)
TestIdempotence 2025-08-19T14:55:15+02:00 command.go:185:     }
TestIdempotence 2025-08-19T14:55:15+02:00 command.go:185: 
TestIdempotence 2025-08-19T14:55:15+02:00 command.go:185: [1m  # module.vmseries["vmseries-02"].aws_network_interface_attachment.this["mgmt"][0m will be created
TestIdempotence 2025-08-19T14:55:15+02:00 command.go:185: [0m  [32m+[0m[0m resource "aws_network_interface_attachment" "this" {
TestIdempotence 2025-08-19T14:55:15+02:00 command.go:185:       [32m+[0m[0m attachment_id        = (known after apply)
TestIdempotence 2025-08-19T14:55:15+02:00 command.go:185:       [32m+[0m[0m device_index         = 1
TestIdempotence 2025-08-19T14:55:15+02:00 command.go:185:       [32m+[0m[0m id                   = (known after apply)
TestIdempotence 2025-08-19T14:55:15+02:00 command.go:185:       [32m+[0m[0m instance_id          = (known after apply)
TestIdempotence 2025-08-19T14:55:15+02:00 command.go:185:       [32m+[0m[0m network_interface_id = (known after apply)
TestIdempotence 2025-08-19T14:55:15+02:00 command.go:185:       [32m+[0m[0m status               = (known after apply)
TestIdempotence 2025-08-19T14:55:15+02:00 command.go:185:     }
TestIdempotence 2025-08-19T14:55:15+02:00 command.go:185: 
TestIdempotence 2025-08-19T14:55:15+02:00 command.go:185: [1m  # module.vmseries["vmseries-02"].aws_network_interface_attachment.this["public"][0m will be created
TestIdempotence 2025-08-19T14:55:15+02:00 command.go:185: [0m  [32m+[0m[0m resource "aws_network_interface_attachment" "this" {
TestIdempotence 2025-08-19T14:55:15+02:00 command.go:185:       [32m+[0m[0m attachment_id        = (known after apply)
TestIdempotence 2025-08-19T14:55:15+02:00 command.go:185:       [32m+[0m[0m device_index         = 2
TestIdempotence 2025-08-19T14:55:15+02:00 command.go:185:       [32m+[0m[0m id                   = (known after apply)
TestIdempotence 2025-08-19T14:55:15+02:00 command.go:185:       [32m+[0m[0m instance_id          = (known after apply)
TestIdempotence 2025-08-19T14:55:15+02:00 command.go:185:       [32m+[0m[0m network_interface_id = (known after apply)
TestIdempotence 2025-08-19T14:55:15+02:00 command.go:185:       [32m+[0m[0m status               = (known after apply)
TestIdempotence 2025-08-19T14:55:15+02:00 command.go:185:     }
TestIdempotence 2025-08-19T14:55:15+02:00 command.go:185: 
TestIdempotence 2025-08-19T14:55:15+02:00 command.go:185: [1m  # module.vpc["app1_vpc"].aws_internet_gateway.this[0][0m will be created
TestIdempotence 2025-08-19T14:55:15+02:00 command.go:185: [0m  [32m+[0m[0m resource "aws_internet_gateway" "this" {
TestIdempotence 2025-08-19T14:55:15+02:00 command.go:185:       [32m+[0m[0m arn      = (known after apply)
TestIdempotence 2025-08-19T14:55:15+02:00 command.go:185:       [32m+[0m[0m id       = (known after apply)
TestIdempotence 2025-08-19T14:55:15+02:00 command.go:185:       [32m+[0m[0m owner_id = (known after apply)
TestIdempotence 2025-08-19T14:55:15+02:00 command.go:185:       [32m+[0m[0m tags     = {
TestIdempotence 2025-08-19T14:55:15+02:00 command.go:185:           [32m+[0m[0m "Application" = "Palo Alto Networks VM-Series NGFW"
TestIdempotence 2025-08-19T14:55:15+02:00 command.go:185:           [32m+[0m[0m "ManagedBy"   = "terraform"
TestIdempotence 2025-08-19T14:55:15+02:00 command.go:185:           [32m+[0m[0m "Name"        = "tt-4ff3-app1-spoke-vpc-igw"
TestIdempotence 2025-08-19T14:55:15+02:00 command.go:185:           [32m+[0m[0m "Owner"       = "PS Team"
TestIdempotence 2025-08-19T14:55:15+02:00 command.go:185:         }
TestIdempotence 2025-08-19T14:55:15+02:00 command.go:185:       [32m+[0m[0m tags_all = {
TestIdempotence 2025-08-19T14:55:15+02:00 command.go:185:           [32m+[0m[0m "Application" = "Palo Alto Networks VM-Series NGFW"
TestIdempotence 2025-08-19T14:55:15+02:00 command.go:185:           [32m+[0m[0m "ManagedBy"   = "terraform"
TestIdempotence 2025-08-19T14:55:15+02:00 command.go:185:           [32m+[0m[0m "Name"        = "tt-4ff3-app1-spoke-vpc-igw"
TestIdempotence 2025-08-19T14:55:15+02:00 command.go:185:           [32m+[0m[0m "Owner"       = "PS Team"
TestIdempotence 2025-08-19T14:55:15+02:00 command.go:185:         }
TestIdempotence 2025-08-19T14:55:15+02:00 command.go:185:       [32m+[0m[0m vpc_id   = (known after apply)
TestIdempotence 2025-08-19T14:55:15+02:00 command.go:185:     }
TestIdempotence 2025-08-19T14:55:15+02:00 command.go:185: 
TestIdempotence 2025-08-19T14:55:15+02:00 command.go:185: [1m  # module.vpc["app1_vpc"].aws_route_table.from_igw[0][0m will be created
TestIdempotence 2025-08-19T14:55:15+02:00 command.go:185: [0m  [32m+[0m[0m resource "aws_route_table" "from_igw" {
TestIdempotence 2025-08-19T14:55:15+02:00 command.go:185:       [32m+[0m[0m arn              = (known after apply)
TestIdempotence 2025-08-19T14:55:15+02:00 command.go:185:       [32m+[0m[0m id               = (known after apply)
TestIdempotence 2025-08-19T14:55:15+02:00 command.go:185:       [32m+[0m[0m owner_id         = (known after apply)
TestIdempotence 2025-08-19T14:55:15+02:00 command.go:185:       [32m+[0m[0m propagating_vgws = (known after apply)
TestIdempotence 2025-08-19T14:55:15+02:00 command.go:185:       [32m+[0m[0m route            = (known after apply)
TestIdempotence 2025-08-19T14:55:15+02:00 command.go:185:       [32m+[0m[0m tags             = {
TestIdempotence 2025-08-19T14:55:15+02:00 command.go:185:           [32m+[0m[0m "Application" = "Palo Alto Networks VM-Series NGFW"
TestIdempotence 2025-08-19T14:55:15+02:00 command.go:185:           [32m+[0m[0m "ManagedBy"   = "terraform"
TestIdempotence 2025-08-19T14:55:15+02:00 command.go:185:           [32m+[0m[0m "Name"        = "tt-4ff3-app1-spoke-vpc-igw"
TestIdempotence 2025-08-19T14:55:15+02:00 command.go:185:           [32m+[0m[0m "Owner"       = "PS Team"
TestIdempotence 2025-08-19T14:55:15+02:00 command.go:185:         }
TestIdempotence 2025-08-19T14:55:15+02:00 command.go:185:       [32m+[0m[0m tags_all         = {
TestIdempotence 2025-08-19T14:55:15+02:00 command.go:185:           [32m+[0m[0m "Application" = "Palo Alto Networks VM-Series NGFW"
TestIdempotence 2025-08-19T14:55:15+02:00 command.go:185:           [32m+[0m[0m "ManagedBy"   = "terraform"
TestIdempotence 2025-08-19T14:55:15+02:00 command.go:185:           [32m+[0m[0m "Name"        = "tt-4ff3-app1-spoke-vpc-igw"
TestIdempotence 2025-08-19T14:55:15+02:00 command.go:185:           [32m+[0m[0m "Owner"       = "PS Team"
TestIdempotence 2025-08-19T14:55:15+02:00 command.go:185:         }
TestIdempotence 2025-08-19T14:55:15+02:00 command.go:185:       [32m+[0m[0m vpc_id           = (known after apply)
TestIdempotence 2025-08-19T14:55:15+02:00 command.go:185:     }
TestIdempotence 2025-08-19T14:55:15+02:00 command.go:185: 
TestIdempotence 2025-08-19T14:55:15+02:00 command.go:185: [1m  # module.vpc["app1_vpc"].aws_route_table_association.from_igw[0][0m will be created
TestIdempotence 2025-08-19T14:55:15+02:00 command.go:185: [0m  [32m+[0m[0m resource "aws_route_table_association" "from_igw" {
TestIdempotence 2025-08-19T14:55:15+02:00 command.go:185:       [32m+[0m[0m gateway_id     = (known after apply)
TestIdempotence 2025-08-19T14:55:15+02:00 command.go:185:       [32m+[0m[0m id             = (known after apply)
TestIdempotence 2025-08-19T14:55:15+02:00 command.go:185:       [32m+[0m[0m route_table_id = (known after apply)
TestIdempotence 2025-08-19T14:55:15+02:00 command.go:185:     }
TestIdempotence 2025-08-19T14:55:15+02:00 command.go:185: 
TestIdempotence 2025-08-19T14:55:15+02:00 command.go:185: [1m  # module.vpc["app1_vpc"].aws_security_group.this["app1_lb"][0m will be created
TestIdempotence 2025-08-19T14:55:15+02:00 command.go:185: [0m  [32m+[0m[0m resource "aws_security_group" "this" {
TestIdempotence 2025-08-19T14:55:15+02:00 command.go:185:       [32m+[0m[0m arn                    = (known after apply)
TestIdempotence 2025-08-19T14:55:15+02:00 command.go:185:       [32m+[0m[0m description            = "Security group managed by Terraform"
TestIdempotence 2025-08-19T14:55:15+02:00 command.go:185:       [32m+[0m[0m egress                 = [
TestIdempotence 2025-08-19T14:55:15+02:00 command.go:185:           [32m+[0m[0m {
TestIdempotence 2025-08-19T14:55:15+02:00 command.go:185:               [32m+[0m[0m cidr_blocks      = [
TestIdempotence 2025-08-19T14:55:15+02:00 command.go:185:                   [32m+[0m[0m "0.0.0.0/0",
TestIdempotence 2025-08-19T14:55:15+02:00 command.go:185:                 ]
TestIdempotence 2025-08-19T14:55:15+02:00 command.go:185:               [32m+[0m[0m description      = "Permit All traffic outbound"
TestIdempotence 2025-08-19T14:55:15+02:00 command.go:185:               [32m+[0m[0m from_port        = 0
TestIdempotence 2025-08-19T14:55:15+02:00 command.go:185:               [32m+[0m[0m ipv6_cidr_blocks = []
TestIdempotence 2025-08-19T14:55:15+02:00 command.go:185:               [32m+[0m[0m prefix_list_ids  = []
TestIdempotence 2025-08-19T14:55:15+02:00 command.go:185:               [32m+[0m[0m protocol         = "-1"
TestIdempotence 2025-08-19T14:55:15+02:00 command.go:185:               [32m+[0m[0m security_groups  = []
TestIdempotence 2025-08-19T14:55:15+02:00 command.go:185:               [32m+[0m[0m self             = false
TestIdempotence 2025-08-19T14:55:15+02:00 command.go:185:               [32m+[0m[0m to_port          = 0
TestIdempotence 2025-08-19T14:55:15+02:00 command.go:185:             },
TestIdempotence 2025-08-19T14:55:15+02:00 command.go:185:         ]
TestIdempotence 2025-08-19T14:55:15+02:00 command.go:185:       [32m+[0m[0m id                     = (known after apply)
TestIdempotence 2025-08-19T14:55:15+02:00 command.go:185:       [32m+[0m[0m ingress                = [
TestIdempotence 2025-08-19T14:55:15+02:00 command.go:185:           [32m+[0m[0m {
TestIdempotence 2025-08-19T14:55:15+02:00 command.go:185:               [32m+[0m[0m cidr_blocks      = [
TestIdempotence 2025-08-19T14:55:15+02:00 command.go:185:                   [32m+[0m[0m "1.1.1.1/32",
TestIdempotence 2025-08-19T14:55:15+02:00 command.go:185:                 ]
TestIdempotence 2025-08-19T14:55:15+02:00 command.go:185:               [32m+[0m[0m description      = "Permit HTTP"
TestIdempotence 2025-08-19T14:55:15+02:00 command.go:185:               [32m+[0m[0m from_port        = 80
TestIdempotence 2025-08-19T14:55:15+02:00 command.go:185:               [32m+[0m[0m ipv6_cidr_blocks = []
TestIdempotence 2025-08-19T14:55:15+02:00 command.go:185:               [32m+[0m[0m prefix_list_ids  = []
TestIdempotence 2025-08-19T14:55:15+02:00 command.go:185:               [32m+[0m[0m protocol         = "tcp"
TestIdempotence 2025-08-19T14:55:15+02:00 command.go:185:               [32m+[0m[0m security_groups  = []
TestIdempotence 2025-08-19T14:55:15+02:00 command.go:185:               [32m+[0m[0m self             = false
TestIdempotence 2025-08-19T14:55:15+02:00 command.go:185:               [32m+[0m[0m to_port          = 80
TestIdempotence 2025-08-19T14:55:15+02:00 command.go:185:             },
TestIdempotence 2025-08-19T14:55:15+02:00 command.go:185:           [32m+[0m[0m {
TestIdempotence 2025-08-19T14:55:15+02:00 command.go:185:               [32m+[0m[0m cidr_blocks      = [
TestIdempotence 2025-08-19T14:55:15+02:00 command.go:185:                   [32m+[0m[0m "1.1.1.1/32",
TestIdempotence 2025-08-19T14:55:15+02:00 command.go:185:                 ]
TestIdempotence 2025-08-19T14:55:15+02:00 command.go:185:               [32m+[0m[0m description      = "Permit HTTPS"
TestIdempotence 2025-08-19T14:55:15+02:00 command.go:185:               [32m+[0m[0m from_port        = 443
TestIdempotence 2025-08-19T14:55:15+02:00 command.go:185:               [32m+[0m[0m ipv6_cidr_blocks = []
TestIdempotence 2025-08-19T14:55:15+02:00 command.go:185:               [32m+[0m[0m prefix_list_ids  = []
TestIdempotence 2025-08-19T14:55:15+02:00 command.go:185:               [32m+[0m[0m protocol         = "tcp"
TestIdempotence 2025-08-19T14:55:15+02:00 command.go:185:               [32m+[0m[0m security_groups  = []
TestIdempotence 2025-08-19T14:55:15+02:00 command.go:185:               [32m+[0m[0m self             = false
TestIdempotence 2025-08-19T14:55:15+02:00 command.go:185:               [32m+[0m[0m to_port          = 443
TestIdempotence 2025-08-19T14:55:15+02:00 command.go:185:             },
TestIdempotence 2025-08-19T14:55:15+02:00 command.go:185:         ]
TestIdempotence 2025-08-19T14:55:15+02:00 command.go:185:       [32m+[0m[0m name                   = "app1_lb"
TestIdempotence 2025-08-19T14:55:15+02:00 command.go:185:       [32m+[0m[0m name_prefix            = (known after apply)
TestIdempotence 2025-08-19T14:55:15+02:00 command.go:185:       [32m+[0m[0m owner_id               = (known after apply)
TestIdempotence 2025-08-19T14:55:15+02:00 command.go:185:       [32m+[0m[0m revoke_rules_on_delete = false
TestIdempotence 2025-08-19T14:55:15+02:00 command.go:185:       [32m+[0m[0m tags                   = {
TestIdempotence 2025-08-19T14:55:15+02:00 command.go:185:           [32m+[0m[0m "Application" = "Palo Alto Networks VM-Series NGFW"
TestIdempotence 2025-08-19T14:55:15+02:00 command.go:185:           [32m+[0m[0m "ManagedBy"   = "terraform"
TestIdempotence 2025-08-19T14:55:15+02:00 command.go:185:           [32m+[0m[0m "Name"        = "app1_lb"
TestIdempotence 2025-08-19T14:55:15+02:00 command.go:185:           [32m+[0m[0m "Owner"       = "PS Team"
TestIdempotence 2025-08-19T14:55:15+02:00 command.go:185:         }
TestIdempotence 2025-08-19T14:55:15+02:00 command.go:185:       [32m+[0m[0m tags_all               = {
TestIdempotence 2025-08-19T14:55:15+02:00 command.go:185:           [32m+[0m[0m "Application" = "Palo Alto Networks VM-Series NGFW"
TestIdempotence 2025-08-19T14:55:15+02:00 command.go:185:           [32m+[0m[0m "ManagedBy"   = "terraform"
TestIdempotence 2025-08-19T14:55:15+02:00 command.go:185:           [32m+[0m[0m "Name"        = "app1_lb"
TestIdempotence 2025-08-19T14:55:15+02:00 command.go:185:           [32m+[0m[0m "Owner"       = "PS Team"
TestIdempotence 2025-08-19T14:55:15+02:00 command.go:185:         }
TestIdempotence 2025-08-19T14:55:15+02:00 command.go:185:       [32m+[0m[0m vpc_id                 = (known after apply)
TestIdempotence 2025-08-19T14:55:15+02:00 command.go:185:     }
TestIdempotence 2025-08-19T14:55:15+02:00 command.go:185: 
TestIdempotence 2025-08-19T14:55:15+02:00 command.go:185: [1m  # module.vpc["app1_vpc"].aws_security_group.this["app1_vm"][0m will be created
TestIdempotence 2025-08-19T14:55:15+02:00 command.go:185: [0m  [32m+[0m[0m resource "aws_security_group" "this" {
TestIdempotence 2025-08-19T14:55:15+02:00 command.go:185:       [32m+[0m[0m arn                    = (known after apply)
TestIdempotence 2025-08-19T14:55:15+02:00 command.go:185:       [32m+[0m[0m description            = "Security group managed by Terraform"
TestIdempotence 2025-08-19T14:55:15+02:00 command.go:185:       [32m+[0m[0m egress                 = [
TestIdempotence 2025-08-19T14:55:15+02:00 command.go:185:           [32m+[0m[0m {
TestIdempotence 2025-08-19T14:55:15+02:00 command.go:185:               [32m+[0m[0m cidr_blocks      = [
TestIdempotence 2025-08-19T14:55:15+02:00 command.go:185:                   [32m+[0m[0m "0.0.0.0/0",
TestIdempotence 2025-08-19T14:55:15+02:00 command.go:185:                 ]
TestIdempotence 2025-08-19T14:55:15+02:00 command.go:185:               [32m+[0m[0m description      = "Permit All traffic outbound"
TestIdempotence 2025-08-19T14:55:15+02:00 command.go:185:               [32m+[0m[0m from_port        = 0
TestIdempotence 2025-08-19T14:55:15+02:00 command.go:185:               [32m+[0m[0m ipv6_cidr_blocks = []
TestIdempotence 2025-08-19T14:55:15+02:00 command.go:185:               [32m+[0m[0m prefix_list_ids  = []
TestIdempotence 2025-08-19T14:55:15+02:00 command.go:185:               [32m+[0m[0m protocol         = "-1"
TestIdempotence 2025-08-19T14:55:15+02:00 command.go:185:               [32m+[0m[0m security_groups  = []
TestIdempotence 2025-08-19T14:55:15+02:00 command.go:185:               [32m+[0m[0m self             = false
TestIdempotence 2025-08-19T14:55:15+02:00 command.go:185:               [32m+[0m[0m to_port          = 0
TestIdempotence 2025-08-19T14:55:15+02:00 command.go:185:             },
TestIdempotence 2025-08-19T14:55:15+02:00 command.go:185:         ]
TestIdempotence 2025-08-19T14:55:15+02:00 command.go:185:       [32m+[0m[0m id                     = (known after apply)
TestIdempotence 2025-08-19T14:55:15+02:00 command.go:185:       [32m+[0m[0m ingress                = [
TestIdempotence 2025-08-19T14:55:15+02:00 command.go:185:           [32m+[0m[0m {
TestIdempotence 2025-08-19T14:55:15+02:00 command.go:185:               [32m+[0m[0m cidr_blocks      = [
TestIdempotence 2025-08-19T14:55:15+02:00 command.go:185:                   [32m+[0m[0m "1.1.1.1/32",
TestIdempotence 2025-08-19T14:55:15+02:00 command.go:185:                   [32m+[0m[0m "10.104.0.0/16",
TestIdempotence 2025-08-19T14:55:15+02:00 command.go:185:                   [32m+[0m[0m "10.105.0.0/16",
TestIdempotence 2025-08-19T14:55:15+02:00 command.go:185:                 ]
TestIdempotence 2025-08-19T14:55:15+02:00 command.go:185:               [32m+[0m[0m description      = "Permit HTTP"
TestIdempotence 2025-08-19T14:55:15+02:00 command.go:185:               [32m+[0m[0m from_port        = 80
TestIdempotence 2025-08-19T14:55:15+02:00 command.go:185:               [32m+[0m[0m ipv6_cidr_blocks = []
TestIdempotence 2025-08-19T14:55:15+02:00 command.go:185:               [32m+[0m[0m prefix_list_ids  = []
TestIdempotence 2025-08-19T14:55:15+02:00 command.go:185:               [32m+[0m[0m protocol         = "tcp"
TestIdempotence 2025-08-19T14:55:15+02:00 command.go:185:               [32m+[0m[0m security_groups  = []
TestIdempotence 2025-08-19T14:55:15+02:00 command.go:185:               [32m+[0m[0m self             = false
TestIdempotence 2025-08-19T14:55:15+02:00 command.go:185:               [32m+[0m[0m to_port          = 80
TestIdempotence 2025-08-19T14:55:15+02:00 command.go:185:             },
TestIdempotence 2025-08-19T14:55:15+02:00 command.go:185:           [32m+[0m[0m {
TestIdempotence 2025-08-19T14:55:15+02:00 command.go:185:               [32m+[0m[0m cidr_blocks      = [
TestIdempotence 2025-08-19T14:55:15+02:00 command.go:185:                   [32m+[0m[0m "1.1.1.1/32",
TestIdempotence 2025-08-19T14:55:15+02:00 command.go:185:                   [32m+[0m[0m "10.104.0.0/16",
TestIdempotence 2025-08-19T14:55:15+02:00 command.go:185:                   [32m+[0m[0m "10.105.0.0/16",
TestIdempotence 2025-08-19T14:55:15+02:00 command.go:185:                 ]
TestIdempotence 2025-08-19T14:55:15+02:00 command.go:185:               [32m+[0m[0m description      = "Permit HTTPS"
TestIdempotence 2025-08-19T14:55:15+02:00 command.go:185:               [32m+[0m[0m from_port        = 443
TestIdempotence 2025-08-19T14:55:15+02:00 command.go:185:               [32m+[0m[0m ipv6_cidr_blocks = []
TestIdempotence 2025-08-19T14:55:15+02:00 command.go:185:               [32m+[0m[0m prefix_list_ids  = []
TestIdempotence 2025-08-19T14:55:15+02:00 command.go:185:               [32m+[0m[0m protocol         = "tcp"
TestIdempotence 2025-08-19T14:55:15+02:00 command.go:185:               [32m+[0m[0m security_groups  = []
TestIdempotence 2025-08-19T14:55:15+02:00 command.go:185:               [32m+[0m[0m self             = false
TestIdempotence 2025-08-19T14:55:15+02:00 command.go:185:               [32m+[0m[0m to_port          = 443
TestIdempotence 2025-08-19T14:55:15+02:00 command.go:185:             },
TestIdempotence 2025-08-19T14:55:15+02:00 command.go:185:           [32m+[0m[0m {
TestIdempotence 2025-08-19T14:55:15+02:00 command.go:185:               [32m+[0m[0m cidr_blocks      = [
TestIdempotence 2025-08-19T14:55:15+02:00 command.go:185:                   [32m+[0m[0m "1.1.1.1/32",
TestIdempotence 2025-08-19T14:55:15+02:00 command.go:185:                   [32m+[0m[0m "10.104.0.0/16",
TestIdempotence 2025-08-19T14:55:15+02:00 command.go:185:                   [32m+[0m[0m "10.105.0.0/16",
TestIdempotence 2025-08-19T14:55:15+02:00 command.go:185:                 ]
TestIdempotence 2025-08-19T14:55:15+02:00 command.go:185:               [32m+[0m[0m description      = "Permit SSH"
TestIdempotence 2025-08-19T14:55:15+02:00 command.go:185:               [32m+[0m[0m from_port        = 22
TestIdempotence 2025-08-19T14:55:15+02:00 command.go:185:               [32m+[0m[0m ipv6_cidr_blocks = []
TestIdempotence 2025-08-19T14:55:15+02:00 command.go:185:               [32m+[0m[0m prefix_list_ids  = []
TestIdempotence 2025-08-19T14:55:15+02:00 command.go:185:               [32m+[0m[0m protocol         = "tcp"
TestIdempotence 2025-08-19T14:55:15+02:00 command.go:185:               [32m+[0m[0m security_groups  = []
TestIdempotence 2025-08-19T14:55:15+02:00 command.go:185:               [32m+[0m[0m self             = false
TestIdempotence 2025-08-19T14:55:15+02:00 command.go:185:               [32m+[0m[0m to_port          = 22
TestIdempotence 2025-08-19T14:55:15+02:00 command.go:185:             },
TestIdempotence 2025-08-19T14:55:15+02:00 command.go:185:           [32m+[0m[0m {
TestIdempotence 2025-08-19T14:55:15+02:00 command.go:185:               [32m+[0m[0m cidr_blocks      = [
TestIdempotence 2025-08-19T14:55:15+02:00 command.go:185:                   [32m+[0m[0m "10.0.0.0/8",
TestIdempotence 2025-08-19T14:55:15+02:00 command.go:185:                 ]
TestIdempotence 2025-08-19T14:55:15+02:00 command.go:185:               [32m+[0m[0m description      = "Permit All traffic inbound from 10.0.0.0/8"
TestIdempotence 2025-08-19T14:55:15+02:00 command.go:185:               [32m+[0m[0m from_port        = 0
TestIdempotence 2025-08-19T14:55:15+02:00 command.go:185:               [32m+[0m[0m ipv6_cidr_blocks = []
TestIdempotence 2025-08-19T14:55:15+02:00 command.go:185:               [32m+[0m[0m prefix_list_ids  = []
TestIdempotence 2025-08-19T14:55:15+02:00 command.go:185:               [32m+[0m[0m protocol         = "-1"
TestIdempotence 2025-08-19T14:55:15+02:00 command.go:185:               [32m+[0m[0m security_groups  = []
TestIdempotence 2025-08-19T14:55:15+02:00 command.go:185:               [32m+[0m[0m self             = false
TestIdempotence 2025-08-19T14:55:15+02:00 command.go:185:               [32m+[0m[0m to_port          = 0
TestIdempotence 2025-08-19T14:55:15+02:00 command.go:185:             },
TestIdempotence 2025-08-19T14:55:15+02:00 command.go:185:         ]
TestIdempotence 2025-08-19T14:55:15+02:00 command.go:185:       [32m+[0m[0m name                   = "app1_vm"
TestIdempotence 2025-08-19T14:55:15+02:00 command.go:185:       [32m+[0m[0m name_prefix            = (known after apply)
TestIdempotence 2025-08-19T14:55:15+02:00 command.go:185:       [32m+[0m[0m owner_id               = (known after apply)
TestIdempotence 2025-08-19T14:55:15+02:00 command.go:185:       [32m+[0m[0m revoke_rules_on_delete = false
TestIdempotence 2025-08-19T14:55:15+02:00 command.go:185:       [32m+[0m[0m tags                   = {
TestIdempotence 2025-08-19T14:55:15+02:00 command.go:185:           [32m+[0m[0m "Application" = "Palo Alto Networks VM-Series NGFW"
TestIdempotence 2025-08-19T14:55:15+02:00 command.go:185:           [32m+[0m[0m "ManagedBy"   = "terraform"
TestIdempotence 2025-08-19T14:55:15+02:00 command.go:185:           [32m+[0m[0m "Name"        = "app1_vm"
TestIdempotence 2025-08-19T14:55:15+02:00 command.go:185:           [32m+[0m[0m "Owner"       = "PS Team"
TestIdempotence 2025-08-19T14:55:15+02:00 command.go:185:         }
TestIdempotence 2025-08-19T14:55:15+02:00 command.go:185:       [32m+[0m[0m tags_all               = {
TestIdempotence 2025-08-19T14:55:15+02:00 command.go:185:           [32m+[0m[0m "Application" = "Palo Alto Networks VM-Series NGFW"
TestIdempotence 2025-08-19T14:55:15+02:00 command.go:185:           [32m+[0m[0m "ManagedBy"   = "terraform"
TestIdempotence 2025-08-19T14:55:15+02:00 command.go:185:           [32m+[0m[0m "Name"        = "app1_vm"
TestIdempotence 2025-08-19T14:55:15+02:00 command.go:185:           [32m+[0m[0m "Owner"       = "PS Team"
TestIdempotence 2025-08-19T14:55:15+02:00 command.go:185:         }
TestIdempotence 2025-08-19T14:55:15+02:00 command.go:185:       [32m+[0m[0m vpc_id                 = (known after apply)
TestIdempotence 2025-08-19T14:55:15+02:00 command.go:185:     }
TestIdempotence 2025-08-19T14:55:15+02:00 command.go:185: 
TestIdempotence 2025-08-19T14:55:15+02:00 command.go:185: [1m  # module.vpc["app1_vpc"].aws_vpc.this[0][0m will be created
TestIdempotence 2025-08-19T14:55:15+02:00 command.go:185: [0m  [32m+[0m[0m resource "aws_vpc" "this" {
TestIdempotence 2025-08-19T14:55:15+02:00 command.go:185:       [32m+[0m[0m arn                                  = (known after apply)
TestIdempotence 2025-08-19T14:55:15+02:00 command.go:185:       [32m+[0m[0m cidr_block                           = "10.104.0.0/16"
TestIdempotence 2025-08-19T14:55:15+02:00 command.go:185:       [32m+[0m[0m default_network_acl_id               = (known after apply)
TestIdempotence 2025-08-19T14:55:15+02:00 command.go:185:       [32m+[0m[0m default_route_table_id               = (known after apply)
TestIdempotence 2025-08-19T14:55:15+02:00 command.go:185:       [32m+[0m[0m default_security_group_id            = (known after apply)
TestIdempotence 2025-08-19T14:55:15+02:00 command.go:185:       [32m+[0m[0m dhcp_options_id                      = (known after apply)
TestIdempotence 2025-08-19T14:55:15+02:00 command.go:185:       [32m+[0m[0m enable_dns_hostnames                 = true
TestIdempotence 2025-08-19T14:55:15+02:00 command.go:185:       [32m+[0m[0m enable_dns_support                   = true
TestIdempotence 2025-08-19T14:55:15+02:00 command.go:185:       [32m+[0m[0m enable_network_address_usage_metrics = (known after apply)
TestIdempotence 2025-08-19T14:55:15+02:00 command.go:185:       [32m+[0m[0m id                                   = (known after apply)
TestIdempotence 2025-08-19T14:55:15+02:00 command.go:185:       [32m+[0m[0m instance_tenancy                     = "default"
TestIdempotence 2025-08-19T14:55:15+02:00 command.go:185:       [32m+[0m[0m ipv6_association_id                  = (known after apply)
TestIdempotence 2025-08-19T14:55:15+02:00 command.go:185:       [32m+[0m[0m ipv6_cidr_block                      = (known after apply)
TestIdempotence 2025-08-19T14:55:15+02:00 command.go:185:       [32m+[0m[0m ipv6_cidr_block_network_border_group = (known after apply)
TestIdempotence 2025-08-19T14:55:15+02:00 command.go:185:       [32m+[0m[0m main_route_table_id                  = (known after apply)
TestIdempotence 2025-08-19T14:55:15+02:00 command.go:185:       [32m+[0m[0m owner_id                             = (known after apply)
TestIdempotence 2025-08-19T14:55:15+02:00 command.go:185:       [32m+[0m[0m tags                                 = {
TestIdempotence 2025-08-19T14:55:15+02:00 command.go:185:           [32m+[0m[0m "Application" = "Palo Alto Networks VM-Series NGFW"
TestIdempotence 2025-08-19T14:55:15+02:00 command.go:185:           [32m+[0m[0m "ManagedBy"   = "terraform"
TestIdempotence 2025-08-19T14:55:15+02:00 command.go:185:           [32m+[0m[0m "Name"        = "tt-4ff3-app1-spoke-vpc"
TestIdempotence 2025-08-19T14:55:15+02:00 command.go:185:           [32m+[0m[0m "Owner"       = "PS Team"
TestIdempotence 2025-08-19T14:55:15+02:00 command.go:185:         }
TestIdempotence 2025-08-19T14:55:15+02:00 command.go:185:       [32m+[0m[0m tags_all                             = {
TestIdempotence 2025-08-19T14:55:15+02:00 command.go:185:           [32m+[0m[0m "Application" = "Palo Alto Networks VM-Series NGFW"
TestIdempotence 2025-08-19T14:55:15+02:00 command.go:185:           [32m+[0m[0m "ManagedBy"   = "terraform"
TestIdempotence 2025-08-19T14:55:15+02:00 command.go:185:           [32m+[0m[0m "Name"        = "tt-4ff3-app1-spoke-vpc"
TestIdempotence 2025-08-19T14:55:15+02:00 command.go:185:           [32m+[0m[0m "Owner"       = "PS Team"
TestIdempotence 2025-08-19T14:55:15+02:00 command.go:185:         }
TestIdempotence 2025-08-19T14:55:15+02:00 command.go:185:     }
TestIdempotence 2025-08-19T14:55:15+02:00 command.go:185: 
TestIdempotence 2025-08-19T14:55:15+02:00 command.go:185: [1m  # module.vpc["app2_vpc"].aws_internet_gateway.this[0][0m will be created
TestIdempotence 2025-08-19T14:55:15+02:00 command.go:185: [0m  [32m+[0m[0m resource "aws_internet_gateway" "this" {
TestIdempotence 2025-08-19T14:55:15+02:00 command.go:185:       [32m+[0m[0m arn      = (known after apply)
TestIdempotence 2025-08-19T14:55:15+02:00 command.go:185:       [32m+[0m[0m id       = (known after apply)
TestIdempotence 2025-08-19T14:55:15+02:00 command.go:185:       [32m+[0m[0m owner_id = (known after apply)
TestIdempotence 2025-08-19T14:55:15+02:00 command.go:185:       [32m+[0m[0m tags     = {
TestIdempotence 2025-08-19T14:55:15+02:00 command.go:185:           [32m+[0m[0m "Application" = "Palo Alto Networks VM-Series NGFW"
TestIdempotence 2025-08-19T14:55:15+02:00 command.go:185:           [32m+[0m[0m "ManagedBy"   = "terraform"
TestIdempotence 2025-08-19T14:55:15+02:00 command.go:185:           [32m+[0m[0m "Name"        = "tt-4ff3-app2-spoke-vpc-igw"
TestIdempotence 2025-08-19T14:55:15+02:00 command.go:185:           [32m+[0m[0m "Owner"       = "PS Team"
TestIdempotence 2025-08-19T14:55:15+02:00 command.go:185:         }
TestIdempotence 2025-08-19T14:55:15+02:00 command.go:185:       [32m+[0m[0m tags_all = {
TestIdempotence 2025-08-19T14:55:15+02:00 command.go:185:           [32m+[0m[0m "Application" = "Palo Alto Networks VM-Series NGFW"
TestIdempotence 2025-08-19T14:55:15+02:00 command.go:185:           [32m+[0m[0m "ManagedBy"   = "terraform"
TestIdempotence 2025-08-19T14:55:15+02:00 command.go:185:           [32m+[0m[0m "Name"        = "tt-4ff3-app2-spoke-vpc-igw"
TestIdempotence 2025-08-19T14:55:15+02:00 command.go:185:           [32m+[0m[0m "Owner"       = "PS Team"
TestIdempotence 2025-08-19T14:55:15+02:00 command.go:185:         }
TestIdempotence 2025-08-19T14:55:15+02:00 command.go:185:       [32m+[0m[0m vpc_id   = (known after apply)
TestIdempotence 2025-08-19T14:55:15+02:00 command.go:185:     }
TestIdempotence 2025-08-19T14:55:15+02:00 command.go:185: 
TestIdempotence 2025-08-19T14:55:15+02:00 command.go:185: [1m  # module.vpc["app2_vpc"].aws_route_table.from_igw[0][0m will be created
TestIdempotence 2025-08-19T14:55:15+02:00 command.go:185: [0m  [32m+[0m[0m resource "aws_route_table" "from_igw" {
TestIdempotence 2025-08-19T14:55:15+02:00 command.go:185:       [32m+[0m[0m arn              = (known after apply)
TestIdempotence 2025-08-19T14:55:15+02:00 command.go:185:       [32m+[0m[0m id               = (known after apply)
TestIdempotence 2025-08-19T14:55:15+02:00 command.go:185:       [32m+[0m[0m owner_id         = (known after apply)
TestIdempotence 2025-08-19T14:55:15+02:00 command.go:185:       [32m+[0m[0m propagating_vgws = (known after apply)
TestIdempotence 2025-08-19T14:55:15+02:00 command.go:185:       [32m+[0m[0m route            = (known after apply)
TestIdempotence 2025-08-19T14:55:15+02:00 command.go:185:       [32m+[0m[0m tags             = {
TestIdempotence 2025-08-19T14:55:15+02:00 command.go:185:           [32m+[0m[0m "Application" = "Palo Alto Networks VM-Series NGFW"
TestIdempotence 2025-08-19T14:55:15+02:00 command.go:185:           [32m+[0m[0m "ManagedBy"   = "terraform"
TestIdempotence 2025-08-19T14:55:15+02:00 command.go:185:           [32m+[0m[0m "Name"        = "tt-4ff3-app2-spoke-vpc-igw"
TestIdempotence 2025-08-19T14:55:15+02:00 command.go:185:           [32m+[0m[0m "Owner"       = "PS Team"
TestIdempotence 2025-08-19T14:55:15+02:00 command.go:185:         }
TestIdempotence 2025-08-19T14:55:15+02:00 command.go:185:       [32m+[0m[0m tags_all         = {
TestIdempotence 2025-08-19T14:55:15+02:00 command.go:185:           [32m+[0m[0m "Application" = "Palo Alto Networks VM-Series NGFW"
TestIdempotence 2025-08-19T14:55:15+02:00 command.go:185:           [32m+[0m[0m "ManagedBy"   = "terraform"
TestIdempotence 2025-08-19T14:55:15+02:00 command.go:185:           [32m+[0m[0m "Name"        = "tt-4ff3-app2-spoke-vpc-igw"
TestIdempotence 2025-08-19T14:55:15+02:00 command.go:185:           [32m+[0m[0m "Owner"       = "PS Team"
TestIdempotence 2025-08-19T14:55:15+02:00 command.go:185:         }
TestIdempotence 2025-08-19T14:55:15+02:00 command.go:185:       [32m+[0m[0m vpc_id           = (known after apply)
TestIdempotence 2025-08-19T14:55:15+02:00 command.go:185:     }
TestIdempotence 2025-08-19T14:55:15+02:00 command.go:185: 
TestIdempotence 2025-08-19T14:55:15+02:00 command.go:185: [1m  # module.vpc["app2_vpc"].aws_route_table_association.from_igw[0][0m will be created
TestIdempotence 2025-08-19T14:55:15+02:00 command.go:185: [0m  [32m+[0m[0m resource "aws_route_table_association" "from_igw" {
TestIdempotence 2025-08-19T14:55:15+02:00 command.go:185:       [32m+[0m[0m gateway_id     = (known after apply)
TestIdempotence 2025-08-19T14:55:15+02:00 command.go:185:       [32m+[0m[0m id             = (known after apply)
TestIdempotence 2025-08-19T14:55:15+02:00 command.go:185:       [32m+[0m[0m route_table_id = (known after apply)
TestIdempotence 2025-08-19T14:55:15+02:00 command.go:185:     }
TestIdempotence 2025-08-19T14:55:15+02:00 command.go:185: 
TestIdempotence 2025-08-19T14:55:15+02:00 command.go:185: [1m  # module.vpc["app2_vpc"].aws_security_group.this["app2_lb"][0m will be created
TestIdempotence 2025-08-19T14:55:15+02:00 command.go:185: [0m  [32m+[0m[0m resource "aws_security_group" "this" {
TestIdempotence 2025-08-19T14:55:15+02:00 command.go:185:       [32m+[0m[0m arn                    = (known after apply)
TestIdempotence 2025-08-19T14:55:15+02:00 command.go:185:       [32m+[0m[0m description            = "Security group managed by Terraform"
TestIdempotence 2025-08-19T14:55:15+02:00 command.go:185:       [32m+[0m[0m egress                 = [
TestIdempotence 2025-08-19T14:55:15+02:00 command.go:185:           [32m+[0m[0m {
TestIdempotence 2025-08-19T14:55:15+02:00 command.go:185:               [32m+[0m[0m cidr_blocks      = [
TestIdempotence 2025-08-19T14:55:15+02:00 command.go:185:                   [32m+[0m[0m "0.0.0.0/0",
TestIdempotence 2025-08-19T14:55:15+02:00 command.go:185:                 ]
TestIdempotence 2025-08-19T14:55:15+02:00 command.go:185:               [32m+[0m[0m description      = "Permit All traffic outbound"
TestIdempotence 2025-08-19T14:55:15+02:00 command.go:185:               [32m+[0m[0m from_port        = 0
TestIdempotence 2025-08-19T14:55:15+02:00 command.go:185:               [32m+[0m[0m ipv6_cidr_blocks = []
TestIdempotence 2025-08-19T14:55:15+02:00 command.go:185:               [32m+[0m[0m prefix_list_ids  = []
TestIdempotence 2025-08-19T14:55:15+02:00 command.go:185:               [32m+[0m[0m protocol         = "-1"
TestIdempotence 2025-08-19T14:55:15+02:00 command.go:185:               [32m+[0m[0m security_groups  = []
TestIdempotence 2025-08-19T14:55:15+02:00 command.go:185:               [32m+[0m[0m self             = false
TestIdempotence 2025-08-19T14:55:15+02:00 command.go:185:               [32m+[0m[0m to_port          = 0
TestIdempotence 2025-08-19T14:55:15+02:00 command.go:185:             },
TestIdempotence 2025-08-19T14:55:15+02:00 command.go:185:         ]
TestIdempotence 2025-08-19T14:55:15+02:00 command.go:185:       [32m+[0m[0m id                     = (known after apply)
TestIdempotence 2025-08-19T14:55:15+02:00 command.go:185:       [32m+[0m[0m ingress                = [
TestIdempotence 2025-08-19T14:55:15+02:00 command.go:185:           [32m+[0m[0m {
TestIdempotence 2025-08-19T14:55:15+02:00 command.go:185:               [32m+[0m[0m cidr_blocks      = [
TestIdempotence 2025-08-19T14:55:15+02:00 command.go:185:                   [32m+[0m[0m "1.1.1.1/32",
TestIdempotence 2025-08-19T14:55:15+02:00 command.go:185:                 ]
TestIdempotence 2025-08-19T14:55:15+02:00 command.go:185:               [32m+[0m[0m description      = "Permit HTTP"
TestIdempotence 2025-08-19T14:55:15+02:00 command.go:185:               [32m+[0m[0m from_port        = 80
TestIdempotence 2025-08-19T14:55:15+02:00 command.go:185:               [32m+[0m[0m ipv6_cidr_blocks = []
TestIdempotence 2025-08-19T14:55:15+02:00 command.go:185:               [32m+[0m[0m prefix_list_ids  = []
TestIdempotence 2025-08-19T14:55:15+02:00 command.go:185:               [32m+[0m[0m protocol         = "tcp"
TestIdempotence 2025-08-19T14:55:15+02:00 command.go:185:               [32m+[0m[0m security_groups  = []
TestIdempotence 2025-08-19T14:55:15+02:00 command.go:185:               [32m+[0m[0m self             = false
TestIdempotence 2025-08-19T14:55:15+02:00 command.go:185:               [32m+[0m[0m to_port          = 80
TestIdempotence 2025-08-19T14:55:15+02:00 command.go:185:             },
TestIdempotence 2025-08-19T14:55:15+02:00 command.go:185:           [32m+[0m[0m {
TestIdempotence 2025-08-19T14:55:15+02:00 command.go:185:               [32m+[0m[0m cidr_blocks      = [
TestIdempotence 2025-08-19T14:55:15+02:00 command.go:185:                   [32m+[0m[0m "1.1.1.1/32",
TestIdempotence 2025-08-19T14:55:15+02:00 command.go:185:                 ]
TestIdempotence 2025-08-19T14:55:15+02:00 command.go:185:               [32m+[0m[0m description      = "Permit HTTPS"
TestIdempotence 2025-08-19T14:55:15+02:00 command.go:185:               [32m+[0m[0m from_port        = 443
TestIdempotence 2025-08-19T14:55:15+02:00 command.go:185:               [32m+[0m[0m ipv6_cidr_blocks = []
TestIdempotence 2025-08-19T14:55:15+02:00 command.go:185:               [32m+[0m[0m prefix_list_ids  = []
TestIdempotence 2025-08-19T14:55:15+02:00 command.go:185:               [32m+[0m[0m protocol         = "tcp"
TestIdempotence 2025-08-19T14:55:15+02:00 command.go:185:               [32m+[0m[0m security_groups  = []
TestIdempotence 2025-08-19T14:55:15+02:00 command.go:185:               [32m+[0m[0m self             = false
TestIdempotence 2025-08-19T14:55:15+02:00 command.go:185:               [32m+[0m[0m to_port          = 443
TestIdempotence 2025-08-19T14:55:15+02:00 command.go:185:             },
TestIdempotence 2025-08-19T14:55:15+02:00 command.go:185:         ]
TestIdempotence 2025-08-19T14:55:15+02:00 command.go:185:       [32m+[0m[0m name                   = "app2_lb"
TestIdempotence 2025-08-19T14:55:15+02:00 command.go:185:       [32m+[0m[0m name_prefix            = (known after apply)
TestIdempotence 2025-08-19T14:55:15+02:00 command.go:185:       [32m+[0m[0m owner_id               = (known after apply)
TestIdempotence 2025-08-19T14:55:15+02:00 command.go:185:       [32m+[0m[0m revoke_rules_on_delete = false
TestIdempotence 2025-08-19T14:55:15+02:00 command.go:185:       [32m+[0m[0m tags                   = {
TestIdempotence 2025-08-19T14:55:15+02:00 command.go:185:           [32m+[0m[0m "Application" = "Palo Alto Networks VM-Series NGFW"
TestIdempotence 2025-08-19T14:55:15+02:00 command.go:185:           [32m+[0m[0m "ManagedBy"   = "terraform"
TestIdempotence 2025-08-19T14:55:15+02:00 command.go:185:           [32m+[0m[0m "Name"        = "app2_lb"
TestIdempotence 2025-08-19T14:55:15+02:00 command.go:185:           [32m+[0m[0m "Owner"       = "PS Team"
TestIdempotence 2025-08-19T14:55:15+02:00 command.go:185:         }
TestIdempotence 2025-08-19T14:55:15+02:00 command.go:185:       [32m+[0m[0m tags_all               = {
TestIdempotence 2025-08-19T14:55:15+02:00 command.go:185:           [32m+[0m[0m "Application" = "Palo Alto Networks VM-Series NGFW"
TestIdempotence 2025-08-19T14:55:15+02:00 command.go:185:           [32m+[0m[0m "ManagedBy"   = "terraform"
TestIdempotence 2025-08-19T14:55:15+02:00 command.go:185:           [32m+[0m[0m "Name"        = "app2_lb"
TestIdempotence 2025-08-19T14:55:15+02:00 command.go:185:           [32m+[0m[0m "Owner"       = "PS Team"
TestIdempotence 2025-08-19T14:55:15+02:00 command.go:185:         }
TestIdempotence 2025-08-19T14:55:15+02:00 command.go:185:       [32m+[0m[0m vpc_id                 = (known after apply)
TestIdempotence 2025-08-19T14:55:15+02:00 command.go:185:     }
TestIdempotence 2025-08-19T14:55:15+02:00 command.go:185: 
TestIdempotence 2025-08-19T14:55:15+02:00 command.go:185: [1m  # module.vpc["app2_vpc"].aws_security_group.this["app2_vm"][0m will be created
TestIdempotence 2025-08-19T14:55:15+02:00 command.go:185: [0m  [32m+[0m[0m resource "aws_security_group" "this" {
TestIdempotence 2025-08-19T14:55:15+02:00 command.go:185:       [32m+[0m[0m arn                    = (known after apply)
TestIdempotence 2025-08-19T14:55:15+02:00 command.go:185:       [32m+[0m[0m description            = "Security group managed by Terraform"
TestIdempotence 2025-08-19T14:55:15+02:00 command.go:185:       [32m+[0m[0m egress                 = [
TestIdempotence 2025-08-19T14:55:15+02:00 command.go:185:           [32m+[0m[0m {
TestIdempotence 2025-08-19T14:55:15+02:00 command.go:185:               [32m+[0m[0m cidr_blocks      = [
TestIdempotence 2025-08-19T14:55:15+02:00 command.go:185:                   [32m+[0m[0m "0.0.0.0/0",
TestIdempotence 2025-08-19T14:55:15+02:00 command.go:185:                 ]
TestIdempotence 2025-08-19T14:55:15+02:00 command.go:185:               [32m+[0m[0m description      = "Permit All traffic outbound"
TestIdempotence 2025-08-19T14:55:15+02:00 command.go:185:               [32m+[0m[0m from_port        = 0
TestIdempotence 2025-08-19T14:55:15+02:00 command.go:185:               [32m+[0m[0m ipv6_cidr_blocks = []
TestIdempotence 2025-08-19T14:55:15+02:00 command.go:185:               [32m+[0m[0m prefix_list_ids  = []
TestIdempotence 2025-08-19T14:55:15+02:00 command.go:185:               [32m+[0m[0m protocol         = "-1"
TestIdempotence 2025-08-19T14:55:15+02:00 command.go:185:               [32m+[0m[0m security_groups  = []
TestIdempotence 2025-08-19T14:55:15+02:00 command.go:185:               [32m+[0m[0m self             = false
TestIdempotence 2025-08-19T14:55:15+02:00 command.go:185:               [32m+[0m[0m to_port          = 0
TestIdempotence 2025-08-19T14:55:15+02:00 command.go:185:             },
TestIdempotence 2025-08-19T14:55:15+02:00 command.go:185:         ]
TestIdempotence 2025-08-19T14:55:15+02:00 command.go:185:       [32m+[0m[0m id                     = (known after apply)
TestIdempotence 2025-08-19T14:55:15+02:00 command.go:185:       [32m+[0m[0m ingress                = [
TestIdempotence 2025-08-19T14:55:15+02:00 command.go:185:           [32m+[0m[0m {
TestIdempotence 2025-08-19T14:55:15+02:00 command.go:185:               [32m+[0m[0m cidr_blocks      = [
TestIdempotence 2025-08-19T14:55:15+02:00 command.go:185:                   [32m+[0m[0m "1.1.1.1/32",
TestIdempotence 2025-08-19T14:55:15+02:00 command.go:185:                   [32m+[0m[0m "10.104.0.0/16",
TestIdempotence 2025-08-19T14:55:15+02:00 command.go:185:                   [32m+[0m[0m "10.105.0.0/16",
TestIdempotence 2025-08-19T14:55:15+02:00 command.go:185:                 ]
TestIdempotence 2025-08-19T14:55:15+02:00 command.go:185:               [32m+[0m[0m description      = "Permit HTTP"
TestIdempotence 2025-08-19T14:55:15+02:00 command.go:185:               [32m+[0m[0m from_port        = 80
TestIdempotence 2025-08-19T14:55:15+02:00 command.go:185:               [32m+[0m[0m ipv6_cidr_blocks = []
TestIdempotence 2025-08-19T14:55:15+02:00 command.go:185:               [32m+[0m[0m prefix_list_ids  = []
TestIdempotence 2025-08-19T14:55:15+02:00 command.go:185:               [32m+[0m[0m protocol         = "tcp"
TestIdempotence 2025-08-19T14:55:15+02:00 command.go:185:               [32m+[0m[0m security_groups  = []
TestIdempotence 2025-08-19T14:55:15+02:00 command.go:185:               [32m+[0m[0m self             = false
TestIdempotence 2025-08-19T14:55:15+02:00 command.go:185:               [32m+[0m[0m to_port          = 80
TestIdempotence 2025-08-19T14:55:15+02:00 command.go:185:             },
TestIdempotence 2025-08-19T14:55:15+02:00 command.go:185:           [32m+[0m[0m {
TestIdempotence 2025-08-19T14:55:15+02:00 command.go:185:               [32m+[0m[0m cidr_blocks      = [
TestIdempotence 2025-08-19T14:55:15+02:00 command.go:185:                   [32m+[0m[0m "1.1.1.1/32",
TestIdempotence 2025-08-19T14:55:15+02:00 command.go:185:                   [32m+[0m[0m "10.104.0.0/16",
TestIdempotence 2025-08-19T14:55:15+02:00 command.go:185:                   [32m+[0m[0m "10.105.0.0/16",
TestIdempotence 2025-08-19T14:55:15+02:00 command.go:185:                 ]
TestIdempotence 2025-08-19T14:55:15+02:00 command.go:185:               [32m+[0m[0m description      = "Permit HTTPS"
TestIdempotence 2025-08-19T14:55:15+02:00 command.go:185:               [32m+[0m[0m from_port        = 443
TestIdempotence 2025-08-19T14:55:15+02:00 command.go:185:               [32m+[0m[0m ipv6_cidr_blocks = []
TestIdempotence 2025-08-19T14:55:15+02:00 command.go:185:               [32m+[0m[0m prefix_list_ids  = []
TestIdempotence 2025-08-19T14:55:15+02:00 command.go:185:               [32m+[0m[0m protocol         = "tcp"
TestIdempotence 2025-08-19T14:55:15+02:00 command.go:185:               [32m+[0m[0m security_groups  = []
TestIdempotence 2025-08-19T14:55:15+02:00 command.go:185:               [32m+[0m[0m self             = false
TestIdempotence 2025-08-19T14:55:15+02:00 command.go:185:               [32m+[0m[0m to_port          = 443
TestIdempotence 2025-08-19T14:55:15+02:00 command.go:185:             },
TestIdempotence 2025-08-19T14:55:15+02:00 command.go:185:           [32m+[0m[0m {
TestIdempotence 2025-08-19T14:55:15+02:00 command.go:185:               [32m+[0m[0m cidr_blocks      = [
TestIdempotence 2025-08-19T14:55:15+02:00 command.go:185:                   [32m+[0m[0m "1.1.1.1/32",
TestIdempotence 2025-08-19T14:55:15+02:00 command.go:185:                   [32m+[0m[0m "10.104.0.0/16",
TestIdempotence 2025-08-19T14:55:15+02:00 command.go:185:                   [32m+[0m[0m "10.105.0.0/16",
TestIdempotence 2025-08-19T14:55:15+02:00 command.go:185:                 ]
TestIdempotence 2025-08-19T14:55:15+02:00 command.go:185:               [32m+[0m[0m description      = "Permit SSH"
TestIdempotence 2025-08-19T14:55:15+02:00 command.go:185:               [32m+[0m[0m from_port        = 22
TestIdempotence 2025-08-19T14:55:15+02:00 command.go:185:               [32m+[0m[0m ipv6_cidr_blocks = []
TestIdempotence 2025-08-19T14:55:15+02:00 command.go:185:               [32m+[0m[0m prefix_list_ids  = []
TestIdempotence 2025-08-19T14:55:15+02:00 command.go:185:               [32m+[0m[0m protocol         = "tcp"
TestIdempotence 2025-08-19T14:55:15+02:00 command.go:185:               [32m+[0m[0m security_groups  = []
TestIdempotence 2025-08-19T14:55:15+02:00 command.go:185:               [32m+[0m[0m self             = false
TestIdempotence 2025-08-19T14:55:15+02:00 command.go:185:               [32m+[0m[0m to_port          = 22
TestIdempotence 2025-08-19T14:55:15+02:00 command.go:185:             },
TestIdempotence 2025-08-19T14:55:15+02:00 command.go:185:           [32m+[0m[0m {
TestIdempotence 2025-08-19T14:55:15+02:00 command.go:185:               [32m+[0m[0m cidr_blocks      = [
TestIdempotence 2025-08-19T14:55:15+02:00 command.go:185:                   [32m+[0m[0m "10.0.0.0/8",
TestIdempotence 2025-08-19T14:55:15+02:00 command.go:185:                 ]
TestIdempotence 2025-08-19T14:55:15+02:00 command.go:185:               [32m+[0m[0m description      = "Permit All traffic inbound from 10.0.0.0/8"
TestIdempotence 2025-08-19T14:55:15+02:00 command.go:185:               [32m+[0m[0m from_port        = 0
TestIdempotence 2025-08-19T14:55:15+02:00 command.go:185:               [32m+[0m[0m ipv6_cidr_blocks = []
TestIdempotence 2025-08-19T14:55:15+02:00 command.go:185:               [32m+[0m[0m prefix_list_ids  = []
TestIdempotence 2025-08-19T14:55:15+02:00 command.go:185:               [32m+[0m[0m protocol         = "-1"
TestIdempotence 2025-08-19T14:55:15+02:00 command.go:185:               [32m+[0m[0m security_groups  = []
TestIdempotence 2025-08-19T14:55:15+02:00 command.go:185:               [32m+[0m[0m self             = false
TestIdempotence 2025-08-19T14:55:15+02:00 command.go:185:               [32m+[0m[0m to_port          = 0
TestIdempotence 2025-08-19T14:55:15+02:00 command.go:185:             },
TestIdempotence 2025-08-19T14:55:15+02:00 command.go:185:         ]
TestIdempotence 2025-08-19T14:55:15+02:00 command.go:185:       [32m+[0m[0m name                   = "app2_vm"
TestIdempotence 2025-08-19T14:55:15+02:00 command.go:185:       [32m+[0m[0m name_prefix            = (known after apply)
TestIdempotence 2025-08-19T14:55:15+02:00 command.go:185:       [32m+[0m[0m owner_id               = (known after apply)
TestIdempotence 2025-08-19T14:55:15+02:00 command.go:185:       [32m+[0m[0m revoke_rules_on_delete = false
TestIdempotence 2025-08-19T14:55:15+02:00 command.go:185:       [32m+[0m[0m tags                   = {
TestIdempotence 2025-08-19T14:55:15+02:00 command.go:185:           [32m+[0m[0m "Application" = "Palo Alto Networks VM-Series NGFW"
TestIdempotence 2025-08-19T14:55:15+02:00 command.go:185:           [32m+[0m[0m "ManagedBy"   = "terraform"
TestIdempotence 2025-08-19T14:55:15+02:00 command.go:185:           [32m+[0m[0m "Name"        = "app2_vm"
TestIdempotence 2025-08-19T14:55:15+02:00 command.go:185:           [32m+[0m[0m "Owner"       = "PS Team"
TestIdempotence 2025-08-19T14:55:15+02:00 command.go:185:         }
TestIdempotence 2025-08-19T14:55:15+02:00 command.go:185:       [32m+[0m[0m tags_all               = {
TestIdempotence 2025-08-19T14:55:15+02:00 command.go:185:           [32m+[0m[0m "Application" = "Palo Alto Networks VM-Series NGFW"
TestIdempotence 2025-08-19T14:55:15+02:00 command.go:185:           [32m+[0m[0m "ManagedBy"   = "terraform"
TestIdempotence 2025-08-19T14:55:15+02:00 command.go:185:           [32m+[0m[0m "Name"        = "app2_vm"
TestIdempotence 2025-08-19T14:55:15+02:00 command.go:185:           [32m+[0m[0m "Owner"       = "PS Team"
TestIdempotence 2025-08-19T14:55:15+02:00 command.go:185:         }
TestIdempotence 2025-08-19T14:55:15+02:00 command.go:185:       [32m+[0m[0m vpc_id                 = (known after apply)
TestIdempotence 2025-08-19T14:55:15+02:00 command.go:185:     }
TestIdempotence 2025-08-19T14:55:15+02:00 command.go:185: 
TestIdempotence 2025-08-19T14:55:15+02:00 command.go:185: [1m  # module.vpc["app2_vpc"].aws_vpc.this[0][0m will be created
TestIdempotence 2025-08-19T14:55:15+02:00 command.go:185: [0m  [32m+[0m[0m resource "aws_vpc" "this" {
TestIdempotence 2025-08-19T14:55:15+02:00 command.go:185:       [32m+[0m[0m arn                                  = (known after apply)
TestIdempotence 2025-08-19T14:55:15+02:00 command.go:185:       [32m+[0m[0m cidr_block                           = "10.105.0.0/16"
TestIdempotence 2025-08-19T14:55:15+02:00 command.go:185:       [32m+[0m[0m default_network_acl_id               = (known after apply)
TestIdempotence 2025-08-19T14:55:15+02:00 command.go:185:       [32m+[0m[0m default_route_table_id               = (known after apply)
TestIdempotence 2025-08-19T14:55:15+02:00 command.go:185:       [32m+[0m[0m default_security_group_id            = (known after apply)
TestIdempotence 2025-08-19T14:55:15+02:00 command.go:185:       [32m+[0m[0m dhcp_options_id                      = (known after apply)
TestIdempotence 2025-08-19T14:55:15+02:00 command.go:185:       [32m+[0m[0m enable_dns_hostnames                 = true
TestIdempotence 2025-08-19T14:55:15+02:00 command.go:185:       [32m+[0m[0m enable_dns_support                   = true
TestIdempotence 2025-08-19T14:55:15+02:00 command.go:185:       [32m+[0m[0m enable_network_address_usage_metrics = (known after apply)
TestIdempotence 2025-08-19T14:55:15+02:00 command.go:185:       [32m+[0m[0m id                                   = (known after apply)
TestIdempotence 2025-08-19T14:55:15+02:00 command.go:185:       [32m+[0m[0m instance_tenancy                     = "default"
TestIdempotence 2025-08-19T14:55:15+02:00 command.go:185:       [32m+[0m[0m ipv6_association_id                  = (known after apply)
TestIdempotence 2025-08-19T14:55:15+02:00 command.go:185:       [32m+[0m[0m ipv6_cidr_block                      = (known after apply)
TestIdempotence 2025-08-19T14:55:15+02:00 command.go:185:       [32m+[0m[0m ipv6_cidr_block_network_border_group = (known after apply)
TestIdempotence 2025-08-19T14:55:15+02:00 command.go:185:       [32m+[0m[0m main_route_table_id                  = (known after apply)
TestIdempotence 2025-08-19T14:55:15+02:00 command.go:185:       [32m+[0m[0m owner_id                             = (known after apply)
TestIdempotence 2025-08-19T14:55:15+02:00 command.go:185:       [32m+[0m[0m tags                                 = {
TestIdempotence 2025-08-19T14:55:15+02:00 command.go:185:           [32m+[0m[0m "Application" = "Palo Alto Networks VM-Series NGFW"
TestIdempotence 2025-08-19T14:55:15+02:00 command.go:185:           [32m+[0m[0m "ManagedBy"   = "terraform"
TestIdempotence 2025-08-19T14:55:15+02:00 command.go:185:           [32m+[0m[0m "Name"        = "tt-4ff3-app2-spoke-vpc"
TestIdempotence 2025-08-19T14:55:15+02:00 command.go:185:           [32m+[0m[0m "Owner"       = "PS Team"
TestIdempotence 2025-08-19T14:55:15+02:00 command.go:185:         }
TestIdempotence 2025-08-19T14:55:15+02:00 command.go:185:       [32m+[0m[0m tags_all                             = {
TestIdempotence 2025-08-19T14:55:15+02:00 command.go:185:           [32m+[0m[0m "Application" = "Palo Alto Networks VM-Series NGFW"
TestIdempotence 2025-08-19T14:55:15+02:00 command.go:185:           [32m+[0m[0m "ManagedBy"   = "terraform"
TestIdempotence 2025-08-19T14:55:15+02:00 command.go:185:           [32m+[0m[0m "Name"        = "tt-4ff3-app2-spoke-vpc"
TestIdempotence 2025-08-19T14:55:15+02:00 command.go:185:           [32m+[0m[0m "Owner"       = "PS Team"
TestIdempotence 2025-08-19T14:55:15+02:00 command.go:185:         }
TestIdempotence 2025-08-19T14:55:15+02:00 command.go:185:     }
TestIdempotence 2025-08-19T14:55:15+02:00 command.go:185: 
TestIdempotence 2025-08-19T14:55:15+02:00 command.go:185: [1m  # module.vpc["security_vpc"].aws_internet_gateway.this[0][0m will be created
TestIdempotence 2025-08-19T14:55:15+02:00 command.go:185: [0m  [32m+[0m[0m resource "aws_internet_gateway" "this" {
TestIdempotence 2025-08-19T14:55:15+02:00 command.go:185:       [32m+[0m[0m arn      = (known after apply)
TestIdempotence 2025-08-19T14:55:15+02:00 command.go:185:       [32m+[0m[0m id       = (known after apply)
TestIdempotence 2025-08-19T14:55:15+02:00 command.go:185:       [32m+[0m[0m owner_id = (known after apply)
TestIdempotence 2025-08-19T14:55:15+02:00 command.go:185:       [32m+[0m[0m tags     = {
TestIdempotence 2025-08-19T14:55:15+02:00 command.go:185:           [32m+[0m[0m "Application" = "Palo Alto Networks VM-Series NGFW"
TestIdempotence 2025-08-19T14:55:15+02:00 command.go:185:           [32m+[0m[0m "ManagedBy"   = "terraform"
TestIdempotence 2025-08-19T14:55:15+02:00 command.go:185:           [32m+[0m[0m "Name"        = "tt-4ff3-security-vpc-igw"
TestIdempotence 2025-08-19T14:55:15+02:00 command.go:185:           [32m+[0m[0m "Owner"       = "PS Team"
TestIdempotence 2025-08-19T14:55:15+02:00 command.go:185:         }
TestIdempotence 2025-08-19T14:55:15+02:00 command.go:185:       [32m+[0m[0m tags_all = {
TestIdempotence 2025-08-19T14:55:15+02:00 command.go:185:           [32m+[0m[0m "Application" = "Palo Alto Networks VM-Series NGFW"
TestIdempotence 2025-08-19T14:55:15+02:00 command.go:185:           [32m+[0m[0m "ManagedBy"   = "terraform"
TestIdempotence 2025-08-19T14:55:15+02:00 command.go:185:           [32m+[0m[0m "Name"        = "tt-4ff3-security-vpc-igw"
TestIdempotence 2025-08-19T14:55:15+02:00 command.go:185:           [32m+[0m[0m "Owner"       = "PS Team"
TestIdempotence 2025-08-19T14:55:15+02:00 command.go:185:         }
TestIdempotence 2025-08-19T14:55:15+02:00 command.go:185:       [32m+[0m[0m vpc_id   = (known after apply)
TestIdempotence 2025-08-19T14:55:15+02:00 command.go:185:     }
TestIdempotence 2025-08-19T14:55:15+02:00 command.go:185: 
TestIdempotence 2025-08-19T14:55:15+02:00 command.go:185: [1m  # module.vpc["security_vpc"].aws_network_acl.this["trusted_path_monitoring"][0m will be created
TestIdempotence 2025-08-19T14:55:15+02:00 command.go:185: [0m  [32m+[0m[0m resource "aws_network_acl" "this" {
TestIdempotence 2025-08-19T14:55:15+02:00 command.go:185:       [32m+[0m[0m arn        = (known after apply)
TestIdempotence 2025-08-19T14:55:15+02:00 command.go:185:       [32m+[0m[0m egress     = (known after apply)
TestIdempotence 2025-08-19T14:55:15+02:00 command.go:185:       [32m+[0m[0m id         = (known after apply)
TestIdempotence 2025-08-19T14:55:15+02:00 command.go:185:       [32m+[0m[0m ingress    = (known after apply)
TestIdempotence 2025-08-19T14:55:15+02:00 command.go:185:       [32m+[0m[0m owner_id   = (known after apply)
TestIdempotence 2025-08-19T14:55:15+02:00 command.go:185:       [32m+[0m[0m subnet_ids = (known after apply)
TestIdempotence 2025-08-19T14:55:15+02:00 command.go:185:       [32m+[0m[0m tags       = {
TestIdempotence 2025-08-19T14:55:15+02:00 command.go:185:           [32m+[0m[0m "Application" = "Palo Alto Networks VM-Series NGFW"
TestIdempotence 2025-08-19T14:55:15+02:00 command.go:185:           [32m+[0m[0m "ManagedBy"   = "terraform"
TestIdempotence 2025-08-19T14:55:15+02:00 command.go:185:           [32m+[0m[0m "Name"        = "trusted-path-monitoring"
TestIdempotence 2025-08-19T14:55:15+02:00 command.go:185:           [32m+[0m[0m "Owner"       = "PS Team"
TestIdempotence 2025-08-19T14:55:15+02:00 command.go:185:         }
TestIdempotence 2025-08-19T14:55:15+02:00 command.go:185:       [32m+[0m[0m tags_all   = {
TestIdempotence 2025-08-19T14:55:15+02:00 command.go:185:           [32m+[0m[0m "Application" = "Palo Alto Networks VM-Series NGFW"
TestIdempotence 2025-08-19T14:55:15+02:00 command.go:185:           [32m+[0m[0m "ManagedBy"   = "terraform"
TestIdempotence 2025-08-19T14:55:15+02:00 command.go:185:           [32m+[0m[0m "Name"        = "trusted-path-monitoring"
TestIdempotence 2025-08-19T14:55:15+02:00 command.go:185:           [32m+[0m[0m "Owner"       = "PS Team"
TestIdempotence 2025-08-19T14:55:15+02:00 command.go:185:         }
TestIdempotence 2025-08-19T14:55:15+02:00 command.go:185:       [32m+[0m[0m vpc_id     = (known after apply)
TestIdempotence 2025-08-19T14:55:15+02:00 command.go:185:     }
TestIdempotence 2025-08-19T14:55:15+02:00 command.go:185: 
TestIdempotence 2025-08-19T14:55:15+02:00 command.go:185: [1m  # module.vpc["security_vpc"].aws_network_acl_rule.this["trusted_path_monitoring.110"][0m will be created
TestIdempotence 2025-08-19T14:55:15+02:00 command.go:185: [0m  [32m+[0m[0m resource "aws_network_acl_rule" "this" {
TestIdempotence 2025-08-19T14:55:15+02:00 command.go:185:       [32m+[0m[0m cidr_block     = "10.100.1.0/24"
TestIdempotence 2025-08-19T14:55:15+02:00 command.go:185:       [32m+[0m[0m egress         = true
TestIdempotence 2025-08-19T14:55:15+02:00 command.go:185:       [32m+[0m[0m id             = (known after apply)
TestIdempotence 2025-08-19T14:55:15+02:00 command.go:185:       [32m+[0m[0m network_acl_id = (known after apply)
TestIdempotence 2025-08-19T14:55:15+02:00 command.go:185:       [32m+[0m[0m protocol       = "icmp"
TestIdempotence 2025-08-19T14:55:15+02:00 command.go:185:       [32m+[0m[0m rule_action    = "deny"
TestIdempotence 2025-08-19T14:55:15+02:00 command.go:185:       [32m+[0m[0m rule_number    = 110
TestIdempotence 2025-08-19T14:55:15+02:00 command.go:185:     }
TestIdempotence 2025-08-19T14:55:15+02:00 command.go:185: 
TestIdempotence 2025-08-19T14:55:15+02:00 command.go:185: [1m  # module.vpc["security_vpc"].aws_network_acl_rule.this["trusted_path_monitoring.120"][0m will be created
TestIdempotence 2025-08-19T14:55:15+02:00 command.go:185: [0m  [32m+[0m[0m resource "aws_network_acl_rule" "this" {
TestIdempotence 2025-08-19T14:55:15+02:00 command.go:185:       [32m+[0m[0m cidr_block     = "10.100.65.0/24"
TestIdempotence 2025-08-19T14:55:15+02:00 command.go:185:       [32m+[0m[0m egress         = true
TestIdempotence 2025-08-19T14:55:15+02:00 command.go:185:       [32m+[0m[0m id             = (known after apply)
TestIdempotence 2025-08-19T14:55:15+02:00 command.go:185:       [32m+[0m[0m network_acl_id = (known after apply)
TestIdempotence 2025-08-19T14:55:15+02:00 command.go:185:       [32m+[0m[0m protocol       = "icmp"
TestIdempotence 2025-08-19T14:55:15+02:00 command.go:185:       [32m+[0m[0m rule_action    = "deny"
TestIdempotence 2025-08-19T14:55:15+02:00 command.go:185:       [32m+[0m[0m rule_number    = 120
TestIdempotence 2025-08-19T14:55:15+02:00 command.go:185:     }
TestIdempotence 2025-08-19T14:55:15+02:00 command.go:185: 
TestIdempotence 2025-08-19T14:55:15+02:00 command.go:185: [1m  # module.vpc["security_vpc"].aws_network_acl_rule.this["trusted_path_monitoring.200"][0m will be created
TestIdempotence 2025-08-19T14:55:15+02:00 command.go:185: [0m  [32m+[0m[0m resource "aws_network_acl_rule" "this" {
TestIdempotence 2025-08-19T14:55:15+02:00 command.go:185:       [32m+[0m[0m cidr_block     = "0.0.0.0/0"
TestIdempotence 2025-08-19T14:55:15+02:00 command.go:185:       [32m+[0m[0m egress         = true
TestIdempotence 2025-08-19T14:55:15+02:00 command.go:185:       [32m+[0m[0m id             = (known after apply)
TestIdempotence 2025-08-19T14:55:15+02:00 command.go:185:       [32m+[0m[0m network_acl_id = (known after apply)
TestIdempotence 2025-08-19T14:55:15+02:00 command.go:185:       [32m+[0m[0m protocol       = "-1"
TestIdempotence 2025-08-19T14:55:15+02:00 command.go:185:       [32m+[0m[0m rule_action    = "allow"
TestIdempotence 2025-08-19T14:55:15+02:00 command.go:185:       [32m+[0m[0m rule_number    = 200
TestIdempotence 2025-08-19T14:55:15+02:00 command.go:185:     }
TestIdempotence 2025-08-19T14:55:15+02:00 command.go:185: 
TestIdempotence 2025-08-19T14:55:15+02:00 command.go:185: [1m  # module.vpc["security_vpc"].aws_network_acl_rule.this["trusted_path_monitoring.300"][0m will be created
TestIdempotence 2025-08-19T14:55:15+02:00 command.go:185: [0m  [32m+[0m[0m resource "aws_network_acl_rule" "this" {
TestIdempotence 2025-08-19T14:55:15+02:00 command.go:185:       [32m+[0m[0m cidr_block     = "0.0.0.0/0"
TestIdempotence 2025-08-19T14:55:15+02:00 command.go:185:       [32m+[0m[0m egress         = false
TestIdempotence 2025-08-19T14:55:15+02:00 command.go:185:       [32m+[0m[0m id             = (known after apply)
TestIdempotence 2025-08-19T14:55:15+02:00 command.go:185:       [32m+[0m[0m network_acl_id = (known after apply)
TestIdempotence 2025-08-19T14:55:15+02:00 command.go:185:       [32m+[0m[0m protocol       = "-1"
TestIdempotence 2025-08-19T14:55:15+02:00 command.go:185:       [32m+[0m[0m rule_action    = "allow"
TestIdempotence 2025-08-19T14:55:15+02:00 command.go:185:       [32m+[0m[0m rule_number    = 300
TestIdempotence 2025-08-19T14:55:15+02:00 command.go:185:     }
TestIdempotence 2025-08-19T14:55:15+02:00 command.go:185: 
TestIdempotence 2025-08-19T14:55:15+02:00 command.go:185: [1m  # module.vpc["security_vpc"].aws_route_table.from_igw[0][0m will be created
TestIdempotence 2025-08-19T14:55:15+02:00 command.go:185: [0m  [32m+[0m[0m resource "aws_route_table" "from_igw" {
TestIdempotence 2025-08-19T14:55:15+02:00 command.go:185:       [32m+[0m[0m arn              = (known after apply)
TestIdempotence 2025-08-19T14:55:15+02:00 command.go:185:       [32m+[0m[0m id               = (known after apply)
TestIdempotence 2025-08-19T14:55:15+02:00 command.go:185:       [32m+[0m[0m owner_id         = (known after apply)
TestIdempotence 2025-08-19T14:55:15+02:00 command.go:185:       [32m+[0m[0m propagating_vgws = (known after apply)
TestIdempotence 2025-08-19T14:55:15+02:00 command.go:185:       [32m+[0m[0m route            = (known after apply)
TestIdempotence 2025-08-19T14:55:15+02:00 command.go:185:       [32m+[0m[0m tags             = {
TestIdempotence 2025-08-19T14:55:15+02:00 command.go:185:           [32m+[0m[0m "Application" = "Palo Alto Networks VM-Series NGFW"
TestIdempotence 2025-08-19T14:55:15+02:00 command.go:185:           [32m+[0m[0m "ManagedBy"   = "terraform"
TestIdempotence 2025-08-19T14:55:15+02:00 command.go:185:           [32m+[0m[0m "Name"        = "tt-4ff3-security-vpc-igw"
TestIdempotence 2025-08-19T14:55:15+02:00 command.go:185:           [32m+[0m[0m "Owner"       = "PS Team"
TestIdempotence 2025-08-19T14:55:15+02:00 command.go:185:         }
TestIdempotence 2025-08-19T14:55:15+02:00 command.go:185:       [32m+[0m[0m tags_all         = {
TestIdempotence 2025-08-19T14:55:15+02:00 command.go:185:           [32m+[0m[0m "Application" = "Palo Alto Networks VM-Series NGFW"
TestIdempotence 2025-08-19T14:55:15+02:00 command.go:185:           [32m+[0m[0m "ManagedBy"   = "terraform"
TestIdempotence 2025-08-19T14:55:15+02:00 command.go:185:           [32m+[0m[0m "Name"        = "tt-4ff3-security-vpc-igw"
TestIdempotence 2025-08-19T14:55:15+02:00 command.go:185:           [32m+[0m[0m "Owner"       = "PS Team"
TestIdempotence 2025-08-19T14:55:15+02:00 command.go:185:         }
TestIdempotence 2025-08-19T14:55:15+02:00 command.go:185:       [32m+[0m[0m vpc_id           = (known after apply)
TestIdempotence 2025-08-19T14:55:15+02:00 command.go:185:     }
TestIdempotence 2025-08-19T14:55:15+02:00 command.go:185: 
TestIdempotence 2025-08-19T14:55:15+02:00 command.go:185: [1m  # module.vpc["security_vpc"].aws_route_table_association.from_igw[0][0m will be created
TestIdempotence 2025-08-19T14:55:15+02:00 command.go:185: [0m  [32m+[0m[0m resource "aws_route_table_association" "from_igw" {
TestIdempotence 2025-08-19T14:55:15+02:00 command.go:185:       [32m+[0m[0m gateway_id     = (known after apply)
TestIdempotence 2025-08-19T14:55:15+02:00 command.go:185:       [32m+[0m[0m id             = (known after apply)
TestIdempotence 2025-08-19T14:55:15+02:00 command.go:185:       [32m+[0m[0m route_table_id = (known after apply)
TestIdempotence 2025-08-19T14:55:15+02:00 command.go:185:     }
TestIdempotence 2025-08-19T14:55:15+02:00 command.go:185: 
TestIdempotence 2025-08-19T14:55:15+02:00 command.go:185: [1m  # module.vpc["security_vpc"].aws_security_group.this["application_load_balancer"][0m will be created
TestIdempotence 2025-08-19T14:55:15+02:00 command.go:185: [0m  [32m+[0m[0m resource "aws_security_group" "this" {
TestIdempotence 2025-08-19T14:55:15+02:00 command.go:185:       [32m+[0m[0m arn                    = (known after apply)
TestIdempotence 2025-08-19T14:55:15+02:00 command.go:185:       [32m+[0m[0m description            = "Security group managed by Terraform"
TestIdempotence 2025-08-19T14:55:15+02:00 command.go:185:       [32m+[0m[0m egress                 = [
TestIdempotence 2025-08-19T14:55:15+02:00 command.go:185:           [32m+[0m[0m {
TestIdempotence 2025-08-19T14:55:15+02:00 command.go:185:               [32m+[0m[0m cidr_blocks      = [
TestIdempotence 2025-08-19T14:55:15+02:00 command.go:185:                   [32m+[0m[0m "0.0.0.0/0",
TestIdempotence 2025-08-19T14:55:15+02:00 command.go:185:                 ]
TestIdempotence 2025-08-19T14:55:15+02:00 command.go:185:               [32m+[0m[0m description      = "Permit All traffic outbound"
TestIdempotence 2025-08-19T14:55:15+02:00 command.go:185:               [32m+[0m[0m from_port        = 0
TestIdempotence 2025-08-19T14:55:15+02:00 command.go:185:               [32m+[0m[0m ipv6_cidr_blocks = []
TestIdempotence 2025-08-19T14:55:15+02:00 command.go:185:               [32m+[0m[0m prefix_list_ids  = []
TestIdempotence 2025-08-19T14:55:15+02:00 command.go:185:               [32m+[0m[0m protocol         = "-1"
TestIdempotence 2025-08-19T14:55:15+02:00 command.go:185:               [32m+[0m[0m security_groups  = []
TestIdempotence 2025-08-19T14:55:15+02:00 command.go:185:               [32m+[0m[0m self             = false
TestIdempotence 2025-08-19T14:55:15+02:00 command.go:185:               [32m+[0m[0m to_port          = 0
TestIdempotence 2025-08-19T14:55:15+02:00 command.go:185:             },
TestIdempotence 2025-08-19T14:55:15+02:00 command.go:185:         ]
TestIdempotence 2025-08-19T14:55:15+02:00 command.go:185:       [32m+[0m[0m id                     = (known after apply)
TestIdempotence 2025-08-19T14:55:15+02:00 command.go:185:       [32m+[0m[0m ingress                = [
TestIdempotence 2025-08-19T14:55:15+02:00 command.go:185:           [32m+[0m[0m {
TestIdempotence 2025-08-19T14:55:15+02:00 command.go:185:               [32m+[0m[0m cidr_blocks      = [
TestIdempotence 2025-08-19T14:55:15+02:00 command.go:185:                   [32m+[0m[0m "1.1.1.1/32",
TestIdempotence 2025-08-19T14:55:15+02:00 command.go:185:                 ]
TestIdempotence 2025-08-19T14:55:15+02:00 command.go:185:               [32m+[0m[0m description      = "Permit incoming APP1 traffic"
TestIdempotence 2025-08-19T14:55:15+02:00 command.go:185:               [32m+[0m[0m from_port        = 8081
TestIdempotence 2025-08-19T14:55:15+02:00 command.go:185:               [32m+[0m[0m ipv6_cidr_blocks = []
TestIdempotence 2025-08-19T14:55:15+02:00 command.go:185:               [32m+[0m[0m prefix_list_ids  = []
TestIdempotence 2025-08-19T14:55:15+02:00 command.go:185:               [32m+[0m[0m protocol         = "tcp"
TestIdempotence 2025-08-19T14:55:15+02:00 command.go:185:               [32m+[0m[0m security_groups  = []
TestIdempotence 2025-08-19T14:55:15+02:00 command.go:185:               [32m+[0m[0m self             = false
TestIdempotence 2025-08-19T14:55:15+02:00 command.go:185:               [32m+[0m[0m to_port          = 8081
TestIdempotence 2025-08-19T14:55:15+02:00 command.go:185:             },
TestIdempotence 2025-08-19T14:55:15+02:00 command.go:185:           [32m+[0m[0m {
TestIdempotence 2025-08-19T14:55:15+02:00 command.go:185:               [32m+[0m[0m cidr_blocks      = [
TestIdempotence 2025-08-19T14:55:15+02:00 command.go:185:                   [32m+[0m[0m "1.1.1.1/32",
TestIdempotence 2025-08-19T14:55:15+02:00 command.go:185:                 ]
TestIdempotence 2025-08-19T14:55:15+02:00 command.go:185:               [32m+[0m[0m description      = "Permit incoming APP2 traffic"
TestIdempotence 2025-08-19T14:55:15+02:00 command.go:185:               [32m+[0m[0m from_port        = 8082
TestIdempotence 2025-08-19T14:55:15+02:00 command.go:185:               [32m+[0m[0m ipv6_cidr_blocks = []
TestIdempotence 2025-08-19T14:55:15+02:00 command.go:185:               [32m+[0m[0m prefix_list_ids  = []
TestIdempotence 2025-08-19T14:55:15+02:00 command.go:185:               [32m+[0m[0m protocol         = "tcp"
TestIdempotence 2025-08-19T14:55:15+02:00 command.go:185:               [32m+[0m[0m security_groups  = []
TestIdempotence 2025-08-19T14:55:15+02:00 command.go:185:               [32m+[0m[0m self             = false
TestIdempotence 2025-08-19T14:55:15+02:00 command.go:185:               [32m+[0m[0m to_port          = 8082
TestIdempotence 2025-08-19T14:55:15+02:00 command.go:185:             },
TestIdempotence 2025-08-19T14:55:15+02:00 command.go:185:         ]
TestIdempotence 2025-08-19T14:55:15+02:00 command.go:185:       [32m+[0m[0m name                   = "alb"
TestIdempotence 2025-08-19T14:55:15+02:00 command.go:185:       [32m+[0m[0m name_prefix            = (known after apply)
TestIdempotence 2025-08-19T14:55:15+02:00 command.go:185:       [32m+[0m[0m owner_id               = (known after apply)
TestIdempotence 2025-08-19T14:55:15+02:00 command.go:185:       [32m+[0m[0m revoke_rules_on_delete = false
TestIdempotence 2025-08-19T14:55:15+02:00 command.go:185:       [32m+[0m[0m tags                   = {
TestIdempotence 2025-08-19T14:55:15+02:00 command.go:185:           [32m+[0m[0m "Application" = "Palo Alto Networks VM-Series NGFW"
TestIdempotence 2025-08-19T14:55:15+02:00 command.go:185:           [32m+[0m[0m "ManagedBy"   = "terraform"
TestIdempotence 2025-08-19T14:55:15+02:00 command.go:185:           [32m+[0m[0m "Name"        = "alb"
TestIdempotence 2025-08-19T14:55:15+02:00 command.go:185:           [32m+[0m[0m "Owner"       = "PS Team"
TestIdempotence 2025-08-19T14:55:15+02:00 command.go:185:         }
TestIdempotence 2025-08-19T14:55:15+02:00 command.go:185:       [32m+[0m[0m tags_all               = {
TestIdempotence 2025-08-19T14:55:15+02:00 command.go:185:           [32m+[0m[0m "Application" = "Palo Alto Networks VM-Series NGFW"
TestIdempotence 2025-08-19T14:55:15+02:00 command.go:185:           [32m+[0m[0m "ManagedBy"   = "terraform"
TestIdempotence 2025-08-19T14:55:15+02:00 command.go:185:           [32m+[0m[0m "Name"        = "alb"
TestIdempotence 2025-08-19T14:55:15+02:00 command.go:185:           [32m+[0m[0m "Owner"       = "PS Team"
TestIdempotence 2025-08-19T14:55:15+02:00 command.go:185:         }
TestIdempotence 2025-08-19T14:55:15+02:00 command.go:185:       [32m+[0m[0m vpc_id                 = (known after apply)
TestIdempotence 2025-08-19T14:55:15+02:00 command.go:185:     }
TestIdempotence 2025-08-19T14:55:15+02:00 command.go:185: 
TestIdempotence 2025-08-19T14:55:15+02:00 command.go:185: [1m  # module.vpc["security_vpc"].aws_security_group.this["vmseries_mgmt"][0m will be created
TestIdempotence 2025-08-19T14:55:15+02:00 command.go:185: [0m  [32m+[0m[0m resource "aws_security_group" "this" {
TestIdempotence 2025-08-19T14:55:15+02:00 command.go:185:       [32m+[0m[0m arn                    = (known after apply)
TestIdempotence 2025-08-19T14:55:15+02:00 command.go:185:       [32m+[0m[0m description            = "Security group managed by Terraform"
TestIdempotence 2025-08-19T14:55:15+02:00 command.go:185:       [32m+[0m[0m egress                 = [
TestIdempotence 2025-08-19T14:55:15+02:00 command.go:185:           [32m+[0m[0m {
TestIdempotence 2025-08-19T14:55:15+02:00 command.go:185:               [32m+[0m[0m cidr_blocks      = [
TestIdempotence 2025-08-19T14:55:15+02:00 command.go:185:                   [32m+[0m[0m "0.0.0.0/0",
TestIdempotence 2025-08-19T14:55:15+02:00 command.go:185:                 ]
TestIdempotence 2025-08-19T14:55:15+02:00 command.go:185:               [32m+[0m[0m description      = "Permit All traffic outbound"
TestIdempotence 2025-08-19T14:55:15+02:00 command.go:185:               [32m+[0m[0m from_port        = 0
TestIdempotence 2025-08-19T14:55:15+02:00 command.go:185:               [32m+[0m[0m ipv6_cidr_blocks = []
TestIdempotence 2025-08-19T14:55:15+02:00 command.go:185:               [32m+[0m[0m prefix_list_ids  = []
TestIdempotence 2025-08-19T14:55:15+02:00 command.go:185:               [32m+[0m[0m protocol         = "-1"
TestIdempotence 2025-08-19T14:55:15+02:00 command.go:185:               [32m+[0m[0m security_groups  = []
TestIdempotence 2025-08-19T14:55:15+02:00 command.go:185:               [32m+[0m[0m self             = false
TestIdempotence 2025-08-19T14:55:15+02:00 command.go:185:               [32m+[0m[0m to_port          = 0
TestIdempotence 2025-08-19T14:55:15+02:00 command.go:185:             },
TestIdempotence 2025-08-19T14:55:15+02:00 command.go:185:         ]
TestIdempotence 2025-08-19T14:55:15+02:00 command.go:185:       [32m+[0m[0m id                     = (known after apply)
TestIdempotence 2025-08-19T14:55:15+02:00 command.go:185:       [32m+[0m[0m ingress                = [
TestIdempotence 2025-08-19T14:55:15+02:00 command.go:185:           [32m+[0m[0m {
TestIdempotence 2025-08-19T14:55:15+02:00 command.go:185:               [32m+[0m[0m cidr_blocks      = [
TestIdempotence 2025-08-19T14:55:15+02:00 command.go:185:                   [32m+[0m[0m "10.0.0.0/8",
TestIdempotence 2025-08-19T14:55:15+02:00 command.go:185:                 ]
TestIdempotence 2025-08-19T14:55:15+02:00 command.go:185:               [32m+[0m[0m description      = "Permit Panorama SSH (Optional)"
TestIdempotence 2025-08-19T14:55:15+02:00 command.go:185:               [32m+[0m[0m from_port        = 22
TestIdempotence 2025-08-19T14:55:15+02:00 command.go:185:               [32m+[0m[0m ipv6_cidr_blocks = []
TestIdempotence 2025-08-19T14:55:15+02:00 command.go:185:               [32m+[0m[0m prefix_list_ids  = []
TestIdempotence 2025-08-19T14:55:15+02:00 command.go:185:               [32m+[0m[0m protocol         = "tcp"
TestIdempotence 2025-08-19T14:55:15+02:00 command.go:185:               [32m+[0m[0m security_groups  = []
TestIdempotence 2025-08-19T14:55:15+02:00 command.go:185:               [32m+[0m[0m self             = false
TestIdempotence 2025-08-19T14:55:15+02:00 command.go:185:               [32m+[0m[0m to_port          = 22
TestIdempotence 2025-08-19T14:55:15+02:00 command.go:185:             },
TestIdempotence 2025-08-19T14:55:15+02:00 command.go:185:         ]
TestIdempotence 2025-08-19T14:55:15+02:00 command.go:185:       [32m+[0m[0m name                   = "vmseries_mgmt"
TestIdempotence 2025-08-19T14:55:15+02:00 command.go:185:       [32m+[0m[0m name_prefix            = (known after apply)
TestIdempotence 2025-08-19T14:55:15+02:00 command.go:185:       [32m+[0m[0m owner_id               = (known after apply)
TestIdempotence 2025-08-19T14:55:15+02:00 command.go:185:       [32m+[0m[0m revoke_rules_on_delete = false
TestIdempotence 2025-08-19T14:55:15+02:00 command.go:185:       [32m+[0m[0m tags                   = {
TestIdempotence 2025-08-19T14:55:15+02:00 command.go:185:           [32m+[0m[0m "Application" = "Palo Alto Networks VM-Series NGFW"
TestIdempotence 2025-08-19T14:55:15+02:00 command.go:185:           [32m+[0m[0m "ManagedBy"   = "terraform"
TestIdempotence 2025-08-19T14:55:15+02:00 command.go:185:           [32m+[0m[0m "Name"        = "vmseries_mgmt"
TestIdempotence 2025-08-19T14:55:15+02:00 command.go:185:           [32m+[0m[0m "Owner"       = "PS Team"
TestIdempotence 2025-08-19T14:55:15+02:00 command.go:185:         }
TestIdempotence 2025-08-19T14:55:15+02:00 command.go:185:       [32m+[0m[0m tags_all               = {
TestIdempotence 2025-08-19T14:55:15+02:00 command.go:185:           [32m+[0m[0m "Application" = "Palo Alto Networks VM-Series NGFW"
TestIdempotence 2025-08-19T14:55:15+02:00 command.go:185:           [32m+[0m[0m "ManagedBy"   = "terraform"
TestIdempotence 2025-08-19T14:55:15+02:00 command.go:185:           [32m+[0m[0m "Name"        = "vmseries_mgmt"
TestIdempotence 2025-08-19T14:55:15+02:00 command.go:185:           [32m+[0m[0m "Owner"       = "PS Team"
TestIdempotence 2025-08-19T14:55:15+02:00 command.go:185:         }
TestIdempotence 2025-08-19T14:55:15+02:00 command.go:185:       [32m+[0m[0m vpc_id                 = (known after apply)
TestIdempotence 2025-08-19T14:55:15+02:00 command.go:185:     }
TestIdempotence 2025-08-19T14:55:15+02:00 command.go:185: 
TestIdempotence 2025-08-19T14:55:15+02:00 command.go:185: [1m  # module.vpc["security_vpc"].aws_security_group.this["vmseries_private"][0m will be created
TestIdempotence 2025-08-19T14:55:15+02:00 command.go:185: [0m  [32m+[0m[0m resource "aws_security_group" "this" {
TestIdempotence 2025-08-19T14:55:15+02:00 command.go:185:       [32m+[0m[0m arn                    = (known after apply)
TestIdempotence 2025-08-19T14:55:15+02:00 command.go:185:       [32m+[0m[0m description            = "Security group managed by Terraform"
TestIdempotence 2025-08-19T14:55:15+02:00 command.go:185:       [32m+[0m[0m egress                 = [
TestIdempotence 2025-08-19T14:55:15+02:00 command.go:185:           [32m+[0m[0m {
TestIdempotence 2025-08-19T14:55:15+02:00 command.go:185:               [32m+[0m[0m cidr_blocks      = [
TestIdempotence 2025-08-19T14:55:15+02:00 command.go:185:                   [32m+[0m[0m "0.0.0.0/0",
TestIdempotence 2025-08-19T14:55:15+02:00 command.go:185:                 ]
TestIdempotence 2025-08-19T14:55:15+02:00 command.go:185:               [32m+[0m[0m description      = "Permit All traffic outbound"
TestIdempotence 2025-08-19T14:55:15+02:00 command.go:185:               [32m+[0m[0m from_port        = 0
TestIdempotence 2025-08-19T14:55:15+02:00 command.go:185:               [32m+[0m[0m ipv6_cidr_blocks = []
TestIdempotence 2025-08-19T14:55:15+02:00 command.go:185:               [32m+[0m[0m prefix_list_ids  = []
TestIdempotence 2025-08-19T14:55:15+02:00 command.go:185:               [32m+[0m[0m protocol         = "-1"
TestIdempotence 2025-08-19T14:55:15+02:00 command.go:185:               [32m+[0m[0m security_groups  = []
TestIdempotence 2025-08-19T14:55:15+02:00 command.go:185:               [32m+[0m[0m self             = false
TestIdempotence 2025-08-19T14:55:15+02:00 command.go:185:               [32m+[0m[0m to_port          = 0
TestIdempotence 2025-08-19T14:55:15+02:00 command.go:185:             },
TestIdempotence 2025-08-19T14:55:15+02:00 command.go:185:         ]
TestIdempotence 2025-08-19T14:55:15+02:00 command.go:185:       [32m+[0m[0m id                     = (known after apply)
TestIdempotence 2025-08-19T14:55:15+02:00 command.go:185:       [32m+[0m[0m ingress                = [
TestIdempotence 2025-08-19T14:55:15+02:00 command.go:185:           [32m+[0m[0m {
TestIdempotence 2025-08-19T14:55:15+02:00 command.go:185:               [32m+[0m[0m cidr_blocks      = [
TestIdempotence 2025-08-19T14:55:15+02:00 command.go:185:                   [32m+[0m[0m "10.100.5.0/24",
TestIdempotence 2025-08-19T14:55:15+02:00 command.go:185:                   [32m+[0m[0m "10.100.69.0/24",
TestIdempotence 2025-08-19T14:55:15+02:00 command.go:185:                 ]
TestIdempotence 2025-08-19T14:55:15+02:00 command.go:185:               [32m+[0m[0m description      = "Permit GENEVE to GWLB subnets"
TestIdempotence 2025-08-19T14:55:15+02:00 command.go:185:               [32m+[0m[0m from_port        = 6081
TestIdempotence 2025-08-19T14:55:15+02:00 command.go:185:               [32m+[0m[0m ipv6_cidr_blocks = []
TestIdempotence 2025-08-19T14:55:15+02:00 command.go:185:               [32m+[0m[0m prefix_list_ids  = []
TestIdempotence 2025-08-19T14:55:15+02:00 command.go:185:               [32m+[0m[0m protocol         = "udp"
TestIdempotence 2025-08-19T14:55:15+02:00 command.go:185:               [32m+[0m[0m security_groups  = []
TestIdempotence 2025-08-19T14:55:15+02:00 command.go:185:               [32m+[0m[0m self             = false
TestIdempotence 2025-08-19T14:55:15+02:00 command.go:185:               [32m+[0m[0m to_port          = 6081
TestIdempotence 2025-08-19T14:55:15+02:00 command.go:185:             },
TestIdempotence 2025-08-19T14:55:15+02:00 command.go:185:           [32m+[0m[0m {
TestIdempotence 2025-08-19T14:55:15+02:00 command.go:185:               [32m+[0m[0m cidr_blocks      = [
TestIdempotence 2025-08-19T14:55:15+02:00 command.go:185:                   [32m+[0m[0m "10.100.5.0/24",
TestIdempotence 2025-08-19T14:55:15+02:00 command.go:185:                   [32m+[0m[0m "10.100.69.0/24",
TestIdempotence 2025-08-19T14:55:15+02:00 command.go:185:                 ]
TestIdempotence 2025-08-19T14:55:15+02:00 command.go:185:               [32m+[0m[0m description      = "Permit Port 80 Health Probe to GWLB subnets"
TestIdempotence 2025-08-19T14:55:15+02:00 command.go:185:               [32m+[0m[0m from_port        = 80
TestIdempotence 2025-08-19T14:55:15+02:00 command.go:185:               [32m+[0m[0m ipv6_cidr_blocks = []
TestIdempotence 2025-08-19T14:55:15+02:00 command.go:185:               [32m+[0m[0m prefix_list_ids  = []
TestIdempotence 2025-08-19T14:55:15+02:00 command.go:185:               [32m+[0m[0m protocol         = "tcp"
TestIdempotence 2025-08-19T14:55:15+02:00 command.go:185:               [32m+[0m[0m security_groups  = []
TestIdempotence 2025-08-19T14:55:15+02:00 command.go:185:               [32m+[0m[0m self             = false
TestIdempotence 2025-08-19T14:55:15+02:00 command.go:185:               [32m+[0m[0m to_port          = 80
TestIdempotence 2025-08-19T14:55:15+02:00 command.go:185:             },
TestIdempotence 2025-08-19T14:55:15+02:00 command.go:185:         ]
TestIdempotence 2025-08-19T14:55:15+02:00 command.go:185:       [32m+[0m[0m name                   = "vmseries_private"
TestIdempotence 2025-08-19T14:55:15+02:00 command.go:185:       [32m+[0m[0m name_prefix            = (known after apply)
TestIdempotence 2025-08-19T14:55:15+02:00 command.go:185:       [32m+[0m[0m owner_id               = (known after apply)
TestIdempotence 2025-08-19T14:55:15+02:00 command.go:185:       [32m+[0m[0m revoke_rules_on_delete = false
TestIdempotence 2025-08-19T14:55:15+02:00 command.go:185:       [32m+[0m[0m tags                   = {
TestIdempotence 2025-08-19T14:55:15+02:00 command.go:185:           [32m+[0m[0m "Application" = "Palo Alto Networks VM-Series NGFW"
TestIdempotence 2025-08-19T14:55:15+02:00 command.go:185:           [32m+[0m[0m "ManagedBy"   = "terraform"
TestIdempotence 2025-08-19T14:55:15+02:00 command.go:185:           [32m+[0m[0m "Name"        = "vmseries_private"
TestIdempotence 2025-08-19T14:55:15+02:00 command.go:185:           [32m+[0m[0m "Owner"       = "PS Team"
TestIdempotence 2025-08-19T14:55:15+02:00 command.go:185:         }
TestIdempotence 2025-08-19T14:55:15+02:00 command.go:185:       [32m+[0m[0m tags_all               = {
TestIdempotence 2025-08-19T14:55:15+02:00 command.go:185:           [32m+[0m[0m "Application" = "Palo Alto Networks VM-Series NGFW"
TestIdempotence 2025-08-19T14:55:15+02:00 command.go:185:           [32m+[0m[0m "ManagedBy"   = "terraform"
TestIdempotence 2025-08-19T14:55:15+02:00 command.go:185:           [32m+[0m[0m "Name"        = "vmseries_private"
TestIdempotence 2025-08-19T14:55:15+02:00 command.go:185:           [32m+[0m[0m "Owner"       = "PS Team"
TestIdempotence 2025-08-19T14:55:15+02:00 command.go:185:         }
TestIdempotence 2025-08-19T14:55:15+02:00 command.go:185:       [32m+[0m[0m vpc_id                 = (known after apply)
TestIdempotence 2025-08-19T14:55:15+02:00 command.go:185:     }
TestIdempotence 2025-08-19T14:55:15+02:00 command.go:185: 
TestIdempotence 2025-08-19T14:55:15+02:00 command.go:185: [1m  # module.vpc["security_vpc"].aws_security_group.this["vmseries_public"][0m will be created
TestIdempotence 2025-08-19T14:55:15+02:00 command.go:185: [0m  [32m+[0m[0m resource "aws_security_group" "this" {
TestIdempotence 2025-08-19T14:55:15+02:00 command.go:185:       [32m+[0m[0m arn                    = (known after apply)
TestIdempotence 2025-08-19T14:55:15+02:00 command.go:185:       [32m+[0m[0m description            = "Security group managed by Terraform"
TestIdempotence 2025-08-19T14:55:15+02:00 command.go:185:       [32m+[0m[0m egress                 = [
TestIdempotence 2025-08-19T14:55:15+02:00 command.go:185:           [32m+[0m[0m {
TestIdempotence 2025-08-19T14:55:15+02:00 command.go:185:               [32m+[0m[0m cidr_blocks      = [
TestIdempotence 2025-08-19T14:55:15+02:00 command.go:185:                   [32m+[0m[0m "0.0.0.0/0",
TestIdempotence 2025-08-19T14:55:15+02:00 command.go:185:                 ]
TestIdempotence 2025-08-19T14:55:15+02:00 command.go:185:               [32m+[0m[0m description      = "Permit All traffic outbound"
TestIdempotence 2025-08-19T14:55:15+02:00 command.go:185:               [32m+[0m[0m from_port        = 0
TestIdempotence 2025-08-19T14:55:15+02:00 command.go:185:               [32m+[0m[0m ipv6_cidr_blocks = []
TestIdempotence 2025-08-19T14:55:15+02:00 command.go:185:               [32m+[0m[0m prefix_list_ids  = []
TestIdempotence 2025-08-19T14:55:15+02:00 command.go:185:               [32m+[0m[0m protocol         = "-1"
TestIdempotence 2025-08-19T14:55:15+02:00 command.go:185:               [32m+[0m[0m security_groups  = []
TestIdempotence 2025-08-19T14:55:15+02:00 command.go:185:               [32m+[0m[0m self             = false
TestIdempotence 2025-08-19T14:55:15+02:00 command.go:185:               [32m+[0m[0m to_port          = 0
TestIdempotence 2025-08-19T14:55:15+02:00 command.go:185:             },
TestIdempotence 2025-08-19T14:55:15+02:00 command.go:185:         ]
TestIdempotence 2025-08-19T14:55:15+02:00 command.go:185:       [32m+[0m[0m id                     = (known after apply)
TestIdempotence 2025-08-19T14:55:15+02:00 command.go:185:       [32m+[0m[0m ingress                = [
TestIdempotence 2025-08-19T14:55:15+02:00 command.go:185:           [32m+[0m[0m {
TestIdempotence 2025-08-19T14:55:15+02:00 command.go:185:               [32m+[0m[0m cidr_blocks      = [
TestIdempotence 2025-08-19T14:55:15+02:00 command.go:185:                   [32m+[0m[0m "1.1.1.1/32",
TestIdempotence 2025-08-19T14:55:15+02:00 command.go:185:                   [32m+[0m[0m "10.104.0.0/16",
TestIdempotence 2025-08-19T14:55:15+02:00 command.go:185:                   [32m+[0m[0m "10.105.0.0/16",
TestIdempotence 2025-08-19T14:55:15+02:00 command.go:185:                 ]
TestIdempotence 2025-08-19T14:55:15+02:00 command.go:185:               [32m+[0m[0m description      = "Permit HTTP"
TestIdempotence 2025-08-19T14:55:15+02:00 command.go:185:               [32m+[0m[0m from_port        = 80
TestIdempotence 2025-08-19T14:55:15+02:00 command.go:185:               [32m+[0m[0m ipv6_cidr_blocks = []
TestIdempotence 2025-08-19T14:55:15+02:00 command.go:185:               [32m+[0m[0m prefix_list_ids  = []
TestIdempotence 2025-08-19T14:55:15+02:00 command.go:185:               [32m+[0m[0m protocol         = "tcp"
TestIdempotence 2025-08-19T14:55:15+02:00 command.go:185:               [32m+[0m[0m security_groups  = []
TestIdempotence 2025-08-19T14:55:15+02:00 command.go:185:               [32m+[0m[0m self             = false
TestIdempotence 2025-08-19T14:55:15+02:00 command.go:185:               [32m+[0m[0m to_port          = 80
TestIdempotence 2025-08-19T14:55:15+02:00 command.go:185:             },
TestIdempotence 2025-08-19T14:55:15+02:00 command.go:185:           [32m+[0m[0m {
TestIdempotence 2025-08-19T14:55:15+02:00 command.go:185:               [32m+[0m[0m cidr_blocks      = [
TestIdempotence 2025-08-19T14:55:15+02:00 command.go:185:                   [32m+[0m[0m "1.1.1.1/32",
TestIdempotence 2025-08-19T14:55:15+02:00 command.go:185:                   [32m+[0m[0m "10.104.0.0/16",
TestIdempotence 2025-08-19T14:55:15+02:00 command.go:185:                   [32m+[0m[0m "10.105.0.0/16",
TestIdempotence 2025-08-19T14:55:15+02:00 command.go:185:                 ]
TestIdempotence 2025-08-19T14:55:15+02:00 command.go:185:               [32m+[0m[0m description      = "Permit HTTPS"
TestIdempotence 2025-08-19T14:55:15+02:00 command.go:185:               [32m+[0m[0m from_port        = 443
TestIdempotence 2025-08-19T14:55:15+02:00 command.go:185:               [32m+[0m[0m ipv6_cidr_blocks = []
TestIdempotence 2025-08-19T14:55:15+02:00 command.go:185:               [32m+[0m[0m prefix_list_ids  = []
TestIdempotence 2025-08-19T14:55:15+02:00 command.go:185:               [32m+[0m[0m protocol         = "tcp"
TestIdempotence 2025-08-19T14:55:15+02:00 command.go:185:               [32m+[0m[0m security_groups  = []
TestIdempotence 2025-08-19T14:55:15+02:00 command.go:185:               [32m+[0m[0m self             = false
TestIdempotence 2025-08-19T14:55:15+02:00 command.go:185:               [32m+[0m[0m to_port          = 443
TestIdempotence 2025-08-19T14:55:15+02:00 command.go:185:             },
TestIdempotence 2025-08-19T14:55:15+02:00 command.go:185:           [32m+[0m[0m {
TestIdempotence 2025-08-19T14:55:15+02:00 command.go:185:               [32m+[0m[0m cidr_blocks      = [
TestIdempotence 2025-08-19T14:55:15+02:00 command.go:185:                   [32m+[0m[0m "1.1.1.1/32",
TestIdempotence 2025-08-19T14:55:15+02:00 command.go:185:                   [32m+[0m[0m "10.104.0.0/16",
TestIdempotence 2025-08-19T14:55:15+02:00 command.go:185:                   [32m+[0m[0m "10.105.0.0/16",
TestIdempotence 2025-08-19T14:55:15+02:00 command.go:185:                 ]
TestIdempotence 2025-08-19T14:55:15+02:00 command.go:185:               [32m+[0m[0m description      = "Permit SSH"
TestIdempotence 2025-08-19T14:55:15+02:00 command.go:185:               [32m+[0m[0m from_port        = 22
TestIdempotence 2025-08-19T14:55:15+02:00 command.go:185:               [32m+[0m[0m ipv6_cidr_blocks = []
TestIdempotence 2025-08-19T14:55:15+02:00 command.go:185:               [32m+[0m[0m prefix_list_ids  = []
TestIdempotence 2025-08-19T14:55:15+02:00 command.go:185:               [32m+[0m[0m protocol         = "tcp"
TestIdempotence 2025-08-19T14:55:15+02:00 command.go:185:               [32m+[0m[0m security_groups  = []
TestIdempotence 2025-08-19T14:55:15+02:00 command.go:185:               [32m+[0m[0m self             = false
TestIdempotence 2025-08-19T14:55:15+02:00 command.go:185:               [32m+[0m[0m to_port          = 22
TestIdempotence 2025-08-19T14:55:15+02:00 command.go:185:             },
TestIdempotence 2025-08-19T14:55:15+02:00 command.go:185:           [32m+[0m[0m {
TestIdempotence 2025-08-19T14:55:15+02:00 command.go:185:               [32m+[0m[0m cidr_blocks      = [
TestIdempotence 2025-08-19T14:55:15+02:00 command.go:185:                   [32m+[0m[0m "10.100.6.0/24",
TestIdempotence 2025-08-19T14:55:15+02:00 command.go:185:                   [32m+[0m[0m "10.100.70.0/24",
TestIdempotence 2025-08-19T14:55:15+02:00 command.go:185:                 ]
TestIdempotence 2025-08-19T14:55:15+02:00 command.go:185:               [32m+[0m[0m description      = "Permit Port 8081 Health Probe to ALB"
TestIdempotence 2025-08-19T14:55:15+02:00 command.go:185:               [32m+[0m[0m from_port        = 8081
TestIdempotence 2025-08-19T14:55:15+02:00 command.go:185:               [32m+[0m[0m ipv6_cidr_blocks = []
TestIdempotence 2025-08-19T14:55:15+02:00 command.go:185:               [32m+[0m[0m prefix_list_ids  = []
TestIdempotence 2025-08-19T14:55:15+02:00 command.go:185:               [32m+[0m[0m protocol         = "tcp"
TestIdempotence 2025-08-19T14:55:15+02:00 command.go:185:               [32m+[0m[0m security_groups  = []
TestIdempotence 2025-08-19T14:55:15+02:00 command.go:185:               [32m+[0m[0m self             = false
TestIdempotence 2025-08-19T14:55:15+02:00 command.go:185:               [32m+[0m[0m to_port          = 8081
TestIdempotence 2025-08-19T14:55:15+02:00 command.go:185:             },
TestIdempotence 2025-08-19T14:55:15+02:00 command.go:185:           [32m+[0m[0m {
TestIdempotence 2025-08-19T14:55:15+02:00 command.go:185:               [32m+[0m[0m cidr_blocks      = [
TestIdempotence 2025-08-19T14:55:15+02:00 command.go:185:                   [32m+[0m[0m "10.100.6.0/24",
TestIdempotence 2025-08-19T14:55:15+02:00 command.go:185:                   [32m+[0m[0m "10.100.70.0/24",
TestIdempotence 2025-08-19T14:55:15+02:00 command.go:185:                 ]
TestIdempotence 2025-08-19T14:55:15+02:00 command.go:185:               [32m+[0m[0m description      = "Permit Port 8082 Health Probe to ALB"
TestIdempotence 2025-08-19T14:55:15+02:00 command.go:185:               [32m+[0m[0m from_port        = 8082
TestIdempotence 2025-08-19T14:55:15+02:00 command.go:185:               [32m+[0m[0m ipv6_cidr_blocks = []
TestIdempotence 2025-08-19T14:55:15+02:00 command.go:185:               [32m+[0m[0m prefix_list_ids  = []
TestIdempotence 2025-08-19T14:55:15+02:00 command.go:185:               [32m+[0m[0m protocol         = "tcp"
TestIdempotence 2025-08-19T14:55:15+02:00 command.go:185:               [32m+[0m[0m security_groups  = []
TestIdempotence 2025-08-19T14:55:15+02:00 command.go:185:               [32m+[0m[0m self             = false
TestIdempotence 2025-08-19T14:55:15+02:00 command.go:185:               [32m+[0m[0m to_port          = 8082
TestIdempotence 2025-08-19T14:55:15+02:00 command.go:185:             },
TestIdempotence 2025-08-19T14:55:15+02:00 command.go:185:           [32m+[0m[0m {
TestIdempotence 2025-08-19T14:55:15+02:00 command.go:185:               [32m+[0m[0m cidr_blocks      = [
TestIdempotence 2025-08-19T14:55:15+02:00 command.go:185:                   [32m+[0m[0m "10.100.7.0/24",
TestIdempotence 2025-08-19T14:55:15+02:00 command.go:185:                   [32m+[0m[0m "10.100.71.0/24",
TestIdempotence 2025-08-19T14:55:15+02:00 command.go:185:                 ]
TestIdempotence 2025-08-19T14:55:15+02:00 command.go:185:               [32m+[0m[0m description      = "Permit Port 2021 Health Probe to NLB"
TestIdempotence 2025-08-19T14:55:15+02:00 command.go:185:               [32m+[0m[0m from_port        = 2021
TestIdempotence 2025-08-19T14:55:15+02:00 command.go:185:               [32m+[0m[0m ipv6_cidr_blocks = []
TestIdempotence 2025-08-19T14:55:15+02:00 command.go:185:               [32m+[0m[0m prefix_list_ids  = []
TestIdempotence 2025-08-19T14:55:15+02:00 command.go:185:               [32m+[0m[0m protocol         = "tcp"
TestIdempotence 2025-08-19T14:55:15+02:00 command.go:185:               [32m+[0m[0m security_groups  = []
TestIdempotence 2025-08-19T14:55:15+02:00 command.go:185:               [32m+[0m[0m self             = false
TestIdempotence 2025-08-19T14:55:15+02:00 command.go:185:               [32m+[0m[0m to_port          = 2021
TestIdempotence 2025-08-19T14:55:15+02:00 command.go:185:             },
TestIdempotence 2025-08-19T14:55:15+02:00 command.go:185:           [32m+[0m[0m {
TestIdempotence 2025-08-19T14:55:15+02:00 command.go:185:               [32m+[0m[0m cidr_blocks      = [
TestIdempotence 2025-08-19T14:55:15+02:00 command.go:185:                   [32m+[0m[0m "10.100.7.0/24",
TestIdempotence 2025-08-19T14:55:15+02:00 command.go:185:                   [32m+[0m[0m "10.100.71.0/24",
TestIdempotence 2025-08-19T14:55:15+02:00 command.go:185:                 ]
TestIdempotence 2025-08-19T14:55:15+02:00 command.go:185:               [32m+[0m[0m description      = "Permit Port 2022 Health Probe to NLB"
TestIdempotence 2025-08-19T14:55:15+02:00 command.go:185:               [32m+[0m[0m from_port        = 2022
TestIdempotence 2025-08-19T14:55:15+02:00 command.go:185:               [32m+[0m[0m ipv6_cidr_blocks = []
TestIdempotence 2025-08-19T14:55:15+02:00 command.go:185:               [32m+[0m[0m prefix_list_ids  = []
TestIdempotence 2025-08-19T14:55:15+02:00 command.go:185:               [32m+[0m[0m protocol         = "tcp"
TestIdempotence 2025-08-19T14:55:15+02:00 command.go:185:               [32m+[0m[0m security_groups  = []
TestIdempotence 2025-08-19T14:55:15+02:00 command.go:185:               [32m+[0m[0m self             = false
TestIdempotence 2025-08-19T14:55:15+02:00 command.go:185:               [32m+[0m[0m to_port          = 2022
TestIdempotence 2025-08-19T14:55:15+02:00 command.go:185:             },
TestIdempotence 2025-08-19T14:55:15+02:00 command.go:185:         ]
TestIdempotence 2025-08-19T14:55:15+02:00 command.go:185:       [32m+[0m[0m name                   = "vmseries_public"
TestIdempotence 2025-08-19T14:55:15+02:00 command.go:185:       [32m+[0m[0m name_prefix            = (known after apply)
TestIdempotence 2025-08-19T14:55:15+02:00 command.go:185:       [32m+[0m[0m owner_id               = (known after apply)
TestIdempotence 2025-08-19T14:55:15+02:00 command.go:185:       [32m+[0m[0m revoke_rules_on_delete = false
TestIdempotence 2025-08-19T14:55:15+02:00 command.go:185:       [32m+[0m[0m tags                   = {
TestIdempotence 2025-08-19T14:55:15+02:00 command.go:185:           [32m+[0m[0m "Application" = "Palo Alto Networks VM-Series NGFW"
TestIdempotence 2025-08-19T14:55:15+02:00 command.go:185:           [32m+[0m[0m "ManagedBy"   = "terraform"
TestIdempotence 2025-08-19T14:55:15+02:00 command.go:185:           [32m+[0m[0m "Name"        = "vmseries_public"
TestIdempotence 2025-08-19T14:55:15+02:00 command.go:185:           [32m+[0m[0m "Owner"       = "PS Team"
TestIdempotence 2025-08-19T14:55:15+02:00 command.go:185:         }
TestIdempotence 2025-08-19T14:55:15+02:00 command.go:185:       [32m+[0m[0m tags_all               = {
TestIdempotence 2025-08-19T14:55:15+02:00 command.go:185:           [32m+[0m[0m "Application" = "Palo Alto Networks VM-Series NGFW"
TestIdempotence 2025-08-19T14:55:15+02:00 command.go:185:           [32m+[0m[0m "ManagedBy"   = "terraform"
TestIdempotence 2025-08-19T14:55:15+02:00 command.go:185:           [32m+[0m[0m "Name"        = "vmseries_public"
TestIdempotence 2025-08-19T14:55:15+02:00 command.go:185:           [32m+[0m[0m "Owner"       = "PS Team"
TestIdempotence 2025-08-19T14:55:15+02:00 command.go:185:         }
TestIdempotence 2025-08-19T14:55:15+02:00 command.go:185:       [32m+[0m[0m vpc_id                 = (known after apply)
TestIdempotence 2025-08-19T14:55:15+02:00 command.go:185:     }
TestIdempotence 2025-08-19T14:55:15+02:00 command.go:185: 
TestIdempotence 2025-08-19T14:55:15+02:00 command.go:185: [1m  # module.vpc["security_vpc"].aws_vpc.this[0][0m will be created
TestIdempotence 2025-08-19T14:55:15+02:00 command.go:185: [0m  [32m+[0m[0m resource "aws_vpc" "this" {
TestIdempotence 2025-08-19T14:55:15+02:00 command.go:185:       [32m+[0m[0m arn                                  = (known after apply)
TestIdempotence 2025-08-19T14:55:15+02:00 command.go:185:       [32m+[0m[0m cidr_block                           = "10.100.0.0/16"
TestIdempotence 2025-08-19T14:55:15+02:00 command.go:185:       [32m+[0m[0m default_network_acl_id               = (known after apply)
TestIdempotence 2025-08-19T14:55:15+02:00 command.go:185:       [32m+[0m[0m default_route_table_id               = (known after apply)
TestIdempotence 2025-08-19T14:55:15+02:00 command.go:185:       [32m+[0m[0m default_security_group_id            = (known after apply)
TestIdempotence 2025-08-19T14:55:15+02:00 command.go:185:       [32m+[0m[0m dhcp_options_id                      = (known after apply)
TestIdempotence 2025-08-19T14:55:15+02:00 command.go:185:       [32m+[0m[0m enable_dns_hostnames                 = true
TestIdempotence 2025-08-19T14:55:15+02:00 command.go:185:       [32m+[0m[0m enable_dns_support                   = true
TestIdempotence 2025-08-19T14:55:15+02:00 command.go:185:       [32m+[0m[0m enable_network_address_usage_metrics = (known after apply)
TestIdempotence 2025-08-19T14:55:15+02:00 command.go:185:       [32m+[0m[0m id                                   = (known after apply)
TestIdempotence 2025-08-19T14:55:15+02:00 command.go:185:       [32m+[0m[0m instance_tenancy                     = "default"
TestIdempotence 2025-08-19T14:55:15+02:00 command.go:185:       [32m+[0m[0m ipv6_association_id                  = (known after apply)
TestIdempotence 2025-08-19T14:55:15+02:00 command.go:185:       [32m+[0m[0m ipv6_cidr_block                      = (known after apply)
TestIdempotence 2025-08-19T14:55:15+02:00 command.go:185:       [32m+[0m[0m ipv6_cidr_block_network_border_group = (known after apply)
TestIdempotence 2025-08-19T14:55:15+02:00 command.go:185:       [32m+[0m[0m main_route_table_id                  = (known after apply)
TestIdempotence 2025-08-19T14:55:15+02:00 command.go:185:       [32m+[0m[0m owner_id                             = (known after apply)
TestIdempotence 2025-08-19T14:55:15+02:00 command.go:185:       [32m+[0m[0m tags                                 = {
TestIdempotence 2025-08-19T14:55:15+02:00 command.go:185:           [32m+[0m[0m "Application" = "Palo Alto Networks VM-Series NGFW"
TestIdempotence 2025-08-19T14:55:15+02:00 command.go:185:           [32m+[0m[0m "ManagedBy"   = "terraform"
TestIdempotence 2025-08-19T14:55:15+02:00 command.go:185:           [32m+[0m[0m "Name"        = "tt-4ff3-security-vpc"
TestIdempotence 2025-08-19T14:55:15+02:00 command.go:185:           [32m+[0m[0m "Owner"       = "PS Team"
TestIdempotence 2025-08-19T14:55:15+02:00 command.go:185:         }
TestIdempotence 2025-08-19T14:55:15+02:00 command.go:185:       [32m+[0m[0m tags_all                             = {
TestIdempotence 2025-08-19T14:55:15+02:00 command.go:185:           [32m+[0m[0m "Application" = "Palo Alto Networks VM-Series NGFW"
TestIdempotence 2025-08-19T14:55:15+02:00 command.go:185:           [32m+[0m[0m "ManagedBy"   = "terraform"
TestIdempotence 2025-08-19T14:55:15+02:00 command.go:185:           [32m+[0m[0m "Name"        = "tt-4ff3-security-vpc"
TestIdempotence 2025-08-19T14:55:15+02:00 command.go:185:           [32m+[0m[0m "Owner"       = "PS Team"
TestIdempotence 2025-08-19T14:55:15+02:00 command.go:185:         }
TestIdempotence 2025-08-19T14:55:15+02:00 command.go:185:     }
TestIdempotence 2025-08-19T14:55:15+02:00 command.go:185: 
TestIdempotence 2025-08-19T14:55:15+02:00 command.go:185: [1m  # module.vpc_routes["app1_vpc-app1_lb-0.0.0.0/0"].aws_route.this["eu-west-1a"][0m will be created
TestIdempotence 2025-08-19T14:55:15+02:00 command.go:185: [0m  [32m+[0m[0m resource "aws_route" "this" {
TestIdempotence 2025-08-19T14:55:15+02:00 command.go:185:       [32m+[0m[0m destination_cidr_block    = "0.0.0.0/0"
TestIdempotence 2025-08-19T14:55:15+02:00 command.go:185:       [32m+[0m[0m egress_only_gateway_id    = (known after apply)
TestIdempotence 2025-08-19T14:55:15+02:00 command.go:185:       [32m+[0m[0m gateway_id                = (known after apply)
TestIdempotence 2025-08-19T14:55:15+02:00 command.go:185:       [32m+[0m[0m id                        = (known after apply)
TestIdempotence 2025-08-19T14:55:15+02:00 command.go:185:       [32m+[0m[0m instance_id               = (known after apply)
TestIdempotence 2025-08-19T14:55:15+02:00 command.go:185:       [32m+[0m[0m instance_owner_id         = (known after apply)
TestIdempotence 2025-08-19T14:55:15+02:00 command.go:185:       [32m+[0m[0m local_gateway_id          = (known after apply)
TestIdempotence 2025-08-19T14:55:15+02:00 command.go:185:       [32m+[0m[0m nat_gateway_id            = (known after apply)
TestIdempotence 2025-08-19T14:55:15+02:00 command.go:185:       [32m+[0m[0m network_interface_id      = (known after apply)
TestIdempotence 2025-08-19T14:55:15+02:00 command.go:185:       [32m+[0m[0m origin                    = (known after apply)
TestIdempotence 2025-08-19T14:55:15+02:00 command.go:185:       [32m+[0m[0m route_table_id            = (known after apply)
TestIdempotence 2025-08-19T14:55:15+02:00 command.go:185:       [32m+[0m[0m state                     = (known after apply)
TestIdempotence 2025-08-19T14:55:15+02:00 command.go:185:       [32m+[0m[0m transit_gateway_id        = (known after apply)
TestIdempotence 2025-08-19T14:55:15+02:00 command.go:185:       [32m+[0m[0m vpc_endpoint_id           = (known after apply)
TestIdempotence 2025-08-19T14:55:15+02:00 command.go:185:       [32m+[0m[0m vpc_peering_connection_id = (known after apply)
TestIdempotence 2025-08-19T14:55:15+02:00 command.go:185:     }
TestIdempotence 2025-08-19T14:55:15+02:00 command.go:185: 
TestIdempotence 2025-08-19T14:55:15+02:00 command.go:185: [1m  # module.vpc_routes["app1_vpc-app1_lb-0.0.0.0/0"].aws_route.this["eu-west-1b"][0m will be created
TestIdempotence 2025-08-19T14:55:15+02:00 command.go:185: [0m  [32m+[0m[0m resource "aws_route" "this" {
TestIdempotence 2025-08-19T14:55:15+02:00 command.go:185:       [32m+[0m[0m destination_cidr_block    = "0.0.0.0/0"
TestIdempotence 2025-08-19T14:55:15+02:00 command.go:185:       [32m+[0m[0m egress_only_gateway_id    = (known after apply)
TestIdempotence 2025-08-19T14:55:15+02:00 command.go:185:       [32m+[0m[0m gateway_id                = (known after apply)
TestIdempotence 2025-08-19T14:55:15+02:00 command.go:185:       [32m+[0m[0m id                        = (known after apply)
TestIdempotence 2025-08-19T14:55:15+02:00 command.go:185:       [32m+[0m[0m instance_id               = (known after apply)
TestIdempotence 2025-08-19T14:55:15+02:00 command.go:185:       [32m+[0m[0m instance_owner_id         = (known after apply)
TestIdempotence 2025-08-19T14:55:15+02:00 command.go:185:       [32m+[0m[0m local_gateway_id          = (known after apply)
TestIdempotence 2025-08-19T14:55:15+02:00 command.go:185:       [32m+[0m[0m nat_gateway_id            = (known after apply)
TestIdempotence 2025-08-19T14:55:15+02:00 command.go:185:       [32m+[0m[0m network_interface_id      = (known after apply)
TestIdempotence 2025-08-19T14:55:15+02:00 command.go:185:       [32m+[0m[0m origin                    = (known after apply)
TestIdempotence 2025-08-19T14:55:15+02:00 command.go:185:       [32m+[0m[0m route_table_id            = (known after apply)
TestIdempotence 2025-08-19T14:55:15+02:00 command.go:185:       [32m+[0m[0m state                     = (known after apply)
TestIdempotence 2025-08-19T14:55:15+02:00 command.go:185:       [32m+[0m[0m transit_gateway_id        = (known after apply)
TestIdempotence 2025-08-19T14:55:15+02:00 command.go:185:       [32m+[0m[0m vpc_endpoint_id           = (known after apply)
TestIdempotence 2025-08-19T14:55:15+02:00 command.go:185:       [32m+[0m[0m vpc_peering_connection_id = (known after apply)
TestIdempotence 2025-08-19T14:55:15+02:00 command.go:185:     }
TestIdempotence 2025-08-19T14:55:15+02:00 command.go:185: 
TestIdempotence 2025-08-19T14:55:15+02:00 command.go:185: [1m  # module.vpc_routes["app1_vpc-app1_vm-0.0.0.0/0"].aws_route.this["eu-west-1a"][0m will be created
TestIdempotence 2025-08-19T14:55:15+02:00 command.go:185: [0m  [32m+[0m[0m resource "aws_route" "this" {
TestIdempotence 2025-08-19T14:55:15+02:00 command.go:185:       [32m+[0m[0m destination_cidr_block    = "0.0.0.0/0"
TestIdempotence 2025-08-19T14:55:15+02:00 command.go:185:       [32m+[0m[0m egress_only_gateway_id    = (known after apply)
TestIdempotence 2025-08-19T14:55:15+02:00 command.go:185:       [32m+[0m[0m gateway_id                = (known after apply)
TestIdempotence 2025-08-19T14:55:15+02:00 command.go:185:       [32m+[0m[0m id                        = (known after apply)
TestIdempotence 2025-08-19T14:55:15+02:00 command.go:185:       [32m+[0m[0m instance_id               = (known after apply)
TestIdempotence 2025-08-19T14:55:15+02:00 command.go:185:       [32m+[0m[0m instance_owner_id         = (known after apply)
TestIdempotence 2025-08-19T14:55:15+02:00 command.go:185:       [32m+[0m[0m local_gateway_id          = (known after apply)
TestIdempotence 2025-08-19T14:55:15+02:00 command.go:185:       [32m+[0m[0m nat_gateway_id            = (known after apply)
TestIdempotence 2025-08-19T14:55:15+02:00 command.go:185:       [32m+[0m[0m network_interface_id      = (known after apply)
TestIdempotence 2025-08-19T14:55:15+02:00 command.go:185:       [32m+[0m[0m origin                    = (known after apply)
TestIdempotence 2025-08-19T14:55:15+02:00 command.go:185:       [32m+[0m[0m route_table_id            = (known after apply)
TestIdempotence 2025-08-19T14:55:15+02:00 command.go:185:       [32m+[0m[0m state                     = (known after apply)
TestIdempotence 2025-08-19T14:55:15+02:00 command.go:185:       [32m+[0m[0m transit_gateway_id        = (known after apply)
TestIdempotence 2025-08-19T14:55:15+02:00 command.go:185:       [32m+[0m[0m vpc_endpoint_id           = (known after apply)
TestIdempotence 2025-08-19T14:55:15+02:00 command.go:185:       [32m+[0m[0m vpc_peering_connection_id = (known after apply)
TestIdempotence 2025-08-19T14:55:15+02:00 command.go:185:     }
TestIdempotence 2025-08-19T14:55:15+02:00 command.go:185: 
TestIdempotence 2025-08-19T14:55:15+02:00 command.go:185: [1m  # module.vpc_routes["app1_vpc-app1_vm-0.0.0.0/0"].aws_route.this["eu-west-1b"][0m will be created
TestIdempotence 2025-08-19T14:55:15+02:00 command.go:185: [0m  [32m+[0m[0m resource "aws_route" "this" {
TestIdempotence 2025-08-19T14:55:15+02:00 command.go:185:       [32m+[0m[0m destination_cidr_block    = "0.0.0.0/0"
TestIdempotence 2025-08-19T14:55:15+02:00 command.go:185:       [32m+[0m[0m egress_only_gateway_id    = (known after apply)
TestIdempotence 2025-08-19T14:55:15+02:00 command.go:185:       [32m+[0m[0m gateway_id                = (known after apply)
TestIdempotence 2025-08-19T14:55:15+02:00 command.go:185:       [32m+[0m[0m id                        = (known after apply)
TestIdempotence 2025-08-19T14:55:15+02:00 command.go:185:       [32m+[0m[0m instance_id               = (known after apply)
TestIdempotence 2025-08-19T14:55:15+02:00 command.go:185:       [32m+[0m[0m instance_owner_id         = (known after apply)
TestIdempotence 2025-08-19T14:55:15+02:00 command.go:185:       [32m+[0m[0m local_gateway_id          = (known after apply)
TestIdempotence 2025-08-19T14:55:15+02:00 command.go:185:       [32m+[0m[0m nat_gateway_id            = (known after apply)
TestIdempotence 2025-08-19T14:55:15+02:00 command.go:185:       [32m+[0m[0m network_interface_id      = (known after apply)
TestIdempotence 2025-08-19T14:55:15+02:00 command.go:185:       [32m+[0m[0m origin                    = (known after apply)
TestIdempotence 2025-08-19T14:55:15+02:00 command.go:185:       [32m+[0m[0m route_table_id            = (known after apply)
TestIdempotence 2025-08-19T14:55:15+02:00 command.go:185:       [32m+[0m[0m state                     = (known after apply)
TestIdempotence 2025-08-19T14:55:15+02:00 command.go:185:       [32m+[0m[0m transit_gateway_id        = (known after apply)
TestIdempotence 2025-08-19T14:55:15+02:00 command.go:185:       [32m+[0m[0m vpc_endpoint_id           = (known after apply)
TestIdempotence 2025-08-19T14:55:15+02:00 command.go:185:       [32m+[0m[0m vpc_peering_connection_id = (known after apply)
TestIdempotence 2025-08-19T14:55:15+02:00 command.go:185:     }
TestIdempotence 2025-08-19T14:55:15+02:00 command.go:185: 
TestIdempotence 2025-08-19T14:55:15+02:00 command.go:185: [1m  # module.vpc_routes["app2_vpc-app2_lb-0.0.0.0/0"].aws_route.this["eu-west-1a"][0m will be created
TestIdempotence 2025-08-19T14:55:15+02:00 command.go:185: [0m  [32m+[0m[0m resource "aws_route" "this" {
TestIdempotence 2025-08-19T14:55:15+02:00 command.go:185:       [32m+[0m[0m destination_cidr_block    = "0.0.0.0/0"
TestIdempotence 2025-08-19T14:55:15+02:00 command.go:185:       [32m+[0m[0m egress_only_gateway_id    = (known after apply)
TestIdempotence 2025-08-19T14:55:15+02:00 command.go:185:       [32m+[0m[0m gateway_id                = (known after apply)
TestIdempotence 2025-08-19T14:55:15+02:00 command.go:185:       [32m+[0m[0m id                        = (known after apply)
TestIdempotence 2025-08-19T14:55:15+02:00 command.go:185:       [32m+[0m[0m instance_id               = (known after apply)
TestIdempotence 2025-08-19T14:55:15+02:00 command.go:185:       [32m+[0m[0m instance_owner_id         = (known after apply)
TestIdempotence 2025-08-19T14:55:15+02:00 command.go:185:       [32m+[0m[0m local_gateway_id          = (known after apply)
TestIdempotence 2025-08-19T14:55:15+02:00 command.go:185:       [32m+[0m[0m nat_gateway_id            = (known after apply)
TestIdempotence 2025-08-19T14:55:15+02:00 command.go:185:       [32m+[0m[0m network_interface_id      = (known after apply)
TestIdempotence 2025-08-19T14:55:15+02:00 command.go:185:       [32m+[0m[0m origin                    = (known after apply)
TestIdempotence 2025-08-19T14:55:15+02:00 command.go:185:       [32m+[0m[0m route_table_id            = (known after apply)
TestIdempotence 2025-08-19T14:55:15+02:00 command.go:185:       [32m+[0m[0m state                     = (known after apply)
TestIdempotence 2025-08-19T14:55:15+02:00 command.go:185:       [32m+[0m[0m transit_gateway_id        = (known after apply)
TestIdempotence 2025-08-19T14:55:15+02:00 command.go:185:       [32m+[0m[0m vpc_endpoint_id           = (known after apply)
TestIdempotence 2025-08-19T14:55:15+02:00 command.go:185:       [32m+[0m[0m vpc_peering_connection_id = (known after apply)
TestIdempotence 2025-08-19T14:55:15+02:00 command.go:185:     }
TestIdempotence 2025-08-19T14:55:15+02:00 command.go:185: 
TestIdempotence 2025-08-19T14:55:15+02:00 command.go:185: [1m  # module.vpc_routes["app2_vpc-app2_lb-0.0.0.0/0"].aws_route.this["eu-west-1b"][0m will be created
TestIdempotence 2025-08-19T14:55:15+02:00 command.go:185: [0m  [32m+[0m[0m resource "aws_route" "this" {
TestIdempotence 2025-08-19T14:55:15+02:00 command.go:185:       [32m+[0m[0m destination_cidr_block    = "0.0.0.0/0"
TestIdempotence 2025-08-19T14:55:15+02:00 command.go:185:       [32m+[0m[0m egress_only_gateway_id    = (known after apply)
TestIdempotence 2025-08-19T14:55:15+02:00 command.go:185:       [32m+[0m[0m gateway_id                = (known after apply)
TestIdempotence 2025-08-19T14:55:15+02:00 command.go:185:       [32m+[0m[0m id                        = (known after apply)
TestIdempotence 2025-08-19T14:55:15+02:00 command.go:185:       [32m+[0m[0m instance_id               = (known after apply)
TestIdempotence 2025-08-19T14:55:15+02:00 command.go:185:       [32m+[0m[0m instance_owner_id         = (known after apply)
TestIdempotence 2025-08-19T14:55:15+02:00 command.go:185:       [32m+[0m[0m local_gateway_id          = (known after apply)
TestIdempotence 2025-08-19T14:55:15+02:00 command.go:185:       [32m+[0m[0m nat_gateway_id            = (known after apply)
TestIdempotence 2025-08-19T14:55:15+02:00 command.go:185:       [32m+[0m[0m network_interface_id      = (known after apply)
TestIdempotence 2025-08-19T14:55:15+02:00 command.go:185:       [32m+[0m[0m origin                    = (known after apply)
TestIdempotence 2025-08-19T14:55:15+02:00 command.go:185:       [32m+[0m[0m route_table_id            = (known after apply)
TestIdempotence 2025-08-19T14:55:15+02:00 command.go:185:       [32m+[0m[0m state                     = (known after apply)
TestIdempotence 2025-08-19T14:55:15+02:00 command.go:185:       [32m+[0m[0m transit_gateway_id        = (known after apply)
TestIdempotence 2025-08-19T14:55:15+02:00 command.go:185:       [32m+[0m[0m vpc_endpoint_id           = (known after apply)
TestIdempotence 2025-08-19T14:55:15+02:00 command.go:185:       [32m+[0m[0m vpc_peering_connection_id = (known after apply)
TestIdempotence 2025-08-19T14:55:15+02:00 command.go:185:     }
TestIdempotence 2025-08-19T14:55:15+02:00 command.go:185: 
TestIdempotence 2025-08-19T14:55:15+02:00 command.go:185: [1m  # module.vpc_routes["app2_vpc-app2_vm-0.0.0.0/0"].aws_route.this["eu-west-1a"][0m will be created
TestIdempotence 2025-08-19T14:55:15+02:00 command.go:185: [0m  [32m+[0m[0m resource "aws_route" "this" {
TestIdempotence 2025-08-19T14:55:15+02:00 command.go:185:       [32m+[0m[0m destination_cidr_block    = "0.0.0.0/0"
TestIdempotence 2025-08-19T14:55:15+02:00 command.go:185:       [32m+[0m[0m egress_only_gateway_id    = (known after apply)
TestIdempotence 2025-08-19T14:55:15+02:00 command.go:185:       [32m+[0m[0m gateway_id                = (known after apply)
TestIdempotence 2025-08-19T14:55:15+02:00 command.go:185:       [32m+[0m[0m id                        = (known after apply)
TestIdempotence 2025-08-19T14:55:15+02:00 command.go:185:       [32m+[0m[0m instance_id               = (known after apply)
TestIdempotence 2025-08-19T14:55:15+02:00 command.go:185:       [32m+[0m[0m instance_owner_id         = (known after apply)
TestIdempotence 2025-08-19T14:55:15+02:00 command.go:185:       [32m+[0m[0m local_gateway_id          = (known after apply)
TestIdempotence 2025-08-19T14:55:15+02:00 command.go:185:       [32m+[0m[0m nat_gateway_id            = (known after apply)
TestIdempotence 2025-08-19T14:55:15+02:00 command.go:185:       [32m+[0m[0m network_interface_id      = (known after apply)
TestIdempotence 2025-08-19T14:55:15+02:00 command.go:185:       [32m+[0m[0m origin                    = (known after apply)
TestIdempotence 2025-08-19T14:55:15+02:00 command.go:185:       [32m+[0m[0m route_table_id            = (known after apply)
TestIdempotence 2025-08-19T14:55:15+02:00 command.go:185:       [32m+[0m[0m state                     = (known after apply)
TestIdempotence 2025-08-19T14:55:15+02:00 command.go:185:       [32m+[0m[0m transit_gateway_id        = (known after apply)
TestIdempotence 2025-08-19T14:55:15+02:00 command.go:185:       [32m+[0m[0m vpc_endpoint_id           = (known after apply)
TestIdempotence 2025-08-19T14:55:15+02:00 command.go:185:       [32m+[0m[0m vpc_peering_connection_id = (known after apply)
TestIdempotence 2025-08-19T14:55:15+02:00 command.go:185:     }
TestIdempotence 2025-08-19T14:55:15+02:00 command.go:185: 
TestIdempotence 2025-08-19T14:55:15+02:00 command.go:185: [1m  # module.vpc_routes["app2_vpc-app2_vm-0.0.0.0/0"].aws_route.this["eu-west-1b"][0m will be created
TestIdempotence 2025-08-19T14:55:15+02:00 command.go:185: [0m  [32m+[0m[0m resource "aws_route" "this" {
TestIdempotence 2025-08-19T14:55:15+02:00 command.go:185:       [32m+[0m[0m destination_cidr_block    = "0.0.0.0/0"
TestIdempotence 2025-08-19T14:55:15+02:00 command.go:185:       [32m+[0m[0m egress_only_gateway_id    = (known after apply)
TestIdempotence 2025-08-19T14:55:15+02:00 command.go:185:       [32m+[0m[0m gateway_id                = (known after apply)
TestIdempotence 2025-08-19T14:55:15+02:00 command.go:185:       [32m+[0m[0m id                        = (known after apply)
TestIdempotence 2025-08-19T14:55:15+02:00 command.go:185:       [32m+[0m[0m instance_id               = (known after apply)
TestIdempotence 2025-08-19T14:55:15+02:00 command.go:185:       [32m+[0m[0m instance_owner_id         = (known after apply)
TestIdempotence 2025-08-19T14:55:15+02:00 command.go:185:       [32m+[0m[0m local_gateway_id          = (known after apply)
TestIdempotence 2025-08-19T14:55:15+02:00 command.go:185:       [32m+[0m[0m nat_gateway_id            = (known after apply)
TestIdempotence 2025-08-19T14:55:15+02:00 command.go:185:       [32m+[0m[0m network_interface_id      = (known after apply)
TestIdempotence 2025-08-19T14:55:15+02:00 command.go:185:       [32m+[0m[0m origin                    = (known after apply)
TestIdempotence 2025-08-19T14:55:15+02:00 command.go:185:       [32m+[0m[0m route_table_id            = (known after apply)
TestIdempotence 2025-08-19T14:55:15+02:00 command.go:185:       [32m+[0m[0m state                     = (known after apply)
TestIdempotence 2025-08-19T14:55:15+02:00 command.go:185:       [32m+[0m[0m transit_gateway_id        = (known after apply)
TestIdempotence 2025-08-19T14:55:15+02:00 command.go:185:       [32m+[0m[0m vpc_endpoint_id           = (known after apply)
TestIdempotence 2025-08-19T14:55:15+02:00 command.go:185:       [32m+[0m[0m vpc_peering_connection_id = (known after apply)
TestIdempotence 2025-08-19T14:55:15+02:00 command.go:185:     }
TestIdempotence 2025-08-19T14:55:15+02:00 command.go:185: 
TestIdempotence 2025-08-19T14:55:15+02:00 command.go:185: [1m  # module.vpc_routes["security_vpc-alb-0.0.0.0/0"].aws_route.this["eu-west-1a"][0m will be created
TestIdempotence 2025-08-19T14:55:15+02:00 command.go:185: [0m  [32m+[0m[0m resource "aws_route" "this" {
TestIdempotence 2025-08-19T14:55:15+02:00 command.go:185:       [32m+[0m[0m destination_cidr_block    = "0.0.0.0/0"
TestIdempotence 2025-08-19T14:55:15+02:00 command.go:185:       [32m+[0m[0m egress_only_gateway_id    = (known after apply)
TestIdempotence 2025-08-19T14:55:15+02:00 command.go:185:       [32m+[0m[0m gateway_id                = (known after apply)
TestIdempotence 2025-08-19T14:55:15+02:00 command.go:185:       [32m+[0m[0m id                        = (known after apply)
TestIdempotence 2025-08-19T14:55:15+02:00 command.go:185:       [32m+[0m[0m instance_id               = (known after apply)
TestIdempotence 2025-08-19T14:55:15+02:00 command.go:185:       [32m+[0m[0m instance_owner_id         = (known after apply)
TestIdempotence 2025-08-19T14:55:15+02:00 command.go:185:       [32m+[0m[0m local_gateway_id          = (known after apply)
TestIdempotence 2025-08-19T14:55:15+02:00 command.go:185:       [32m+[0m[0m nat_gateway_id            = (known after apply)
TestIdempotence 2025-08-19T14:55:15+02:00 command.go:185:       [32m+[0m[0m network_interface_id      = (known after apply)
TestIdempotence 2025-08-19T14:55:15+02:00 command.go:185:       [32m+[0m[0m origin                    = (known after apply)
TestIdempotence 2025-08-19T14:55:15+02:00 command.go:185:       [32m+[0m[0m route_table_id            = (known after apply)
TestIdempotence 2025-08-19T14:55:15+02:00 command.go:185:       [32m+[0m[0m state                     = (known after apply)
TestIdempotence 2025-08-19T14:55:15+02:00 command.go:185:       [32m+[0m[0m transit_gateway_id        = (known after apply)
TestIdempotence 2025-08-19T14:55:15+02:00 command.go:185:       [32m+[0m[0m vpc_endpoint_id           = (known after apply)
TestIdempotence 2025-08-19T14:55:15+02:00 command.go:185:       [32m+[0m[0m vpc_peering_connection_id = (known after apply)
TestIdempotence 2025-08-19T14:55:15+02:00 command.go:185:     }
TestIdempotence 2025-08-19T14:55:15+02:00 command.go:185: 
TestIdempotence 2025-08-19T14:55:15+02:00 command.go:185: [1m  # module.vpc_routes["security_vpc-alb-0.0.0.0/0"].aws_route.this["eu-west-1b"][0m will be created
TestIdempotence 2025-08-19T14:55:15+02:00 command.go:185: [0m  [32m+[0m[0m resource "aws_route" "this" {
TestIdempotence 2025-08-19T14:55:15+02:00 command.go:185:       [32m+[0m[0m destination_cidr_block    = "0.0.0.0/0"
TestIdempotence 2025-08-19T14:55:15+02:00 command.go:185:       [32m+[0m[0m egress_only_gateway_id    = (known after apply)
TestIdempotence 2025-08-19T14:55:15+02:00 command.go:185:       [32m+[0m[0m gateway_id                = (known after apply)
TestIdempotence 2025-08-19T14:55:15+02:00 command.go:185:       [32m+[0m[0m id                        = (known after apply)
TestIdempotence 2025-08-19T14:55:15+02:00 command.go:185:       [32m+[0m[0m instance_id               = (known after apply)
TestIdempotence 2025-08-19T14:55:15+02:00 command.go:185:       [32m+[0m[0m instance_owner_id         = (known after apply)
TestIdempotence 2025-08-19T14:55:15+02:00 command.go:185:       [32m+[0m[0m local_gateway_id          = (known after apply)
TestIdempotence 2025-08-19T14:55:15+02:00 command.go:185:       [32m+[0m[0m nat_gateway_id            = (known after apply)
TestIdempotence 2025-08-19T14:55:15+02:00 command.go:185:       [32m+[0m[0m network_interface_id      = (known after apply)
TestIdempotence 2025-08-19T14:55:15+02:00 command.go:185:       [32m+[0m[0m origin                    = (known after apply)
TestIdempotence 2025-08-19T14:55:15+02:00 command.go:185:       [32m+[0m[0m route_table_id            = (known after apply)
TestIdempotence 2025-08-19T14:55:15+02:00 command.go:185:       [32m+[0m[0m state                     = (known after apply)
TestIdempotence 2025-08-19T14:55:15+02:00 command.go:185:       [32m+[0m[0m transit_gateway_id        = (known after apply)
TestIdempotence 2025-08-19T14:55:15+02:00 command.go:185:       [32m+[0m[0m vpc_endpoint_id           = (known after apply)
TestIdempotence 2025-08-19T14:55:15+02:00 command.go:185:       [32m+[0m[0m vpc_peering_connection_id = (known after apply)
TestIdempotence 2025-08-19T14:55:15+02:00 command.go:185:     }
TestIdempotence 2025-08-19T14:55:15+02:00 command.go:185: 
TestIdempotence 2025-08-19T14:55:15+02:00 command.go:185: [1m  # module.vpc_routes["security_vpc-gwlbe_eastwest-10.0.0.0/8"].aws_route.this["eu-west-1a"][0m will be created
TestIdempotence 2025-08-19T14:55:15+02:00 command.go:185: [0m  [32m+[0m[0m resource "aws_route" "this" {
TestIdempotence 2025-08-19T14:55:15+02:00 command.go:185:       [32m+[0m[0m destination_cidr_block    = "10.0.0.0/8"
TestIdempotence 2025-08-19T14:55:15+02:00 command.go:185:       [32m+[0m[0m egress_only_gateway_id    = (known after apply)
TestIdempotence 2025-08-19T14:55:15+02:00 command.go:185:       [32m+[0m[0m gateway_id                = (known after apply)
TestIdempotence 2025-08-19T14:55:15+02:00 command.go:185:       [32m+[0m[0m id                        = (known after apply)
TestIdempotence 2025-08-19T14:55:15+02:00 command.go:185:       [32m+[0m[0m instance_id               = (known after apply)
TestIdempotence 2025-08-19T14:55:15+02:00 command.go:185:       [32m+[0m[0m instance_owner_id         = (known after apply)
TestIdempotence 2025-08-19T14:55:15+02:00 command.go:185:       [32m+[0m[0m local_gateway_id          = (known after apply)
TestIdempotence 2025-08-19T14:55:15+02:00 command.go:185:       [32m+[0m[0m nat_gateway_id            = (known after apply)
TestIdempotence 2025-08-19T14:55:15+02:00 command.go:185:       [32m+[0m[0m network_interface_id      = (known after apply)
TestIdempotence 2025-08-19T14:55:15+02:00 command.go:185:       [32m+[0m[0m origin                    = (known after apply)
TestIdempotence 2025-08-19T14:55:15+02:00 command.go:185:       [32m+[0m[0m route_table_id            = (known after apply)
TestIdempotence 2025-08-19T14:55:15+02:00 command.go:185:       [32m+[0m[0m state                     = (known after apply)
TestIdempotence 2025-08-19T14:55:15+02:00 command.go:185:       [32m+[0m[0m transit_gateway_id        = (known after apply)
TestIdempotence 2025-08-19T14:55:15+02:00 command.go:185:       [32m+[0m[0m vpc_endpoint_id           = (known after apply)
TestIdempotence 2025-08-19T14:55:15+02:00 command.go:185:       [32m+[0m[0m vpc_peering_connection_id = (known after apply)
TestIdempotence 2025-08-19T14:55:15+02:00 command.go:185:     }
TestIdempotence 2025-08-19T14:55:15+02:00 command.go:185: 
TestIdempotence 2025-08-19T14:55:15+02:00 command.go:185: [1m  # module.vpc_routes["security_vpc-gwlbe_eastwest-10.0.0.0/8"].aws_route.this["eu-west-1b"][0m will be created
TestIdempotence 2025-08-19T14:55:15+02:00 command.go:185: [0m  [32m+[0m[0m resource "aws_route" "this" {
TestIdempotence 2025-08-19T14:55:15+02:00 command.go:185:       [32m+[0m[0m destination_cidr_block    = "10.0.0.0/8"
TestIdempotence 2025-08-19T14:55:15+02:00 command.go:185:       [32m+[0m[0m egress_only_gateway_id    = (known after apply)
TestIdempotence 2025-08-19T14:55:15+02:00 command.go:185:       [32m+[0m[0m gateway_id                = (known after apply)
TestIdempotence 2025-08-19T14:55:15+02:00 command.go:185:       [32m+[0m[0m id                        = (known after apply)
TestIdempotence 2025-08-19T14:55:15+02:00 command.go:185:       [32m+[0m[0m instance_id               = (known after apply)
TestIdempotence 2025-08-19T14:55:15+02:00 command.go:185:       [32m+[0m[0m instance_owner_id         = (known after apply)
TestIdempotence 2025-08-19T14:55:15+02:00 command.go:185:       [32m+[0m[0m local_gateway_id          = (known after apply)
TestIdempotence 2025-08-19T14:55:15+02:00 command.go:185:       [32m+[0m[0m nat_gateway_id            = (known after apply)
TestIdempotence 2025-08-19T14:55:15+02:00 command.go:185:       [32m+[0m[0m network_interface_id      = (known after apply)
TestIdempotence 2025-08-19T14:55:15+02:00 command.go:185:       [32m+[0m[0m origin                    = (known after apply)
TestIdempotence 2025-08-19T14:55:15+02:00 command.go:185:       [32m+[0m[0m route_table_id            = (known after apply)
TestIdempotence 2025-08-19T14:55:15+02:00 command.go:185:       [32m+[0m[0m state                     = (known after apply)
TestIdempotence 2025-08-19T14:55:15+02:00 command.go:185:       [32m+[0m[0m transit_gateway_id        = (known after apply)
TestIdempotence 2025-08-19T14:55:15+02:00 command.go:185:       [32m+[0m[0m vpc_endpoint_id           = (known after apply)
TestIdempotence 2025-08-19T14:55:15+02:00 command.go:185:       [32m+[0m[0m vpc_peering_connection_id = (known after apply)
TestIdempotence 2025-08-19T14:55:15+02:00 command.go:185:     }
TestIdempotence 2025-08-19T14:55:15+02:00 command.go:185: 
TestIdempotence 2025-08-19T14:55:15+02:00 command.go:185: [1m  # module.vpc_routes["security_vpc-gwlbe_outbound-10.0.0.0/8"].aws_route.this["eu-west-1a"][0m will be created
TestIdempotence 2025-08-19T14:55:15+02:00 command.go:185: [0m  [32m+[0m[0m resource "aws_route" "this" {
TestIdempotence 2025-08-19T14:55:15+02:00 command.go:185:       [32m+[0m[0m destination_cidr_block    = "10.0.0.0/8"
TestIdempotence 2025-08-19T14:55:15+02:00 command.go:185:       [32m+[0m[0m egress_only_gateway_id    = (known after apply)
TestIdempotence 2025-08-19T14:55:15+02:00 command.go:185:       [32m+[0m[0m gateway_id                = (known after apply)
TestIdempotence 2025-08-19T14:55:15+02:00 command.go:185:       [32m+[0m[0m id                        = (known after apply)
TestIdempotence 2025-08-19T14:55:15+02:00 command.go:185:       [32m+[0m[0m instance_id               = (known after apply)
TestIdempotence 2025-08-19T14:55:15+02:00 command.go:185:       [32m+[0m[0m instance_owner_id         = (known after apply)
TestIdempotence 2025-08-19T14:55:15+02:00 command.go:185:       [32m+[0m[0m local_gateway_id          = (known after apply)
TestIdempotence 2025-08-19T14:55:15+02:00 command.go:185:       [32m+[0m[0m nat_gateway_id            = (known after apply)
TestIdempotence 2025-08-19T14:55:15+02:00 command.go:185:       [32m+[0m[0m network_interface_id      = (known after apply)
TestIdempotence 2025-08-19T14:55:15+02:00 command.go:185:       [32m+[0m[0m origin                    = (known after apply)
TestIdempotence 2025-08-19T14:55:15+02:00 command.go:185:       [32m+[0m[0m route_table_id            = (known after apply)
TestIdempotence 2025-08-19T14:55:15+02:00 command.go:185:       [32m+[0m[0m state                     = (known after apply)
TestIdempotence 2025-08-19T14:55:15+02:00 command.go:185:       [32m+[0m[0m transit_gateway_id        = (known after apply)
TestIdempotence 2025-08-19T14:55:15+02:00 command.go:185:       [32m+[0m[0m vpc_endpoint_id           = (known after apply)
TestIdempotence 2025-08-19T14:55:15+02:00 command.go:185:       [32m+[0m[0m vpc_peering_connection_id = (known after apply)
TestIdempotence 2025-08-19T14:55:15+02:00 command.go:185:     }
TestIdempotence 2025-08-19T14:55:15+02:00 command.go:185: 
TestIdempotence 2025-08-19T14:55:15+02:00 command.go:185: [1m  # module.vpc_routes["security_vpc-gwlbe_outbound-10.0.0.0/8"].aws_route.this["eu-west-1b"][0m will be created
TestIdempotence 2025-08-19T14:55:15+02:00 command.go:185: [0m  [32m+[0m[0m resource "aws_route" "this" {
TestIdempotence 2025-08-19T14:55:15+02:00 command.go:185:       [32m+[0m[0m destination_cidr_block    = "10.0.0.0/8"
TestIdempotence 2025-08-19T14:55:15+02:00 command.go:185:       [32m+[0m[0m egress_only_gateway_id    = (known after apply)
TestIdempotence 2025-08-19T14:55:15+02:00 command.go:185:       [32m+[0m[0m gateway_id                = (known after apply)
TestIdempotence 2025-08-19T14:55:15+02:00 command.go:185:       [32m+[0m[0m id                        = (known after apply)
TestIdempotence 2025-08-19T14:55:15+02:00 command.go:185:       [32m+[0m[0m instance_id               = (known after apply)
TestIdempotence 2025-08-19T14:55:15+02:00 command.go:185:       [32m+[0m[0m instance_owner_id         = (known after apply)
TestIdempotence 2025-08-19T14:55:15+02:00 command.go:185:       [32m+[0m[0m local_gateway_id          = (known after apply)
TestIdempotence 2025-08-19T14:55:15+02:00 command.go:185:       [32m+[0m[0m nat_gateway_id            = (known after apply)
TestIdempotence 2025-08-19T14:55:15+02:00 command.go:185:       [32m+[0m[0m network_interface_id      = (known after apply)
TestIdempotence 2025-08-19T14:55:15+02:00 command.go:185:       [32m+[0m[0m origin                    = (known after apply)
TestIdempotence 2025-08-19T14:55:15+02:00 command.go:185:       [32m+[0m[0m route_table_id            = (known after apply)
TestIdempotence 2025-08-19T14:55:15+02:00 command.go:185:       [32m+[0m[0m state                     = (known after apply)
TestIdempotence 2025-08-19T14:55:15+02:00 command.go:185:       [32m+[0m[0m transit_gateway_id        = (known after apply)
TestIdempotence 2025-08-19T14:55:15+02:00 command.go:185:       [32m+[0m[0m vpc_endpoint_id           = (known after apply)
TestIdempotence 2025-08-19T14:55:15+02:00 command.go:185:       [32m+[0m[0m vpc_peering_connection_id = (known after apply)
TestIdempotence 2025-08-19T14:55:15+02:00 command.go:185:     }
TestIdempotence 2025-08-19T14:55:15+02:00 command.go:185: 
TestIdempotence 2025-08-19T14:55:15+02:00 command.go:185: [1m  # module.vpc_routes["security_vpc-mgmt-0.0.0.0/0"].aws_route.this["eu-west-1a"][0m will be created
TestIdempotence 2025-08-19T14:55:15+02:00 command.go:185: [0m  [32m+[0m[0m resource "aws_route" "this" {
TestIdempotence 2025-08-19T14:55:15+02:00 command.go:185:       [32m+[0m[0m destination_cidr_block    = "0.0.0.0/0"
TestIdempotence 2025-08-19T14:55:15+02:00 command.go:185:       [32m+[0m[0m egress_only_gateway_id    = (known after apply)
TestIdempotence 2025-08-19T14:55:15+02:00 command.go:185:       [32m+[0m[0m gateway_id                = (known after apply)
TestIdempotence 2025-08-19T14:55:15+02:00 command.go:185:       [32m+[0m[0m id                        = (known after apply)
TestIdempotence 2025-08-19T14:55:15+02:00 command.go:185:       [32m+[0m[0m instance_id               = (known after apply)
TestIdempotence 2025-08-19T14:55:15+02:00 command.go:185:       [32m+[0m[0m instance_owner_id         = (known after apply)
TestIdempotence 2025-08-19T14:55:15+02:00 command.go:185:       [32m+[0m[0m local_gateway_id          = (known after apply)
TestIdempotence 2025-08-19T14:55:15+02:00 command.go:185:       [32m+[0m[0m nat_gateway_id            = (known after apply)
TestIdempotence 2025-08-19T14:55:15+02:00 command.go:185:       [32m+[0m[0m network_interface_id      = (known after apply)
TestIdempotence 2025-08-19T14:55:15+02:00 command.go:185:       [32m+[0m[0m origin                    = (known after apply)
TestIdempotence 2025-08-19T14:55:15+02:00 command.go:185:       [32m+[0m[0m route_table_id            = (known after apply)
TestIdempotence 2025-08-19T14:55:15+02:00 command.go:185:       [32m+[0m[0m state                     = (known after apply)
TestIdempotence 2025-08-19T14:55:15+02:00 command.go:185:       [32m+[0m[0m transit_gateway_id        = (known after apply)
TestIdempotence 2025-08-19T14:55:15+02:00 command.go:185:       [32m+[0m[0m vpc_endpoint_id           = (known after apply)
TestIdempotence 2025-08-19T14:55:15+02:00 command.go:185:       [32m+[0m[0m vpc_peering_connection_id = (known after apply)
TestIdempotence 2025-08-19T14:55:15+02:00 command.go:185:     }
TestIdempotence 2025-08-19T14:55:15+02:00 command.go:185: 
TestIdempotence 2025-08-19T14:55:15+02:00 command.go:185: [1m  # module.vpc_routes["security_vpc-mgmt-0.0.0.0/0"].aws_route.this["eu-west-1b"][0m will be created
TestIdempotence 2025-08-19T14:55:15+02:00 command.go:185: [0m  [32m+[0m[0m resource "aws_route" "this" {
TestIdempotence 2025-08-19T14:55:15+02:00 command.go:185:       [32m+[0m[0m destination_cidr_block    = "0.0.0.0/0"
TestIdempotence 2025-08-19T14:55:15+02:00 command.go:185:       [32m+[0m[0m egress_only_gateway_id    = (known after apply)
TestIdempotence 2025-08-19T14:55:15+02:00 command.go:185:       [32m+[0m[0m gateway_id                = (known after apply)
TestIdempotence 2025-08-19T14:55:15+02:00 command.go:185:       [32m+[0m[0m id                        = (known after apply)
TestIdempotence 2025-08-19T14:55:15+02:00 command.go:185:       [32m+[0m[0m instance_id               = (known after apply)
TestIdempotence 2025-08-19T14:55:15+02:00 command.go:185:       [32m+[0m[0m instance_owner_id         = (known after apply)
TestIdempotence 2025-08-19T14:55:15+02:00 command.go:185:       [32m+[0m[0m local_gateway_id          = (known after apply)
TestIdempotence 2025-08-19T14:55:15+02:00 command.go:185:       [32m+[0m[0m nat_gateway_id            = (known after apply)
TestIdempotence 2025-08-19T14:55:15+02:00 command.go:185:       [32m+[0m[0m network_interface_id      = (known after apply)
TestIdempotence 2025-08-19T14:55:15+02:00 command.go:185:       [32m+[0m[0m origin                    = (known after apply)
TestIdempotence 2025-08-19T14:55:15+02:00 command.go:185:       [32m+[0m[0m route_table_id            = (known after apply)
TestIdempotence 2025-08-19T14:55:15+02:00 command.go:185:       [32m+[0m[0m state                     = (known after apply)
TestIdempotence 2025-08-19T14:55:15+02:00 command.go:185:       [32m+[0m[0m transit_gateway_id        = (known after apply)
TestIdempotence 2025-08-19T14:55:15+02:00 command.go:185:       [32m+[0m[0m vpc_endpoint_id           = (known after apply)
TestIdempotence 2025-08-19T14:55:15+02:00 command.go:185:       [32m+[0m[0m vpc_peering_connection_id = (known after apply)
TestIdempotence 2025-08-19T14:55:15+02:00 command.go:185:     }
TestIdempotence 2025-08-19T14:55:15+02:00 command.go:185: 
TestIdempotence 2025-08-19T14:55:15+02:00 command.go:185: [1m  # module.vpc_routes["security_vpc-mgmt-10.0.0.0/8"].aws_route.this["eu-west-1a"][0m will be created
TestIdempotence 2025-08-19T14:55:15+02:00 command.go:185: [0m  [32m+[0m[0m resource "aws_route" "this" {
TestIdempotence 2025-08-19T14:55:15+02:00 command.go:185:       [32m+[0m[0m destination_cidr_block    = "10.0.0.0/8"
TestIdempotence 2025-08-19T14:55:15+02:00 command.go:185:       [32m+[0m[0m egress_only_gateway_id    = (known after apply)
TestIdempotence 2025-08-19T14:55:15+02:00 command.go:185:       [32m+[0m[0m gateway_id                = (known after apply)
TestIdempotence 2025-08-19T14:55:15+02:00 command.go:185:       [32m+[0m[0m id                        = (known after apply)
TestIdempotence 2025-08-19T14:55:15+02:00 command.go:185:       [32m+[0m[0m instance_id               = (known after apply)
TestIdempotence 2025-08-19T14:55:15+02:00 command.go:185:       [32m+[0m[0m instance_owner_id         = (known after apply)
TestIdempotence 2025-08-19T14:55:15+02:00 command.go:185:       [32m+[0m[0m local_gateway_id          = (known after apply)
TestIdempotence 2025-08-19T14:55:15+02:00 command.go:185:       [32m+[0m[0m nat_gateway_id            = (known after apply)
TestIdempotence 2025-08-19T14:55:15+02:00 command.go:185:       [32m+[0m[0m network_interface_id      = (known after apply)
TestIdempotence 2025-08-19T14:55:15+02:00 command.go:185:       [32m+[0m[0m origin                    = (known after apply)
TestIdempotence 2025-08-19T14:55:15+02:00 command.go:185:       [32m+[0m[0m route_table_id            = (known after apply)
TestIdempotence 2025-08-19T14:55:15+02:00 command.go:185:       [32m+[0m[0m state                     = (known after apply)
TestIdempotence 2025-08-19T14:55:15+02:00 command.go:185:       [32m+[0m[0m transit_gateway_id        = (known after apply)
TestIdempotence 2025-08-19T14:55:15+02:00 command.go:185:       [32m+[0m[0m vpc_endpoint_id           = (known after apply)
TestIdempotence 2025-08-19T14:55:15+02:00 command.go:185:       [32m+[0m[0m vpc_peering_connection_id = (known after apply)
TestIdempotence 2025-08-19T14:55:15+02:00 command.go:185:     }
TestIdempotence 2025-08-19T14:55:15+02:00 command.go:185: 
TestIdempotence 2025-08-19T14:55:15+02:00 command.go:185: [1m  # module.vpc_routes["security_vpc-mgmt-10.0.0.0/8"].aws_route.this["eu-west-1b"][0m will be created
TestIdempotence 2025-08-19T14:55:15+02:00 command.go:185: [0m  [32m+[0m[0m resource "aws_route" "this" {
TestIdempotence 2025-08-19T14:55:15+02:00 command.go:185:       [32m+[0m[0m destination_cidr_block    = "10.0.0.0/8"
TestIdempotence 2025-08-19T14:55:15+02:00 command.go:185:       [32m+[0m[0m egress_only_gateway_id    = (known after apply)
TestIdempotence 2025-08-19T14:55:15+02:00 command.go:185:       [32m+[0m[0m gateway_id                = (known after apply)
TestIdempotence 2025-08-19T14:55:15+02:00 command.go:185:       [32m+[0m[0m id                        = (known after apply)
TestIdempotence 2025-08-19T14:55:15+02:00 command.go:185:       [32m+[0m[0m instance_id               = (known after apply)
TestIdempotence 2025-08-19T14:55:15+02:00 command.go:185:       [32m+[0m[0m instance_owner_id         = (known after apply)
TestIdempotence 2025-08-19T14:55:15+02:00 command.go:185:       [32m+[0m[0m local_gateway_id          = (known after apply)
TestIdempotence 2025-08-19T14:55:15+02:00 command.go:185:       [32m+[0m[0m nat_gateway_id            = (known after apply)
TestIdempotence 2025-08-19T14:55:15+02:00 command.go:185:       [32m+[0m[0m network_interface_id      = (known after apply)
TestIdempotence 2025-08-19T14:55:15+02:00 command.go:185:       [32m+[0m[0m origin                    = (known after apply)
TestIdempotence 2025-08-19T14:55:15+02:00 command.go:185:       [32m+[0m[0m route_table_id            = (known after apply)
TestIdempotence 2025-08-19T14:55:15+02:00 command.go:185:       [32m+[0m[0m state                     = (known after apply)
TestIdempotence 2025-08-19T14:55:15+02:00 command.go:185:       [32m+[0m[0m transit_gateway_id        = (known after apply)
TestIdempotence 2025-08-19T14:55:15+02:00 command.go:185:       [32m+[0m[0m vpc_endpoint_id           = (known after apply)
TestIdempotence 2025-08-19T14:55:15+02:00 command.go:185:       [32m+[0m[0m vpc_peering_connection_id = (known after apply)
TestIdempotence 2025-08-19T14:55:15+02:00 command.go:185:     }
TestIdempotence 2025-08-19T14:55:15+02:00 command.go:185: 
TestIdempotence 2025-08-19T14:55:15+02:00 command.go:185: [1m  # module.vpc_routes["security_vpc-mgmt-10.255.0.0/16"].aws_route.this["eu-west-1a"][0m will be created
TestIdempotence 2025-08-19T14:55:15+02:00 command.go:185: [0m  [32m+[0m[0m resource "aws_route" "this" {
TestIdempotence 2025-08-19T14:55:15+02:00 command.go:185:       [32m+[0m[0m destination_cidr_block    = "10.255.0.0/16"
TestIdempotence 2025-08-19T14:55:15+02:00 command.go:185:       [32m+[0m[0m egress_only_gateway_id    = (known after apply)
TestIdempotence 2025-08-19T14:55:15+02:00 command.go:185:       [32m+[0m[0m gateway_id                = (known after apply)
TestIdempotence 2025-08-19T14:55:15+02:00 command.go:185:       [32m+[0m[0m id                        = (known after apply)
TestIdempotence 2025-08-19T14:55:15+02:00 command.go:185:       [32m+[0m[0m instance_id               = (known after apply)
TestIdempotence 2025-08-19T14:55:15+02:00 command.go:185:       [32m+[0m[0m instance_owner_id         = (known after apply)
TestIdempotence 2025-08-19T14:55:15+02:00 command.go:185:       [32m+[0m[0m local_gateway_id          = (known after apply)
TestIdempotence 2025-08-19T14:55:15+02:00 command.go:185:       [32m+[0m[0m nat_gateway_id            = (known after apply)
TestIdempotence 2025-08-19T14:55:15+02:00 command.go:185:       [32m+[0m[0m network_interface_id      = (known after apply)
TestIdempotence 2025-08-19T14:55:15+02:00 command.go:185:       [32m+[0m[0m origin                    = (known after apply)
TestIdempotence 2025-08-19T14:55:15+02:00 command.go:185:       [32m+[0m[0m route_table_id            = (known after apply)
TestIdempotence 2025-08-19T14:55:15+02:00 command.go:185:       [32m+[0m[0m state                     = (known after apply)
TestIdempotence 2025-08-19T14:55:15+02:00 command.go:185:       [32m+[0m[0m transit_gateway_id        = (known after apply)
TestIdempotence 2025-08-19T14:55:15+02:00 command.go:185:       [32m+[0m[0m vpc_endpoint_id           = (known after apply)
TestIdempotence 2025-08-19T14:55:15+02:00 command.go:185:       [32m+[0m[0m vpc_peering_connection_id = (known after apply)
TestIdempotence 2025-08-19T14:55:15+02:00 command.go:185:     }
TestIdempotence 2025-08-19T14:55:15+02:00 command.go:185: 
TestIdempotence 2025-08-19T14:55:15+02:00 command.go:185: [1m  # module.vpc_routes["security_vpc-mgmt-10.255.0.0/16"].aws_route.this["eu-west-1b"][0m will be created
TestIdempotence 2025-08-19T14:55:15+02:00 command.go:185: [0m  [32m+[0m[0m resource "aws_route" "this" {
TestIdempotence 2025-08-19T14:55:15+02:00 command.go:185:       [32m+[0m[0m destination_cidr_block    = "10.255.0.0/16"
TestIdempotence 2025-08-19T14:55:15+02:00 command.go:185:       [32m+[0m[0m egress_only_gateway_id    = (known after apply)
TestIdempotence 2025-08-19T14:55:15+02:00 command.go:185:       [32m+[0m[0m gateway_id                = (known after apply)
TestIdempotence 2025-08-19T14:55:15+02:00 command.go:185:       [32m+[0m[0m id                        = (known after apply)
TestIdempotence 2025-08-19T14:55:15+02:00 command.go:185:       [32m+[0m[0m instance_id               = (known after apply)
TestIdempotence 2025-08-19T14:55:15+02:00 command.go:185:       [32m+[0m[0m instance_owner_id         = (known after apply)
TestIdempotence 2025-08-19T14:55:15+02:00 command.go:185:       [32m+[0m[0m local_gateway_id          = (known after apply)
TestIdempotence 2025-08-19T14:55:15+02:00 command.go:185:       [32m+[0m[0m nat_gateway_id            = (known after apply)
TestIdempotence 2025-08-19T14:55:15+02:00 command.go:185:       [32m+[0m[0m network_interface_id      = (known after apply)
TestIdempotence 2025-08-19T14:55:15+02:00 command.go:185:       [32m+[0m[0m origin                    = (known after apply)
TestIdempotence 2025-08-19T14:55:15+02:00 command.go:185:       [32m+[0m[0m route_table_id            = (known after apply)
TestIdempotence 2025-08-19T14:55:15+02:00 command.go:185:       [32m+[0m[0m state                     = (known after apply)
TestIdempotence 2025-08-19T14:55:15+02:00 command.go:185:       [32m+[0m[0m transit_gateway_id        = (known after apply)
TestIdempotence 2025-08-19T14:55:15+02:00 command.go:185:       [32m+[0m[0m vpc_endpoint_id           = (known after apply)
TestIdempotence 2025-08-19T14:55:15+02:00 command.go:185:       [32m+[0m[0m vpc_peering_connection_id = (known after apply)
TestIdempotence 2025-08-19T14:55:15+02:00 command.go:185:     }
TestIdempotence 2025-08-19T14:55:15+02:00 command.go:185: 
TestIdempotence 2025-08-19T14:55:15+02:00 command.go:185: [1m  # module.vpc_routes["security_vpc-nlb-0.0.0.0/0"].aws_route.this["eu-west-1a"][0m will be created
TestIdempotence 2025-08-19T14:55:15+02:00 command.go:185: [0m  [32m+[0m[0m resource "aws_route" "this" {
TestIdempotence 2025-08-19T14:55:15+02:00 command.go:185:       [32m+[0m[0m destination_cidr_block    = "0.0.0.0/0"
TestIdempotence 2025-08-19T14:55:15+02:00 command.go:185:       [32m+[0m[0m egress_only_gateway_id    = (known after apply)
TestIdempotence 2025-08-19T14:55:15+02:00 command.go:185:       [32m+[0m[0m gateway_id                = (known after apply)
TestIdempotence 2025-08-19T14:55:15+02:00 command.go:185:       [32m+[0m[0m id                        = (known after apply)
TestIdempotence 2025-08-19T14:55:15+02:00 command.go:185:       [32m+[0m[0m instance_id               = (known after apply)
TestIdempotence 2025-08-19T14:55:15+02:00 command.go:185:       [32m+[0m[0m instance_owner_id         = (known after apply)
TestIdempotence 2025-08-19T14:55:15+02:00 command.go:185:       [32m+[0m[0m local_gateway_id          = (known after apply)
TestIdempotence 2025-08-19T14:55:15+02:00 command.go:185:       [32m+[0m[0m nat_gateway_id            = (known after apply)
TestIdempotence 2025-08-19T14:55:15+02:00 command.go:185:       [32m+[0m[0m network_interface_id      = (known after apply)
TestIdempotence 2025-08-19T14:55:15+02:00 command.go:185:       [32m+[0m[0m origin                    = (known after apply)
TestIdempotence 2025-08-19T14:55:15+02:00 command.go:185:       [32m+[0m[0m route_table_id            = (known after apply)
TestIdempotence 2025-08-19T14:55:15+02:00 command.go:185:       [32m+[0m[0m state                     = (known after apply)
TestIdempotence 2025-08-19T14:55:15+02:00 command.go:185:       [32m+[0m[0m transit_gateway_id        = (known after apply)
TestIdempotence 2025-08-19T14:55:15+02:00 command.go:185:       [32m+[0m[0m vpc_endpoint_id           = (known after apply)
TestIdempotence 2025-08-19T14:55:15+02:00 command.go:185:       [32m+[0m[0m vpc_peering_connection_id = (known after apply)
TestIdempotence 2025-08-19T14:55:15+02:00 command.go:185:     }
TestIdempotence 2025-08-19T14:55:15+02:00 command.go:185: 
TestIdempotence 2025-08-19T14:55:15+02:00 command.go:185: [1m  # module.vpc_routes["security_vpc-nlb-0.0.0.0/0"].aws_route.this["eu-west-1b"][0m will be created
TestIdempotence 2025-08-19T14:55:15+02:00 command.go:185: [0m  [32m+[0m[0m resource "aws_route" "this" {
TestIdempotence 2025-08-19T14:55:15+02:00 command.go:185:       [32m+[0m[0m destination_cidr_block    = "0.0.0.0/0"
TestIdempotence 2025-08-19T14:55:15+02:00 command.go:185:       [32m+[0m[0m egress_only_gateway_id    = (known after apply)
TestIdempotence 2025-08-19T14:55:15+02:00 command.go:185:       [32m+[0m[0m gateway_id                = (known after apply)
TestIdempotence 2025-08-19T14:55:15+02:00 command.go:185:       [32m+[0m[0m id                        = (known after apply)
TestIdempotence 2025-08-19T14:55:15+02:00 command.go:185:       [32m+[0m[0m instance_id               = (known after apply)
TestIdempotence 2025-08-19T14:55:15+02:00 command.go:185:       [32m+[0m[0m instance_owner_id         = (known after apply)
TestIdempotence 2025-08-19T14:55:15+02:00 command.go:185:       [32m+[0m[0m local_gateway_id          = (known after apply)
TestIdempotence 2025-08-19T14:55:15+02:00 command.go:185:       [32m+[0m[0m nat_gateway_id            = (known after apply)
TestIdempotence 2025-08-19T14:55:15+02:00 command.go:185:       [32m+[0m[0m network_interface_id      = (known after apply)
TestIdempotence 2025-08-19T14:55:15+02:00 command.go:185:       [32m+[0m[0m origin                    = (known after apply)
TestIdempotence 2025-08-19T14:55:15+02:00 command.go:185:       [32m+[0m[0m route_table_id            = (known after apply)
TestIdempotence 2025-08-19T14:55:15+02:00 command.go:185:       [32m+[0m[0m state                     = (known after apply)
TestIdempotence 2025-08-19T14:55:15+02:00 command.go:185:       [32m+[0m[0m transit_gateway_id        = (known after apply)
TestIdempotence 2025-08-19T14:55:15+02:00 command.go:185:       [32m+[0m[0m vpc_endpoint_id           = (known after apply)
TestIdempotence 2025-08-19T14:55:15+02:00 command.go:185:       [32m+[0m[0m vpc_peering_connection_id = (known after apply)
TestIdempotence 2025-08-19T14:55:15+02:00 command.go:185:     }
TestIdempotence 2025-08-19T14:55:15+02:00 command.go:185: 
TestIdempotence 2025-08-19T14:55:15+02:00 command.go:185: [1m  # module.vpc_routes["security_vpc-private-10.104.0.0/16"].aws_route.this["eu-west-1a"][0m will be created
TestIdempotence 2025-08-19T14:55:15+02:00 command.go:185: [0m  [32m+[0m[0m resource "aws_route" "this" {
TestIdempotence 2025-08-19T14:55:15+02:00 command.go:185:       [32m+[0m[0m destination_cidr_block    = "10.104.0.0/16"
TestIdempotence 2025-08-19T14:55:15+02:00 command.go:185:       [32m+[0m[0m egress_only_gateway_id    = (known after apply)
TestIdempotence 2025-08-19T14:55:15+02:00 command.go:185:       [32m+[0m[0m gateway_id                = (known after apply)
TestIdempotence 2025-08-19T14:55:15+02:00 command.go:185:       [32m+[0m[0m id                        = (known after apply)
TestIdempotence 2025-08-19T14:55:15+02:00 command.go:185:       [32m+[0m[0m instance_id               = (known after apply)
TestIdempotence 2025-08-19T14:55:15+02:00 command.go:185:       [32m+[0m[0m instance_owner_id         = (known after apply)
TestIdempotence 2025-08-19T14:55:15+02:00 command.go:185:       [32m+[0m[0m local_gateway_id          = (known after apply)
TestIdempotence 2025-08-19T14:55:15+02:00 command.go:185:       [32m+[0m[0m nat_gateway_id            = (known after apply)
TestIdempotence 2025-08-19T14:55:15+02:00 command.go:185:       [32m+[0m[0m network_interface_id      = (known after apply)
TestIdempotence 2025-08-19T14:55:15+02:00 command.go:185:       [32m+[0m[0m origin                    = (known after apply)
TestIdempotence 2025-08-19T14:55:15+02:00 command.go:185:       [32m+[0m[0m route_table_id            = (known after apply)
TestIdempotence 2025-08-19T14:55:15+02:00 command.go:185:       [32m+[0m[0m state                     = (known after apply)
TestIdempotence 2025-08-19T14:55:15+02:00 command.go:185:       [32m+[0m[0m transit_gateway_id        = (known after apply)
TestIdempotence 2025-08-19T14:55:15+02:00 command.go:185:       [32m+[0m[0m vpc_endpoint_id           = (known after apply)
TestIdempotence 2025-08-19T14:55:15+02:00 command.go:185:       [32m+[0m[0m vpc_peering_connection_id = (known after apply)
TestIdempotence 2025-08-19T14:55:15+02:00 command.go:185:     }
TestIdempotence 2025-08-19T14:55:15+02:00 command.go:185: 
TestIdempotence 2025-08-19T14:55:15+02:00 command.go:185: [1m  # module.vpc_routes["security_vpc-private-10.104.0.0/16"].aws_route.this["eu-west-1b"][0m will be created
TestIdempotence 2025-08-19T14:55:15+02:00 command.go:185: [0m  [32m+[0m[0m resource "aws_route" "this" {
TestIdempotence 2025-08-19T14:55:15+02:00 command.go:185:       [32m+[0m[0m destination_cidr_block    = "10.104.0.0/16"
TestIdempotence 2025-08-19T14:55:15+02:00 command.go:185:       [32m+[0m[0m egress_only_gateway_id    = (known after apply)
TestIdempotence 2025-08-19T14:55:15+02:00 command.go:185:       [32m+[0m[0m gateway_id                = (known after apply)
TestIdempotence 2025-08-19T14:55:15+02:00 command.go:185:       [32m+[0m[0m id                        = (known after apply)
TestIdempotence 2025-08-19T14:55:15+02:00 command.go:185:       [32m+[0m[0m instance_id               = (known after apply)
TestIdempotence 2025-08-19T14:55:15+02:00 command.go:185:       [32m+[0m[0m instance_owner_id         = (known after apply)
TestIdempotence 2025-08-19T14:55:15+02:00 command.go:185:       [32m+[0m[0m local_gateway_id          = (known after apply)
TestIdempotence 2025-08-19T14:55:15+02:00 command.go:185:       [32m+[0m[0m nat_gateway_id            = (known after apply)
TestIdempotence 2025-08-19T14:55:15+02:00 command.go:185:       [32m+[0m[0m network_interface_id      = (known after apply)
TestIdempotence 2025-08-19T14:55:15+02:00 command.go:185:       [32m+[0m[0m origin                    = (known after apply)
TestIdempotence 2025-08-19T14:55:15+02:00 command.go:185:       [32m+[0m[0m route_table_id            = (known after apply)
TestIdempotence 2025-08-19T14:55:15+02:00 command.go:185:       [32m+[0m[0m state                     = (known after apply)
TestIdempotence 2025-08-19T14:55:15+02:00 command.go:185:       [32m+[0m[0m transit_gateway_id        = (known after apply)
TestIdempotence 2025-08-19T14:55:15+02:00 command.go:185:       [32m+[0m[0m vpc_endpoint_id           = (known after apply)
TestIdempotence 2025-08-19T14:55:15+02:00 command.go:185:       [32m+[0m[0m vpc_peering_connection_id = (known after apply)
TestIdempotence 2025-08-19T14:55:15+02:00 command.go:185:     }
TestIdempotence 2025-08-19T14:55:15+02:00 command.go:185: 
TestIdempotence 2025-08-19T14:55:15+02:00 command.go:185: [1m  # module.vpc_routes["security_vpc-private-10.105.0.0/16"].aws_route.this["eu-west-1a"][0m will be created
TestIdempotence 2025-08-19T14:55:15+02:00 command.go:185: [0m  [32m+[0m[0m resource "aws_route" "this" {
TestIdempotence 2025-08-19T14:55:15+02:00 command.go:185:       [32m+[0m[0m destination_cidr_block    = "10.105.0.0/16"
TestIdempotence 2025-08-19T14:55:15+02:00 command.go:185:       [32m+[0m[0m egress_only_gateway_id    = (known after apply)
TestIdempotence 2025-08-19T14:55:15+02:00 command.go:185:       [32m+[0m[0m gateway_id                = (known after apply)
TestIdempotence 2025-08-19T14:55:15+02:00 command.go:185:       [32m+[0m[0m id                        = (known after apply)
TestIdempotence 2025-08-19T14:55:15+02:00 command.go:185:       [32m+[0m[0m instance_id               = (known after apply)
TestIdempotence 2025-08-19T14:55:15+02:00 command.go:185:       [32m+[0m[0m instance_owner_id         = (known after apply)
TestIdempotence 2025-08-19T14:55:15+02:00 command.go:185:       [32m+[0m[0m local_gateway_id          = (known after apply)
TestIdempotence 2025-08-19T14:55:15+02:00 command.go:185:       [32m+[0m[0m nat_gateway_id            = (known after apply)
TestIdempotence 2025-08-19T14:55:15+02:00 command.go:185:       [32m+[0m[0m network_interface_id      = (known after apply)
TestIdempotence 2025-08-19T14:55:15+02:00 command.go:185:       [32m+[0m[0m origin                    = (known after apply)
TestIdempotence 2025-08-19T14:55:15+02:00 command.go:185:       [32m+[0m[0m route_table_id            = (known after apply)
TestIdempotence 2025-08-19T14:55:15+02:00 command.go:185:       [32m+[0m[0m state                     = (known after apply)
TestIdempotence 2025-08-19T14:55:15+02:00 command.go:185:       [32m+[0m[0m transit_gateway_id        = (known after apply)
TestIdempotence 2025-08-19T14:55:15+02:00 command.go:185:       [32m+[0m[0m vpc_endpoint_id           = (known after apply)
TestIdempotence 2025-08-19T14:55:15+02:00 command.go:185:       [32m+[0m[0m vpc_peering_connection_id = (known after apply)
TestIdempotence 2025-08-19T14:55:15+02:00 command.go:185:     }
TestIdempotence 2025-08-19T14:55:15+02:00 command.go:185: 
TestIdempotence 2025-08-19T14:55:15+02:00 command.go:185: [1m  # module.vpc_routes["security_vpc-private-10.105.0.0/16"].aws_route.this["eu-west-1b"][0m will be created
TestIdempotence 2025-08-19T14:55:15+02:00 command.go:185: [0m  [32m+[0m[0m resource "aws_route" "this" {
TestIdempotence 2025-08-19T14:55:15+02:00 command.go:185:       [32m+[0m[0m destination_cidr_block    = "10.105.0.0/16"
TestIdempotence 2025-08-19T14:55:15+02:00 command.go:185:       [32m+[0m[0m egress_only_gateway_id    = (known after apply)
TestIdempotence 2025-08-19T14:55:15+02:00 command.go:185:       [32m+[0m[0m gateway_id                = (known after apply)
TestIdempotence 2025-08-19T14:55:15+02:00 command.go:185:       [32m+[0m[0m id                        = (known after apply)
TestIdempotence 2025-08-19T14:55:15+02:00 command.go:185:       [32m+[0m[0m instance_id               = (known after apply)
TestIdempotence 2025-08-19T14:55:15+02:00 command.go:185:       [32m+[0m[0m instance_owner_id         = (known after apply)
TestIdempotence 2025-08-19T14:55:15+02:00 command.go:185:       [32m+[0m[0m local_gateway_id          = (known after apply)
TestIdempotence 2025-08-19T14:55:15+02:00 command.go:185:       [32m+[0m[0m nat_gateway_id            = (known after apply)
TestIdempotence 2025-08-19T14:55:15+02:00 command.go:185:       [32m+[0m[0m network_interface_id      = (known after apply)
TestIdempotence 2025-08-19T14:55:15+02:00 command.go:185:       [32m+[0m[0m origin                    = (known after apply)
TestIdempotence 2025-08-19T14:55:15+02:00 command.go:185:       [32m+[0m[0m route_table_id            = (known after apply)
TestIdempotence 2025-08-19T14:55:15+02:00 command.go:185:       [32m+[0m[0m state                     = (known after apply)
TestIdempotence 2025-08-19T14:55:15+02:00 command.go:185:       [32m+[0m[0m transit_gateway_id        = (known after apply)
TestIdempotence 2025-08-19T14:55:15+02:00 command.go:185:       [32m+[0m[0m vpc_endpoint_id           = (known after apply)
TestIdempotence 2025-08-19T14:55:15+02:00 command.go:185:       [32m+[0m[0m vpc_peering_connection_id = (known after apply)
TestIdempotence 2025-08-19T14:55:15+02:00 command.go:185:     }
TestIdempotence 2025-08-19T14:55:15+02:00 command.go:185: 
TestIdempotence 2025-08-19T14:55:15+02:00 command.go:185: [1m  # module.vpc_routes["security_vpc-public-0.0.0.0/0"].aws_route.this["eu-west-1a"][0m will be created
TestIdempotence 2025-08-19T14:55:15+02:00 command.go:185: [0m  [32m+[0m[0m resource "aws_route" "this" {
TestIdempotence 2025-08-19T14:55:15+02:00 command.go:185:       [32m+[0m[0m destination_cidr_block    = "0.0.0.0/0"
TestIdempotence 2025-08-19T14:55:15+02:00 command.go:185:       [32m+[0m[0m egress_only_gateway_id    = (known after apply)
TestIdempotence 2025-08-19T14:55:15+02:00 command.go:185:       [32m+[0m[0m gateway_id                = (known after apply)
TestIdempotence 2025-08-19T14:55:15+02:00 command.go:185:       [32m+[0m[0m id                        = (known after apply)
TestIdempotence 2025-08-19T14:55:15+02:00 command.go:185:       [32m+[0m[0m instance_id               = (known after apply)
TestIdempotence 2025-08-19T14:55:15+02:00 command.go:185:       [32m+[0m[0m instance_owner_id         = (known after apply)
TestIdempotence 2025-08-19T14:55:15+02:00 command.go:185:       [32m+[0m[0m local_gateway_id          = (known after apply)
TestIdempotence 2025-08-19T14:55:15+02:00 command.go:185:       [32m+[0m[0m nat_gateway_id            = (known after apply)
TestIdempotence 2025-08-19T14:55:15+02:00 command.go:185:       [32m+[0m[0m network_interface_id      = (known after apply)
TestIdempotence 2025-08-19T14:55:15+02:00 command.go:185:       [32m+[0m[0m origin                    = (known after apply)
TestIdempotence 2025-08-19T14:55:15+02:00 command.go:185:       [32m+[0m[0m route_table_id            = (known after apply)
TestIdempotence 2025-08-19T14:55:15+02:00 command.go:185:       [32m+[0m[0m state                     = (known after apply)
TestIdempotence 2025-08-19T14:55:15+02:00 command.go:185:       [32m+[0m[0m transit_gateway_id        = (known after apply)
TestIdempotence 2025-08-19T14:55:15+02:00 command.go:185:       [32m+[0m[0m vpc_endpoint_id           = (known after apply)
TestIdempotence 2025-08-19T14:55:15+02:00 command.go:185:       [32m+[0m[0m vpc_peering_connection_id = (known after apply)
TestIdempotence 2025-08-19T14:55:15+02:00 command.go:185:     }
TestIdempotence 2025-08-19T14:55:15+02:00 command.go:185: 
TestIdempotence 2025-08-19T14:55:15+02:00 command.go:185: [1m  # module.vpc_routes["security_vpc-public-0.0.0.0/0"].aws_route.this["eu-west-1b"][0m will be created
TestIdempotence 2025-08-19T14:55:15+02:00 command.go:185: [0m  [32m+[0m[0m resource "aws_route" "this" {
TestIdempotence 2025-08-19T14:55:15+02:00 command.go:185:       [32m+[0m[0m destination_cidr_block    = "0.0.0.0/0"
TestIdempotence 2025-08-19T14:55:15+02:00 command.go:185:       [32m+[0m[0m egress_only_gateway_id    = (known after apply)
TestIdempotence 2025-08-19T14:55:15+02:00 command.go:185:       [32m+[0m[0m gateway_id                = (known after apply)
TestIdempotence 2025-08-19T14:55:15+02:00 command.go:185:       [32m+[0m[0m id                        = (known after apply)
TestIdempotence 2025-08-19T14:55:15+02:00 command.go:185:       [32m+[0m[0m instance_id               = (known after apply)
TestIdempotence 2025-08-19T14:55:15+02:00 command.go:185:       [32m+[0m[0m instance_owner_id         = (known after apply)
TestIdempotence 2025-08-19T14:55:15+02:00 command.go:185:       [32m+[0m[0m local_gateway_id          = (known after apply)
TestIdempotence 2025-08-19T14:55:15+02:00 command.go:185:       [32m+[0m[0m nat_gateway_id            = (known after apply)
TestIdempotence 2025-08-19T14:55:15+02:00 command.go:185:       [32m+[0m[0m network_interface_id      = (known after apply)
TestIdempotence 2025-08-19T14:55:15+02:00 command.go:185:       [32m+[0m[0m origin                    = (known after apply)
TestIdempotence 2025-08-19T14:55:15+02:00 command.go:185:       [32m+[0m[0m route_table_id            = (known after apply)
TestIdempotence 2025-08-19T14:55:15+02:00 command.go:185:       [32m+[0m[0m state                     = (known after apply)
TestIdempotence 2025-08-19T14:55:15+02:00 command.go:185:       [32m+[0m[0m transit_gateway_id        = (known after apply)
TestIdempotence 2025-08-19T14:55:15+02:00 command.go:185:       [32m+[0m[0m vpc_endpoint_id           = (known after apply)
TestIdempotence 2025-08-19T14:55:15+02:00 command.go:185:       [32m+[0m[0m vpc_peering_connection_id = (known after apply)
TestIdempotence 2025-08-19T14:55:15+02:00 command.go:185:     }
TestIdempotence 2025-08-19T14:55:15+02:00 command.go:185: 
TestIdempotence 2025-08-19T14:55:15+02:00 command.go:185: [1m  # module.vpc_routes["security_vpc-tgw_attach-0.0.0.0/0"].aws_route.this["eu-west-1a"][0m will be created
TestIdempotence 2025-08-19T14:55:15+02:00 command.go:185: [0m  [32m+[0m[0m resource "aws_route" "this" {
TestIdempotence 2025-08-19T14:55:15+02:00 command.go:185:       [32m+[0m[0m destination_cidr_block    = "0.0.0.0/0"
TestIdempotence 2025-08-19T14:55:15+02:00 command.go:185:       [32m+[0m[0m egress_only_gateway_id    = (known after apply)
TestIdempotence 2025-08-19T14:55:15+02:00 command.go:185:       [32m+[0m[0m gateway_id                = (known after apply)
TestIdempotence 2025-08-19T14:55:15+02:00 command.go:185:       [32m+[0m[0m id                        = (known after apply)
TestIdempotence 2025-08-19T14:55:15+02:00 command.go:185:       [32m+[0m[0m instance_id               = (known after apply)
TestIdempotence 2025-08-19T14:55:15+02:00 command.go:185:       [32m+[0m[0m instance_owner_id         = (known after apply)
TestIdempotence 2025-08-19T14:55:15+02:00 command.go:185:       [32m+[0m[0m local_gateway_id          = (known after apply)
TestIdempotence 2025-08-19T14:55:15+02:00 command.go:185:       [32m+[0m[0m nat_gateway_id            = (known after apply)
TestIdempotence 2025-08-19T14:55:15+02:00 command.go:185:       [32m+[0m[0m network_interface_id      = (known after apply)
TestIdempotence 2025-08-19T14:55:15+02:00 command.go:185:       [32m+[0m[0m origin                    = (known after apply)
TestIdempotence 2025-08-19T14:55:15+02:00 command.go:185:       [32m+[0m[0m route_table_id            = (known after apply)
TestIdempotence 2025-08-19T14:55:15+02:00 command.go:185:       [32m+[0m[0m state                     = (known after apply)
TestIdempotence 2025-08-19T14:55:15+02:00 command.go:185:       [32m+[0m[0m transit_gateway_id        = (known after apply)
TestIdempotence 2025-08-19T14:55:15+02:00 command.go:185:       [32m+[0m[0m vpc_endpoint_id           = (known after apply)
TestIdempotence 2025-08-19T14:55:15+02:00 command.go:185:       [32m+[0m[0m vpc_peering_connection_id = (known after apply)
TestIdempotence 2025-08-19T14:55:15+02:00 command.go:185:     }
TestIdempotence 2025-08-19T14:55:15+02:00 command.go:185: 
TestIdempotence 2025-08-19T14:55:15+02:00 command.go:185: [1m  # module.vpc_routes["security_vpc-tgw_attach-0.0.0.0/0"].aws_route.this["eu-west-1b"][0m will be created
TestIdempotence 2025-08-19T14:55:15+02:00 command.go:185: [0m  [32m+[0m[0m resource "aws_route" "this" {
TestIdempotence 2025-08-19T14:55:15+02:00 command.go:185:       [32m+[0m[0m destination_cidr_block    = "0.0.0.0/0"
TestIdempotence 2025-08-19T14:55:15+02:00 command.go:185:       [32m+[0m[0m egress_only_gateway_id    = (known after apply)
TestIdempotence 2025-08-19T14:55:15+02:00 command.go:185:       [32m+[0m[0m gateway_id                = (known after apply)
TestIdempotence 2025-08-19T14:55:15+02:00 command.go:185:       [32m+[0m[0m id                        = (known after apply)
TestIdempotence 2025-08-19T14:55:15+02:00 command.go:185:       [32m+[0m[0m instance_id               = (known after apply)
TestIdempotence 2025-08-19T14:55:15+02:00 command.go:185:       [32m+[0m[0m instance_owner_id         = (known after apply)
TestIdempotence 2025-08-19T14:55:15+02:00 command.go:185:       [32m+[0m[0m local_gateway_id          = (known after apply)
TestIdempotence 2025-08-19T14:55:15+02:00 command.go:185:       [32m+[0m[0m nat_gateway_id            = (known after apply)
TestIdempotence 2025-08-19T14:55:15+02:00 command.go:185:       [32m+[0m[0m network_interface_id      = (known after apply)
TestIdempotence 2025-08-19T14:55:15+02:00 command.go:185:       [32m+[0m[0m origin                    = (known after apply)
TestIdempotence 2025-08-19T14:55:15+02:00 command.go:185:       [32m+[0m[0m route_table_id            = (known after apply)
TestIdempotence 2025-08-19T14:55:15+02:00 command.go:185:       [32m+[0m[0m state                     = (known after apply)
TestIdempotence 2025-08-19T14:55:15+02:00 command.go:185:       [32m+[0m[0m transit_gateway_id        = (known after apply)
TestIdempotence 2025-08-19T14:55:15+02:00 command.go:185:       [32m+[0m[0m vpc_endpoint_id           = (known after apply)
TestIdempotence 2025-08-19T14:55:15+02:00 command.go:185:       [32m+[0m[0m vpc_peering_connection_id = (known after apply)
TestIdempotence 2025-08-19T14:55:15+02:00 command.go:185:     }
TestIdempotence 2025-08-19T14:55:15+02:00 command.go:185: 
TestIdempotence 2025-08-19T14:55:15+02:00 command.go:185: [1m  # module.vpc_routes["security_vpc-tgw_attach-10.0.0.0/8"].aws_route.this["eu-west-1a"][0m will be created
TestIdempotence 2025-08-19T14:55:15+02:00 command.go:185: [0m  [32m+[0m[0m resource "aws_route" "this" {
TestIdempotence 2025-08-19T14:55:15+02:00 command.go:185:       [32m+[0m[0m destination_cidr_block    = "10.0.0.0/8"
TestIdempotence 2025-08-19T14:55:15+02:00 command.go:185:       [32m+[0m[0m egress_only_gateway_id    = (known after apply)
TestIdempotence 2025-08-19T14:55:15+02:00 command.go:185:       [32m+[0m[0m gateway_id                = (known after apply)
TestIdempotence 2025-08-19T14:55:15+02:00 command.go:185:       [32m+[0m[0m id                        = (known after apply)
TestIdempotence 2025-08-19T14:55:15+02:00 command.go:185:       [32m+[0m[0m instance_id               = (known after apply)
TestIdempotence 2025-08-19T14:55:15+02:00 command.go:185:       [32m+[0m[0m instance_owner_id         = (known after apply)
TestIdempotence 2025-08-19T14:55:15+02:00 command.go:185:       [32m+[0m[0m local_gateway_id          = (known after apply)
TestIdempotence 2025-08-19T14:55:15+02:00 command.go:185:       [32m+[0m[0m nat_gateway_id            = (known after apply)
TestIdempotence 2025-08-19T14:55:15+02:00 command.go:185:       [32m+[0m[0m network_interface_id      = (known after apply)
TestIdempotence 2025-08-19T14:55:15+02:00 command.go:185:       [32m+[0m[0m origin                    = (known after apply)
TestIdempotence 2025-08-19T14:55:15+02:00 command.go:185:       [32m+[0m[0m route_table_id            = (known after apply)
TestIdempotence 2025-08-19T14:55:15+02:00 command.go:185:       [32m+[0m[0m state                     = (known after apply)
TestIdempotence 2025-08-19T14:55:15+02:00 command.go:185:       [32m+[0m[0m transit_gateway_id        = (known after apply)
TestIdempotence 2025-08-19T14:55:15+02:00 command.go:185:       [32m+[0m[0m vpc_endpoint_id           = (known after apply)
TestIdempotence 2025-08-19T14:55:15+02:00 command.go:185:       [32m+[0m[0m vpc_peering_connection_id = (known after apply)
TestIdempotence 2025-08-19T14:55:15+02:00 command.go:185:     }
TestIdempotence 2025-08-19T14:55:15+02:00 command.go:185: 
TestIdempotence 2025-08-19T14:55:15+02:00 command.go:185: [1m  # module.vpc_routes["security_vpc-tgw_attach-10.0.0.0/8"].aws_route.this["eu-west-1b"][0m will be created
TestIdempotence 2025-08-19T14:55:15+02:00 command.go:185: [0m  [32m+[0m[0m resource "aws_route" "this" {
TestIdempotence 2025-08-19T14:55:15+02:00 command.go:185:       [32m+[0m[0m destination_cidr_block    = "10.0.0.0/8"
TestIdempotence 2025-08-19T14:55:15+02:00 command.go:185:       [32m+[0m[0m egress_only_gateway_id    = (known after apply)
TestIdempotence 2025-08-19T14:55:15+02:00 command.go:185:       [32m+[0m[0m gateway_id                = (known after apply)
TestIdempotence 2025-08-19T14:55:15+02:00 command.go:185:       [32m+[0m[0m id                        = (known after apply)
TestIdempotence 2025-08-19T14:55:15+02:00 command.go:185:       [32m+[0m[0m instance_id               = (known after apply)
TestIdempotence 2025-08-19T14:55:15+02:00 command.go:185:       [32m+[0m[0m instance_owner_id         = (known after apply)
TestIdempotence 2025-08-19T14:55:15+02:00 command.go:185:       [32m+[0m[0m local_gateway_id          = (known after apply)
TestIdempotence 2025-08-19T14:55:15+02:00 command.go:185:       [32m+[0m[0m nat_gateway_id            = (known after apply)
TestIdempotence 2025-08-19T14:55:15+02:00 command.go:185:       [32m+[0m[0m network_interface_id      = (known after apply)
TestIdempotence 2025-08-19T14:55:15+02:00 command.go:185:       [32m+[0m[0m origin                    = (known after apply)
TestIdempotence 2025-08-19T14:55:15+02:00 command.go:185:       [32m+[0m[0m route_table_id            = (known after apply)
TestIdempotence 2025-08-19T14:55:15+02:00 command.go:185:       [32m+[0m[0m state                     = (known after apply)
TestIdempotence 2025-08-19T14:55:15+02:00 command.go:185:       [32m+[0m[0m transit_gateway_id        = (known after apply)
TestIdempotence 2025-08-19T14:55:15+02:00 command.go:185:       [32m+[0m[0m vpc_endpoint_id           = (known after apply)
TestIdempotence 2025-08-19T14:55:15+02:00 command.go:185:       [32m+[0m[0m vpc_peering_connection_id = (known after apply)
TestIdempotence 2025-08-19T14:55:15+02:00 command.go:185:     }
TestIdempotence 2025-08-19T14:55:15+02:00 command.go:185: 
TestIdempotence 2025-08-19T14:55:15+02:00 command.go:185: [1mPlan:[0m 229 to add, 0 to change, 0 to destroy.
TestIdempotence 2025-08-19T14:55:15+02:00 command.go:185: [0m
TestIdempotence 2025-08-19T14:55:15+02:00 command.go:185: Changes to Outputs:
TestIdempotence 2025-08-19T14:55:15+02:00 command.go:185:   [32m+[0m[0m app_inspected_dns_name     = [
TestIdempotence 2025-08-19T14:55:15+02:00 command.go:185:       [32m+[0m[0m (known after apply),
TestIdempotence 2025-08-19T14:55:15+02:00 command.go:185:       [32m+[0m[0m (known after apply),
TestIdempotence 2025-08-19T14:55:15+02:00 command.go:185:     ]
TestIdempotence 2025-08-19T14:55:15+02:00 command.go:185:   [32m+[0m[0m application_load_balancers = {
TestIdempotence 2025-08-19T14:55:15+02:00 command.go:185:       [32m+[0m[0m app1-alb = (known after apply)
TestIdempotence 2025-08-19T14:55:15+02:00 command.go:185:       [32m+[0m[0m app2-alb = (known after apply)
TestIdempotence 2025-08-19T14:55:15+02:00 command.go:185:     }
TestIdempotence 2025-08-19T14:55:15+02:00 command.go:185:   [32m+[0m[0m network_load_balancers     = {
TestIdempotence 2025-08-19T14:55:15+02:00 command.go:185:       [32m+[0m[0m app1-nlb = (known after apply)
TestIdempotence 2025-08-19T14:55:15+02:00 command.go:185:       [32m+[0m[0m app2-nlb = (known after apply)
TestIdempotence 2025-08-19T14:55:15+02:00 command.go:185:     }
TestIdempotence 2025-08-19T14:55:15+02:00 command.go:185:   [32m+[0m[0m public_alb_dns_name        = {
TestIdempotence 2025-08-19T14:55:15+02:00 command.go:185:       [32m+[0m[0m vmseries = (known after apply)
TestIdempotence 2025-08-19T14:55:15+02:00 command.go:185:     }
TestIdempotence 2025-08-19T14:55:15+02:00 command.go:185:   [32m+[0m[0m public_nlb_dns_name        = {
TestIdempotence 2025-08-19T14:55:15+02:00 command.go:185:       [32m+[0m[0m vmseries = (known after apply)
TestIdempotence 2025-08-19T14:55:15+02:00 command.go:185:     }
TestIdempotence 2025-08-19T14:55:15+02:00 command.go:185:   [32m+[0m[0m vmseries_public_ips        = {
TestIdempotence 2025-08-19T14:55:15+02:00 command.go:185:       [32m+[0m[0m vmseries-01 = {
TestIdempotence 2025-08-19T14:55:15+02:00 command.go:185:           [32m+[0m[0m mgmt   = (known after apply)
TestIdempotence 2025-08-19T14:55:15+02:00 command.go:185:           [32m+[0m[0m public = (known after apply)
TestIdempotence 2025-08-19T14:55:15+02:00 command.go:185:         }
TestIdempotence 2025-08-19T14:55:15+02:00 command.go:185:       [32m+[0m[0m vmseries-02 = {
TestIdempotence 2025-08-19T14:55:15+02:00 command.go:185:           [32m+[0m[0m mgmt   = (known after apply)
TestIdempotence 2025-08-19T14:55:15+02:00 command.go:185:           [32m+[0m[0m public = (known after apply)
TestIdempotence 2025-08-19T14:55:15+02:00 command.go:185:         }
TestIdempotence 2025-08-19T14:55:15+02:00 command.go:185:     }
TestIdempotence 2025-08-19T14:55:16+02:00 command.go:185: [0m[1mmodule.vpc["security_vpc"].aws_vpc.this[0]: Creating...[0m[0m
TestIdempotence 2025-08-19T14:55:16+02:00 command.go:185: [0m[1maws_iam_role.vm_series_ec2_iam_role: Creating...[0m[0m
TestIdempotence 2025-08-19T14:55:16+02:00 command.go:185: [0m[1mmodule.vpc["app1_vpc"].aws_vpc.this[0]: Creating...[0m[0m
TestIdempotence 2025-08-19T14:55:16+02:00 command.go:185: [0m[1mmodule.transit_gateway["tgw"].aws_ec2_transit_gateway.this[0]: Creating...[0m[0m
TestIdempotence 2025-08-19T14:55:16+02:00 command.go:185: [0m[1maws_iam_role.spoke_vm_ec2_iam_role: Creating...[0m[0m
TestIdempotence 2025-08-19T14:55:16+02:00 command.go:185: [0m[1mmodule.vpc["app2_vpc"].aws_vpc.this[0]: Creating...[0m[0m
TestIdempotence 2025-08-19T14:55:17+02:00 command.go:185: [0m[1maws_iam_role.vm_series_ec2_iam_role: Creation complete after 1s [id=tt-4ff3-vmseries][0m
TestIdempotence 2025-08-19T14:55:17+02:00 command.go:185: [0m[1maws_iam_role.spoke_vm_ec2_iam_role: Creation complete after 1s [id=tt-4ff3-spoke_vm][0m
TestIdempotence 2025-08-19T14:55:17+02:00 command.go:185: [0m[1maws_iam_role_policy_attachment.spoke_vm_iam_instance_policy: Creating...[0m[0m
TestIdempotence 2025-08-19T14:55:17+02:00 command.go:185: [0m[1maws_iam_role_policy.vm_series_ec2_iam_policy: Creating...[0m[0m
TestIdempotence 2025-08-19T14:55:17+02:00 command.go:185: [0m[1maws_iam_instance_profile.vm_series_iam_instance_profile: Creating...[0m[0m
TestIdempotence 2025-08-19T14:55:17+02:00 command.go:185: [0m[1maws_iam_instance_profile.spoke_vm_iam_instance_profile: Creating...[0m[0m
TestIdempotence 2025-08-19T14:55:18+02:00 command.go:185: [0m[1maws_iam_role_policy_attachment.spoke_vm_iam_instance_policy: Creation complete after 0s [id=tt-4ff3-spoke_vm-20250819125517947300000002][0m
TestIdempotence 2025-08-19T14:55:18+02:00 command.go:185: [0m[1maws_iam_role_policy.vm_series_ec2_iam_policy: Creation complete after 0s [id=tt-4ff3-vmseries:terraform-20250819125517767300000001][0m
TestIdempotence 2025-08-19T14:55:24+02:00 command.go:185: [0m[1maws_iam_instance_profile.vm_series_iam_instance_profile: Creation complete after 6s [id=tt-4ff3-vmseries_instance_profile][0m
TestIdempotence 2025-08-19T14:55:24+02:00 command.go:185: [0m[1maws_iam_instance_profile.spoke_vm_iam_instance_profile: Creation complete after 7s [id=tt-4ff3-spoke_vm_instance_profile][0m
TestIdempotence 2025-08-19T14:55:26+02:00 command.go:185: [0m[1mmodule.vpc["security_vpc"].aws_vpc.this[0]: Still creating... [10s elapsed][0m[0m
TestIdempotence 2025-08-19T14:55:26+02:00 command.go:185: [0m[1mmodule.transit_gateway["tgw"].aws_ec2_transit_gateway.this[0]: Still creating... [10s elapsed][0m[0m
TestIdempotence 2025-08-19T14:55:26+02:00 command.go:185: [0m[1mmodule.vpc["app1_vpc"].aws_vpc.this[0]: Still creating... [10s elapsed][0m[0m
TestIdempotence 2025-08-19T14:55:26+02:00 command.go:185: [0m[1mmodule.vpc["app2_vpc"].aws_vpc.this[0]: Still creating... [10s elapsed][0m[0m
TestIdempotence 2025-08-19T14:55:28+02:00 command.go:185: [0m[1mmodule.vpc["security_vpc"].aws_vpc.this[0]: Creation complete after 12s [id=vpc-0fac24ebf297a4db7][0m
TestIdempotence 2025-08-19T14:55:28+02:00 command.go:185: [0m[1mmodule.vpc["app1_vpc"].aws_vpc.this[0]: Creation complete after 12s [id=vpc-006e69004b8ac7270][0m
TestIdempotence 2025-08-19T14:55:28+02:00 command.go:185: [0m[1mmodule.vpc["app2_vpc"].aws_vpc.this[0]: Creation complete after 12s [id=vpc-07614f6decf3a7886][0m
TestIdempotence 2025-08-19T14:55:28+02:00 command.go:185: [0m[1mmodule.vpc["security_vpc"].aws_internet_gateway.this[0]: Creating...[0m[0m
TestIdempotence 2025-08-19T14:55:28+02:00 command.go:185: [0m[1mmodule.vpc["app2_vpc"].aws_internet_gateway.this[0]: Creating...[0m[0m
TestIdempotence 2025-08-19T14:55:28+02:00 command.go:185: [0m[1mmodule.vpc["app1_vpc"].aws_internet_gateway.this[0]: Creating...[0m[0m
TestIdempotence 2025-08-19T14:55:28+02:00 command.go:185: [0m[1mmodule.vpc["app2_vpc"].aws_route_table.from_igw[0]: Creating...[0m[0m
TestIdempotence 2025-08-19T14:55:28+02:00 command.go:185: [0m[1mmodule.vpc["app1_vpc"].aws_route_table.from_igw[0]: Creating...[0m[0m
TestIdempotence 2025-08-19T14:55:28+02:00 command.go:185: [0m[1mmodule.vpc["security_vpc"].aws_network_acl.this["trusted_path_monitoring"]: Creating...[0m[0m
TestIdempotence 2025-08-19T14:55:28+02:00 command.go:185: [0m[1mmodule.vpc["security_vpc"].aws_route_table.from_igw[0]: Creating...[0m[0m
TestIdempotence 2025-08-19T14:55:28+02:00 command.go:185: [0m[1mmodule.vpc["app1_vpc"].aws_security_group.this["app1_lb"]: Creating...[0m[0m
TestIdempotence 2025-08-19T14:55:28+02:00 command.go:185: [0m[1mmodule.vpc["app2_vpc"].aws_security_group.this["app2_lb"]: Creating...[0m[0m
TestIdempotence 2025-08-19T14:55:29+02:00 command.go:185: [0m[1mmodule.vpc["security_vpc"].aws_network_acl.this["trusted_path_monitoring"]: Creation complete after 0s [id=acl-0bdb355d0d4294ecf][0m
TestIdempotence 2025-08-19T14:55:29+02:00 command.go:185: [0m[1mmodule.vpc["security_vpc"].aws_security_group.this["vmseries_public"]: Creating...[0m[0m
TestIdempotence 2025-08-19T14:55:29+02:00 command.go:185: [0m[1mmodule.vpc["app2_vpc"].aws_internet_gateway.this[0]: Creation complete after 0s [id=igw-0ee4be1d0765fed7a][0m
TestIdempotence 2025-08-19T14:55:29+02:00 command.go:185: [0m[1mmodule.vpc["app1_vpc"].aws_internet_gateway.this[0]: Creation complete after 0s [id=igw-04d9189df3ce173cd][0m
TestIdempotence 2025-08-19T14:55:29+02:00 command.go:185: [0m[1mmodule.vpc["app2_vpc"].aws_security_group.this["app2_vm"]: Creating...[0m[0m
TestIdempotence 2025-08-19T14:55:29+02:00 command.go:185: [0m[1mmodule.vpc["app1_vpc"].aws_security_group.this["app1_vm"]: Creating...[0m[0m
TestIdempotence 2025-08-19T14:55:29+02:00 command.go:185: [0m[1mmodule.vpc["security_vpc"].aws_internet_gateway.this[0]: Creation complete after 0s [id=igw-076c70b4e294a68bd][0m
TestIdempotence 2025-08-19T14:55:29+02:00 command.go:185: [0m[1mmodule.vpc["security_vpc"].aws_security_group.this["vmseries_private"]: Creating...[0m[0m
TestIdempotence 2025-08-19T14:55:29+02:00 command.go:185: [0m[1mmodule.vpc["app1_vpc"].aws_route_table.from_igw[0]: Creation complete after 1s [id=rtb-06184dc425d5f3c23][0m
TestIdempotence 2025-08-19T14:55:29+02:00 command.go:185: [0m[1mmodule.vpc["security_vpc"].aws_security_group.this["vmseries_mgmt"]: Creating...[0m[0m
TestIdempotence 2025-08-19T14:55:29+02:00 command.go:185: [0m[1mmodule.vpc["app2_vpc"].aws_route_table.from_igw[0]: Creation complete after 1s [id=rtb-024ced542636e40f3][0m
TestIdempotence 2025-08-19T14:55:29+02:00 command.go:185: [0m[1mmodule.vpc["security_vpc"].aws_route_table.from_igw[0]: Creation complete after 1s [id=rtb-00367bc92d4b1d9c0][0m
TestIdempotence 2025-08-19T14:55:29+02:00 command.go:185: [0m[1mmodule.vpc["security_vpc"].aws_security_group.this["application_load_balancer"]: Creating...[0m[0m
TestIdempotence 2025-08-19T14:55:29+02:00 command.go:185: [0m[1mmodule.vpc["security_vpc"].aws_network_acl_rule.this["trusted_path_monitoring.120"]: Creating...[0m[0m
TestIdempotence 2025-08-19T14:55:30+02:00 command.go:185: [0m[1mmodule.vpc["security_vpc"].aws_network_acl_rule.this["trusted_path_monitoring.120"]: Creation complete after 0s [id=nacl-3804834585][0m
TestIdempotence 2025-08-19T14:55:30+02:00 command.go:185: [0m[1mmodule.vpc["security_vpc"].aws_network_acl_rule.this["trusted_path_monitoring.300"]: Creating...[0m[0m
TestIdempotence 2025-08-19T14:55:30+02:00 command.go:185: [0m[1mmodule.vpc["security_vpc"].aws_network_acl_rule.this["trusted_path_monitoring.300"]: Creation complete after 0s [id=nacl-2696049035][0m
TestIdempotence 2025-08-19T14:55:30+02:00 command.go:185: [0m[1mmodule.vpc["security_vpc"].aws_network_acl_rule.this["trusted_path_monitoring.200"]: Creating...[0m[0m
TestIdempotence 2025-08-19T14:55:30+02:00 command.go:185: [0m[1mmodule.vpc["security_vpc"].aws_network_acl_rule.this["trusted_path_monitoring.200"]: Creation complete after 1s [id=nacl-593182512][0m
TestIdempotence 2025-08-19T14:55:30+02:00 command.go:185: [0m[1mmodule.vpc["security_vpc"].aws_network_acl_rule.this["trusted_path_monitoring.110"]: Creating...[0m[0m
TestIdempotence 2025-08-19T14:55:31+02:00 command.go:185: [0m[1mmodule.vpc["app2_vpc"].aws_security_group.this["app2_lb"]: Creation complete after 2s [id=sg-0ae19a606bbd0b621][0m
TestIdempotence 2025-08-19T14:55:31+02:00 command.go:185: [0m[1mmodule.vpc["app1_vpc"].aws_route_table_association.from_igw[0]: Creating...[0m[0m
TestIdempotence 2025-08-19T14:55:31+02:00 command.go:185: [0m[1mmodule.vpc["app1_vpc"].aws_security_group.this["app1_lb"]: Creation complete after 2s [id=sg-09e8c8ce3c67cd0ec][0m
TestIdempotence 2025-08-19T14:55:31+02:00 command.go:185: [0m[1mmodule.vpc["security_vpc"].aws_route_table_association.from_igw[0]: Creating...[0m[0m
TestIdempotence 2025-08-19T14:55:31+02:00 command.go:185: [0m[1mmodule.vpc["security_vpc"].aws_security_group.this["vmseries_public"]: Creation complete after 2s [id=sg-02a901ff904337778][0m
TestIdempotence 2025-08-19T14:55:31+02:00 command.go:185: [0m[1mmodule.vpc["app2_vpc"].aws_route_table_association.from_igw[0]: Creating...[0m[0m
TestIdempotence 2025-08-19T14:55:31+02:00 command.go:185: [0m[1mmodule.vpc["security_vpc"].aws_network_acl_rule.this["trusted_path_monitoring.110"]: Creation complete after 0s [id=nacl-1594050519][0m
TestIdempotence 2025-08-19T14:55:31+02:00 command.go:185: [0m[1mmodule.vpc["security_vpc"].aws_security_group.this["vmseries_private"]: Creation complete after 3s [id=sg-0f8d24fb82d7adf6d][0m
TestIdempotence 2025-08-19T14:55:31+02:00 command.go:185: [0m[1mmodule.vpc["app1_vpc"].aws_security_group.this["app1_vm"]: Creation complete after 3s [id=sg-0d4936ff10209f14c][0m
TestIdempotence 2025-08-19T14:55:31+02:00 command.go:185: [0m[1mmodule.vpc["app2_vpc"].aws_security_group.this["app2_vm"]: Creation complete after 3s [id=sg-0c277c4587f93696c][0m
TestIdempotence 2025-08-19T14:55:31+02:00 command.go:185: [0m[1mmodule.vpc["app1_vpc"].aws_route_table_association.from_igw[0]: Creation complete after 1s [id=rtbassoc-066a5958a37a53eb9][0m
TestIdempotence 2025-08-19T14:55:31+02:00 command.go:185: [0m[1mmodule.vpc["security_vpc"].aws_route_table_association.from_igw[0]: Creation complete after 1s [id=rtbassoc-052d636290bf6d597][0m
TestIdempotence 2025-08-19T14:55:31+02:00 command.go:185: [0m[1mmodule.vpc["security_vpc"].aws_security_group.this["vmseries_mgmt"]: Creation complete after 2s [id=sg-0b34d28ee92597813][0m
TestIdempotence 2025-08-19T14:55:31+02:00 command.go:185: [0m[1mmodule.vpc["security_vpc"].aws_security_group.this["application_load_balancer"]: Creation complete after 2s [id=sg-03d0aaed0ad76bfd4][0m
TestIdempotence 2025-08-19T14:55:31+02:00 command.go:185: [0m[1mmodule.vpc["app2_vpc"].aws_route_table_association.from_igw[0]: Creation complete after 1s [id=rtbassoc-0ac96eb29e6ce1c35][0m
TestIdempotence 2025-08-19T14:55:31+02:00 command.go:185: [0m[1mmodule.public_alb["vmseries"].aws_lb_target_group.this["app2-8082"]: Creating...[0m[0m
TestIdempotence 2025-08-19T14:55:31+02:00 command.go:185: [0m[1mmodule.app_alb["app1-alb"].aws_lb_target_group.this["app1-80"]: Creating...[0m[0m
TestIdempotence 2025-08-19T14:55:31+02:00 command.go:185: [0m[1mmodule.app_alb["app2-alb"].aws_lb_target_group.this["app2-80"]: Creating...[0m[0m
TestIdempotence 2025-08-19T14:55:31+02:00 command.go:185: [0m[1mmodule.subnet_sets["security_vpc-nlb"].aws_route_table.this["eu-west-1b"]: Creating...[0m[0m
TestIdempotence 2025-08-19T14:55:31+02:00 command.go:185: [0m[1mmodule.subnet_sets["app2_vpc-app2_vm"].aws_route_table.this["eu-west-1a"]: Creating...[0m[0m
TestIdempotence 2025-08-19T14:55:31+02:00 command.go:185: [0m[1mmodule.subnet_sets["app1_vpc-app1_lb"].aws_route_table.this["eu-west-1a"]: Creating...[0m[0m
TestIdempotence 2025-08-19T14:55:31+02:00 command.go:185: [0m[1mmodule.public_alb["vmseries"].aws_lb_target_group.this["app1-8081"]: Creating...[0m[0m
TestIdempotence 2025-08-19T14:55:31+02:00 command.go:185: [0m[1mmodule.subnet_sets["security_vpc-alb"].aws_route_table.this["eu-west-1b"]: Creating...[0m[0m
TestIdempotence 2025-08-19T14:55:31+02:00 command.go:185: [0m[1mmodule.subnet_sets["security_vpc-private"].aws_subnet.this["eu-west-1a"]: Creating...[0m[0m
TestIdempotence 2025-08-19T14:55:32+02:00 command.go:185: [0m[1mmodule.subnet_sets["security_vpc-alb"].aws_route_table.this["eu-west-1b"]: Creation complete after 0s [id=rtb-09ef55d79610bc6a4][0m
TestIdempotence 2025-08-19T14:55:32+02:00 command.go:185: [0m[1mmodule.subnet_sets["security_vpc-nlb"].aws_route_table.this["eu-west-1b"]: Creation complete after 0s [id=rtb-02c391d43ca9b3a95][0m
TestIdempotence 2025-08-19T14:55:32+02:00 command.go:185: [0m[1mmodule.subnet_sets["app2_vpc-app2_lb"].aws_route_table.this["eu-west-1a"]: Creating...[0m[0m
TestIdempotence 2025-08-19T14:55:32+02:00 command.go:185: [0m[1mmodule.subnet_sets["security_vpc-private"].aws_subnet.this["eu-west-1a"]: Creation complete after 0s [id=subnet-085b9fb23ae82bc4d][0m
TestIdempotence 2025-08-19T14:55:32+02:00 command.go:185: [0m[1mmodule.subnet_sets["security_vpc-public"].aws_route_table.this["eu-west-1b"]: Creating...[0m[0m
TestIdempotence 2025-08-19T14:55:32+02:00 command.go:185: [0m[1mmodule.subnet_sets["security_vpc-gwlb"].aws_route_table.this["eu-west-1b"]: Creating...[0m[0m
TestIdempotence 2025-08-19T14:55:32+02:00 command.go:185: [0m[1mmodule.subnet_sets["app1_vpc-app1_lb"].aws_route_table.this["eu-west-1a"]: Creation complete after 1s [id=rtb-0cadf0924b6075cdf][0m
TestIdempotence 2025-08-19T14:55:32+02:00 command.go:185: [0m[1mmodule.subnet_sets["security_vpc-mgmt"].aws_route_table.this["eu-west-1a"]: Creating...[0m[0m
TestIdempotence 2025-08-19T14:55:32+02:00 command.go:185: [0m[1mmodule.subnet_sets["app2_vpc-app2_vm"].aws_route_table.this["eu-west-1a"]: Creation complete after 1s [id=rtb-0527e1ff228be3b30][0m
TestIdempotence 2025-08-19T14:55:32+02:00 command.go:185: [0m[1mmodule.subnet_sets["security_vpc-gwlbe_outbound"].aws_route_table.this["eu-west-1a"]: Creating...[0m[0m
TestIdempotence 2025-08-19T14:55:33+02:00 command.go:185: [0m[1mmodule.app_alb["app2-alb"].aws_lb_target_group.this["app2-80"]: Creation complete after 1s [id=arn:aws:elasticloadbalancing:eu-west-1:751512424814:targetgroup/tt-4ff3-app2-alb-app2-80/4afe223f460d2fc3][0m
TestIdempotence 2025-08-19T14:55:33+02:00 command.go:185: [0m[1mmodule.subnet_sets["app1_vpc-app1_vm"].aws_route_table.this["eu-west-1a"]: Creating...[0m[0m
TestIdempotence 2025-08-19T14:55:33+02:00 command.go:185: [0m[1mmodule.app_alb["app1-alb"].aws_lb_target_group.this["app1-80"]: Creation complete after 1s [id=arn:aws:elasticloadbalancing:eu-west-1:751512424814:targetgroup/tt-4ff3-app1-alb-app1-80/6941d8040d47efca][0m
TestIdempotence 2025-08-19T14:55:33+02:00 command.go:185: [0m[1mmodule.public_alb["vmseries"].aws_lb_target_group.this["app2-8082"]: Creation complete after 1s [id=arn:aws:elasticloadbalancing:eu-west-1:751512424814:targetgroup/tt-4ff3-public-alb-app2-8082/3db0d6b90ba75e6e][0m
TestIdempotence 2025-08-19T14:55:33+02:00 command.go:185: [0m[1mmodule.subnet_sets["security_vpc-public"].aws_route_table.this["eu-west-1a"]: Creating...[0m[0m
TestIdempotence 2025-08-19T14:55:33+02:00 command.go:185: [0m[1mmodule.subnet_sets["security_vpc-gwlbe_eastwest"].aws_route_table.this["eu-west-1a"]: Creating...[0m[0m
TestIdempotence 2025-08-19T14:55:33+02:00 command.go:185: [0m[1mmodule.public_alb["vmseries"].aws_lb_target_group.this["app1-8081"]: Creation complete after 1s [id=arn:aws:elasticloadbalancing:eu-west-1:751512424814:targetgroup/tt-4ff3-public-alb-app1-8081/8a6a8a9ecc272dcc][0m
TestIdempotence 2025-08-19T14:55:33+02:00 command.go:185: [0m[1mmodule.subnet_sets["security_vpc-mgmt"].aws_route_table.this["eu-west-1b"]: Creating...[0m[0m
TestIdempotence 2025-08-19T14:55:33+02:00 command.go:185: [0m[1mmodule.subnet_sets["app2_vpc-app2_lb"].aws_route_table.this["eu-west-1a"]: Creation complete after 1s [id=rtb-0c02f380b23befd59][0m
TestIdempotence 2025-08-19T14:55:33+02:00 command.go:185: [0m[1mmodule.subnet_sets["app2_vpc-app2_lb"].aws_route_table.this["eu-west-1b"]: Creating...[0m[0m
TestIdempotence 2025-08-19T14:55:33+02:00 command.go:185: [0m[1mmodule.subnet_sets["security_vpc-public"].aws_route_table.this["eu-west-1b"]: Creation complete after 1s [id=rtb-0c462d19466c96040][0m
TestIdempotence 2025-08-19T14:55:33+02:00 command.go:185: [0m[1mmodule.subnet_sets["security_vpc-mgmt"].aws_route_table.this["eu-west-1a"]: Creation complete after 0s [id=rtb-0d65ee60f03e403db][0m
TestIdempotence 2025-08-19T14:55:33+02:00 command.go:185: [0m[1mmodule.subnet_sets["security_vpc-tgw_attach"].aws_route_table.this["eu-west-1b"]: Creating...[0m[0m
TestIdempotence 2025-08-19T14:55:33+02:00 command.go:185: [0m[1mmodule.subnet_sets["security_vpc-tgw_attach"].aws_route_table.this["eu-west-1a"]: Creating...[0m[0m
TestIdempotence 2025-08-19T14:55:33+02:00 command.go:185: [0m[1mmodule.subnet_sets["security_vpc-gwlb"].aws_route_table.this["eu-west-1b"]: Creation complete after 1s [id=rtb-0bcd7a1dcb5e02033][0m
TestIdempotence 2025-08-19T14:55:33+02:00 command.go:185: [0m[1mmodule.subnet_sets["app1_vpc-app1_vm"].aws_route_table.this["eu-west-1b"]: Creating...[0m[0m
TestIdempotence 2025-08-19T14:55:33+02:00 command.go:185: [0m[1mmodule.subnet_sets["security_vpc-gwlbe_outbound"].aws_route_table.this["eu-west-1a"]: Creation complete after 1s [id=rtb-04c557b03f5452010][0m
TestIdempotence 2025-08-19T14:55:33+02:00 command.go:185: [0m[1mmodule.subnet_sets["security_vpc-gwlbe_eastwest"].aws_route_table.this["eu-west-1b"]: Creating...[0m[0m
TestIdempotence 2025-08-19T14:55:33+02:00 command.go:185: [0m[1mmodule.subnet_sets["app1_vpc-app1_vm"].aws_route_table.this["eu-west-1a"]: Creation complete after 1s [id=rtb-05012eeb17885f252][0m
TestIdempotence 2025-08-19T14:55:33+02:00 command.go:185: [0m[1mmodule.subnet_sets["security_vpc-private"].aws_route_table.this["eu-west-1a"]: Creating...[0m[0m
TestIdempotence 2025-08-19T14:55:33+02:00 command.go:185: [0m[1mmodule.subnet_sets["security_vpc-public"].aws_route_table.this["eu-west-1a"]: Creation complete after 1s [id=rtb-0b4cdab31cfaae797][0m
TestIdempotence 2025-08-19T14:55:33+02:00 command.go:185: [0m[1mmodule.subnet_sets["security_vpc-gwlbe_outbound"].aws_route_table.this["eu-west-1b"]: Creating...[0m[0m
TestIdempotence 2025-08-19T14:55:33+02:00 command.go:185: [0m[1mmodule.subnet_sets["security_vpc-mgmt"].aws_route_table.this["eu-west-1b"]: Creation complete after 1s [id=rtb-0d9d48ed7e0f2154d][0m
TestIdempotence 2025-08-19T14:55:33+02:00 command.go:185: [0m[1mmodule.subnet_sets["app2_vpc-app2_vm"].aws_route_table.this["eu-west-1b"]: Creating...[0m[0m
TestIdempotence 2025-08-19T14:55:33+02:00 command.go:185: [0m[1mmodule.subnet_sets["security_vpc-gwlbe_eastwest"].aws_route_table.this["eu-west-1a"]: Creation complete after 1s [id=rtb-0240305b764905d1d][0m
TestIdempotence 2025-08-19T14:55:33+02:00 command.go:185: [0m[1mmodule.subnet_sets["security_vpc-alb"].aws_route_table.this["eu-west-1a"]: Creating...[0m[0m
TestIdempotence 2025-08-19T14:55:33+02:00 command.go:185: [0m[1mmodule.subnet_sets["app2_vpc-app2_lb"].aws_route_table.this["eu-west-1b"]: Creation complete after 1s [id=rtb-0a0c44a2db1df101f][0m
TestIdempotence 2025-08-19T14:55:33+02:00 command.go:185: [0m[1mmodule.subnet_sets["security_vpc-tgw_attach"].aws_route_table.this["eu-west-1b"]: Creation complete after 1s [id=rtb-081966f3ca3e7033a][0m
TestIdempotence 2025-08-19T14:55:33+02:00 command.go:185: [0m[1mmodule.subnet_sets["security_vpc-private"].aws_route_table.this["eu-west-1b"]: Creating...[0m[0m
TestIdempotence 2025-08-19T14:55:33+02:00 command.go:185: [0m[1mmodule.subnet_sets["security_vpc-tgw_attach"].aws_route_table.this["eu-west-1a"]: Creation complete after 1s [id=rtb-069fa8f5887204794][0m
TestIdempotence 2025-08-19T14:55:33+02:00 command.go:185: [0m[1mmodule.subnet_sets["app1_vpc-app1_lb"].aws_route_table.this["eu-west-1b"]: Creating...[0m[0m
TestIdempotence 2025-08-19T14:55:33+02:00 command.go:185: [0m[1mmodule.subnet_sets["app2_vpc-app2_vm"].aws_subnet.this["eu-west-1a"]: Creating...[0m[0m
TestIdempotence 2025-08-19T14:55:34+02:00 command.go:185: [0m[1mmodule.subnet_sets["app1_vpc-app1_vm"].aws_route_table.this["eu-west-1b"]: Creation complete after 1s [id=rtb-004a30ccc7fc0842b][0m
TestIdempotence 2025-08-19T14:55:34+02:00 command.go:185: [0m[1mmodule.subnet_sets["security_vpc-alb"].aws_subnet.this["eu-west-1b"]: Creating...[0m[0m
TestIdempotence 2025-08-19T14:55:34+02:00 command.go:185: [0m[1mmodule.subnet_sets["security_vpc-private"].aws_route_table.this["eu-west-1a"]: Creation complete after 0s [id=rtb-0b20dda19683f1949][0m
TestIdempotence 2025-08-19T14:55:34+02:00 command.go:185: [0m[1mmodule.subnet_sets["security_vpc-gwlbe_eastwest"].aws_route_table.this["eu-west-1b"]: Creation complete after 0s [id=rtb-0ccb29cfd683937f0][0m
TestIdempotence 2025-08-19T14:55:34+02:00 command.go:185: [0m[1mmodule.subnet_sets["app1_vpc-app1_vm"].aws_subnet.this["eu-west-1b"]: Creating...[0m[0m
TestIdempotence 2025-08-19T14:55:34+02:00 command.go:185: [0m[1mmodule.subnet_sets["app2_vpc-app2_lb"].aws_subnet.this["eu-west-1b"]: Creating...[0m[0m
TestIdempotence 2025-08-19T14:55:34+02:00 command.go:185: [0m[1mmodule.subnet_sets["security_vpc-gwlbe_outbound"].aws_route_table.this["eu-west-1b"]: Creation complete after 0s [id=rtb-0af41b7353a28f264][0m
TestIdempotence 2025-08-19T14:55:34+02:00 command.go:185: [0m[1mmodule.subnet_sets["security_vpc-private"].aws_subnet.this["eu-west-1b"]: Creating...[0m[0m
TestIdempotence 2025-08-19T14:55:34+02:00 command.go:185: [0m[1mmodule.subnet_sets["app2_vpc-app2_vm"].aws_route_table.this["eu-west-1b"]: Creation complete after 0s [id=rtb-055d1255ad33e9e15][0m
TestIdempotence 2025-08-19T14:55:34+02:00 command.go:185: [0m[1mmodule.subnet_sets["app1_vpc-app1_lb"].aws_subnet.this["eu-west-1a"]: Creating...[0m[0m
TestIdempotence 2025-08-19T14:55:34+02:00 command.go:185: [0m[1mmodule.subnet_sets["security_vpc-alb"].aws_route_table.this["eu-west-1a"]: Creation complete after 0s [id=rtb-08a6f96857a326a91][0m
TestIdempotence 2025-08-19T14:55:34+02:00 command.go:185: [0m[1mmodule.subnet_sets["security_vpc-mgmt"].aws_subnet.this["eu-west-1b"]: Creating...[0m[0m
TestIdempotence 2025-08-19T14:55:34+02:00 command.go:185: [0m[1mmodule.subnet_sets["app2_vpc-app2_vm"].aws_subnet.this["eu-west-1a"]: Creation complete after 0s [id=subnet-0dedf349af71966f8][0m
TestIdempotence 2025-08-19T14:55:34+02:00 command.go:185: [0m[1mmodule.subnet_sets["security_vpc-private"].aws_route_table.this["eu-west-1b"]: Creation complete after 0s [id=rtb-01e468a2a10fe86c2][0m
TestIdempotence 2025-08-19T14:55:34+02:00 command.go:185: [0m[1mmodule.subnet_sets["security_vpc-tgw_attach"].aws_subnet.this["eu-west-1b"]: Creating...[0m[0m
TestIdempotence 2025-08-19T14:55:34+02:00 command.go:185: [0m[1mmodule.subnet_sets["security_vpc-alb"].aws_subnet.this["eu-west-1a"]: Creating...[0m[0m
TestIdempotence 2025-08-19T14:55:34+02:00 command.go:185: [0m[1mmodule.subnet_sets["app1_vpc-app1_lb"].aws_route_table.this["eu-west-1b"]: Creation complete after 0s [id=rtb-03f7fed5e023032de][0m
TestIdempotence 2025-08-19T14:55:34+02:00 command.go:185: [0m[1mmodule.subnet_sets["security_vpc-gwlbe_outbound"].aws_subnet.this["eu-west-1a"]: Creating...[0m[0m
TestIdempotence 2025-08-19T14:55:34+02:00 command.go:185: [0m[1mmodule.subnet_sets["security_vpc-alb"].aws_subnet.this["eu-west-1b"]: Creation complete after 1s [id=subnet-098f77ccf34e17bb4][0m
TestIdempotence 2025-08-19T14:55:34+02:00 command.go:185: [0m[1mmodule.subnet_sets["security_vpc-gwlb"].aws_subnet.this["eu-west-1b"]: Creating...[0m[0m
TestIdempotence 2025-08-19T14:55:34+02:00 command.go:185: [0m[1mmodule.subnet_sets["app1_vpc-app1_vm"].aws_subnet.this["eu-west-1b"]: Creation complete after 1s [id=subnet-0a948fb0097f46cc9][0m
TestIdempotence 2025-08-19T14:55:34+02:00 command.go:185: [0m[1mmodule.subnet_sets["security_vpc-private"].aws_subnet.this["eu-west-1b"]: Creation complete after 1s [id=subnet-07093268a1f254d71][0m
TestIdempotence 2025-08-19T14:55:34+02:00 command.go:185: [0m[1mmodule.subnet_sets["app2_vpc-app2_lb"].aws_subnet.this["eu-west-1b"]: Creation complete after 1s [id=subnet-09dcd8ac1cb0b8806][0m
TestIdempotence 2025-08-19T14:55:34+02:00 command.go:185: [0m[1mmodule.subnet_sets["app1_vpc-app1_lb"].aws_subnet.this["eu-west-1b"]: Creating...[0m[0m
TestIdempotence 2025-08-19T14:55:34+02:00 command.go:185: [0m[1mmodule.subnet_sets["security_vpc-gwlbe_outbound"].aws_subnet.this["eu-west-1b"]: Creating...[0m[0m
TestIdempotence 2025-08-19T14:55:34+02:00 command.go:185: [0m[1mmodule.subnet_sets["security_vpc-gwlb"].aws_subnet.this["eu-west-1a"]: Creating...[0m[0m
TestIdempotence 2025-08-19T14:55:34+02:00 command.go:185: [0m[1mmodule.subnet_sets["security_vpc-mgmt"].aws_subnet.this["eu-west-1b"]: Creation complete after 1s [id=subnet-0e9bbd9b025d043e2][0m
TestIdempotence 2025-08-19T14:55:34+02:00 command.go:185: [0m[1mmodule.subnet_sets["app1_vpc-app1_lb"].aws_subnet.this["eu-west-1a"]: Creation complete after 1s [id=subnet-093b6b42555debffa][0m
TestIdempotence 2025-08-19T14:55:34+02:00 command.go:185: [0m[1mmodule.subnet_sets["security_vpc-nlb"].aws_subnet.this["eu-west-1b"]: Creating...[0m[0m
TestIdempotence 2025-08-19T14:55:34+02:00 command.go:185: [0m[1mmodule.subnet_sets["security_vpc-gwlbe_eastwest"].aws_subnet.this["eu-west-1a"]: Creating...[0m[0m
TestIdempotence 2025-08-19T14:55:35+02:00 command.go:185: [0m[1mmodule.subnet_sets["security_vpc-tgw_attach"].aws_subnet.this["eu-west-1b"]: Creation complete after 1s [id=subnet-03a1fc3c197f91afe][0m
TestIdempotence 2025-08-19T14:55:35+02:00 command.go:185: [0m[1mmodule.subnet_sets["security_vpc-nlb"].aws_subnet.this["eu-west-1a"]: Creating...[0m[0m
TestIdempotence 2025-08-19T14:55:35+02:00 command.go:185: [0m[1mmodule.subnet_sets["security_vpc-alb"].aws_subnet.this["eu-west-1a"]: Creation complete after 1s [id=subnet-09c1974bc1b0edc9b][0m
TestIdempotence 2025-08-19T14:55:35+02:00 command.go:185: [0m[1mmodule.subnet_sets["app2_vpc-app2_vm"].aws_subnet.this["eu-west-1b"]: Creating...[0m[0m
TestIdempotence 2025-08-19T14:55:35+02:00 command.go:185: [0m[1mmodule.subnet_sets["security_vpc-gwlbe_outbound"].aws_subnet.this["eu-west-1a"]: Creation complete after 1s [id=subnet-04c052ec7e6aba46c][0m
TestIdempotence 2025-08-19T14:55:35+02:00 command.go:185: [0m[1mmodule.subnet_sets["security_vpc-public"].aws_subnet.this["eu-west-1a"]: Creating...[0m[0m
TestIdempotence 2025-08-19T14:55:35+02:00 command.go:185: [0m[1mmodule.subnet_sets["security_vpc-gwlb"].aws_subnet.this["eu-west-1b"]: Creation complete after 0s [id=subnet-079157c067317f007][0m
TestIdempotence 2025-08-19T14:55:35+02:00 command.go:185: [0m[1mmodule.subnet_sets["security_vpc-gwlbe_eastwest"].aws_subnet.this["eu-west-1b"]: Creating...[0m[0m
TestIdempotence 2025-08-19T14:55:35+02:00 command.go:185: [0m[1mmodule.subnet_sets["app1_vpc-app1_lb"].aws_subnet.this["eu-west-1b"]: Creation complete after 1s [id=subnet-09ebe963768d5fa16][0m
TestIdempotence 2025-08-19T14:55:35+02:00 command.go:185: [0m[1mmodule.subnet_sets["security_vpc-gwlb"].aws_subnet.this["eu-west-1a"]: Creation complete after 1s [id=subnet-0a1b449fc9f78954c][0m
TestIdempotence 2025-08-19T14:55:35+02:00 command.go:185: [0m[1mmodule.subnet_sets["security_vpc-gwlb"].aws_route_table.this["eu-west-1a"]: Creating...[0m[0m
TestIdempotence 2025-08-19T14:55:35+02:00 command.go:185: [0m[1mmodule.subnet_sets["app2_vpc-app2_lb"].aws_subnet.this["eu-west-1a"]: Creating...[0m[0m
TestIdempotence 2025-08-19T14:55:35+02:00 command.go:185: [0m[1mmodule.subnet_sets["security_vpc-gwlbe_outbound"].aws_subnet.this["eu-west-1b"]: Creation complete after 1s [id=subnet-0cbd007c16cbdec24][0m
TestIdempotence 2025-08-19T14:55:35+02:00 command.go:185: [0m[1mmodule.subnet_sets["security_vpc-nlb"].aws_route_table.this["eu-west-1a"]: Creating...[0m[0m
TestIdempotence 2025-08-19T14:55:35+02:00 command.go:185: [0m[1mmodule.subnet_sets["app2_vpc-app2_vm"].aws_subnet.this["eu-west-1b"]: Creation complete after 1s [id=subnet-0fbb86c4ce70e5ee1][0m
TestIdempotence 2025-08-19T14:55:35+02:00 command.go:185: [0m[1mmodule.subnet_sets["security_vpc-tgw_attach"].aws_subnet.this["eu-west-1a"]: Creating...[0m[0m
TestIdempotence 2025-08-19T14:55:35+02:00 command.go:185: [0m[1mmodule.subnet_sets["security_vpc-nlb"].aws_subnet.this["eu-west-1a"]: Creation complete after 1s [id=subnet-070cd37a5b77be94a][0m
TestIdempotence 2025-08-19T14:55:35+02:00 command.go:185: [0m[1mmodule.subnet_sets["security_vpc-mgmt"].aws_subnet.this["eu-west-1a"]: Creating...[0m[0m
TestIdempotence 2025-08-19T14:55:35+02:00 command.go:185: [0m[1mmodule.subnet_sets["security_vpc-public"].aws_subnet.this["eu-west-1a"]: Creation complete after 1s [id=subnet-0bc547e59b1aaefa5][0m
TestIdempotence 2025-08-19T14:55:35+02:00 command.go:185: [0m[1mmodule.subnet_sets["app1_vpc-app1_vm"].aws_subnet.this["eu-west-1a"]: Creating...[0m[0m
TestIdempotence 2025-08-19T14:55:36+02:00 command.go:185: [0m[1mmodule.subnet_sets["security_vpc-gwlbe_eastwest"].aws_subnet.this["eu-west-1b"]: Creation complete after 1s [id=subnet-0bfb53768fb5e0b33][0m
TestIdempotence 2025-08-19T14:55:36+02:00 command.go:185: [0m[1mmodule.subnet_sets["security_vpc-public"].aws_subnet.this["eu-west-1b"]: Creating...[0m[0m
TestIdempotence 2025-08-19T14:55:36+02:00 command.go:185: [0m[1mmodule.subnet_sets["security_vpc-gwlb"].aws_route_table.this["eu-west-1a"]: Creation complete after 0s [id=rtb-00f796cd73e601156][0m
TestIdempotence 2025-08-19T14:55:36+02:00 command.go:185: [0m[1mmodule.subnet_sets["security_vpc-nlb"].aws_route_table.this["eu-west-1a"]: Creation complete after 0s [id=rtb-0c7b7577ed6f22265][0m
TestIdempotence 2025-08-19T14:55:36+02:00 command.go:185: [0m[1mmodule.subnet_sets["app2_vpc-app2_lb"].aws_subnet.this["eu-west-1a"]: Creation complete after 0s [id=subnet-0f80981380e900ac4][0m
TestIdempotence 2025-08-19T14:55:36+02:00 command.go:185: [0m[1mmodule.subnet_sets["app1_vpc-app1_vm"].aws_subnet.this["eu-west-1a"]: Creation complete after 0s [id=subnet-0b24ab8b346865e2e][0m
TestIdempotence 2025-08-19T14:55:36+02:00 command.go:185: [0m[1mmodule.subnet_sets["security_vpc-tgw_attach"].aws_subnet.this["eu-west-1a"]: Creation complete after 0s [id=subnet-00403338cc039f80f][0m
TestIdempotence 2025-08-19T14:55:36+02:00 command.go:185: [0m[1mmodule.subnet_sets["security_vpc-mgmt"].aws_subnet.this["eu-west-1a"]: Creation complete after 0s [id=subnet-0e04fb0ee0e5b7bf3][0m
TestIdempotence 2025-08-19T14:55:36+02:00 command.go:185: [0m[1mmodule.subnet_sets["security_vpc-public"].aws_subnet.this["eu-west-1b"]: Creation complete after 1s [id=subnet-0716a67e030c4571c][0m
TestIdempotence 2025-08-19T14:55:36+02:00 command.go:185: [0m[1mmodule.transit_gateway["tgw"].aws_ec2_transit_gateway.this[0]: Still creating... [20s elapsed][0m[0m
TestIdempotence 2025-08-19T14:55:37+02:00 command.go:185: [0m[1mmodule.subnet_sets["security_vpc-gwlbe_eastwest"].aws_subnet.this["eu-west-1a"]: Creation complete after 3s [id=subnet-031449c090f71cad1][0m
TestIdempotence 2025-08-19T14:55:38+02:00 command.go:185: [0m[1mmodule.subnet_sets["security_vpc-nlb"].aws_subnet.this["eu-west-1b"]: Creation complete after 4s [id=subnet-0d24664b44b76ca2a][0m
TestIdempotence 2025-08-19T14:55:39+02:00 command.go:185: [0m[1mmodule.subnet_sets["security_vpc-private"].aws_network_acl_association.main["eu-west-1b"]: Creating...[0m[0m
TestIdempotence 2025-08-19T14:55:39+02:00 command.go:185: [0m[1mmodule.subnet_sets["security_vpc-gwlb"].aws_route_table_association.this["eu-west-1b"]: Creating...[0m[0m
TestIdempotence 2025-08-19T14:55:39+02:00 command.go:185: [0m[1mmodule.subnet_sets["app2_vpc-app2_vm"].aws_route_table_association.this["eu-west-1b"]: Creating...[0m[0m
TestIdempotence 2025-08-19T14:55:39+02:00 command.go:185: [0m[1mmodule.subnet_sets["security_vpc-private"].aws_network_acl_association.main["eu-west-1a"]: Creating...[0m[0m
TestIdempotence 2025-08-19T14:55:39+02:00 command.go:185: [0m[1mmodule.subnet_sets["security_vpc-nlb"].aws_route_table_association.this["eu-west-1a"]: Creating...[0m[0m
TestIdempotence 2025-08-19T14:55:39+02:00 command.go:185: [0m[1mmodule.subnet_sets["security_vpc-public"].aws_route_table_association.this["eu-west-1a"]: Creating...[0m[0m
TestIdempotence 2025-08-19T14:55:39+02:00 command.go:185: [0m[1mmodule.subnet_sets["security_vpc-gwlb"].aws_route_table_association.this["eu-west-1a"]: Creating...[0m[0m
TestIdempotence 2025-08-19T14:55:39+02:00 command.go:185: [0m[1mmodule.subnet_sets["security_vpc-nlb"].aws_route_table_association.this["eu-west-1b"]: Creating...[0m[0m
TestIdempotence 2025-08-19T14:55:39+02:00 command.go:185: [0m[1mmodule.subnet_sets["security_vpc-gwlbe_outbound"].aws_route_table_association.this["eu-west-1a"]: Creating...[0m[0m
TestIdempotence 2025-08-19T14:55:39+02:00 command.go:185: [0m[1mmodule.subnet_sets["security_vpc-private"].aws_network_acl_association.main["eu-west-1b"]: Creation complete after 0s [id=aclassoc-08da83d95413489b5][0m
TestIdempotence 2025-08-19T14:55:39+02:00 command.go:185: [0m[1mmodule.subnet_sets["app1_vpc-app1_lb"].aws_route_table_association.this["eu-west-1a"]: Creating...[0m[0m
TestIdempotence 2025-08-19T14:55:39+02:00 command.go:185: [0m[1mmodule.subnet_sets["security_vpc-private"].aws_network_acl_association.main["eu-west-1a"]: Creation complete after 0s [id=aclassoc-005ad22077f659436][0m
TestIdempotence 2025-08-19T14:55:39+02:00 command.go:185: [0m[1mmodule.subnet_sets["security_vpc-gwlbe_outbound"].aws_route_table_association.this["eu-west-1b"]: Creating...[0m[0m
TestIdempotence 2025-08-19T14:55:39+02:00 command.go:185: [0m[1mmodule.subnet_sets["security_vpc-gwlb"].aws_route_table_association.this["eu-west-1b"]: Creation complete after 1s [id=rtbassoc-0732ffff9e32fd882][0m
TestIdempotence 2025-08-19T14:55:39+02:00 command.go:185: [0m[1mmodule.subnet_sets["security_vpc-public"].aws_route_table_association.this["eu-west-1a"]: Creation complete after 1s [id=rtbassoc-09264bf241db19db1][0m
TestIdempotence 2025-08-19T14:55:39+02:00 command.go:185: [0m[1mmodule.subnet_sets["app2_vpc-app2_vm"].aws_route_table_association.this["eu-west-1b"]: Creation complete after 1s [id=rtbassoc-047369d88cdc283d0][0m
TestIdempotence 2025-08-19T14:55:39+02:00 command.go:185: [0m[1mmodule.subnet_sets["security_vpc-nlb"].aws_route_table_association.this["eu-west-1a"]: Creation complete after 1s [id=rtbassoc-0e27357776357838c][0m
TestIdempotence 2025-08-19T14:55:39+02:00 command.go:185: [0m[1mmodule.subnet_sets["security_vpc-private"].aws_route_table_association.this["eu-west-1a"]: Creating...[0m[0m
TestIdempotence 2025-08-19T14:55:39+02:00 command.go:185: [0m[1mmodule.subnet_sets["security_vpc-alb"].aws_route_table_association.this["eu-west-1b"]: Creating...[0m[0m
TestIdempotence 2025-08-19T14:55:39+02:00 command.go:185: [0m[1mmodule.subnet_sets["security_vpc-gwlb"].aws_route_table_association.this["eu-west-1a"]: Creation complete after 1s [id=rtbassoc-0be2cc7297f20bb36][0m
TestIdempotence 2025-08-19T14:55:39+02:00 command.go:185: [0m[1mmodule.subnet_sets["security_vpc-mgmt"].aws_route_table_association.this["eu-west-1a"]: Creating...[0m[0m
TestIdempotence 2025-08-19T14:55:39+02:00 command.go:185: [0m[1mmodule.subnet_sets["security_vpc-gwlbe_outbound"].aws_route_table_association.this["eu-west-1a"]: Creation complete after 1s [id=rtbassoc-06a69841d7c37be4e][0m
TestIdempotence 2025-08-19T14:55:39+02:00 command.go:185: [0m[1mmodule.subnet_sets["security_vpc-alb"].aws_route_table_association.this["eu-west-1a"]: Creating...[0m[0m
TestIdempotence 2025-08-19T14:55:39+02:00 command.go:185: [0m[1mmodule.subnet_sets["app2_vpc-app2_lb"].aws_route_table_association.this["eu-west-1b"]: Creating...[0m[0m
TestIdempotence 2025-08-19T14:55:39+02:00 command.go:185: [0m[1mmodule.subnet_sets["app1_vpc-app1_vm"].aws_route_table_association.this["eu-west-1b"]: Creating...[0m[0m
TestIdempotence 2025-08-19T14:55:39+02:00 command.go:185: [0m[1mmodule.subnet_sets["security_vpc-nlb"].aws_route_table_association.this["eu-west-1b"]: Creation complete after 1s [id=rtbassoc-0b3f16619463c0900][0m
TestIdempotence 2025-08-19T14:55:39+02:00 command.go:185: [0m[1mmodule.subnet_sets["app2_vpc-app2_lb"].aws_route_table_association.this["eu-west-1a"]: Creating...[0m[0m
TestIdempotence 2025-08-19T14:55:39+02:00 command.go:185: [0m[1mmodule.subnet_sets["security_vpc-gwlbe_outbound"].aws_route_table_association.this["eu-west-1b"]: Creation complete after 1s [id=rtbassoc-0e50254d7f24d6e2d][0m
TestIdempotence 2025-08-19T14:55:39+02:00 command.go:185: [0m[1mmodule.subnet_sets["security_vpc-public"].aws_route_table_association.this["eu-west-1b"]: Creating...[0m[0m
TestIdempotence 2025-08-19T14:55:39+02:00 command.go:185: [0m[1mmodule.subnet_sets["app1_vpc-app1_lb"].aws_route_table_association.this["eu-west-1a"]: Creation complete after 1s [id=rtbassoc-09c9e3f55c54e4ad4][0m
TestIdempotence 2025-08-19T14:55:39+02:00 command.go:185: [0m[1mmodule.subnet_sets["security_vpc-private"].aws_route_table_association.this["eu-west-1a"]: Creation complete after 0s [id=rtbassoc-0bbaf65cc7dcf185a][0m
TestIdempotence 2025-08-19T14:55:39+02:00 command.go:185: [0m[1mmodule.subnet_sets["security_vpc-alb"].aws_route_table_association.this["eu-west-1b"]: Creation complete after 0s [id=rtbassoc-05183f52dc917a36f][0m
TestIdempotence 2025-08-19T14:55:39+02:00 command.go:185: [0m[1mmodule.subnet_sets["app1_vpc-app1_lb"].aws_route_table_association.this["eu-west-1b"]: Creating...[0m[0m
TestIdempotence 2025-08-19T14:55:40+02:00 command.go:185: [0m[1mmodule.subnet_sets["app2_vpc-app2_lb"].aws_route_table_association.this["eu-west-1b"]: Creation complete after 0s [id=rtbassoc-021a7a995443a3185][0m
TestIdempotence 2025-08-19T14:55:40+02:00 command.go:185: [0m[1mmodule.subnet_sets["security_vpc-mgmt"].aws_route_table_association.this["eu-west-1b"]: Creating...[0m[0m
TestIdempotence 2025-08-19T14:55:40+02:00 command.go:185: [0m[1mmodule.subnet_sets["app2_vpc-app2_vm"].aws_route_table_association.this["eu-west-1a"]: Creating...[0m[0m
TestIdempotence 2025-08-19T14:55:40+02:00 command.go:185: [0m[1mmodule.subnet_sets["app1_vpc-app1_vm"].aws_route_table_association.this["eu-west-1a"]: Creating...[0m[0m
TestIdempotence 2025-08-19T14:55:40+02:00 command.go:185: [0m[1mmodule.subnet_sets["app1_vpc-app1_vm"].aws_route_table_association.this["eu-west-1b"]: Creation complete after 0s [id=rtbassoc-00088504e70632640][0m
TestIdempotence 2025-08-19T14:55:40+02:00 command.go:185: [0m[1mmodule.subnet_sets["security_vpc-mgmt"].aws_route_table_association.this["eu-west-1a"]: Creation complete after 0s [id=rtbassoc-0a90cdfe139222368][0m
TestIdempotence 2025-08-19T14:55:40+02:00 command.go:185: [0m[1mmodule.subnet_sets["security_vpc-alb"].aws_route_table_association.this["eu-west-1a"]: Creation complete after 0s [id=rtbassoc-0f495ccc1c91cffba][0m
TestIdempotence 2025-08-19T14:55:40+02:00 command.go:185: [0m[1mmodule.subnet_sets["security_vpc-tgw_attach"].aws_route_table_association.this["eu-west-1a"]: Creating...[0m[0m
TestIdempotence 2025-08-19T14:55:40+02:00 command.go:185: [0m[1mmodule.subnet_sets["security_vpc-gwlbe_eastwest"].aws_route_table_association.this["eu-west-1a"]: Creating...[0m[0m
TestIdempotence 2025-08-19T14:55:40+02:00 command.go:185: [0m[1mmodule.subnet_sets["security_vpc-gwlbe_eastwest"].aws_route_table_association.this["eu-west-1b"]: Creating...[0m[0m
TestIdempotence 2025-08-19T14:55:40+02:00 command.go:185: [0m[1mmodule.subnet_sets["app2_vpc-app2_lb"].aws_route_table_association.this["eu-west-1a"]: Creation complete after 0s [id=rtbassoc-0cb85569f60fd628c][0m
TestIdempotence 2025-08-19T14:55:40+02:00 command.go:185: [0m[1mmodule.subnet_sets["security_vpc-private"].aws_route_table_association.this["eu-west-1b"]: Creating...[0m[0m
TestIdempotence 2025-08-19T14:55:40+02:00 command.go:185: [0m[1mmodule.subnet_sets["security_vpc-public"].aws_route_table_association.this["eu-west-1b"]: Creation complete after 0s [id=rtbassoc-07924f8c4a59978e2][0m
TestIdempotence 2025-08-19T14:55:40+02:00 command.go:185: [0m[1mmodule.subnet_sets["security_vpc-tgw_attach"].aws_route_table_association.this["eu-west-1b"]: Creating...[0m[0m
TestIdempotence 2025-08-19T14:55:40+02:00 command.go:185: [0m[1mmodule.subnet_sets["app1_vpc-app1_vm"].aws_route_table_association.this["eu-west-1a"]: Creation complete after 0s [id=rtbassoc-0958a4ce44f32287d][0m
TestIdempotence 2025-08-19T14:55:40+02:00 command.go:185: [0m[1mmodule.subnet_sets["app1_vpc-app1_lb"].aws_route_table_association.this["eu-west-1b"]: Creation complete after 0s [id=rtbassoc-0ccaab456a4eadfe2][0m
TestIdempotence 2025-08-19T14:55:40+02:00 command.go:185: [0m[1mmodule.subnet_sets["app2_vpc-app2_vm"].aws_route_table_association.this["eu-west-1a"]: Creation complete after 0s [id=rtbassoc-0962b48c342b9c7b5][0m
TestIdempotence 2025-08-19T14:55:40+02:00 command.go:185: [0m[1mmodule.subnet_sets["security_vpc-mgmt"].aws_route_table_association.this["eu-west-1b"]: Creation complete after 0s [id=rtbassoc-039b90c571292b10e][0m
TestIdempotence 2025-08-19T14:55:40+02:00 command.go:185: [0m[1mmodule.subnet_sets["security_vpc-tgw_attach"].aws_route_table_association.this["eu-west-1a"]: Creation complete after 1s [id=rtbassoc-08051ed799b9dbf4b][0m
TestIdempotence 2025-08-19T14:55:40+02:00 command.go:185: [0m[1mmodule.subnet_sets["security_vpc-gwlbe_eastwest"].aws_route_table_association.this["eu-west-1b"]: Creation complete after 1s [id=rtbassoc-08f799ceba0ab9313][0m
TestIdempotence 2025-08-19T14:55:40+02:00 command.go:185: [0m[1mmodule.subnet_sets["security_vpc-gwlbe_eastwest"].aws_route_table_association.this["eu-west-1a"]: Creation complete after 1s [id=rtbassoc-022dacb61386e442b][0m
TestIdempotence 2025-08-19T14:55:40+02:00 command.go:185: [0m[1mmodule.subnet_sets["security_vpc-private"].aws_route_table_association.this["eu-west-1b"]: Creation complete after 1s [id=rtbassoc-02507985e2f86fb82][0m
TestIdempotence 2025-08-19T14:55:40+02:00 command.go:185: [0m[1mmodule.subnet_sets["security_vpc-tgw_attach"].aws_route_table_association.this["eu-west-1b"]: Creation complete after 1s [id=rtbassoc-0132568f835eced40][0m
TestIdempotence 2025-08-19T14:55:40+02:00 command.go:185: [0m[1maws_instance.spoke_vms["app2_vm01"]: Creating...[0m[0m
TestIdempotence 2025-08-19T14:55:40+02:00 command.go:185: [0m[1mmodule.app_alb["app1-alb"].aws_lb.this: Creating...[0m[0m
TestIdempotence 2025-08-19T14:55:40+02:00 command.go:185: [0m[1mmodule.gwlb["security_gwlb"].aws_lb_target_group.this: Creating...[0m[0m
TestIdempotence 2025-08-19T14:55:40+02:00 command.go:185: [0m[1mmodule.app_alb["app2-alb"].aws_lb.this: Creating...[0m[0m
TestIdempotence 2025-08-19T14:55:40+02:00 command.go:185: [0m[1mmodule.vmseries["vmseries-01"].aws_network_interface.this["mgmt"]: Creating...[0m[0m
TestIdempotence 2025-08-19T14:55:40+02:00 command.go:185: [0m[1maws_instance.spoke_vms["app1_vm02"]: Creating...[0m[0m
TestIdempotence 2025-08-19T14:55:40+02:00 command.go:185: [0m[1mmodule.gwlb["security_gwlb"].aws_lb.this: Creating...[0m[0m
TestIdempotence 2025-08-19T14:55:40+02:00 command.go:185: [0m[1maws_instance.spoke_vms["app2_vm02"]: Creating...[0m[0m
TestIdempotence 2025-08-19T14:55:40+02:00 command.go:185: [0m[1maws_instance.spoke_vms["app1_vm01"]: Creating...[0m[0m
TestIdempotence 2025-08-19T14:55:41+02:00 command.go:185: [0m[1mmodule.vmseries["vmseries-01"].aws_network_interface.this["mgmt"]: Creation complete after 1s [id=eni-0c4b59f752750ac67][0m
TestIdempotence 2025-08-19T14:55:41+02:00 command.go:185: [0m[1mmodule.vmseries["vmseries-02"].aws_network_interface.this["public"]: Creating...[0m[0m
TestIdempotence 2025-08-19T14:55:42+02:00 command.go:185: [0m[1mmodule.gwlb["security_gwlb"].aws_lb_target_group.this: Creation complete after 1s [id=arn:aws:elasticloadbalancing:eu-west-1:751512424814:targetgroup/tt-4ff3-security-gwlb/004bca3deb247989c4][0m
TestIdempotence 2025-08-19T14:55:42+02:00 command.go:185: [0m[1mmodule.vmseries["vmseries-01"].aws_network_interface.this["public"]: Creating...[0m[0m
TestIdempotence 2025-08-19T14:55:43+02:00 command.go:185: [0m[1mmodule.vmseries["vmseries-02"].aws_network_interface.this["public"]: Creation complete after 1s [id=eni-05673ac802da3bb71][0m
TestIdempotence 2025-08-19T14:55:43+02:00 command.go:185: [0m[1mmodule.vmseries["vmseries-01"].aws_network_interface.this["private"]: Creating...[0m[0m
TestIdempotence 2025-08-19T14:55:43+02:00 command.go:185: [0m[1mmodule.vmseries["vmseries-01"].aws_network_interface.this["public"]: Creation complete after 1s [id=eni-0f5c26e6edd3f0ff2][0m
TestIdempotence 2025-08-19T14:55:43+02:00 command.go:185: [0m[1mmodule.vmseries["vmseries-02"].aws_network_interface.this["private"]: Creating...[0m[0m
TestIdempotence 2025-08-19T14:55:44+02:00 command.go:185: [0m[1mmodule.vmseries["vmseries-01"].aws_network_interface.this["private"]: Creation complete after 1s [id=eni-01aad1ff2c406201b][0m
TestIdempotence 2025-08-19T14:55:44+02:00 command.go:185: [0m[1mmodule.vmseries["vmseries-02"].aws_network_interface.this["mgmt"]: Creating...[0m[0m
TestIdempotence 2025-08-19T14:55:44+02:00 command.go:185: [0m[1mmodule.vmseries["vmseries-02"].aws_network_interface.this["private"]: Creation complete after 2s [id=eni-0ac20b4f6d43cb2c2][0m
TestIdempotence 2025-08-19T14:55:44+02:00 command.go:185: [0m[1mmodule.public_alb["vmseries"].aws_lb.this: Creating...[0m[0m
TestIdempotence 2025-08-19T14:55:45+02:00 command.go:185: [0m[1mmodule.vmseries["vmseries-02"].aws_network_interface.this["mgmt"]: Creation complete after 1s [id=eni-0251eb0223c6ee328][0m
TestIdempotence 2025-08-19T14:55:45+02:00 command.go:185: [0m[1mmodule.app_nlb["app2-nlb"].aws_lb.this: Creating...[0m[0m
TestIdempotence 2025-08-19T14:55:46+02:00 command.go:185: [0m[1mmodule.transit_gateway["tgw"].aws_ec2_transit_gateway.this[0]: Still creating... [30s elapsed][0m[0m
TestIdempotence 2025-08-19T14:55:50+02:00 command.go:185: [0m[1mmodule.transit_gateway["tgw"].aws_ec2_transit_gateway.this[0]: Creation complete after 34s [id=tgw-0e875b68fe24d8e0d][0m
TestIdempotence 2025-08-19T14:55:50+02:00 command.go:185: [0m[1mmodule.public_nlb["vmseries"].aws_lb.this: Creating...[0m[0m
TestIdempotence 2025-08-19T14:55:50+02:00 command.go:185: [0m[1maws_instance.spoke_vms["app2_vm01"]: Still creating... [10s elapsed][0m[0m
TestIdempotence 2025-08-19T14:55:50+02:00 command.go:185: [0m[1mmodule.app_alb["app1-alb"].aws_lb.this: Still creating... [10s elapsed][0m[0m
TestIdempotence 2025-08-19T14:55:50+02:00 command.go:185: [0m[1mmodule.app_alb["app2-alb"].aws_lb.this: Still creating... [10s elapsed][0m[0m
TestIdempotence 2025-08-19T14:55:50+02:00 command.go:185: [0m[1maws_instance.spoke_vms["app1_vm02"]: Still creating... [10s elapsed][0m[0m
TestIdempotence 2025-08-19T14:55:50+02:00 command.go:185: [0m[1mmodule.gwlb["security_gwlb"].aws_lb.this: Still creating... [10s elapsed][0m[0m
TestIdempotence 2025-08-19T14:55:50+02:00 command.go:185: [0m[1maws_instance.spoke_vms["app2_vm02"]: Still creating... [10s elapsed][0m[0m
TestIdempotence 2025-08-19T14:55:50+02:00 command.go:185: [0m[1maws_instance.spoke_vms["app1_vm01"]: Still creating... [10s elapsed][0m[0m
TestIdempotence 2025-08-19T14:55:53+02:00 command.go:185: [0m[1maws_instance.spoke_vms["app2_vm02"]: Creation complete after 13s [id=i-0d90f67ab77713ced][0m
TestIdempotence 2025-08-19T14:55:53+02:00 command.go:185: [0m[1mmodule.app_nlb["app1-nlb"].aws_lb.this: Creating...[0m[0m
TestIdempotence 2025-08-19T14:55:54+02:00 command.go:185: [0m[1mmodule.public_alb["vmseries"].aws_lb.this: Still creating... [10s elapsed][0m[0m
TestIdempotence 2025-08-19T14:55:55+02:00 command.go:185: [0m[1mmodule.app_nlb["app2-nlb"].aws_lb.this: Still creating... [10s elapsed][0m[0m
